{
  "version": 4,
  "terraform_version": "1.3.7",
  "serial": 353,
  "lineage": "b0d0f867-e738-f8c1-bc6a-256bb43d1fab",
  "outputs": {},
  "resources": [
    {
      "module": "module.aft",
      "mode": "data",
      "type": "aws_partition",
      "name": "current",
      "provider": "provider[\"registry.terraform.io/hashicorp/aws\"]",
      "instances": [
        {
          "schema_version": 0,
          "attributes": {
            "dns_suffix": "amazonaws.com",
            "id": "aws",
            "partition": "aws",
            "reverse_dns_prefix": "com.amazonaws"
          },
          "sensitive_attributes": []
        }
      ]
    },
    {
      "module": "module.aft",
      "mode": "data",
      "type": "local_file",
      "name": "version",
      "provider": "provider[\"registry.terraform.io/hashicorp/local\"]",
      "instances": [
        {
          "schema_version": 0,
          "attributes": {
            "content": "1.8.0\n",
            "content_base64": "MS44LjAK",
            "filename": ".terraform/modules/aft/VERSION",
            "id": "7ae59bbb6827b8a95d0f661846b3b929ef692556"
          },
          "sensitive_attributes": []
        }
      ]
    },
    {
      "module": "module.aft.module.aft_account_provisioning_framework",
      "mode": "data",
      "type": "aws_caller_identity",
      "name": "aft_management",
      "provider": "module.aft.provider[\"registry.terraform.io/hashicorp/aws\"].aft_management",
      "instances": [
        {
          "schema_version": 0,
          "attributes": {
            "account_id": "804448413129",
            "arn": "arn:aws:sts::804448413129:assumed-role/AWSControlTowerExecution/AWSAFT-Session",
            "id": "804448413129",
            "user_id": "AROA3WTG4UXEQNNSDGUZT:AWSAFT-Session"
          },
          "sensitive_attributes": []
        }
      ]
    },
    {
      "module": "module.aft.module.aft_account_provisioning_framework",
      "mode": "data",
      "type": "aws_iam_policy",
      "name": "AWSLambdaBasicExecutionRole",
      "provider": "module.aft.provider[\"registry.terraform.io/hashicorp/aws\"].aft_management",
      "instances": [
        {
          "schema_version": 0,
          "attributes": {
            "arn": "arn:aws:iam::aws:policy/service-role/AWSLambdaBasicExecutionRole",
            "description": "Provides write permissions to CloudWatch Logs.",
            "id": "arn:aws:iam::aws:policy/service-role/AWSLambdaBasicExecutionRole",
            "name": "AWSLambdaBasicExecutionRole",
            "path": "/service-role/",
            "path_prefix": null,
            "policy": "{\n  \"Version\": \"2012-10-17\",\n  \"Statement\": [\n    {\n      \"Effect\": \"Allow\",\n      \"Action\": [\n        \"logs:CreateLogGroup\",\n        \"logs:CreateLogStream\",\n        \"logs:PutLogEvents\"\n      ],\n      \"Resource\": \"*\"\n    }\n  ]\n}",
            "policy_id": "ANPAJNCQGXC42545SKXIK",
            "tags": {}
          },
          "sensitive_attributes": []
        }
      ]
    },
    {
      "module": "module.aft.module.aft_account_provisioning_framework",
      "mode": "data",
      "type": "aws_iam_policy",
      "name": "AWSLambdaVPCAccessExecutionRole",
      "provider": "module.aft.provider[\"registry.terraform.io/hashicorp/aws\"].aft_management",
      "instances": [
        {
          "schema_version": 0,
          "attributes": {
            "arn": "arn:aws:iam::aws:policy/service-role/AWSLambdaVPCAccessExecutionRole",
            "description": "Provides minimum permissions for a Lambda function to execute while accessing a resource within a VPC - create, describe, delete network interfaces and write permissions to CloudWatch Logs. ",
            "id": "arn:aws:iam::aws:policy/service-role/AWSLambdaVPCAccessExecutionRole",
            "name": "AWSLambdaVPCAccessExecutionRole",
            "path": "/service-role/",
            "path_prefix": null,
            "policy": "{\n  \"Version\": \"2012-10-17\",\n  \"Statement\": [\n    {\n      \"Effect\": \"Allow\",\n      \"Action\": [\n        \"logs:CreateLogGroup\",\n        \"logs:CreateLogStream\",\n        \"logs:PutLogEvents\",\n        \"ec2:CreateNetworkInterface\",\n        \"ec2:DescribeNetworkInterfaces\",\n        \"ec2:DeleteNetworkInterface\",\n        \"ec2:AssignPrivateIpAddresses\",\n        \"ec2:UnassignPrivateIpAddresses\"\n      ],\n      \"Resource\": \"*\"\n    }\n  ]\n}",
            "policy_id": "ANPAJVTME3YLVNL72YR2K",
            "tags": {}
          },
          "sensitive_attributes": []
        }
      ]
    },
    {
      "module": "module.aft.module.aft_account_provisioning_framework",
      "mode": "data",
      "type": "aws_partition",
      "name": "current",
      "provider": "module.aft.provider[\"registry.terraform.io/hashicorp/aws\"].aft_management",
      "instances": [
        {
          "schema_version": 0,
          "attributes": {
            "dns_suffix": "amazonaws.com",
            "id": "aws",
            "partition": "aws",
            "reverse_dns_prefix": "com.amazonaws"
          },
          "sensitive_attributes": []
        }
      ]
    },
    {
      "module": "module.aft.module.aft_account_provisioning_framework",
      "mode": "data",
      "type": "aws_region",
      "name": "aft_management",
      "provider": "module.aft.provider[\"registry.terraform.io/hashicorp/aws\"].aft_management",
      "instances": [
        {
          "schema_version": 0,
          "attributes": {
            "description": "Europe (Ireland)",
            "endpoint": "ec2.eu-west-1.amazonaws.com",
            "id": "eu-west-1",
            "name": "eu-west-1"
          },
          "sensitive_attributes": []
        }
      ]
    },
    {
      "module": "module.aft.module.aft_account_provisioning_framework",
      "mode": "managed",
      "type": "aws_cloudwatch_log_group",
      "name": "account_metadata_ssm",
      "provider": "module.aft.provider[\"registry.terraform.io/hashicorp/aws\"].aft_management",
      "instances": [
        {
          "schema_version": 0,
          "attributes": {
            "arn": "arn:aws:logs:eu-west-1:804448413129:log-group:/aws/lambda/aft-account-provisioning-framework-account-metadata-ssm",
            "id": "/aws/lambda/aft-account-provisioning-framework-account-metadata-ssm",
            "kms_key_id": "",
            "name": "/aws/lambda/aft-account-provisioning-framework-account-metadata-ssm",
            "name_prefix": "",
            "retention_in_days": 0,
            "skip_destroy": false,
            "tags": null,
            "tags_all": {
              "managed_by": "AFT"
            }
          },
          "sensitive_attributes": [],
          "private": "bnVsbA==",
          "dependencies": [
            "module.aft.data.aws_partition.current",
            "module.aft.data.local_file.version",
            "module.aft.module.aft_account_provisioning_framework.aws_iam_role.aft_lambda_aft_account_provisioning_framework_persist_metadata",
            "module.aft.module.aft_account_provisioning_framework.aws_lambda_function.account_metadata_ssm",
            "module.aft.module.aft_account_request_framework.aws_kms_key.aft",
            "module.aft.module.aft_account_request_framework.aws_security_group.aft_vpc_default_sg",
            "module.aft.module.aft_account_request_framework.aws_subnet.aft_vpc_private_subnet_01",
            "module.aft.module.aft_account_request_framework.aws_subnet.aft_vpc_private_subnet_02",
            "module.aft.module.aft_account_request_framework.aws_vpc.aft_vpc",
            "module.aft.module.aft_account_request_framework.data.aws_availability_zones.available",
            "module.aft.module.aft_customizations.aws_s3_bucket.aft_codepipeline_customizations_bucket",
            "module.aft.module.aft_customizations.data.aws_caller_identity.current",
            "module.aft.module.aft_lambda_layer.aws_codebuild_project.codebuild",
            "module.aft.module.aft_lambda_layer.aws_iam_role.codebuild",
            "module.aft.module.aft_lambda_layer.aws_iam_role.codebuild_invoker_lambda_role",
            "module.aft.module.aft_lambda_layer.aws_lambda_function.codebuild_invoker",
            "module.aft.module.aft_lambda_layer.aws_lambda_layer_version.layer_version",
            "module.aft.module.aft_lambda_layer.data.aws_lambda_invocation.invoke_codebuild_job",
            "module.aft.module.aft_lambda_layer.data.aws_partition.current",
            "module.aft.module.aft_lambda_layer.data.local_file.aft_lambda_layer",
            "module.aft.module.aft_lambda_layer.random_string.resource_suffix",
            "module.aft.module.packaging.data.archive_file.builder",
            "module.aft.module.packaging.data.archive_file.provisioning_framework"
          ]
        }
      ]
    },
    {
      "module": "module.aft.module.aft_account_provisioning_framework",
      "mode": "managed",
      "type": "aws_cloudwatch_log_group",
      "name": "create_role",
      "provider": "module.aft.provider[\"registry.terraform.io/hashicorp/aws\"].aft_management",
      "instances": [
        {
          "schema_version": 0,
          "attributes": {
            "arn": "arn:aws:logs:eu-west-1:804448413129:log-group:/aws/lambda/aft-account-provisioning-framework-create-aft-execution-role",
            "id": "/aws/lambda/aft-account-provisioning-framework-create-aft-execution-role",
            "kms_key_id": "",
            "name": "/aws/lambda/aft-account-provisioning-framework-create-aft-execution-role",
            "name_prefix": "",
            "retention_in_days": 0,
            "skip_destroy": false,
            "tags": null,
            "tags_all": {
              "managed_by": "AFT"
            }
          },
          "sensitive_attributes": [],
          "private": "bnVsbA==",
          "dependencies": [
            "module.aft.data.aws_partition.current",
            "module.aft.data.local_file.version",
            "module.aft.module.aft_account_provisioning_framework.aws_iam_role.aft_lambda_aft_account_provisioning_framework_create_role",
            "module.aft.module.aft_account_provisioning_framework.aws_lambda_function.create_role",
            "module.aft.module.aft_account_request_framework.aws_kms_key.aft",
            "module.aft.module.aft_account_request_framework.aws_security_group.aft_vpc_default_sg",
            "module.aft.module.aft_account_request_framework.aws_subnet.aft_vpc_private_subnet_01",
            "module.aft.module.aft_account_request_framework.aws_subnet.aft_vpc_private_subnet_02",
            "module.aft.module.aft_account_request_framework.aws_vpc.aft_vpc",
            "module.aft.module.aft_account_request_framework.data.aws_availability_zones.available",
            "module.aft.module.aft_customizations.aws_s3_bucket.aft_codepipeline_customizations_bucket",
            "module.aft.module.aft_customizations.data.aws_caller_identity.current",
            "module.aft.module.aft_lambda_layer.aws_codebuild_project.codebuild",
            "module.aft.module.aft_lambda_layer.aws_iam_role.codebuild",
            "module.aft.module.aft_lambda_layer.aws_iam_role.codebuild_invoker_lambda_role",
            "module.aft.module.aft_lambda_layer.aws_lambda_function.codebuild_invoker",
            "module.aft.module.aft_lambda_layer.aws_lambda_layer_version.layer_version",
            "module.aft.module.aft_lambda_layer.data.aws_lambda_invocation.invoke_codebuild_job",
            "module.aft.module.aft_lambda_layer.data.aws_partition.current",
            "module.aft.module.aft_lambda_layer.data.local_file.aft_lambda_layer",
            "module.aft.module.aft_lambda_layer.random_string.resource_suffix",
            "module.aft.module.packaging.data.archive_file.builder",
            "module.aft.module.packaging.data.archive_file.provisioning_framework"
          ]
        }
      ]
    },
    {
      "module": "module.aft.module.aft_account_provisioning_framework",
      "mode": "managed",
      "type": "aws_cloudwatch_log_group",
      "name": "persist_metadata",
      "provider": "module.aft.provider[\"registry.terraform.io/hashicorp/aws\"].aft_management",
      "instances": [
        {
          "schema_version": 0,
          "attributes": {
            "arn": "arn:aws:logs:eu-west-1:804448413129:log-group:/aws/lambda/aft-account-provisioning-framework-persist-metadata",
            "id": "/aws/lambda/aft-account-provisioning-framework-persist-metadata",
            "kms_key_id": "",
            "name": "/aws/lambda/aft-account-provisioning-framework-persist-metadata",
            "name_prefix": "",
            "retention_in_days": 0,
            "skip_destroy": false,
            "tags": null,
            "tags_all": {
              "managed_by": "AFT"
            }
          },
          "sensitive_attributes": [],
          "private": "bnVsbA==",
          "dependencies": [
            "module.aft.data.aws_partition.current",
            "module.aft.data.local_file.version",
            "module.aft.module.aft_account_provisioning_framework.aws_iam_role.aft_lambda_aft_account_provisioning_framework_persist_metadata",
            "module.aft.module.aft_account_provisioning_framework.aws_lambda_function.persist_metadata",
            "module.aft.module.aft_account_request_framework.aws_kms_key.aft",
            "module.aft.module.aft_account_request_framework.aws_security_group.aft_vpc_default_sg",
            "module.aft.module.aft_account_request_framework.aws_subnet.aft_vpc_private_subnet_01",
            "module.aft.module.aft_account_request_framework.aws_subnet.aft_vpc_private_subnet_02",
            "module.aft.module.aft_account_request_framework.aws_vpc.aft_vpc",
            "module.aft.module.aft_account_request_framework.data.aws_availability_zones.available",
            "module.aft.module.aft_customizations.aws_s3_bucket.aft_codepipeline_customizations_bucket",
            "module.aft.module.aft_customizations.data.aws_caller_identity.current",
            "module.aft.module.aft_lambda_layer.aws_codebuild_project.codebuild",
            "module.aft.module.aft_lambda_layer.aws_iam_role.codebuild",
            "module.aft.module.aft_lambda_layer.aws_iam_role.codebuild_invoker_lambda_role",
            "module.aft.module.aft_lambda_layer.aws_lambda_function.codebuild_invoker",
            "module.aft.module.aft_lambda_layer.aws_lambda_layer_version.layer_version",
            "module.aft.module.aft_lambda_layer.data.aws_lambda_invocation.invoke_codebuild_job",
            "module.aft.module.aft_lambda_layer.data.aws_partition.current",
            "module.aft.module.aft_lambda_layer.data.local_file.aft_lambda_layer",
            "module.aft.module.aft_lambda_layer.random_string.resource_suffix",
            "module.aft.module.packaging.data.archive_file.builder",
            "module.aft.module.packaging.data.archive_file.provisioning_framework"
          ]
        }
      ]
    },
    {
      "module": "module.aft.module.aft_account_provisioning_framework",
      "mode": "managed",
      "type": "aws_cloudwatch_log_group",
      "name": "tag_account",
      "provider": "module.aft.provider[\"registry.terraform.io/hashicorp/aws\"].aft_management",
      "instances": [
        {
          "schema_version": 0,
          "attributes": {
            "arn": "arn:aws:logs:eu-west-1:804448413129:log-group:/aws/lambda/aft-account-provisioning-framework-tag-account",
            "id": "/aws/lambda/aft-account-provisioning-framework-tag-account",
            "kms_key_id": "",
            "name": "/aws/lambda/aft-account-provisioning-framework-tag-account",
            "name_prefix": "",
            "retention_in_days": 0,
            "skip_destroy": false,
            "tags": null,
            "tags_all": {
              "managed_by": "AFT"
            }
          },
          "sensitive_attributes": [],
          "private": "bnVsbA==",
          "dependencies": [
            "module.aft.data.aws_partition.current",
            "module.aft.data.local_file.version",
            "module.aft.module.aft_account_provisioning_framework.aws_iam_role.aft_lambda_aft_account_provisioning_framework_tag_account",
            "module.aft.module.aft_account_provisioning_framework.aws_lambda_function.tag_account",
            "module.aft.module.aft_account_request_framework.aws_kms_key.aft",
            "module.aft.module.aft_account_request_framework.aws_security_group.aft_vpc_default_sg",
            "module.aft.module.aft_account_request_framework.aws_subnet.aft_vpc_private_subnet_01",
            "module.aft.module.aft_account_request_framework.aws_subnet.aft_vpc_private_subnet_02",
            "module.aft.module.aft_account_request_framework.aws_vpc.aft_vpc",
            "module.aft.module.aft_account_request_framework.data.aws_availability_zones.available",
            "module.aft.module.aft_customizations.aws_s3_bucket.aft_codepipeline_customizations_bucket",
            "module.aft.module.aft_customizations.data.aws_caller_identity.current",
            "module.aft.module.aft_lambda_layer.aws_codebuild_project.codebuild",
            "module.aft.module.aft_lambda_layer.aws_iam_role.codebuild",
            "module.aft.module.aft_lambda_layer.aws_iam_role.codebuild_invoker_lambda_role",
            "module.aft.module.aft_lambda_layer.aws_lambda_function.codebuild_invoker",
            "module.aft.module.aft_lambda_layer.aws_lambda_layer_version.layer_version",
            "module.aft.module.aft_lambda_layer.data.aws_lambda_invocation.invoke_codebuild_job",
            "module.aft.module.aft_lambda_layer.data.aws_partition.current",
            "module.aft.module.aft_lambda_layer.data.local_file.aft_lambda_layer",
            "module.aft.module.aft_lambda_layer.random_string.resource_suffix",
            "module.aft.module.packaging.data.archive_file.builder",
            "module.aft.module.packaging.data.archive_file.provisioning_framework"
          ]
        }
      ]
    },
    {
      "module": "module.aft.module.aft_account_provisioning_framework",
      "mode": "managed",
      "type": "aws_iam_role",
      "name": "aft_lambda_aft_account_provisioning_framework_create_role",
      "provider": "module.aft.provider[\"registry.terraform.io/hashicorp/aws\"].aft_management",
      "instances": [
        {
          "schema_version": 0,
          "attributes": {
            "arn": "arn:aws:iam::804448413129:role/aft-account-provisioning-framework-lambda-create-role-role",
            "assume_role_policy": "{\"Statement\":[{\"Action\":\"sts:AssumeRole\",\"Effect\":\"Allow\",\"Principal\":{\"Service\":\"lambda.amazonaws.com\"}}],\"Version\":\"2012-10-17\"}",
            "create_date": "2023-02-27T18:47:29Z",
            "description": "",
            "force_detach_policies": false,
            "id": "aft-account-provisioning-framework-lambda-create-role-role",
            "inline_policy": [],
            "managed_policy_arns": [],
            "max_session_duration": 3600,
            "name": "aft-account-provisioning-framework-lambda-create-role-role",
            "name_prefix": "",
            "path": "/",
            "permissions_boundary": null,
            "tags": null,
            "tags_all": {
              "managed_by": "AFT"
            },
            "unique_id": "AROA3WTG4UXESRX5TT3UF"
          },
          "sensitive_attributes": [],
          "private": "bnVsbA==",
          "dependencies": [
            "module.aft.data.aws_partition.current"
          ]
        }
      ]
    },
    {
      "module": "module.aft.module.aft_account_provisioning_framework",
      "mode": "managed",
      "type": "aws_iam_role",
      "name": "aft_lambda_aft_account_provisioning_framework_persist_metadata",
      "provider": "module.aft.provider[\"registry.terraform.io/hashicorp/aws\"].aft_management",
      "instances": [
        {
          "schema_version": 0,
          "attributes": {
            "arn": "arn:aws:iam::804448413129:role/aft-account-provisioning-framework-lambda-persist-metadata-role",
            "assume_role_policy": "{\"Statement\":[{\"Action\":\"sts:AssumeRole\",\"Effect\":\"Allow\",\"Principal\":{\"Service\":\"lambda.amazonaws.com\"}}],\"Version\":\"2012-10-17\"}",
            "create_date": "2023-02-27T18:47:22Z",
            "description": "",
            "force_detach_policies": false,
            "id": "aft-account-provisioning-framework-lambda-persist-metadata-role",
            "inline_policy": [],
            "managed_policy_arns": [],
            "max_session_duration": 3600,
            "name": "aft-account-provisioning-framework-lambda-persist-metadata-role",
            "name_prefix": "",
            "path": "/",
            "permissions_boundary": null,
            "tags": null,
            "tags_all": {
              "managed_by": "AFT"
            },
            "unique_id": "AROA3WTG4UXEVWXW5CK6K"
          },
          "sensitive_attributes": [],
          "private": "bnVsbA==",
          "dependencies": [
            "module.aft.data.aws_partition.current"
          ]
        }
      ]
    },
    {
      "module": "module.aft.module.aft_account_provisioning_framework",
      "mode": "managed",
      "type": "aws_iam_role",
      "name": "aft_lambda_aft_account_provisioning_framework_tag_account",
      "provider": "module.aft.provider[\"registry.terraform.io/hashicorp/aws\"].aft_management",
      "instances": [
        {
          "schema_version": 0,
          "attributes": {
            "arn": "arn:aws:iam::804448413129:role/aft-account-provisioning-framework-lambda-tag-account-role",
            "assume_role_policy": "{\"Statement\":[{\"Action\":\"sts:AssumeRole\",\"Effect\":\"Allow\",\"Principal\":{\"Service\":\"lambda.amazonaws.com\"}}],\"Version\":\"2012-10-17\"}",
            "create_date": "2023-02-27T18:47:32Z",
            "description": "",
            "force_detach_policies": false,
            "id": "aft-account-provisioning-framework-lambda-tag-account-role",
            "inline_policy": [],
            "managed_policy_arns": [],
            "max_session_duration": 3600,
            "name": "aft-account-provisioning-framework-lambda-tag-account-role",
            "name_prefix": "",
            "path": "/",
            "permissions_boundary": null,
            "tags": null,
            "tags_all": {
              "managed_by": "AFT"
            },
            "unique_id": "AROA3WTG4UXE737Q25NWS"
          },
          "sensitive_attributes": [],
          "private": "bnVsbA==",
          "dependencies": [
            "module.aft.data.aws_partition.current"
          ]
        }
      ]
    },
    {
      "module": "module.aft.module.aft_account_provisioning_framework",
      "mode": "managed",
      "type": "aws_iam_role",
      "name": "aft_states",
      "provider": "module.aft.provider[\"registry.terraform.io/hashicorp/aws\"].aft_management",
      "instances": [
        {
          "schema_version": 0,
          "attributes": {
            "arn": "arn:aws:iam::804448413129:role/aft-states-execution-role",
            "assume_role_policy": "{\"Statement\":[{\"Action\":\"sts:AssumeRole\",\"Effect\":\"Allow\",\"Principal\":{\"Service\":\"states.amazonaws.com\"}}],\"Version\":\"2012-10-17\"}",
            "create_date": "2023-02-27T18:47:30Z",
            "description": "",
            "force_detach_policies": false,
            "id": "aft-states-execution-role",
            "inline_policy": [],
            "managed_policy_arns": [],
            "max_session_duration": 3600,
            "name": "aft-states-execution-role",
            "name_prefix": "",
            "path": "/",
            "permissions_boundary": null,
            "tags": null,
            "tags_all": {
              "managed_by": "AFT"
            },
            "unique_id": "AROA3WTG4UXE335YQYIRW"
          },
          "sensitive_attributes": [],
          "private": "bnVsbA==",
          "dependencies": [
            "module.aft.data.aws_partition.current"
          ]
        }
      ]
    },
    {
      "module": "module.aft.module.aft_account_provisioning_framework",
      "mode": "managed",
      "type": "aws_iam_role_policy",
      "name": "aft_invoke_aft_account_provisioning_framework_create_role",
      "provider": "module.aft.provider[\"registry.terraform.io/hashicorp/aws\"].aft_management",
      "instances": [
        {
          "schema_version": 0,
          "attributes": {
            "id": "aft-account-provisioning-framework-lambda-create-role-role:aft-lambda-invoke-aft_account_provisioning_framework-create-role-policy",
            "name": "aft-lambda-invoke-aft_account_provisioning_framework-create-role-policy",
            "name_prefix": null,
            "policy": "{\"Version\":\"2012-10-17\",\"Statement\":[{\"Action\":[\"dynamodb:BatchGetItem\",\"dynamodb:BatchWriteItem\",\"dynamodb:DeleteItem\",\"dynamodb:GetItem\",\"dynamodb:PutItem\",\"dynamodb:Query\",\"dynamodb:Scan\"],\"Effect\":\"Allow\",\"Resource\":[\"arn:aws:dynamodb:eu-west-1:804448413129:table/aft*\"]},{\"Action\":\"ssm:GetParameter\",\"Effect\":\"Allow\",\"Resource\":[\"arn:aws:ssm:eu-west-1:804448413129:parameter/aft/*\"]},{\"Action\":[\"sts:AssumeRole\"],\"Effect\":\"Allow\",\"Resource\":[\"arn:aws:iam::804448413129:role/AWSAFTAdmin\"]},{\"Action\":\"sts:GetCallerIdentity\",\"Effect\":\"Allow\",\"Resource\":\"*\"},{\"Action\":[\"sns:Publish\"],\"Effect\":\"Allow\",\"Resource\":[\"arn:aws:sns:eu-west-1:804448413129:aft-notifications\",\"arn:aws:sns:eu-west-1:804448413129:aft-failure-notifications\"]},{\"Action\":[\"kms:GenerateDataKey\",\"kms:Encrypt\",\"kms:Decrypt\"],\"Effect\":\"Allow\",\"Resource\":[\"arn:aws:kms:eu-west-1:804448413129:key/207fe238-7aba-4608-9ba2-1da2f28b1578\",\"arn:aws:kms:eu-west-1:804448413129:alias/aws/sns\"]}]}",
            "role": "aft-account-provisioning-framework-lambda-create-role-role"
          },
          "sensitive_attributes": [],
          "private": "bnVsbA==",
          "dependencies": [
            "module.aft.data.aws_partition.current",
            "module.aft.module.aft_account_provisioning_framework.aws_iam_role.aft_lambda_aft_account_provisioning_framework_create_role",
            "module.aft.module.aft_account_provisioning_framework.data.aws_caller_identity.aft_management",
            "module.aft.module.aft_account_provisioning_framework.data.aws_partition.current",
            "module.aft.module.aft_account_provisioning_framework.data.aws_region.aft_management",
            "module.aft.module.aft_account_request_framework.aws_kms_key.aft",
            "module.aft.module.aft_account_request_framework.aws_sns_topic.aft_failure_notifications",
            "module.aft.module.aft_account_request_framework.aws_sns_topic.aft_notifications"
          ]
        }
      ]
    },
    {
      "module": "module.aft.module.aft_account_provisioning_framework",
      "mode": "managed",
      "type": "aws_iam_role_policy",
      "name": "aft_invoke_aft_account_provisioning_framework_persist_metadata",
      "provider": "module.aft.provider[\"registry.terraform.io/hashicorp/aws\"].aft_management",
      "instances": [
        {
          "schema_version": 0,
          "attributes": {
            "id": "aft-account-provisioning-framework-lambda-persist-metadata-role:aft-lambda-invoke-aft-account-provisioning-framework-persist-metadata-policy",
            "name": "aft-lambda-invoke-aft-account-provisioning-framework-persist-metadata-policy",
            "name_prefix": null,
            "policy": "{\"Version\":\"2012-10-17\",\"Statement\":[{\"Action\":[\"dynamodb:BatchGetItem\",\"dynamodb:BatchWriteItem\",\"dynamodb:DeleteItem\",\"dynamodb:GetItem\",\"dynamodb:PutItem\",\"dynamodb:Query\",\"dynamodb:Scan\"],\"Effect\":\"Allow\",\"Resource\":[\"arn:aws:dynamodb:eu-west-1:804448413129:table/aft*\"]},{\"Action\":\"ssm:GetParameter\",\"Effect\":\"Allow\",\"Resource\":[\"arn:aws:ssm:eu-west-1:804448413129:parameter/aft/*\"]},{\"Action\":[\"sts:AssumeRole\"],\"Effect\":\"Allow\",\"Resource\":[\"arn:aws:iam::804448413129:role/AWSAFTAdmin\"]},{\"Action\":\"sts:GetCallerIdentity\",\"Effect\":\"Allow\",\"Resource\":\"*\"},{\"Action\":[\"sns:Publish\"],\"Effect\":\"Allow\",\"Resource\":[\"arn:aws:sns:eu-west-1:804448413129:aft-notifications\",\"arn:aws:sns:eu-west-1:804448413129:aft-failure-notifications\"]},{\"Action\":[\"kms:GenerateDataKey\",\"kms:Encrypt\",\"kms:Decrypt\"],\"Effect\":\"Allow\",\"Resource\":[\"arn:aws:kms:eu-west-1:804448413129:key/207fe238-7aba-4608-9ba2-1da2f28b1578\",\"arn:aws:kms:eu-west-1:804448413129:alias/aws/sns\"]}]}",
            "role": "aft-account-provisioning-framework-lambda-persist-metadata-role"
          },
          "sensitive_attributes": [],
          "private": "bnVsbA==",
          "dependencies": [
            "module.aft.data.aws_partition.current",
            "module.aft.module.aft_account_provisioning_framework.aws_iam_role.aft_lambda_aft_account_provisioning_framework_persist_metadata",
            "module.aft.module.aft_account_provisioning_framework.data.aws_caller_identity.aft_management",
            "module.aft.module.aft_account_provisioning_framework.data.aws_partition.current",
            "module.aft.module.aft_account_provisioning_framework.data.aws_region.aft_management",
            "module.aft.module.aft_account_request_framework.aws_kms_key.aft",
            "module.aft.module.aft_account_request_framework.aws_sns_topic.aft_failure_notifications",
            "module.aft.module.aft_account_request_framework.aws_sns_topic.aft_notifications"
          ]
        }
      ]
    },
    {
      "module": "module.aft.module.aft_account_provisioning_framework",
      "mode": "managed",
      "type": "aws_iam_role_policy",
      "name": "aft_invoke_aft_account_provisioning_framework_tag_account",
      "provider": "module.aft.provider[\"registry.terraform.io/hashicorp/aws\"].aft_management",
      "instances": [
        {
          "schema_version": 0,
          "attributes": {
            "id": "aft-account-provisioning-framework-lambda-tag-account-role:aft-lambda-invoke-aft-account-provisioning-framework-tag-account-policy",
            "name": "aft-lambda-invoke-aft-account-provisioning-framework-tag-account-policy",
            "name_prefix": null,
            "policy": "{\"Version\":\"2012-10-17\",\"Statement\":[{\"Action\":[\"dynamodb:BatchGetItem\",\"dynamodb:BatchWriteItem\",\"dynamodb:DeleteItem\",\"dynamodb:GetItem\",\"dynamodb:PutItem\",\"dynamodb:Query\",\"dynamodb:Scan\"],\"Effect\":\"Allow\",\"Resource\":[\"arn:aws:dynamodb:eu-west-1:804448413129:table/aft*\"]},{\"Action\":\"ssm:GetParameter\",\"Effect\":\"Allow\",\"Resource\":[\"arn:aws:ssm:eu-west-1:804448413129:parameter/aft/*\"]},{\"Action\":[\"sts:AssumeRole\"],\"Effect\":\"Allow\",\"Resource\":[\"arn:aws:iam::804448413129:role/AWSAFTAdmin\"]},{\"Action\":\"sts:GetCallerIdentity\",\"Effect\":\"Allow\",\"Resource\":\"*\"},{\"Action\":[\"sns:Publish\"],\"Effect\":\"Allow\",\"Resource\":[\"arn:aws:sns:eu-west-1:804448413129:aft-notifications\",\"arn:aws:sns:eu-west-1:804448413129:aft-failure-notifications\"]},{\"Action\":[\"kms:GenerateDataKey\",\"kms:Encrypt\",\"kms:Decrypt\"],\"Effect\":\"Allow\",\"Resource\":[\"arn:aws:kms:eu-west-1:804448413129:key/207fe238-7aba-4608-9ba2-1da2f28b1578\",\"arn:aws:kms:eu-west-1:804448413129:alias/aws/sns\"]}]}",
            "role": "aft-account-provisioning-framework-lambda-tag-account-role"
          },
          "sensitive_attributes": [],
          "private": "bnVsbA==",
          "dependencies": [
            "module.aft.data.aws_partition.current",
            "module.aft.module.aft_account_provisioning_framework.aws_iam_role.aft_lambda_aft_account_provisioning_framework_tag_account",
            "module.aft.module.aft_account_provisioning_framework.data.aws_caller_identity.aft_management",
            "module.aft.module.aft_account_provisioning_framework.data.aws_partition.current",
            "module.aft.module.aft_account_provisioning_framework.data.aws_region.aft_management",
            "module.aft.module.aft_account_request_framework.aws_kms_key.aft",
            "module.aft.module.aft_account_request_framework.aws_sns_topic.aft_failure_notifications",
            "module.aft.module.aft_account_request_framework.aws_sns_topic.aft_notifications"
          ]
        }
      ]
    },
    {
      "module": "module.aft.module.aft_account_provisioning_framework",
      "mode": "managed",
      "type": "aws_iam_role_policy",
      "name": "aft_states",
      "provider": "module.aft.provider[\"registry.terraform.io/hashicorp/aws\"].aft_management",
      "instances": [
        {
          "schema_version": 0,
          "attributes": {
            "id": "aft-states-execution-role:aft-account-provisioning-framework-states-policy",
            "name": "aft-account-provisioning-framework-states-policy",
            "name_prefix": null,
            "policy": "{\"Version\":\"2012-10-17\",\"Statement\":[{\"Action\":[\"events:*\"],\"Effect\":\"Allow\",\"Resource\":\"*\"},{\"Action\":\"states:StartExecution\",\"Effect\":\"Allow\",\"Resource\":\"arn:aws:states:eu-west-1:804448413129:stateMachine:aft-*\"},{\"Action\":[\"lambda:InvokeFunction\"],\"Effect\":\"Allow\",\"Resource\":[\"arn:aws:lambda:eu-west-1:804448413129:function:aft-*\"]},{\"Action\":[\"sns:Publish\"],\"Effect\":\"Allow\",\"Resource\":[\"arn:aws:sns:eu-west-1:804448413129:aft-*\"]},{\"Action\":[\"codebuild:StartBuild\",\"codebuild:StopBuild\",\"codebuild:BatchGetBuilds\"],\"Effect\":\"Allow\",\"Resource\":[\"arn:aws:codebuild:eu-west-1:804448413129:project/aft-*\"]},{\"Action\":[\"events:PutTargets\",\"events:PutRule\",\"events:DescribeRule\"],\"Effect\":\"Allow\",\"Resource\":[\"arn:aws:events:eu-west-1:804448413129:rule/StepFunctionsGetEventForCodeBuildStartBuildRule\"]},{\"Action\":[\"states:DescribeExecution\"],\"Effect\":\"Allow\",\"Resource\":[\"arn:aws:states:eu-west-1:804448413129:execution:aft-*\"]}]}",
            "role": "aft-states-execution-role"
          },
          "sensitive_attributes": [],
          "private": "bnVsbA==",
          "dependencies": [
            "module.aft.data.aws_partition.current",
            "module.aft.module.aft_account_provisioning_framework.aws_iam_role.aft_states",
            "module.aft.module.aft_account_provisioning_framework.data.aws_caller_identity.aft_management",
            "module.aft.module.aft_account_provisioning_framework.data.aws_partition.current",
            "module.aft.module.aft_account_provisioning_framework.data.aws_region.aft_management"
          ]
        }
      ]
    },
    {
      "module": "module.aft.module.aft_account_provisioning_framework",
      "mode": "managed",
      "type": "aws_iam_role_policy_attachment",
      "name": "aft_account_provisioning_framework_create_role",
      "provider": "module.aft.provider[\"registry.terraform.io/hashicorp/aws\"].aft_management",
      "instances": [
        {
          "index_key": 0,
          "schema_version": 0,
          "attributes": {
            "id": "aft-account-provisioning-framework-lambda-create-role-role-20230227184751460600000009",
            "policy_arn": "arn:aws:iam::aws:policy/service-role/AWSLambdaBasicExecutionRole",
            "role": "aft-account-provisioning-framework-lambda-create-role-role"
          },
          "sensitive_attributes": [],
          "private": "bnVsbA==",
          "dependencies": [
            "module.aft.data.aws_partition.current",
            "module.aft.module.aft_account_provisioning_framework.aws_iam_role.aft_lambda_aft_account_provisioning_framework_create_role",
            "module.aft.module.aft_account_provisioning_framework.data.aws_iam_policy.AWSLambdaBasicExecutionRole",
            "module.aft.module.aft_account_provisioning_framework.data.aws_iam_policy.AWSLambdaVPCAccessExecutionRole"
          ]
        },
        {
          "index_key": 1,
          "schema_version": 0,
          "attributes": {
            "id": "aft-account-provisioning-framework-lambda-create-role-role-2023022718475207660000000a",
            "policy_arn": "arn:aws:iam::aws:policy/service-role/AWSLambdaVPCAccessExecutionRole",
            "role": "aft-account-provisioning-framework-lambda-create-role-role"
          },
          "sensitive_attributes": [],
          "private": "bnVsbA==",
          "dependencies": [
            "module.aft.data.aws_partition.current",
            "module.aft.module.aft_account_provisioning_framework.aws_iam_role.aft_lambda_aft_account_provisioning_framework_create_role",
            "module.aft.module.aft_account_provisioning_framework.data.aws_iam_policy.AWSLambdaBasicExecutionRole",
            "module.aft.module.aft_account_provisioning_framework.data.aws_iam_policy.AWSLambdaVPCAccessExecutionRole"
          ]
        }
      ]
    },
    {
      "module": "module.aft.module.aft_account_provisioning_framework",
      "mode": "managed",
      "type": "aws_iam_role_policy_attachment",
      "name": "aft_account_provisioning_framework_persist_metadata",
      "provider": "module.aft.provider[\"registry.terraform.io/hashicorp/aws\"].aft_management",
      "instances": [
        {
          "index_key": 0,
          "schema_version": 0,
          "attributes": {
            "id": "aft-account-provisioning-framework-lambda-persist-metadata-role-2023022718475212750000000b",
            "policy_arn": "arn:aws:iam::aws:policy/service-role/AWSLambdaBasicExecutionRole",
            "role": "aft-account-provisioning-framework-lambda-persist-metadata-role"
          },
          "sensitive_attributes": [],
          "private": "bnVsbA==",
          "dependencies": [
            "module.aft.data.aws_partition.current",
            "module.aft.module.aft_account_provisioning_framework.aws_iam_role.aft_lambda_aft_account_provisioning_framework_persist_metadata",
            "module.aft.module.aft_account_provisioning_framework.data.aws_iam_policy.AWSLambdaBasicExecutionRole",
            "module.aft.module.aft_account_provisioning_framework.data.aws_iam_policy.AWSLambdaVPCAccessExecutionRole"
          ]
        },
        {
          "index_key": 1,
          "schema_version": 0,
          "attributes": {
            "id": "aft-account-provisioning-framework-lambda-persist-metadata-role-2023022718475228880000000c",
            "policy_arn": "arn:aws:iam::aws:policy/service-role/AWSLambdaVPCAccessExecutionRole",
            "role": "aft-account-provisioning-framework-lambda-persist-metadata-role"
          },
          "sensitive_attributes": [],
          "private": "bnVsbA==",
          "dependencies": [
            "module.aft.data.aws_partition.current",
            "module.aft.module.aft_account_provisioning_framework.aws_iam_role.aft_lambda_aft_account_provisioning_framework_persist_metadata",
            "module.aft.module.aft_account_provisioning_framework.data.aws_iam_policy.AWSLambdaBasicExecutionRole",
            "module.aft.module.aft_account_provisioning_framework.data.aws_iam_policy.AWSLambdaVPCAccessExecutionRole"
          ]
        }
      ]
    },
    {
      "module": "module.aft.module.aft_account_provisioning_framework",
      "mode": "managed",
      "type": "aws_iam_role_policy_attachment",
      "name": "aft_account_provisioning_framework_tag_account",
      "provider": "module.aft.provider[\"registry.terraform.io/hashicorp/aws\"].aft_management",
      "instances": [
        {
          "index_key": 0,
          "schema_version": 0,
          "attributes": {
            "id": "aft-account-provisioning-framework-lambda-tag-account-role-2023022718475293910000000e",
            "policy_arn": "arn:aws:iam::aws:policy/service-role/AWSLambdaBasicExecutionRole",
            "role": "aft-account-provisioning-framework-lambda-tag-account-role"
          },
          "sensitive_attributes": [],
          "private": "bnVsbA==",
          "dependencies": [
            "module.aft.data.aws_partition.current",
            "module.aft.module.aft_account_provisioning_framework.aws_iam_role.aft_lambda_aft_account_provisioning_framework_tag_account",
            "module.aft.module.aft_account_provisioning_framework.data.aws_iam_policy.AWSLambdaBasicExecutionRole",
            "module.aft.module.aft_account_provisioning_framework.data.aws_iam_policy.AWSLambdaVPCAccessExecutionRole"
          ]
        },
        {
          "index_key": 1,
          "schema_version": 0,
          "attributes": {
            "id": "aft-account-provisioning-framework-lambda-tag-account-role-2023022718475271860000000d",
            "policy_arn": "arn:aws:iam::aws:policy/service-role/AWSLambdaVPCAccessExecutionRole",
            "role": "aft-account-provisioning-framework-lambda-tag-account-role"
          },
          "sensitive_attributes": [],
          "private": "bnVsbA==",
          "dependencies": [
            "module.aft.data.aws_partition.current",
            "module.aft.module.aft_account_provisioning_framework.aws_iam_role.aft_lambda_aft_account_provisioning_framework_tag_account",
            "module.aft.module.aft_account_provisioning_framework.data.aws_iam_policy.AWSLambdaBasicExecutionRole",
            "module.aft.module.aft_account_provisioning_framework.data.aws_iam_policy.AWSLambdaVPCAccessExecutionRole"
          ]
        }
      ]
    },
    {
      "module": "module.aft.module.aft_account_provisioning_framework",
      "mode": "managed",
      "type": "aws_lambda_function",
      "name": "account_metadata_ssm",
      "provider": "module.aft.provider[\"registry.terraform.io/hashicorp/aws\"].aft_management",
      "instances": [
        {
          "schema_version": 0,
          "attributes": {
            "architectures": [
              "x86_64"
            ],
            "arn": "arn:aws:lambda:eu-west-1:804448413129:function:aft-account-provisioning-framework-account-metadata-ssm",
            "code_signing_config_arn": "",
            "dead_letter_config": [],
            "description": "AFT account provisioning framework - account_metadata_ssm",
            "environment": [],
            "ephemeral_storage": [
              {
                "size": 512
              }
            ],
            "file_system_config": [],
            "filename": ".terraform/modules/aft/modules/aft-archives/../../src/aft_lambda/aft_account_provisioning_framework.zip",
            "function_name": "aft-account-provisioning-framework-account-metadata-ssm",
            "handler": "aft_account_provisioning_framework_account_metadata_ssm.lambda_handler",
            "id": "aft-account-provisioning-framework-account-metadata-ssm",
            "image_config": [],
            "image_uri": "",
            "invoke_arn": "arn:aws:apigateway:eu-west-1:lambda:path/2015-03-31/functions/arn:aws:lambda:eu-west-1:804448413129:function:aft-account-provisioning-framework-account-metadata-ssm/invocations",
            "kms_key_arn": "",
            "last_modified": "2023-02-27T18:57:50.248+0000",
            "layers": [
              "arn:aws:lambda:eu-west-1:804448413129:layer:aft-common-1-8-0:1"
            ],
            "memory_size": 1024,
            "package_type": "Zip",
            "publish": false,
            "qualified_arn": "arn:aws:lambda:eu-west-1:804448413129:function:aft-account-provisioning-framework-account-metadata-ssm:$LATEST",
            "qualified_invoke_arn": "arn:aws:apigateway:eu-west-1:lambda:path/2015-03-31/functions/arn:aws:lambda:eu-west-1:804448413129:function:aft-account-provisioning-framework-account-metadata-ssm:$LATEST/invocations",
            "reserved_concurrent_executions": -1,
            "role": "arn:aws:iam::804448413129:role/aft-account-provisioning-framework-lambda-persist-metadata-role",
            "runtime": "python3.8",
            "s3_bucket": null,
            "s3_key": null,
            "s3_object_version": null,
            "signing_job_arn": "",
            "signing_profile_version_arn": "",
            "snap_start": [],
            "source_code_hash": "Sow22hpLA7Dy1YVnJcEz+h0pOAPKdNm5gm/T8MUaytY=",
            "source_code_size": 4616,
            "tags": null,
            "tags_all": {
              "managed_by": "AFT"
            },
            "timeout": 300,
            "timeouts": null,
            "tracing_config": [
              {
                "mode": "PassThrough"
              }
            ],
            "version": "$LATEST",
            "vpc_config": [
              {
                "security_group_ids": [
                  "sg-0d5a3a51c1cf3042b"
                ],
                "subnet_ids": [
                  "subnet-090ee28a6b2779f35",
                  "subnet-0fbf0295c6df87487"
                ],
                "vpc_id": "vpc-0738a48762cabc9e5"
              }
            ]
          },
          "sensitive_attributes": [],
          "private": "eyJlMmJmYjczMC1lY2FhLTExZTYtOGY4OC0zNDM2M2JjN2M0YzAiOnsiY3JlYXRlIjo2MDAwMDAwMDAwMDAsInVwZGF0ZSI6NjAwMDAwMDAwMDAwfX0=",
          "dependencies": [
            "module.aft.data.aws_partition.current",
            "module.aft.data.local_file.version",
            "module.aft.module.aft_account_provisioning_framework.aws_iam_role.aft_lambda_aft_account_provisioning_framework_persist_metadata",
            "module.aft.module.aft_account_request_framework.aws_kms_key.aft",
            "module.aft.module.aft_account_request_framework.aws_security_group.aft_vpc_default_sg",
            "module.aft.module.aft_account_request_framework.aws_subnet.aft_vpc_private_subnet_01",
            "module.aft.module.aft_account_request_framework.aws_subnet.aft_vpc_private_subnet_02",
            "module.aft.module.aft_account_request_framework.aws_vpc.aft_vpc",
            "module.aft.module.aft_account_request_framework.data.aws_availability_zones.available",
            "module.aft.module.aft_customizations.aws_s3_bucket.aft_codepipeline_customizations_bucket",
            "module.aft.module.aft_customizations.data.aws_caller_identity.current",
            "module.aft.module.aft_lambda_layer.aws_codebuild_project.codebuild",
            "module.aft.module.aft_lambda_layer.aws_iam_role.codebuild",
            "module.aft.module.aft_lambda_layer.aws_iam_role.codebuild_invoker_lambda_role",
            "module.aft.module.aft_lambda_layer.aws_lambda_function.codebuild_invoker",
            "module.aft.module.aft_lambda_layer.aws_lambda_layer_version.layer_version",
            "module.aft.module.aft_lambda_layer.data.aws_lambda_invocation.invoke_codebuild_job",
            "module.aft.module.aft_lambda_layer.data.aws_partition.current",
            "module.aft.module.aft_lambda_layer.data.local_file.aft_lambda_layer",
            "module.aft.module.aft_lambda_layer.random_string.resource_suffix",
            "module.aft.module.packaging.data.archive_file.builder",
            "module.aft.module.packaging.data.archive_file.provisioning_framework"
          ]
        }
      ]
    },
    {
      "module": "module.aft.module.aft_account_provisioning_framework",
      "mode": "managed",
      "type": "aws_lambda_function",
      "name": "create_role",
      "provider": "module.aft.provider[\"registry.terraform.io/hashicorp/aws\"].aft_management",
      "instances": [
        {
          "schema_version": 0,
          "attributes": {
            "architectures": [
              "x86_64"
            ],
            "arn": "arn:aws:lambda:eu-west-1:804448413129:function:aft-account-provisioning-framework-create-aft-execution-role",
            "code_signing_config_arn": "",
            "dead_letter_config": [],
            "description": "AFT account provisioning framework - create_role",
            "environment": [],
            "ephemeral_storage": [
              {
                "size": 512
              }
            ],
            "file_system_config": [],
            "filename": ".terraform/modules/aft/modules/aft-archives/../../src/aft_lambda/aft_account_provisioning_framework.zip",
            "function_name": "aft-account-provisioning-framework-create-aft-execution-role",
            "handler": "aft_account_provisioning_framework_create_role.lambda_handler",
            "id": "aft-account-provisioning-framework-create-aft-execution-role",
            "image_config": [],
            "image_uri": "",
            "invoke_arn": "arn:aws:apigateway:eu-west-1:lambda:path/2015-03-31/functions/arn:aws:lambda:eu-west-1:804448413129:function:aft-account-provisioning-framework-create-aft-execution-role/invocations",
            "kms_key_arn": "",
            "last_modified": "2023-02-27T18:56:02.273+0000",
            "layers": [
              "arn:aws:lambda:eu-west-1:804448413129:layer:aft-common-1-8-0:1"
            ],
            "memory_size": 1024,
            "package_type": "Zip",
            "publish": false,
            "qualified_arn": "arn:aws:lambda:eu-west-1:804448413129:function:aft-account-provisioning-framework-create-aft-execution-role:$LATEST",
            "qualified_invoke_arn": "arn:aws:apigateway:eu-west-1:lambda:path/2015-03-31/functions/arn:aws:lambda:eu-west-1:804448413129:function:aft-account-provisioning-framework-create-aft-execution-role:$LATEST/invocations",
            "reserved_concurrent_executions": -1,
            "role": "arn:aws:iam::804448413129:role/aft-account-provisioning-framework-lambda-create-role-role",
            "runtime": "python3.8",
            "s3_bucket": null,
            "s3_key": null,
            "s3_object_version": null,
            "signing_job_arn": "",
            "signing_profile_version_arn": "",
            "snap_start": [],
            "source_code_hash": "Sow22hpLA7Dy1YVnJcEz+h0pOAPKdNm5gm/T8MUaytY=",
            "source_code_size": 4616,
            "tags": null,
            "tags_all": {
              "managed_by": "AFT"
            },
            "timeout": 300,
            "timeouts": null,
            "tracing_config": [
              {
                "mode": "PassThrough"
              }
            ],
            "version": "$LATEST",
            "vpc_config": [
              {
                "security_group_ids": [
                  "sg-0d5a3a51c1cf3042b"
                ],
                "subnet_ids": [
                  "subnet-090ee28a6b2779f35",
                  "subnet-0fbf0295c6df87487"
                ],
                "vpc_id": "vpc-0738a48762cabc9e5"
              }
            ]
          },
          "sensitive_attributes": [],
          "private": "eyJlMmJmYjczMC1lY2FhLTExZTYtOGY4OC0zNDM2M2JjN2M0YzAiOnsiY3JlYXRlIjo2MDAwMDAwMDAwMDAsInVwZGF0ZSI6NjAwMDAwMDAwMDAwfX0=",
          "dependencies": [
            "module.aft.data.aws_partition.current",
            "module.aft.data.local_file.version",
            "module.aft.module.aft_account_provisioning_framework.aws_iam_role.aft_lambda_aft_account_provisioning_framework_create_role",
            "module.aft.module.aft_account_request_framework.aws_kms_key.aft",
            "module.aft.module.aft_account_request_framework.aws_security_group.aft_vpc_default_sg",
            "module.aft.module.aft_account_request_framework.aws_subnet.aft_vpc_private_subnet_01",
            "module.aft.module.aft_account_request_framework.aws_subnet.aft_vpc_private_subnet_02",
            "module.aft.module.aft_account_request_framework.aws_vpc.aft_vpc",
            "module.aft.module.aft_account_request_framework.data.aws_availability_zones.available",
            "module.aft.module.aft_customizations.aws_s3_bucket.aft_codepipeline_customizations_bucket",
            "module.aft.module.aft_customizations.data.aws_caller_identity.current",
            "module.aft.module.aft_lambda_layer.aws_codebuild_project.codebuild",
            "module.aft.module.aft_lambda_layer.aws_iam_role.codebuild",
            "module.aft.module.aft_lambda_layer.aws_iam_role.codebuild_invoker_lambda_role",
            "module.aft.module.aft_lambda_layer.aws_lambda_function.codebuild_invoker",
            "module.aft.module.aft_lambda_layer.aws_lambda_layer_version.layer_version",
            "module.aft.module.aft_lambda_layer.data.aws_lambda_invocation.invoke_codebuild_job",
            "module.aft.module.aft_lambda_layer.data.aws_partition.current",
            "module.aft.module.aft_lambda_layer.data.local_file.aft_lambda_layer",
            "module.aft.module.aft_lambda_layer.random_string.resource_suffix",
            "module.aft.module.packaging.data.archive_file.builder",
            "module.aft.module.packaging.data.archive_file.provisioning_framework"
          ]
        }
      ]
    },
    {
      "module": "module.aft.module.aft_account_provisioning_framework",
      "mode": "managed",
      "type": "aws_lambda_function",
      "name": "persist_metadata",
      "provider": "module.aft.provider[\"registry.terraform.io/hashicorp/aws\"].aft_management",
      "instances": [
        {
          "schema_version": 0,
          "attributes": {
            "architectures": [
              "x86_64"
            ],
            "arn": "arn:aws:lambda:eu-west-1:804448413129:function:aft-account-provisioning-framework-persist-metadata",
            "code_signing_config_arn": "",
            "dead_letter_config": [],
            "description": "AFT account provisioning framework - persist_metadata",
            "environment": [],
            "ephemeral_storage": [
              {
                "size": 512
              }
            ],
            "file_system_config": [],
            "filename": ".terraform/modules/aft/modules/aft-archives/../../src/aft_lambda/aft_account_provisioning_framework.zip",
            "function_name": "aft-account-provisioning-framework-persist-metadata",
            "handler": "aft_account_provisioning_framework_persist_metadata.lambda_handler",
            "id": "aft-account-provisioning-framework-persist-metadata",
            "image_config": [],
            "image_uri": "",
            "invoke_arn": "arn:aws:apigateway:eu-west-1:lambda:path/2015-03-31/functions/arn:aws:lambda:eu-west-1:804448413129:function:aft-account-provisioning-framework-persist-metadata/invocations",
            "kms_key_arn": "",
            "last_modified": "2023-02-27T18:55:39.580+0000",
            "layers": [
              "arn:aws:lambda:eu-west-1:804448413129:layer:aft-common-1-8-0:1"
            ],
            "memory_size": 1024,
            "package_type": "Zip",
            "publish": false,
            "qualified_arn": "arn:aws:lambda:eu-west-1:804448413129:function:aft-account-provisioning-framework-persist-metadata:$LATEST",
            "qualified_invoke_arn": "arn:aws:apigateway:eu-west-1:lambda:path/2015-03-31/functions/arn:aws:lambda:eu-west-1:804448413129:function:aft-account-provisioning-framework-persist-metadata:$LATEST/invocations",
            "reserved_concurrent_executions": -1,
            "role": "arn:aws:iam::804448413129:role/aft-account-provisioning-framework-lambda-persist-metadata-role",
            "runtime": "python3.8",
            "s3_bucket": null,
            "s3_key": null,
            "s3_object_version": null,
            "signing_job_arn": "",
            "signing_profile_version_arn": "",
            "snap_start": [],
            "source_code_hash": "Sow22hpLA7Dy1YVnJcEz+h0pOAPKdNm5gm/T8MUaytY=",
            "source_code_size": 4616,
            "tags": null,
            "tags_all": {
              "managed_by": "AFT"
            },
            "timeout": 300,
            "timeouts": null,
            "tracing_config": [
              {
                "mode": "PassThrough"
              }
            ],
            "version": "$LATEST",
            "vpc_config": [
              {
                "security_group_ids": [
                  "sg-0d5a3a51c1cf3042b"
                ],
                "subnet_ids": [
                  "subnet-090ee28a6b2779f35",
                  "subnet-0fbf0295c6df87487"
                ],
                "vpc_id": "vpc-0738a48762cabc9e5"
              }
            ]
          },
          "sensitive_attributes": [],
          "private": "eyJlMmJmYjczMC1lY2FhLTExZTYtOGY4OC0zNDM2M2JjN2M0YzAiOnsiY3JlYXRlIjo2MDAwMDAwMDAwMDAsInVwZGF0ZSI6NjAwMDAwMDAwMDAwfX0=",
          "dependencies": [
            "module.aft.data.aws_partition.current",
            "module.aft.data.local_file.version",
            "module.aft.module.aft_account_provisioning_framework.aws_iam_role.aft_lambda_aft_account_provisioning_framework_persist_metadata",
            "module.aft.module.aft_account_request_framework.aws_kms_key.aft",
            "module.aft.module.aft_account_request_framework.aws_security_group.aft_vpc_default_sg",
            "module.aft.module.aft_account_request_framework.aws_subnet.aft_vpc_private_subnet_01",
            "module.aft.module.aft_account_request_framework.aws_subnet.aft_vpc_private_subnet_02",
            "module.aft.module.aft_account_request_framework.aws_vpc.aft_vpc",
            "module.aft.module.aft_account_request_framework.data.aws_availability_zones.available",
            "module.aft.module.aft_customizations.aws_s3_bucket.aft_codepipeline_customizations_bucket",
            "module.aft.module.aft_customizations.data.aws_caller_identity.current",
            "module.aft.module.aft_lambda_layer.aws_codebuild_project.codebuild",
            "module.aft.module.aft_lambda_layer.aws_iam_role.codebuild",
            "module.aft.module.aft_lambda_layer.aws_iam_role.codebuild_invoker_lambda_role",
            "module.aft.module.aft_lambda_layer.aws_lambda_function.codebuild_invoker",
            "module.aft.module.aft_lambda_layer.aws_lambda_layer_version.layer_version",
            "module.aft.module.aft_lambda_layer.data.aws_lambda_invocation.invoke_codebuild_job",
            "module.aft.module.aft_lambda_layer.data.aws_partition.current",
            "module.aft.module.aft_lambda_layer.data.local_file.aft_lambda_layer",
            "module.aft.module.aft_lambda_layer.random_string.resource_suffix",
            "module.aft.module.packaging.data.archive_file.builder",
            "module.aft.module.packaging.data.archive_file.provisioning_framework"
          ]
        }
      ]
    },
    {
      "module": "module.aft.module.aft_account_provisioning_framework",
      "mode": "managed",
      "type": "aws_lambda_function",
      "name": "tag_account",
      "provider": "module.aft.provider[\"registry.terraform.io/hashicorp/aws\"].aft_management",
      "instances": [
        {
          "schema_version": 0,
          "attributes": {
            "architectures": [
              "x86_64"
            ],
            "arn": "arn:aws:lambda:eu-west-1:804448413129:function:aft-account-provisioning-framework-tag-account",
            "code_signing_config_arn": "",
            "dead_letter_config": [],
            "description": "AFT account provisioning framework - tag_account",
            "environment": [],
            "ephemeral_storage": [
              {
                "size": 512
              }
            ],
            "file_system_config": [],
            "filename": ".terraform/modules/aft/modules/aft-archives/../../src/aft_lambda/aft_account_provisioning_framework.zip",
            "function_name": "aft-account-provisioning-framework-tag-account",
            "handler": "aft_account_provisioning_framework_tag_account.lambda_handler",
            "id": "aft-account-provisioning-framework-tag-account",
            "image_config": [],
            "image_uri": "",
            "invoke_arn": "arn:aws:apigateway:eu-west-1:lambda:path/2015-03-31/functions/arn:aws:lambda:eu-west-1:804448413129:function:aft-account-provisioning-framework-tag-account/invocations",
            "kms_key_arn": "",
            "last_modified": "2023-02-27T18:58:02.169+0000",
            "layers": [
              "arn:aws:lambda:eu-west-1:804448413129:layer:aft-common-1-8-0:1"
            ],
            "memory_size": 1024,
            "package_type": "Zip",
            "publish": false,
            "qualified_arn": "arn:aws:lambda:eu-west-1:804448413129:function:aft-account-provisioning-framework-tag-account:$LATEST",
            "qualified_invoke_arn": "arn:aws:apigateway:eu-west-1:lambda:path/2015-03-31/functions/arn:aws:lambda:eu-west-1:804448413129:function:aft-account-provisioning-framework-tag-account:$LATEST/invocations",
            "reserved_concurrent_executions": -1,
            "role": "arn:aws:iam::804448413129:role/aft-account-provisioning-framework-lambda-tag-account-role",
            "runtime": "python3.8",
            "s3_bucket": null,
            "s3_key": null,
            "s3_object_version": null,
            "signing_job_arn": "",
            "signing_profile_version_arn": "",
            "snap_start": [],
            "source_code_hash": "Sow22hpLA7Dy1YVnJcEz+h0pOAPKdNm5gm/T8MUaytY=",
            "source_code_size": 4616,
            "tags": null,
            "tags_all": {
              "managed_by": "AFT"
            },
            "timeout": 300,
            "timeouts": null,
            "tracing_config": [
              {
                "mode": "PassThrough"
              }
            ],
            "version": "$LATEST",
            "vpc_config": [
              {
                "security_group_ids": [
                  "sg-0d5a3a51c1cf3042b"
                ],
                "subnet_ids": [
                  "subnet-090ee28a6b2779f35",
                  "subnet-0fbf0295c6df87487"
                ],
                "vpc_id": "vpc-0738a48762cabc9e5"
              }
            ]
          },
          "sensitive_attributes": [],
          "private": "eyJlMmJmYjczMC1lY2FhLTExZTYtOGY4OC0zNDM2M2JjN2M0YzAiOnsiY3JlYXRlIjo2MDAwMDAwMDAwMDAsInVwZGF0ZSI6NjAwMDAwMDAwMDAwfX0=",
          "dependencies": [
            "module.aft.data.aws_partition.current",
            "module.aft.data.local_file.version",
            "module.aft.module.aft_account_provisioning_framework.aws_iam_role.aft_lambda_aft_account_provisioning_framework_tag_account",
            "module.aft.module.aft_account_request_framework.aws_kms_key.aft",
            "module.aft.module.aft_account_request_framework.aws_security_group.aft_vpc_default_sg",
            "module.aft.module.aft_account_request_framework.aws_subnet.aft_vpc_private_subnet_01",
            "module.aft.module.aft_account_request_framework.aws_subnet.aft_vpc_private_subnet_02",
            "module.aft.module.aft_account_request_framework.aws_vpc.aft_vpc",
            "module.aft.module.aft_account_request_framework.data.aws_availability_zones.available",
            "module.aft.module.aft_customizations.aws_s3_bucket.aft_codepipeline_customizations_bucket",
            "module.aft.module.aft_customizations.data.aws_caller_identity.current",
            "module.aft.module.aft_lambda_layer.aws_codebuild_project.codebuild",
            "module.aft.module.aft_lambda_layer.aws_iam_role.codebuild",
            "module.aft.module.aft_lambda_layer.aws_iam_role.codebuild_invoker_lambda_role",
            "module.aft.module.aft_lambda_layer.aws_lambda_function.codebuild_invoker",
            "module.aft.module.aft_lambda_layer.aws_lambda_layer_version.layer_version",
            "module.aft.module.aft_lambda_layer.data.aws_lambda_invocation.invoke_codebuild_job",
            "module.aft.module.aft_lambda_layer.data.aws_partition.current",
            "module.aft.module.aft_lambda_layer.data.local_file.aft_lambda_layer",
            "module.aft.module.aft_lambda_layer.random_string.resource_suffix",
            "module.aft.module.packaging.data.archive_file.builder",
            "module.aft.module.packaging.data.archive_file.provisioning_framework"
          ]
        }
      ]
    },
    {
      "module": "module.aft.module.aft_account_provisioning_framework",
      "mode": "managed",
      "type": "aws_sfn_state_machine",
      "name": "aft_account_provisioning_framework_sfn",
      "provider": "module.aft.provider[\"registry.terraform.io/hashicorp/aws\"].aft_management",
      "instances": [
        {
          "schema_version": 0,
          "attributes": {
            "arn": "arn:aws:states:eu-west-1:804448413129:stateMachine:aft-account-provisioning-framework",
            "creation_date": "2023-02-27T18:58:12Z",
            "definition": "{\n  \"StartAt\": \"aft_account_provisioning_framework_persist_metadata\",\n  \"States\": {\n    \"aft_account_provisioning_framework_persist_metadata\": {\n      \"Next\": \"aft_account_provisioning_framework_create_role\",\n      \"Type\": \"Task\",\n      \"Resource\": \"arn:aws:states:::lambda:invoke\",\n      \"ResultPath\": \"$.persist_metadata\",\n      \"ResultSelector\": {\"StatusCode.$\":\"$.StatusCode\"},\n      \"Parameters\": {\n        \"FunctionName\": \"aft-account-provisioning-framework-persist-metadata\",\n        \"Payload\": {\n          \"job_name.$\": \"$$.Execution.Name\",\n          \"payload.$\": \"$\",\n          \"action\": \"persist_metadata\"\n        }\n      },\n      \"Catch\": [\n        {\n          \"ErrorEquals\": [\"States.ALL\"],\n          \"Next\": \"aft_account_provisioning_framework_notify_error\"\n        }\n      ]\n    },\n    \"aft_account_provisioning_framework_create_role\": {\n      \"Next\": \"aft_account_provisioning_framework_tag_account\",\n      \"Type\": \"Task\",\n      \"Resource\": \"arn:aws:states:::lambda:invoke\",\n      \"ResultPath\": \"$.role\",\n      \"ResultSelector\": {\"Arn.$\":\"$.Payload\"},\n      \"Parameters\": {\n        \"FunctionName\": \"aft-account-provisioning-framework-create-aft-execution-role\",\n        \"Payload\": {\n          \"job_name.$\": \"$$.Execution.Name\",\n          \"payload.$\": \"$\",\n          \"action\": \"create_role\"\n        }\n      },\n      \"Retry\": [\n        {\n          \"ErrorEquals\": [\"States.ALL\"],\n          \"BackoffRate\": 1.5,\n          \"IntervalSeconds\": 60,\n          \"MaxAttempts\": 5\n        }\n      ],\n      \"Catch\": [\n        {\n          \"ErrorEquals\": [\"States.ALL\"],\n          \"Next\": \"aft_account_provisioning_framework_notify_error\"\n        }\n      ]\n    },\n    \"aft_account_provisioning_framework_tag_account\": {\n      \"Next\": \"aft_account_provisioning_framework_account_metadata_ssm\",\n      \"Type\": \"Task\",\n      \"Resource\": \"arn:aws:states:::lambda:invoke\",\n      \"ResultPath\": \"$.account_tags\",\n      \"ResultSelector\": {\"StatusCode.$\":\"$.StatusCode\"},\n      \"Parameters\": {\n        \"FunctionName\": \"aft-account-provisioning-framework-tag-account\",\n        \"Payload\": {\n          \"job_name.$\": \"$$.Execution.Name\",\n          \"payload.$\": \"$\",\n          \"action\": \"tag_account\",\n          \"account_info.$\": \"$.account_info\"\n        }\n      },\n      \"Catch\": [\n        {\n          \"ErrorEquals\": [\"States.ALL\"],\n          \"Next\": \"aft_account_provisioning_framework_notify_error\"\n        }\n      ]\n    },\n    \"aft_account_provisioning_framework_account_metadata_ssm\": {\n      \"Next\": \"aft_account_provisioning_framework_aft_features\",\n      \"Type\": \"Task\",\n      \"Resource\": \"arn:aws:states:::lambda:invoke\",\n      \"ResultPath\": \"$.account_metadata_ssm\",\n      \"ResultSelector\": {\"StatusCode.$\":\"$.StatusCode\"},\n      \"Parameters\": {\n        \"FunctionName\": \"aft-account-provisioning-framework-account-metadata-ssm\",\n        \"Payload\": {\n          \"job_name.$\": \"$$.Execution.Name\",\n          \"payload.$\": \"$\",\n          \"action\": \"account_metadata_ssm\",\n          \"account_info.$\": \"$.account_info\"\n        }\n      },\n      \"Catch\": [\n        {\n          \"ErrorEquals\": [\"States.ALL\"],\n          \"Next\": \"aft_account_provisioning_framework_notify_error\"\n        }\n      ]\n    },\n    \"aft_account_provisioning_framework_aft_features\": {\n      \"Next\": \"aft_account_provisioning_customizations\",\n      \"Type\": \"Task\",\n      \"Resource\": \"arn:aws:states:::states:startExecution.sync:2\",\n      \"Parameters\": {\n        \"StateMachineArn\": \"arn:aws:states:eu-west-1:804448413129:stateMachine:aft-feature-options\",\n        \"Input.$\": \"$\"\n      }\n    },\n    \"aft_account_provisioning_customizations\": {\n      \"Next\": \"run_create_pipeline?\",\n      \"Type\": \"Task\",\n      \"Resource\": \"arn:aws:states:::states:startExecution.sync:2\",\n      \"Parameters\": {\n        \"StateMachineArn\": \"arn:aws:states:eu-west-1:804448413129:stateMachine:aft-account-provisioning-customizations\",\n        \"Input.$\": \"$.Input\"\n      },\n      \"Catch\": [\n        {\n          \"ErrorEquals\": [\"States.ALL\"],\n          \"Next\": \"run_create_pipeline?\"\n        }\n      ]\n    },\n    \"run_create_pipeline?\": {\n      \"Type\": \"Choice\",\n      \"Choices\": [\n        {\n          \"Variable\": \"$.Input.account_provisioning.run_create_pipeline\",\n          \"StringEquals\": \"true\",\n          \"Next\": \"aft_account_provisioning_framework_create_pipeline\"\n        }\n      ],\n      \"Default\": \"aft_account_provisioning_framework_notify_success\"\n    },\n    \"aft_account_provisioning_framework_create_pipeline\": {\n      \"Next\": \"aft_account_provisioning_framework_notify_success\",\n      \"Type\": \"Task\",\n      \"Resource\": \"arn:aws:states:::codebuild:startBuild.sync\",\n      \"Parameters\": {\n        \"ProjectName\": \"aft-create-pipeline\",\n        \"EnvironmentVariablesOverride\": [\n          {\n            \"Name\": \"VENDED_ACCOUNT_ID\",\n            \"Type\": \"PLAINTEXT\",\n            \"Value.$\": \"$.Input.account_info.account.id\"\n          }\n        ]\n      },\n      \"ResultPath\": \"$.aft_account_provisioning_framework_create_pipeline\",\n      \"ResultSelector\": {\n        \"StatusCode.$\": \"$.SdkHttpMetadata.HttpStatusCode\",\n        \"BuildStatus.$\": \"$.Build.BuildStatus\",\n        \"BuildComplete.$\": \"$.Build.BuildComplete\"\n      },\n      \"Catch\": [\n        {\n          \"ErrorEquals\": [\"States.ALL\"],\n          \"Next\": \"aft_account_provisioning_framework_notify_error\"\n        }\n      ]\n    },\n    \"aft_account_provisioning_framework_notify_success\": {\n      \"Type\": \"Task\",\n      \"Resource\": \"arn:aws:states:::sns:publish\",\n      \"Parameters\": {\n        \"TopicArn\": \"arn:aws:sns:eu-west-1:804448413129:aft-notifications\",\n        \"Message.$\": \"$\"\n      },\n      \"End\": true\n    },\n    \"aft_account_provisioning_framework_notify_error\": {\n      \"Type\": \"Task\",\n      \"Resource\": \"arn:aws:states:::sns:publish\",\n      \"Parameters\": {\n        \"TopicArn\": \"arn:aws:sns:eu-west-1:804448413129:aft-failure-notifications\",\n        \"Message.$\": \"$.Cause\"\n      },\n      \"Next\": \"Failed\"\n    },\n    \"Failed\": {\n      \"Type\": \"Fail\"\n    }\n  }\n}\n",
            "id": "arn:aws:states:eu-west-1:804448413129:stateMachine:aft-account-provisioning-framework",
            "logging_configuration": [
              {
                "include_execution_data": false,
                "level": "OFF",
                "log_destination": ""
              }
            ],
            "name": "aft-account-provisioning-framework",
            "name_prefix": "",
            "role_arn": "arn:aws:iam::804448413129:role/aft-states-execution-role",
            "status": "ACTIVE",
            "tags": null,
            "tags_all": {
              "managed_by": "AFT"
            },
            "tracing_configuration": [
              {
                "enabled": false
              }
            ],
            "type": "STANDARD"
          },
          "sensitive_attributes": [],
          "private": "bnVsbA==",
          "dependencies": [
            "module.aft.data.aws_partition.current",
            "module.aft.data.local_file.version",
            "module.aft.module.aft_account_provisioning_framework.aws_iam_role.aft_lambda_aft_account_provisioning_framework_create_role",
            "module.aft.module.aft_account_provisioning_framework.aws_iam_role.aft_lambda_aft_account_provisioning_framework_persist_metadata",
            "module.aft.module.aft_account_provisioning_framework.aws_iam_role.aft_lambda_aft_account_provisioning_framework_tag_account",
            "module.aft.module.aft_account_provisioning_framework.aws_iam_role.aft_states",
            "module.aft.module.aft_account_provisioning_framework.aws_lambda_function.account_metadata_ssm",
            "module.aft.module.aft_account_provisioning_framework.aws_lambda_function.create_role",
            "module.aft.module.aft_account_provisioning_framework.aws_lambda_function.persist_metadata",
            "module.aft.module.aft_account_provisioning_framework.aws_lambda_function.tag_account",
            "module.aft.module.aft_account_provisioning_framework.data.aws_caller_identity.aft_management",
            "module.aft.module.aft_account_provisioning_framework.data.aws_partition.current",
            "module.aft.module.aft_account_provisioning_framework.data.aws_region.aft_management",
            "module.aft.module.aft_account_request_framework.aws_kms_key.aft",
            "module.aft.module.aft_account_request_framework.aws_security_group.aft_vpc_default_sg",
            "module.aft.module.aft_account_request_framework.aws_sns_topic.aft_failure_notifications",
            "module.aft.module.aft_account_request_framework.aws_sns_topic.aft_notifications",
            "module.aft.module.aft_account_request_framework.aws_subnet.aft_vpc_private_subnet_01",
            "module.aft.module.aft_account_request_framework.aws_subnet.aft_vpc_private_subnet_02",
            "module.aft.module.aft_account_request_framework.aws_vpc.aft_vpc",
            "module.aft.module.aft_account_request_framework.data.aws_availability_zones.available",
            "module.aft.module.aft_customizations.aws_s3_bucket.aft_codepipeline_customizations_bucket",
            "module.aft.module.aft_customizations.data.aws_caller_identity.current",
            "module.aft.module.aft_lambda_layer.aws_codebuild_project.codebuild",
            "module.aft.module.aft_lambda_layer.aws_iam_role.codebuild",
            "module.aft.module.aft_lambda_layer.aws_iam_role.codebuild_invoker_lambda_role",
            "module.aft.module.aft_lambda_layer.aws_lambda_function.codebuild_invoker",
            "module.aft.module.aft_lambda_layer.aws_lambda_layer_version.layer_version",
            "module.aft.module.aft_lambda_layer.data.aws_lambda_invocation.invoke_codebuild_job",
            "module.aft.module.aft_lambda_layer.data.aws_partition.current",
            "module.aft.module.aft_lambda_layer.data.local_file.aft_lambda_layer",
            "module.aft.module.aft_lambda_layer.random_string.resource_suffix",
            "module.aft.module.packaging.data.archive_file.builder",
            "module.aft.module.packaging.data.archive_file.provisioning_framework"
          ]
        }
      ]
    },
    {
      "module": "module.aft.module.aft_account_request_framework",
      "mode": "data",
      "type": "aws_availability_zones",
      "name": "available",
      "provider": "module.aft.provider[\"registry.terraform.io/hashicorp/aws\"].aft_management",
      "instances": [
        {
          "schema_version": 0,
          "attributes": {
            "all_availability_zones": null,
            "exclude_names": null,
            "exclude_zone_ids": null,
            "filter": null,
            "group_names": [
              "eu-west-1"
            ],
            "id": "eu-west-1",
            "names": [
              "eu-west-1a",
              "eu-west-1b",
              "eu-west-1c"
            ],
            "state": "available",
            "timeouts": null,
            "zone_ids": [
              "euw1-az3",
              "euw1-az1",
              "euw1-az2"
            ]
          },
          "sensitive_attributes": []
        }
      ]
    },
    {
      "module": "module.aft.module.aft_account_request_framework",
      "mode": "data",
      "type": "aws_caller_identity",
      "name": "aft-management",
      "provider": "module.aft.provider[\"registry.terraform.io/hashicorp/aws\"].aft_management",
      "instances": [
        {
          "schema_version": 0,
          "attributes": {
            "account_id": "804448413129",
            "arn": "arn:aws:sts::804448413129:assumed-role/AWSControlTowerExecution/AWSAFT-Session",
            "id": "804448413129",
            "user_id": "AROA3WTG4UXEQNNSDGUZT:AWSAFT-Session"
          },
          "sensitive_attributes": []
        }
      ]
    },
    {
      "module": "module.aft.module.aft_account_request_framework",
      "mode": "data",
      "type": "aws_caller_identity",
      "name": "ct-management",
      "provider": "module.aft.provider[\"registry.terraform.io/hashicorp/aws\"].ct_management",
      "instances": [
        {
          "schema_version": 0,
          "attributes": {
            "account_id": "850516820997",
            "arn": "arn:aws:sts::850516820997:assumed-role/AWSReservedSSO_AWSAdministratorAccess_b7fe253e7538d325/rsa.mgt.controltower@gmail.com",
            "id": "850516820997",
            "user_id": "AROA4MBWAYQCYPGPKZNUM:rsa.mgt.controltower@gmail.com"
          },
          "sensitive_attributes": []
        }
      ]
    },
    {
      "module": "module.aft.module.aft_account_request_framework",
      "mode": "data",
      "type": "aws_iam_policy",
      "name": "AWSLambdaBasicExecutionRole",
      "provider": "module.aft.provider[\"registry.terraform.io/hashicorp/aws\"].aft_management",
      "instances": [
        {
          "schema_version": 0,
          "attributes": {
            "arn": "arn:aws:iam::aws:policy/service-role/AWSLambdaBasicExecutionRole",
            "description": "Provides write permissions to CloudWatch Logs.",
            "id": "arn:aws:iam::aws:policy/service-role/AWSLambdaBasicExecutionRole",
            "name": "AWSLambdaBasicExecutionRole",
            "path": "/service-role/",
            "path_prefix": null,
            "policy": "{\n  \"Version\": \"2012-10-17\",\n  \"Statement\": [\n    {\n      \"Effect\": \"Allow\",\n      \"Action\": [\n        \"logs:CreateLogGroup\",\n        \"logs:CreateLogStream\",\n        \"logs:PutLogEvents\"\n      ],\n      \"Resource\": \"*\"\n    }\n  ]\n}",
            "policy_id": "ANPAJNCQGXC42545SKXIK",
            "tags": {}
          },
          "sensitive_attributes": []
        }
      ]
    },
    {
      "module": "module.aft.module.aft_account_request_framework",
      "mode": "data",
      "type": "aws_iam_policy",
      "name": "AWSLambdaVPCAccessExecutionRole",
      "provider": "module.aft.provider[\"registry.terraform.io/hashicorp/aws\"].aft_management",
      "instances": [
        {
          "schema_version": 0,
          "attributes": {
            "arn": "arn:aws:iam::aws:policy/service-role/AWSLambdaVPCAccessExecutionRole",
            "description": "Provides minimum permissions for a Lambda function to execute while accessing a resource within a VPC - create, describe, delete network interfaces and write permissions to CloudWatch Logs. ",
            "id": "arn:aws:iam::aws:policy/service-role/AWSLambdaVPCAccessExecutionRole",
            "name": "AWSLambdaVPCAccessExecutionRole",
            "path": "/service-role/",
            "path_prefix": null,
            "policy": "{\n  \"Version\": \"2012-10-17\",\n  \"Statement\": [\n    {\n      \"Effect\": \"Allow\",\n      \"Action\": [\n        \"logs:CreateLogGroup\",\n        \"logs:CreateLogStream\",\n        \"logs:PutLogEvents\",\n        \"ec2:CreateNetworkInterface\",\n        \"ec2:DescribeNetworkInterfaces\",\n        \"ec2:DeleteNetworkInterface\",\n        \"ec2:AssignPrivateIpAddresses\",\n        \"ec2:UnassignPrivateIpAddresses\"\n      ],\n      \"Resource\": \"*\"\n    }\n  ]\n}",
            "policy_id": "ANPAJVTME3YLVNL72YR2K",
            "tags": {}
          },
          "sensitive_attributes": []
        }
      ]
    },
    {
      "module": "module.aft.module.aft_account_request_framework",
      "mode": "data",
      "type": "aws_partition",
      "name": "current",
      "provider": "module.aft.provider[\"registry.terraform.io/hashicorp/aws\"].aft_management",
      "instances": [
        {
          "schema_version": 0,
          "attributes": {
            "dns_suffix": "amazonaws.com",
            "id": "aws",
            "partition": "aws",
            "reverse_dns_prefix": "com.amazonaws"
          },
          "sensitive_attributes": []
        }
      ]
    },
    {
      "module": "module.aft.module.aft_account_request_framework",
      "mode": "data",
      "type": "aws_region",
      "name": "aft-management",
      "provider": "module.aft.provider[\"registry.terraform.io/hashicorp/aws\"].aft_management",
      "instances": [
        {
          "schema_version": 0,
          "attributes": {
            "description": "Europe (Ireland)",
            "endpoint": "ec2.eu-west-1.amazonaws.com",
            "id": "eu-west-1",
            "name": "eu-west-1"
          },
          "sensitive_attributes": []
        }
      ]
    },
    {
      "module": "module.aft.module.aft_account_request_framework",
      "mode": "data",
      "type": "aws_subnets",
      "name": "codebuild",
      "provider": "module.aft.provider[\"registry.terraform.io/hashicorp/aws\"].aft_management",
      "instances": [
        {
          "index_key": 0,
          "schema_version": 0,
          "attributes": {
            "filter": [
              {
                "name": "availability-zone",
                "values": [
                  "eu-west-1a",
                  "eu-west-1b",
                  "eu-west-1c"
                ]
              },
              {
                "name": "subnet-id",
                "values": [
                  "subnet-090ee28a6b2779f35",
                  "subnet-0fbf0295c6df87487"
                ]
              },
              {
                "name": "vpc-id",
                "values": [
                  "vpc-0738a48762cabc9e5"
                ]
              }
            ],
            "id": "eu-west-1",
            "ids": [
              "subnet-0fbf0295c6df87487",
              "subnet-090ee28a6b2779f35"
            ],
            "tags": null,
            "timeouts": null
          },
          "sensitive_attributes": []
        }
      ]
    },
    {
      "module": "module.aft.module.aft_account_request_framework",
      "mode": "data",
      "type": "aws_subnets",
      "name": "codecommit",
      "provider": "module.aft.provider[\"registry.terraform.io/hashicorp/aws\"].aft_management",
      "instances": [
        {
          "index_key": 0,
          "schema_version": 0,
          "attributes": {
            "filter": [
              {
                "name": "availability-zone",
                "values": [
                  "eu-west-1a",
                  "eu-west-1b",
                  "eu-west-1c"
                ]
              },
              {
                "name": "subnet-id",
                "values": [
                  "subnet-090ee28a6b2779f35",
                  "subnet-0fbf0295c6df87487"
                ]
              },
              {
                "name": "vpc-id",
                "values": [
                  "vpc-0738a48762cabc9e5"
                ]
              }
            ],
            "id": "eu-west-1",
            "ids": [
              "subnet-0fbf0295c6df87487",
              "subnet-090ee28a6b2779f35"
            ],
            "tags": null,
            "timeouts": null
          },
          "sensitive_attributes": []
        }
      ]
    },
    {
      "module": "module.aft.module.aft_account_request_framework",
      "mode": "data",
      "type": "aws_subnets",
      "name": "codepipeline",
      "provider": "module.aft.provider[\"registry.terraform.io/hashicorp/aws\"].aft_management",
      "instances": [
        {
          "index_key": 0,
          "schema_version": 0,
          "attributes": {
            "filter": [
              {
                "name": "availability-zone",
                "values": [
                  "eu-west-1a",
                  "eu-west-1b",
                  "eu-west-1c"
                ]
              },
              {
                "name": "subnet-id",
                "values": [
                  "subnet-090ee28a6b2779f35",
                  "subnet-0fbf0295c6df87487"
                ]
              },
              {
                "name": "vpc-id",
                "values": [
                  "vpc-0738a48762cabc9e5"
                ]
              }
            ],
            "id": "eu-west-1",
            "ids": [
              "subnet-0fbf0295c6df87487",
              "subnet-090ee28a6b2779f35"
            ],
            "tags": null,
            "timeouts": null
          },
          "sensitive_attributes": []
        }
      ]
    },
    {
      "module": "module.aft.module.aft_account_request_framework",
      "mode": "data",
      "type": "aws_subnets",
      "name": "events",
      "provider": "module.aft.provider[\"registry.terraform.io/hashicorp/aws\"].aft_management",
      "instances": [
        {
          "index_key": 0,
          "schema_version": 0,
          "attributes": {
            "filter": [
              {
                "name": "availability-zone",
                "values": [
                  "eu-west-1a",
                  "eu-west-1b",
                  "eu-west-1c"
                ]
              },
              {
                "name": "subnet-id",
                "values": [
                  "subnet-090ee28a6b2779f35",
                  "subnet-0fbf0295c6df87487"
                ]
              },
              {
                "name": "vpc-id",
                "values": [
                  "vpc-0738a48762cabc9e5"
                ]
              }
            ],
            "id": "eu-west-1",
            "ids": [
              "subnet-0fbf0295c6df87487",
              "subnet-090ee28a6b2779f35"
            ],
            "tags": null,
            "timeouts": null
          },
          "sensitive_attributes": []
        }
      ]
    },
    {
      "module": "module.aft.module.aft_account_request_framework",
      "mode": "data",
      "type": "aws_subnets",
      "name": "git-codecommit",
      "provider": "module.aft.provider[\"registry.terraform.io/hashicorp/aws\"].aft_management",
      "instances": [
        {
          "index_key": 0,
          "schema_version": 0,
          "attributes": {
            "filter": [
              {
                "name": "availability-zone",
                "values": [
                  "eu-west-1a",
                  "eu-west-1b",
                  "eu-west-1c"
                ]
              },
              {
                "name": "subnet-id",
                "values": [
                  "subnet-090ee28a6b2779f35",
                  "subnet-0fbf0295c6df87487"
                ]
              },
              {
                "name": "vpc-id",
                "values": [
                  "vpc-0738a48762cabc9e5"
                ]
              }
            ],
            "id": "eu-west-1",
            "ids": [
              "subnet-0fbf0295c6df87487",
              "subnet-090ee28a6b2779f35"
            ],
            "tags": null,
            "timeouts": null
          },
          "sensitive_attributes": []
        }
      ]
    },
    {
      "module": "module.aft.module.aft_account_request_framework",
      "mode": "data",
      "type": "aws_subnets",
      "name": "kms",
      "provider": "module.aft.provider[\"registry.terraform.io/hashicorp/aws\"].aft_management",
      "instances": [
        {
          "index_key": 0,
          "schema_version": 0,
          "attributes": {
            "filter": [
              {
                "name": "availability-zone",
                "values": [
                  "eu-west-1a",
                  "eu-west-1b",
                  "eu-west-1c"
                ]
              },
              {
                "name": "subnet-id",
                "values": [
                  "subnet-090ee28a6b2779f35",
                  "subnet-0fbf0295c6df87487"
                ]
              },
              {
                "name": "vpc-id",
                "values": [
                  "vpc-0738a48762cabc9e5"
                ]
              }
            ],
            "id": "eu-west-1",
            "ids": [
              "subnet-0fbf0295c6df87487",
              "subnet-090ee28a6b2779f35"
            ],
            "tags": null,
            "timeouts": null
          },
          "sensitive_attributes": []
        }
      ]
    },
    {
      "module": "module.aft.module.aft_account_request_framework",
      "mode": "data",
      "type": "aws_subnets",
      "name": "lambda",
      "provider": "module.aft.provider[\"registry.terraform.io/hashicorp/aws\"].aft_management",
      "instances": [
        {
          "index_key": 0,
          "schema_version": 0,
          "attributes": {
            "filter": [
              {
                "name": "availability-zone",
                "values": [
                  "eu-west-1a",
                  "eu-west-1b",
                  "eu-west-1c"
                ]
              },
              {
                "name": "subnet-id",
                "values": [
                  "subnet-090ee28a6b2779f35",
                  "subnet-0fbf0295c6df87487"
                ]
              },
              {
                "name": "vpc-id",
                "values": [
                  "vpc-0738a48762cabc9e5"
                ]
              }
            ],
            "id": "eu-west-1",
            "ids": [
              "subnet-0fbf0295c6df87487",
              "subnet-090ee28a6b2779f35"
            ],
            "tags": null,
            "timeouts": null
          },
          "sensitive_attributes": []
        }
      ]
    },
    {
      "module": "module.aft.module.aft_account_request_framework",
      "mode": "data",
      "type": "aws_subnets",
      "name": "logs",
      "provider": "module.aft.provider[\"registry.terraform.io/hashicorp/aws\"].aft_management",
      "instances": [
        {
          "index_key": 0,
          "schema_version": 0,
          "attributes": {
            "filter": [
              {
                "name": "availability-zone",
                "values": [
                  "eu-west-1a",
                  "eu-west-1b",
                  "eu-west-1c"
                ]
              },
              {
                "name": "subnet-id",
                "values": [
                  "subnet-090ee28a6b2779f35",
                  "subnet-0fbf0295c6df87487"
                ]
              },
              {
                "name": "vpc-id",
                "values": [
                  "vpc-0738a48762cabc9e5"
                ]
              }
            ],
            "id": "eu-west-1",
            "ids": [
              "subnet-0fbf0295c6df87487",
              "subnet-090ee28a6b2779f35"
            ],
            "tags": null,
            "timeouts": null
          },
          "sensitive_attributes": []
        }
      ]
    },
    {
      "module": "module.aft.module.aft_account_request_framework",
      "mode": "data",
      "type": "aws_subnets",
      "name": "servicecatalog",
      "provider": "module.aft.provider[\"registry.terraform.io/hashicorp/aws\"].aft_management",
      "instances": [
        {
          "index_key": 0,
          "schema_version": 0,
          "attributes": {
            "filter": [
              {
                "name": "availability-zone",
                "values": [
                  "eu-west-1a",
                  "eu-west-1b",
                  "eu-west-1c"
                ]
              },
              {
                "name": "subnet-id",
                "values": [
                  "subnet-090ee28a6b2779f35",
                  "subnet-0fbf0295c6df87487"
                ]
              },
              {
                "name": "vpc-id",
                "values": [
                  "vpc-0738a48762cabc9e5"
                ]
              }
            ],
            "id": "eu-west-1",
            "ids": [
              "subnet-0fbf0295c6df87487",
              "subnet-090ee28a6b2779f35"
            ],
            "tags": null,
            "timeouts": null
          },
          "sensitive_attributes": []
        }
      ]
    },
    {
      "module": "module.aft.module.aft_account_request_framework",
      "mode": "data",
      "type": "aws_subnets",
      "name": "sns",
      "provider": "module.aft.provider[\"registry.terraform.io/hashicorp/aws\"].aft_management",
      "instances": [
        {
          "index_key": 0,
          "schema_version": 0,
          "attributes": {
            "filter": [
              {
                "name": "availability-zone",
                "values": [
                  "eu-west-1a",
                  "eu-west-1b",
                  "eu-west-1c"
                ]
              },
              {
                "name": "subnet-id",
                "values": [
                  "subnet-090ee28a6b2779f35",
                  "subnet-0fbf0295c6df87487"
                ]
              },
              {
                "name": "vpc-id",
                "values": [
                  "vpc-0738a48762cabc9e5"
                ]
              }
            ],
            "id": "eu-west-1",
            "ids": [
              "subnet-0fbf0295c6df87487",
              "subnet-090ee28a6b2779f35"
            ],
            "tags": null,
            "timeouts": null
          },
          "sensitive_attributes": []
        }
      ]
    },
    {
      "module": "module.aft.module.aft_account_request_framework",
      "mode": "data",
      "type": "aws_subnets",
      "name": "sqs",
      "provider": "module.aft.provider[\"registry.terraform.io/hashicorp/aws\"].aft_management",
      "instances": [
        {
          "index_key": 0,
          "schema_version": 0,
          "attributes": {
            "filter": [
              {
                "name": "availability-zone",
                "values": [
                  "eu-west-1a",
                  "eu-west-1b",
                  "eu-west-1c"
                ]
              },
              {
                "name": "subnet-id",
                "values": [
                  "subnet-090ee28a6b2779f35",
                  "subnet-0fbf0295c6df87487"
                ]
              },
              {
                "name": "vpc-id",
                "values": [
                  "vpc-0738a48762cabc9e5"
                ]
              }
            ],
            "id": "eu-west-1",
            "ids": [
              "subnet-0fbf0295c6df87487",
              "subnet-090ee28a6b2779f35"
            ],
            "tags": null,
            "timeouts": null
          },
          "sensitive_attributes": []
        }
      ]
    },
    {
      "module": "module.aft.module.aft_account_request_framework",
      "mode": "data",
      "type": "aws_subnets",
      "name": "ssm",
      "provider": "module.aft.provider[\"registry.terraform.io/hashicorp/aws\"].aft_management",
      "instances": [
        {
          "index_key": 0,
          "schema_version": 0,
          "attributes": {
            "filter": [
              {
                "name": "availability-zone",
                "values": [
                  "eu-west-1a",
                  "eu-west-1b",
                  "eu-west-1c"
                ]
              },
              {
                "name": "subnet-id",
                "values": [
                  "subnet-090ee28a6b2779f35",
                  "subnet-0fbf0295c6df87487"
                ]
              },
              {
                "name": "vpc-id",
                "values": [
                  "vpc-0738a48762cabc9e5"
                ]
              }
            ],
            "id": "eu-west-1",
            "ids": [
              "subnet-0fbf0295c6df87487",
              "subnet-090ee28a6b2779f35"
            ],
            "tags": null,
            "timeouts": null
          },
          "sensitive_attributes": []
        }
      ]
    },
    {
      "module": "module.aft.module.aft_account_request_framework",
      "mode": "data",
      "type": "aws_subnets",
      "name": "states",
      "provider": "module.aft.provider[\"registry.terraform.io/hashicorp/aws\"].aft_management",
      "instances": [
        {
          "index_key": 0,
          "schema_version": 0,
          "attributes": {
            "filter": [
              {
                "name": "availability-zone",
                "values": [
                  "eu-west-1a",
                  "eu-west-1b",
                  "eu-west-1c"
                ]
              },
              {
                "name": "subnet-id",
                "values": [
                  "subnet-090ee28a6b2779f35",
                  "subnet-0fbf0295c6df87487"
                ]
              },
              {
                "name": "vpc-id",
                "values": [
                  "vpc-0738a48762cabc9e5"
                ]
              }
            ],
            "id": "eu-west-1",
            "ids": [
              "subnet-0fbf0295c6df87487",
              "subnet-090ee28a6b2779f35"
            ],
            "tags": null,
            "timeouts": null
          },
          "sensitive_attributes": []
        }
      ]
    },
    {
      "module": "module.aft.module.aft_account_request_framework",
      "mode": "data",
      "type": "aws_subnets",
      "name": "sts",
      "provider": "module.aft.provider[\"registry.terraform.io/hashicorp/aws\"].aft_management",
      "instances": [
        {
          "index_key": 0,
          "schema_version": 0,
          "attributes": {
            "filter": [
              {
                "name": "availability-zone",
                "values": [
                  "eu-west-1a",
                  "eu-west-1b",
                  "eu-west-1c"
                ]
              },
              {
                "name": "subnet-id",
                "values": [
                  "subnet-090ee28a6b2779f35",
                  "subnet-0fbf0295c6df87487"
                ]
              },
              {
                "name": "vpc-id",
                "values": [
                  "vpc-0738a48762cabc9e5"
                ]
              }
            ],
            "id": "eu-west-1",
            "ids": [
              "subnet-0fbf0295c6df87487",
              "subnet-090ee28a6b2779f35"
            ],
            "tags": null,
            "timeouts": null
          },
          "sensitive_attributes": []
        }
      ]
    },
    {
      "module": "module.aft.module.aft_account_request_framework",
      "mode": "data",
      "type": "aws_vpc_endpoint_service",
      "name": "codebuild",
      "provider": "module.aft.provider[\"registry.terraform.io/hashicorp/aws\"].aft_management",
      "instances": [
        {
          "index_key": 0,
          "schema_version": 0,
          "attributes": {
            "acceptance_required": false,
            "arn": "arn:aws:ec2:eu-west-1:804448413129:vpc-endpoint-service/vpce-svc-013569e6fe5b0bbfc",
            "availability_zones": [
              "eu-west-1a",
              "eu-west-1b",
              "eu-west-1c"
            ],
            "base_endpoint_dns_names": [
              "codebuild.eu-west-1.vpce.amazonaws.com"
            ],
            "filter": null,
            "id": "838595762",
            "manages_vpc_endpoints": false,
            "owner": "amazon",
            "private_dns_name": "codebuild.eu-west-1.amazonaws.com",
            "service": "codebuild",
            "service_id": "vpce-svc-013569e6fe5b0bbfc",
            "service_name": "com.amazonaws.eu-west-1.codebuild",
            "service_type": "Interface",
            "supported_ip_address_types": [
              "ipv4"
            ],
            "tags": {},
            "timeouts": null,
            "vpc_endpoint_policy_supported": true
          },
          "sensitive_attributes": []
        }
      ]
    },
    {
      "module": "module.aft.module.aft_account_request_framework",
      "mode": "data",
      "type": "aws_vpc_endpoint_service",
      "name": "codecommit",
      "provider": "module.aft.provider[\"registry.terraform.io/hashicorp/aws\"].aft_management",
      "instances": [
        {
          "index_key": 0,
          "schema_version": 0,
          "attributes": {
            "acceptance_required": false,
            "arn": "arn:aws:ec2:eu-west-1:804448413129:vpc-endpoint-service/vpce-svc-0105be185c09bbdeb",
            "availability_zones": [
              "eu-west-1a",
              "eu-west-1b",
              "eu-west-1c"
            ],
            "base_endpoint_dns_names": [
              "codecommit.eu-west-1.vpce.amazonaws.com"
            ],
            "filter": null,
            "id": "2050403415",
            "manages_vpc_endpoints": false,
            "owner": "amazon",
            "private_dns_name": "codecommit.eu-west-1.amazonaws.com",
            "service": "codecommit",
            "service_id": "vpce-svc-0105be185c09bbdeb",
            "service_name": "com.amazonaws.eu-west-1.codecommit",
            "service_type": "Interface",
            "supported_ip_address_types": [
              "ipv4"
            ],
            "tags": {},
            "timeouts": null,
            "vpc_endpoint_policy_supported": true
          },
          "sensitive_attributes": []
        }
      ]
    },
    {
      "module": "module.aft.module.aft_account_request_framework",
      "mode": "data",
      "type": "aws_vpc_endpoint_service",
      "name": "codepipeline",
      "provider": "module.aft.provider[\"registry.terraform.io/hashicorp/aws\"].aft_management",
      "instances": [
        {
          "index_key": 0,
          "schema_version": 0,
          "attributes": {
            "acceptance_required": false,
            "arn": "arn:aws:ec2:eu-west-1:804448413129:vpc-endpoint-service/vpce-svc-0f563c03bef85c7d3",
            "availability_zones": [
              "eu-west-1a",
              "eu-west-1b",
              "eu-west-1c"
            ],
            "base_endpoint_dns_names": [
              "codepipeline.eu-west-1.vpce.amazonaws.com"
            ],
            "filter": null,
            "id": "2417559040",
            "manages_vpc_endpoints": false,
            "owner": "amazon",
            "private_dns_name": "codepipeline.eu-west-1.amazonaws.com",
            "service": "codepipeline",
            "service_id": "vpce-svc-0f563c03bef85c7d3",
            "service_name": "com.amazonaws.eu-west-1.codepipeline",
            "service_type": "Interface",
            "supported_ip_address_types": [
              "ipv4"
            ],
            "tags": {},
            "timeouts": null,
            "vpc_endpoint_policy_supported": false
          },
          "sensitive_attributes": []
        }
      ]
    },
    {
      "module": "module.aft.module.aft_account_request_framework",
      "mode": "data",
      "type": "aws_vpc_endpoint_service",
      "name": "events",
      "provider": "module.aft.provider[\"registry.terraform.io/hashicorp/aws\"].aft_management",
      "instances": [
        {
          "index_key": 0,
          "schema_version": 0,
          "attributes": {
            "acceptance_required": false,
            "arn": "arn:aws:ec2:eu-west-1:804448413129:vpc-endpoint-service/vpce-svc-06bdafe5686588556",
            "availability_zones": [
              "eu-west-1a",
              "eu-west-1b",
              "eu-west-1c"
            ],
            "base_endpoint_dns_names": [
              "events.eu-west-1.vpce.amazonaws.com"
            ],
            "filter": null,
            "id": "186207527",
            "manages_vpc_endpoints": false,
            "owner": "amazon",
            "private_dns_name": "events.eu-west-1.amazonaws.com",
            "service": "events",
            "service_id": "vpce-svc-06bdafe5686588556",
            "service_name": "com.amazonaws.eu-west-1.events",
            "service_type": "Interface",
            "supported_ip_address_types": [
              "ipv4"
            ],
            "tags": {},
            "timeouts": null,
            "vpc_endpoint_policy_supported": true
          },
          "sensitive_attributes": []
        }
      ]
    },
    {
      "module": "module.aft.module.aft_account_request_framework",
      "mode": "data",
      "type": "aws_vpc_endpoint_service",
      "name": "git-codecommit",
      "provider": "module.aft.provider[\"registry.terraform.io/hashicorp/aws\"].aft_management",
      "instances": [
        {
          "index_key": 0,
          "schema_version": 0,
          "attributes": {
            "acceptance_required": false,
            "arn": "arn:aws:ec2:eu-west-1:804448413129:vpc-endpoint-service/vpce-svc-0adab8698e1ce0f99",
            "availability_zones": [
              "eu-west-1a",
              "eu-west-1b",
              "eu-west-1c"
            ],
            "base_endpoint_dns_names": [
              "git-codecommit.eu-west-1.vpce.amazonaws.com"
            ],
            "filter": null,
            "id": "3086336539",
            "manages_vpc_endpoints": false,
            "owner": "amazon",
            "private_dns_name": "git-codecommit.eu-west-1.amazonaws.com",
            "service": "git-codecommit",
            "service_id": "vpce-svc-0adab8698e1ce0f99",
            "service_name": "com.amazonaws.eu-west-1.git-codecommit",
            "service_type": "Interface",
            "supported_ip_address_types": [
              "ipv4"
            ],
            "tags": {},
            "timeouts": null,
            "vpc_endpoint_policy_supported": true
          },
          "sensitive_attributes": []
        }
      ]
    },
    {
      "module": "module.aft.module.aft_account_request_framework",
      "mode": "data",
      "type": "aws_vpc_endpoint_service",
      "name": "kms",
      "provider": "module.aft.provider[\"registry.terraform.io/hashicorp/aws\"].aft_management",
      "instances": [
        {
          "index_key": 0,
          "schema_version": 0,
          "attributes": {
            "acceptance_required": false,
            "arn": "arn:aws:ec2:eu-west-1:804448413129:vpc-endpoint-service/vpce-svc-0ac563cfafe5cfad1",
            "availability_zones": [
              "eu-west-1a",
              "eu-west-1b",
              "eu-west-1c"
            ],
            "base_endpoint_dns_names": [
              "kms.eu-west-1.vpce.amazonaws.com"
            ],
            "filter": null,
            "id": "770324476",
            "manages_vpc_endpoints": false,
            "owner": "amazon",
            "private_dns_name": "kms.eu-west-1.amazonaws.com",
            "service": "kms",
            "service_id": "vpce-svc-0ac563cfafe5cfad1",
            "service_name": "com.amazonaws.eu-west-1.kms",
            "service_type": "Interface",
            "supported_ip_address_types": [
              "ipv4"
            ],
            "tags": {},
            "timeouts": null,
            "vpc_endpoint_policy_supported": true
          },
          "sensitive_attributes": []
        }
      ]
    },
    {
      "module": "module.aft.module.aft_account_request_framework",
      "mode": "data",
      "type": "aws_vpc_endpoint_service",
      "name": "lambda",
      "provider": "module.aft.provider[\"registry.terraform.io/hashicorp/aws\"].aft_management",
      "instances": [
        {
          "index_key": 0,
          "schema_version": 0,
          "attributes": {
            "acceptance_required": false,
            "arn": "arn:aws:ec2:eu-west-1:804448413129:vpc-endpoint-service/vpce-svc-07a38d7bf6bafef7f",
            "availability_zones": [
              "eu-west-1a",
              "eu-west-1b",
              "eu-west-1c"
            ],
            "base_endpoint_dns_names": [
              "lambda.eu-west-1.vpce.amazonaws.com"
            ],
            "filter": null,
            "id": "2332288495",
            "manages_vpc_endpoints": false,
            "owner": "amazon",
            "private_dns_name": "lambda.eu-west-1.amazonaws.com",
            "service": "lambda",
            "service_id": "vpce-svc-07a38d7bf6bafef7f",
            "service_name": "com.amazonaws.eu-west-1.lambda",
            "service_type": "Interface",
            "supported_ip_address_types": [
              "ipv4"
            ],
            "tags": {},
            "timeouts": null,
            "vpc_endpoint_policy_supported": true
          },
          "sensitive_attributes": []
        }
      ]
    },
    {
      "module": "module.aft.module.aft_account_request_framework",
      "mode": "data",
      "type": "aws_vpc_endpoint_service",
      "name": "logs",
      "provider": "module.aft.provider[\"registry.terraform.io/hashicorp/aws\"].aft_management",
      "instances": [
        {
          "index_key": 0,
          "schema_version": 0,
          "attributes": {
            "acceptance_required": false,
            "arn": "arn:aws:ec2:eu-west-1:804448413129:vpc-endpoint-service/vpce-svc-033e3bd40930b7f58",
            "availability_zones": [
              "eu-west-1a",
              "eu-west-1b",
              "eu-west-1c"
            ],
            "base_endpoint_dns_names": [
              "logs.eu-west-1.vpce.amazonaws.com"
            ],
            "filter": null,
            "id": "534093961",
            "manages_vpc_endpoints": false,
            "owner": "amazon",
            "private_dns_name": "logs.eu-west-1.amazonaws.com",
            "service": "logs",
            "service_id": "vpce-svc-033e3bd40930b7f58",
            "service_name": "com.amazonaws.eu-west-1.logs",
            "service_type": "Interface",
            "supported_ip_address_types": [
              "ipv4"
            ],
            "tags": {},
            "timeouts": null,
            "vpc_endpoint_policy_supported": true
          },
          "sensitive_attributes": []
        }
      ]
    },
    {
      "module": "module.aft.module.aft_account_request_framework",
      "mode": "data",
      "type": "aws_vpc_endpoint_service",
      "name": "servicecatalog",
      "provider": "module.aft.provider[\"registry.terraform.io/hashicorp/aws\"].aft_management",
      "instances": [
        {
          "index_key": 0,
          "schema_version": 0,
          "attributes": {
            "acceptance_required": false,
            "arn": "arn:aws:ec2:eu-west-1:804448413129:vpc-endpoint-service/vpce-svc-0edba21160d1d0b97",
            "availability_zones": [
              "eu-west-1a",
              "eu-west-1b",
              "eu-west-1c"
            ],
            "base_endpoint_dns_names": [
              "servicecatalog.eu-west-1.vpce.amazonaws.com"
            ],
            "filter": null,
            "id": "2073515297",
            "manages_vpc_endpoints": false,
            "owner": "amazon",
            "private_dns_name": "servicecatalog.eu-west-1.amazonaws.com",
            "service": "servicecatalog",
            "service_id": "vpce-svc-0edba21160d1d0b97",
            "service_name": "com.amazonaws.eu-west-1.servicecatalog",
            "service_type": "Interface",
            "supported_ip_address_types": [
              "ipv4"
            ],
            "tags": {},
            "timeouts": null,
            "vpc_endpoint_policy_supported": true
          },
          "sensitive_attributes": []
        }
      ]
    },
    {
      "module": "module.aft.module.aft_account_request_framework",
      "mode": "data",
      "type": "aws_vpc_endpoint_service",
      "name": "sns",
      "provider": "module.aft.provider[\"registry.terraform.io/hashicorp/aws\"].aft_management",
      "instances": [
        {
          "index_key": 0,
          "schema_version": 0,
          "attributes": {
            "acceptance_required": false,
            "arn": "arn:aws:ec2:eu-west-1:804448413129:vpc-endpoint-service/vpce-svc-0de1fc7797980e7b2",
            "availability_zones": [
              "eu-west-1a",
              "eu-west-1b",
              "eu-west-1c"
            ],
            "base_endpoint_dns_names": [
              "sns.eu-west-1.vpce.amazonaws.com"
            ],
            "filter": null,
            "id": "351442679",
            "manages_vpc_endpoints": false,
            "owner": "amazon",
            "private_dns_name": "sns.eu-west-1.amazonaws.com",
            "service": "sns",
            "service_id": "vpce-svc-0de1fc7797980e7b2",
            "service_name": "com.amazonaws.eu-west-1.sns",
            "service_type": "Interface",
            "supported_ip_address_types": [
              "ipv4"
            ],
            "tags": {},
            "timeouts": null,
            "vpc_endpoint_policy_supported": true
          },
          "sensitive_attributes": []
        }
      ]
    },
    {
      "module": "module.aft.module.aft_account_request_framework",
      "mode": "data",
      "type": "aws_vpc_endpoint_service",
      "name": "sqs",
      "provider": "module.aft.provider[\"registry.terraform.io/hashicorp/aws\"].aft_management",
      "instances": [
        {
          "index_key": 0,
          "schema_version": 0,
          "attributes": {
            "acceptance_required": false,
            "arn": "arn:aws:ec2:eu-west-1:804448413129:vpc-endpoint-service/vpce-svc-0c65d96568c090174",
            "availability_zones": [
              "eu-west-1a",
              "eu-west-1b",
              "eu-west-1c"
            ],
            "base_endpoint_dns_names": [
              "sqs.eu-west-1.vpce.amazonaws.com"
            ],
            "filter": null,
            "id": "3651704937",
            "manages_vpc_endpoints": false,
            "owner": "amazon",
            "private_dns_name": "sqs.eu-west-1.amazonaws.com",
            "service": "sqs",
            "service_id": "vpce-svc-0c65d96568c090174",
            "service_name": "com.amazonaws.eu-west-1.sqs",
            "service_type": "Interface",
            "supported_ip_address_types": [
              "ipv4"
            ],
            "tags": {},
            "timeouts": null,
            "vpc_endpoint_policy_supported": true
          },
          "sensitive_attributes": []
        }
      ]
    },
    {
      "module": "module.aft.module.aft_account_request_framework",
      "mode": "data",
      "type": "aws_vpc_endpoint_service",
      "name": "ssm",
      "provider": "module.aft.provider[\"registry.terraform.io/hashicorp/aws\"].aft_management",
      "instances": [
        {
          "index_key": 0,
          "schema_version": 0,
          "attributes": {
            "acceptance_required": false,
            "arn": "arn:aws:ec2:eu-west-1:804448413129:vpc-endpoint-service/vpce-svc-0039038d504694533",
            "availability_zones": [
              "eu-west-1a",
              "eu-west-1b",
              "eu-west-1c"
            ],
            "base_endpoint_dns_names": [
              "ssm.eu-west-1.vpce.amazonaws.com"
            ],
            "filter": null,
            "id": "294766472",
            "manages_vpc_endpoints": false,
            "owner": "amazon",
            "private_dns_name": "ssm.eu-west-1.amazonaws.com",
            "service": "ssm",
            "service_id": "vpce-svc-0039038d504694533",
            "service_name": "com.amazonaws.eu-west-1.ssm",
            "service_type": "Interface",
            "supported_ip_address_types": [
              "ipv4"
            ],
            "tags": {},
            "timeouts": null,
            "vpc_endpoint_policy_supported": true
          },
          "sensitive_attributes": []
        }
      ]
    },
    {
      "module": "module.aft.module.aft_account_request_framework",
      "mode": "data",
      "type": "aws_vpc_endpoint_service",
      "name": "states",
      "provider": "module.aft.provider[\"registry.terraform.io/hashicorp/aws\"].aft_management",
      "instances": [
        {
          "index_key": 0,
          "schema_version": 0,
          "attributes": {
            "acceptance_required": false,
            "arn": "arn:aws:ec2:eu-west-1:804448413129:vpc-endpoint-service/vpce-svc-02d0b857895eb5dde",
            "availability_zones": [
              "eu-west-1a",
              "eu-west-1b",
              "eu-west-1c"
            ],
            "base_endpoint_dns_names": [
              "states.eu-west-1.vpce.amazonaws.com"
            ],
            "filter": null,
            "id": "1767664928",
            "manages_vpc_endpoints": false,
            "owner": "amazon",
            "private_dns_name": "states.eu-west-1.amazonaws.com",
            "service": "states",
            "service_id": "vpce-svc-02d0b857895eb5dde",
            "service_name": "com.amazonaws.eu-west-1.states",
            "service_type": "Interface",
            "supported_ip_address_types": [
              "ipv4"
            ],
            "tags": {},
            "timeouts": null,
            "vpc_endpoint_policy_supported": true
          },
          "sensitive_attributes": []
        }
      ]
    },
    {
      "module": "module.aft.module.aft_account_request_framework",
      "mode": "data",
      "type": "aws_vpc_endpoint_service",
      "name": "sts",
      "provider": "module.aft.provider[\"registry.terraform.io/hashicorp/aws\"].aft_management",
      "instances": [
        {
          "index_key": 0,
          "schema_version": 0,
          "attributes": {
            "acceptance_required": false,
            "arn": "arn:aws:ec2:eu-west-1:804448413129:vpc-endpoint-service/vpce-svc-05618fafa705b98ef",
            "availability_zones": [
              "eu-west-1a",
              "eu-west-1b",
              "eu-west-1c"
            ],
            "base_endpoint_dns_names": [
              "sts.eu-west-1.vpce.amazonaws.com"
            ],
            "filter": null,
            "id": "2766105644",
            "manages_vpc_endpoints": false,
            "owner": "amazon",
            "private_dns_name": "sts.eu-west-1.amazonaws.com",
            "service": "sts",
            "service_id": "vpce-svc-05618fafa705b98ef",
            "service_name": "com.amazonaws.eu-west-1.sts",
            "service_type": "Interface",
            "supported_ip_address_types": [
              "ipv4"
            ],
            "tags": {},
            "timeouts": null,
            "vpc_endpoint_policy_supported": true
          },
          "sensitive_attributes": []
        }
      ]
    },
    {
      "module": "module.aft.module.aft_account_request_framework",
      "mode": "managed",
      "type": "aws_backup_plan",
      "name": "aft_controltower_backup_plan",
      "provider": "module.aft.provider[\"registry.terraform.io/hashicorp/aws\"].aft_management",
      "instances": [
        {
          "schema_version": 0,
          "attributes": {
            "advanced_backup_setting": [],
            "arn": "arn:aws:backup:eu-west-1:804448413129:backup-plan:f3be574d-b095-47b8-801f-32dbe5523a5c",
            "id": "f3be574d-b095-47b8-801f-32dbe5523a5c",
            "name": "aft-controltower-backup-plan",
            "rule": [
              {
                "completion_window": 180,
                "copy_action": [],
                "enable_continuous_backup": false,
                "lifecycle": [],
                "recovery_point_tags": null,
                "rule_name": "aft_controltower_backup_rule",
                "schedule": "cron(0 * * * ? *)",
                "start_window": 60,
                "target_vault_name": "aft-controltower-backup-vault"
              }
            ],
            "tags": null,
            "tags_all": {
              "managed_by": "AFT"
            },
            "version": "MTQ1ZWU3OTktZjU4ZS00NzljLTg3ODQtNjExNDg1ODczZGQ4"
          },
          "sensitive_attributes": [],
          "private": "bnVsbA==",
          "dependencies": [
            "module.aft.data.aws_partition.current",
            "module.aft.module.aft_account_request_framework.aws_backup_vault.aft_controltower_backup_vault",
            "module.aft.module.aft_account_request_framework.aws_kms_key.aft"
          ]
        }
      ]
    },
    {
      "module": "module.aft.module.aft_account_request_framework",
      "mode": "managed",
      "type": "aws_backup_selection",
      "name": "aft_controltower_backup_selection",
      "provider": "module.aft.provider[\"registry.terraform.io/hashicorp/aws\"].aft_management",
      "instances": [
        {
          "schema_version": 0,
          "attributes": {
            "condition": [
              {
                "string_equals": null,
                "string_like": null,
                "string_not_equals": null,
                "string_not_like": null
              }
            ],
            "iam_role_arn": "arn:aws:iam::804448413129:role/aft-aws-backup",
            "id": "3b695acd-f8f3-4792-ab6f-deca7a64b788",
            "name": "aft-controltower-backup-selection",
            "not_resources": [],
            "plan_id": "f3be574d-b095-47b8-801f-32dbe5523a5c",
            "resources": [
              "arn:aws:dynamodb:eu-west-1:804448413129:table/aft-controltower-events",
              "arn:aws:dynamodb:eu-west-1:804448413129:table/aft-request",
              "arn:aws:dynamodb:eu-west-1:804448413129:table/aft-request-audit",
              "arn:aws:dynamodb:eu-west-1:804448413129:table/aft-request-metadata"
            ],
            "selection_tag": []
          },
          "sensitive_attributes": [],
          "private": "bnVsbA==",
          "dependencies": [
            "module.aft.data.aws_partition.current",
            "module.aft.module.aft_account_request_framework.aws_backup_plan.aft_controltower_backup_plan",
            "module.aft.module.aft_account_request_framework.aws_backup_vault.aft_controltower_backup_vault",
            "module.aft.module.aft_account_request_framework.aws_dynamodb_table.aft_controltower_events",
            "module.aft.module.aft_account_request_framework.aws_dynamodb_table.aft_request",
            "module.aft.module.aft_account_request_framework.aws_dynamodb_table.aft_request_audit",
            "module.aft.module.aft_account_request_framework.aws_dynamodb_table.aft_request_metadata",
            "module.aft.module.aft_account_request_framework.aws_iam_role.aft_aws_backup",
            "module.aft.module.aft_account_request_framework.aws_kms_key.aft"
          ]
        }
      ]
    },
    {
      "module": "module.aft.module.aft_account_request_framework",
      "mode": "managed",
      "type": "aws_backup_vault",
      "name": "aft_controltower_backup_vault",
      "provider": "module.aft.provider[\"registry.terraform.io/hashicorp/aws\"].aft_management",
      "instances": [
        {
          "schema_version": 0,
          "attributes": {
            "arn": "arn:aws:backup:eu-west-1:804448413129:backup-vault:aft-controltower-backup-vault",
            "force_destroy": false,
            "id": "aft-controltower-backup-vault",
            "kms_key_arn": "arn:aws:kms:eu-west-1:804448413129:key/207fe238-7aba-4608-9ba2-1da2f28b1578",
            "name": "aft-controltower-backup-vault",
            "recovery_points": 0,
            "tags": null,
            "tags_all": {
              "managed_by": "AFT"
            },
            "timeouts": null
          },
          "sensitive_attributes": [],
          "private": "eyJlMmJmYjczMC1lY2FhLTExZTYtOGY4OC0zNDM2M2JjN2M0YzAiOnsiZGVsZXRlIjo2MDAwMDAwMDAwMDB9fQ==",
          "dependencies": [
            "module.aft.data.aws_partition.current",
            "module.aft.module.aft_account_request_framework.aws_kms_key.aft"
          ]
        }
      ]
    },
    {
      "module": "module.aft.module.aft_account_request_framework",
      "mode": "managed",
      "type": "aws_cloudwatch_event_bus",
      "name": "aft_from_ct_management",
      "provider": "module.aft.provider[\"registry.terraform.io/hashicorp/aws\"].aft_management",
      "instances": [
        {
          "schema_version": 0,
          "attributes": {
            "arn": "arn:aws:events:eu-west-1:804448413129:event-bus/aft-events-from-ct-management",
            "event_source_name": null,
            "id": "aft-events-from-ct-management",
            "name": "aft-events-from-ct-management",
            "tags": null,
            "tags_all": {
              "managed_by": "AFT"
            }
          },
          "sensitive_attributes": [],
          "private": "bnVsbA==",
          "dependencies": [
            "module.aft.data.aws_partition.current"
          ]
        }
      ]
    },
    {
      "module": "module.aft.module.aft_account_request_framework",
      "mode": "managed",
      "type": "aws_cloudwatch_event_permission",
      "name": "control_tower_management_account",
      "provider": "module.aft.provider[\"registry.terraform.io/hashicorp/aws\"].aft_management",
      "instances": [
        {
          "schema_version": 0,
          "attributes": {
            "action": "events:PutEvents",
            "condition": [],
            "event_bus_name": "aft-events-from-ct-management",
            "id": "aft-events-from-ct-management/control_tower_management_account",
            "principal": "850516820997",
            "statement_id": "control_tower_management_account"
          },
          "sensitive_attributes": [],
          "private": "bnVsbA==",
          "dependencies": [
            "module.aft.data.aws_partition.current",
            "module.aft.module.aft_account_request_framework.aws_cloudwatch_event_bus.aft_from_ct_management",
            "module.aft.module.aft_account_request_framework.data.aws_caller_identity.ct-management"
          ]
        }
      ]
    },
    {
      "module": "module.aft.module.aft_account_request_framework",
      "mode": "managed",
      "type": "aws_cloudwatch_event_rule",
      "name": "aft_account_request_processor",
      "provider": "module.aft.provider[\"registry.terraform.io/hashicorp/aws\"].aft_management",
      "instances": [
        {
          "schema_version": 0,
          "attributes": {
            "arn": "arn:aws:events:eu-west-1:804448413129:rule/aft-lambda-account-request-processor",
            "description": "Trigger Lambda",
            "event_bus_name": "default",
            "event_pattern": null,
            "id": "aft-lambda-account-request-processor",
            "is_enabled": true,
            "name": "aft-lambda-account-request-processor",
            "name_prefix": "",
            "role_arn": "",
            "schedule_expression": "rate(5 minutes)",
            "tags": null,
            "tags_all": {
              "managed_by": "AFT"
            }
          },
          "sensitive_attributes": [],
          "private": "bnVsbA==",
          "dependencies": [
            "module.aft.data.aws_partition.current"
          ]
        }
      ]
    },
    {
      "module": "module.aft.module.aft_account_request_framework",
      "mode": "managed",
      "type": "aws_cloudwatch_event_rule",
      "name": "aft_control_tower_events",
      "provider": "module.aft.provider[\"registry.terraform.io/hashicorp/aws\"].ct_management",
      "instances": [
        {
          "schema_version": 0,
          "attributes": {
            "arn": "arn:aws:events:eu-west-1:850516820997:rule/aft-capture-ct-events",
            "description": "Capture ControlTower events",
            "event_bus_name": "default",
            "event_pattern": "{\"detail\":{\"eventName\":[\"SetupLandingZone\",\"UpdateLandingZone\",\"RegisterOrganizationalUnit\",\"DeregisterOrganizationalUnit\",\"EnableGuardrail\",\"DisableGuardrail\",\"CreateManagedAccount\",\"UpdateManagedAccount\"]},\"detail-type\":[\"AWS Service Event via CloudTrail\"],\"source\":[\"aws.controltower\"]}",
            "id": "aft-capture-ct-events",
            "is_enabled": true,
            "name": "aft-capture-ct-events",
            "name_prefix": "",
            "role_arn": "",
            "schedule_expression": "",
            "tags": null,
            "tags_all": {
              "managed_by": "AFT"
            }
          },
          "sensitive_attributes": [],
          "private": "bnVsbA=="
        }
      ]
    },
    {
      "module": "module.aft.module.aft_account_request_framework",
      "mode": "managed",
      "type": "aws_cloudwatch_event_rule",
      "name": "aft_controltower_event_trigger",
      "provider": "module.aft.provider[\"registry.terraform.io/hashicorp/aws\"].aft_management",
      "instances": [
        {
          "schema_version": 0,
          "attributes": {
            "arn": "arn:aws:events:eu-west-1:804448413129:rule/aft-events-from-ct-management/aft-controltower-event-logger",
            "description": "Send CT Events to Lambda",
            "event_bus_name": "aft-events-from-ct-management",
            "event_pattern": "{\"account\":[\"850516820997\"]}",
            "id": "aft-events-from-ct-management/aft-controltower-event-logger",
            "is_enabled": true,
            "name": "aft-controltower-event-logger",
            "name_prefix": "",
            "role_arn": "",
            "schedule_expression": "",
            "tags": null,
            "tags_all": {
              "managed_by": "AFT"
            }
          },
          "sensitive_attributes": [],
          "private": "bnVsbA==",
          "dependencies": [
            "module.aft.data.aws_partition.current",
            "module.aft.module.aft_account_request_framework.aws_cloudwatch_event_bus.aft_from_ct_management",
            "module.aft.module.aft_account_request_framework.data.aws_caller_identity.ct-management"
          ]
        }
      ]
    },
    {
      "module": "module.aft.module.aft_account_request_framework",
      "mode": "managed",
      "type": "aws_cloudwatch_event_target",
      "name": "aft_account_request_processor",
      "provider": "module.aft.provider[\"registry.terraform.io/hashicorp/aws\"].aft_management",
      "instances": [
        {
          "schema_version": 1,
          "attributes": {
            "arn": "arn:aws:lambda:eu-west-1:804448413129:function:aft-account-request-processor",
            "batch_target": [],
            "dead_letter_config": [],
            "ecs_target": [],
            "event_bus_name": "default",
            "http_target": [],
            "id": "aft-lambda-account-request-processor-terraform-2023022718572196330000003b",
            "input": "",
            "input_path": "",
            "input_transformer": [],
            "kinesis_target": [],
            "redshift_target": [],
            "retry_policy": [],
            "role_arn": "",
            "rule": "aft-lambda-account-request-processor",
            "run_command_targets": [],
            "sqs_target": [],
            "target_id": "terraform-2023022718572196330000003b"
          },
          "sensitive_attributes": [],
          "private": "eyJzY2hlbWFfdmVyc2lvbiI6IjEifQ==",
          "dependencies": [
            "module.aft.data.aws_partition.current",
            "module.aft.data.local_file.version",
            "module.aft.module.aft_account_request_framework.aws_cloudwatch_event_rule.aft_account_request_processor",
            "module.aft.module.aft_account_request_framework.aws_iam_role.aft_account_request_processor",
            "module.aft.module.aft_account_request_framework.aws_kms_key.aft",
            "module.aft.module.aft_account_request_framework.aws_lambda_function.aft_account_request_processor",
            "module.aft.module.aft_account_request_framework.aws_security_group.aft_vpc_default_sg",
            "module.aft.module.aft_account_request_framework.aws_subnet.aft_vpc_private_subnet_01",
            "module.aft.module.aft_account_request_framework.aws_subnet.aft_vpc_private_subnet_02",
            "module.aft.module.aft_account_request_framework.aws_vpc.aft_vpc",
            "module.aft.module.aft_account_request_framework.data.aws_availability_zones.available",
            "module.aft.module.aft_customizations.aws_s3_bucket.aft_codepipeline_customizations_bucket",
            "module.aft.module.aft_customizations.data.aws_caller_identity.current",
            "module.aft.module.aft_lambda_layer.aws_codebuild_project.codebuild",
            "module.aft.module.aft_lambda_layer.aws_iam_role.codebuild",
            "module.aft.module.aft_lambda_layer.aws_iam_role.codebuild_invoker_lambda_role",
            "module.aft.module.aft_lambda_layer.aws_lambda_function.codebuild_invoker",
            "module.aft.module.aft_lambda_layer.aws_lambda_layer_version.layer_version",
            "module.aft.module.aft_lambda_layer.data.aws_lambda_invocation.invoke_codebuild_job",
            "module.aft.module.aft_lambda_layer.data.aws_partition.current",
            "module.aft.module.aft_lambda_layer.data.local_file.aft_lambda_layer",
            "module.aft.module.aft_lambda_layer.random_string.resource_suffix",
            "module.aft.module.packaging.data.archive_file.builder",
            "module.aft.module.packaging.data.archive_file.request_framework"
          ]
        }
      ]
    },
    {
      "module": "module.aft.module.aft_account_request_framework",
      "mode": "managed",
      "type": "aws_cloudwatch_event_target",
      "name": "aft_controltower_event_logger",
      "provider": "module.aft.provider[\"registry.terraform.io/hashicorp/aws\"].aft_management",
      "instances": [
        {
          "schema_version": 1,
          "attributes": {
            "arn": "arn:aws:lambda:eu-west-1:804448413129:function:aft-controltower-event-logger",
            "batch_target": [],
            "dead_letter_config": [],
            "ecs_target": [],
            "event_bus_name": "aft-events-from-ct-management",
            "http_target": [],
            "id": "aft-events-from-ct-management-aft-controltower-event-logger-terraform-20230227185630644000000039",
            "input": "",
            "input_path": "",
            "input_transformer": [],
            "kinesis_target": [],
            "redshift_target": [],
            "retry_policy": [],
            "role_arn": "",
            "rule": "aft-controltower-event-logger",
            "run_command_targets": [],
            "sqs_target": [],
            "target_id": "terraform-20230227185630644000000039"
          },
          "sensitive_attributes": [],
          "private": "eyJzY2hlbWFfdmVyc2lvbiI6IjEifQ==",
          "dependencies": [
            "module.aft.data.aws_partition.current",
            "module.aft.data.local_file.version",
            "module.aft.module.aft_account_request_framework.aws_cloudwatch_event_bus.aft_from_ct_management",
            "module.aft.module.aft_account_request_framework.aws_cloudwatch_event_rule.aft_controltower_event_trigger",
            "module.aft.module.aft_account_request_framework.aws_iam_role.aft_controltower_event_logger",
            "module.aft.module.aft_account_request_framework.aws_kms_key.aft",
            "module.aft.module.aft_account_request_framework.aws_lambda_function.aft_controltower_event_logger",
            "module.aft.module.aft_account_request_framework.aws_security_group.aft_vpc_default_sg",
            "module.aft.module.aft_account_request_framework.aws_subnet.aft_vpc_private_subnet_01",
            "module.aft.module.aft_account_request_framework.aws_subnet.aft_vpc_private_subnet_02",
            "module.aft.module.aft_account_request_framework.aws_vpc.aft_vpc",
            "module.aft.module.aft_account_request_framework.data.aws_availability_zones.available",
            "module.aft.module.aft_account_request_framework.data.aws_caller_identity.ct-management",
            "module.aft.module.aft_customizations.aws_s3_bucket.aft_codepipeline_customizations_bucket",
            "module.aft.module.aft_customizations.data.aws_caller_identity.current",
            "module.aft.module.aft_lambda_layer.aws_codebuild_project.codebuild",
            "module.aft.module.aft_lambda_layer.aws_iam_role.codebuild",
            "module.aft.module.aft_lambda_layer.aws_iam_role.codebuild_invoker_lambda_role",
            "module.aft.module.aft_lambda_layer.aws_lambda_function.codebuild_invoker",
            "module.aft.module.aft_lambda_layer.aws_lambda_layer_version.layer_version",
            "module.aft.module.aft_lambda_layer.data.aws_lambda_invocation.invoke_codebuild_job",
            "module.aft.module.aft_lambda_layer.data.aws_partition.current",
            "module.aft.module.aft_lambda_layer.data.local_file.aft_lambda_layer",
            "module.aft.module.aft_lambda_layer.random_string.resource_suffix",
            "module.aft.module.packaging.data.archive_file.builder",
            "module.aft.module.packaging.data.archive_file.request_framework"
          ]
        }
      ]
    },
    {
      "module": "module.aft.module.aft_account_request_framework",
      "mode": "managed",
      "type": "aws_cloudwatch_event_target",
      "name": "aft_invoke_aft_account_provisioning_framework",
      "provider": "module.aft.provider[\"registry.terraform.io/hashicorp/aws\"].aft_management",
      "instances": [
        {
          "schema_version": 1,
          "attributes": {
            "arn": "arn:aws:lambda:eu-west-1:804448413129:function:aft-invoke-aft-account-provisioning-framework",
            "batch_target": [],
            "dead_letter_config": [],
            "ecs_target": [],
            "event_bus_name": "aft-events-from-ct-management",
            "http_target": [],
            "id": "aft-events-from-ct-management-aft-controltower-event-logger-terraform-2023022718564916970000003a",
            "input": "",
            "input_path": "",
            "input_transformer": [],
            "kinesis_target": [],
            "redshift_target": [],
            "retry_policy": [],
            "role_arn": "",
            "rule": "aft-controltower-event-logger",
            "run_command_targets": [],
            "sqs_target": [],
            "target_id": "terraform-2023022718564916970000003a"
          },
          "sensitive_attributes": [],
          "private": "eyJzY2hlbWFfdmVyc2lvbiI6IjEifQ==",
          "dependencies": [
            "module.aft.data.aws_partition.current",
            "module.aft.data.local_file.version",
            "module.aft.module.aft_account_request_framework.aws_cloudwatch_event_bus.aft_from_ct_management",
            "module.aft.module.aft_account_request_framework.aws_cloudwatch_event_rule.aft_controltower_event_trigger",
            "module.aft.module.aft_account_request_framework.aws_iam_role.aft_invoke_aft_account_provisioning_framework",
            "module.aft.module.aft_account_request_framework.aws_kms_key.aft",
            "module.aft.module.aft_account_request_framework.aws_lambda_function.aft_invoke_aft_account_provisioning_framework",
            "module.aft.module.aft_account_request_framework.aws_security_group.aft_vpc_default_sg",
            "module.aft.module.aft_account_request_framework.aws_subnet.aft_vpc_private_subnet_01",
            "module.aft.module.aft_account_request_framework.aws_subnet.aft_vpc_private_subnet_02",
            "module.aft.module.aft_account_request_framework.aws_vpc.aft_vpc",
            "module.aft.module.aft_account_request_framework.data.aws_availability_zones.available",
            "module.aft.module.aft_account_request_framework.data.aws_caller_identity.ct-management",
            "module.aft.module.aft_customizations.aws_s3_bucket.aft_codepipeline_customizations_bucket",
            "module.aft.module.aft_customizations.data.aws_caller_identity.current",
            "module.aft.module.aft_lambda_layer.aws_codebuild_project.codebuild",
            "module.aft.module.aft_lambda_layer.aws_iam_role.codebuild",
            "module.aft.module.aft_lambda_layer.aws_iam_role.codebuild_invoker_lambda_role",
            "module.aft.module.aft_lambda_layer.aws_lambda_function.codebuild_invoker",
            "module.aft.module.aft_lambda_layer.aws_lambda_layer_version.layer_version",
            "module.aft.module.aft_lambda_layer.data.aws_lambda_invocation.invoke_codebuild_job",
            "module.aft.module.aft_lambda_layer.data.aws_partition.current",
            "module.aft.module.aft_lambda_layer.data.local_file.aft_lambda_layer",
            "module.aft.module.aft_lambda_layer.random_string.resource_suffix",
            "module.aft.module.packaging.data.archive_file.builder",
            "module.aft.module.packaging.data.archive_file.request_framework"
          ]
        }
      ]
    },
    {
      "module": "module.aft.module.aft_account_request_framework",
      "mode": "managed",
      "type": "aws_cloudwatch_event_target",
      "name": "aft_management_event_bus",
      "provider": "module.aft.provider[\"registry.terraform.io/hashicorp/aws\"].ct_management",
      "instances": [
        {
          "schema_version": 1,
          "attributes": {
            "arn": "arn:aws:events:eu-west-1:804448413129:event-bus/aft-events-from-ct-management",
            "batch_target": [],
            "dead_letter_config": [],
            "ecs_target": [],
            "event_bus_name": "default",
            "http_target": [],
            "id": "aft-capture-ct-events-terraform-20230227184736019800000001",
            "input": "",
            "input_path": "",
            "input_transformer": [],
            "kinesis_target": [],
            "redshift_target": [],
            "retry_policy": [],
            "role_arn": "arn:aws:iam::850516820997:role/aft-control-tower-events-rule",
            "rule": "aft-capture-ct-events",
            "run_command_targets": [],
            "sqs_target": [],
            "target_id": "terraform-20230227184736019800000001"
          },
          "sensitive_attributes": [],
          "private": "eyJzY2hlbWFfdmVyc2lvbiI6IjEifQ==",
          "dependencies": [
            "module.aft.data.aws_partition.current",
            "module.aft.module.aft_account_request_framework.aws_cloudwatch_event_bus.aft_from_ct_management",
            "module.aft.module.aft_account_request_framework.aws_cloudwatch_event_rule.aft_control_tower_events",
            "module.aft.module.aft_account_request_framework.aws_iam_role.aft_control_tower_events"
          ]
        }
      ]
    },
    {
      "module": "module.aft.module.aft_account_request_framework",
      "mode": "managed",
      "type": "aws_cloudwatch_log_group",
      "name": "aft_account_request_action_trigger",
      "provider": "module.aft.provider[\"registry.terraform.io/hashicorp/aws\"].aft_management",
      "instances": [
        {
          "schema_version": 0,
          "attributes": {
            "arn": "arn:aws:logs:eu-west-1:804448413129:log-group:/aws/lambda/aft-account-request-action-trigger",
            "id": "/aws/lambda/aft-account-request-action-trigger",
            "kms_key_id": "",
            "name": "/aws/lambda/aft-account-request-action-trigger",
            "name_prefix": "",
            "retention_in_days": 0,
            "skip_destroy": false,
            "tags": null,
            "tags_all": {
              "managed_by": "AFT"
            }
          },
          "sensitive_attributes": [],
          "private": "bnVsbA==",
          "dependencies": [
            "module.aft.data.aws_partition.current",
            "module.aft.data.local_file.version",
            "module.aft.module.aft_account_request_framework.aws_iam_role.aft_account_request_action_trigger",
            "module.aft.module.aft_account_request_framework.aws_kms_key.aft",
            "module.aft.module.aft_account_request_framework.aws_lambda_function.aft_account_request_action_trigger",
            "module.aft.module.aft_account_request_framework.aws_security_group.aft_vpc_default_sg",
            "module.aft.module.aft_account_request_framework.aws_subnet.aft_vpc_private_subnet_01",
            "module.aft.module.aft_account_request_framework.aws_subnet.aft_vpc_private_subnet_02",
            "module.aft.module.aft_account_request_framework.aws_vpc.aft_vpc",
            "module.aft.module.aft_account_request_framework.data.aws_availability_zones.available",
            "module.aft.module.aft_customizations.aws_s3_bucket.aft_codepipeline_customizations_bucket",
            "module.aft.module.aft_customizations.data.aws_caller_identity.current",
            "module.aft.module.aft_lambda_layer.aws_codebuild_project.codebuild",
            "module.aft.module.aft_lambda_layer.aws_iam_role.codebuild",
            "module.aft.module.aft_lambda_layer.aws_iam_role.codebuild_invoker_lambda_role",
            "module.aft.module.aft_lambda_layer.aws_lambda_function.codebuild_invoker",
            "module.aft.module.aft_lambda_layer.aws_lambda_layer_version.layer_version",
            "module.aft.module.aft_lambda_layer.data.aws_lambda_invocation.invoke_codebuild_job",
            "module.aft.module.aft_lambda_layer.data.aws_partition.current",
            "module.aft.module.aft_lambda_layer.data.local_file.aft_lambda_layer",
            "module.aft.module.aft_lambda_layer.random_string.resource_suffix",
            "module.aft.module.packaging.data.archive_file.builder",
            "module.aft.module.packaging.data.archive_file.request_framework"
          ]
        }
      ]
    },
    {
      "module": "module.aft.module.aft_account_request_framework",
      "mode": "managed",
      "type": "aws_cloudwatch_log_group",
      "name": "aft_account_request_audit_trigger",
      "provider": "module.aft.provider[\"registry.terraform.io/hashicorp/aws\"].aft_management",
      "instances": [
        {
          "schema_version": 0,
          "attributes": {
            "arn": "arn:aws:logs:eu-west-1:804448413129:log-group:/aws/lambda/aft-account-request-audit-trigger",
            "id": "/aws/lambda/aft-account-request-audit-trigger",
            "kms_key_id": "",
            "name": "/aws/lambda/aft-account-request-audit-trigger",
            "name_prefix": "",
            "retention_in_days": 0,
            "skip_destroy": false,
            "tags": null,
            "tags_all": {
              "managed_by": "AFT"
            }
          },
          "sensitive_attributes": [],
          "private": "bnVsbA==",
          "dependencies": [
            "module.aft.data.aws_partition.current",
            "module.aft.data.local_file.version",
            "module.aft.module.aft_account_request_framework.aws_iam_role.aft_account_request_audit_trigger",
            "module.aft.module.aft_account_request_framework.aws_kms_key.aft",
            "module.aft.module.aft_account_request_framework.aws_lambda_function.aft_account_request_audit_trigger",
            "module.aft.module.aft_account_request_framework.aws_security_group.aft_vpc_default_sg",
            "module.aft.module.aft_account_request_framework.aws_subnet.aft_vpc_private_subnet_01",
            "module.aft.module.aft_account_request_framework.aws_subnet.aft_vpc_private_subnet_02",
            "module.aft.module.aft_account_request_framework.aws_vpc.aft_vpc",
            "module.aft.module.aft_account_request_framework.data.aws_availability_zones.available",
            "module.aft.module.aft_customizations.aws_s3_bucket.aft_codepipeline_customizations_bucket",
            "module.aft.module.aft_customizations.data.aws_caller_identity.current",
            "module.aft.module.aft_lambda_layer.aws_codebuild_project.codebuild",
            "module.aft.module.aft_lambda_layer.aws_iam_role.codebuild",
            "module.aft.module.aft_lambda_layer.aws_iam_role.codebuild_invoker_lambda_role",
            "module.aft.module.aft_lambda_layer.aws_lambda_function.codebuild_invoker",
            "module.aft.module.aft_lambda_layer.aws_lambda_layer_version.layer_version",
            "module.aft.module.aft_lambda_layer.data.aws_lambda_invocation.invoke_codebuild_job",
            "module.aft.module.aft_lambda_layer.data.aws_partition.current",
            "module.aft.module.aft_lambda_layer.data.local_file.aft_lambda_layer",
            "module.aft.module.aft_lambda_layer.random_string.resource_suffix",
            "module.aft.module.packaging.data.archive_file.builder",
            "module.aft.module.packaging.data.archive_file.request_framework"
          ]
        }
      ]
    },
    {
      "module": "module.aft.module.aft_account_request_framework",
      "mode": "managed",
      "type": "aws_cloudwatch_log_group",
      "name": "aft_account_request_processor",
      "provider": "module.aft.provider[\"registry.terraform.io/hashicorp/aws\"].aft_management",
      "instances": [
        {
          "schema_version": 0,
          "attributes": {
            "arn": "arn:aws:logs:eu-west-1:804448413129:log-group:/aws/lambda/aft-account-request-processor",
            "id": "/aws/lambda/aft-account-request-processor",
            "kms_key_id": "",
            "name": "/aws/lambda/aft-account-request-processor",
            "name_prefix": "",
            "retention_in_days": 0,
            "skip_destroy": false,
            "tags": null,
            "tags_all": {
              "managed_by": "AFT"
            }
          },
          "sensitive_attributes": [],
          "private": "bnVsbA==",
          "dependencies": [
            "module.aft.data.aws_partition.current",
            "module.aft.data.local_file.version",
            "module.aft.module.aft_account_request_framework.aws_iam_role.aft_account_request_processor",
            "module.aft.module.aft_account_request_framework.aws_kms_key.aft",
            "module.aft.module.aft_account_request_framework.aws_lambda_function.aft_account_request_processor",
            "module.aft.module.aft_account_request_framework.aws_security_group.aft_vpc_default_sg",
            "module.aft.module.aft_account_request_framework.aws_subnet.aft_vpc_private_subnet_01",
            "module.aft.module.aft_account_request_framework.aws_subnet.aft_vpc_private_subnet_02",
            "module.aft.module.aft_account_request_framework.aws_vpc.aft_vpc",
            "module.aft.module.aft_account_request_framework.data.aws_availability_zones.available",
            "module.aft.module.aft_customizations.aws_s3_bucket.aft_codepipeline_customizations_bucket",
            "module.aft.module.aft_customizations.data.aws_caller_identity.current",
            "module.aft.module.aft_lambda_layer.aws_codebuild_project.codebuild",
            "module.aft.module.aft_lambda_layer.aws_iam_role.codebuild",
            "module.aft.module.aft_lambda_layer.aws_iam_role.codebuild_invoker_lambda_role",
            "module.aft.module.aft_lambda_layer.aws_lambda_function.codebuild_invoker",
            "module.aft.module.aft_lambda_layer.aws_lambda_layer_version.layer_version",
            "module.aft.module.aft_lambda_layer.data.aws_lambda_invocation.invoke_codebuild_job",
            "module.aft.module.aft_lambda_layer.data.aws_partition.current",
            "module.aft.module.aft_lambda_layer.data.local_file.aft_lambda_layer",
            "module.aft.module.aft_lambda_layer.random_string.resource_suffix",
            "module.aft.module.packaging.data.archive_file.builder",
            "module.aft.module.packaging.data.archive_file.request_framework"
          ]
        }
      ]
    },
    {
      "module": "module.aft.module.aft_account_request_framework",
      "mode": "managed",
      "type": "aws_cloudwatch_log_group",
      "name": "aft_cleanup_resources",
      "provider": "module.aft.provider[\"registry.terraform.io/hashicorp/aws\"].aft_management",
      "instances": [
        {
          "schema_version": 0,
          "attributes": {
            "arn": "arn:aws:logs:eu-west-1:804448413129:log-group:/aws/lambda/aft-cleanup-resources",
            "id": "/aws/lambda/aft-cleanup-resources",
            "kms_key_id": "",
            "name": "/aws/lambda/aft-cleanup-resources",
            "name_prefix": "",
            "retention_in_days": 0,
            "skip_destroy": false,
            "tags": null,
            "tags_all": {
              "managed_by": "AFT"
            }
          },
          "sensitive_attributes": [],
          "private": "bnVsbA==",
          "dependencies": [
            "module.aft.data.aws_partition.current",
            "module.aft.data.local_file.version",
            "module.aft.module.aft_account_request_framework.aws_iam_role.aft_cleanup_resources",
            "module.aft.module.aft_account_request_framework.aws_kms_key.aft",
            "module.aft.module.aft_account_request_framework.aws_lambda_function.aft_cleanup_resources",
            "module.aft.module.aft_account_request_framework.aws_security_group.aft_vpc_default_sg",
            "module.aft.module.aft_account_request_framework.aws_subnet.aft_vpc_private_subnet_01",
            "module.aft.module.aft_account_request_framework.aws_subnet.aft_vpc_private_subnet_02",
            "module.aft.module.aft_account_request_framework.aws_vpc.aft_vpc",
            "module.aft.module.aft_account_request_framework.data.aws_availability_zones.available",
            "module.aft.module.aft_customizations.aws_s3_bucket.aft_codepipeline_customizations_bucket",
            "module.aft.module.aft_customizations.data.aws_caller_identity.current",
            "module.aft.module.aft_lambda_layer.aws_codebuild_project.codebuild",
            "module.aft.module.aft_lambda_layer.aws_iam_role.codebuild",
            "module.aft.module.aft_lambda_layer.aws_iam_role.codebuild_invoker_lambda_role",
            "module.aft.module.aft_lambda_layer.aws_lambda_function.codebuild_invoker",
            "module.aft.module.aft_lambda_layer.aws_lambda_layer_version.layer_version",
            "module.aft.module.aft_lambda_layer.data.aws_lambda_invocation.invoke_codebuild_job",
            "module.aft.module.aft_lambda_layer.data.aws_partition.current",
            "module.aft.module.aft_lambda_layer.data.local_file.aft_lambda_layer",
            "module.aft.module.aft_lambda_layer.random_string.resource_suffix",
            "module.aft.module.packaging.data.archive_file.builder",
            "module.aft.module.packaging.data.archive_file.request_framework"
          ]
        }
      ]
    },
    {
      "module": "module.aft.module.aft_account_request_framework",
      "mode": "managed",
      "type": "aws_cloudwatch_log_group",
      "name": "aft_controltower_event_logger",
      "provider": "module.aft.provider[\"registry.terraform.io/hashicorp/aws\"].aft_management",
      "instances": [
        {
          "schema_version": 0,
          "attributes": {
            "arn": "arn:aws:logs:eu-west-1:804448413129:log-group:/aws/lambda/aft-controltower-event-logger",
            "id": "/aws/lambda/aft-controltower-event-logger",
            "kms_key_id": "",
            "name": "/aws/lambda/aft-controltower-event-logger",
            "name_prefix": "",
            "retention_in_days": 0,
            "skip_destroy": false,
            "tags": null,
            "tags_all": {
              "managed_by": "AFT"
            }
          },
          "sensitive_attributes": [],
          "private": "bnVsbA==",
          "dependencies": [
            "module.aft.data.aws_partition.current",
            "module.aft.data.local_file.version",
            "module.aft.module.aft_account_request_framework.aws_iam_role.aft_controltower_event_logger",
            "module.aft.module.aft_account_request_framework.aws_kms_key.aft",
            "module.aft.module.aft_account_request_framework.aws_lambda_function.aft_controltower_event_logger",
            "module.aft.module.aft_account_request_framework.aws_security_group.aft_vpc_default_sg",
            "module.aft.module.aft_account_request_framework.aws_subnet.aft_vpc_private_subnet_01",
            "module.aft.module.aft_account_request_framework.aws_subnet.aft_vpc_private_subnet_02",
            "module.aft.module.aft_account_request_framework.aws_vpc.aft_vpc",
            "module.aft.module.aft_account_request_framework.data.aws_availability_zones.available",
            "module.aft.module.aft_customizations.aws_s3_bucket.aft_codepipeline_customizations_bucket",
            "module.aft.module.aft_customizations.data.aws_caller_identity.current",
            "module.aft.module.aft_lambda_layer.aws_codebuild_project.codebuild",
            "module.aft.module.aft_lambda_layer.aws_iam_role.codebuild",
            "module.aft.module.aft_lambda_layer.aws_iam_role.codebuild_invoker_lambda_role",
            "module.aft.module.aft_lambda_layer.aws_lambda_function.codebuild_invoker",
            "module.aft.module.aft_lambda_layer.aws_lambda_layer_version.layer_version",
            "module.aft.module.aft_lambda_layer.data.aws_lambda_invocation.invoke_codebuild_job",
            "module.aft.module.aft_lambda_layer.data.aws_partition.current",
            "module.aft.module.aft_lambda_layer.data.local_file.aft_lambda_layer",
            "module.aft.module.aft_lambda_layer.random_string.resource_suffix",
            "module.aft.module.packaging.data.archive_file.builder",
            "module.aft.module.packaging.data.archive_file.request_framework"
          ]
        }
      ]
    },
    {
      "module": "module.aft.module.aft_account_request_framework",
      "mode": "managed",
      "type": "aws_cloudwatch_log_group",
      "name": "aft_invoke_aft_account_provisioning_framework",
      "provider": "module.aft.provider[\"registry.terraform.io/hashicorp/aws\"].aft_management",
      "instances": [
        {
          "schema_version": 0,
          "attributes": {
            "arn": "arn:aws:logs:eu-west-1:804448413129:log-group:/aws/lambda/aft-invoke-aft-account-provisioning-framework",
            "id": "/aws/lambda/aft-invoke-aft-account-provisioning-framework",
            "kms_key_id": "",
            "name": "/aws/lambda/aft-invoke-aft-account-provisioning-framework",
            "name_prefix": "",
            "retention_in_days": 0,
            "skip_destroy": false,
            "tags": null,
            "tags_all": {
              "managed_by": "AFT"
            }
          },
          "sensitive_attributes": [],
          "private": "bnVsbA==",
          "dependencies": [
            "module.aft.data.aws_partition.current",
            "module.aft.data.local_file.version",
            "module.aft.module.aft_account_request_framework.aws_iam_role.aft_invoke_aft_account_provisioning_framework",
            "module.aft.module.aft_account_request_framework.aws_kms_key.aft",
            "module.aft.module.aft_account_request_framework.aws_lambda_function.aft_invoke_aft_account_provisioning_framework",
            "module.aft.module.aft_account_request_framework.aws_security_group.aft_vpc_default_sg",
            "module.aft.module.aft_account_request_framework.aws_subnet.aft_vpc_private_subnet_01",
            "module.aft.module.aft_account_request_framework.aws_subnet.aft_vpc_private_subnet_02",
            "module.aft.module.aft_account_request_framework.aws_vpc.aft_vpc",
            "module.aft.module.aft_account_request_framework.data.aws_availability_zones.available",
            "module.aft.module.aft_customizations.aws_s3_bucket.aft_codepipeline_customizations_bucket",
            "module.aft.module.aft_customizations.data.aws_caller_identity.current",
            "module.aft.module.aft_lambda_layer.aws_codebuild_project.codebuild",
            "module.aft.module.aft_lambda_layer.aws_iam_role.codebuild",
            "module.aft.module.aft_lambda_layer.aws_iam_role.codebuild_invoker_lambda_role",
            "module.aft.module.aft_lambda_layer.aws_lambda_function.codebuild_invoker",
            "module.aft.module.aft_lambda_layer.aws_lambda_layer_version.layer_version",
            "module.aft.module.aft_lambda_layer.data.aws_lambda_invocation.invoke_codebuild_job",
            "module.aft.module.aft_lambda_layer.data.aws_partition.current",
            "module.aft.module.aft_lambda_layer.data.local_file.aft_lambda_layer",
            "module.aft.module.aft_lambda_layer.random_string.resource_suffix",
            "module.aft.module.packaging.data.archive_file.builder",
            "module.aft.module.packaging.data.archive_file.request_framework"
          ]
        }
      ]
    },
    {
      "module": "module.aft.module.aft_account_request_framework",
      "mode": "managed",
      "type": "aws_dynamodb_table",
      "name": "aft_controltower_events",
      "provider": "module.aft.provider[\"registry.terraform.io/hashicorp/aws\"].aft_management",
      "instances": [
        {
          "schema_version": 1,
          "attributes": {
            "arn": "arn:aws:dynamodb:eu-west-1:804448413129:table/aft-controltower-events",
            "attribute": [
              {
                "name": "id",
                "type": "S"
              },
              {
                "name": "time",
                "type": "S"
              }
            ],
            "billing_mode": "PROVISIONED",
            "global_secondary_index": [],
            "hash_key": "id",
            "id": "aft-controltower-events",
            "local_secondary_index": [],
            "name": "aft-controltower-events",
            "point_in_time_recovery": [
              {
                "enabled": true
              }
            ],
            "range_key": "time",
            "read_capacity": 5,
            "replica": [],
            "restore_date_time": null,
            "restore_source_name": null,
            "restore_to_latest_time": null,
            "server_side_encryption": [
              {
                "enabled": true,
                "kms_key_arn": "arn:aws:kms:eu-west-1:804448413129:key/207fe238-7aba-4608-9ba2-1da2f28b1578"
              }
            ],
            "stream_arn": "arn:aws:dynamodb:eu-west-1:804448413129:table/aft-controltower-events/stream/2023-02-27T18:47:39.711",
            "stream_enabled": true,
            "stream_label": "2023-02-27T18:47:39.711",
            "stream_view_type": "NEW_AND_OLD_IMAGES",
            "table_class": "",
            "tags": null,
            "tags_all": {
              "managed_by": "AFT"
            },
            "timeouts": null,
            "ttl": [
              {
                "attribute_name": "",
                "enabled": false
              }
            ],
            "write_capacity": 5
          },
          "sensitive_attributes": [],
          "private": "eyJlMmJmYjczMC1lY2FhLTExZTYtOGY4OC0zNDM2M2JjN2M0YzAiOnsiY3JlYXRlIjoxODAwMDAwMDAwMDAwLCJkZWxldGUiOjYwMDAwMDAwMDAwMCwidXBkYXRlIjozNjAwMDAwMDAwMDAwfSwic2NoZW1hX3ZlcnNpb24iOiIxIn0=",
          "dependencies": [
            "module.aft.data.aws_partition.current",
            "module.aft.module.aft_account_request_framework.aws_kms_key.aft"
          ]
        }
      ]
    },
    {
      "module": "module.aft.module.aft_account_request_framework",
      "mode": "managed",
      "type": "aws_dynamodb_table",
      "name": "aft_request",
      "provider": "module.aft.provider[\"registry.terraform.io/hashicorp/aws\"].aft_management",
      "instances": [
        {
          "schema_version": 1,
          "attributes": {
            "arn": "arn:aws:dynamodb:eu-west-1:804448413129:table/aft-request",
            "attribute": [
              {
                "name": "id",
                "type": "S"
              }
            ],
            "billing_mode": "PROVISIONED",
            "global_secondary_index": [],
            "hash_key": "id",
            "id": "aft-request",
            "local_secondary_index": [],
            "name": "aft-request",
            "point_in_time_recovery": [
              {
                "enabled": true
              }
            ],
            "range_key": null,
            "read_capacity": 1,
            "replica": [],
            "restore_date_time": null,
            "restore_source_name": null,
            "restore_to_latest_time": null,
            "server_side_encryption": [
              {
                "enabled": true,
                "kms_key_arn": "arn:aws:kms:eu-west-1:804448413129:key/207fe238-7aba-4608-9ba2-1da2f28b1578"
              }
            ],
            "stream_arn": "arn:aws:dynamodb:eu-west-1:804448413129:table/aft-request/stream/2023-02-27T18:47:39.401",
            "stream_enabled": true,
            "stream_label": "2023-02-27T18:47:39.401",
            "stream_view_type": "NEW_AND_OLD_IMAGES",
            "table_class": "",
            "tags": null,
            "tags_all": {
              "managed_by": "AFT"
            },
            "timeouts": null,
            "ttl": [
              {
                "attribute_name": "",
                "enabled": false
              }
            ],
            "write_capacity": 1
          },
          "sensitive_attributes": [],
          "private": "eyJlMmJmYjczMC1lY2FhLTExZTYtOGY4OC0zNDM2M2JjN2M0YzAiOnsiY3JlYXRlIjoxODAwMDAwMDAwMDAwLCJkZWxldGUiOjYwMDAwMDAwMDAwMCwidXBkYXRlIjozNjAwMDAwMDAwMDAwfSwic2NoZW1hX3ZlcnNpb24iOiIxIn0=",
          "dependencies": [
            "module.aft.data.aws_partition.current",
            "module.aft.module.aft_account_request_framework.aws_kms_key.aft"
          ]
        }
      ]
    },
    {
      "module": "module.aft.module.aft_account_request_framework",
      "mode": "managed",
      "type": "aws_dynamodb_table",
      "name": "aft_request_audit",
      "provider": "module.aft.provider[\"registry.terraform.io/hashicorp/aws\"].aft_management",
      "instances": [
        {
          "schema_version": 1,
          "attributes": {
            "arn": "arn:aws:dynamodb:eu-west-1:804448413129:table/aft-request-audit",
            "attribute": [
              {
                "name": "id",
                "type": "S"
              },
              {
                "name": "timestamp",
                "type": "S"
              }
            ],
            "billing_mode": "PROVISIONED",
            "global_secondary_index": [],
            "hash_key": "id",
            "id": "aft-request-audit",
            "local_secondary_index": [],
            "name": "aft-request-audit",
            "point_in_time_recovery": [
              {
                "enabled": true
              }
            ],
            "range_key": "timestamp",
            "read_capacity": 1,
            "replica": [],
            "restore_date_time": null,
            "restore_source_name": null,
            "restore_to_latest_time": null,
            "server_side_encryption": [
              {
                "enabled": true,
                "kms_key_arn": "arn:aws:kms:eu-west-1:804448413129:key/207fe238-7aba-4608-9ba2-1da2f28b1578"
              }
            ],
            "stream_arn": "arn:aws:dynamodb:eu-west-1:804448413129:table/aft-request-audit/stream/2023-02-27T18:47:39.737",
            "stream_enabled": true,
            "stream_label": "2023-02-27T18:47:39.737",
            "stream_view_type": "NEW_AND_OLD_IMAGES",
            "table_class": "",
            "tags": null,
            "tags_all": {
              "managed_by": "AFT"
            },
            "timeouts": null,
            "ttl": [
              {
                "attribute_name": "",
                "enabled": false
              }
            ],
            "write_capacity": 1
          },
          "sensitive_attributes": [],
          "private": "eyJlMmJmYjczMC1lY2FhLTExZTYtOGY4OC0zNDM2M2JjN2M0YzAiOnsiY3JlYXRlIjoxODAwMDAwMDAwMDAwLCJkZWxldGUiOjYwMDAwMDAwMDAwMCwidXBkYXRlIjozNjAwMDAwMDAwMDAwfSwic2NoZW1hX3ZlcnNpb24iOiIxIn0=",
          "dependencies": [
            "module.aft.data.aws_partition.current",
            "module.aft.module.aft_account_request_framework.aws_kms_key.aft"
          ]
        }
      ]
    },
    {
      "module": "module.aft.module.aft_account_request_framework",
      "mode": "managed",
      "type": "aws_dynamodb_table",
      "name": "aft_request_metadata",
      "provider": "module.aft.provider[\"registry.terraform.io/hashicorp/aws\"].aft_management",
      "instances": [
        {
          "schema_version": 1,
          "attributes": {
            "arn": "arn:aws:dynamodb:eu-west-1:804448413129:table/aft-request-metadata",
            "attribute": [
              {
                "name": "email",
                "type": "S"
              },
              {
                "name": "id",
                "type": "S"
              },
              {
                "name": "type",
                "type": "S"
              }
            ],
            "billing_mode": "PROVISIONED",
            "global_secondary_index": [
              {
                "hash_key": "email",
                "name": "emailIndex",
                "non_key_attributes": [
                  "id"
                ],
                "projection_type": "INCLUDE",
                "range_key": "",
                "read_capacity": 1,
                "write_capacity": 1
              },
              {
                "hash_key": "type",
                "name": "typeIndex",
                "non_key_attributes": [],
                "projection_type": "ALL",
                "range_key": "",
                "read_capacity": 1,
                "write_capacity": 1
              }
            ],
            "hash_key": "id",
            "id": "aft-request-metadata",
            "local_secondary_index": [],
            "name": "aft-request-metadata",
            "point_in_time_recovery": [
              {
                "enabled": true
              }
            ],
            "range_key": null,
            "read_capacity": 1,
            "replica": [],
            "restore_date_time": null,
            "restore_source_name": null,
            "restore_to_latest_time": null,
            "server_side_encryption": [
              {
                "enabled": true,
                "kms_key_arn": "arn:aws:kms:eu-west-1:804448413129:key/207fe238-7aba-4608-9ba2-1da2f28b1578"
              }
            ],
            "stream_arn": "",
            "stream_enabled": false,
            "stream_label": "",
            "stream_view_type": "",
            "table_class": "",
            "tags": null,
            "tags_all": {
              "managed_by": "AFT"
            },
            "timeouts": null,
            "ttl": [
              {
                "attribute_name": "",
                "enabled": false
              }
            ],
            "write_capacity": 1
          },
          "sensitive_attributes": [],
          "private": "eyJlMmJmYjczMC1lY2FhLTExZTYtOGY4OC0zNDM2M2JjN2M0YzAiOnsiY3JlYXRlIjoxODAwMDAwMDAwMDAwLCJkZWxldGUiOjYwMDAwMDAwMDAwMCwidXBkYXRlIjozNjAwMDAwMDAwMDAwfSwic2NoZW1hX3ZlcnNpb24iOiIxIn0=",
          "dependencies": [
            "module.aft.data.aws_partition.current",
            "module.aft.module.aft_account_request_framework.aws_kms_key.aft"
          ]
        }
      ]
    },
    {
      "module": "module.aft.module.aft_account_request_framework",
      "mode": "managed",
      "type": "aws_eip",
      "name": "aft-vpc-natgw-01",
      "provider": "module.aft.provider[\"registry.terraform.io/hashicorp/aws\"].aft_management",
      "instances": [
        {
          "schema_version": 0,
          "attributes": {
            "address": null,
            "allocation_id": "eipalloc-002b20caeda954b8f",
            "associate_with_private_ip": null,
            "association_id": "",
            "carrier_ip": "",
            "customer_owned_ip": "",
            "customer_owned_ipv4_pool": "",
            "domain": "vpc",
            "id": "eipalloc-002b20caeda954b8f",
            "instance": "",
            "network_border_group": "eu-west-1",
            "network_interface": "",
            "private_dns": null,
            "private_ip": "",
            "public_dns": "ec2-54-72-44-194.eu-west-1.compute.amazonaws.com",
            "public_ip": "54.72.44.194",
            "public_ipv4_pool": "amazon",
            "tags": null,
            "tags_all": {
              "managed_by": "AFT"
            },
            "timeouts": null,
            "vpc": true
          },
          "sensitive_attributes": [],
          "private": "eyJlMmJmYjczMC1lY2FhLTExZTYtOGY4OC0zNDM2M2JjN2M0YzAiOnsiZGVsZXRlIjoxODAwMDAwMDAwMDAsInJlYWQiOjkwMDAwMDAwMDAwMCwidXBkYXRlIjozMDAwMDAwMDAwMDB9fQ==",
          "dependencies": [
            "module.aft.data.aws_partition.current"
          ]
        }
      ]
    },
    {
      "module": "module.aft.module.aft_account_request_framework",
      "mode": "managed",
      "type": "aws_eip",
      "name": "aft-vpc-natgw-02",
      "provider": "module.aft.provider[\"registry.terraform.io/hashicorp/aws\"].aft_management",
      "instances": [
        {
          "schema_version": 0,
          "attributes": {
            "address": null,
            "allocation_id": "eipalloc-01b5f00a84f620295",
            "associate_with_private_ip": null,
            "association_id": "",
            "carrier_ip": "",
            "customer_owned_ip": "",
            "customer_owned_ipv4_pool": "",
            "domain": "vpc",
            "id": "eipalloc-01b5f00a84f620295",
            "instance": "",
            "network_border_group": "eu-west-1",
            "network_interface": "",
            "private_dns": null,
            "private_ip": "",
            "public_dns": "ec2-52-208-45-27.eu-west-1.compute.amazonaws.com",
            "public_ip": "52.208.45.27",
            "public_ipv4_pool": "amazon",
            "tags": null,
            "tags_all": {
              "managed_by": "AFT"
            },
            "timeouts": null,
            "vpc": true
          },
          "sensitive_attributes": [],
          "private": "eyJlMmJmYjczMC1lY2FhLTExZTYtOGY4OC0zNDM2M2JjN2M0YzAiOnsiZGVsZXRlIjoxODAwMDAwMDAwMDAsInJlYWQiOjkwMDAwMDAwMDAwMCwidXBkYXRlIjozMDAwMDAwMDAwMDB9fQ==",
          "dependencies": [
            "module.aft.data.aws_partition.current"
          ]
        }
      ]
    },
    {
      "module": "module.aft.module.aft_account_request_framework",
      "mode": "managed",
      "type": "aws_iam_role",
      "name": "aft_account_request_action_trigger",
      "provider": "module.aft.provider[\"registry.terraform.io/hashicorp/aws\"].aft_management",
      "instances": [
        {
          "schema_version": 0,
          "attributes": {
            "arn": "arn:aws:iam::804448413129:role/aft-lambda-account-request-action-trigger",
            "assume_role_policy": "{\"Statement\":[{\"Action\":\"sts:AssumeRole\",\"Effect\":\"Allow\",\"Principal\":{\"Service\":\"lambda.amazonaws.com\"}}],\"Version\":\"2012-10-17\"}",
            "create_date": "2023-02-27T18:47:21Z",
            "description": "",
            "force_detach_policies": false,
            "id": "aft-lambda-account-request-action-trigger",
            "inline_policy": [],
            "managed_policy_arns": [],
            "max_session_duration": 3600,
            "name": "aft-lambda-account-request-action-trigger",
            "name_prefix": "",
            "path": "/",
            "permissions_boundary": null,
            "tags": null,
            "tags_all": {
              "managed_by": "AFT"
            },
            "unique_id": "AROA3WTG4UXE5CY42WJWX"
          },
          "sensitive_attributes": [],
          "private": "bnVsbA==",
          "dependencies": [
            "module.aft.data.aws_partition.current"
          ]
        }
      ]
    },
    {
      "module": "module.aft.module.aft_account_request_framework",
      "mode": "managed",
      "type": "aws_iam_role",
      "name": "aft_account_request_audit_trigger",
      "provider": "module.aft.provider[\"registry.terraform.io/hashicorp/aws\"].aft_management",
      "instances": [
        {
          "schema_version": 0,
          "attributes": {
            "arn": "arn:aws:iam::804448413129:role/aft-lambda-account-request-audit-trigger",
            "assume_role_policy": "{\"Statement\":[{\"Action\":\"sts:AssumeRole\",\"Effect\":\"Allow\",\"Principal\":{\"Service\":\"lambda.amazonaws.com\"}}],\"Version\":\"2012-10-17\"}",
            "create_date": "2023-02-27T18:47:28Z",
            "description": "",
            "force_detach_policies": false,
            "id": "aft-lambda-account-request-audit-trigger",
            "inline_policy": [],
            "managed_policy_arns": [],
            "max_session_duration": 3600,
            "name": "aft-lambda-account-request-audit-trigger",
            "name_prefix": "",
            "path": "/",
            "permissions_boundary": null,
            "tags": null,
            "tags_all": {
              "managed_by": "AFT"
            },
            "unique_id": "AROA3WTG4UXE5WJ7P7B66"
          },
          "sensitive_attributes": [],
          "private": "bnVsbA==",
          "dependencies": [
            "module.aft.data.aws_partition.current"
          ]
        }
      ]
    },
    {
      "module": "module.aft.module.aft_account_request_framework",
      "mode": "managed",
      "type": "aws_iam_role",
      "name": "aft_account_request_processor",
      "provider": "module.aft.provider[\"registry.terraform.io/hashicorp/aws\"].aft_management",
      "instances": [
        {
          "schema_version": 0,
          "attributes": {
            "arn": "arn:aws:iam::804448413129:role/aft-lambda-account-request-processor",
            "assume_role_policy": "{\"Statement\":[{\"Action\":\"sts:AssumeRole\",\"Effect\":\"Allow\",\"Principal\":{\"Service\":\"lambda.amazonaws.com\"}}],\"Version\":\"2012-10-17\"}",
            "create_date": "2023-02-27T18:47:17Z",
            "description": "",
            "force_detach_policies": false,
            "id": "aft-lambda-account-request-processor",
            "inline_policy": [],
            "managed_policy_arns": [],
            "max_session_duration": 3600,
            "name": "aft-lambda-account-request-processor",
            "name_prefix": "",
            "path": "/",
            "permissions_boundary": null,
            "tags": null,
            "tags_all": {
              "managed_by": "AFT"
            },
            "unique_id": "AROA3WTG4UXE5ZPI3Z7ZB"
          },
          "sensitive_attributes": [],
          "private": "bnVsbA==",
          "dependencies": [
            "module.aft.data.aws_partition.current"
          ]
        }
      ]
    },
    {
      "module": "module.aft.module.aft_account_request_framework",
      "mode": "managed",
      "type": "aws_iam_role",
      "name": "aft_aws_backup",
      "provider": "module.aft.provider[\"registry.terraform.io/hashicorp/aws\"].aft_management",
      "instances": [
        {
          "schema_version": 0,
          "attributes": {
            "arn": "arn:aws:iam::804448413129:role/aft-aws-backup",
            "assume_role_policy": "{\"Statement\":[{\"Action\":[\"sts:AssumeRole\"],\"Effect\":\"allow\",\"Principal\":{\"Service\":[\"backup.amazonaws.com\"]}}],\"Version\":\"2012-10-17\"}",
            "create_date": "2023-02-27T18:47:19Z",
            "description": "",
            "force_detach_policies": false,
            "id": "aft-aws-backup",
            "inline_policy": [],
            "managed_policy_arns": [],
            "max_session_duration": 3600,
            "name": "aft-aws-backup",
            "name_prefix": "",
            "path": "/",
            "permissions_boundary": null,
            "tags": null,
            "tags_all": {
              "managed_by": "AFT"
            },
            "unique_id": "AROA3WTG4UXEZE4OTWSXQ"
          },
          "sensitive_attributes": [],
          "private": "bnVsbA==",
          "dependencies": [
            "module.aft.data.aws_partition.current"
          ]
        }
      ]
    },
    {
      "module": "module.aft.module.aft_account_request_framework",
      "mode": "managed",
      "type": "aws_iam_role",
      "name": "aft_cleanup_resources",
      "provider": "module.aft.provider[\"registry.terraform.io/hashicorp/aws\"].aft_management",
      "instances": [
        {
          "schema_version": 0,
          "attributes": {
            "arn": "arn:aws:iam::804448413129:role/aft-lambda-cleanup-resources",
            "assume_role_policy": "{\"Statement\":[{\"Action\":\"sts:AssumeRole\",\"Effect\":\"Allow\",\"Principal\":{\"Service\":\"lambda.amazonaws.com\"}}],\"Version\":\"2012-10-17\"}",
            "create_date": "2023-02-27T18:47:20Z",
            "description": "",
            "force_detach_policies": false,
            "id": "aft-lambda-cleanup-resources",
            "inline_policy": [],
            "managed_policy_arns": [],
            "max_session_duration": 3600,
            "name": "aft-lambda-cleanup-resources",
            "name_prefix": "",
            "path": "/",
            "permissions_boundary": null,
            "tags": null,
            "tags_all": {
              "managed_by": "AFT"
            },
            "unique_id": "AROA3WTG4UXEVBK7VBW7A"
          },
          "sensitive_attributes": [],
          "private": "bnVsbA==",
          "dependencies": [
            "module.aft.data.aws_partition.current"
          ]
        }
      ]
    },
    {
      "module": "module.aft.module.aft_account_request_framework",
      "mode": "managed",
      "type": "aws_iam_role",
      "name": "aft_control_tower_events",
      "provider": "module.aft.provider[\"registry.terraform.io/hashicorp/aws\"].ct_management",
      "instances": [
        {
          "schema_version": 0,
          "attributes": {
            "arn": "arn:aws:iam::850516820997:role/aft-control-tower-events-rule",
            "assume_role_policy": "{\"Statement\":[{\"Action\":\"sts:AssumeRole\",\"Effect\":\"Allow\",\"Principal\":{\"Service\":\"events.amazonaws.com\"}}],\"Version\":\"2012-10-17\"}",
            "create_date": "2023-02-27T18:47:16Z",
            "description": "",
            "force_detach_policies": false,
            "id": "aft-control-tower-events-rule",
            "inline_policy": [],
            "managed_policy_arns": [],
            "max_session_duration": 3600,
            "name": "aft-control-tower-events-rule",
            "name_prefix": "",
            "path": "/",
            "permissions_boundary": null,
            "tags": null,
            "tags_all": {
              "managed_by": "AFT"
            },
            "unique_id": "AROA4MBWAYQC7EPGXA6M4"
          },
          "sensitive_attributes": [],
          "private": "bnVsbA=="
        }
      ]
    },
    {
      "module": "module.aft.module.aft_account_request_framework",
      "mode": "managed",
      "type": "aws_iam_role",
      "name": "aft_controltower_event_logger",
      "provider": "module.aft.provider[\"registry.terraform.io/hashicorp/aws\"].aft_management",
      "instances": [
        {
          "schema_version": 0,
          "attributes": {
            "arn": "arn:aws:iam::804448413129:role/aft-lambda-controltower-event-logger",
            "assume_role_policy": "{\"Statement\":[{\"Action\":\"sts:AssumeRole\",\"Effect\":\"Allow\",\"Principal\":{\"Service\":\"lambda.amazonaws.com\"}}],\"Version\":\"2012-10-17\"}",
            "create_date": "2023-02-27T18:47:19Z",
            "description": "",
            "force_detach_policies": false,
            "id": "aft-lambda-controltower-event-logger",
            "inline_policy": [],
            "managed_policy_arns": [],
            "max_session_duration": 3600,
            "name": "aft-lambda-controltower-event-logger",
            "name_prefix": "",
            "path": "/",
            "permissions_boundary": null,
            "tags": null,
            "tags_all": {
              "managed_by": "AFT"
            },
            "unique_id": "AROA3WTG4UXEUM3RPR73I"
          },
          "sensitive_attributes": [],
          "private": "bnVsbA==",
          "dependencies": [
            "module.aft.data.aws_partition.current"
          ]
        }
      ]
    },
    {
      "module": "module.aft.module.aft_account_request_framework",
      "mode": "managed",
      "type": "aws_iam_role",
      "name": "aft_invoke_aft_account_provisioning_framework",
      "provider": "module.aft.provider[\"registry.terraform.io/hashicorp/aws\"].aft_management",
      "instances": [
        {
          "schema_version": 0,
          "attributes": {
            "arn": "arn:aws:iam::804448413129:role/aft-lambda-invoke-aft-account-provisioning-framework",
            "assume_role_policy": "{\"Statement\":[{\"Action\":\"sts:AssumeRole\",\"Effect\":\"Allow\",\"Principal\":{\"Service\":\"lambda.amazonaws.com\"}}],\"Version\":\"2012-10-17\"}",
            "create_date": "2023-02-27T18:47:34Z",
            "description": "",
            "force_detach_policies": false,
            "id": "aft-lambda-invoke-aft-account-provisioning-framework",
            "inline_policy": [],
            "managed_policy_arns": [],
            "max_session_duration": 3600,
            "name": "aft-lambda-invoke-aft-account-provisioning-framework",
            "name_prefix": "",
            "path": "/",
            "permissions_boundary": null,
            "tags": null,
            "tags_all": {
              "managed_by": "AFT"
            },
            "unique_id": "AROA3WTG4UXE6XVDXJPYF"
          },
          "sensitive_attributes": [],
          "private": "bnVsbA==",
          "dependencies": [
            "module.aft.data.aws_partition.current"
          ]
        }
      ]
    },
    {
      "module": "module.aft.module.aft_account_request_framework",
      "mode": "managed",
      "type": "aws_iam_role_policy",
      "name": "aft_account_request_action_trigger",
      "provider": "module.aft.provider[\"registry.terraform.io/hashicorp/aws\"].aft_management",
      "instances": [
        {
          "schema_version": 0,
          "attributes": {
            "id": "aft-lambda-account-request-action-trigger:aft-account-request-action-trigger",
            "name": "aft-account-request-action-trigger",
            "name_prefix": null,
            "policy": "{\"Version\":\"2012-10-17\",\"Statement\":[{\"Action\":[\"dynamodb:PutItem\",\"dynamodb:Query\"],\"Effect\":\"Allow\",\"Resource\":\"arn:aws:dynamodb:eu-west-1:804448413129:table/aft-request-audit\"},{\"Action\":[\"lambda:InvokeFunction\"],\"Effect\":\"Allow\",\"Resource\":[\"arn:aws:lambda:eu-west-1:804448413129:function:aft-invoke-aft-account-provisioning-framework\",\"arn:aws:lambda:eu-west-1:804448413129:function:aft-cleanup-resources\"]},{\"Action\":[\"dynamodb:GetShardIterator\",\"dynamodb:DescribeStream\",\"dynamodb:GetRecords\",\"dynamodb:ListShards\",\"dynamodb:ListStreams\",\"sqs:SendMessage\"],\"Effect\":\"Allow\",\"Resource\":[\"arn:aws:dynamodb:eu-west-1:804448413129:table/aft-request/stream/*\",\"arn:aws:sqs:eu-west-1:804448413129:aft-account-request.fifo\"]},{\"Action\":\"dynamodb:ListStreams\",\"Effect\":\"Allow\",\"Resource\":\"*\"},{\"Action\":\"ssm:GetParameter\",\"Effect\":\"Allow\",\"Resource\":[\"arn:aws:ssm:eu-west-1:804448413129:parameter/aft/*\"]},{\"Action\":[\"sns:Publish\"],\"Effect\":\"Allow\",\"Resource\":[\"arn:aws:sns:eu-west-1:804448413129:aft-notifications\",\"arn:aws:sns:eu-west-1:804448413129:aft-failure-notifications\"]},{\"Action\":[\"kms:GenerateDataKey\",\"kms:Encrypt\",\"kms:Decrypt\"],\"Effect\":\"Allow\",\"Resource\":[\"arn:aws:kms:eu-west-1:804448413129:key/207fe238-7aba-4608-9ba2-1da2f28b1578\",\"arn:aws:kms:eu-west-1:804448413129:alias/aws/sns\"]},{\"Action\":[\"sts:AssumeRole\"],\"Effect\":\"Allow\",\"Resource\":[\"arn:aws:iam::804448413129:role/AWSAFTAdmin\"]}]}",
            "role": "aft-lambda-account-request-action-trigger"
          },
          "sensitive_attributes": [],
          "private": "bnVsbA==",
          "dependencies": [
            "module.aft.data.aws_partition.current",
            "module.aft.data.local_file.version",
            "module.aft.module.aft_account_request_framework.aws_dynamodb_table.aft_request",
            "module.aft.module.aft_account_request_framework.aws_dynamodb_table.aft_request_audit",
            "module.aft.module.aft_account_request_framework.aws_iam_role.aft_account_request_action_trigger",
            "module.aft.module.aft_account_request_framework.aws_iam_role.aft_cleanup_resources",
            "module.aft.module.aft_account_request_framework.aws_iam_role.aft_invoke_aft_account_provisioning_framework",
            "module.aft.module.aft_account_request_framework.aws_kms_alias.aft",
            "module.aft.module.aft_account_request_framework.aws_kms_key.aft",
            "module.aft.module.aft_account_request_framework.aws_lambda_function.aft_cleanup_resources",
            "module.aft.module.aft_account_request_framework.aws_lambda_function.aft_invoke_aft_account_provisioning_framework",
            "module.aft.module.aft_account_request_framework.aws_security_group.aft_vpc_default_sg",
            "module.aft.module.aft_account_request_framework.aws_sns_topic.aft_failure_notifications",
            "module.aft.module.aft_account_request_framework.aws_sns_topic.aft_notifications",
            "module.aft.module.aft_account_request_framework.aws_sqs_queue.aft_account_request",
            "module.aft.module.aft_account_request_framework.aws_sqs_queue.aft_account_request_dlq",
            "module.aft.module.aft_account_request_framework.aws_subnet.aft_vpc_private_subnet_01",
            "module.aft.module.aft_account_request_framework.aws_subnet.aft_vpc_private_subnet_02",
            "module.aft.module.aft_account_request_framework.aws_vpc.aft_vpc",
            "module.aft.module.aft_account_request_framework.data.aws_availability_zones.available",
            "module.aft.module.aft_account_request_framework.data.aws_caller_identity.aft-management",
            "module.aft.module.aft_account_request_framework.data.aws_partition.current",
            "module.aft.module.aft_account_request_framework.data.aws_region.aft-management",
            "module.aft.module.aft_customizations.aws_s3_bucket.aft_codepipeline_customizations_bucket",
            "module.aft.module.aft_customizations.data.aws_caller_identity.current",
            "module.aft.module.aft_lambda_layer.aws_codebuild_project.codebuild",
            "module.aft.module.aft_lambda_layer.aws_iam_role.codebuild",
            "module.aft.module.aft_lambda_layer.aws_iam_role.codebuild_invoker_lambda_role",
            "module.aft.module.aft_lambda_layer.aws_lambda_function.codebuild_invoker",
            "module.aft.module.aft_lambda_layer.aws_lambda_layer_version.layer_version",
            "module.aft.module.aft_lambda_layer.data.aws_lambda_invocation.invoke_codebuild_job",
            "module.aft.module.aft_lambda_layer.data.aws_partition.current",
            "module.aft.module.aft_lambda_layer.data.local_file.aft_lambda_layer",
            "module.aft.module.aft_lambda_layer.random_string.resource_suffix",
            "module.aft.module.packaging.data.archive_file.builder",
            "module.aft.module.packaging.data.archive_file.request_framework"
          ]
        }
      ]
    },
    {
      "module": "module.aft.module.aft_account_request_framework",
      "mode": "managed",
      "type": "aws_iam_role_policy",
      "name": "aft_account_request_audit_trigger",
      "provider": "module.aft.provider[\"registry.terraform.io/hashicorp/aws\"].aft_management",
      "instances": [
        {
          "schema_version": 0,
          "attributes": {
            "id": "aft-lambda-account-request-audit-trigger:aft-account-request-audit-trigger",
            "name": "aft-account-request-audit-trigger",
            "name_prefix": null,
            "policy": "{\"Version\":\"2012-10-17\",\"Statement\":[{\"Action\":[\"dynamodb:GetShardIterator\",\"dynamodb:DescribeStream\",\"dynamodb:GetRecords\",\"dynamodb:ListShards\",\"dynamodb:ListStreams\"],\"Effect\":\"Allow\",\"Resource\":[\"arn:aws:dynamodb:eu-west-1:804448413129:table/aft-request/stream/*\"]},{\"Action\":[\"dynamodb:Query\",\"dynamodb:PutItem\"],\"Effect\":\"Allow\",\"Resource\":\"arn:aws:dynamodb:eu-west-1:804448413129:table/aft-request-audit\"},{\"Action\":\"dynamodb:ListStreams\",\"Effect\":\"Allow\",\"Resource\":\"*\"},{\"Action\":\"sqs:SendMessage\",\"Effect\":\"Allow\",\"Resource\":\"arn:aws:sqs:eu-west-1:804448413129:aft-account-request.fifo\"},{\"Action\":\"ssm:GetParameter\",\"Effect\":\"Allow\",\"Resource\":[\"arn:aws:ssm:eu-west-1:804448413129:parameter/aft/*\"]},{\"Action\":[\"kms:GenerateDataKey\",\"kms:Encrypt\",\"kms:Decrypt\"],\"Effect\":\"Allow\",\"Resource\":[\"arn:aws:kms:eu-west-1:804448413129:key/207fe238-7aba-4608-9ba2-1da2f28b1578\",\"arn:aws:kms:eu-west-1:804448413129:alias/aws/sns\"]},{\"Action\":[\"sns:Publish\"],\"Effect\":\"Allow\",\"Resource\":[\"arn:aws:sns:eu-west-1:804448413129:aft-notifications\",\"arn:aws:sns:eu-west-1:804448413129:aft-failure-notifications\"]}]}",
            "role": "aft-lambda-account-request-audit-trigger"
          },
          "sensitive_attributes": [],
          "private": "bnVsbA==",
          "dependencies": [
            "module.aft.data.aws_partition.current",
            "module.aft.module.aft_account_request_framework.aws_dynamodb_table.aft_request",
            "module.aft.module.aft_account_request_framework.aws_dynamodb_table.aft_request_audit",
            "module.aft.module.aft_account_request_framework.aws_iam_role.aft_account_request_audit_trigger",
            "module.aft.module.aft_account_request_framework.aws_kms_alias.aft",
            "module.aft.module.aft_account_request_framework.aws_kms_key.aft",
            "module.aft.module.aft_account_request_framework.aws_sns_topic.aft_failure_notifications",
            "module.aft.module.aft_account_request_framework.aws_sns_topic.aft_notifications",
            "module.aft.module.aft_account_request_framework.aws_sqs_queue.aft_account_request",
            "module.aft.module.aft_account_request_framework.aws_sqs_queue.aft_account_request_dlq",
            "module.aft.module.aft_account_request_framework.data.aws_caller_identity.aft-management",
            "module.aft.module.aft_account_request_framework.data.aws_partition.current",
            "module.aft.module.aft_account_request_framework.data.aws_region.aft-management"
          ]
        }
      ]
    },
    {
      "module": "module.aft.module.aft_account_request_framework",
      "mode": "managed",
      "type": "aws_iam_role_policy",
      "name": "aft_account_request_processor",
      "provider": "module.aft.provider[\"registry.terraform.io/hashicorp/aws\"].aft_management",
      "instances": [
        {
          "schema_version": 0,
          "attributes": {
            "id": "aft-lambda-account-request-processor:aft-account-request-processor",
            "name": "aft-account-request-processor",
            "name_prefix": null,
            "policy": "{\"Version\":\"2012-10-17\",\"Statement\":[{\"Action\":[\"sqs:DeleteMessage\",\"sts:AssumeRole\",\"sns:Publish\",\"sqs:ReceiveMessage\"],\"Effect\":\"Allow\",\"Resource\":[\"arn:aws:sns:eu-west-1:804448413129:aft-notifications\",\"arn:aws:sns:eu-west-1:804448413129:aft-failure-notifications\",\"arn:aws:iam::804448413129:role/AWSAFTAdmin\",\"arn:aws:sqs:eu-west-1:804448413129:aft-account-request.fifo\"]},{\"Action\":\"sts:GetCallerIdentity\",\"Effect\":\"Allow\",\"Resource\":\"*\"},{\"Action\":\"ssm:GetParameter\",\"Effect\":\"Allow\",\"Resource\":[\"arn:aws:ssm:eu-west-1:804448413129:parameter/aft/*\"]},{\"Action\":[\"kms:GenerateDataKey\",\"kms:Encrypt\",\"kms:Decrypt\"],\"Effect\":\"Allow\",\"Resource\":[\"arn:aws:kms:eu-west-1:804448413129:key/207fe238-7aba-4608-9ba2-1da2f28b1578\",\"arn:aws:kms:eu-west-1:804448413129:alias/aws/sns\"]}]}",
            "role": "aft-lambda-account-request-processor"
          },
          "sensitive_attributes": [],
          "private": "bnVsbA==",
          "dependencies": [
            "module.aft.data.aws_partition.current",
            "module.aft.module.aft_account_request_framework.aws_iam_role.aft_account_request_processor",
            "module.aft.module.aft_account_request_framework.aws_kms_alias.aft",
            "module.aft.module.aft_account_request_framework.aws_kms_key.aft",
            "module.aft.module.aft_account_request_framework.aws_sns_topic.aft_failure_notifications",
            "module.aft.module.aft_account_request_framework.aws_sns_topic.aft_notifications",
            "module.aft.module.aft_account_request_framework.aws_sqs_queue.aft_account_request",
            "module.aft.module.aft_account_request_framework.aws_sqs_queue.aft_account_request_dlq",
            "module.aft.module.aft_account_request_framework.data.aws_caller_identity.aft-management",
            "module.aft.module.aft_account_request_framework.data.aws_partition.current",
            "module.aft.module.aft_account_request_framework.data.aws_region.aft-management"
          ]
        }
      ]
    },
    {
      "module": "module.aft.module.aft_account_request_framework",
      "mode": "managed",
      "type": "aws_iam_role_policy",
      "name": "aft_cleanup_resources",
      "provider": "module.aft.provider[\"registry.terraform.io/hashicorp/aws\"].aft_management",
      "instances": [
        {
          "schema_version": 0,
          "attributes": {
            "id": "aft-lambda-cleanup-resources:aft-cleanup-resources",
            "name": "aft-cleanup-resources",
            "name_prefix": null,
            "policy": "{\"Version\":\"2012-10-17\",\"Statement\":[{\"Action\":[\"dynamodb:GetItem\",\"dynamodb:DeleteItem\"],\"Effect\":\"Allow\",\"Resource\":[\"arn:aws:dynamodb:eu-west-1:804448413129:table/aft-request-metadata\"]},{\"Action\":[\"codepipeline:ListPipelineExecutions\",\"codepipeline:ListPipelines\",\"codepipeline:ListTagsForResource\",\"codepipeline:DeletePipeline\"],\"Effect\":\"Allow\",\"Resource\":[\"arn:aws:codepipeline:eu-west-1:804448413129:*\"]},{\"Action\":\"ssm:GetParameter\",\"Effect\":\"Allow\",\"Resource\":[\"arn:aws:ssm:eu-west-1:804448413129:parameter/aft/*\"]},{\"Action\":[\"sts:AssumeRole\"],\"Effect\":\"Allow\",\"Resource\":[\"arn:aws:iam::804448413129:role/AWSAFTAdmin\"]},{\"Action\":\"sts:GetCallerIdentity\",\"Effect\":\"Allow\",\"Resource\":\"*\"},{\"Action\":[\"sns:Publish\"],\"Effect\":\"Allow\",\"Resource\":[\"arn:aws:sns:eu-west-1:804448413129:aft-notifications\",\"arn:aws:sns:eu-west-1:804448413129:aft-failure-notifications\"]},{\"Action\":[\"kms:GenerateDataKey\",\"kms:Encrypt\",\"kms:Decrypt\"],\"Effect\":\"Allow\",\"Resource\":[\"arn:aws:kms:eu-west-1:804448413129:key/207fe238-7aba-4608-9ba2-1da2f28b1578\",\"arn:aws:kms:eu-west-1:804448413129:alias/aws/sns\"]}]}",
            "role": "aft-lambda-cleanup-resources"
          },
          "sensitive_attributes": [],
          "private": "bnVsbA==",
          "dependencies": [
            "module.aft.data.aws_partition.current",
            "module.aft.module.aft_account_request_framework.aws_dynamodb_table.aft_request_metadata",
            "module.aft.module.aft_account_request_framework.aws_iam_role.aft_cleanup_resources",
            "module.aft.module.aft_account_request_framework.aws_kms_key.aft",
            "module.aft.module.aft_account_request_framework.aws_sns_topic.aft_failure_notifications",
            "module.aft.module.aft_account_request_framework.aws_sns_topic.aft_notifications",
            "module.aft.module.aft_account_request_framework.data.aws_caller_identity.aft-management",
            "module.aft.module.aft_account_request_framework.data.aws_partition.current",
            "module.aft.module.aft_account_request_framework.data.aws_region.aft-management"
          ]
        }
      ]
    },
    {
      "module": "module.aft.module.aft_account_request_framework",
      "mode": "managed",
      "type": "aws_iam_role_policy",
      "name": "aft_controltower_event_logger",
      "provider": "module.aft.provider[\"registry.terraform.io/hashicorp/aws\"].aft_management",
      "instances": [
        {
          "schema_version": 0,
          "attributes": {
            "id": "aft-lambda-controltower-event-logger:aft-controltower-event-logger",
            "name": "aft-controltower-event-logger",
            "name_prefix": null,
            "policy": "{\"Version\":\"2012-10-17\",\"Statement\":[{\"Action\":[\"dynamodb:PutItem\"],\"Effect\":\"Allow\",\"Resource\":[\"arn:aws:dynamodb:eu-west-1:804448413129:table/aft-controltower-events\"]},{\"Action\":\"ssm:GetParameter\",\"Effect\":\"Allow\",\"Resource\":[\"arn:aws:ssm:eu-west-1:804448413129:parameter/aft/*\"]},{\"Action\":[\"sns:Publish\"],\"Effect\":\"Allow\",\"Resource\":[\"arn:aws:sns:eu-west-1:804448413129:aft-notifications\",\"arn:aws:sns:eu-west-1:804448413129:aft-failure-notifications\"]},{\"Action\":[\"kms:GenerateDataKey\",\"kms:Encrypt\",\"kms:Decrypt\"],\"Effect\":\"Allow\",\"Resource\":[\"arn:aws:kms:eu-west-1:804448413129:key/207fe238-7aba-4608-9ba2-1da2f28b1578\",\"arn:aws:kms:eu-west-1:804448413129:alias/aws/sns\"]}]}",
            "role": "aft-lambda-controltower-event-logger"
          },
          "sensitive_attributes": [],
          "private": "bnVsbA==",
          "dependencies": [
            "module.aft.data.aws_partition.current",
            "module.aft.module.aft_account_request_framework.aws_dynamodb_table.aft_controltower_events",
            "module.aft.module.aft_account_request_framework.aws_iam_role.aft_controltower_event_logger",
            "module.aft.module.aft_account_request_framework.aws_kms_key.aft",
            "module.aft.module.aft_account_request_framework.aws_sns_topic.aft_failure_notifications",
            "module.aft.module.aft_account_request_framework.aws_sns_topic.aft_notifications",
            "module.aft.module.aft_account_request_framework.data.aws_caller_identity.aft-management",
            "module.aft.module.aft_account_request_framework.data.aws_partition.current",
            "module.aft.module.aft_account_request_framework.data.aws_region.aft-management"
          ]
        }
      ]
    },
    {
      "module": "module.aft.module.aft_account_request_framework",
      "mode": "managed",
      "type": "aws_iam_role_policy",
      "name": "aft_invoke_aft_account_provisioning_framework",
      "provider": "module.aft.provider[\"registry.terraform.io/hashicorp/aws\"].aft_management",
      "instances": [
        {
          "schema_version": 0,
          "attributes": {
            "id": "aft-lambda-invoke-aft-account-provisioning-framework:aft-invoke-account-provisioning-framework",
            "name": "aft-invoke-account-provisioning-framework",
            "name_prefix": null,
            "policy": "{\"Version\":\"2012-10-17\",\"Statement\":[{\"Action\":[\"dynamodb:GetItem\"],\"Effect\":\"Allow\",\"Resource\":[\"arn:aws:dynamodb:eu-west-1:804448413129:table/aft-request\"]},{\"Action\":\"ssm:GetParameter\",\"Effect\":\"Allow\",\"Resource\":[\"arn:aws:ssm:eu-west-1:804448413129:parameter/aft/*\"]},{\"Action\":[\"sts:AssumeRole\",\"sns:Publish\"],\"Effect\":\"Allow\",\"Resource\":[\"arn:aws:iam::804448413129:role/AWSAFTAdmin\"]},{\"Action\":\"sts:GetCallerIdentity\",\"Effect\":\"Allow\",\"Resource\":\"*\"},{\"Action\":\"states:StartExecution\",\"Effect\":\"Allow\",\"Resource\":\"arn:aws:states:eu-west-1:804448413129:stateMachine:aft-account-provisioning-framework\"},{\"Action\":[\"sns:Publish\"],\"Effect\":\"Allow\",\"Resource\":[\"arn:aws:sns:eu-west-1:804448413129:aft-notifications\",\"arn:aws:sns:eu-west-1:804448413129:aft-failure-notifications\"]},{\"Action\":[\"kms:GenerateDataKey\",\"kms:Encrypt\",\"kms:Decrypt\"],\"Effect\":\"Allow\",\"Resource\":[\"arn:aws:kms:eu-west-1:804448413129:key/207fe238-7aba-4608-9ba2-1da2f28b1578\",\"arn:aws:kms:eu-west-1:804448413129:alias/aws/sns\"]}]}",
            "role": "aft-lambda-invoke-aft-account-provisioning-framework"
          },
          "sensitive_attributes": [],
          "private": "bnVsbA==",
          "dependencies": [
            "module.aft.data.aws_partition.current",
            "module.aft.module.aft_account_request_framework.aws_dynamodb_table.aft_request",
            "module.aft.module.aft_account_request_framework.aws_iam_role.aft_invoke_aft_account_provisioning_framework",
            "module.aft.module.aft_account_request_framework.aws_kms_key.aft",
            "module.aft.module.aft_account_request_framework.aws_sns_topic.aft_failure_notifications",
            "module.aft.module.aft_account_request_framework.aws_sns_topic.aft_notifications",
            "module.aft.module.aft_account_request_framework.data.aws_caller_identity.aft-management",
            "module.aft.module.aft_account_request_framework.data.aws_partition.current",
            "module.aft.module.aft_account_request_framework.data.aws_region.aft-management"
          ]
        }
      ]
    },
    {
      "module": "module.aft.module.aft_account_request_framework",
      "mode": "managed",
      "type": "aws_iam_role_policy",
      "name": "control_tower_events",
      "provider": "module.aft.provider[\"registry.terraform.io/hashicorp/aws\"].ct_management",
      "instances": [
        {
          "schema_version": 0,
          "attributes": {
            "id": "aft-control-tower-events-rule:control-tower-events",
            "name": "control-tower-events",
            "name_prefix": null,
            "policy": "{\"Version\":\"2012-10-17\",\"Statement\":[{\"Action\":[\"events:PutEvents\"],\"Effect\":\"Allow\",\"Resource\":[\"arn:aws:events:eu-west-1:804448413129:event-bus/aft-events-from-ct-management\"]}]}",
            "role": "aft-control-tower-events-rule"
          },
          "sensitive_attributes": [],
          "private": "bnVsbA==",
          "dependencies": [
            "module.aft.data.aws_partition.current",
            "module.aft.module.aft_account_request_framework.aws_cloudwatch_event_bus.aft_from_ct_management",
            "module.aft.module.aft_account_request_framework.aws_iam_role.aft_control_tower_events"
          ]
        }
      ]
    },
    {
      "module": "module.aft.module.aft_account_request_framework",
      "mode": "managed",
      "type": "aws_iam_role_policy_attachment",
      "name": "account_request_processor",
      "provider": "module.aft.provider[\"registry.terraform.io/hashicorp/aws\"].aft_management",
      "instances": [
        {
          "index_key": 0,
          "schema_version": 0,
          "attributes": {
            "id": "aft-lambda-account-request-processor-20230227184754799700000018",
            "policy_arn": "arn:aws:iam::aws:policy/service-role/AWSLambdaBasicExecutionRole",
            "role": "aft-lambda-account-request-processor"
          },
          "sensitive_attributes": [],
          "private": "bnVsbA==",
          "dependencies": [
            "module.aft.data.aws_partition.current",
            "module.aft.module.aft_account_request_framework.aws_iam_role.aft_account_request_processor",
            "module.aft.module.aft_account_request_framework.data.aws_iam_policy.AWSLambdaBasicExecutionRole",
            "module.aft.module.aft_account_request_framework.data.aws_iam_policy.AWSLambdaVPCAccessExecutionRole"
          ]
        },
        {
          "index_key": 1,
          "schema_version": 0,
          "attributes": {
            "id": "aft-lambda-account-request-processor-20230227184754791000000017",
            "policy_arn": "arn:aws:iam::aws:policy/service-role/AWSLambdaVPCAccessExecutionRole",
            "role": "aft-lambda-account-request-processor"
          },
          "sensitive_attributes": [],
          "private": "bnVsbA==",
          "dependencies": [
            "module.aft.data.aws_partition.current",
            "module.aft.module.aft_account_request_framework.aws_iam_role.aft_account_request_processor",
            "module.aft.module.aft_account_request_framework.data.aws_iam_policy.AWSLambdaBasicExecutionRole",
            "module.aft.module.aft_account_request_framework.data.aws_iam_policy.AWSLambdaVPCAccessExecutionRole"
          ]
        }
      ]
    },
    {
      "module": "module.aft.module.aft_account_request_framework",
      "mode": "managed",
      "type": "aws_iam_role_policy_attachment",
      "name": "aft_account_request_action_trigger",
      "provider": "module.aft.provider[\"registry.terraform.io/hashicorp/aws\"].aft_management",
      "instances": [
        {
          "index_key": 0,
          "schema_version": 0,
          "attributes": {
            "id": "aft-lambda-account-request-action-trigger-2023022718475652860000001e",
            "policy_arn": "arn:aws:iam::aws:policy/service-role/AWSLambdaBasicExecutionRole",
            "role": "aft-lambda-account-request-action-trigger"
          },
          "sensitive_attributes": [],
          "private": "bnVsbA==",
          "dependencies": [
            "module.aft.data.aws_partition.current",
            "module.aft.module.aft_account_request_framework.aws_iam_role.aft_account_request_action_trigger",
            "module.aft.module.aft_account_request_framework.data.aws_iam_policy.AWSLambdaBasicExecutionRole",
            "module.aft.module.aft_account_request_framework.data.aws_iam_policy.AWSLambdaVPCAccessExecutionRole"
          ]
        },
        {
          "index_key": 1,
          "schema_version": 0,
          "attributes": {
            "id": "aft-lambda-account-request-action-trigger-2023022718475652940000001f",
            "policy_arn": "arn:aws:iam::aws:policy/service-role/AWSLambdaVPCAccessExecutionRole",
            "role": "aft-lambda-account-request-action-trigger"
          },
          "sensitive_attributes": [],
          "private": "bnVsbA==",
          "dependencies": [
            "module.aft.data.aws_partition.current",
            "module.aft.module.aft_account_request_framework.aws_iam_role.aft_account_request_action_trigger",
            "module.aft.module.aft_account_request_framework.data.aws_iam_policy.AWSLambdaBasicExecutionRole",
            "module.aft.module.aft_account_request_framework.data.aws_iam_policy.AWSLambdaVPCAccessExecutionRole"
          ]
        }
      ]
    },
    {
      "module": "module.aft.module.aft_account_request_framework",
      "mode": "managed",
      "type": "aws_iam_role_policy_attachment",
      "name": "aft_account_request_audit_trigger",
      "provider": "module.aft.provider[\"registry.terraform.io/hashicorp/aws\"].aft_management",
      "instances": [
        {
          "index_key": 0,
          "schema_version": 0,
          "attributes": {
            "id": "aft-lambda-account-request-audit-trigger-20230227184755197200000019",
            "policy_arn": "arn:aws:iam::aws:policy/service-role/AWSLambdaBasicExecutionRole",
            "role": "aft-lambda-account-request-audit-trigger"
          },
          "sensitive_attributes": [],
          "private": "bnVsbA==",
          "dependencies": [
            "module.aft.data.aws_partition.current",
            "module.aft.module.aft_account_request_framework.aws_iam_role.aft_account_request_audit_trigger",
            "module.aft.module.aft_account_request_framework.data.aws_iam_policy.AWSLambdaBasicExecutionRole",
            "module.aft.module.aft_account_request_framework.data.aws_iam_policy.AWSLambdaVPCAccessExecutionRole"
          ]
        },
        {
          "index_key": 1,
          "schema_version": 0,
          "attributes": {
            "id": "aft-lambda-account-request-audit-trigger-2023022718475569210000001a",
            "policy_arn": "arn:aws:iam::aws:policy/service-role/AWSLambdaVPCAccessExecutionRole",
            "role": "aft-lambda-account-request-audit-trigger"
          },
          "sensitive_attributes": [],
          "private": "bnVsbA==",
          "dependencies": [
            "module.aft.data.aws_partition.current",
            "module.aft.module.aft_account_request_framework.aws_iam_role.aft_account_request_audit_trigger",
            "module.aft.module.aft_account_request_framework.data.aws_iam_policy.AWSLambdaBasicExecutionRole",
            "module.aft.module.aft_account_request_framework.data.aws_iam_policy.AWSLambdaVPCAccessExecutionRole"
          ]
        }
      ]
    },
    {
      "module": "module.aft.module.aft_account_request_framework",
      "mode": "managed",
      "type": "aws_iam_role_policy_attachment",
      "name": "aft_aws_backup_service_role",
      "provider": "module.aft.provider[\"registry.terraform.io/hashicorp/aws\"].aft_management",
      "instances": [
        {
          "schema_version": 0,
          "attributes": {
            "id": "aft-aws-backup-20230227184736613500000001",
            "policy_arn": "arn:aws:iam::aws:policy/service-role/AWSBackupServiceRolePolicyForBackup",
            "role": "aft-aws-backup"
          },
          "sensitive_attributes": [],
          "private": "bnVsbA==",
          "dependencies": [
            "module.aft.data.aws_partition.current",
            "module.aft.module.aft_account_request_framework.aws_iam_role.aft_aws_backup",
            "module.aft.module.aft_account_request_framework.data.aws_partition.current"
          ]
        }
      ]
    },
    {
      "module": "module.aft.module.aft_account_request_framework",
      "mode": "managed",
      "type": "aws_iam_role_policy_attachment",
      "name": "aft_cleanup_resources",
      "provider": "module.aft.provider[\"registry.terraform.io/hashicorp/aws\"].aft_management",
      "instances": [
        {
          "index_key": 0,
          "schema_version": 0,
          "attributes": {
            "id": "aft-lambda-cleanup-resources-2023022718475599350000001d",
            "policy_arn": "arn:aws:iam::aws:policy/service-role/AWSLambdaBasicExecutionRole",
            "role": "aft-lambda-cleanup-resources"
          },
          "sensitive_attributes": [],
          "private": "bnVsbA==",
          "dependencies": [
            "module.aft.data.aws_partition.current",
            "module.aft.module.aft_account_request_framework.aws_iam_role.aft_cleanup_resources",
            "module.aft.module.aft_account_request_framework.data.aws_iam_policy.AWSLambdaBasicExecutionRole",
            "module.aft.module.aft_account_request_framework.data.aws_iam_policy.AWSLambdaVPCAccessExecutionRole"
          ]
        },
        {
          "index_key": 1,
          "schema_version": 0,
          "attributes": {
            "id": "aft-lambda-cleanup-resources-20230227184756538400000020",
            "policy_arn": "arn:aws:iam::aws:policy/service-role/AWSLambdaVPCAccessExecutionRole",
            "role": "aft-lambda-cleanup-resources"
          },
          "sensitive_attributes": [],
          "private": "bnVsbA==",
          "dependencies": [
            "module.aft.data.aws_partition.current",
            "module.aft.module.aft_account_request_framework.aws_iam_role.aft_cleanup_resources",
            "module.aft.module.aft_account_request_framework.data.aws_iam_policy.AWSLambdaBasicExecutionRole",
            "module.aft.module.aft_account_request_framework.data.aws_iam_policy.AWSLambdaVPCAccessExecutionRole"
          ]
        }
      ]
    },
    {
      "module": "module.aft.module.aft_account_request_framework",
      "mode": "managed",
      "type": "aws_iam_role_policy_attachment",
      "name": "aft_controltower_event_logger",
      "provider": "module.aft.provider[\"registry.terraform.io/hashicorp/aws\"].aft_management",
      "instances": [
        {
          "index_key": 0,
          "schema_version": 0,
          "attributes": {
            "id": "aft-lambda-controltower-event-logger-2023022718475571820000001c",
            "policy_arn": "arn:aws:iam::aws:policy/service-role/AWSLambdaBasicExecutionRole",
            "role": "aft-lambda-controltower-event-logger"
          },
          "sensitive_attributes": [],
          "private": "bnVsbA==",
          "dependencies": [
            "module.aft.data.aws_partition.current",
            "module.aft.module.aft_account_request_framework.aws_iam_role.aft_controltower_event_logger",
            "module.aft.module.aft_account_request_framework.data.aws_iam_policy.AWSLambdaBasicExecutionRole",
            "module.aft.module.aft_account_request_framework.data.aws_iam_policy.AWSLambdaVPCAccessExecutionRole"
          ]
        },
        {
          "index_key": 1,
          "schema_version": 0,
          "attributes": {
            "id": "aft-lambda-controltower-event-logger-2023022718475570810000001b",
            "policy_arn": "arn:aws:iam::aws:policy/service-role/AWSLambdaVPCAccessExecutionRole",
            "role": "aft-lambda-controltower-event-logger"
          },
          "sensitive_attributes": [],
          "private": "bnVsbA==",
          "dependencies": [
            "module.aft.data.aws_partition.current",
            "module.aft.module.aft_account_request_framework.aws_iam_role.aft_controltower_event_logger",
            "module.aft.module.aft_account_request_framework.data.aws_iam_policy.AWSLambdaBasicExecutionRole",
            "module.aft.module.aft_account_request_framework.data.aws_iam_policy.AWSLambdaVPCAccessExecutionRole"
          ]
        }
      ]
    },
    {
      "module": "module.aft.module.aft_account_request_framework",
      "mode": "managed",
      "type": "aws_iam_role_policy_attachment",
      "name": "aft_invoke_aft_account_provisioning_framework",
      "provider": "module.aft.provider[\"registry.terraform.io/hashicorp/aws\"].aft_management",
      "instances": [
        {
          "index_key": 0,
          "schema_version": 0,
          "attributes": {
            "id": "aft-lambda-invoke-aft-account-provisioning-framework-20230227184754790800000016",
            "policy_arn": "arn:aws:iam::aws:policy/service-role/AWSLambdaBasicExecutionRole",
            "role": "aft-lambda-invoke-aft-account-provisioning-framework"
          },
          "sensitive_attributes": [],
          "private": "bnVsbA==",
          "dependencies": [
            "module.aft.data.aws_partition.current",
            "module.aft.module.aft_account_request_framework.aws_iam_role.aft_invoke_aft_account_provisioning_framework",
            "module.aft.module.aft_account_request_framework.data.aws_iam_policy.AWSLambdaBasicExecutionRole",
            "module.aft.module.aft_account_request_framework.data.aws_iam_policy.AWSLambdaVPCAccessExecutionRole"
          ]
        },
        {
          "index_key": 1,
          "schema_version": 0,
          "attributes": {
            "id": "aft-lambda-invoke-aft-account-provisioning-framework-20230227184754270400000015",
            "policy_arn": "arn:aws:iam::aws:policy/service-role/AWSLambdaVPCAccessExecutionRole",
            "role": "aft-lambda-invoke-aft-account-provisioning-framework"
          },
          "sensitive_attributes": [],
          "private": "bnVsbA==",
          "dependencies": [
            "module.aft.data.aws_partition.current",
            "module.aft.module.aft_account_request_framework.aws_iam_role.aft_invoke_aft_account_provisioning_framework",
            "module.aft.module.aft_account_request_framework.data.aws_iam_policy.AWSLambdaBasicExecutionRole",
            "module.aft.module.aft_account_request_framework.data.aws_iam_policy.AWSLambdaVPCAccessExecutionRole"
          ]
        }
      ]
    },
    {
      "module": "module.aft.module.aft_account_request_framework",
      "mode": "managed",
      "type": "aws_internet_gateway",
      "name": "aft-vpc-igw",
      "provider": "module.aft.provider[\"registry.terraform.io/hashicorp/aws\"].aft_management",
      "instances": [
        {
          "schema_version": 0,
          "attributes": {
            "arn": "arn:aws:ec2:eu-west-1:804448413129:internet-gateway/igw-0db0be2bba8c551d6",
            "id": "igw-0db0be2bba8c551d6",
            "owner_id": "804448413129",
            "tags": {
              "Name": "aft-vpc-igw"
            },
            "tags_all": {
              "Name": "aft-vpc-igw",
              "managed_by": "AFT"
            },
            "timeouts": null,
            "vpc_id": "vpc-0738a48762cabc9e5"
          },
          "sensitive_attributes": [],
          "private": "eyJlMmJmYjczMC1lY2FhLTExZTYtOGY4OC0zNDM2M2JjN2M0YzAiOnsiY3JlYXRlIjoxMjAwMDAwMDAwMDAwLCJkZWxldGUiOjEyMDAwMDAwMDAwMDAsInVwZGF0ZSI6MTIwMDAwMDAwMDAwMH19",
          "dependencies": [
            "module.aft.data.aws_partition.current",
            "module.aft.module.aft_account_request_framework.aws_vpc.aft_vpc"
          ]
        }
      ]
    },
    {
      "module": "module.aft.module.aft_account_request_framework",
      "mode": "managed",
      "type": "aws_kms_alias",
      "name": "aft",
      "provider": "module.aft.provider[\"registry.terraform.io/hashicorp/aws\"].aft_management",
      "instances": [
        {
          "schema_version": 0,
          "attributes": {
            "arn": "arn:aws:kms:eu-west-1:804448413129:alias/aft",
            "id": "alias/aft",
            "name": "alias/aft",
            "name_prefix": "",
            "target_key_arn": "arn:aws:kms:eu-west-1:804448413129:key/207fe238-7aba-4608-9ba2-1da2f28b1578",
            "target_key_id": "207fe238-7aba-4608-9ba2-1da2f28b1578"
          },
          "sensitive_attributes": [],
          "private": "bnVsbA==",
          "dependencies": [
            "module.aft.data.aws_partition.current",
            "module.aft.module.aft_account_request_framework.aws_kms_key.aft"
          ]
        }
      ]
    },
    {
      "module": "module.aft.module.aft_account_request_framework",
      "mode": "managed",
      "type": "aws_kms_key",
      "name": "aft",
      "provider": "module.aft.provider[\"registry.terraform.io/hashicorp/aws\"].aft_management",
      "instances": [
        {
          "schema_version": 0,
          "attributes": {
            "arn": "arn:aws:kms:eu-west-1:804448413129:key/207fe238-7aba-4608-9ba2-1da2f28b1578",
            "bypass_policy_lockout_safety_check": false,
            "custom_key_store_id": "",
            "customer_master_key_spec": "SYMMETRIC_DEFAULT",
            "deletion_window_in_days": null,
            "description": "AFT KMS key",
            "enable_key_rotation": true,
            "id": "207fe238-7aba-4608-9ba2-1da2f28b1578",
            "is_enabled": true,
            "key_id": "207fe238-7aba-4608-9ba2-1da2f28b1578",
            "key_usage": "ENCRYPT_DECRYPT",
            "multi_region": false,
            "policy": "{\"Id\":\"key-default-1\",\"Statement\":[{\"Action\":\"kms:*\",\"Effect\":\"Allow\",\"Principal\":{\"AWS\":\"arn:aws:iam::804448413129:root\"},\"Resource\":\"*\",\"Sid\":\"Enable IAM User Permissions\"}],\"Version\":\"2012-10-17\"}",
            "tags": null,
            "tags_all": {
              "managed_by": "AFT"
            }
          },
          "sensitive_attributes": [],
          "private": "bnVsbA==",
          "dependencies": [
            "module.aft.data.aws_partition.current"
          ],
          "create_before_destroy": true
        }
      ]
    },
    {
      "module": "module.aft.module.aft_account_request_framework",
      "mode": "managed",
      "type": "aws_lambda_event_source_mapping",
      "name": "aft_account_request_action_trigger",
      "provider": "module.aft.provider[\"registry.terraform.io/hashicorp/aws\"].aft_management",
      "instances": [
        {
          "schema_version": 0,
          "attributes": {
            "amazon_managed_kafka_event_source_config": [],
            "batch_size": 1,
            "bisect_batch_on_function_error": false,
            "destination_config": [
              {
                "on_failure": [
                  {
                    "destination_arn": null
                  }
                ]
              }
            ],
            "enabled": true,
            "event_source_arn": "arn:aws:dynamodb:eu-west-1:804448413129:table/aft-request/stream/2023-02-27T18:47:39.401",
            "filter_criteria": [],
            "function_arn": "arn:aws:lambda:eu-west-1:804448413129:function:aft-account-request-action-trigger",
            "function_name": "arn:aws:lambda:eu-west-1:804448413129:function:aft-account-request-action-trigger",
            "function_response_types": null,
            "id": "ae2d83f6-ac55-45a3-8be2-42f280934d40",
            "last_modified": "2023-02-27T18:57:00Z",
            "last_processing_result": "No records processed",
            "maximum_batching_window_in_seconds": 0,
            "maximum_record_age_in_seconds": -1,
            "maximum_retry_attempts": 1,
            "parallelization_factor": 1,
            "queues": null,
            "scaling_config": [],
            "self_managed_event_source": [],
            "self_managed_kafka_event_source_config": [],
            "source_access_configuration": [],
            "starting_position": "LATEST",
            "starting_position_timestamp": "",
            "state": "Enabled",
            "state_transition_reason": "User action",
            "topics": null,
            "tumbling_window_in_seconds": 0,
            "uuid": "ae2d83f6-ac55-45a3-8be2-42f280934d40"
          },
          "sensitive_attributes": [],
          "private": "bnVsbA==",
          "dependencies": [
            "module.aft.data.aws_partition.current",
            "module.aft.data.local_file.version",
            "module.aft.module.aft_account_request_framework.aws_dynamodb_table.aft_request",
            "module.aft.module.aft_account_request_framework.aws_iam_role.aft_account_request_action_trigger",
            "module.aft.module.aft_account_request_framework.aws_kms_key.aft",
            "module.aft.module.aft_account_request_framework.aws_lambda_function.aft_account_request_action_trigger",
            "module.aft.module.aft_account_request_framework.aws_security_group.aft_vpc_default_sg",
            "module.aft.module.aft_account_request_framework.aws_subnet.aft_vpc_private_subnet_01",
            "module.aft.module.aft_account_request_framework.aws_subnet.aft_vpc_private_subnet_02",
            "module.aft.module.aft_account_request_framework.aws_vpc.aft_vpc",
            "module.aft.module.aft_account_request_framework.data.aws_availability_zones.available",
            "module.aft.module.aft_customizations.aws_s3_bucket.aft_codepipeline_customizations_bucket",
            "module.aft.module.aft_customizations.data.aws_caller_identity.current",
            "module.aft.module.aft_lambda_layer.aws_codebuild_project.codebuild",
            "module.aft.module.aft_lambda_layer.aws_iam_role.codebuild",
            "module.aft.module.aft_lambda_layer.aws_iam_role.codebuild_invoker_lambda_role",
            "module.aft.module.aft_lambda_layer.aws_lambda_function.codebuild_invoker",
            "module.aft.module.aft_lambda_layer.aws_lambda_layer_version.layer_version",
            "module.aft.module.aft_lambda_layer.data.aws_lambda_invocation.invoke_codebuild_job",
            "module.aft.module.aft_lambda_layer.data.aws_partition.current",
            "module.aft.module.aft_lambda_layer.data.local_file.aft_lambda_layer",
            "module.aft.module.aft_lambda_layer.random_string.resource_suffix",
            "module.aft.module.packaging.data.archive_file.builder",
            "module.aft.module.packaging.data.archive_file.request_framework"
          ]
        }
      ]
    },
    {
      "module": "module.aft.module.aft_account_request_framework",
      "mode": "managed",
      "type": "aws_lambda_event_source_mapping",
      "name": "aft_account_request_audit_trigger",
      "provider": "module.aft.provider[\"registry.terraform.io/hashicorp/aws\"].aft_management",
      "instances": [
        {
          "schema_version": 0,
          "attributes": {
            "amazon_managed_kafka_event_source_config": [],
            "batch_size": 1,
            "bisect_batch_on_function_error": false,
            "destination_config": [
              {
                "on_failure": [
                  {
                    "destination_arn": null
                  }
                ]
              }
            ],
            "enabled": true,
            "event_source_arn": "arn:aws:dynamodb:eu-west-1:804448413129:table/aft-request/stream/2023-02-27T18:47:39.401",
            "filter_criteria": [],
            "function_arn": "arn:aws:lambda:eu-west-1:804448413129:function:aft-account-request-audit-trigger",
            "function_name": "arn:aws:lambda:eu-west-1:804448413129:function:aft-account-request-audit-trigger",
            "function_response_types": null,
            "id": "93038e36-6e72-4e30-9ca5-6e67ebee9555",
            "last_modified": "2023-02-27T18:58:00Z",
            "last_processing_result": "No records processed",
            "maximum_batching_window_in_seconds": 0,
            "maximum_record_age_in_seconds": -1,
            "maximum_retry_attempts": 1,
            "parallelization_factor": 1,
            "queues": null,
            "scaling_config": [],
            "self_managed_event_source": [],
            "self_managed_kafka_event_source_config": [],
            "source_access_configuration": [],
            "starting_position": "LATEST",
            "starting_position_timestamp": "",
            "state": "Enabled",
            "state_transition_reason": "User action",
            "topics": null,
            "tumbling_window_in_seconds": 0,
            "uuid": "93038e36-6e72-4e30-9ca5-6e67ebee9555"
          },
          "sensitive_attributes": [],
          "private": "bnVsbA==",
          "dependencies": [
            "module.aft.data.aws_partition.current",
            "module.aft.data.local_file.version",
            "module.aft.module.aft_account_request_framework.aws_dynamodb_table.aft_request",
            "module.aft.module.aft_account_request_framework.aws_iam_role.aft_account_request_audit_trigger",
            "module.aft.module.aft_account_request_framework.aws_kms_key.aft",
            "module.aft.module.aft_account_request_framework.aws_lambda_function.aft_account_request_audit_trigger",
            "module.aft.module.aft_account_request_framework.aws_security_group.aft_vpc_default_sg",
            "module.aft.module.aft_account_request_framework.aws_subnet.aft_vpc_private_subnet_01",
            "module.aft.module.aft_account_request_framework.aws_subnet.aft_vpc_private_subnet_02",
            "module.aft.module.aft_account_request_framework.aws_vpc.aft_vpc",
            "module.aft.module.aft_account_request_framework.data.aws_availability_zones.available",
            "module.aft.module.aft_account_request_framework.time_sleep.wait_60_seconds",
            "module.aft.module.aft_customizations.aws_s3_bucket.aft_codepipeline_customizations_bucket",
            "module.aft.module.aft_customizations.data.aws_caller_identity.current",
            "module.aft.module.aft_lambda_layer.aws_codebuild_project.codebuild",
            "module.aft.module.aft_lambda_layer.aws_iam_role.codebuild",
            "module.aft.module.aft_lambda_layer.aws_iam_role.codebuild_invoker_lambda_role",
            "module.aft.module.aft_lambda_layer.aws_lambda_function.codebuild_invoker",
            "module.aft.module.aft_lambda_layer.aws_lambda_layer_version.layer_version",
            "module.aft.module.aft_lambda_layer.data.aws_lambda_invocation.invoke_codebuild_job",
            "module.aft.module.aft_lambda_layer.data.aws_partition.current",
            "module.aft.module.aft_lambda_layer.data.local_file.aft_lambda_layer",
            "module.aft.module.aft_lambda_layer.random_string.resource_suffix",
            "module.aft.module.packaging.data.archive_file.builder",
            "module.aft.module.packaging.data.archive_file.request_framework"
          ]
        }
      ]
    },
    {
      "module": "module.aft.module.aft_account_request_framework",
      "mode": "managed",
      "type": "aws_lambda_function",
      "name": "aft_account_request_action_trigger",
      "provider": "module.aft.provider[\"registry.terraform.io/hashicorp/aws\"].aft_management",
      "instances": [
        {
          "schema_version": 0,
          "attributes": {
            "architectures": [
              "x86_64"
            ],
            "arn": "arn:aws:lambda:eu-west-1:804448413129:function:aft-account-request-action-trigger",
            "code_signing_config_arn": "",
            "dead_letter_config": [],
            "description": "Receives trigger from DynamoDB aft-request table and determines action target - SQS or Lambda aft-invoke-aft-account-provisioning-framework",
            "environment": [],
            "ephemeral_storage": [
              {
                "size": 512
              }
            ],
            "file_system_config": [],
            "filename": ".terraform/modules/aft/modules/aft-archives/../../src/aft_lambda/aft_account_request_framework.zip",
            "function_name": "aft-account-request-action-trigger",
            "handler": "aft_account_request_action_trigger.lambda_handler",
            "id": "aft-account-request-action-trigger",
            "image_config": [],
            "image_uri": "",
            "invoke_arn": "arn:aws:apigateway:eu-west-1:lambda:path/2015-03-31/functions/arn:aws:lambda:eu-west-1:804448413129:function:aft-account-request-action-trigger/invocations",
            "kms_key_arn": "",
            "last_modified": "2023-02-27T18:56:27.401+0000",
            "layers": [
              "arn:aws:lambda:eu-west-1:804448413129:layer:aft-common-1-8-0:1"
            ],
            "memory_size": 1024,
            "package_type": "Zip",
            "publish": false,
            "qualified_arn": "arn:aws:lambda:eu-west-1:804448413129:function:aft-account-request-action-trigger:$LATEST",
            "qualified_invoke_arn": "arn:aws:apigateway:eu-west-1:lambda:path/2015-03-31/functions/arn:aws:lambda:eu-west-1:804448413129:function:aft-account-request-action-trigger:$LATEST/invocations",
            "reserved_concurrent_executions": -1,
            "role": "arn:aws:iam::804448413129:role/aft-lambda-account-request-action-trigger",
            "runtime": "python3.8",
            "s3_bucket": null,
            "s3_key": null,
            "s3_object_version": null,
            "signing_job_arn": "",
            "signing_profile_version_arn": "",
            "snap_start": [],
            "source_code_hash": "5Juy6hxoa9EuiENKMjPIfYXLFnY+f54565hxQ2uUd3o=",
            "source_code_size": 7886,
            "tags": null,
            "tags_all": {
              "managed_by": "AFT"
            },
            "timeout": 300,
            "timeouts": null,
            "tracing_config": [
              {
                "mode": "PassThrough"
              }
            ],
            "version": "$LATEST",
            "vpc_config": [
              {
                "security_group_ids": [
                  "sg-0d5a3a51c1cf3042b"
                ],
                "subnet_ids": [
                  "subnet-090ee28a6b2779f35",
                  "subnet-0fbf0295c6df87487"
                ],
                "vpc_id": "vpc-0738a48762cabc9e5"
              }
            ]
          },
          "sensitive_attributes": [],
          "private": "eyJlMmJmYjczMC1lY2FhLTExZTYtOGY4OC0zNDM2M2JjN2M0YzAiOnsiY3JlYXRlIjo2MDAwMDAwMDAwMDAsInVwZGF0ZSI6NjAwMDAwMDAwMDAwfX0=",
          "dependencies": [
            "module.aft.data.aws_partition.current",
            "module.aft.data.local_file.version",
            "module.aft.module.aft_account_request_framework.aws_iam_role.aft_account_request_action_trigger",
            "module.aft.module.aft_account_request_framework.aws_kms_key.aft",
            "module.aft.module.aft_account_request_framework.aws_security_group.aft_vpc_default_sg",
            "module.aft.module.aft_account_request_framework.aws_subnet.aft_vpc_private_subnet_01",
            "module.aft.module.aft_account_request_framework.aws_subnet.aft_vpc_private_subnet_02",
            "module.aft.module.aft_account_request_framework.aws_vpc.aft_vpc",
            "module.aft.module.aft_account_request_framework.data.aws_availability_zones.available",
            "module.aft.module.aft_customizations.aws_s3_bucket.aft_codepipeline_customizations_bucket",
            "module.aft.module.aft_customizations.data.aws_caller_identity.current",
            "module.aft.module.aft_lambda_layer.aws_codebuild_project.codebuild",
            "module.aft.module.aft_lambda_layer.aws_iam_role.codebuild",
            "module.aft.module.aft_lambda_layer.aws_iam_role.codebuild_invoker_lambda_role",
            "module.aft.module.aft_lambda_layer.aws_lambda_function.codebuild_invoker",
            "module.aft.module.aft_lambda_layer.aws_lambda_layer_version.layer_version",
            "module.aft.module.aft_lambda_layer.data.aws_lambda_invocation.invoke_codebuild_job",
            "module.aft.module.aft_lambda_layer.data.aws_partition.current",
            "module.aft.module.aft_lambda_layer.data.local_file.aft_lambda_layer",
            "module.aft.module.aft_lambda_layer.random_string.resource_suffix",
            "module.aft.module.packaging.data.archive_file.builder",
            "module.aft.module.packaging.data.archive_file.request_framework"
          ]
        }
      ]
    },
    {
      "module": "module.aft.module.aft_account_request_framework",
      "mode": "managed",
      "type": "aws_lambda_function",
      "name": "aft_account_request_audit_trigger",
      "provider": "module.aft.provider[\"registry.terraform.io/hashicorp/aws\"].aft_management",
      "instances": [
        {
          "schema_version": 0,
          "attributes": {
            "architectures": [
              "x86_64"
            ],
            "arn": "arn:aws:lambda:eu-west-1:804448413129:function:aft-account-request-audit-trigger",
            "code_signing_config_arn": "",
            "dead_letter_config": [],
            "description": "Receives trigger from DynamoDB aft-request table and inserts the event into aft-request-audit table",
            "environment": [],
            "ephemeral_storage": [
              {
                "size": 512
              }
            ],
            "file_system_config": [],
            "filename": ".terraform/modules/aft/modules/aft-archives/../../src/aft_lambda/aft_account_request_framework.zip",
            "function_name": "aft-account-request-audit-trigger",
            "handler": "aft_account_request_audit_trigger.lambda_handler",
            "id": "aft-account-request-audit-trigger",
            "image_config": [],
            "image_uri": "",
            "invoke_arn": "arn:aws:apigateway:eu-west-1:lambda:path/2015-03-31/functions/arn:aws:lambda:eu-west-1:804448413129:function:aft-account-request-audit-trigger/invocations",
            "kms_key_arn": "",
            "last_modified": "2023-02-27T18:57:01.591+0000",
            "layers": [
              "arn:aws:lambda:eu-west-1:804448413129:layer:aft-common-1-8-0:1"
            ],
            "memory_size": 1024,
            "package_type": "Zip",
            "publish": false,
            "qualified_arn": "arn:aws:lambda:eu-west-1:804448413129:function:aft-account-request-audit-trigger:$LATEST",
            "qualified_invoke_arn": "arn:aws:apigateway:eu-west-1:lambda:path/2015-03-31/functions/arn:aws:lambda:eu-west-1:804448413129:function:aft-account-request-audit-trigger:$LATEST/invocations",
            "reserved_concurrent_executions": -1,
            "role": "arn:aws:iam::804448413129:role/aft-lambda-account-request-audit-trigger",
            "runtime": "python3.8",
            "s3_bucket": null,
            "s3_key": null,
            "s3_object_version": null,
            "signing_job_arn": "",
            "signing_profile_version_arn": "",
            "snap_start": [],
            "source_code_hash": "5Juy6hxoa9EuiENKMjPIfYXLFnY+f54565hxQ2uUd3o=",
            "source_code_size": 7886,
            "tags": null,
            "tags_all": {
              "managed_by": "AFT"
            },
            "timeout": 300,
            "timeouts": null,
            "tracing_config": [
              {
                "mode": "PassThrough"
              }
            ],
            "version": "$LATEST",
            "vpc_config": [
              {
                "security_group_ids": [
                  "sg-0d5a3a51c1cf3042b"
                ],
                "subnet_ids": [
                  "subnet-090ee28a6b2779f35",
                  "subnet-0fbf0295c6df87487"
                ],
                "vpc_id": "vpc-0738a48762cabc9e5"
              }
            ]
          },
          "sensitive_attributes": [],
          "private": "eyJlMmJmYjczMC1lY2FhLTExZTYtOGY4OC0zNDM2M2JjN2M0YzAiOnsiY3JlYXRlIjo2MDAwMDAwMDAwMDAsInVwZGF0ZSI6NjAwMDAwMDAwMDAwfX0=",
          "dependencies": [
            "module.aft.data.aws_partition.current",
            "module.aft.data.local_file.version",
            "module.aft.module.aft_account_request_framework.aws_iam_role.aft_account_request_audit_trigger",
            "module.aft.module.aft_account_request_framework.aws_kms_key.aft",
            "module.aft.module.aft_account_request_framework.aws_security_group.aft_vpc_default_sg",
            "module.aft.module.aft_account_request_framework.aws_subnet.aft_vpc_private_subnet_01",
            "module.aft.module.aft_account_request_framework.aws_subnet.aft_vpc_private_subnet_02",
            "module.aft.module.aft_account_request_framework.aws_vpc.aft_vpc",
            "module.aft.module.aft_account_request_framework.data.aws_availability_zones.available",
            "module.aft.module.aft_customizations.aws_s3_bucket.aft_codepipeline_customizations_bucket",
            "module.aft.module.aft_customizations.data.aws_caller_identity.current",
            "module.aft.module.aft_lambda_layer.aws_codebuild_project.codebuild",
            "module.aft.module.aft_lambda_layer.aws_iam_role.codebuild",
            "module.aft.module.aft_lambda_layer.aws_iam_role.codebuild_invoker_lambda_role",
            "module.aft.module.aft_lambda_layer.aws_lambda_function.codebuild_invoker",
            "module.aft.module.aft_lambda_layer.aws_lambda_layer_version.layer_version",
            "module.aft.module.aft_lambda_layer.data.aws_lambda_invocation.invoke_codebuild_job",
            "module.aft.module.aft_lambda_layer.data.aws_partition.current",
            "module.aft.module.aft_lambda_layer.data.local_file.aft_lambda_layer",
            "module.aft.module.aft_lambda_layer.random_string.resource_suffix",
            "module.aft.module.packaging.data.archive_file.builder",
            "module.aft.module.packaging.data.archive_file.request_framework"
          ]
        }
      ]
    },
    {
      "module": "module.aft.module.aft_account_request_framework",
      "mode": "managed",
      "type": "aws_lambda_function",
      "name": "aft_account_request_processor",
      "provider": "module.aft.provider[\"registry.terraform.io/hashicorp/aws\"].aft_management",
      "instances": [
        {
          "schema_version": 0,
          "attributes": {
            "architectures": [
              "x86_64"
            ],
            "arn": "arn:aws:lambda:eu-west-1:804448413129:function:aft-account-request-processor",
            "code_signing_config_arn": "",
            "dead_letter_config": [],
            "description": "Triggered by CW Event, reads aft-account-request.fifo queue and performs needed action",
            "environment": [],
            "ephemeral_storage": [
              {
                "size": 512
              }
            ],
            "file_system_config": [],
            "filename": ".terraform/modules/aft/modules/aft-archives/../../src/aft_lambda/aft_account_request_framework.zip",
            "function_name": "aft-account-request-processor",
            "handler": "aft_account_request_processor.lambda_handler",
            "id": "aft-account-request-processor",
            "image_config": [],
            "image_uri": "",
            "invoke_arn": "arn:aws:apigateway:eu-west-1:lambda:path/2015-03-31/functions/arn:aws:lambda:eu-west-1:804448413129:function:aft-account-request-processor/invocations",
            "kms_key_arn": "",
            "last_modified": "2023-02-27T18:57:12.159+0000",
            "layers": [
              "arn:aws:lambda:eu-west-1:804448413129:layer:aft-common-1-8-0:1"
            ],
            "memory_size": 1024,
            "package_type": "Zip",
            "publish": false,
            "qualified_arn": "arn:aws:lambda:eu-west-1:804448413129:function:aft-account-request-processor:$LATEST",
            "qualified_invoke_arn": "arn:aws:apigateway:eu-west-1:lambda:path/2015-03-31/functions/arn:aws:lambda:eu-west-1:804448413129:function:aft-account-request-processor:$LATEST/invocations",
            "reserved_concurrent_executions": -1,
            "role": "arn:aws:iam::804448413129:role/aft-lambda-account-request-processor",
            "runtime": "python3.8",
            "s3_bucket": null,
            "s3_key": null,
            "s3_object_version": null,
            "signing_job_arn": "",
            "signing_profile_version_arn": "",
            "snap_start": [],
            "source_code_hash": "5Juy6hxoa9EuiENKMjPIfYXLFnY+f54565hxQ2uUd3o=",
            "source_code_size": 7886,
            "tags": null,
            "tags_all": {
              "managed_by": "AFT"
            },
            "timeout": 300,
            "timeouts": null,
            "tracing_config": [
              {
                "mode": "PassThrough"
              }
            ],
            "version": "$LATEST",
            "vpc_config": [
              {
                "security_group_ids": [
                  "sg-0d5a3a51c1cf3042b"
                ],
                "subnet_ids": [
                  "subnet-090ee28a6b2779f35",
                  "subnet-0fbf0295c6df87487"
                ],
                "vpc_id": "vpc-0738a48762cabc9e5"
              }
            ]
          },
          "sensitive_attributes": [],
          "private": "eyJlMmJmYjczMC1lY2FhLTExZTYtOGY4OC0zNDM2M2JjN2M0YzAiOnsiY3JlYXRlIjo2MDAwMDAwMDAwMDAsInVwZGF0ZSI6NjAwMDAwMDAwMDAwfX0=",
          "dependencies": [
            "module.aft.data.aws_partition.current",
            "module.aft.data.local_file.version",
            "module.aft.module.aft_account_request_framework.aws_iam_role.aft_account_request_processor",
            "module.aft.module.aft_account_request_framework.aws_kms_key.aft",
            "module.aft.module.aft_account_request_framework.aws_security_group.aft_vpc_default_sg",
            "module.aft.module.aft_account_request_framework.aws_subnet.aft_vpc_private_subnet_01",
            "module.aft.module.aft_account_request_framework.aws_subnet.aft_vpc_private_subnet_02",
            "module.aft.module.aft_account_request_framework.aws_vpc.aft_vpc",
            "module.aft.module.aft_account_request_framework.data.aws_availability_zones.available",
            "module.aft.module.aft_customizations.aws_s3_bucket.aft_codepipeline_customizations_bucket",
            "module.aft.module.aft_customizations.data.aws_caller_identity.current",
            "module.aft.module.aft_lambda_layer.aws_codebuild_project.codebuild",
            "module.aft.module.aft_lambda_layer.aws_iam_role.codebuild",
            "module.aft.module.aft_lambda_layer.aws_iam_role.codebuild_invoker_lambda_role",
            "module.aft.module.aft_lambda_layer.aws_lambda_function.codebuild_invoker",
            "module.aft.module.aft_lambda_layer.aws_lambda_layer_version.layer_version",
            "module.aft.module.aft_lambda_layer.data.aws_lambda_invocation.invoke_codebuild_job",
            "module.aft.module.aft_lambda_layer.data.aws_partition.current",
            "module.aft.module.aft_lambda_layer.data.local_file.aft_lambda_layer",
            "module.aft.module.aft_lambda_layer.random_string.resource_suffix",
            "module.aft.module.packaging.data.archive_file.builder",
            "module.aft.module.packaging.data.archive_file.request_framework"
          ]
        }
      ]
    },
    {
      "module": "module.aft.module.aft_account_request_framework",
      "mode": "managed",
      "type": "aws_lambda_function",
      "name": "aft_cleanup_resources",
      "provider": "module.aft.provider[\"registry.terraform.io/hashicorp/aws\"].aft_management",
      "instances": [
        {
          "schema_version": 0,
          "attributes": {
            "architectures": [
              "x86_64"
            ],
            "arn": "arn:aws:lambda:eu-west-1:804448413129:function:aft-cleanup-resources",
            "code_signing_config_arn": "",
            "dead_letter_config": [],
            "description": "Removes AFT pipeline resources when an account record is removed from the AFT repo",
            "environment": [],
            "ephemeral_storage": [
              {
                "size": 512
              }
            ],
            "file_system_config": [],
            "filename": ".terraform/modules/aft/modules/aft-archives/../../src/aft_lambda/aft_account_request_framework.zip",
            "function_name": "aft-cleanup-resources",
            "handler": "aft_cleanup_resources.lambda_handler",
            "id": "aft-cleanup-resources",
            "image_config": [],
            "image_uri": "",
            "invoke_arn": "arn:aws:apigateway:eu-west-1:lambda:path/2015-03-31/functions/arn:aws:lambda:eu-west-1:804448413129:function:aft-cleanup-resources/invocations",
            "kms_key_arn": "",
            "last_modified": "2023-02-27T18:56:49.403+0000",
            "layers": [
              "arn:aws:lambda:eu-west-1:804448413129:layer:aft-common-1-8-0:1"
            ],
            "memory_size": 1024,
            "package_type": "Zip",
            "publish": false,
            "qualified_arn": "arn:aws:lambda:eu-west-1:804448413129:function:aft-cleanup-resources:$LATEST",
            "qualified_invoke_arn": "arn:aws:apigateway:eu-west-1:lambda:path/2015-03-31/functions/arn:aws:lambda:eu-west-1:804448413129:function:aft-cleanup-resources:$LATEST/invocations",
            "reserved_concurrent_executions": -1,
            "role": "arn:aws:iam::804448413129:role/aft-lambda-cleanup-resources",
            "runtime": "python3.8",
            "s3_bucket": null,
            "s3_key": null,
            "s3_object_version": null,
            "signing_job_arn": "",
            "signing_profile_version_arn": "",
            "snap_start": [],
            "source_code_hash": "5Juy6hxoa9EuiENKMjPIfYXLFnY+f54565hxQ2uUd3o=",
            "source_code_size": 7886,
            "tags": null,
            "tags_all": {
              "managed_by": "AFT"
            },
            "timeout": 300,
            "timeouts": null,
            "tracing_config": [
              {
                "mode": "PassThrough"
              }
            ],
            "version": "$LATEST",
            "vpc_config": [
              {
                "security_group_ids": [
                  "sg-0d5a3a51c1cf3042b"
                ],
                "subnet_ids": [
                  "subnet-090ee28a6b2779f35",
                  "subnet-0fbf0295c6df87487"
                ],
                "vpc_id": "vpc-0738a48762cabc9e5"
              }
            ]
          },
          "sensitive_attributes": [],
          "private": "eyJlMmJmYjczMC1lY2FhLTExZTYtOGY4OC0zNDM2M2JjN2M0YzAiOnsiY3JlYXRlIjo2MDAwMDAwMDAwMDAsInVwZGF0ZSI6NjAwMDAwMDAwMDAwfX0=",
          "dependencies": [
            "module.aft.data.aws_partition.current",
            "module.aft.data.local_file.version",
            "module.aft.module.aft_account_request_framework.aws_iam_role.aft_cleanup_resources",
            "module.aft.module.aft_account_request_framework.aws_kms_key.aft",
            "module.aft.module.aft_account_request_framework.aws_security_group.aft_vpc_default_sg",
            "module.aft.module.aft_account_request_framework.aws_subnet.aft_vpc_private_subnet_01",
            "module.aft.module.aft_account_request_framework.aws_subnet.aft_vpc_private_subnet_02",
            "module.aft.module.aft_account_request_framework.aws_vpc.aft_vpc",
            "module.aft.module.aft_account_request_framework.data.aws_availability_zones.available",
            "module.aft.module.aft_customizations.aws_s3_bucket.aft_codepipeline_customizations_bucket",
            "module.aft.module.aft_customizations.data.aws_caller_identity.current",
            "module.aft.module.aft_lambda_layer.aws_codebuild_project.codebuild",
            "module.aft.module.aft_lambda_layer.aws_iam_role.codebuild",
            "module.aft.module.aft_lambda_layer.aws_iam_role.codebuild_invoker_lambda_role",
            "module.aft.module.aft_lambda_layer.aws_lambda_function.codebuild_invoker",
            "module.aft.module.aft_lambda_layer.aws_lambda_layer_version.layer_version",
            "module.aft.module.aft_lambda_layer.data.aws_lambda_invocation.invoke_codebuild_job",
            "module.aft.module.aft_lambda_layer.data.aws_partition.current",
            "module.aft.module.aft_lambda_layer.data.local_file.aft_lambda_layer",
            "module.aft.module.aft_lambda_layer.random_string.resource_suffix",
            "module.aft.module.packaging.data.archive_file.builder",
            "module.aft.module.packaging.data.archive_file.request_framework"
          ]
        }
      ]
    },
    {
      "module": "module.aft.module.aft_account_request_framework",
      "mode": "managed",
      "type": "aws_lambda_function",
      "name": "aft_controltower_event_logger",
      "provider": "module.aft.provider[\"registry.terraform.io/hashicorp/aws\"].aft_management",
      "instances": [
        {
          "schema_version": 0,
          "attributes": {
            "architectures": [
              "x86_64"
            ],
            "arn": "arn:aws:lambda:eu-west-1:804448413129:function:aft-controltower-event-logger",
            "code_signing_config_arn": "",
            "dead_letter_config": [],
            "description": "Receives Control Tower events through dedicated event bus event and writes event to aft-controltower-events table",
            "environment": [],
            "ephemeral_storage": [
              {
                "size": 512
              }
            ],
            "file_system_config": [],
            "filename": ".terraform/modules/aft/modules/aft-archives/../../src/aft_lambda/aft_account_request_framework.zip",
            "function_name": "aft-controltower-event-logger",
            "handler": "aft_controltower_event_logger.lambda_handler",
            "id": "aft-controltower-event-logger",
            "image_config": [],
            "image_uri": "",
            "invoke_arn": "arn:aws:apigateway:eu-west-1:lambda:path/2015-03-31/functions/arn:aws:lambda:eu-west-1:804448413129:function:aft-controltower-event-logger/invocations",
            "kms_key_arn": "",
            "last_modified": "2023-02-27T18:55:49.901+0000",
            "layers": [
              "arn:aws:lambda:eu-west-1:804448413129:layer:aft-common-1-8-0:1"
            ],
            "memory_size": 1024,
            "package_type": "Zip",
            "publish": false,
            "qualified_arn": "arn:aws:lambda:eu-west-1:804448413129:function:aft-controltower-event-logger:$LATEST",
            "qualified_invoke_arn": "arn:aws:apigateway:eu-west-1:lambda:path/2015-03-31/functions/arn:aws:lambda:eu-west-1:804448413129:function:aft-controltower-event-logger:$LATEST/invocations",
            "reserved_concurrent_executions": -1,
            "role": "arn:aws:iam::804448413129:role/aft-lambda-controltower-event-logger",
            "runtime": "python3.8",
            "s3_bucket": null,
            "s3_key": null,
            "s3_object_version": null,
            "signing_job_arn": "",
            "signing_profile_version_arn": "",
            "snap_start": [],
            "source_code_hash": "5Juy6hxoa9EuiENKMjPIfYXLFnY+f54565hxQ2uUd3o=",
            "source_code_size": 7886,
            "tags": null,
            "tags_all": {
              "managed_by": "AFT"
            },
            "timeout": 300,
            "timeouts": null,
            "tracing_config": [
              {
                "mode": "PassThrough"
              }
            ],
            "version": "$LATEST",
            "vpc_config": [
              {
                "security_group_ids": [
                  "sg-0d5a3a51c1cf3042b"
                ],
                "subnet_ids": [
                  "subnet-090ee28a6b2779f35",
                  "subnet-0fbf0295c6df87487"
                ],
                "vpc_id": "vpc-0738a48762cabc9e5"
              }
            ]
          },
          "sensitive_attributes": [],
          "private": "eyJlMmJmYjczMC1lY2FhLTExZTYtOGY4OC0zNDM2M2JjN2M0YzAiOnsiY3JlYXRlIjo2MDAwMDAwMDAwMDAsInVwZGF0ZSI6NjAwMDAwMDAwMDAwfX0=",
          "dependencies": [
            "module.aft.data.aws_partition.current",
            "module.aft.data.local_file.version",
            "module.aft.module.aft_account_request_framework.aws_iam_role.aft_controltower_event_logger",
            "module.aft.module.aft_account_request_framework.aws_kms_key.aft",
            "module.aft.module.aft_account_request_framework.aws_security_group.aft_vpc_default_sg",
            "module.aft.module.aft_account_request_framework.aws_subnet.aft_vpc_private_subnet_01",
            "module.aft.module.aft_account_request_framework.aws_subnet.aft_vpc_private_subnet_02",
            "module.aft.module.aft_account_request_framework.aws_vpc.aft_vpc",
            "module.aft.module.aft_account_request_framework.data.aws_availability_zones.available",
            "module.aft.module.aft_customizations.aws_s3_bucket.aft_codepipeline_customizations_bucket",
            "module.aft.module.aft_customizations.data.aws_caller_identity.current",
            "module.aft.module.aft_lambda_layer.aws_codebuild_project.codebuild",
            "module.aft.module.aft_lambda_layer.aws_iam_role.codebuild",
            "module.aft.module.aft_lambda_layer.aws_iam_role.codebuild_invoker_lambda_role",
            "module.aft.module.aft_lambda_layer.aws_lambda_function.codebuild_invoker",
            "module.aft.module.aft_lambda_layer.aws_lambda_layer_version.layer_version",
            "module.aft.module.aft_lambda_layer.data.aws_lambda_invocation.invoke_codebuild_job",
            "module.aft.module.aft_lambda_layer.data.aws_partition.current",
            "module.aft.module.aft_lambda_layer.data.local_file.aft_lambda_layer",
            "module.aft.module.aft_lambda_layer.random_string.resource_suffix",
            "module.aft.module.packaging.data.archive_file.builder",
            "module.aft.module.packaging.data.archive_file.request_framework"
          ]
        }
      ]
    },
    {
      "module": "module.aft.module.aft_account_request_framework",
      "mode": "managed",
      "type": "aws_lambda_function",
      "name": "aft_invoke_aft_account_provisioning_framework",
      "provider": "module.aft.provider[\"registry.terraform.io/hashicorp/aws\"].aft_management",
      "instances": [
        {
          "schema_version": 0,
          "attributes": {
            "architectures": [
              "x86_64"
            ],
            "arn": "arn:aws:lambda:eu-west-1:804448413129:function:aft-invoke-aft-account-provisioning-framework",
            "code_signing_config_arn": "",
            "dead_letter_config": [],
            "description": "Calls AFT Account Provisioning Framework Step Function based on a formatted incoming event from Lambda or CW Event",
            "environment": [],
            "ephemeral_storage": [
              {
                "size": 512
              }
            ],
            "file_system_config": [],
            "filename": ".terraform/modules/aft/modules/aft-archives/../../src/aft_lambda/aft_account_request_framework.zip",
            "function_name": "aft-invoke-aft-account-provisioning-framework",
            "handler": "aft_invoke_aft_account_provisioning_framework.lambda_handler",
            "id": "aft-invoke-aft-account-provisioning-framework",
            "image_config": [],
            "image_uri": "",
            "invoke_arn": "arn:aws:apigateway:eu-west-1:lambda:path/2015-03-31/functions/arn:aws:lambda:eu-west-1:804448413129:function:aft-invoke-aft-account-provisioning-framework/invocations",
            "kms_key_arn": "",
            "last_modified": "2023-02-27T18:56:37.007+0000",
            "layers": [
              "arn:aws:lambda:eu-west-1:804448413129:layer:aft-common-1-8-0:1"
            ],
            "memory_size": 1024,
            "package_type": "Zip",
            "publish": false,
            "qualified_arn": "arn:aws:lambda:eu-west-1:804448413129:function:aft-invoke-aft-account-provisioning-framework:$LATEST",
            "qualified_invoke_arn": "arn:aws:apigateway:eu-west-1:lambda:path/2015-03-31/functions/arn:aws:lambda:eu-west-1:804448413129:function:aft-invoke-aft-account-provisioning-framework:$LATEST/invocations",
            "reserved_concurrent_executions": -1,
            "role": "arn:aws:iam::804448413129:role/aft-lambda-invoke-aft-account-provisioning-framework",
            "runtime": "python3.8",
            "s3_bucket": null,
            "s3_key": null,
            "s3_object_version": null,
            "signing_job_arn": "",
            "signing_profile_version_arn": "",
            "snap_start": [],
            "source_code_hash": "5Juy6hxoa9EuiENKMjPIfYXLFnY+f54565hxQ2uUd3o=",
            "source_code_size": 7886,
            "tags": null,
            "tags_all": {
              "managed_by": "AFT"
            },
            "timeout": 300,
            "timeouts": null,
            "tracing_config": [
              {
                "mode": "PassThrough"
              }
            ],
            "version": "$LATEST",
            "vpc_config": [
              {
                "security_group_ids": [
                  "sg-0d5a3a51c1cf3042b"
                ],
                "subnet_ids": [
                  "subnet-090ee28a6b2779f35",
                  "subnet-0fbf0295c6df87487"
                ],
                "vpc_id": "vpc-0738a48762cabc9e5"
              }
            ]
          },
          "sensitive_attributes": [],
          "private": "eyJlMmJmYjczMC1lY2FhLTExZTYtOGY4OC0zNDM2M2JjN2M0YzAiOnsiY3JlYXRlIjo2MDAwMDAwMDAwMDAsInVwZGF0ZSI6NjAwMDAwMDAwMDAwfX0=",
          "dependencies": [
            "module.aft.data.aws_partition.current",
            "module.aft.data.local_file.version",
            "module.aft.module.aft_account_request_framework.aws_iam_role.aft_invoke_aft_account_provisioning_framework",
            "module.aft.module.aft_account_request_framework.aws_kms_key.aft",
            "module.aft.module.aft_account_request_framework.aws_security_group.aft_vpc_default_sg",
            "module.aft.module.aft_account_request_framework.aws_subnet.aft_vpc_private_subnet_01",
            "module.aft.module.aft_account_request_framework.aws_subnet.aft_vpc_private_subnet_02",
            "module.aft.module.aft_account_request_framework.aws_vpc.aft_vpc",
            "module.aft.module.aft_account_request_framework.data.aws_availability_zones.available",
            "module.aft.module.aft_customizations.aws_s3_bucket.aft_codepipeline_customizations_bucket",
            "module.aft.module.aft_customizations.data.aws_caller_identity.current",
            "module.aft.module.aft_lambda_layer.aws_codebuild_project.codebuild",
            "module.aft.module.aft_lambda_layer.aws_iam_role.codebuild",
            "module.aft.module.aft_lambda_layer.aws_iam_role.codebuild_invoker_lambda_role",
            "module.aft.module.aft_lambda_layer.aws_lambda_function.codebuild_invoker",
            "module.aft.module.aft_lambda_layer.aws_lambda_layer_version.layer_version",
            "module.aft.module.aft_lambda_layer.data.aws_lambda_invocation.invoke_codebuild_job",
            "module.aft.module.aft_lambda_layer.data.aws_partition.current",
            "module.aft.module.aft_lambda_layer.data.local_file.aft_lambda_layer",
            "module.aft.module.aft_lambda_layer.random_string.resource_suffix",
            "module.aft.module.packaging.data.archive_file.builder",
            "module.aft.module.packaging.data.archive_file.request_framework"
          ]
        }
      ]
    },
    {
      "module": "module.aft.module.aft_account_request_framework",
      "mode": "managed",
      "type": "aws_lambda_permission",
      "name": "aft_account_request_processor",
      "provider": "module.aft.provider[\"registry.terraform.io/hashicorp/aws\"].aft_management",
      "instances": [
        {
          "schema_version": 0,
          "attributes": {
            "action": "lambda:InvokeFunction",
            "event_source_token": null,
            "function_name": "aft-account-request-processor",
            "function_url_auth_type": null,
            "id": "AllowExecutionFromCloudWatch",
            "principal": "events.amazonaws.com",
            "principal_org_id": null,
            "qualifier": "",
            "source_account": null,
            "source_arn": "arn:aws:events:eu-west-1:804448413129:rule/aft-lambda-account-request-processor",
            "statement_id": "AllowExecutionFromCloudWatch",
            "statement_id_prefix": ""
          },
          "sensitive_attributes": [],
          "private": "bnVsbA==",
          "dependencies": [
            "module.aft.data.aws_partition.current",
            "module.aft.data.local_file.version",
            "module.aft.module.aft_account_request_framework.aws_cloudwatch_event_rule.aft_account_request_processor",
            "module.aft.module.aft_account_request_framework.aws_iam_role.aft_account_request_processor",
            "module.aft.module.aft_account_request_framework.aws_kms_key.aft",
            "module.aft.module.aft_account_request_framework.aws_lambda_function.aft_account_request_processor",
            "module.aft.module.aft_account_request_framework.aws_security_group.aft_vpc_default_sg",
            "module.aft.module.aft_account_request_framework.aws_subnet.aft_vpc_private_subnet_01",
            "module.aft.module.aft_account_request_framework.aws_subnet.aft_vpc_private_subnet_02",
            "module.aft.module.aft_account_request_framework.aws_vpc.aft_vpc",
            "module.aft.module.aft_account_request_framework.data.aws_availability_zones.available",
            "module.aft.module.aft_customizations.aws_s3_bucket.aft_codepipeline_customizations_bucket",
            "module.aft.module.aft_customizations.data.aws_caller_identity.current",
            "module.aft.module.aft_lambda_layer.aws_codebuild_project.codebuild",
            "module.aft.module.aft_lambda_layer.aws_iam_role.codebuild",
            "module.aft.module.aft_lambda_layer.aws_iam_role.codebuild_invoker_lambda_role",
            "module.aft.module.aft_lambda_layer.aws_lambda_function.codebuild_invoker",
            "module.aft.module.aft_lambda_layer.aws_lambda_layer_version.layer_version",
            "module.aft.module.aft_lambda_layer.data.aws_lambda_invocation.invoke_codebuild_job",
            "module.aft.module.aft_lambda_layer.data.aws_partition.current",
            "module.aft.module.aft_lambda_layer.data.local_file.aft_lambda_layer",
            "module.aft.module.aft_lambda_layer.random_string.resource_suffix",
            "module.aft.module.packaging.data.archive_file.builder",
            "module.aft.module.packaging.data.archive_file.request_framework"
          ]
        }
      ]
    },
    {
      "module": "module.aft.module.aft_account_request_framework",
      "mode": "managed",
      "type": "aws_lambda_permission",
      "name": "aft_controltower_event_logger",
      "provider": "module.aft.provider[\"registry.terraform.io/hashicorp/aws\"].aft_management",
      "instances": [
        {
          "schema_version": 0,
          "attributes": {
            "action": "lambda:InvokeFunction",
            "event_source_token": null,
            "function_name": "aft-controltower-event-logger",
            "function_url_auth_type": null,
            "id": "AllowExecutionFromCloudWatch",
            "principal": "events.amazonaws.com",
            "principal_org_id": null,
            "qualifier": "",
            "source_account": null,
            "source_arn": "arn:aws:events:eu-west-1:804448413129:rule/aft-events-from-ct-management/aft-controltower-event-logger",
            "statement_id": "AllowExecutionFromCloudWatch",
            "statement_id_prefix": ""
          },
          "sensitive_attributes": [],
          "private": "bnVsbA==",
          "dependencies": [
            "module.aft.data.aws_partition.current",
            "module.aft.data.local_file.version",
            "module.aft.module.aft_account_request_framework.aws_cloudwatch_event_bus.aft_from_ct_management",
            "module.aft.module.aft_account_request_framework.aws_cloudwatch_event_rule.aft_controltower_event_trigger",
            "module.aft.module.aft_account_request_framework.aws_iam_role.aft_controltower_event_logger",
            "module.aft.module.aft_account_request_framework.aws_kms_key.aft",
            "module.aft.module.aft_account_request_framework.aws_lambda_function.aft_controltower_event_logger",
            "module.aft.module.aft_account_request_framework.aws_security_group.aft_vpc_default_sg",
            "module.aft.module.aft_account_request_framework.aws_subnet.aft_vpc_private_subnet_01",
            "module.aft.module.aft_account_request_framework.aws_subnet.aft_vpc_private_subnet_02",
            "module.aft.module.aft_account_request_framework.aws_vpc.aft_vpc",
            "module.aft.module.aft_account_request_framework.data.aws_availability_zones.available",
            "module.aft.module.aft_account_request_framework.data.aws_caller_identity.ct-management",
            "module.aft.module.aft_customizations.aws_s3_bucket.aft_codepipeline_customizations_bucket",
            "module.aft.module.aft_customizations.data.aws_caller_identity.current",
            "module.aft.module.aft_lambda_layer.aws_codebuild_project.codebuild",
            "module.aft.module.aft_lambda_layer.aws_iam_role.codebuild",
            "module.aft.module.aft_lambda_layer.aws_iam_role.codebuild_invoker_lambda_role",
            "module.aft.module.aft_lambda_layer.aws_lambda_function.codebuild_invoker",
            "module.aft.module.aft_lambda_layer.aws_lambda_layer_version.layer_version",
            "module.aft.module.aft_lambda_layer.data.aws_lambda_invocation.invoke_codebuild_job",
            "module.aft.module.aft_lambda_layer.data.aws_partition.current",
            "module.aft.module.aft_lambda_layer.data.local_file.aft_lambda_layer",
            "module.aft.module.aft_lambda_layer.random_string.resource_suffix",
            "module.aft.module.packaging.data.archive_file.builder",
            "module.aft.module.packaging.data.archive_file.request_framework"
          ]
        }
      ]
    },
    {
      "module": "module.aft.module.aft_account_request_framework",
      "mode": "managed",
      "type": "aws_lambda_permission",
      "name": "aft_invoke_aft_account_provisioning_framework",
      "provider": "module.aft.provider[\"registry.terraform.io/hashicorp/aws\"].aft_management",
      "instances": [
        {
          "schema_version": 0,
          "attributes": {
            "action": "lambda:InvokeFunction",
            "event_source_token": null,
            "function_name": "aft-invoke-aft-account-provisioning-framework",
            "function_url_auth_type": null,
            "id": "AllowExecutionFromCloudWatch",
            "principal": "events.amazonaws.com",
            "principal_org_id": null,
            "qualifier": "",
            "source_account": null,
            "source_arn": "arn:aws:events:eu-west-1:804448413129:rule/aft-events-from-ct-management/aft-controltower-event-logger",
            "statement_id": "AllowExecutionFromCloudWatch",
            "statement_id_prefix": ""
          },
          "sensitive_attributes": [],
          "private": "bnVsbA==",
          "dependencies": [
            "module.aft.data.aws_partition.current",
            "module.aft.data.local_file.version",
            "module.aft.module.aft_account_request_framework.aws_cloudwatch_event_bus.aft_from_ct_management",
            "module.aft.module.aft_account_request_framework.aws_cloudwatch_event_rule.aft_controltower_event_trigger",
            "module.aft.module.aft_account_request_framework.aws_iam_role.aft_invoke_aft_account_provisioning_framework",
            "module.aft.module.aft_account_request_framework.aws_kms_key.aft",
            "module.aft.module.aft_account_request_framework.aws_lambda_function.aft_invoke_aft_account_provisioning_framework",
            "module.aft.module.aft_account_request_framework.aws_security_group.aft_vpc_default_sg",
            "module.aft.module.aft_account_request_framework.aws_subnet.aft_vpc_private_subnet_01",
            "module.aft.module.aft_account_request_framework.aws_subnet.aft_vpc_private_subnet_02",
            "module.aft.module.aft_account_request_framework.aws_vpc.aft_vpc",
            "module.aft.module.aft_account_request_framework.data.aws_availability_zones.available",
            "module.aft.module.aft_account_request_framework.data.aws_caller_identity.ct-management",
            "module.aft.module.aft_customizations.aws_s3_bucket.aft_codepipeline_customizations_bucket",
            "module.aft.module.aft_customizations.data.aws_caller_identity.current",
            "module.aft.module.aft_lambda_layer.aws_codebuild_project.codebuild",
            "module.aft.module.aft_lambda_layer.aws_iam_role.codebuild",
            "module.aft.module.aft_lambda_layer.aws_iam_role.codebuild_invoker_lambda_role",
            "module.aft.module.aft_lambda_layer.aws_lambda_function.codebuild_invoker",
            "module.aft.module.aft_lambda_layer.aws_lambda_layer_version.layer_version",
            "module.aft.module.aft_lambda_layer.data.aws_lambda_invocation.invoke_codebuild_job",
            "module.aft.module.aft_lambda_layer.data.aws_partition.current",
            "module.aft.module.aft_lambda_layer.data.local_file.aft_lambda_layer",
            "module.aft.module.aft_lambda_layer.random_string.resource_suffix",
            "module.aft.module.packaging.data.archive_file.builder",
            "module.aft.module.packaging.data.archive_file.request_framework"
          ]
        }
      ]
    },
    {
      "module": "module.aft.module.aft_account_request_framework",
      "mode": "managed",
      "type": "aws_nat_gateway",
      "name": "aft-vpc-natgw-01",
      "provider": "module.aft.provider[\"registry.terraform.io/hashicorp/aws\"].aft_management",
      "instances": [
        {
          "schema_version": 0,
          "attributes": {
            "allocation_id": "eipalloc-002b20caeda954b8f",
            "connectivity_type": "public",
            "id": "nat-0949a3ac449bbd20a",
            "network_interface_id": "eni-0c042e728cac3f2a5",
            "private_ip": "192.168.2.38",
            "public_ip": "54.72.44.194",
            "subnet_id": "subnet-09b532553c8feebd6",
            "tags": {
              "Name": "aft-vpc-natgw-01"
            },
            "tags_all": {
              "Name": "aft-vpc-natgw-01",
              "managed_by": "AFT"
            }
          },
          "sensitive_attributes": [],
          "private": "bnVsbA==",
          "dependencies": [
            "module.aft.data.aws_partition.current",
            "module.aft.module.aft_account_request_framework.aws_eip.aft-vpc-natgw-01",
            "module.aft.module.aft_account_request_framework.aws_internet_gateway.aft-vpc-igw",
            "module.aft.module.aft_account_request_framework.aws_subnet.aft_vpc_public_subnet_01",
            "module.aft.module.aft_account_request_framework.aws_vpc.aft_vpc",
            "module.aft.module.aft_account_request_framework.data.aws_availability_zones.available"
          ]
        }
      ]
    },
    {
      "module": "module.aft.module.aft_account_request_framework",
      "mode": "managed",
      "type": "aws_nat_gateway",
      "name": "aft-vpc-natgw-02",
      "provider": "module.aft.provider[\"registry.terraform.io/hashicorp/aws\"].aft_management",
      "instances": [
        {
          "schema_version": 0,
          "attributes": {
            "allocation_id": "eipalloc-01b5f00a84f620295",
            "connectivity_type": "public",
            "id": "nat-0c53c717818e50d65",
            "network_interface_id": "eni-04a9262c69d6e3e6e",
            "private_ip": "192.168.2.232",
            "public_ip": "52.208.45.27",
            "subnet_id": "subnet-0387162a42ba8df39",
            "tags": {
              "Name": "aft-vpc-natgw-02"
            },
            "tags_all": {
              "Name": "aft-vpc-natgw-02",
              "managed_by": "AFT"
            }
          },
          "sensitive_attributes": [],
          "private": "bnVsbA==",
          "dependencies": [
            "module.aft.data.aws_partition.current",
            "module.aft.module.aft_account_request_framework.aws_eip.aft-vpc-natgw-02",
            "module.aft.module.aft_account_request_framework.aws_internet_gateway.aft-vpc-igw",
            "module.aft.module.aft_account_request_framework.aws_subnet.aft_vpc_public_subnet_02",
            "module.aft.module.aft_account_request_framework.aws_vpc.aft_vpc",
            "module.aft.module.aft_account_request_framework.data.aws_availability_zones.available"
          ]
        }
      ]
    },
    {
      "module": "module.aft.module.aft_account_request_framework",
      "mode": "managed",
      "type": "aws_route_table",
      "name": "aft_vpc_private_subnet_01",
      "provider": "module.aft.provider[\"registry.terraform.io/hashicorp/aws\"].aft_management",
      "instances": [
        {
          "schema_version": 0,
          "attributes": {
            "arn": "arn:aws:ec2:eu-west-1:804448413129:route-table/rtb-01612190412dc8d19",
            "id": "rtb-01612190412dc8d19",
            "owner_id": "804448413129",
            "propagating_vgws": [],
            "route": [
              {
                "carrier_gateway_id": "",
                "cidr_block": "0.0.0.0/0",
                "core_network_arn": "",
                "destination_prefix_list_id": "",
                "egress_only_gateway_id": "",
                "gateway_id": "",
                "instance_id": "",
                "ipv6_cidr_block": "",
                "local_gateway_id": "",
                "nat_gateway_id": "nat-0949a3ac449bbd20a",
                "network_interface_id": "",
                "transit_gateway_id": "",
                "vpc_endpoint_id": "",
                "vpc_peering_connection_id": ""
              }
            ],
            "tags": {
              "Name": "aft-vpc-private-subnet-01"
            },
            "tags_all": {
              "Name": "aft-vpc-private-subnet-01",
              "managed_by": "AFT"
            },
            "timeouts": null,
            "vpc_id": "vpc-0738a48762cabc9e5"
          },
          "sensitive_attributes": [],
          "private": "eyJlMmJmYjczMC1lY2FhLTExZTYtOGY4OC0zNDM2M2JjN2M0YzAiOnsiY3JlYXRlIjozMDAwMDAwMDAwMDAsImRlbGV0ZSI6MzAwMDAwMDAwMDAwLCJ1cGRhdGUiOjEyMDAwMDAwMDAwMH19",
          "dependencies": [
            "module.aft.data.aws_partition.current",
            "module.aft.module.aft_account_request_framework.aws_eip.aft-vpc-natgw-01",
            "module.aft.module.aft_account_request_framework.aws_internet_gateway.aft-vpc-igw",
            "module.aft.module.aft_account_request_framework.aws_nat_gateway.aft-vpc-natgw-01",
            "module.aft.module.aft_account_request_framework.aws_subnet.aft_vpc_public_subnet_01",
            "module.aft.module.aft_account_request_framework.aws_vpc.aft_vpc",
            "module.aft.module.aft_account_request_framework.data.aws_availability_zones.available"
          ]
        }
      ]
    },
    {
      "module": "module.aft.module.aft_account_request_framework",
      "mode": "managed",
      "type": "aws_route_table",
      "name": "aft_vpc_private_subnet_02",
      "provider": "module.aft.provider[\"registry.terraform.io/hashicorp/aws\"].aft_management",
      "instances": [
        {
          "schema_version": 0,
          "attributes": {
            "arn": "arn:aws:ec2:eu-west-1:804448413129:route-table/rtb-0ae53b684ef8a7c17",
            "id": "rtb-0ae53b684ef8a7c17",
            "owner_id": "804448413129",
            "propagating_vgws": [],
            "route": [
              {
                "carrier_gateway_id": "",
                "cidr_block": "0.0.0.0/0",
                "core_network_arn": "",
                "destination_prefix_list_id": "",
                "egress_only_gateway_id": "",
                "gateway_id": "",
                "instance_id": "",
                "ipv6_cidr_block": "",
                "local_gateway_id": "",
                "nat_gateway_id": "nat-0c53c717818e50d65",
                "network_interface_id": "",
                "transit_gateway_id": "",
                "vpc_endpoint_id": "",
                "vpc_peering_connection_id": ""
              }
            ],
            "tags": {
              "Name": "aft-vpc-private-subnet-02"
            },
            "tags_all": {
              "Name": "aft-vpc-private-subnet-02",
              "managed_by": "AFT"
            },
            "timeouts": null,
            "vpc_id": "vpc-0738a48762cabc9e5"
          },
          "sensitive_attributes": [],
          "private": "eyJlMmJmYjczMC1lY2FhLTExZTYtOGY4OC0zNDM2M2JjN2M0YzAiOnsiY3JlYXRlIjozMDAwMDAwMDAwMDAsImRlbGV0ZSI6MzAwMDAwMDAwMDAwLCJ1cGRhdGUiOjEyMDAwMDAwMDAwMH19",
          "dependencies": [
            "module.aft.data.aws_partition.current",
            "module.aft.module.aft_account_request_framework.aws_eip.aft-vpc-natgw-02",
            "module.aft.module.aft_account_request_framework.aws_internet_gateway.aft-vpc-igw",
            "module.aft.module.aft_account_request_framework.aws_nat_gateway.aft-vpc-natgw-02",
            "module.aft.module.aft_account_request_framework.aws_subnet.aft_vpc_public_subnet_02",
            "module.aft.module.aft_account_request_framework.aws_vpc.aft_vpc",
            "module.aft.module.aft_account_request_framework.data.aws_availability_zones.available"
          ]
        }
      ]
    },
    {
      "module": "module.aft.module.aft_account_request_framework",
      "mode": "managed",
      "type": "aws_route_table",
      "name": "aft_vpc_public_subnet_01",
      "provider": "module.aft.provider[\"registry.terraform.io/hashicorp/aws\"].aft_management",
      "instances": [
        {
          "schema_version": 0,
          "attributes": {
            "arn": "arn:aws:ec2:eu-west-1:804448413129:route-table/rtb-0f4893570b1b6ceeb",
            "id": "rtb-0f4893570b1b6ceeb",
            "owner_id": "804448413129",
            "propagating_vgws": [],
            "route": [
              {
                "carrier_gateway_id": "",
                "cidr_block": "0.0.0.0/0",
                "core_network_arn": "",
                "destination_prefix_list_id": "",
                "egress_only_gateway_id": "",
                "gateway_id": "igw-0db0be2bba8c551d6",
                "instance_id": "",
                "ipv6_cidr_block": "",
                "local_gateway_id": "",
                "nat_gateway_id": "",
                "network_interface_id": "",
                "transit_gateway_id": "",
                "vpc_endpoint_id": "",
                "vpc_peering_connection_id": ""
              }
            ],
            "tags": {
              "Name": "aft-vpc-public-subnet-01"
            },
            "tags_all": {
              "Name": "aft-vpc-public-subnet-01",
              "managed_by": "AFT"
            },
            "timeouts": null,
            "vpc_id": "vpc-0738a48762cabc9e5"
          },
          "sensitive_attributes": [],
          "private": "eyJlMmJmYjczMC1lY2FhLTExZTYtOGY4OC0zNDM2M2JjN2M0YzAiOnsiY3JlYXRlIjozMDAwMDAwMDAwMDAsImRlbGV0ZSI6MzAwMDAwMDAwMDAwLCJ1cGRhdGUiOjEyMDAwMDAwMDAwMH19",
          "dependencies": [
            "module.aft.data.aws_partition.current",
            "module.aft.module.aft_account_request_framework.aws_internet_gateway.aft-vpc-igw",
            "module.aft.module.aft_account_request_framework.aws_vpc.aft_vpc"
          ]
        }
      ]
    },
    {
      "module": "module.aft.module.aft_account_request_framework",
      "mode": "managed",
      "type": "aws_route_table_association",
      "name": "aft_vpc_private_subnet_01",
      "provider": "module.aft.provider[\"registry.terraform.io/hashicorp/aws\"].aft_management",
      "instances": [
        {
          "schema_version": 0,
          "attributes": {
            "gateway_id": "",
            "id": "rtbassoc-0994820441d3ffbbf",
            "route_table_id": "rtb-01612190412dc8d19",
            "subnet_id": "subnet-090ee28a6b2779f35"
          },
          "sensitive_attributes": [],
          "private": "bnVsbA==",
          "dependencies": [
            "module.aft.data.aws_partition.current",
            "module.aft.module.aft_account_request_framework.aws_eip.aft-vpc-natgw-01",
            "module.aft.module.aft_account_request_framework.aws_internet_gateway.aft-vpc-igw",
            "module.aft.module.aft_account_request_framework.aws_nat_gateway.aft-vpc-natgw-01",
            "module.aft.module.aft_account_request_framework.aws_route_table.aft_vpc_private_subnet_01",
            "module.aft.module.aft_account_request_framework.aws_subnet.aft_vpc_private_subnet_01",
            "module.aft.module.aft_account_request_framework.aws_subnet.aft_vpc_public_subnet_01",
            "module.aft.module.aft_account_request_framework.aws_vpc.aft_vpc",
            "module.aft.module.aft_account_request_framework.data.aws_availability_zones.available"
          ]
        }
      ]
    },
    {
      "module": "module.aft.module.aft_account_request_framework",
      "mode": "managed",
      "type": "aws_route_table_association",
      "name": "aft_vpc_private_subnet_02",
      "provider": "module.aft.provider[\"registry.terraform.io/hashicorp/aws\"].aft_management",
      "instances": [
        {
          "schema_version": 0,
          "attributes": {
            "gateway_id": "",
            "id": "rtbassoc-0ccd0e265e13129a5",
            "route_table_id": "rtb-0ae53b684ef8a7c17",
            "subnet_id": "subnet-0fbf0295c6df87487"
          },
          "sensitive_attributes": [],
          "private": "bnVsbA==",
          "dependencies": [
            "module.aft.data.aws_partition.current",
            "module.aft.module.aft_account_request_framework.aws_eip.aft-vpc-natgw-02",
            "module.aft.module.aft_account_request_framework.aws_internet_gateway.aft-vpc-igw",
            "module.aft.module.aft_account_request_framework.aws_nat_gateway.aft-vpc-natgw-02",
            "module.aft.module.aft_account_request_framework.aws_route_table.aft_vpc_private_subnet_02",
            "module.aft.module.aft_account_request_framework.aws_subnet.aft_vpc_private_subnet_02",
            "module.aft.module.aft_account_request_framework.aws_subnet.aft_vpc_public_subnet_02",
            "module.aft.module.aft_account_request_framework.aws_vpc.aft_vpc",
            "module.aft.module.aft_account_request_framework.data.aws_availability_zones.available"
          ]
        }
      ]
    },
    {
      "module": "module.aft.module.aft_account_request_framework",
      "mode": "managed",
      "type": "aws_route_table_association",
      "name": "aft_vpc_public_subnet_01",
      "provider": "module.aft.provider[\"registry.terraform.io/hashicorp/aws\"].aft_management",
      "instances": [
        {
          "schema_version": 0,
          "attributes": {
            "gateway_id": "",
            "id": "rtbassoc-0aa69b5c74f362d2e",
            "route_table_id": "rtb-0f4893570b1b6ceeb",
            "subnet_id": "subnet-09b532553c8feebd6"
          },
          "sensitive_attributes": [],
          "private": "bnVsbA==",
          "dependencies": [
            "module.aft.data.aws_partition.current",
            "module.aft.module.aft_account_request_framework.aws_internet_gateway.aft-vpc-igw",
            "module.aft.module.aft_account_request_framework.aws_route_table.aft_vpc_public_subnet_01",
            "module.aft.module.aft_account_request_framework.aws_subnet.aft_vpc_public_subnet_01",
            "module.aft.module.aft_account_request_framework.aws_vpc.aft_vpc",
            "module.aft.module.aft_account_request_framework.data.aws_availability_zones.available"
          ]
        }
      ]
    },
    {
      "module": "module.aft.module.aft_account_request_framework",
      "mode": "managed",
      "type": "aws_route_table_association",
      "name": "aft_vpc_public_subnet_02",
      "provider": "module.aft.provider[\"registry.terraform.io/hashicorp/aws\"].aft_management",
      "instances": [
        {
          "schema_version": 0,
          "attributes": {
            "gateway_id": "",
            "id": "rtbassoc-044c463ef68925bb6",
            "route_table_id": "rtb-0f4893570b1b6ceeb",
            "subnet_id": "subnet-0387162a42ba8df39"
          },
          "sensitive_attributes": [],
          "private": "bnVsbA==",
          "dependencies": [
            "module.aft.data.aws_partition.current",
            "module.aft.module.aft_account_request_framework.aws_internet_gateway.aft-vpc-igw",
            "module.aft.module.aft_account_request_framework.aws_route_table.aft_vpc_public_subnet_01",
            "module.aft.module.aft_account_request_framework.aws_subnet.aft_vpc_public_subnet_02",
            "module.aft.module.aft_account_request_framework.aws_vpc.aft_vpc",
            "module.aft.module.aft_account_request_framework.data.aws_availability_zones.available"
          ]
        }
      ]
    },
    {
      "module": "module.aft.module.aft_account_request_framework",
      "mode": "managed",
      "type": "aws_security_group",
      "name": "aft_vpc_default_sg",
      "provider": "module.aft.provider[\"registry.terraform.io/hashicorp/aws\"].aft_management",
      "instances": [
        {
          "schema_version": 1,
          "attributes": {
            "arn": "arn:aws:ec2:eu-west-1:804448413129:security-group/sg-0d5a3a51c1cf3042b",
            "description": "Allow outbound traffic",
            "egress": [
              {
                "cidr_blocks": [
                  "0.0.0.0/0"
                ],
                "description": "Allow outbound traffic to internet",
                "from_port": 0,
                "ipv6_cidr_blocks": [
                  "::/0"
                ],
                "prefix_list_ids": [],
                "protocol": "-1",
                "security_groups": [],
                "self": false,
                "to_port": 0
              }
            ],
            "id": "sg-0d5a3a51c1cf3042b",
            "ingress": [],
            "name": "aft-default-sg",
            "name_prefix": "",
            "owner_id": "804448413129",
            "revoke_rules_on_delete": false,
            "tags": null,
            "tags_all": {
              "managed_by": "AFT"
            },
            "timeouts": null,
            "vpc_id": "vpc-0738a48762cabc9e5"
          },
          "sensitive_attributes": [],
          "private": "eyJlMmJmYjczMC1lY2FhLTExZTYtOGY4OC0zNDM2M2JjN2M0YzAiOnsiY3JlYXRlIjo2MDAwMDAwMDAwMDAsImRlbGV0ZSI6OTAwMDAwMDAwMDAwfSwic2NoZW1hX3ZlcnNpb24iOiIxIn0=",
          "dependencies": [
            "module.aft.data.aws_partition.current",
            "module.aft.module.aft_account_request_framework.aws_vpc.aft_vpc"
          ],
          "create_before_destroy": true
        }
      ]
    },
    {
      "module": "module.aft.module.aft_account_request_framework",
      "mode": "managed",
      "type": "aws_security_group",
      "name": "aft_vpc_endpoint_sg",
      "provider": "module.aft.provider[\"registry.terraform.io/hashicorp/aws\"].aft_management",
      "instances": [
        {
          "schema_version": 1,
          "attributes": {
            "arn": "arn:aws:ec2:eu-west-1:804448413129:security-group/sg-049fd7e42e28613d7",
            "description": "Allow inbound HTTPS traffic and all Outbound",
            "egress": [
              {
                "cidr_blocks": [
                  "0.0.0.0/0"
                ],
                "description": "Allow outbound traffic to internet",
                "from_port": 0,
                "ipv6_cidr_blocks": [
                  "::/0"
                ],
                "prefix_list_ids": [],
                "protocol": "-1",
                "security_groups": [],
                "self": false,
                "to_port": 0
              }
            ],
            "id": "sg-049fd7e42e28613d7",
            "ingress": [
              {
                "cidr_blocks": [
                  "192.168.0.0/22"
                ],
                "description": "Allow inbound SSH",
                "from_port": 22,
                "ipv6_cidr_blocks": [],
                "prefix_list_ids": [],
                "protocol": "tcp",
                "security_groups": [],
                "self": false,
                "to_port": 22
              },
              {
                "cidr_blocks": [
                  "192.168.0.0/22"
                ],
                "description": "Allow inbound TLS",
                "from_port": 443,
                "ipv6_cidr_blocks": [],
                "prefix_list_ids": [],
                "protocol": "tcp",
                "security_groups": [],
                "self": false,
                "to_port": 443
              }
            ],
            "name": "aft-endpoint-sg",
            "name_prefix": "",
            "owner_id": "804448413129",
            "revoke_rules_on_delete": false,
            "tags": null,
            "tags_all": {
              "managed_by": "AFT"
            },
            "timeouts": null,
            "vpc_id": "vpc-0738a48762cabc9e5"
          },
          "sensitive_attributes": [],
          "private": "eyJlMmJmYjczMC1lY2FhLTExZTYtOGY4OC0zNDM2M2JjN2M0YzAiOnsiY3JlYXRlIjo2MDAwMDAwMDAwMDAsImRlbGV0ZSI6OTAwMDAwMDAwMDAwfSwic2NoZW1hX3ZlcnNpb24iOiIxIn0=",
          "dependencies": [
            "module.aft.data.aws_partition.current",
            "module.aft.module.aft_account_request_framework.aws_vpc.aft_vpc"
          ]
        }
      ]
    },
    {
      "module": "module.aft.module.aft_account_request_framework",
      "mode": "managed",
      "type": "aws_sns_topic",
      "name": "aft_failure_notifications",
      "provider": "module.aft.provider[\"registry.terraform.io/hashicorp/aws\"].aft_management",
      "instances": [
        {
          "schema_version": 0,
          "attributes": {
            "application_failure_feedback_role_arn": "",
            "application_success_feedback_role_arn": "",
            "application_success_feedback_sample_rate": 0,
            "arn": "arn:aws:sns:eu-west-1:804448413129:aft-failure-notifications",
            "content_based_deduplication": false,
            "delivery_policy": "",
            "display_name": "",
            "fifo_topic": false,
            "firehose_failure_feedback_role_arn": "",
            "firehose_success_feedback_role_arn": "",
            "firehose_success_feedback_sample_rate": 0,
            "http_failure_feedback_role_arn": "",
            "http_success_feedback_role_arn": "",
            "http_success_feedback_sample_rate": 0,
            "id": "arn:aws:sns:eu-west-1:804448413129:aft-failure-notifications",
            "kms_master_key_id": "alias/aws/sns",
            "lambda_failure_feedback_role_arn": "",
            "lambda_success_feedback_role_arn": "",
            "lambda_success_feedback_sample_rate": 0,
            "name": "aft-failure-notifications",
            "name_prefix": "",
            "owner": "804448413129",
            "policy": "{\"Id\":\"__default_policy_ID\",\"Statement\":[{\"Action\":[\"SNS:GetTopicAttributes\",\"SNS:SetTopicAttributes\",\"SNS:AddPermission\",\"SNS:RemovePermission\",\"SNS:DeleteTopic\",\"SNS:Subscribe\",\"SNS:ListSubscriptionsByTopic\",\"SNS:Publish\"],\"Condition\":{\"StringEquals\":{\"AWS:SourceOwner\":\"804448413129\"}},\"Effect\":\"Allow\",\"Principal\":{\"AWS\":\"*\"},\"Resource\":\"arn:aws:sns:eu-west-1:804448413129:aft-failure-notifications\",\"Sid\":\"__default_statement_ID\"}],\"Version\":\"2008-10-17\"}",
            "sqs_failure_feedback_role_arn": "",
            "sqs_success_feedback_role_arn": "",
            "sqs_success_feedback_sample_rate": 0,
            "tags": null,
            "tags_all": {
              "managed_by": "AFT"
            }
          },
          "sensitive_attributes": [],
          "private": "bnVsbA==",
          "dependencies": [
            "module.aft.data.aws_partition.current"
          ]
        }
      ]
    },
    {
      "module": "module.aft.module.aft_account_request_framework",
      "mode": "managed",
      "type": "aws_sns_topic",
      "name": "aft_notifications",
      "provider": "module.aft.provider[\"registry.terraform.io/hashicorp/aws\"].aft_management",
      "instances": [
        {
          "schema_version": 0,
          "attributes": {
            "application_failure_feedback_role_arn": "",
            "application_success_feedback_role_arn": "",
            "application_success_feedback_sample_rate": 0,
            "arn": "arn:aws:sns:eu-west-1:804448413129:aft-notifications",
            "content_based_deduplication": false,
            "delivery_policy": "",
            "display_name": "",
            "fifo_topic": false,
            "firehose_failure_feedback_role_arn": "",
            "firehose_success_feedback_role_arn": "",
            "firehose_success_feedback_sample_rate": 0,
            "http_failure_feedback_role_arn": "",
            "http_success_feedback_role_arn": "",
            "http_success_feedback_sample_rate": 0,
            "id": "arn:aws:sns:eu-west-1:804448413129:aft-notifications",
            "kms_master_key_id": "alias/aws/sns",
            "lambda_failure_feedback_role_arn": "",
            "lambda_success_feedback_role_arn": "",
            "lambda_success_feedback_sample_rate": 0,
            "name": "aft-notifications",
            "name_prefix": "",
            "owner": "804448413129",
            "policy": "{\"Id\":\"__default_policy_ID\",\"Statement\":[{\"Action\":[\"SNS:GetTopicAttributes\",\"SNS:SetTopicAttributes\",\"SNS:AddPermission\",\"SNS:RemovePermission\",\"SNS:DeleteTopic\",\"SNS:Subscribe\",\"SNS:ListSubscriptionsByTopic\",\"SNS:Publish\"],\"Condition\":{\"StringEquals\":{\"AWS:SourceOwner\":\"804448413129\"}},\"Effect\":\"Allow\",\"Principal\":{\"AWS\":\"*\"},\"Resource\":\"arn:aws:sns:eu-west-1:804448413129:aft-notifications\",\"Sid\":\"__default_statement_ID\"}],\"Version\":\"2008-10-17\"}",
            "sqs_failure_feedback_role_arn": "",
            "sqs_success_feedback_role_arn": "",
            "sqs_success_feedback_sample_rate": 0,
            "tags": null,
            "tags_all": {
              "managed_by": "AFT"
            }
          },
          "sensitive_attributes": [],
          "private": "bnVsbA==",
          "dependencies": [
            "module.aft.data.aws_partition.current"
          ]
        }
      ]
    },
    {
      "module": "module.aft.module.aft_account_request_framework",
      "mode": "managed",
      "type": "aws_sqs_queue",
      "name": "aft_account_request",
      "provider": "module.aft.provider[\"registry.terraform.io/hashicorp/aws\"].aft_management",
      "instances": [
        {
          "schema_version": 0,
          "attributes": {
            "arn": "arn:aws:sqs:eu-west-1:804448413129:aft-account-request.fifo",
            "content_based_deduplication": false,
            "deduplication_scope": "queue",
            "delay_seconds": 0,
            "fifo_queue": true,
            "fifo_throughput_limit": "perQueue",
            "id": "https://sqs.eu-west-1.amazonaws.com/804448413129/aft-account-request.fifo",
            "kms_data_key_reuse_period_seconds": 300,
            "kms_master_key_id": "alias/aft",
            "max_message_size": 262144,
            "message_retention_seconds": 345600,
            "name": "aft-account-request.fifo",
            "name_prefix": "",
            "policy": "",
            "receive_wait_time_seconds": 0,
            "redrive_allow_policy": "",
            "redrive_policy": "{\"deadLetterTargetArn\":\"arn:aws:sqs:eu-west-1:804448413129:aft-account-request-dlq.fifo\",\"maxReceiveCount\":1}",
            "sqs_managed_sse_enabled": false,
            "tags": null,
            "tags_all": {
              "managed_by": "AFT"
            },
            "url": "https://sqs.eu-west-1.amazonaws.com/804448413129/aft-account-request.fifo",
            "visibility_timeout_seconds": 240
          },
          "sensitive_attributes": [],
          "private": "bnVsbA==",
          "dependencies": [
            "module.aft.data.aws_partition.current",
            "module.aft.module.aft_account_request_framework.aws_kms_alias.aft",
            "module.aft.module.aft_account_request_framework.aws_kms_key.aft",
            "module.aft.module.aft_account_request_framework.aws_sqs_queue.aft_account_request_dlq"
          ]
        }
      ]
    },
    {
      "module": "module.aft.module.aft_account_request_framework",
      "mode": "managed",
      "type": "aws_sqs_queue",
      "name": "aft_account_request_dlq",
      "provider": "module.aft.provider[\"registry.terraform.io/hashicorp/aws\"].aft_management",
      "instances": [
        {
          "schema_version": 0,
          "attributes": {
            "arn": "arn:aws:sqs:eu-west-1:804448413129:aft-account-request-dlq.fifo",
            "content_based_deduplication": false,
            "deduplication_scope": "queue",
            "delay_seconds": 0,
            "fifo_queue": true,
            "fifo_throughput_limit": "perQueue",
            "id": "https://sqs.eu-west-1.amazonaws.com/804448413129/aft-account-request-dlq.fifo",
            "kms_data_key_reuse_period_seconds": 300,
            "kms_master_key_id": "alias/aft",
            "max_message_size": 262144,
            "message_retention_seconds": 345600,
            "name": "aft-account-request-dlq.fifo",
            "name_prefix": "",
            "policy": "",
            "receive_wait_time_seconds": 0,
            "redrive_allow_policy": "",
            "redrive_policy": "",
            "sqs_managed_sse_enabled": false,
            "tags": null,
            "tags_all": {
              "managed_by": "AFT"
            },
            "url": "https://sqs.eu-west-1.amazonaws.com/804448413129/aft-account-request-dlq.fifo",
            "visibility_timeout_seconds": 30
          },
          "sensitive_attributes": [],
          "private": "bnVsbA==",
          "dependencies": [
            "module.aft.data.aws_partition.current",
            "module.aft.module.aft_account_request_framework.aws_kms_alias.aft",
            "module.aft.module.aft_account_request_framework.aws_kms_key.aft"
          ]
        }
      ]
    },
    {
      "module": "module.aft.module.aft_account_request_framework",
      "mode": "managed",
      "type": "aws_subnet",
      "name": "aft_vpc_private_subnet_01",
      "provider": "module.aft.provider[\"registry.terraform.io/hashicorp/aws\"].aft_management",
      "instances": [
        {
          "schema_version": 1,
          "attributes": {
            "arn": "arn:aws:ec2:eu-west-1:804448413129:subnet/subnet-090ee28a6b2779f35",
            "assign_ipv6_address_on_creation": false,
            "availability_zone": "eu-west-1a",
            "availability_zone_id": "euw1-az3",
            "cidr_block": "192.168.0.0/24",
            "customer_owned_ipv4_pool": "",
            "enable_dns64": false,
            "enable_resource_name_dns_a_record_on_launch": false,
            "enable_resource_name_dns_aaaa_record_on_launch": false,
            "id": "subnet-090ee28a6b2779f35",
            "ipv6_cidr_block": "",
            "ipv6_cidr_block_association_id": "",
            "ipv6_native": false,
            "map_customer_owned_ip_on_launch": false,
            "map_public_ip_on_launch": false,
            "outpost_arn": "",
            "owner_id": "804448413129",
            "private_dns_hostname_type_on_launch": "ip-name",
            "tags": {
              "Name": "aft-vpc-private-subnet-01"
            },
            "tags_all": {
              "Name": "aft-vpc-private-subnet-01",
              "managed_by": "AFT"
            },
            "timeouts": null,
            "vpc_id": "vpc-0738a48762cabc9e5"
          },
          "sensitive_attributes": [],
          "private": "eyJlMmJmYjczMC1lY2FhLTExZTYtOGY4OC0zNDM2M2JjN2M0YzAiOnsiY3JlYXRlIjo2MDAwMDAwMDAwMDAsImRlbGV0ZSI6MTIwMDAwMDAwMDAwMH0sInNjaGVtYV92ZXJzaW9uIjoiMSJ9",
          "dependencies": [
            "module.aft.data.aws_partition.current",
            "module.aft.module.aft_account_request_framework.aws_vpc.aft_vpc",
            "module.aft.module.aft_account_request_framework.data.aws_availability_zones.available"
          ],
          "create_before_destroy": true
        }
      ]
    },
    {
      "module": "module.aft.module.aft_account_request_framework",
      "mode": "managed",
      "type": "aws_subnet",
      "name": "aft_vpc_private_subnet_02",
      "provider": "module.aft.provider[\"registry.terraform.io/hashicorp/aws\"].aft_management",
      "instances": [
        {
          "schema_version": 1,
          "attributes": {
            "arn": "arn:aws:ec2:eu-west-1:804448413129:subnet/subnet-0fbf0295c6df87487",
            "assign_ipv6_address_on_creation": false,
            "availability_zone": "eu-west-1b",
            "availability_zone_id": "euw1-az1",
            "cidr_block": "192.168.1.0/24",
            "customer_owned_ipv4_pool": "",
            "enable_dns64": false,
            "enable_resource_name_dns_a_record_on_launch": false,
            "enable_resource_name_dns_aaaa_record_on_launch": false,
            "id": "subnet-0fbf0295c6df87487",
            "ipv6_cidr_block": "",
            "ipv6_cidr_block_association_id": "",
            "ipv6_native": false,
            "map_customer_owned_ip_on_launch": false,
            "map_public_ip_on_launch": false,
            "outpost_arn": "",
            "owner_id": "804448413129",
            "private_dns_hostname_type_on_launch": "ip-name",
            "tags": {
              "Name": "aft-vpc-private-subnet-02"
            },
            "tags_all": {
              "Name": "aft-vpc-private-subnet-02",
              "managed_by": "AFT"
            },
            "timeouts": null,
            "vpc_id": "vpc-0738a48762cabc9e5"
          },
          "sensitive_attributes": [],
          "private": "eyJlMmJmYjczMC1lY2FhLTExZTYtOGY4OC0zNDM2M2JjN2M0YzAiOnsiY3JlYXRlIjo2MDAwMDAwMDAwMDAsImRlbGV0ZSI6MTIwMDAwMDAwMDAwMH0sInNjaGVtYV92ZXJzaW9uIjoiMSJ9",
          "dependencies": [
            "module.aft.data.aws_partition.current",
            "module.aft.module.aft_account_request_framework.aws_vpc.aft_vpc",
            "module.aft.module.aft_account_request_framework.data.aws_availability_zones.available"
          ],
          "create_before_destroy": true
        }
      ]
    },
    {
      "module": "module.aft.module.aft_account_request_framework",
      "mode": "managed",
      "type": "aws_subnet",
      "name": "aft_vpc_public_subnet_01",
      "provider": "module.aft.provider[\"registry.terraform.io/hashicorp/aws\"].aft_management",
      "instances": [
        {
          "schema_version": 1,
          "attributes": {
            "arn": "arn:aws:ec2:eu-west-1:804448413129:subnet/subnet-09b532553c8feebd6",
            "assign_ipv6_address_on_creation": false,
            "availability_zone": "eu-west-1a",
            "availability_zone_id": "euw1-az3",
            "cidr_block": "192.168.2.0/25",
            "customer_owned_ipv4_pool": "",
            "enable_dns64": false,
            "enable_resource_name_dns_a_record_on_launch": false,
            "enable_resource_name_dns_aaaa_record_on_launch": false,
            "id": "subnet-09b532553c8feebd6",
            "ipv6_cidr_block": "",
            "ipv6_cidr_block_association_id": "",
            "ipv6_native": false,
            "map_customer_owned_ip_on_launch": false,
            "map_public_ip_on_launch": false,
            "outpost_arn": "",
            "owner_id": "804448413129",
            "private_dns_hostname_type_on_launch": "ip-name",
            "tags": {
              "Name": "aft-vpc-public-subnet-01"
            },
            "tags_all": {
              "Name": "aft-vpc-public-subnet-01",
              "managed_by": "AFT"
            },
            "timeouts": null,
            "vpc_id": "vpc-0738a48762cabc9e5"
          },
          "sensitive_attributes": [],
          "private": "eyJlMmJmYjczMC1lY2FhLTExZTYtOGY4OC0zNDM2M2JjN2M0YzAiOnsiY3JlYXRlIjo2MDAwMDAwMDAwMDAsImRlbGV0ZSI6MTIwMDAwMDAwMDAwMH0sInNjaGVtYV92ZXJzaW9uIjoiMSJ9",
          "dependencies": [
            "module.aft.data.aws_partition.current",
            "module.aft.module.aft_account_request_framework.aws_vpc.aft_vpc",
            "module.aft.module.aft_account_request_framework.data.aws_availability_zones.available"
          ]
        }
      ]
    },
    {
      "module": "module.aft.module.aft_account_request_framework",
      "mode": "managed",
      "type": "aws_subnet",
      "name": "aft_vpc_public_subnet_02",
      "provider": "module.aft.provider[\"registry.terraform.io/hashicorp/aws\"].aft_management",
      "instances": [
        {
          "schema_version": 1,
          "attributes": {
            "arn": "arn:aws:ec2:eu-west-1:804448413129:subnet/subnet-0387162a42ba8df39",
            "assign_ipv6_address_on_creation": false,
            "availability_zone": "eu-west-1b",
            "availability_zone_id": "euw1-az1",
            "cidr_block": "192.168.2.128/25",
            "customer_owned_ipv4_pool": "",
            "enable_dns64": false,
            "enable_resource_name_dns_a_record_on_launch": false,
            "enable_resource_name_dns_aaaa_record_on_launch": false,
            "id": "subnet-0387162a42ba8df39",
            "ipv6_cidr_block": "",
            "ipv6_cidr_block_association_id": "",
            "ipv6_native": false,
            "map_customer_owned_ip_on_launch": false,
            "map_public_ip_on_launch": false,
            "outpost_arn": "",
            "owner_id": "804448413129",
            "private_dns_hostname_type_on_launch": "ip-name",
            "tags": {
              "Name": "aft-vpc-public-subnet-02"
            },
            "tags_all": {
              "Name": "aft-vpc-public-subnet-02",
              "managed_by": "AFT"
            },
            "timeouts": null,
            "vpc_id": "vpc-0738a48762cabc9e5"
          },
          "sensitive_attributes": [],
          "private": "eyJlMmJmYjczMC1lY2FhLTExZTYtOGY4OC0zNDM2M2JjN2M0YzAiOnsiY3JlYXRlIjo2MDAwMDAwMDAwMDAsImRlbGV0ZSI6MTIwMDAwMDAwMDAwMH0sInNjaGVtYV92ZXJzaW9uIjoiMSJ9",
          "dependencies": [
            "module.aft.data.aws_partition.current",
            "module.aft.module.aft_account_request_framework.aws_vpc.aft_vpc",
            "module.aft.module.aft_account_request_framework.data.aws_availability_zones.available"
          ]
        }
      ]
    },
    {
      "module": "module.aft.module.aft_account_request_framework",
      "mode": "managed",
      "type": "aws_vpc",
      "name": "aft_vpc",
      "provider": "module.aft.provider[\"registry.terraform.io/hashicorp/aws\"].aft_management",
      "instances": [
        {
          "schema_version": 1,
          "attributes": {
            "arn": "arn:aws:ec2:eu-west-1:804448413129:vpc/vpc-0738a48762cabc9e5",
            "assign_generated_ipv6_cidr_block": false,
            "cidr_block": "192.168.0.0/22",
            "default_network_acl_id": "acl-07ea7fa4e2dcd0c8a",
            "default_route_table_id": "rtb-0da02e54a74b75051",
            "default_security_group_id": "sg-0e629b62d9fc98253",
            "dhcp_options_id": "dopt-0934982d0f3976b05",
            "enable_classiclink": false,
            "enable_classiclink_dns_support": false,
            "enable_dns_hostnames": true,
            "enable_dns_support": true,
            "enable_network_address_usage_metrics": false,
            "id": "vpc-0738a48762cabc9e5",
            "instance_tenancy": "default",
            "ipv4_ipam_pool_id": null,
            "ipv4_netmask_length": null,
            "ipv6_association_id": "",
            "ipv6_cidr_block": "",
            "ipv6_cidr_block_network_border_group": "",
            "ipv6_ipam_pool_id": "",
            "ipv6_netmask_length": 0,
            "main_route_table_id": "rtb-0da02e54a74b75051",
            "owner_id": "804448413129",
            "tags": {
              "Name": "aft-management-vpc"
            },
            "tags_all": {
              "Name": "aft-management-vpc",
              "managed_by": "AFT"
            }
          },
          "sensitive_attributes": [],
          "private": "eyJzY2hlbWFfdmVyc2lvbiI6IjEifQ==",
          "dependencies": [
            "module.aft.data.aws_partition.current"
          ],
          "create_before_destroy": true
        }
      ]
    },
    {
      "module": "module.aft.module.aft_account_request_framework",
      "mode": "managed",
      "type": "aws_vpc_endpoint",
      "name": "codebuild",
      "provider": "module.aft.provider[\"registry.terraform.io/hashicorp/aws\"].aft_management",
      "instances": [
        {
          "index_key": 0,
          "schema_version": 0,
          "attributes": {
            "arn": "arn:aws:ec2:eu-west-1:804448413129:vpc-endpoint/vpce-075d7c42828c808d4",
            "auto_accept": null,
            "cidr_blocks": [],
            "dns_entry": [
              {
                "dns_name": "vpce-075d7c42828c808d4-mlh9fdqm.codebuild.eu-west-1.vpce.amazonaws.com",
                "hosted_zone_id": "Z38GZ743OKFT7T"
              },
              {
                "dns_name": "vpce-075d7c42828c808d4-mlh9fdqm-eu-west-1a.codebuild.eu-west-1.vpce.amazonaws.com",
                "hosted_zone_id": "Z38GZ743OKFT7T"
              },
              {
                "dns_name": "vpce-075d7c42828c808d4-mlh9fdqm-eu-west-1b.codebuild.eu-west-1.vpce.amazonaws.com",
                "hosted_zone_id": "Z38GZ743OKFT7T"
              },
              {
                "dns_name": "codebuild.eu-west-1.amazonaws.com",
                "hosted_zone_id": "Z04595452VNI1W4OHX9KH"
              }
            ],
            "dns_options": [
              {
                "dns_record_ip_type": "ipv4"
              }
            ],
            "id": "vpce-075d7c42828c808d4",
            "ip_address_type": "ipv4",
            "network_interface_ids": [
              "eni-09bbf8603c447709c",
              "eni-0df363fdac08302b7"
            ],
            "owner_id": "804448413129",
            "policy": "{\"Statement\":[{\"Action\":\"*\",\"Effect\":\"Allow\",\"Principal\":\"*\",\"Resource\":\"*\"}]}",
            "prefix_list_id": null,
            "private_dns_enabled": true,
            "requester_managed": false,
            "route_table_ids": [],
            "security_group_ids": [
              "sg-049fd7e42e28613d7"
            ],
            "service_name": "com.amazonaws.eu-west-1.codebuild",
            "state": "available",
            "subnet_ids": [
              "subnet-090ee28a6b2779f35",
              "subnet-0fbf0295c6df87487"
            ],
            "tags": null,
            "tags_all": {
              "managed_by": "AFT"
            },
            "timeouts": null,
            "vpc_endpoint_type": "Interface",
            "vpc_id": "vpc-0738a48762cabc9e5"
          },
          "sensitive_attributes": [],
          "private": "eyJlMmJmYjczMC1lY2FhLTExZTYtOGY4OC0zNDM2M2JjN2M0YzAiOnsiY3JlYXRlIjo2MDAwMDAwMDAwMDAsImRlbGV0ZSI6NjAwMDAwMDAwMDAwLCJ1cGRhdGUiOjYwMDAwMDAwMDAwMH19",
          "dependencies": [
            "module.aft.data.aws_partition.current",
            "module.aft.module.aft_account_request_framework.aws_security_group.aft_vpc_endpoint_sg",
            "module.aft.module.aft_account_request_framework.aws_subnet.aft_vpc_private_subnet_01",
            "module.aft.module.aft_account_request_framework.aws_subnet.aft_vpc_private_subnet_02",
            "module.aft.module.aft_account_request_framework.aws_vpc.aft_vpc",
            "module.aft.module.aft_account_request_framework.data.aws_availability_zones.available",
            "module.aft.module.aft_account_request_framework.data.aws_subnets.codebuild",
            "module.aft.module.aft_account_request_framework.data.aws_vpc_endpoint_service.codebuild"
          ]
        }
      ]
    },
    {
      "module": "module.aft.module.aft_account_request_framework",
      "mode": "managed",
      "type": "aws_vpc_endpoint",
      "name": "codecommit",
      "provider": "module.aft.provider[\"registry.terraform.io/hashicorp/aws\"].aft_management",
      "instances": [
        {
          "index_key": 0,
          "schema_version": 0,
          "attributes": {
            "arn": "arn:aws:ec2:eu-west-1:804448413129:vpc-endpoint/vpce-0599f5a42a061c82a",
            "auto_accept": null,
            "cidr_blocks": [],
            "dns_entry": [
              {
                "dns_name": "vpce-0599f5a42a061c82a-x1l0m7iv.codecommit.eu-west-1.vpce.amazonaws.com",
                "hosted_zone_id": "Z38GZ743OKFT7T"
              },
              {
                "dns_name": "vpce-0599f5a42a061c82a-x1l0m7iv-eu-west-1b.codecommit.eu-west-1.vpce.amazonaws.com",
                "hosted_zone_id": "Z38GZ743OKFT7T"
              },
              {
                "dns_name": "vpce-0599f5a42a061c82a-x1l0m7iv-eu-west-1a.codecommit.eu-west-1.vpce.amazonaws.com",
                "hosted_zone_id": "Z38GZ743OKFT7T"
              },
              {
                "dns_name": "codecommit.eu-west-1.amazonaws.com",
                "hosted_zone_id": "Z04549013AOV1FJPFTLR3"
              }
            ],
            "dns_options": [
              {
                "dns_record_ip_type": "ipv4"
              }
            ],
            "id": "vpce-0599f5a42a061c82a",
            "ip_address_type": "ipv4",
            "network_interface_ids": [
              "eni-01d8d2a2437ace081",
              "eni-0afc5e4f506d588ea"
            ],
            "owner_id": "804448413129",
            "policy": "{\"Statement\":[{\"Action\":\"*\",\"Effect\":\"Allow\",\"Principal\":\"*\",\"Resource\":\"*\"}]}",
            "prefix_list_id": null,
            "private_dns_enabled": true,
            "requester_managed": false,
            "route_table_ids": [],
            "security_group_ids": [
              "sg-049fd7e42e28613d7"
            ],
            "service_name": "com.amazonaws.eu-west-1.codecommit",
            "state": "available",
            "subnet_ids": [
              "subnet-090ee28a6b2779f35",
              "subnet-0fbf0295c6df87487"
            ],
            "tags": null,
            "tags_all": {
              "managed_by": "AFT"
            },
            "timeouts": null,
            "vpc_endpoint_type": "Interface",
            "vpc_id": "vpc-0738a48762cabc9e5"
          },
          "sensitive_attributes": [],
          "private": "eyJlMmJmYjczMC1lY2FhLTExZTYtOGY4OC0zNDM2M2JjN2M0YzAiOnsiY3JlYXRlIjo2MDAwMDAwMDAwMDAsImRlbGV0ZSI6NjAwMDAwMDAwMDAwLCJ1cGRhdGUiOjYwMDAwMDAwMDAwMH19",
          "dependencies": [
            "module.aft.data.aws_partition.current",
            "module.aft.module.aft_account_request_framework.aws_security_group.aft_vpc_endpoint_sg",
            "module.aft.module.aft_account_request_framework.aws_subnet.aft_vpc_private_subnet_01",
            "module.aft.module.aft_account_request_framework.aws_subnet.aft_vpc_private_subnet_02",
            "module.aft.module.aft_account_request_framework.aws_vpc.aft_vpc",
            "module.aft.module.aft_account_request_framework.data.aws_availability_zones.available",
            "module.aft.module.aft_account_request_framework.data.aws_subnets.codecommit",
            "module.aft.module.aft_account_request_framework.data.aws_vpc_endpoint_service.codecommit"
          ]
        }
      ]
    },
    {
      "module": "module.aft.module.aft_account_request_framework",
      "mode": "managed",
      "type": "aws_vpc_endpoint",
      "name": "codepipeline",
      "provider": "module.aft.provider[\"registry.terraform.io/hashicorp/aws\"].aft_management",
      "instances": [
        {
          "index_key": 0,
          "schema_version": 0,
          "attributes": {
            "arn": "arn:aws:ec2:eu-west-1:804448413129:vpc-endpoint/vpce-0bf30c052a84fb4db",
            "auto_accept": null,
            "cidr_blocks": [],
            "dns_entry": [
              {
                "dns_name": "vpce-0bf30c052a84fb4db-70u18up5.codepipeline.eu-west-1.vpce.amazonaws.com",
                "hosted_zone_id": "Z38GZ743OKFT7T"
              },
              {
                "dns_name": "vpce-0bf30c052a84fb4db-70u18up5-eu-west-1b.codepipeline.eu-west-1.vpce.amazonaws.com",
                "hosted_zone_id": "Z38GZ743OKFT7T"
              },
              {
                "dns_name": "vpce-0bf30c052a84fb4db-70u18up5-eu-west-1a.codepipeline.eu-west-1.vpce.amazonaws.com",
                "hosted_zone_id": "Z38GZ743OKFT7T"
              },
              {
                "dns_name": "codepipeline.eu-west-1.amazonaws.com",
                "hosted_zone_id": "Z0383099BRVGWG583PHS"
              }
            ],
            "dns_options": [
              {
                "dns_record_ip_type": "ipv4"
              }
            ],
            "id": "vpce-0bf30c052a84fb4db",
            "ip_address_type": "ipv4",
            "network_interface_ids": [
              "eni-04fb31cfb4e26c33f",
              "eni-05e535ccd6886ff67"
            ],
            "owner_id": "804448413129",
            "policy": "{\"Statement\":[{\"Action\":\"*\",\"Effect\":\"Allow\",\"Principal\":\"*\",\"Resource\":\"*\"}]}",
            "prefix_list_id": null,
            "private_dns_enabled": true,
            "requester_managed": false,
            "route_table_ids": [],
            "security_group_ids": [
              "sg-049fd7e42e28613d7"
            ],
            "service_name": "com.amazonaws.eu-west-1.codepipeline",
            "state": "available",
            "subnet_ids": [
              "subnet-090ee28a6b2779f35",
              "subnet-0fbf0295c6df87487"
            ],
            "tags": null,
            "tags_all": {
              "managed_by": "AFT"
            },
            "timeouts": null,
            "vpc_endpoint_type": "Interface",
            "vpc_id": "vpc-0738a48762cabc9e5"
          },
          "sensitive_attributes": [],
          "private": "eyJlMmJmYjczMC1lY2FhLTExZTYtOGY4OC0zNDM2M2JjN2M0YzAiOnsiY3JlYXRlIjo2MDAwMDAwMDAwMDAsImRlbGV0ZSI6NjAwMDAwMDAwMDAwLCJ1cGRhdGUiOjYwMDAwMDAwMDAwMH19",
          "dependencies": [
            "module.aft.data.aws_partition.current",
            "module.aft.module.aft_account_request_framework.aws_security_group.aft_vpc_endpoint_sg",
            "module.aft.module.aft_account_request_framework.aws_subnet.aft_vpc_private_subnet_01",
            "module.aft.module.aft_account_request_framework.aws_subnet.aft_vpc_private_subnet_02",
            "module.aft.module.aft_account_request_framework.aws_vpc.aft_vpc",
            "module.aft.module.aft_account_request_framework.data.aws_availability_zones.available",
            "module.aft.module.aft_account_request_framework.data.aws_subnets.codepipeline",
            "module.aft.module.aft_account_request_framework.data.aws_vpc_endpoint_service.codepipeline"
          ]
        }
      ]
    },
    {
      "module": "module.aft.module.aft_account_request_framework",
      "mode": "managed",
      "type": "aws_vpc_endpoint",
      "name": "dynamodb",
      "provider": "module.aft.provider[\"registry.terraform.io/hashicorp/aws\"].aft_management",
      "instances": [
        {
          "index_key": 0,
          "schema_version": 0,
          "attributes": {
            "arn": "arn:aws:ec2:eu-west-1:804448413129:vpc-endpoint/vpce-0cfef2966beea942c",
            "auto_accept": null,
            "cidr_blocks": [
              "52.94.5.0/24",
              "35.71.72.0/22",
              "52.94.26.0/25",
              "52.119.240.0/21",
              "52.94.24.0/23"
            ],
            "dns_entry": [],
            "dns_options": [],
            "id": "vpce-0cfef2966beea942c",
            "ip_address_type": "",
            "network_interface_ids": [],
            "owner_id": "804448413129",
            "policy": "{\"Statement\":[{\"Action\":\"*\",\"Effect\":\"Allow\",\"Principal\":\"*\",\"Resource\":\"*\"}],\"Version\":\"2008-10-17\"}",
            "prefix_list_id": "pl-6fa54006",
            "private_dns_enabled": false,
            "requester_managed": false,
            "route_table_ids": [
              "rtb-01612190412dc8d19",
              "rtb-0ae53b684ef8a7c17",
              "rtb-0f4893570b1b6ceeb"
            ],
            "security_group_ids": [],
            "service_name": "com.amazonaws.eu-west-1.dynamodb",
            "state": "available",
            "subnet_ids": [],
            "tags": null,
            "tags_all": {
              "managed_by": "AFT"
            },
            "timeouts": null,
            "vpc_endpoint_type": "Gateway",
            "vpc_id": "vpc-0738a48762cabc9e5"
          },
          "sensitive_attributes": [],
          "private": "eyJlMmJmYjczMC1lY2FhLTExZTYtOGY4OC0zNDM2M2JjN2M0YzAiOnsiY3JlYXRlIjo2MDAwMDAwMDAwMDAsImRlbGV0ZSI6NjAwMDAwMDAwMDAwLCJ1cGRhdGUiOjYwMDAwMDAwMDAwMH19",
          "dependencies": [
            "module.aft.data.aws_partition.current",
            "module.aft.module.aft_account_request_framework.aws_eip.aft-vpc-natgw-01",
            "module.aft.module.aft_account_request_framework.aws_eip.aft-vpc-natgw-02",
            "module.aft.module.aft_account_request_framework.aws_internet_gateway.aft-vpc-igw",
            "module.aft.module.aft_account_request_framework.aws_nat_gateway.aft-vpc-natgw-01",
            "module.aft.module.aft_account_request_framework.aws_nat_gateway.aft-vpc-natgw-02",
            "module.aft.module.aft_account_request_framework.aws_route_table.aft_vpc_private_subnet_01",
            "module.aft.module.aft_account_request_framework.aws_route_table.aft_vpc_private_subnet_02",
            "module.aft.module.aft_account_request_framework.aws_route_table.aft_vpc_public_subnet_01",
            "module.aft.module.aft_account_request_framework.aws_subnet.aft_vpc_public_subnet_01",
            "module.aft.module.aft_account_request_framework.aws_subnet.aft_vpc_public_subnet_02",
            "module.aft.module.aft_account_request_framework.aws_vpc.aft_vpc",
            "module.aft.module.aft_account_request_framework.data.aws_availability_zones.available",
            "module.aft.module.aft_account_request_framework.data.aws_region.aft-management"
          ]
        }
      ]
    },
    {
      "module": "module.aft.module.aft_account_request_framework",
      "mode": "managed",
      "type": "aws_vpc_endpoint",
      "name": "events",
      "provider": "module.aft.provider[\"registry.terraform.io/hashicorp/aws\"].aft_management",
      "instances": [
        {
          "index_key": 0,
          "schema_version": 0,
          "attributes": {
            "arn": "arn:aws:ec2:eu-west-1:804448413129:vpc-endpoint/vpce-0874659d018b9b0e7",
            "auto_accept": null,
            "cidr_blocks": [],
            "dns_entry": [
              {
                "dns_name": "vpce-0874659d018b9b0e7-r4l9ea9y.events.eu-west-1.vpce.amazonaws.com",
                "hosted_zone_id": "Z38GZ743OKFT7T"
              },
              {
                "dns_name": "vpce-0874659d018b9b0e7-r4l9ea9y-eu-west-1b.events.eu-west-1.vpce.amazonaws.com",
                "hosted_zone_id": "Z38GZ743OKFT7T"
              },
              {
                "dns_name": "vpce-0874659d018b9b0e7-r4l9ea9y-eu-west-1a.events.eu-west-1.vpce.amazonaws.com",
                "hosted_zone_id": "Z38GZ743OKFT7T"
              },
              {
                "dns_name": "events.eu-west-1.amazonaws.com",
                "hosted_zone_id": "Z04449741UWXA8H8ZJ0X5"
              }
            ],
            "dns_options": [
              {
                "dns_record_ip_type": "ipv4"
              }
            ],
            "id": "vpce-0874659d018b9b0e7",
            "ip_address_type": "ipv4",
            "network_interface_ids": [
              "eni-0791ca1bb4ae16e1b",
              "eni-091dc562ea18500e8"
            ],
            "owner_id": "804448413129",
            "policy": "{\"Statement\":[{\"Action\":\"*\",\"Effect\":\"Allow\",\"Principal\":\"*\",\"Resource\":\"*\"}]}",
            "prefix_list_id": null,
            "private_dns_enabled": true,
            "requester_managed": false,
            "route_table_ids": [],
            "security_group_ids": [
              "sg-049fd7e42e28613d7"
            ],
            "service_name": "com.amazonaws.eu-west-1.events",
            "state": "available",
            "subnet_ids": [
              "subnet-090ee28a6b2779f35",
              "subnet-0fbf0295c6df87487"
            ],
            "tags": null,
            "tags_all": {
              "managed_by": "AFT"
            },
            "timeouts": null,
            "vpc_endpoint_type": "Interface",
            "vpc_id": "vpc-0738a48762cabc9e5"
          },
          "sensitive_attributes": [],
          "private": "eyJlMmJmYjczMC1lY2FhLTExZTYtOGY4OC0zNDM2M2JjN2M0YzAiOnsiY3JlYXRlIjo2MDAwMDAwMDAwMDAsImRlbGV0ZSI6NjAwMDAwMDAwMDAwLCJ1cGRhdGUiOjYwMDAwMDAwMDAwMH19",
          "dependencies": [
            "module.aft.data.aws_partition.current",
            "module.aft.module.aft_account_request_framework.aws_security_group.aft_vpc_endpoint_sg",
            "module.aft.module.aft_account_request_framework.aws_subnet.aft_vpc_private_subnet_01",
            "module.aft.module.aft_account_request_framework.aws_subnet.aft_vpc_private_subnet_02",
            "module.aft.module.aft_account_request_framework.aws_vpc.aft_vpc",
            "module.aft.module.aft_account_request_framework.data.aws_availability_zones.available",
            "module.aft.module.aft_account_request_framework.data.aws_subnets.events",
            "module.aft.module.aft_account_request_framework.data.aws_vpc_endpoint_service.events"
          ]
        }
      ]
    },
    {
      "module": "module.aft.module.aft_account_request_framework",
      "mode": "managed",
      "type": "aws_vpc_endpoint",
      "name": "git-codecommit",
      "provider": "module.aft.provider[\"registry.terraform.io/hashicorp/aws\"].aft_management",
      "instances": [
        {
          "index_key": 0,
          "schema_version": 0,
          "attributes": {
            "arn": "arn:aws:ec2:eu-west-1:804448413129:vpc-endpoint/vpce-055ddbc3377d836ad",
            "auto_accept": null,
            "cidr_blocks": [],
            "dns_entry": [
              {
                "dns_name": "vpce-055ddbc3377d836ad-m99lkv7o.git-codecommit.eu-west-1.vpce.amazonaws.com",
                "hosted_zone_id": "Z38GZ743OKFT7T"
              },
              {
                "dns_name": "vpce-055ddbc3377d836ad-m99lkv7o-eu-west-1b.git-codecommit.eu-west-1.vpce.amazonaws.com",
                "hosted_zone_id": "Z38GZ743OKFT7T"
              },
              {
                "dns_name": "vpce-055ddbc3377d836ad-m99lkv7o-eu-west-1a.git-codecommit.eu-west-1.vpce.amazonaws.com",
                "hosted_zone_id": "Z38GZ743OKFT7T"
              },
              {
                "dns_name": "git-codecommit.eu-west-1.amazonaws.com",
                "hosted_zone_id": "Z03817547AHZZGSFFTH9"
              }
            ],
            "dns_options": [
              {
                "dns_record_ip_type": "ipv4"
              }
            ],
            "id": "vpce-055ddbc3377d836ad",
            "ip_address_type": "ipv4",
            "network_interface_ids": [
              "eni-06a91192d1a2172e7",
              "eni-0d91309e8d26fbaff"
            ],
            "owner_id": "804448413129",
            "policy": "{\"Statement\":[{\"Action\":\"*\",\"Effect\":\"Allow\",\"Principal\":\"*\",\"Resource\":\"*\"}]}",
            "prefix_list_id": null,
            "private_dns_enabled": true,
            "requester_managed": false,
            "route_table_ids": [],
            "security_group_ids": [
              "sg-049fd7e42e28613d7"
            ],
            "service_name": "com.amazonaws.eu-west-1.git-codecommit",
            "state": "available",
            "subnet_ids": [
              "subnet-090ee28a6b2779f35",
              "subnet-0fbf0295c6df87487"
            ],
            "tags": null,
            "tags_all": {
              "managed_by": "AFT"
            },
            "timeouts": null,
            "vpc_endpoint_type": "Interface",
            "vpc_id": "vpc-0738a48762cabc9e5"
          },
          "sensitive_attributes": [],
          "private": "eyJlMmJmYjczMC1lY2FhLTExZTYtOGY4OC0zNDM2M2JjN2M0YzAiOnsiY3JlYXRlIjo2MDAwMDAwMDAwMDAsImRlbGV0ZSI6NjAwMDAwMDAwMDAwLCJ1cGRhdGUiOjYwMDAwMDAwMDAwMH19",
          "dependencies": [
            "module.aft.data.aws_partition.current",
            "module.aft.module.aft_account_request_framework.aws_security_group.aft_vpc_endpoint_sg",
            "module.aft.module.aft_account_request_framework.aws_subnet.aft_vpc_private_subnet_01",
            "module.aft.module.aft_account_request_framework.aws_subnet.aft_vpc_private_subnet_02",
            "module.aft.module.aft_account_request_framework.aws_vpc.aft_vpc",
            "module.aft.module.aft_account_request_framework.data.aws_availability_zones.available",
            "module.aft.module.aft_account_request_framework.data.aws_subnets.git-codecommit",
            "module.aft.module.aft_account_request_framework.data.aws_vpc_endpoint_service.git-codecommit"
          ]
        }
      ]
    },
    {
      "module": "module.aft.module.aft_account_request_framework",
      "mode": "managed",
      "type": "aws_vpc_endpoint",
      "name": "kms",
      "provider": "module.aft.provider[\"registry.terraform.io/hashicorp/aws\"].aft_management",
      "instances": [
        {
          "index_key": 0,
          "schema_version": 0,
          "attributes": {
            "arn": "arn:aws:ec2:eu-west-1:804448413129:vpc-endpoint/vpce-08c5f9a9cf5249230",
            "auto_accept": null,
            "cidr_blocks": [],
            "dns_entry": [
              {
                "dns_name": "vpce-08c5f9a9cf5249230-op2muosw.kms.eu-west-1.vpce.amazonaws.com",
                "hosted_zone_id": "Z38GZ743OKFT7T"
              },
              {
                "dns_name": "vpce-08c5f9a9cf5249230-op2muosw-eu-west-1b.kms.eu-west-1.vpce.amazonaws.com",
                "hosted_zone_id": "Z38GZ743OKFT7T"
              },
              {
                "dns_name": "vpce-08c5f9a9cf5249230-op2muosw-eu-west-1a.kms.eu-west-1.vpce.amazonaws.com",
                "hosted_zone_id": "Z38GZ743OKFT7T"
              },
              {
                "dns_name": "kms.eu-west-1.amazonaws.com",
                "hosted_zone_id": "Z05728774XH1RQ6ANNBX"
              }
            ],
            "dns_options": [
              {
                "dns_record_ip_type": "ipv4"
              }
            ],
            "id": "vpce-08c5f9a9cf5249230",
            "ip_address_type": "ipv4",
            "network_interface_ids": [
              "eni-06aa3ebb758c0f97e",
              "eni-0fb9ebdb84be10b5d"
            ],
            "owner_id": "804448413129",
            "policy": "{\"Statement\":[{\"Action\":\"*\",\"Effect\":\"Allow\",\"Principal\":\"*\",\"Resource\":\"*\"}]}",
            "prefix_list_id": null,
            "private_dns_enabled": true,
            "requester_managed": false,
            "route_table_ids": [],
            "security_group_ids": [
              "sg-049fd7e42e28613d7"
            ],
            "service_name": "com.amazonaws.eu-west-1.kms",
            "state": "available",
            "subnet_ids": [
              "subnet-090ee28a6b2779f35",
              "subnet-0fbf0295c6df87487"
            ],
            "tags": null,
            "tags_all": {
              "managed_by": "AFT"
            },
            "timeouts": null,
            "vpc_endpoint_type": "Interface",
            "vpc_id": "vpc-0738a48762cabc9e5"
          },
          "sensitive_attributes": [],
          "private": "eyJlMmJmYjczMC1lY2FhLTExZTYtOGY4OC0zNDM2M2JjN2M0YzAiOnsiY3JlYXRlIjo2MDAwMDAwMDAwMDAsImRlbGV0ZSI6NjAwMDAwMDAwMDAwLCJ1cGRhdGUiOjYwMDAwMDAwMDAwMH19",
          "dependencies": [
            "module.aft.data.aws_partition.current",
            "module.aft.module.aft_account_request_framework.aws_security_group.aft_vpc_endpoint_sg",
            "module.aft.module.aft_account_request_framework.aws_subnet.aft_vpc_private_subnet_01",
            "module.aft.module.aft_account_request_framework.aws_subnet.aft_vpc_private_subnet_02",
            "module.aft.module.aft_account_request_framework.aws_vpc.aft_vpc",
            "module.aft.module.aft_account_request_framework.data.aws_availability_zones.available",
            "module.aft.module.aft_account_request_framework.data.aws_subnets.kms",
            "module.aft.module.aft_account_request_framework.data.aws_vpc_endpoint_service.kms"
          ]
        }
      ]
    },
    {
      "module": "module.aft.module.aft_account_request_framework",
      "mode": "managed",
      "type": "aws_vpc_endpoint",
      "name": "lambda",
      "provider": "module.aft.provider[\"registry.terraform.io/hashicorp/aws\"].aft_management",
      "instances": [
        {
          "index_key": 0,
          "schema_version": 0,
          "attributes": {
            "arn": "arn:aws:ec2:eu-west-1:804448413129:vpc-endpoint/vpce-08a9e42a646778de9",
            "auto_accept": null,
            "cidr_blocks": [],
            "dns_entry": [
              {
                "dns_name": "vpce-08a9e42a646778de9-p05puoqb.lambda.eu-west-1.vpce.amazonaws.com",
                "hosted_zone_id": "Z38GZ743OKFT7T"
              },
              {
                "dns_name": "vpce-08a9e42a646778de9-p05puoqb-eu-west-1b.lambda.eu-west-1.vpce.amazonaws.com",
                "hosted_zone_id": "Z38GZ743OKFT7T"
              },
              {
                "dns_name": "vpce-08a9e42a646778de9-p05puoqb-eu-west-1a.lambda.eu-west-1.vpce.amazonaws.com",
                "hosted_zone_id": "Z38GZ743OKFT7T"
              },
              {
                "dns_name": "lambda.eu-west-1.amazonaws.com",
                "hosted_zone_id": "Z03833021VBZL9XKVGE9G"
              },
              {
                "dns_name": "lambda.eu-west-1.api.aws",
                "hosted_zone_id": "Z04448161D8IA8W84EB16"
              }
            ],
            "dns_options": [
              {
                "dns_record_ip_type": "ipv4"
              }
            ],
            "id": "vpce-08a9e42a646778de9",
            "ip_address_type": "ipv4",
            "network_interface_ids": [
              "eni-04759e11700ed6c21",
              "eni-08934c4470410bb70"
            ],
            "owner_id": "804448413129",
            "policy": "{\"Statement\":[{\"Action\":\"*\",\"Effect\":\"Allow\",\"Principal\":\"*\",\"Resource\":\"*\"}]}",
            "prefix_list_id": null,
            "private_dns_enabled": true,
            "requester_managed": false,
            "route_table_ids": [],
            "security_group_ids": [
              "sg-049fd7e42e28613d7"
            ],
            "service_name": "com.amazonaws.eu-west-1.lambda",
            "state": "available",
            "subnet_ids": [
              "subnet-090ee28a6b2779f35",
              "subnet-0fbf0295c6df87487"
            ],
            "tags": null,
            "tags_all": {
              "managed_by": "AFT"
            },
            "timeouts": null,
            "vpc_endpoint_type": "Interface",
            "vpc_id": "vpc-0738a48762cabc9e5"
          },
          "sensitive_attributes": [],
          "private": "eyJlMmJmYjczMC1lY2FhLTExZTYtOGY4OC0zNDM2M2JjN2M0YzAiOnsiY3JlYXRlIjo2MDAwMDAwMDAwMDAsImRlbGV0ZSI6NjAwMDAwMDAwMDAwLCJ1cGRhdGUiOjYwMDAwMDAwMDAwMH19",
          "dependencies": [
            "module.aft.data.aws_partition.current",
            "module.aft.module.aft_account_request_framework.aws_security_group.aft_vpc_endpoint_sg",
            "module.aft.module.aft_account_request_framework.aws_subnet.aft_vpc_private_subnet_01",
            "module.aft.module.aft_account_request_framework.aws_subnet.aft_vpc_private_subnet_02",
            "module.aft.module.aft_account_request_framework.aws_vpc.aft_vpc",
            "module.aft.module.aft_account_request_framework.data.aws_availability_zones.available",
            "module.aft.module.aft_account_request_framework.data.aws_subnets.lambda",
            "module.aft.module.aft_account_request_framework.data.aws_vpc_endpoint_service.lambda"
          ]
        }
      ]
    },
    {
      "module": "module.aft.module.aft_account_request_framework",
      "mode": "managed",
      "type": "aws_vpc_endpoint",
      "name": "logs",
      "provider": "module.aft.provider[\"registry.terraform.io/hashicorp/aws\"].aft_management",
      "instances": [
        {
          "index_key": 0,
          "schema_version": 0,
          "attributes": {
            "arn": "arn:aws:ec2:eu-west-1:804448413129:vpc-endpoint/vpce-0981bae6e22cec80d",
            "auto_accept": null,
            "cidr_blocks": [],
            "dns_entry": [
              {
                "dns_name": "vpce-0981bae6e22cec80d-y2n69po5.logs.eu-west-1.vpce.amazonaws.com",
                "hosted_zone_id": "Z38GZ743OKFT7T"
              },
              {
                "dns_name": "vpce-0981bae6e22cec80d-y2n69po5-eu-west-1b.logs.eu-west-1.vpce.amazonaws.com",
                "hosted_zone_id": "Z38GZ743OKFT7T"
              },
              {
                "dns_name": "vpce-0981bae6e22cec80d-y2n69po5-eu-west-1a.logs.eu-west-1.vpce.amazonaws.com",
                "hosted_zone_id": "Z38GZ743OKFT7T"
              },
              {
                "dns_name": "logs.eu-west-1.amazonaws.com",
                "hosted_zone_id": "Z040541611EY5CBULIU1A"
              }
            ],
            "dns_options": [
              {
                "dns_record_ip_type": "ipv4"
              }
            ],
            "id": "vpce-0981bae6e22cec80d",
            "ip_address_type": "ipv4",
            "network_interface_ids": [
              "eni-02193dee4406087be",
              "eni-0684ed90f25e40edd"
            ],
            "owner_id": "804448413129",
            "policy": "{\"Statement\":[{\"Action\":\"*\",\"Effect\":\"Allow\",\"Principal\":\"*\",\"Resource\":\"*\"}]}",
            "prefix_list_id": null,
            "private_dns_enabled": true,
            "requester_managed": false,
            "route_table_ids": [],
            "security_group_ids": [
              "sg-049fd7e42e28613d7"
            ],
            "service_name": "com.amazonaws.eu-west-1.logs",
            "state": "available",
            "subnet_ids": [
              "subnet-090ee28a6b2779f35",
              "subnet-0fbf0295c6df87487"
            ],
            "tags": null,
            "tags_all": {
              "managed_by": "AFT"
            },
            "timeouts": null,
            "vpc_endpoint_type": "Interface",
            "vpc_id": "vpc-0738a48762cabc9e5"
          },
          "sensitive_attributes": [],
          "private": "eyJlMmJmYjczMC1lY2FhLTExZTYtOGY4OC0zNDM2M2JjN2M0YzAiOnsiY3JlYXRlIjo2MDAwMDAwMDAwMDAsImRlbGV0ZSI6NjAwMDAwMDAwMDAwLCJ1cGRhdGUiOjYwMDAwMDAwMDAwMH19",
          "dependencies": [
            "module.aft.data.aws_partition.current",
            "module.aft.module.aft_account_request_framework.aws_security_group.aft_vpc_endpoint_sg",
            "module.aft.module.aft_account_request_framework.aws_subnet.aft_vpc_private_subnet_01",
            "module.aft.module.aft_account_request_framework.aws_subnet.aft_vpc_private_subnet_02",
            "module.aft.module.aft_account_request_framework.aws_vpc.aft_vpc",
            "module.aft.module.aft_account_request_framework.data.aws_availability_zones.available",
            "module.aft.module.aft_account_request_framework.data.aws_subnets.logs",
            "module.aft.module.aft_account_request_framework.data.aws_vpc_endpoint_service.logs"
          ]
        }
      ]
    },
    {
      "module": "module.aft.module.aft_account_request_framework",
      "mode": "managed",
      "type": "aws_vpc_endpoint",
      "name": "s3",
      "provider": "module.aft.provider[\"registry.terraform.io/hashicorp/aws\"].aft_management",
      "instances": [
        {
          "index_key": 0,
          "schema_version": 0,
          "attributes": {
            "arn": "arn:aws:ec2:eu-west-1:804448413129:vpc-endpoint/vpce-0046720471077d626",
            "auto_accept": null,
            "cidr_blocks": [
              "18.34.240.0/22",
              "18.34.32.0/20",
              "3.5.64.0/21",
              "3.5.72.0/23",
              "52.92.0.0/17",
              "52.218.0.0/17"
            ],
            "dns_entry": [],
            "dns_options": [],
            "id": "vpce-0046720471077d626",
            "ip_address_type": "",
            "network_interface_ids": [],
            "owner_id": "804448413129",
            "policy": "{\"Statement\":[{\"Action\":\"*\",\"Effect\":\"Allow\",\"Principal\":\"*\",\"Resource\":\"*\"}],\"Version\":\"2008-10-17\"}",
            "prefix_list_id": "pl-6da54004",
            "private_dns_enabled": false,
            "requester_managed": false,
            "route_table_ids": [
              "rtb-01612190412dc8d19",
              "rtb-0ae53b684ef8a7c17",
              "rtb-0f4893570b1b6ceeb"
            ],
            "security_group_ids": [],
            "service_name": "com.amazonaws.eu-west-1.s3",
            "state": "available",
            "subnet_ids": [],
            "tags": null,
            "tags_all": {
              "managed_by": "AFT"
            },
            "timeouts": null,
            "vpc_endpoint_type": "Gateway",
            "vpc_id": "vpc-0738a48762cabc9e5"
          },
          "sensitive_attributes": [],
          "private": "eyJlMmJmYjczMC1lY2FhLTExZTYtOGY4OC0zNDM2M2JjN2M0YzAiOnsiY3JlYXRlIjo2MDAwMDAwMDAwMDAsImRlbGV0ZSI6NjAwMDAwMDAwMDAwLCJ1cGRhdGUiOjYwMDAwMDAwMDAwMH19",
          "dependencies": [
            "module.aft.data.aws_partition.current",
            "module.aft.module.aft_account_request_framework.aws_eip.aft-vpc-natgw-01",
            "module.aft.module.aft_account_request_framework.aws_eip.aft-vpc-natgw-02",
            "module.aft.module.aft_account_request_framework.aws_internet_gateway.aft-vpc-igw",
            "module.aft.module.aft_account_request_framework.aws_nat_gateway.aft-vpc-natgw-01",
            "module.aft.module.aft_account_request_framework.aws_nat_gateway.aft-vpc-natgw-02",
            "module.aft.module.aft_account_request_framework.aws_route_table.aft_vpc_private_subnet_01",
            "module.aft.module.aft_account_request_framework.aws_route_table.aft_vpc_private_subnet_02",
            "module.aft.module.aft_account_request_framework.aws_route_table.aft_vpc_public_subnet_01",
            "module.aft.module.aft_account_request_framework.aws_subnet.aft_vpc_public_subnet_01",
            "module.aft.module.aft_account_request_framework.aws_subnet.aft_vpc_public_subnet_02",
            "module.aft.module.aft_account_request_framework.aws_vpc.aft_vpc",
            "module.aft.module.aft_account_request_framework.data.aws_availability_zones.available",
            "module.aft.module.aft_account_request_framework.data.aws_region.aft-management"
          ]
        }
      ]
    },
    {
      "module": "module.aft.module.aft_account_request_framework",
      "mode": "managed",
      "type": "aws_vpc_endpoint",
      "name": "servicecatalog",
      "provider": "module.aft.provider[\"registry.terraform.io/hashicorp/aws\"].aft_management",
      "instances": [
        {
          "index_key": 0,
          "schema_version": 0,
          "attributes": {
            "arn": "arn:aws:ec2:eu-west-1:804448413129:vpc-endpoint/vpce-015971aed804f095c",
            "auto_accept": null,
            "cidr_blocks": [],
            "dns_entry": [
              {
                "dns_name": "vpce-015971aed804f095c-hinhw8oy.servicecatalog.eu-west-1.vpce.amazonaws.com",
                "hosted_zone_id": "Z38GZ743OKFT7T"
              },
              {
                "dns_name": "vpce-015971aed804f095c-hinhw8oy-eu-west-1b.servicecatalog.eu-west-1.vpce.amazonaws.com",
                "hosted_zone_id": "Z38GZ743OKFT7T"
              },
              {
                "dns_name": "vpce-015971aed804f095c-hinhw8oy-eu-west-1a.servicecatalog.eu-west-1.vpce.amazonaws.com",
                "hosted_zone_id": "Z38GZ743OKFT7T"
              },
              {
                "dns_name": "servicecatalog.eu-west-1.amazonaws.com",
                "hosted_zone_id": "Z0381732WM7EUCNTQJ19"
              }
            ],
            "dns_options": [
              {
                "dns_record_ip_type": "ipv4"
              }
            ],
            "id": "vpce-015971aed804f095c",
            "ip_address_type": "ipv4",
            "network_interface_ids": [
              "eni-08390e23898c6aa12",
              "eni-0921601f73b746cc7"
            ],
            "owner_id": "804448413129",
            "policy": "{\"Statement\":[{\"Action\":\"*\",\"Effect\":\"Allow\",\"Principal\":\"*\",\"Resource\":\"*\"}]}",
            "prefix_list_id": null,
            "private_dns_enabled": true,
            "requester_managed": false,
            "route_table_ids": [],
            "security_group_ids": [
              "sg-049fd7e42e28613d7"
            ],
            "service_name": "com.amazonaws.eu-west-1.servicecatalog",
            "state": "available",
            "subnet_ids": [
              "subnet-090ee28a6b2779f35",
              "subnet-0fbf0295c6df87487"
            ],
            "tags": null,
            "tags_all": {
              "managed_by": "AFT"
            },
            "timeouts": null,
            "vpc_endpoint_type": "Interface",
            "vpc_id": "vpc-0738a48762cabc9e5"
          },
          "sensitive_attributes": [],
          "private": "eyJlMmJmYjczMC1lY2FhLTExZTYtOGY4OC0zNDM2M2JjN2M0YzAiOnsiY3JlYXRlIjo2MDAwMDAwMDAwMDAsImRlbGV0ZSI6NjAwMDAwMDAwMDAwLCJ1cGRhdGUiOjYwMDAwMDAwMDAwMH19",
          "dependencies": [
            "module.aft.data.aws_partition.current",
            "module.aft.module.aft_account_request_framework.aws_security_group.aft_vpc_endpoint_sg",
            "module.aft.module.aft_account_request_framework.aws_subnet.aft_vpc_private_subnet_01",
            "module.aft.module.aft_account_request_framework.aws_subnet.aft_vpc_private_subnet_02",
            "module.aft.module.aft_account_request_framework.aws_vpc.aft_vpc",
            "module.aft.module.aft_account_request_framework.data.aws_availability_zones.available",
            "module.aft.module.aft_account_request_framework.data.aws_subnets.servicecatalog",
            "module.aft.module.aft_account_request_framework.data.aws_vpc_endpoint_service.servicecatalog"
          ]
        }
      ]
    },
    {
      "module": "module.aft.module.aft_account_request_framework",
      "mode": "managed",
      "type": "aws_vpc_endpoint",
      "name": "sns",
      "provider": "module.aft.provider[\"registry.terraform.io/hashicorp/aws\"].aft_management",
      "instances": [
        {
          "index_key": 0,
          "schema_version": 0,
          "attributes": {
            "arn": "arn:aws:ec2:eu-west-1:804448413129:vpc-endpoint/vpce-0121068c1f5a87c4b",
            "auto_accept": null,
            "cidr_blocks": [],
            "dns_entry": [
              {
                "dns_name": "vpce-0121068c1f5a87c4b-0qf70ggc.sns.eu-west-1.vpce.amazonaws.com",
                "hosted_zone_id": "Z38GZ743OKFT7T"
              },
              {
                "dns_name": "vpce-0121068c1f5a87c4b-0qf70ggc-eu-west-1b.sns.eu-west-1.vpce.amazonaws.com",
                "hosted_zone_id": "Z38GZ743OKFT7T"
              },
              {
                "dns_name": "vpce-0121068c1f5a87c4b-0qf70ggc-eu-west-1a.sns.eu-west-1.vpce.amazonaws.com",
                "hosted_zone_id": "Z38GZ743OKFT7T"
              },
              {
                "dns_name": "sns.eu-west-1.amazonaws.com",
                "hosted_zone_id": "Z044622330LD2TCK82539"
              }
            ],
            "dns_options": [
              {
                "dns_record_ip_type": "ipv4"
              }
            ],
            "id": "vpce-0121068c1f5a87c4b",
            "ip_address_type": "ipv4",
            "network_interface_ids": [
              "eni-06b8920e3d9f62d83",
              "eni-0af2172613e9cf15e"
            ],
            "owner_id": "804448413129",
            "policy": "{\"Statement\":[{\"Action\":\"*\",\"Effect\":\"Allow\",\"Principal\":\"*\",\"Resource\":\"*\"}]}",
            "prefix_list_id": null,
            "private_dns_enabled": true,
            "requester_managed": false,
            "route_table_ids": [],
            "security_group_ids": [
              "sg-049fd7e42e28613d7"
            ],
            "service_name": "com.amazonaws.eu-west-1.sns",
            "state": "available",
            "subnet_ids": [
              "subnet-090ee28a6b2779f35",
              "subnet-0fbf0295c6df87487"
            ],
            "tags": null,
            "tags_all": {
              "managed_by": "AFT"
            },
            "timeouts": null,
            "vpc_endpoint_type": "Interface",
            "vpc_id": "vpc-0738a48762cabc9e5"
          },
          "sensitive_attributes": [],
          "private": "eyJlMmJmYjczMC1lY2FhLTExZTYtOGY4OC0zNDM2M2JjN2M0YzAiOnsiY3JlYXRlIjo2MDAwMDAwMDAwMDAsImRlbGV0ZSI6NjAwMDAwMDAwMDAwLCJ1cGRhdGUiOjYwMDAwMDAwMDAwMH19",
          "dependencies": [
            "module.aft.data.aws_partition.current",
            "module.aft.module.aft_account_request_framework.aws_security_group.aft_vpc_endpoint_sg",
            "module.aft.module.aft_account_request_framework.aws_subnet.aft_vpc_private_subnet_01",
            "module.aft.module.aft_account_request_framework.aws_subnet.aft_vpc_private_subnet_02",
            "module.aft.module.aft_account_request_framework.aws_vpc.aft_vpc",
            "module.aft.module.aft_account_request_framework.data.aws_availability_zones.available",
            "module.aft.module.aft_account_request_framework.data.aws_subnets.sns",
            "module.aft.module.aft_account_request_framework.data.aws_vpc_endpoint_service.sns"
          ]
        }
      ]
    },
    {
      "module": "module.aft.module.aft_account_request_framework",
      "mode": "managed",
      "type": "aws_vpc_endpoint",
      "name": "sqs",
      "provider": "module.aft.provider[\"registry.terraform.io/hashicorp/aws\"].aft_management",
      "instances": [
        {
          "index_key": 0,
          "schema_version": 0,
          "attributes": {
            "arn": "arn:aws:ec2:eu-west-1:804448413129:vpc-endpoint/vpce-06adb67aa9fb11d84",
            "auto_accept": null,
            "cidr_blocks": [],
            "dns_entry": [
              {
                "dns_name": "vpce-06adb67aa9fb11d84-nhztopcq.sqs.eu-west-1.vpce.amazonaws.com",
                "hosted_zone_id": "Z38GZ743OKFT7T"
              },
              {
                "dns_name": "vpce-06adb67aa9fb11d84-nhztopcq-eu-west-1b.sqs.eu-west-1.vpce.amazonaws.com",
                "hosted_zone_id": "Z38GZ743OKFT7T"
              },
              {
                "dns_name": "vpce-06adb67aa9fb11d84-nhztopcq-eu-west-1a.sqs.eu-west-1.vpce.amazonaws.com",
                "hosted_zone_id": "Z38GZ743OKFT7T"
              },
              {
                "dns_name": "sqs.eu-west-1.amazonaws.com",
                "hosted_zone_id": "Z0460043TMMPTGGKZWWN"
              }
            ],
            "dns_options": [
              {
                "dns_record_ip_type": "ipv4"
              }
            ],
            "id": "vpce-06adb67aa9fb11d84",
            "ip_address_type": "ipv4",
            "network_interface_ids": [
              "eni-003caf4f19b4ec7dc",
              "eni-0c164f9bd0d33ee1e"
            ],
            "owner_id": "804448413129",
            "policy": "{\"Statement\":[{\"Action\":\"*\",\"Effect\":\"Allow\",\"Principal\":\"*\",\"Resource\":\"*\"}]}",
            "prefix_list_id": null,
            "private_dns_enabled": true,
            "requester_managed": false,
            "route_table_ids": [],
            "security_group_ids": [
              "sg-049fd7e42e28613d7"
            ],
            "service_name": "com.amazonaws.eu-west-1.sqs",
            "state": "available",
            "subnet_ids": [
              "subnet-090ee28a6b2779f35",
              "subnet-0fbf0295c6df87487"
            ],
            "tags": null,
            "tags_all": {
              "managed_by": "AFT"
            },
            "timeouts": null,
            "vpc_endpoint_type": "Interface",
            "vpc_id": "vpc-0738a48762cabc9e5"
          },
          "sensitive_attributes": [],
          "private": "eyJlMmJmYjczMC1lY2FhLTExZTYtOGY4OC0zNDM2M2JjN2M0YzAiOnsiY3JlYXRlIjo2MDAwMDAwMDAwMDAsImRlbGV0ZSI6NjAwMDAwMDAwMDAwLCJ1cGRhdGUiOjYwMDAwMDAwMDAwMH19",
          "dependencies": [
            "module.aft.data.aws_partition.current",
            "module.aft.module.aft_account_request_framework.aws_security_group.aft_vpc_endpoint_sg",
            "module.aft.module.aft_account_request_framework.aws_subnet.aft_vpc_private_subnet_01",
            "module.aft.module.aft_account_request_framework.aws_subnet.aft_vpc_private_subnet_02",
            "module.aft.module.aft_account_request_framework.aws_vpc.aft_vpc",
            "module.aft.module.aft_account_request_framework.data.aws_availability_zones.available",
            "module.aft.module.aft_account_request_framework.data.aws_subnets.sqs",
            "module.aft.module.aft_account_request_framework.data.aws_vpc_endpoint_service.sqs"
          ]
        }
      ]
    },
    {
      "module": "module.aft.module.aft_account_request_framework",
      "mode": "managed",
      "type": "aws_vpc_endpoint",
      "name": "ssm",
      "provider": "module.aft.provider[\"registry.terraform.io/hashicorp/aws\"].aft_management",
      "instances": [
        {
          "index_key": 0,
          "schema_version": 0,
          "attributes": {
            "arn": "arn:aws:ec2:eu-west-1:804448413129:vpc-endpoint/vpce-04eb60effffaa20f4",
            "auto_accept": null,
            "cidr_blocks": [],
            "dns_entry": [
              {
                "dns_name": "vpce-04eb60effffaa20f4-bh49kiju.ssm.eu-west-1.vpce.amazonaws.com",
                "hosted_zone_id": "Z38GZ743OKFT7T"
              },
              {
                "dns_name": "vpce-04eb60effffaa20f4-bh49kiju-eu-west-1a.ssm.eu-west-1.vpce.amazonaws.com",
                "hosted_zone_id": "Z38GZ743OKFT7T"
              },
              {
                "dns_name": "vpce-04eb60effffaa20f4-bh49kiju-eu-west-1b.ssm.eu-west-1.vpce.amazonaws.com",
                "hosted_zone_id": "Z38GZ743OKFT7T"
              },
              {
                "dns_name": "ssm.eu-west-1.amazonaws.com",
                "hosted_zone_id": "Z05711931G0J494FMUMAM"
              }
            ],
            "dns_options": [
              {
                "dns_record_ip_type": "ipv4"
              }
            ],
            "id": "vpce-04eb60effffaa20f4",
            "ip_address_type": "ipv4",
            "network_interface_ids": [
              "eni-0c3f7253e2cded22a",
              "eni-0cf83b7c4b2bc5fea"
            ],
            "owner_id": "804448413129",
            "policy": "{\"Statement\":[{\"Action\":\"*\",\"Effect\":\"Allow\",\"Principal\":\"*\",\"Resource\":\"*\"}]}",
            "prefix_list_id": null,
            "private_dns_enabled": true,
            "requester_managed": false,
            "route_table_ids": [],
            "security_group_ids": [
              "sg-049fd7e42e28613d7"
            ],
            "service_name": "com.amazonaws.eu-west-1.ssm",
            "state": "available",
            "subnet_ids": [
              "subnet-090ee28a6b2779f35",
              "subnet-0fbf0295c6df87487"
            ],
            "tags": null,
            "tags_all": {
              "managed_by": "AFT"
            },
            "timeouts": null,
            "vpc_endpoint_type": "Interface",
            "vpc_id": "vpc-0738a48762cabc9e5"
          },
          "sensitive_attributes": [],
          "private": "eyJlMmJmYjczMC1lY2FhLTExZTYtOGY4OC0zNDM2M2JjN2M0YzAiOnsiY3JlYXRlIjo2MDAwMDAwMDAwMDAsImRlbGV0ZSI6NjAwMDAwMDAwMDAwLCJ1cGRhdGUiOjYwMDAwMDAwMDAwMH19",
          "dependencies": [
            "module.aft.data.aws_partition.current",
            "module.aft.module.aft_account_request_framework.aws_security_group.aft_vpc_endpoint_sg",
            "module.aft.module.aft_account_request_framework.aws_subnet.aft_vpc_private_subnet_01",
            "module.aft.module.aft_account_request_framework.aws_subnet.aft_vpc_private_subnet_02",
            "module.aft.module.aft_account_request_framework.aws_vpc.aft_vpc",
            "module.aft.module.aft_account_request_framework.data.aws_availability_zones.available",
            "module.aft.module.aft_account_request_framework.data.aws_subnets.ssm",
            "module.aft.module.aft_account_request_framework.data.aws_vpc_endpoint_service.ssm"
          ]
        }
      ]
    },
    {
      "module": "module.aft.module.aft_account_request_framework",
      "mode": "managed",
      "type": "aws_vpc_endpoint",
      "name": "states",
      "provider": "module.aft.provider[\"registry.terraform.io/hashicorp/aws\"].aft_management",
      "instances": [
        {
          "index_key": 0,
          "schema_version": 0,
          "attributes": {
            "arn": "arn:aws:ec2:eu-west-1:804448413129:vpc-endpoint/vpce-05af69f04f9c79b34",
            "auto_accept": null,
            "cidr_blocks": [],
            "dns_entry": [
              {
                "dns_name": "vpce-05af69f04f9c79b34-bpen8d54.states.eu-west-1.vpce.amazonaws.com",
                "hosted_zone_id": "Z38GZ743OKFT7T"
              },
              {
                "dns_name": "vpce-05af69f04f9c79b34-bpen8d54-eu-west-1a.states.eu-west-1.vpce.amazonaws.com",
                "hosted_zone_id": "Z38GZ743OKFT7T"
              },
              {
                "dns_name": "vpce-05af69f04f9c79b34-bpen8d54-eu-west-1b.states.eu-west-1.vpce.amazonaws.com",
                "hosted_zone_id": "Z38GZ743OKFT7T"
              },
              {
                "dns_name": "states.eu-west-1.amazonaws.com",
                "hosted_zone_id": "Z05722131NGSYEMPRCERB"
              }
            ],
            "dns_options": [
              {
                "dns_record_ip_type": "ipv4"
              }
            ],
            "id": "vpce-05af69f04f9c79b34",
            "ip_address_type": "ipv4",
            "network_interface_ids": [
              "eni-036537b4a6ac13b55",
              "eni-07f0d26b18b6e06bd"
            ],
            "owner_id": "804448413129",
            "policy": "{\"Statement\":[{\"Action\":\"*\",\"Effect\":\"Allow\",\"Principal\":\"*\",\"Resource\":\"*\"}]}",
            "prefix_list_id": null,
            "private_dns_enabled": true,
            "requester_managed": false,
            "route_table_ids": [],
            "security_group_ids": [
              "sg-049fd7e42e28613d7"
            ],
            "service_name": "com.amazonaws.eu-west-1.states",
            "state": "available",
            "subnet_ids": [
              "subnet-090ee28a6b2779f35",
              "subnet-0fbf0295c6df87487"
            ],
            "tags": null,
            "tags_all": {
              "managed_by": "AFT"
            },
            "timeouts": null,
            "vpc_endpoint_type": "Interface",
            "vpc_id": "vpc-0738a48762cabc9e5"
          },
          "sensitive_attributes": [],
          "private": "eyJlMmJmYjczMC1lY2FhLTExZTYtOGY4OC0zNDM2M2JjN2M0YzAiOnsiY3JlYXRlIjo2MDAwMDAwMDAwMDAsImRlbGV0ZSI6NjAwMDAwMDAwMDAwLCJ1cGRhdGUiOjYwMDAwMDAwMDAwMH19",
          "dependencies": [
            "module.aft.data.aws_partition.current",
            "module.aft.module.aft_account_request_framework.aws_security_group.aft_vpc_endpoint_sg",
            "module.aft.module.aft_account_request_framework.aws_subnet.aft_vpc_private_subnet_01",
            "module.aft.module.aft_account_request_framework.aws_subnet.aft_vpc_private_subnet_02",
            "module.aft.module.aft_account_request_framework.aws_vpc.aft_vpc",
            "module.aft.module.aft_account_request_framework.data.aws_availability_zones.available",
            "module.aft.module.aft_account_request_framework.data.aws_subnets.states",
            "module.aft.module.aft_account_request_framework.data.aws_vpc_endpoint_service.states"
          ]
        }
      ]
    },
    {
      "module": "module.aft.module.aft_account_request_framework",
      "mode": "managed",
      "type": "aws_vpc_endpoint",
      "name": "sts",
      "provider": "module.aft.provider[\"registry.terraform.io/hashicorp/aws\"].aft_management",
      "instances": [
        {
          "index_key": 0,
          "schema_version": 0,
          "attributes": {
            "arn": "arn:aws:ec2:eu-west-1:804448413129:vpc-endpoint/vpce-01e9836b8d9d122fb",
            "auto_accept": null,
            "cidr_blocks": [],
            "dns_entry": [
              {
                "dns_name": "vpce-01e9836b8d9d122fb-axzpdec5.sts.eu-west-1.vpce.amazonaws.com",
                "hosted_zone_id": "Z38GZ743OKFT7T"
              },
              {
                "dns_name": "vpce-01e9836b8d9d122fb-axzpdec5-eu-west-1b.sts.eu-west-1.vpce.amazonaws.com",
                "hosted_zone_id": "Z38GZ743OKFT7T"
              },
              {
                "dns_name": "vpce-01e9836b8d9d122fb-axzpdec5-eu-west-1a.sts.eu-west-1.vpce.amazonaws.com",
                "hosted_zone_id": "Z38GZ743OKFT7T"
              },
              {
                "dns_name": "sts.eu-west-1.amazonaws.com",
                "hosted_zone_id": "Z05657221KNH61O9YVMOY"
              }
            ],
            "dns_options": [
              {
                "dns_record_ip_type": "ipv4"
              }
            ],
            "id": "vpce-01e9836b8d9d122fb",
            "ip_address_type": "ipv4",
            "network_interface_ids": [
              "eni-011ccb82331fae576",
              "eni-048b0fc0a481d7130"
            ],
            "owner_id": "804448413129",
            "policy": "{\"Statement\":[{\"Action\":\"*\",\"Effect\":\"Allow\",\"Principal\":\"*\",\"Resource\":\"*\"}]}",
            "prefix_list_id": null,
            "private_dns_enabled": true,
            "requester_managed": false,
            "route_table_ids": [],
            "security_group_ids": [
              "sg-049fd7e42e28613d7"
            ],
            "service_name": "com.amazonaws.eu-west-1.sts",
            "state": "available",
            "subnet_ids": [
              "subnet-090ee28a6b2779f35",
              "subnet-0fbf0295c6df87487"
            ],
            "tags": null,
            "tags_all": {
              "managed_by": "AFT"
            },
            "timeouts": null,
            "vpc_endpoint_type": "Interface",
            "vpc_id": "vpc-0738a48762cabc9e5"
          },
          "sensitive_attributes": [],
          "private": "eyJlMmJmYjczMC1lY2FhLTExZTYtOGY4OC0zNDM2M2JjN2M0YzAiOnsiY3JlYXRlIjo2MDAwMDAwMDAwMDAsImRlbGV0ZSI6NjAwMDAwMDAwMDAwLCJ1cGRhdGUiOjYwMDAwMDAwMDAwMH19",
          "dependencies": [
            "module.aft.data.aws_partition.current",
            "module.aft.module.aft_account_request_framework.aws_security_group.aft_vpc_endpoint_sg",
            "module.aft.module.aft_account_request_framework.aws_subnet.aft_vpc_private_subnet_01",
            "module.aft.module.aft_account_request_framework.aws_subnet.aft_vpc_private_subnet_02",
            "module.aft.module.aft_account_request_framework.aws_vpc.aft_vpc",
            "module.aft.module.aft_account_request_framework.data.aws_availability_zones.available",
            "module.aft.module.aft_account_request_framework.data.aws_subnets.sts",
            "module.aft.module.aft_account_request_framework.data.aws_vpc_endpoint_service.sts"
          ]
        }
      ]
    },
    {
      "module": "module.aft.module.aft_account_request_framework",
      "mode": "managed",
      "type": "time_sleep",
      "name": "wait_60_seconds",
      "provider": "provider[\"registry.terraform.io/hashicorp/time\"]",
      "instances": [
        {
          "schema_version": 0,
          "attributes": {
            "create_duration": "60s",
            "destroy_duration": null,
            "id": "2023-02-27T18:58:11Z",
            "triggers": null
          },
          "sensitive_attributes": [],
          "dependencies": [
            "module.aft.data.aws_partition.current",
            "module.aft.data.local_file.version",
            "module.aft.module.aft_account_request_framework.aws_dynamodb_table.aft_request",
            "module.aft.module.aft_account_request_framework.aws_iam_role.aft_account_request_audit_trigger",
            "module.aft.module.aft_account_request_framework.aws_kms_key.aft",
            "module.aft.module.aft_account_request_framework.aws_lambda_function.aft_account_request_audit_trigger",
            "module.aft.module.aft_account_request_framework.aws_security_group.aft_vpc_default_sg",
            "module.aft.module.aft_account_request_framework.aws_subnet.aft_vpc_private_subnet_01",
            "module.aft.module.aft_account_request_framework.aws_subnet.aft_vpc_private_subnet_02",
            "module.aft.module.aft_account_request_framework.aws_vpc.aft_vpc",
            "module.aft.module.aft_account_request_framework.data.aws_availability_zones.available",
            "module.aft.module.aft_customizations.aws_s3_bucket.aft_codepipeline_customizations_bucket",
            "module.aft.module.aft_customizations.data.aws_caller_identity.current",
            "module.aft.module.aft_lambda_layer.aws_codebuild_project.codebuild",
            "module.aft.module.aft_lambda_layer.aws_iam_role.codebuild",
            "module.aft.module.aft_lambda_layer.aws_iam_role.codebuild_invoker_lambda_role",
            "module.aft.module.aft_lambda_layer.aws_lambda_function.codebuild_invoker",
            "module.aft.module.aft_lambda_layer.aws_lambda_layer_version.layer_version",
            "module.aft.module.aft_lambda_layer.data.aws_lambda_invocation.invoke_codebuild_job",
            "module.aft.module.aft_lambda_layer.data.aws_partition.current",
            "module.aft.module.aft_lambda_layer.data.local_file.aft_lambda_layer",
            "module.aft.module.aft_lambda_layer.random_string.resource_suffix",
            "module.aft.module.packaging.data.archive_file.builder",
            "module.aft.module.packaging.data.archive_file.request_framework"
          ]
        }
      ]
    },
    {
      "module": "module.aft.module.aft_backend",
      "mode": "data",
      "type": "aws_caller_identity",
      "name": "current",
      "provider": "module.aft.provider[\"registry.terraform.io/hashicorp/aws\"].aft_management",
      "instances": [
        {
          "schema_version": 0,
          "attributes": {
            "account_id": "804448413129",
            "arn": "arn:aws:sts::804448413129:assumed-role/AWSControlTowerExecution/AWSAFT-Session",
            "id": "804448413129",
            "user_id": "AROA3WTG4UXEQNNSDGUZT:AWSAFT-Session"
          },
          "sensitive_attributes": []
        }
      ]
    },
    {
      "module": "module.aft.module.aft_backend",
      "mode": "managed",
      "type": "aws_dynamodb_table",
      "name": "lock-table",
      "provider": "module.aft.provider[\"registry.terraform.io/hashicorp/aws\"].aft_management",
      "instances": [
        {
          "schema_version": 1,
          "attributes": {
            "arn": "arn:aws:dynamodb:eu-west-1:804448413129:table/aft-backend-804448413129",
            "attribute": [
              {
                "name": "LockID",
                "type": "S"
              }
            ],
            "billing_mode": "PAY_PER_REQUEST",
            "global_secondary_index": [],
            "hash_key": "LockID",
            "id": "aft-backend-804448413129",
            "local_secondary_index": [],
            "name": "aft-backend-804448413129",
            "point_in_time_recovery": [
              {
                "enabled": false
              }
            ],
            "range_key": null,
            "read_capacity": 0,
            "replica": [
              {
                "kms_key_arn": "",
                "point_in_time_recovery": false,
                "propagate_tags": false,
                "region_name": "eu-west-2"
              }
            ],
            "restore_date_time": null,
            "restore_source_name": null,
            "restore_to_latest_time": null,
            "server_side_encryption": [],
            "stream_arn": "arn:aws:dynamodb:eu-west-1:804448413129:table/aft-backend-804448413129/stream/2023-02-27T18:47:30.363",
            "stream_enabled": true,
            "stream_label": "2023-02-27T18:47:30.363",
            "stream_view_type": "NEW_AND_OLD_IMAGES",
            "table_class": "",
            "tags": {
              "Name": "aft-backend-804448413129"
            },
            "tags_all": {
              "Name": "aft-backend-804448413129",
              "managed_by": "AFT"
            },
            "timeouts": null,
            "ttl": [
              {
                "attribute_name": "",
                "enabled": false
              }
            ],
            "write_capacity": 0
          },
          "sensitive_attributes": [],
          "private": "eyJlMmJmYjczMC1lY2FhLTExZTYtOGY4OC0zNDM2M2JjN2M0YzAiOnsiY3JlYXRlIjoxODAwMDAwMDAwMDAwLCJkZWxldGUiOjYwMDAwMDAwMDAwMCwidXBkYXRlIjozNjAwMDAwMDAwMDAwfSwic2NoZW1hX3ZlcnNpb24iOiIxIn0=",
          "dependencies": [
            "module.aft.data.aws_partition.current",
            "module.aft.module.aft_backend.data.aws_caller_identity.current"
          ]
        }
      ]
    },
    {
      "module": "module.aft.module.aft_backend",
      "mode": "managed",
      "type": "aws_iam_policy",
      "name": "replication",
      "provider": "module.aft.provider[\"registry.terraform.io/hashicorp/aws\"].aft_management",
      "instances": [
        {
          "schema_version": 0,
          "attributes": {
            "arn": "arn:aws:iam::804448413129:policy/aft-s3-terraform-backend-replication-policy",
            "description": "",
            "id": "arn:aws:iam::804448413129:policy/aft-s3-terraform-backend-replication-policy",
            "name": "aft-s3-terraform-backend-replication-policy",
            "name_prefix": null,
            "path": "/",
            "policy": "{\"Statement\":[{\"Action\":[\"s3:GetReplicationConfiguration\",\"s3:ListBucket\"],\"Effect\":\"Allow\",\"Resource\":[\"arn:aws:s3:::aft-backend-804448413129-primary-region\"]},{\"Action\":[\"s3:GetObjectVersionForReplication\",\"s3:GetObjectVersionAcl\",\"s3:GetObjectVersionTagging\"],\"Effect\":\"Allow\",\"Resource\":[\"arn:aws:s3:::aft-backend-804448413129-primary-region/*\"]},{\"Action\":[\"s3:ReplicateObject\",\"s3:ReplicateDelete\",\"s3:ReplicateTags\"],\"Condition\":{\"StringLikeIfExists\":{\"s3:x-amz-server-side-encryption\":[\"aws:kms\",\"AES256\"],\"s3:x-amz-server-side-encryption-aws-kms-key-id\":[\"arn:aws:kms:eu-west-2:804448413129:key/799ece53-2331-4505-a566-13e2150ca674\"]}},\"Effect\":\"Allow\",\"Resource\":\"arn:aws:s3:::aft-backend-804448413129-secondary-region/*\"},{\"Action\":[\"kms:Decrypt\"],\"Condition\":{\"StringLike\":{\"kms:EncryptionContext:aws:s3:arn\":[\"arn:aws:s3:::aft-backend-804448413129-primary-region/*\"],\"kms:ViaService\":\"s3.eu-west-1.amazonaws.com\"}},\"Effect\":\"Allow\",\"Resource\":[\"arn:aws:kms:eu-west-1:804448413129:key/5d837a97-4785-48fd-b112-c8f70b9e9ec8\"]},{\"Action\":[\"kms:Encrypt\"],\"Condition\":{\"StringLike\":{\"kms:EncryptionContext:aws:s3:arn\":[\"arn:aws:s3:::aft-backend-804448413129-primary-region/*\"],\"kms:ViaService\":\"s3.eu-west-1.amazonaws.com\"}},\"Effect\":\"Allow\",\"Resource\":[\"arn:aws:kms:eu-west-1:804448413129:key/5d837a97-4785-48fd-b112-c8f70b9e9ec8\"]},{\"Action\":[\"kms:Encrypt\"],\"Condition\":{\"StringLike\":{\"kms:EncryptionContext:aws:s3:arn\":[\"arn:aws:s3:::aft-backend-804448413129-secondary-region/*\"],\"kms:ViaService\":\"s3.eu-west-2.amazonaws.com\"}},\"Effect\":\"Allow\",\"Resource\":[\"arn:aws:kms:eu-west-2:804448413129:key/799ece53-2331-4505-a566-13e2150ca674\"]}],\"Version\":\"2012-10-17\"}",
            "policy_id": "ANPA3WTG4UXEWLLIYAPEC",
            "tags": null,
            "tags_all": {
              "managed_by": "AFT"
            }
          },
          "sensitive_attributes": [],
          "private": "bnVsbA==",
          "dependencies": [
            "module.aft.data.aws_partition.current",
            "module.aft.module.aft_backend.aws_kms_key.encrypt-primary-region",
            "module.aft.module.aft_backend.aws_kms_key.encrypt-secondary-region",
            "module.aft.module.aft_backend.aws_s3_bucket.primary-backend-bucket",
            "module.aft.module.aft_backend.aws_s3_bucket.secondary-backend-bucket",
            "module.aft.module.aft_backend.data.aws_caller_identity.current"
          ]
        }
      ]
    },
    {
      "module": "module.aft.module.aft_backend",
      "mode": "managed",
      "type": "aws_iam_role",
      "name": "replication",
      "provider": "module.aft.provider[\"registry.terraform.io/hashicorp/aws\"].aft_management",
      "instances": [
        {
          "schema_version": 0,
          "attributes": {
            "arn": "arn:aws:iam::804448413129:role/aft-s3-terraform-backend-replication",
            "assume_role_policy": "{\"Statement\":[{\"Action\":\"sts:AssumeRole\",\"Effect\":\"Allow\",\"Principal\":{\"Service\":\"s3.amazonaws.com\"}}],\"Version\":\"2012-10-17\"}",
            "create_date": "2023-02-27T18:47:31Z",
            "description": "",
            "force_detach_policies": false,
            "id": "aft-s3-terraform-backend-replication",
            "inline_policy": [],
            "managed_policy_arns": [],
            "max_session_duration": 3600,
            "name": "aft-s3-terraform-backend-replication",
            "name_prefix": "",
            "path": "/",
            "permissions_boundary": null,
            "tags": null,
            "tags_all": {
              "managed_by": "AFT"
            },
            "unique_id": "AROA3WTG4UXEWGZJC4JKY"
          },
          "sensitive_attributes": [],
          "private": "bnVsbA==",
          "dependencies": [
            "module.aft.data.aws_partition.current"
          ]
        }
      ]
    },
    {
      "module": "module.aft.module.aft_backend",
      "mode": "managed",
      "type": "aws_iam_role_policy_attachment",
      "name": "replication",
      "provider": "module.aft.provider[\"registry.terraform.io/hashicorp/aws\"].aft_management",
      "instances": [
        {
          "schema_version": 0,
          "attributes": {
            "id": "aft-s3-terraform-backend-replication-20230227185007759800000034",
            "policy_arn": "arn:aws:iam::804448413129:policy/aft-s3-terraform-backend-replication-policy",
            "role": "aft-s3-terraform-backend-replication"
          },
          "sensitive_attributes": [],
          "private": "bnVsbA==",
          "dependencies": [
            "module.aft.data.aws_partition.current",
            "module.aft.module.aft_backend.aws_iam_policy.replication",
            "module.aft.module.aft_backend.aws_iam_role.replication",
            "module.aft.module.aft_backend.aws_kms_key.encrypt-primary-region",
            "module.aft.module.aft_backend.aws_kms_key.encrypt-secondary-region",
            "module.aft.module.aft_backend.aws_s3_bucket.primary-backend-bucket",
            "module.aft.module.aft_backend.aws_s3_bucket.secondary-backend-bucket",
            "module.aft.module.aft_backend.data.aws_caller_identity.current"
          ]
        }
      ]
    },
    {
      "module": "module.aft.module.aft_backend",
      "mode": "managed",
      "type": "aws_kms_alias",
      "name": "encrypt-alias-primary-region",
      "provider": "module.aft.provider[\"registry.terraform.io/hashicorp/aws\"].aft_management",
      "instances": [
        {
          "schema_version": 0,
          "attributes": {
            "arn": "arn:aws:kms:eu-west-1:804448413129:alias/aft-backend-804448413129-kms-key",
            "id": "alias/aft-backend-804448413129-kms-key",
            "name": "alias/aft-backend-804448413129-kms-key",
            "name_prefix": "",
            "target_key_arn": "arn:aws:kms:eu-west-1:804448413129:key/5d837a97-4785-48fd-b112-c8f70b9e9ec8",
            "target_key_id": "5d837a97-4785-48fd-b112-c8f70b9e9ec8"
          },
          "sensitive_attributes": [],
          "private": "bnVsbA==",
          "dependencies": [
            "module.aft.data.aws_partition.current",
            "module.aft.module.aft_backend.aws_kms_key.encrypt-primary-region",
            "module.aft.module.aft_backend.data.aws_caller_identity.current"
          ]
        }
      ]
    },
    {
      "module": "module.aft.module.aft_backend",
      "mode": "managed",
      "type": "aws_kms_alias",
      "name": "encrypt-alias-secondary-region",
      "provider": "module.aft.provider[\"registry.terraform.io/hashicorp/aws\"].tf_backend_secondary_region",
      "instances": [
        {
          "schema_version": 0,
          "attributes": {
            "arn": "arn:aws:kms:eu-west-2:804448413129:alias/aft-backend-804448413129-kms-key",
            "id": "alias/aft-backend-804448413129-kms-key",
            "name": "alias/aft-backend-804448413129-kms-key",
            "name_prefix": "",
            "target_key_arn": "arn:aws:kms:eu-west-2:804448413129:key/799ece53-2331-4505-a566-13e2150ca674",
            "target_key_id": "799ece53-2331-4505-a566-13e2150ca674"
          },
          "sensitive_attributes": [],
          "private": "bnVsbA==",
          "dependencies": [
            "module.aft.data.aws_partition.current",
            "module.aft.module.aft_backend.aws_kms_key.encrypt-secondary-region",
            "module.aft.module.aft_backend.data.aws_caller_identity.current"
          ]
        }
      ]
    },
    {
      "module": "module.aft.module.aft_backend",
      "mode": "managed",
      "type": "aws_kms_key",
      "name": "encrypt-primary-region",
      "provider": "module.aft.provider[\"registry.terraform.io/hashicorp/aws\"].aft_management",
      "instances": [
        {
          "schema_version": 0,
          "attributes": {
            "arn": "arn:aws:kms:eu-west-1:804448413129:key/5d837a97-4785-48fd-b112-c8f70b9e9ec8",
            "bypass_policy_lockout_safety_check": false,
            "custom_key_store_id": "",
            "customer_master_key_spec": "SYMMETRIC_DEFAULT",
            "deletion_window_in_days": 30,
            "description": "Terraform backend KMS key.",
            "enable_key_rotation": true,
            "id": "5d837a97-4785-48fd-b112-c8f70b9e9ec8",
            "is_enabled": true,
            "key_id": "5d837a97-4785-48fd-b112-c8f70b9e9ec8",
            "key_usage": "ENCRYPT_DECRYPT",
            "multi_region": false,
            "policy": "{\"Id\":\"key-default-1\",\"Statement\":[{\"Action\":\"kms:*\",\"Effect\":\"Allow\",\"Principal\":{\"AWS\":\"arn:aws:iam::804448413129:root\"},\"Resource\":\"*\",\"Sid\":\"Enable IAM User Permissions\"}],\"Version\":\"2012-10-17\"}",
            "tags": {
              "Name": "aft-backend-804448413129-primary-region-kms-key"
            },
            "tags_all": {
              "Name": "aft-backend-804448413129-primary-region-kms-key",
              "managed_by": "AFT"
            }
          },
          "sensitive_attributes": [],
          "private": "bnVsbA==",
          "dependencies": [
            "module.aft.data.aws_partition.current",
            "module.aft.module.aft_backend.data.aws_caller_identity.current"
          ]
        }
      ]
    },
    {
      "module": "module.aft.module.aft_backend",
      "mode": "managed",
      "type": "aws_kms_key",
      "name": "encrypt-secondary-region",
      "provider": "module.aft.provider[\"registry.terraform.io/hashicorp/aws\"].tf_backend_secondary_region",
      "instances": [
        {
          "schema_version": 0,
          "attributes": {
            "arn": "arn:aws:kms:eu-west-2:804448413129:key/799ece53-2331-4505-a566-13e2150ca674",
            "bypass_policy_lockout_safety_check": false,
            "custom_key_store_id": "",
            "customer_master_key_spec": "SYMMETRIC_DEFAULT",
            "deletion_window_in_days": 30,
            "description": "Terraform backend KMS key.",
            "enable_key_rotation": true,
            "id": "799ece53-2331-4505-a566-13e2150ca674",
            "is_enabled": true,
            "key_id": "799ece53-2331-4505-a566-13e2150ca674",
            "key_usage": "ENCRYPT_DECRYPT",
            "multi_region": false,
            "policy": "{\"Id\":\"key-default-1\",\"Statement\":[{\"Action\":\"kms:*\",\"Effect\":\"Allow\",\"Principal\":{\"AWS\":\"arn:aws:iam::804448413129:root\"},\"Resource\":\"*\",\"Sid\":\"Enable IAM User Permissions\"}],\"Version\":\"2012-10-17\"}",
            "tags": {
              "Name": "aft-backend-804448413129-secondary-region-kms-key"
            },
            "tags_all": {
              "Name": "aft-backend-804448413129-secondary-region-kms-key",
              "managed_by": "AFT"
            }
          },
          "sensitive_attributes": [],
          "private": "bnVsbA==",
          "dependencies": [
            "module.aft.data.aws_partition.current",
            "module.aft.module.aft_backend.data.aws_caller_identity.current"
          ]
        }
      ]
    },
    {
      "module": "module.aft.module.aft_backend",
      "mode": "managed",
      "type": "aws_s3_bucket",
      "name": "primary-backend-bucket",
      "provider": "module.aft.provider[\"registry.terraform.io/hashicorp/aws\"].aft_management",
      "instances": [
        {
          "schema_version": 0,
          "attributes": {
            "acceleration_status": "",
            "acl": null,
            "arn": "arn:aws:s3:::aft-backend-804448413129-primary-region",
            "bucket": "aft-backend-804448413129-primary-region",
            "bucket_domain_name": "aft-backend-804448413129-primary-region.s3.amazonaws.com",
            "bucket_prefix": null,
            "bucket_regional_domain_name": "aft-backend-804448413129-primary-region.s3.eu-west-1.amazonaws.com",
            "cors_rule": [],
            "force_destroy": false,
            "grant": [
              {
                "id": "dce515e21e81c31973dc953f336957b69778bc91e0e800c029dae6fe63c063fa",
                "permissions": [
                  "FULL_CONTROL"
                ],
                "type": "CanonicalUser",
                "uri": ""
              }
            ],
            "hosted_zone_id": "Z1BKCTXD74EZPE",
            "id": "aft-backend-804448413129-primary-region",
            "lifecycle_rule": [],
            "logging": [],
            "object_lock_configuration": [],
            "object_lock_enabled": false,
            "policy": "",
            "region": "eu-west-1",
            "replication_configuration": [],
            "request_payer": "BucketOwner",
            "server_side_encryption_configuration": [
              {
                "rule": [
                  {
                    "apply_server_side_encryption_by_default": [
                      {
                        "kms_master_key_id": "",
                        "sse_algorithm": "AES256"
                      }
                    ],
                    "bucket_key_enabled": false
                  }
                ]
              }
            ],
            "tags": {
              "Name": "aft-backend-804448413129-primary-region"
            },
            "tags_all": {
              "Name": "aft-backend-804448413129-primary-region",
              "managed_by": "AFT"
            },
            "timeouts": null,
            "versioning": [
              {
                "enabled": false,
                "mfa_delete": false
              }
            ],
            "website": [],
            "website_domain": null,
            "website_endpoint": null
          },
          "sensitive_attributes": [],
          "private": "eyJlMmJmYjczMC1lY2FhLTExZTYtOGY4OC0zNDM2M2JjN2M0YzAiOnsiY3JlYXRlIjoxMjAwMDAwMDAwMDAwLCJkZWxldGUiOjM2MDAwMDAwMDAwMDAsInJlYWQiOjEyMDAwMDAwMDAwMDAsInVwZGF0ZSI6MTIwMDAwMDAwMDAwMH19",
          "dependencies": [
            "module.aft.data.aws_partition.current",
            "module.aft.module.aft_backend.data.aws_caller_identity.current"
          ]
        }
      ]
    },
    {
      "module": "module.aft.module.aft_backend",
      "mode": "managed",
      "type": "aws_s3_bucket",
      "name": "secondary-backend-bucket",
      "provider": "module.aft.provider[\"registry.terraform.io/hashicorp/aws\"].tf_backend_secondary_region",
      "instances": [
        {
          "schema_version": 0,
          "attributes": {
            "acceleration_status": "",
            "acl": null,
            "arn": "arn:aws:s3:::aft-backend-804448413129-secondary-region",
            "bucket": "aft-backend-804448413129-secondary-region",
            "bucket_domain_name": "aft-backend-804448413129-secondary-region.s3.amazonaws.com",
            "bucket_prefix": null,
            "bucket_regional_domain_name": "aft-backend-804448413129-secondary-region.s3.eu-west-2.amazonaws.com",
            "cors_rule": [],
            "force_destroy": false,
            "grant": [
              {
                "id": "dce515e21e81c31973dc953f336957b69778bc91e0e800c029dae6fe63c063fa",
                "permissions": [
                  "FULL_CONTROL"
                ],
                "type": "CanonicalUser",
                "uri": ""
              }
            ],
            "hosted_zone_id": "Z3GKZC51ZF0DB4",
            "id": "aft-backend-804448413129-secondary-region",
            "lifecycle_rule": [],
            "logging": [],
            "object_lock_configuration": [],
            "object_lock_enabled": false,
            "policy": "",
            "region": "eu-west-2",
            "replication_configuration": [],
            "request_payer": "BucketOwner",
            "server_side_encryption_configuration": [
              {
                "rule": [
                  {
                    "apply_server_side_encryption_by_default": [
                      {
                        "kms_master_key_id": "",
                        "sse_algorithm": "AES256"
                      }
                    ],
                    "bucket_key_enabled": false
                  }
                ]
              }
            ],
            "tags": {
              "Name": "aft-backend-804448413129-secondary-region"
            },
            "tags_all": {
              "Name": "aft-backend-804448413129-secondary-region",
              "managed_by": "AFT"
            },
            "timeouts": null,
            "versioning": [
              {
                "enabled": false,
                "mfa_delete": false
              }
            ],
            "website": [],
            "website_domain": null,
            "website_endpoint": null
          },
          "sensitive_attributes": [],
          "private": "eyJlMmJmYjczMC1lY2FhLTExZTYtOGY4OC0zNDM2M2JjN2M0YzAiOnsiY3JlYXRlIjoxMjAwMDAwMDAwMDAwLCJkZWxldGUiOjM2MDAwMDAwMDAwMDAsInJlYWQiOjEyMDAwMDAwMDAwMDAsInVwZGF0ZSI6MTIwMDAwMDAwMDAwMH19",
          "dependencies": [
            "module.aft.data.aws_partition.current",
            "module.aft.module.aft_backend.data.aws_caller_identity.current"
          ]
        }
      ]
    },
    {
      "module": "module.aft.module.aft_backend",
      "mode": "managed",
      "type": "aws_s3_bucket_acl",
      "name": "primary-backend-bucket-acl",
      "provider": "module.aft.provider[\"registry.terraform.io/hashicorp/aws\"].aft_management",
      "instances": [
        {
          "schema_version": 0,
          "attributes": {
            "access_control_policy": [
              {
                "grant": [
                  {
                    "grantee": [
                      {
                        "display_name": "rsa.sanbox.controltower",
                        "email_address": "",
                        "id": "dce515e21e81c31973dc953f336957b69778bc91e0e800c029dae6fe63c063fa",
                        "type": "CanonicalUser",
                        "uri": ""
                      }
                    ],
                    "permission": "FULL_CONTROL"
                  }
                ],
                "owner": [
                  {
                    "display_name": "rsa.sanbox.controltower",
                    "id": "dce515e21e81c31973dc953f336957b69778bc91e0e800c029dae6fe63c063fa"
                  }
                ]
              }
            ],
            "acl": "private",
            "bucket": "aft-backend-804448413129-primary-region",
            "expected_bucket_owner": "",
            "id": "aft-backend-804448413129-primary-region,private"
          },
          "sensitive_attributes": [],
          "private": "bnVsbA==",
          "dependencies": [
            "module.aft.data.aws_partition.current",
            "module.aft.module.aft_backend.aws_s3_bucket.primary-backend-bucket",
            "module.aft.module.aft_backend.data.aws_caller_identity.current"
          ]
        }
      ]
    },
    {
      "module": "module.aft.module.aft_backend",
      "mode": "managed",
      "type": "aws_s3_bucket_acl",
      "name": "secondary-backend-bucket-acl",
      "provider": "module.aft.provider[\"registry.terraform.io/hashicorp/aws\"].tf_backend_secondary_region",
      "instances": [
        {
          "schema_version": 0,
          "attributes": {
            "access_control_policy": [
              {
                "grant": [
                  {
                    "grantee": [
                      {
                        "display_name": "",
                        "email_address": "",
                        "id": "dce515e21e81c31973dc953f336957b69778bc91e0e800c029dae6fe63c063fa",
                        "type": "CanonicalUser",
                        "uri": ""
                      }
                    ],
                    "permission": "FULL_CONTROL"
                  }
                ],
                "owner": [
                  {
                    "display_name": "",
                    "id": "dce515e21e81c31973dc953f336957b69778bc91e0e800c029dae6fe63c063fa"
                  }
                ]
              }
            ],
            "acl": "private",
            "bucket": "aft-backend-804448413129-secondary-region",
            "expected_bucket_owner": "",
            "id": "aft-backend-804448413129-secondary-region,private"
          },
          "sensitive_attributes": [],
          "private": "bnVsbA==",
          "dependencies": [
            "module.aft.data.aws_partition.current",
            "module.aft.module.aft_backend.aws_s3_bucket.secondary-backend-bucket",
            "module.aft.module.aft_backend.data.aws_caller_identity.current"
          ]
        }
      ]
    },
    {
      "module": "module.aft.module.aft_backend",
      "mode": "managed",
      "type": "aws_s3_bucket_public_access_block",
      "name": "primary-backend-bucket",
      "provider": "module.aft.provider[\"registry.terraform.io/hashicorp/aws\"].aft_management",
      "instances": [
        {
          "schema_version": 0,
          "attributes": {
            "block_public_acls": true,
            "block_public_policy": true,
            "bucket": "aft-backend-804448413129-primary-region",
            "id": "aft-backend-804448413129-primary-region",
            "ignore_public_acls": true,
            "restrict_public_buckets": true
          },
          "sensitive_attributes": [],
          "private": "bnVsbA==",
          "dependencies": [
            "module.aft.data.aws_partition.current",
            "module.aft.module.aft_backend.aws_s3_bucket.primary-backend-bucket",
            "module.aft.module.aft_backend.data.aws_caller_identity.current"
          ]
        }
      ]
    },
    {
      "module": "module.aft.module.aft_backend",
      "mode": "managed",
      "type": "aws_s3_bucket_public_access_block",
      "name": "secondary-backend-bucket",
      "provider": "module.aft.provider[\"registry.terraform.io/hashicorp/aws\"].tf_backend_secondary_region",
      "instances": [
        {
          "schema_version": 0,
          "attributes": {
            "block_public_acls": true,
            "block_public_policy": true,
            "bucket": "aft-backend-804448413129-secondary-region",
            "id": "aft-backend-804448413129-secondary-region",
            "ignore_public_acls": true,
            "restrict_public_buckets": true
          },
          "sensitive_attributes": [],
          "private": "bnVsbA==",
          "dependencies": [
            "module.aft.data.aws_partition.current",
            "module.aft.module.aft_backend.aws_s3_bucket.secondary-backend-bucket",
            "module.aft.module.aft_backend.data.aws_caller_identity.current"
          ]
        }
      ]
    },
    {
      "module": "module.aft.module.aft_backend",
      "mode": "managed",
      "type": "aws_s3_bucket_replication_configuration",
      "name": "primary-backend-bucket-replication",
      "provider": "module.aft.provider[\"registry.terraform.io/hashicorp/aws\"].aft_management",
      "instances": [
        {
          "schema_version": 0,
          "attributes": {
            "bucket": "aft-backend-804448413129-primary-region",
            "id": "aft-backend-804448413129-primary-region",
            "role": "arn:aws:iam::804448413129:role/aft-s3-terraform-backend-replication",
            "rule": [
              {
                "delete_marker_replication": [],
                "destination": [
                  {
                    "access_control_translation": [],
                    "account": "",
                    "bucket": "arn:aws:s3:::aft-backend-804448413129-secondary-region",
                    "encryption_configuration": [
                      {
                        "replica_kms_key_id": "arn:aws:kms:eu-west-2:804448413129:key/799ece53-2331-4505-a566-13e2150ca674"
                      }
                    ],
                    "metrics": [],
                    "replication_time": [],
                    "storage_class": "STANDARD"
                  }
                ],
                "existing_object_replication": [],
                "filter": [],
                "id": "0",
                "prefix": "",
                "priority": 0,
                "source_selection_criteria": [
                  {
                    "replica_modifications": [],
                    "sse_kms_encrypted_objects": [
                      {
                        "status": "Enabled"
                      }
                    ]
                  }
                ],
                "status": "Enabled"
              }
            ],
            "token": null
          },
          "sensitive_attributes": [],
          "private": "bnVsbA==",
          "dependencies": [
            "module.aft.data.aws_partition.current",
            "module.aft.module.aft_backend.aws_iam_role.replication",
            "module.aft.module.aft_backend.aws_kms_key.encrypt-secondary-region",
            "module.aft.module.aft_backend.aws_s3_bucket.primary-backend-bucket",
            "module.aft.module.aft_backend.aws_s3_bucket.secondary-backend-bucket",
            "module.aft.module.aft_backend.data.aws_caller_identity.current"
          ]
        }
      ]
    },
    {
      "module": "module.aft.module.aft_backend",
      "mode": "managed",
      "type": "aws_s3_bucket_server_side_encryption_configuration",
      "name": "primary-backend-bucket-encryption",
      "provider": "module.aft.provider[\"registry.terraform.io/hashicorp/aws\"].aft_management",
      "instances": [
        {
          "schema_version": 0,
          "attributes": {
            "bucket": "aft-backend-804448413129-primary-region",
            "expected_bucket_owner": "",
            "id": "aft-backend-804448413129-primary-region",
            "rule": [
              {
                "apply_server_side_encryption_by_default": [
                  {
                    "kms_master_key_id": "arn:aws:kms:eu-west-1:804448413129:key/5d837a97-4785-48fd-b112-c8f70b9e9ec8",
                    "sse_algorithm": "aws:kms"
                  }
                ],
                "bucket_key_enabled": null
              }
            ]
          },
          "sensitive_attributes": [],
          "private": "bnVsbA==",
          "dependencies": [
            "module.aft.data.aws_partition.current",
            "module.aft.module.aft_backend.aws_kms_key.encrypt-primary-region",
            "module.aft.module.aft_backend.aws_s3_bucket.primary-backend-bucket",
            "module.aft.module.aft_backend.data.aws_caller_identity.current"
          ]
        }
      ]
    },
    {
      "module": "module.aft.module.aft_backend",
      "mode": "managed",
      "type": "aws_s3_bucket_server_side_encryption_configuration",
      "name": "secondary-backend-bucket-encryption",
      "provider": "module.aft.provider[\"registry.terraform.io/hashicorp/aws\"].tf_backend_secondary_region",
      "instances": [
        {
          "schema_version": 0,
          "attributes": {
            "bucket": "aft-backend-804448413129-secondary-region",
            "expected_bucket_owner": "",
            "id": "aft-backend-804448413129-secondary-region",
            "rule": [
              {
                "apply_server_side_encryption_by_default": [
                  {
                    "kms_master_key_id": "arn:aws:kms:eu-west-2:804448413129:key/799ece53-2331-4505-a566-13e2150ca674",
                    "sse_algorithm": "aws:kms"
                  }
                ],
                "bucket_key_enabled": null
              }
            ]
          },
          "sensitive_attributes": [],
          "private": "bnVsbA==",
          "dependencies": [
            "module.aft.data.aws_partition.current",
            "module.aft.module.aft_backend.aws_kms_key.encrypt-secondary-region",
            "module.aft.module.aft_backend.aws_s3_bucket.secondary-backend-bucket",
            "module.aft.module.aft_backend.data.aws_caller_identity.current"
          ]
        }
      ]
    },
    {
      "module": "module.aft.module.aft_backend",
      "mode": "managed",
      "type": "aws_s3_bucket_versioning",
      "name": "primary-backend-bucket-versioning",
      "provider": "module.aft.provider[\"registry.terraform.io/hashicorp/aws\"].aft_management",
      "instances": [
        {
          "schema_version": 0,
          "attributes": {
            "bucket": "aft-backend-804448413129-primary-region",
            "expected_bucket_owner": "",
            "id": "aft-backend-804448413129-primary-region",
            "mfa": null,
            "versioning_configuration": [
              {
                "mfa_delete": "",
                "status": "Enabled"
              }
            ]
          },
          "sensitive_attributes": [],
          "private": "bnVsbA==",
          "dependencies": [
            "module.aft.data.aws_partition.current",
            "module.aft.module.aft_backend.aws_s3_bucket.primary-backend-bucket",
            "module.aft.module.aft_backend.data.aws_caller_identity.current"
          ]
        }
      ]
    },
    {
      "module": "module.aft.module.aft_backend",
      "mode": "managed",
      "type": "aws_s3_bucket_versioning",
      "name": "secondary-backend-bucket-versioning",
      "provider": "module.aft.provider[\"registry.terraform.io/hashicorp/aws\"].tf_backend_secondary_region",
      "instances": [
        {
          "schema_version": 0,
          "attributes": {
            "bucket": "aft-backend-804448413129-secondary-region",
            "expected_bucket_owner": "",
            "id": "aft-backend-804448413129-secondary-region",
            "mfa": null,
            "versioning_configuration": [
              {
                "mfa_delete": "",
                "status": "Enabled"
              }
            ]
          },
          "sensitive_attributes": [],
          "private": "bnVsbA==",
          "dependencies": [
            "module.aft.data.aws_partition.current",
            "module.aft.module.aft_backend.aws_s3_bucket.secondary-backend-bucket",
            "module.aft.module.aft_backend.data.aws_caller_identity.current"
          ]
        }
      ]
    },
    {
      "module": "module.aft.module.aft_code_repositories",
      "mode": "data",
      "type": "aws_caller_identity",
      "name": "current",
      "provider": "module.aft.provider[\"registry.terraform.io/hashicorp/aws\"].aft_management",
      "instances": [
        {
          "schema_version": 0,
          "attributes": {
            "account_id": "804448413129",
            "arn": "arn:aws:sts::804448413129:assumed-role/AWSControlTowerExecution/AWSAFT-Session",
            "id": "804448413129",
            "user_id": "AROA3WTG4UXEQNNSDGUZT:AWSAFT-Session"
          },
          "sensitive_attributes": []
        }
      ]
    },
    {
      "module": "module.aft.module.aft_code_repositories",
      "mode": "data",
      "type": "aws_partition",
      "name": "current",
      "provider": "module.aft.provider[\"registry.terraform.io/hashicorp/aws\"].aft_management",
      "instances": [
        {
          "schema_version": 0,
          "attributes": {
            "dns_suffix": "amazonaws.com",
            "id": "aws",
            "partition": "aws",
            "reverse_dns_prefix": "com.amazonaws"
          },
          "sensitive_attributes": []
        }
      ]
    },
    {
      "module": "module.aft.module.aft_code_repositories",
      "mode": "data",
      "type": "aws_region",
      "name": "current",
      "provider": "module.aft.provider[\"registry.terraform.io/hashicorp/aws\"].aft_management",
      "instances": [
        {
          "schema_version": 0,
          "attributes": {
            "description": "Europe (Ireland)",
            "endpoint": "ec2.eu-west-1.amazonaws.com",
            "id": "eu-west-1",
            "name": "eu-west-1"
          },
          "sensitive_attributes": []
        }
      ]
    },
    {
      "module": "module.aft.module.aft_code_repositories",
      "mode": "data",
      "type": "local_file",
      "name": "account_provisioning_customizations_buildspec",
      "provider": "provider[\"registry.terraform.io/hashicorp/local\"]",
      "instances": [
        {
          "schema_version": 0,
          "attributes": {
            "content": "# Copyright Amazon.com, Inc. or its affiliates. All rights reserved.\n# SPDX-License-Identifier: Apache-2.0\n#\nversion: 0.2\n\nphases:\n  pre_build:\n    commands:\n      - DEFAULT_PATH=$(pwd)\n      - TIMESTAMP=$(date '+%Y-%m-%d %H:%M:%S')\n      - AWS_MODULE_SOURCE=$(aws ssm get-parameter --name \"/aft/config/aft-pipeline-code-source/repo-url\" --query \"Parameter.Value\" --output text)\n      - AWS_MODULE_GIT_REF=$(aws ssm get-parameter --name \"/aft/config/aft-pipeline-code-source/repo-git-ref\" --query \"Parameter.Value\" --output text)\n      - TF_VERSION=$(aws ssm get-parameter --name \"/aft/config/terraform/version\" --query \"Parameter.Value\" --output text)\n      - TF_DISTRIBUTION=$(aws ssm get-parameter --name \"/aft/config/terraform/distribution\" --query \"Parameter.Value\" --output text)\n      - CT_MGMT_REGION=$(aws ssm get-parameter --name \"/aft/config/ct-management-region\" --query \"Parameter.Value\" --output text)\n      - AFT_MGMT_ACCOUNT=$(aws sts get-caller-identity --query Account --output text)\n      - AFT_EXEC_ROLE_ARN=arn:$AWS_PARTITION:iam::$AFT_MGMT_ACCOUNT:role/AWSAFTExecution\n      - AFT_ADMIN_ROLE_NAME=$(aws ssm get-parameter --name /aft/resources/iam/aft-administrator-role-name | jq --raw-output \".Parameter.Value\")\n      - AFT_ADMIN_ROLE_ARN=arn:$AWS_PARTITION:iam::$AFT_MGMT_ACCOUNT:role/$AFT_ADMIN_ROLE_NAME\n      - ROLE_SESSION_NAME=$(aws ssm get-parameter --name /aft/resources/iam/aft-session-name | jq --raw-output \".Parameter.Value\")\n      - |\n        ssh_key_parameter=$(aws ssm get-parameter --name /aft/config/aft-ssh-key --with-decryption 2\u003e /dev/null || echo \"None\")\n        if [[ $ssh_key_parameter != \"None\" ]]; then\n          ssh_key=$(jq --raw-output \".Parameter.Value\" \u003c\u003c\u003c $ssh_key_parameter)\n          mkdir -p ~/.ssh\n          echo \"Host *\" \u003e\u003e ~/.ssh/config\n          echo \"StrictHostKeyChecking no\" \u003e\u003e ~/.ssh/config\n          echo \"UserKnownHostsFile=/dev/null\" \u003e\u003e ~/.ssh/config\n          echo \"$ssh_key\" \u003e ~/.ssh/ssh_key\n          echo -e \"\\n\\n\" \u003e\u003e  ~/.ssh/ssh_key\n          chmod 600 ~/.ssh/ssh_key\n          eval \"$(ssh-agent -s)\"\n          ssh-add ~/.ssh/ssh_key\n        fi\n      - git config --global credential.helper '!aws codecommit credential-helper $@'\n      - git config --global credential.UseHttpPath true\n      - git clone -b $AWS_MODULE_GIT_REF $AWS_MODULE_SOURCE aws-aft-core-framework\n      - python3 -m venv ./venv\n      - source ./venv/bin/activate\n      - pip install jinja2-cli==0.7.0 Jinja2==3.0.1 MarkupSafe==2.0.1 boto3==1.18.56 requests==2.26.0\n      - |\n        if [ $TF_DISTRIBUTION = \"oss\" ]; then\n          TF_BACKEND_REGION=$(aws ssm get-parameter --name \"/aft/config/oss-backend/primary-region\" --query \"Parameter.Value\" --output text)\n          TF_KMS_KEY_ID=$(aws ssm get-parameter --name \"/aft/config/oss-backend/kms-key-id\" --query \"Parameter.Value\" --output text)\n          TF_DDB_TABLE=$(aws ssm get-parameter --name \"/aft/config/oss-backend/table-id\" --query \"Parameter.Value\" --output text)\n          TF_S3_BUCKET=$(aws ssm get-parameter --name \"/aft/config/oss-backend/bucket-id\" --query \"Parameter.Value\" --output text)\n          TF_S3_KEY=account-provisioning-customizations/terraform.tfstate\n          cd /tmp\n          echo \"Installing Terraform\"\n          curl -o terraform_${TF_VERSION}_linux_amd64.zip https://releases.hashicorp.com/terraform/${TF_VERSION}/terraform_${TF_VERSION}_linux_amd64.zip\n          unzip -o terraform_${TF_VERSION}_linux_amd64.zip \u0026\u0026 mv terraform /usr/bin\n          terraform -no-color --version\n          cd $DEFAULT_PATH/terraform\n          for f in *.jinja; do jinja2 $f -D timestamp=\"$TIMESTAMP\" -D tf_distribution_type=$TF_DISTRIBUTION -D region=$TF_BACKEND_REGION -D provider_region=$CT_MGMT_REGION -D bucket=$TF_S3_BUCKET -D key=$TF_S3_KEY -D dynamodb_table=$TF_DDB_TABLE -D kms_key_id=$TF_KMS_KEY_ID -D aft_admin_role_arn=$AFT_EXEC_ROLE_ARN \u003e\u003e ./$(basename $f .jinja).tf; done\n          for f in *.tf; do echo \"\\n \\n\"; echo $f; cat $f; done\n          JSON=$(aws sts assume-role --role-arn ${AFT_ADMIN_ROLE_ARN} --role-session-name ${ROLE_SESSION_NAME})\n          #Make newly assumed role default session\n          export AWS_ACCESS_KEY_ID=$(echo ${JSON} | jq --raw-output \".Credentials[\\\"AccessKeyId\\\"]\")\n          export AWS_SECRET_ACCESS_KEY=$(echo ${JSON} | jq --raw-output \".Credentials[\\\"SecretAccessKey\\\"]\")\n          export AWS_SESSION_TOKEN=$(echo ${JSON} | jq --raw-output \".Credentials[\\\"SessionToken\\\"]\")\n          terraform init -no-color\n        else\n          TF_BACKEND_REGION=$(aws ssm get-parameter --name \"/aft/config/oss-backend/primary-region\" --query \"Parameter.Value\" --output text)\n          TF_ORG_NAME=$(aws ssm get-parameter --name \"/aft/config/terraform/org-name\" --query \"Parameter.Value\" --output text)\n          TF_TOKEN=$(aws ssm get-parameter --name \"/aft/config/terraform/token\" --with-decryption --query \"Parameter.Value\" --output text)\n          TF_ENDPOINT=$(aws ssm get-parameter --name \"/aft/config/terraform/api-endpoint\" --query \"Parameter.Value\" --output text)\n          TF_WORKSPACE_NAME=\"ct-aft-account-provisioning-customizations\"\n          TF_CONFIG_PATH=\"./temp_configuration_file.tar.gz\"\n          cd $DEFAULT_PATH/terraform\n          for f in *.jinja; do jinja2 $f -D timestamp=\"$TIMESTAMP\" -D provider_region=$CT_MGMT_REGION -D tf_distribution_type=$TF_DISTRIBUTION -D terraform_org_name=$TF_ORG_NAME -D terraform_workspace_name=$TF_WORKSPACE_NAME -D aft_admin_role_arn=$AFT_EXEC_ROLE_ARN \u003e\u003e ./$(basename $f .jinja).tf; done\n          for f in *.tf; do echo \"\\n \\n\"; echo $f; cat $f; done\n          cd $DEFAULT_PATH\n          tar -czf temp_configuration_file.tar.gz -C terraform --exclude .git --exclude venv .\n          python3 $DEFAULT_PATH/aws-aft-core-framework/sources/scripts/workspace_manager.py --operation \"deploy\" --organization_name $TF_ORG_NAME --workspace_name $TF_WORKSPACE_NAME --assume_role_arn $AFT_ADMIN_ROLE_ARN --assume_role_session_name $ROLE_SESSION_NAME --api_endpoint $TF_ENDPOINT --api_token $TF_TOKEN --terraform_version $TF_VERSION --config_file $TF_CONFIG_PATH\n        fi\n\n  build:\n    commands:\n      - |\n        if [ $TF_DISTRIBUTION = \"oss\" ]; then\n          terraform apply -no-color --auto-approve\n        fi\n  post_build:\n    commands:\n      - echo \"Post-Build\"\n",
            "content_base64": "IyBDb3B5cmlnaHQgQW1hem9uLmNvbSwgSW5jLiBvciBpdHMgYWZmaWxpYXRlcy4gQWxsIHJpZ2h0cyByZXNlcnZlZC4KIyBTUERYLUxpY2Vuc2UtSWRlbnRpZmllcjogQXBhY2hlLTIuMAojCnZlcnNpb246IDAuMgoKcGhhc2VzOgogIHByZV9idWlsZDoKICAgIGNvbW1hbmRzOgogICAgICAtIERFRkFVTFRfUEFUSD0kKHB3ZCkKICAgICAgLSBUSU1FU1RBTVA9JChkYXRlICcrJVktJW0tJWQgJUg6JU06JVMnKQogICAgICAtIEFXU19NT0RVTEVfU09VUkNFPSQoYXdzIHNzbSBnZXQtcGFyYW1ldGVyIC0tbmFtZSAiL2FmdC9jb25maWcvYWZ0LXBpcGVsaW5lLWNvZGUtc291cmNlL3JlcG8tdXJsIiAtLXF1ZXJ5ICJQYXJhbWV0ZXIuVmFsdWUiIC0tb3V0cHV0IHRleHQpCiAgICAgIC0gQVdTX01PRFVMRV9HSVRfUkVGPSQoYXdzIHNzbSBnZXQtcGFyYW1ldGVyIC0tbmFtZSAiL2FmdC9jb25maWcvYWZ0LXBpcGVsaW5lLWNvZGUtc291cmNlL3JlcG8tZ2l0LXJlZiIgLS1xdWVyeSAiUGFyYW1ldGVyLlZhbHVlIiAtLW91dHB1dCB0ZXh0KQogICAgICAtIFRGX1ZFUlNJT049JChhd3Mgc3NtIGdldC1wYXJhbWV0ZXIgLS1uYW1lICIvYWZ0L2NvbmZpZy90ZXJyYWZvcm0vdmVyc2lvbiIgLS1xdWVyeSAiUGFyYW1ldGVyLlZhbHVlIiAtLW91dHB1dCB0ZXh0KQogICAgICAtIFRGX0RJU1RSSUJVVElPTj0kKGF3cyBzc20gZ2V0LXBhcmFtZXRlciAtLW5hbWUgIi9hZnQvY29uZmlnL3RlcnJhZm9ybS9kaXN0cmlidXRpb24iIC0tcXVlcnkgIlBhcmFtZXRlci5WYWx1ZSIgLS1vdXRwdXQgdGV4dCkKICAgICAgLSBDVF9NR01UX1JFR0lPTj0kKGF3cyBzc20gZ2V0LXBhcmFtZXRlciAtLW5hbWUgIi9hZnQvY29uZmlnL2N0LW1hbmFnZW1lbnQtcmVnaW9uIiAtLXF1ZXJ5ICJQYXJhbWV0ZXIuVmFsdWUiIC0tb3V0cHV0IHRleHQpCiAgICAgIC0gQUZUX01HTVRfQUNDT1VOVD0kKGF3cyBzdHMgZ2V0LWNhbGxlci1pZGVudGl0eSAtLXF1ZXJ5IEFjY291bnQgLS1vdXRwdXQgdGV4dCkKICAgICAgLSBBRlRfRVhFQ19ST0xFX0FSTj1hcm46JEFXU19QQVJUSVRJT046aWFtOjokQUZUX01HTVRfQUNDT1VOVDpyb2xlL0FXU0FGVEV4ZWN1dGlvbgogICAgICAtIEFGVF9BRE1JTl9ST0xFX05BTUU9JChhd3Mgc3NtIGdldC1wYXJhbWV0ZXIgLS1uYW1lIC9hZnQvcmVzb3VyY2VzL2lhbS9hZnQtYWRtaW5pc3RyYXRvci1yb2xlLW5hbWUgfCBqcSAtLXJhdy1vdXRwdXQgIi5QYXJhbWV0ZXIuVmFsdWUiKQogICAgICAtIEFGVF9BRE1JTl9ST0xFX0FSTj1hcm46JEFXU19QQVJUSVRJT046aWFtOjokQUZUX01HTVRfQUNDT1VOVDpyb2xlLyRBRlRfQURNSU5fUk9MRV9OQU1FCiAgICAgIC0gUk9MRV9TRVNTSU9OX05BTUU9JChhd3Mgc3NtIGdldC1wYXJhbWV0ZXIgLS1uYW1lIC9hZnQvcmVzb3VyY2VzL2lhbS9hZnQtc2Vzc2lvbi1uYW1lIHwganEgLS1yYXctb3V0cHV0ICIuUGFyYW1ldGVyLlZhbHVlIikKICAgICAgLSB8CiAgICAgICAgc3NoX2tleV9wYXJhbWV0ZXI9JChhd3Mgc3NtIGdldC1wYXJhbWV0ZXIgLS1uYW1lIC9hZnQvY29uZmlnL2FmdC1zc2gta2V5IC0td2l0aC1kZWNyeXB0aW9uIDI+IC9kZXYvbnVsbCB8fCBlY2hvICJOb25lIikKICAgICAgICBpZiBbWyAkc3NoX2tleV9wYXJhbWV0ZXIgIT0gIk5vbmUiIF1dOyB0aGVuCiAgICAgICAgICBzc2hfa2V5PSQoanEgLS1yYXctb3V0cHV0ICIuUGFyYW1ldGVyLlZhbHVlIiA8PDwgJHNzaF9rZXlfcGFyYW1ldGVyKQogICAgICAgICAgbWtkaXIgLXAgfi8uc3NoCiAgICAgICAgICBlY2hvICJIb3N0ICoiID4+IH4vLnNzaC9jb25maWcKICAgICAgICAgIGVjaG8gIlN0cmljdEhvc3RLZXlDaGVja2luZyBubyIgPj4gfi8uc3NoL2NvbmZpZwogICAgICAgICAgZWNobyAiVXNlcktub3duSG9zdHNGaWxlPS9kZXYvbnVsbCIgPj4gfi8uc3NoL2NvbmZpZwogICAgICAgICAgZWNobyAiJHNzaF9rZXkiID4gfi8uc3NoL3NzaF9rZXkKICAgICAgICAgIGVjaG8gLWUgIlxuXG4iID4+ICB+Ly5zc2gvc3NoX2tleQogICAgICAgICAgY2htb2QgNjAwIH4vLnNzaC9zc2hfa2V5CiAgICAgICAgICBldmFsICIkKHNzaC1hZ2VudCAtcykiCiAgICAgICAgICBzc2gtYWRkIH4vLnNzaC9zc2hfa2V5CiAgICAgICAgZmkKICAgICAgLSBnaXQgY29uZmlnIC0tZ2xvYmFsIGNyZWRlbnRpYWwuaGVscGVyICchYXdzIGNvZGVjb21taXQgY3JlZGVudGlhbC1oZWxwZXIgJEAnCiAgICAgIC0gZ2l0IGNvbmZpZyAtLWdsb2JhbCBjcmVkZW50aWFsLlVzZUh0dHBQYXRoIHRydWUKICAgICAgLSBnaXQgY2xvbmUgLWIgJEFXU19NT0RVTEVfR0lUX1JFRiAkQVdTX01PRFVMRV9TT1VSQ0UgYXdzLWFmdC1jb3JlLWZyYW1ld29yawogICAgICAtIHB5dGhvbjMgLW0gdmVudiAuL3ZlbnYKICAgICAgLSBzb3VyY2UgLi92ZW52L2Jpbi9hY3RpdmF0ZQogICAgICAtIHBpcCBpbnN0YWxsIGppbmphMi1jbGk9PTAuNy4wIEppbmphMj09My4wLjEgTWFya3VwU2FmZT09Mi4wLjEgYm90bzM9PTEuMTguNTYgcmVxdWVzdHM9PTIuMjYuMAogICAgICAtIHwKICAgICAgICBpZiBbICRURl9ESVNUUklCVVRJT04gPSAib3NzIiBdOyB0aGVuCiAgICAgICAgICBURl9CQUNLRU5EX1JFR0lPTj0kKGF3cyBzc20gZ2V0LXBhcmFtZXRlciAtLW5hbWUgIi9hZnQvY29uZmlnL29zcy1iYWNrZW5kL3ByaW1hcnktcmVnaW9uIiAtLXF1ZXJ5ICJQYXJhbWV0ZXIuVmFsdWUiIC0tb3V0cHV0IHRleHQpCiAgICAgICAgICBURl9LTVNfS0VZX0lEPSQoYXdzIHNzbSBnZXQtcGFyYW1ldGVyIC0tbmFtZSAiL2FmdC9jb25maWcvb3NzLWJhY2tlbmQva21zLWtleS1pZCIgLS1xdWVyeSAiUGFyYW1ldGVyLlZhbHVlIiAtLW91dHB1dCB0ZXh0KQogICAgICAgICAgVEZfRERCX1RBQkxFPSQoYXdzIHNzbSBnZXQtcGFyYW1ldGVyIC0tbmFtZSAiL2FmdC9jb25maWcvb3NzLWJhY2tlbmQvdGFibGUtaWQiIC0tcXVlcnkgIlBhcmFtZXRlci5WYWx1ZSIgLS1vdXRwdXQgdGV4dCkKICAgICAgICAgIFRGX1MzX0JVQ0tFVD0kKGF3cyBzc20gZ2V0LXBhcmFtZXRlciAtLW5hbWUgIi9hZnQvY29uZmlnL29zcy1iYWNrZW5kL2J1Y2tldC1pZCIgLS1xdWVyeSAiUGFyYW1ldGVyLlZhbHVlIiAtLW91dHB1dCB0ZXh0KQogICAgICAgICAgVEZfUzNfS0VZPWFjY291bnQtcHJvdmlzaW9uaW5nLWN1c3RvbWl6YXRpb25zL3RlcnJhZm9ybS50ZnN0YXRlCiAgICAgICAgICBjZCAvdG1wCiAgICAgICAgICBlY2hvICJJbnN0YWxsaW5nIFRlcnJhZm9ybSIKICAgICAgICAgIGN1cmwgLW8gdGVycmFmb3JtXyR7VEZfVkVSU0lPTn1fbGludXhfYW1kNjQuemlwIGh0dHBzOi8vcmVsZWFzZXMuaGFzaGljb3JwLmNvbS90ZXJyYWZvcm0vJHtURl9WRVJTSU9OfS90ZXJyYWZvcm1fJHtURl9WRVJTSU9OfV9saW51eF9hbWQ2NC56aXAKICAgICAgICAgIHVuemlwIC1vIHRlcnJhZm9ybV8ke1RGX1ZFUlNJT059X2xpbnV4X2FtZDY0LnppcCAmJiBtdiB0ZXJyYWZvcm0gL3Vzci9iaW4KICAgICAgICAgIHRlcnJhZm9ybSAtbm8tY29sb3IgLS12ZXJzaW9uCiAgICAgICAgICBjZCAkREVGQVVMVF9QQVRIL3RlcnJhZm9ybQogICAgICAgICAgZm9yIGYgaW4gKi5qaW5qYTsgZG8gamluamEyICRmIC1EIHRpbWVzdGFtcD0iJFRJTUVTVEFNUCIgLUQgdGZfZGlzdHJpYnV0aW9uX3R5cGU9JFRGX0RJU1RSSUJVVElPTiAtRCByZWdpb249JFRGX0JBQ0tFTkRfUkVHSU9OIC1EIHByb3ZpZGVyX3JlZ2lvbj0kQ1RfTUdNVF9SRUdJT04gLUQgYnVja2V0PSRURl9TM19CVUNLRVQgLUQga2V5PSRURl9TM19LRVkgLUQgZHluYW1vZGJfdGFibGU9JFRGX0REQl9UQUJMRSAtRCBrbXNfa2V5X2lkPSRURl9LTVNfS0VZX0lEIC1EIGFmdF9hZG1pbl9yb2xlX2Fybj0kQUZUX0VYRUNfUk9MRV9BUk4gPj4gLi8kKGJhc2VuYW1lICRmIC5qaW5qYSkudGY7IGRvbmUKICAgICAgICAgIGZvciBmIGluICoudGY7IGRvIGVjaG8gIlxuIFxuIjsgZWNobyAkZjsgY2F0ICRmOyBkb25lCiAgICAgICAgICBKU09OPSQoYXdzIHN0cyBhc3N1bWUtcm9sZSAtLXJvbGUtYXJuICR7QUZUX0FETUlOX1JPTEVfQVJOfSAtLXJvbGUtc2Vzc2lvbi1uYW1lICR7Uk9MRV9TRVNTSU9OX05BTUV9KQogICAgICAgICAgI01ha2UgbmV3bHkgYXNzdW1lZCByb2xlIGRlZmF1bHQgc2Vzc2lvbgogICAgICAgICAgZXhwb3J0IEFXU19BQ0NFU1NfS0VZX0lEPSQoZWNobyAke0pTT059IHwganEgLS1yYXctb3V0cHV0ICIuQ3JlZGVudGlhbHNbXCJBY2Nlc3NLZXlJZFwiXSIpCiAgICAgICAgICBleHBvcnQgQVdTX1NFQ1JFVF9BQ0NFU1NfS0VZPSQoZWNobyAke0pTT059IHwganEgLS1yYXctb3V0cHV0ICIuQ3JlZGVudGlhbHNbXCJTZWNyZXRBY2Nlc3NLZXlcIl0iKQogICAgICAgICAgZXhwb3J0IEFXU19TRVNTSU9OX1RPS0VOPSQoZWNobyAke0pTT059IHwganEgLS1yYXctb3V0cHV0ICIuQ3JlZGVudGlhbHNbXCJTZXNzaW9uVG9rZW5cIl0iKQogICAgICAgICAgdGVycmFmb3JtIGluaXQgLW5vLWNvbG9yCiAgICAgICAgZWxzZQogICAgICAgICAgVEZfQkFDS0VORF9SRUdJT049JChhd3Mgc3NtIGdldC1wYXJhbWV0ZXIgLS1uYW1lICIvYWZ0L2NvbmZpZy9vc3MtYmFja2VuZC9wcmltYXJ5LXJlZ2lvbiIgLS1xdWVyeSAiUGFyYW1ldGVyLlZhbHVlIiAtLW91dHB1dCB0ZXh0KQogICAgICAgICAgVEZfT1JHX05BTUU9JChhd3Mgc3NtIGdldC1wYXJhbWV0ZXIgLS1uYW1lICIvYWZ0L2NvbmZpZy90ZXJyYWZvcm0vb3JnLW5hbWUiIC0tcXVlcnkgIlBhcmFtZXRlci5WYWx1ZSIgLS1vdXRwdXQgdGV4dCkKICAgICAgICAgIFRGX1RPS0VOPSQoYXdzIHNzbSBnZXQtcGFyYW1ldGVyIC0tbmFtZSAiL2FmdC9jb25maWcvdGVycmFmb3JtL3Rva2VuIiAtLXdpdGgtZGVjcnlwdGlvbiAtLXF1ZXJ5ICJQYXJhbWV0ZXIuVmFsdWUiIC0tb3V0cHV0IHRleHQpCiAgICAgICAgICBURl9FTkRQT0lOVD0kKGF3cyBzc20gZ2V0LXBhcmFtZXRlciAtLW5hbWUgIi9hZnQvY29uZmlnL3RlcnJhZm9ybS9hcGktZW5kcG9pbnQiIC0tcXVlcnkgIlBhcmFtZXRlci5WYWx1ZSIgLS1vdXRwdXQgdGV4dCkKICAgICAgICAgIFRGX1dPUktTUEFDRV9OQU1FPSJjdC1hZnQtYWNjb3VudC1wcm92aXNpb25pbmctY3VzdG9taXphdGlvbnMiCiAgICAgICAgICBURl9DT05GSUdfUEFUSD0iLi90ZW1wX2NvbmZpZ3VyYXRpb25fZmlsZS50YXIuZ3oiCiAgICAgICAgICBjZCAkREVGQVVMVF9QQVRIL3RlcnJhZm9ybQogICAgICAgICAgZm9yIGYgaW4gKi5qaW5qYTsgZG8gamluamEyICRmIC1EIHRpbWVzdGFtcD0iJFRJTUVTVEFNUCIgLUQgcHJvdmlkZXJfcmVnaW9uPSRDVF9NR01UX1JFR0lPTiAtRCB0Zl9kaXN0cmlidXRpb25fdHlwZT0kVEZfRElTVFJJQlVUSU9OIC1EIHRlcnJhZm9ybV9vcmdfbmFtZT0kVEZfT1JHX05BTUUgLUQgdGVycmFmb3JtX3dvcmtzcGFjZV9uYW1lPSRURl9XT1JLU1BBQ0VfTkFNRSAtRCBhZnRfYWRtaW5fcm9sZV9hcm49JEFGVF9FWEVDX1JPTEVfQVJOID4+IC4vJChiYXNlbmFtZSAkZiAuamluamEpLnRmOyBkb25lCiAgICAgICAgICBmb3IgZiBpbiAqLnRmOyBkbyBlY2hvICJcbiBcbiI7IGVjaG8gJGY7IGNhdCAkZjsgZG9uZQogICAgICAgICAgY2QgJERFRkFVTFRfUEFUSAogICAgICAgICAgdGFyIC1jemYgdGVtcF9jb25maWd1cmF0aW9uX2ZpbGUudGFyLmd6IC1DIHRlcnJhZm9ybSAtLWV4Y2x1ZGUgLmdpdCAtLWV4Y2x1ZGUgdmVudiAuCiAgICAgICAgICBweXRob24zICRERUZBVUxUX1BBVEgvYXdzLWFmdC1jb3JlLWZyYW1ld29yay9zb3VyY2VzL3NjcmlwdHMvd29ya3NwYWNlX21hbmFnZXIucHkgLS1vcGVyYXRpb24gImRlcGxveSIgLS1vcmdhbml6YXRpb25fbmFtZSAkVEZfT1JHX05BTUUgLS13b3Jrc3BhY2VfbmFtZSAkVEZfV09SS1NQQUNFX05BTUUgLS1hc3N1bWVfcm9sZV9hcm4gJEFGVF9BRE1JTl9ST0xFX0FSTiAtLWFzc3VtZV9yb2xlX3Nlc3Npb25fbmFtZSAkUk9MRV9TRVNTSU9OX05BTUUgLS1hcGlfZW5kcG9pbnQgJFRGX0VORFBPSU5UIC0tYXBpX3Rva2VuICRURl9UT0tFTiAtLXRlcnJhZm9ybV92ZXJzaW9uICRURl9WRVJTSU9OIC0tY29uZmlnX2ZpbGUgJFRGX0NPTkZJR19QQVRICiAgICAgICAgZmkKCiAgYnVpbGQ6CiAgICBjb21tYW5kczoKICAgICAgLSB8CiAgICAgICAgaWYgWyAkVEZfRElTVFJJQlVUSU9OID0gIm9zcyIgXTsgdGhlbgogICAgICAgICAgdGVycmFmb3JtIGFwcGx5IC1uby1jb2xvciAtLWF1dG8tYXBwcm92ZQogICAgICAgIGZpCiAgcG9zdF9idWlsZDoKICAgIGNvbW1hbmRzOgogICAgICAtIGVjaG8gIlBvc3QtQnVpbGQiCg==",
            "filename": ".terraform/modules/aft/modules/aft-code-repositories/buildspecs/ct-aft-account-provisioning-customizations.yml",
            "id": "5436f8e60863aade6c9fd5a88a4d8a7e2dd1169d"
          },
          "sensitive_attributes": []
        }
      ]
    },
    {
      "module": "module.aft.module.aft_code_repositories",
      "mode": "data",
      "type": "local_file",
      "name": "account_request_buildspec",
      "provider": "provider[\"registry.terraform.io/hashicorp/local\"]",
      "instances": [
        {
          "schema_version": 0,
          "attributes": {
            "content": "# Copyright Amazon.com, Inc. or its affiliates. All rights reserved.\n# SPDX-License-Identifier: Apache-2.0\n#\nversion: 0.2\n\nphases:\n  pre_build:\n    commands:\n      - DEFAULT_PATH=$(pwd)\n      - TIMESTAMP=$(date '+%Y-%m-%d %H:%M:%S')\n      - AWS_MODULE_SOURCE=$(aws ssm get-parameter --name \"/aft/config/aft-pipeline-code-source/repo-url\" --query \"Parameter.Value\" --output text)\n      - AWS_MODULE_GIT_REF=$(aws ssm get-parameter --name \"/aft/config/aft-pipeline-code-source/repo-git-ref\" --query \"Parameter.Value\" --output text)\n      - TF_VERSION=$(aws ssm get-parameter --name \"/aft/config/terraform/version\" --query \"Parameter.Value\" --output text)\n      - TF_DISTRIBUTION=$(aws ssm get-parameter --name \"/aft/config/terraform/distribution\" --query \"Parameter.Value\" --output text)\n      - CT_MGMT_REGION=$(aws ssm get-parameter --name \"/aft/config/ct-management-region\" --query \"Parameter.Value\" --output text)\n      - AFT_MGMT_ACCOUNT=$(aws sts get-caller-identity --query Account --output text)\n      - AFT_EXEC_ROLE_ARN=arn:$AWS_PARTITION:iam::$AFT_MGMT_ACCOUNT:role/AWSAFTExecution\n      - AFT_ADMIN_ROLE_NAME=$(aws ssm get-parameter --name /aft/resources/iam/aft-administrator-role-name | jq --raw-output \".Parameter.Value\")\n      - AFT_ADMIN_ROLE_ARN=arn:$AWS_PARTITION:iam::$AFT_MGMT_ACCOUNT:role/$AFT_ADMIN_ROLE_NAME\n      - ROLE_SESSION_NAME=$(aws ssm get-parameter --name /aft/resources/iam/aft-session-name | jq --raw-output \".Parameter.Value\")\n      - |\n        ssh_key_parameter=$(aws ssm get-parameter --name /aft/config/aft-ssh-key --with-decryption 2\u003e /dev/null || echo \"None\")\n        if [[ $ssh_key_parameter != \"None\" ]]; then\n          ssh_key=$(jq --raw-output \".Parameter.Value\" \u003c\u003c\u003c $ssh_key_parameter)\n          mkdir -p ~/.ssh\n          echo \"Host *\" \u003e\u003e ~/.ssh/config\n          echo \"StrictHostKeyChecking no\" \u003e\u003e ~/.ssh/config\n          echo \"UserKnownHostsFile=/dev/null\" \u003e\u003e ~/.ssh/config\n          echo \"$ssh_key\" \u003e ~/.ssh/ssh_key\n          echo -e \"\\n\\n\" \u003e\u003e  ~/.ssh/ssh_key\n          chmod 600 ~/.ssh/ssh_key\n          eval \"$(ssh-agent -s)\"\n          ssh-add ~/.ssh/ssh_key\n        fi\n      - git config --global credential.helper '!aws codecommit credential-helper $@'\n      - git config --global credential.UseHttpPath true\n      - git clone -b $AWS_MODULE_GIT_REF $AWS_MODULE_SOURCE aws-aft-core-framework\n      - python3 -m venv ./venv\n      - source ./venv/bin/activate\n      - pip install jinja2-cli==0.7.0 Jinja2==3.0.1 MarkupSafe==2.0.1 boto3==1.18.56 requests==2.26.0\n      - |\n        if [ $TF_DISTRIBUTION = \"oss\" ]; then\n          TF_BACKEND_REGION=$(aws ssm get-parameter --name \"/aft/config/oss-backend/primary-region\" --query \"Parameter.Value\" --output text)\n          TF_KMS_KEY_ID=$(aws ssm get-parameter --name \"/aft/config/oss-backend/kms-key-id\" --query \"Parameter.Value\" --output text)\n          TF_DDB_TABLE=$(aws ssm get-parameter --name \"/aft/config/oss-backend/table-id\" --query \"Parameter.Value\" --output text)\n          TF_S3_BUCKET=$(aws ssm get-parameter --name \"/aft/config/oss-backend/bucket-id\" --query \"Parameter.Value\" --output text)\n          TF_S3_KEY=account-request/terraform.tfstate\n          cd /tmp\n          echo \"Installing Terraform\"\n          curl -o terraform_${TF_VERSION}_linux_amd64.zip https://releases.hashicorp.com/terraform/${TF_VERSION}/terraform_${TF_VERSION}_linux_amd64.zip\n          unzip -o terraform_${TF_VERSION}_linux_amd64.zip \u0026\u0026 mv terraform /usr/bin\n          terraform --version\n          cd $DEFAULT_PATH/terraform\n          for f in *.jinja; do jinja2 $f -D timestamp=\"$TIMESTAMP\" -D tf_distribution_type=$TF_DISTRIBUTION -D provider_region=$CT_MGMT_REGION -D region=$TF_BACKEND_REGION -D bucket=$TF_S3_BUCKET -D key=$TF_S3_KEY -D dynamodb_table=$TF_DDB_TABLE -D kms_key_id=$TF_KMS_KEY_ID -D aft_admin_role_arn=$AFT_EXEC_ROLE_ARN \u003e\u003e ./$(basename $f .jinja).tf; done\n          for f in *.tf; do echo \"\\n \\n\"; echo $f; cat $f; done\n          JSON=$(aws sts assume-role --role-arn ${AFT_ADMIN_ROLE_ARN} --role-session-name ${ROLE_SESSION_NAME})\n          #Make newly assumed role default session\n          export AWS_ACCESS_KEY_ID=$(echo ${JSON} | jq --raw-output \".Credentials[\\\"AccessKeyId\\\"]\")\n          export AWS_SECRET_ACCESS_KEY=$(echo ${JSON} | jq --raw-output \".Credentials[\\\"SecretAccessKey\\\"]\")\n          export AWS_SESSION_TOKEN=$(echo ${JSON} | jq --raw-output \".Credentials[\\\"SessionToken\\\"]\")\n          terraform init -no-color\n        else\n          TF_ORG_NAME=$(aws ssm get-parameter --name \"/aft/config/terraform/org-name\" --query \"Parameter.Value\" --output text)\n          TF_TOKEN=$(aws ssm get-parameter --name \"/aft/config/terraform/token\" --with-decryption --query \"Parameter.Value\" --output text)\n          TF_ENDPOINT=$(aws ssm get-parameter --name \"/aft/config/terraform/api-endpoint\" --query \"Parameter.Value\" --output text)\n          TF_WORKSPACE_NAME=\"ct-aft-account-request\"\n          TF_CONFIG_PATH=\"./temp_configuration_file.tar.gz\"\n          cd $DEFAULT_PATH/terraform\n          for f in *.jinja; do jinja2 $f -D timestamp=\"$TIMESTAMP\" -D provider_region=$CT_MGMT_REGION -D tf_distribution_type=$TF_DISTRIBUTION -D terraform_org_name=$TF_ORG_NAME -D terraform_workspace_name=$TF_WORKSPACE_NAME -D aft_admin_role_arn=$AFT_EXEC_ROLE_ARN \u003e\u003e ./$(basename $f .jinja).tf; done\n          for f in *.tf; do echo \"\\n \\n\"; echo $f; cat $f; done\n          cd $DEFAULT_PATH\n          tar -czf temp_configuration_file.tar.gz -C terraform --exclude .git --exclude venv .\n          python3 $DEFAULT_PATH/aws-aft-core-framework/sources/scripts/workspace_manager.py --operation \"deploy\" --organization_name $TF_ORG_NAME --workspace_name $TF_WORKSPACE_NAME --assume_role_arn $AFT_ADMIN_ROLE_ARN --assume_role_session_name $ROLE_SESSION_NAME --api_endpoint $TF_ENDPOINT --api_token $TF_TOKEN --terraform_version $TF_VERSION --config_file $TF_CONFIG_PATH\n        fi\n\n  build:\n    commands:\n      - |\n        if [ $TF_DISTRIBUTION = \"oss\" ]; then\n          terraform apply -no-color --auto-approve\n        fi\n  post_build:\n    commands:\n      - echo \"Post-Build\"\n",
            "content_base64": "IyBDb3B5cmlnaHQgQW1hem9uLmNvbSwgSW5jLiBvciBpdHMgYWZmaWxpYXRlcy4gQWxsIHJpZ2h0cyByZXNlcnZlZC4KIyBTUERYLUxpY2Vuc2UtSWRlbnRpZmllcjogQXBhY2hlLTIuMAojCnZlcnNpb246IDAuMgoKcGhhc2VzOgogIHByZV9idWlsZDoKICAgIGNvbW1hbmRzOgogICAgICAtIERFRkFVTFRfUEFUSD0kKHB3ZCkKICAgICAgLSBUSU1FU1RBTVA9JChkYXRlICcrJVktJW0tJWQgJUg6JU06JVMnKQogICAgICAtIEFXU19NT0RVTEVfU09VUkNFPSQoYXdzIHNzbSBnZXQtcGFyYW1ldGVyIC0tbmFtZSAiL2FmdC9jb25maWcvYWZ0LXBpcGVsaW5lLWNvZGUtc291cmNlL3JlcG8tdXJsIiAtLXF1ZXJ5ICJQYXJhbWV0ZXIuVmFsdWUiIC0tb3V0cHV0IHRleHQpCiAgICAgIC0gQVdTX01PRFVMRV9HSVRfUkVGPSQoYXdzIHNzbSBnZXQtcGFyYW1ldGVyIC0tbmFtZSAiL2FmdC9jb25maWcvYWZ0LXBpcGVsaW5lLWNvZGUtc291cmNlL3JlcG8tZ2l0LXJlZiIgLS1xdWVyeSAiUGFyYW1ldGVyLlZhbHVlIiAtLW91dHB1dCB0ZXh0KQogICAgICAtIFRGX1ZFUlNJT049JChhd3Mgc3NtIGdldC1wYXJhbWV0ZXIgLS1uYW1lICIvYWZ0L2NvbmZpZy90ZXJyYWZvcm0vdmVyc2lvbiIgLS1xdWVyeSAiUGFyYW1ldGVyLlZhbHVlIiAtLW91dHB1dCB0ZXh0KQogICAgICAtIFRGX0RJU1RSSUJVVElPTj0kKGF3cyBzc20gZ2V0LXBhcmFtZXRlciAtLW5hbWUgIi9hZnQvY29uZmlnL3RlcnJhZm9ybS9kaXN0cmlidXRpb24iIC0tcXVlcnkgIlBhcmFtZXRlci5WYWx1ZSIgLS1vdXRwdXQgdGV4dCkKICAgICAgLSBDVF9NR01UX1JFR0lPTj0kKGF3cyBzc20gZ2V0LXBhcmFtZXRlciAtLW5hbWUgIi9hZnQvY29uZmlnL2N0LW1hbmFnZW1lbnQtcmVnaW9uIiAtLXF1ZXJ5ICJQYXJhbWV0ZXIuVmFsdWUiIC0tb3V0cHV0IHRleHQpCiAgICAgIC0gQUZUX01HTVRfQUNDT1VOVD0kKGF3cyBzdHMgZ2V0LWNhbGxlci1pZGVudGl0eSAtLXF1ZXJ5IEFjY291bnQgLS1vdXRwdXQgdGV4dCkKICAgICAgLSBBRlRfRVhFQ19ST0xFX0FSTj1hcm46JEFXU19QQVJUSVRJT046aWFtOjokQUZUX01HTVRfQUNDT1VOVDpyb2xlL0FXU0FGVEV4ZWN1dGlvbgogICAgICAtIEFGVF9BRE1JTl9ST0xFX05BTUU9JChhd3Mgc3NtIGdldC1wYXJhbWV0ZXIgLS1uYW1lIC9hZnQvcmVzb3VyY2VzL2lhbS9hZnQtYWRtaW5pc3RyYXRvci1yb2xlLW5hbWUgfCBqcSAtLXJhdy1vdXRwdXQgIi5QYXJhbWV0ZXIuVmFsdWUiKQogICAgICAtIEFGVF9BRE1JTl9ST0xFX0FSTj1hcm46JEFXU19QQVJUSVRJT046aWFtOjokQUZUX01HTVRfQUNDT1VOVDpyb2xlLyRBRlRfQURNSU5fUk9MRV9OQU1FCiAgICAgIC0gUk9MRV9TRVNTSU9OX05BTUU9JChhd3Mgc3NtIGdldC1wYXJhbWV0ZXIgLS1uYW1lIC9hZnQvcmVzb3VyY2VzL2lhbS9hZnQtc2Vzc2lvbi1uYW1lIHwganEgLS1yYXctb3V0cHV0ICIuUGFyYW1ldGVyLlZhbHVlIikKICAgICAgLSB8CiAgICAgICAgc3NoX2tleV9wYXJhbWV0ZXI9JChhd3Mgc3NtIGdldC1wYXJhbWV0ZXIgLS1uYW1lIC9hZnQvY29uZmlnL2FmdC1zc2gta2V5IC0td2l0aC1kZWNyeXB0aW9uIDI+IC9kZXYvbnVsbCB8fCBlY2hvICJOb25lIikKICAgICAgICBpZiBbWyAkc3NoX2tleV9wYXJhbWV0ZXIgIT0gIk5vbmUiIF1dOyB0aGVuCiAgICAgICAgICBzc2hfa2V5PSQoanEgLS1yYXctb3V0cHV0ICIuUGFyYW1ldGVyLlZhbHVlIiA8PDwgJHNzaF9rZXlfcGFyYW1ldGVyKQogICAgICAgICAgbWtkaXIgLXAgfi8uc3NoCiAgICAgICAgICBlY2hvICJIb3N0ICoiID4+IH4vLnNzaC9jb25maWcKICAgICAgICAgIGVjaG8gIlN0cmljdEhvc3RLZXlDaGVja2luZyBubyIgPj4gfi8uc3NoL2NvbmZpZwogICAgICAgICAgZWNobyAiVXNlcktub3duSG9zdHNGaWxlPS9kZXYvbnVsbCIgPj4gfi8uc3NoL2NvbmZpZwogICAgICAgICAgZWNobyAiJHNzaF9rZXkiID4gfi8uc3NoL3NzaF9rZXkKICAgICAgICAgIGVjaG8gLWUgIlxuXG4iID4+ICB+Ly5zc2gvc3NoX2tleQogICAgICAgICAgY2htb2QgNjAwIH4vLnNzaC9zc2hfa2V5CiAgICAgICAgICBldmFsICIkKHNzaC1hZ2VudCAtcykiCiAgICAgICAgICBzc2gtYWRkIH4vLnNzaC9zc2hfa2V5CiAgICAgICAgZmkKICAgICAgLSBnaXQgY29uZmlnIC0tZ2xvYmFsIGNyZWRlbnRpYWwuaGVscGVyICchYXdzIGNvZGVjb21taXQgY3JlZGVudGlhbC1oZWxwZXIgJEAnCiAgICAgIC0gZ2l0IGNvbmZpZyAtLWdsb2JhbCBjcmVkZW50aWFsLlVzZUh0dHBQYXRoIHRydWUKICAgICAgLSBnaXQgY2xvbmUgLWIgJEFXU19NT0RVTEVfR0lUX1JFRiAkQVdTX01PRFVMRV9TT1VSQ0UgYXdzLWFmdC1jb3JlLWZyYW1ld29yawogICAgICAtIHB5dGhvbjMgLW0gdmVudiAuL3ZlbnYKICAgICAgLSBzb3VyY2UgLi92ZW52L2Jpbi9hY3RpdmF0ZQogICAgICAtIHBpcCBpbnN0YWxsIGppbmphMi1jbGk9PTAuNy4wIEppbmphMj09My4wLjEgTWFya3VwU2FmZT09Mi4wLjEgYm90bzM9PTEuMTguNTYgcmVxdWVzdHM9PTIuMjYuMAogICAgICAtIHwKICAgICAgICBpZiBbICRURl9ESVNUUklCVVRJT04gPSAib3NzIiBdOyB0aGVuCiAgICAgICAgICBURl9CQUNLRU5EX1JFR0lPTj0kKGF3cyBzc20gZ2V0LXBhcmFtZXRlciAtLW5hbWUgIi9hZnQvY29uZmlnL29zcy1iYWNrZW5kL3ByaW1hcnktcmVnaW9uIiAtLXF1ZXJ5ICJQYXJhbWV0ZXIuVmFsdWUiIC0tb3V0cHV0IHRleHQpCiAgICAgICAgICBURl9LTVNfS0VZX0lEPSQoYXdzIHNzbSBnZXQtcGFyYW1ldGVyIC0tbmFtZSAiL2FmdC9jb25maWcvb3NzLWJhY2tlbmQva21zLWtleS1pZCIgLS1xdWVyeSAiUGFyYW1ldGVyLlZhbHVlIiAtLW91dHB1dCB0ZXh0KQogICAgICAgICAgVEZfRERCX1RBQkxFPSQoYXdzIHNzbSBnZXQtcGFyYW1ldGVyIC0tbmFtZSAiL2FmdC9jb25maWcvb3NzLWJhY2tlbmQvdGFibGUtaWQiIC0tcXVlcnkgIlBhcmFtZXRlci5WYWx1ZSIgLS1vdXRwdXQgdGV4dCkKICAgICAgICAgIFRGX1MzX0JVQ0tFVD0kKGF3cyBzc20gZ2V0LXBhcmFtZXRlciAtLW5hbWUgIi9hZnQvY29uZmlnL29zcy1iYWNrZW5kL2J1Y2tldC1pZCIgLS1xdWVyeSAiUGFyYW1ldGVyLlZhbHVlIiAtLW91dHB1dCB0ZXh0KQogICAgICAgICAgVEZfUzNfS0VZPWFjY291bnQtcmVxdWVzdC90ZXJyYWZvcm0udGZzdGF0ZQogICAgICAgICAgY2QgL3RtcAogICAgICAgICAgZWNobyAiSW5zdGFsbGluZyBUZXJyYWZvcm0iCiAgICAgICAgICBjdXJsIC1vIHRlcnJhZm9ybV8ke1RGX1ZFUlNJT059X2xpbnV4X2FtZDY0LnppcCBodHRwczovL3JlbGVhc2VzLmhhc2hpY29ycC5jb20vdGVycmFmb3JtLyR7VEZfVkVSU0lPTn0vdGVycmFmb3JtXyR7VEZfVkVSU0lPTn1fbGludXhfYW1kNjQuemlwCiAgICAgICAgICB1bnppcCAtbyB0ZXJyYWZvcm1fJHtURl9WRVJTSU9OfV9saW51eF9hbWQ2NC56aXAgJiYgbXYgdGVycmFmb3JtIC91c3IvYmluCiAgICAgICAgICB0ZXJyYWZvcm0gLS12ZXJzaW9uCiAgICAgICAgICBjZCAkREVGQVVMVF9QQVRIL3RlcnJhZm9ybQogICAgICAgICAgZm9yIGYgaW4gKi5qaW5qYTsgZG8gamluamEyICRmIC1EIHRpbWVzdGFtcD0iJFRJTUVTVEFNUCIgLUQgdGZfZGlzdHJpYnV0aW9uX3R5cGU9JFRGX0RJU1RSSUJVVElPTiAtRCBwcm92aWRlcl9yZWdpb249JENUX01HTVRfUkVHSU9OIC1EIHJlZ2lvbj0kVEZfQkFDS0VORF9SRUdJT04gLUQgYnVja2V0PSRURl9TM19CVUNLRVQgLUQga2V5PSRURl9TM19LRVkgLUQgZHluYW1vZGJfdGFibGU9JFRGX0REQl9UQUJMRSAtRCBrbXNfa2V5X2lkPSRURl9LTVNfS0VZX0lEIC1EIGFmdF9hZG1pbl9yb2xlX2Fybj0kQUZUX0VYRUNfUk9MRV9BUk4gPj4gLi8kKGJhc2VuYW1lICRmIC5qaW5qYSkudGY7IGRvbmUKICAgICAgICAgIGZvciBmIGluICoudGY7IGRvIGVjaG8gIlxuIFxuIjsgZWNobyAkZjsgY2F0ICRmOyBkb25lCiAgICAgICAgICBKU09OPSQoYXdzIHN0cyBhc3N1bWUtcm9sZSAtLXJvbGUtYXJuICR7QUZUX0FETUlOX1JPTEVfQVJOfSAtLXJvbGUtc2Vzc2lvbi1uYW1lICR7Uk9MRV9TRVNTSU9OX05BTUV9KQogICAgICAgICAgI01ha2UgbmV3bHkgYXNzdW1lZCByb2xlIGRlZmF1bHQgc2Vzc2lvbgogICAgICAgICAgZXhwb3J0IEFXU19BQ0NFU1NfS0VZX0lEPSQoZWNobyAke0pTT059IHwganEgLS1yYXctb3V0cHV0ICIuQ3JlZGVudGlhbHNbXCJBY2Nlc3NLZXlJZFwiXSIpCiAgICAgICAgICBleHBvcnQgQVdTX1NFQ1JFVF9BQ0NFU1NfS0VZPSQoZWNobyAke0pTT059IHwganEgLS1yYXctb3V0cHV0ICIuQ3JlZGVudGlhbHNbXCJTZWNyZXRBY2Nlc3NLZXlcIl0iKQogICAgICAgICAgZXhwb3J0IEFXU19TRVNTSU9OX1RPS0VOPSQoZWNobyAke0pTT059IHwganEgLS1yYXctb3V0cHV0ICIuQ3JlZGVudGlhbHNbXCJTZXNzaW9uVG9rZW5cIl0iKQogICAgICAgICAgdGVycmFmb3JtIGluaXQgLW5vLWNvbG9yCiAgICAgICAgZWxzZQogICAgICAgICAgVEZfT1JHX05BTUU9JChhd3Mgc3NtIGdldC1wYXJhbWV0ZXIgLS1uYW1lICIvYWZ0L2NvbmZpZy90ZXJyYWZvcm0vb3JnLW5hbWUiIC0tcXVlcnkgIlBhcmFtZXRlci5WYWx1ZSIgLS1vdXRwdXQgdGV4dCkKICAgICAgICAgIFRGX1RPS0VOPSQoYXdzIHNzbSBnZXQtcGFyYW1ldGVyIC0tbmFtZSAiL2FmdC9jb25maWcvdGVycmFmb3JtL3Rva2VuIiAtLXdpdGgtZGVjcnlwdGlvbiAtLXF1ZXJ5ICJQYXJhbWV0ZXIuVmFsdWUiIC0tb3V0cHV0IHRleHQpCiAgICAgICAgICBURl9FTkRQT0lOVD0kKGF3cyBzc20gZ2V0LXBhcmFtZXRlciAtLW5hbWUgIi9hZnQvY29uZmlnL3RlcnJhZm9ybS9hcGktZW5kcG9pbnQiIC0tcXVlcnkgIlBhcmFtZXRlci5WYWx1ZSIgLS1vdXRwdXQgdGV4dCkKICAgICAgICAgIFRGX1dPUktTUEFDRV9OQU1FPSJjdC1hZnQtYWNjb3VudC1yZXF1ZXN0IgogICAgICAgICAgVEZfQ09ORklHX1BBVEg9Ii4vdGVtcF9jb25maWd1cmF0aW9uX2ZpbGUudGFyLmd6IgogICAgICAgICAgY2QgJERFRkFVTFRfUEFUSC90ZXJyYWZvcm0KICAgICAgICAgIGZvciBmIGluICouamluamE7IGRvIGppbmphMiAkZiAtRCB0aW1lc3RhbXA9IiRUSU1FU1RBTVAiIC1EIHByb3ZpZGVyX3JlZ2lvbj0kQ1RfTUdNVF9SRUdJT04gLUQgdGZfZGlzdHJpYnV0aW9uX3R5cGU9JFRGX0RJU1RSSUJVVElPTiAtRCB0ZXJyYWZvcm1fb3JnX25hbWU9JFRGX09SR19OQU1FIC1EIHRlcnJhZm9ybV93b3Jrc3BhY2VfbmFtZT0kVEZfV09SS1NQQUNFX05BTUUgLUQgYWZ0X2FkbWluX3JvbGVfYXJuPSRBRlRfRVhFQ19ST0xFX0FSTiA+PiAuLyQoYmFzZW5hbWUgJGYgLmppbmphKS50ZjsgZG9uZQogICAgICAgICAgZm9yIGYgaW4gKi50ZjsgZG8gZWNobyAiXG4gXG4iOyBlY2hvICRmOyBjYXQgJGY7IGRvbmUKICAgICAgICAgIGNkICRERUZBVUxUX1BBVEgKICAgICAgICAgIHRhciAtY3pmIHRlbXBfY29uZmlndXJhdGlvbl9maWxlLnRhci5neiAtQyB0ZXJyYWZvcm0gLS1leGNsdWRlIC5naXQgLS1leGNsdWRlIHZlbnYgLgogICAgICAgICAgcHl0aG9uMyAkREVGQVVMVF9QQVRIL2F3cy1hZnQtY29yZS1mcmFtZXdvcmsvc291cmNlcy9zY3JpcHRzL3dvcmtzcGFjZV9tYW5hZ2VyLnB5IC0tb3BlcmF0aW9uICJkZXBsb3kiIC0tb3JnYW5pemF0aW9uX25hbWUgJFRGX09SR19OQU1FIC0td29ya3NwYWNlX25hbWUgJFRGX1dPUktTUEFDRV9OQU1FIC0tYXNzdW1lX3JvbGVfYXJuICRBRlRfQURNSU5fUk9MRV9BUk4gLS1hc3N1bWVfcm9sZV9zZXNzaW9uX25hbWUgJFJPTEVfU0VTU0lPTl9OQU1FIC0tYXBpX2VuZHBvaW50ICRURl9FTkRQT0lOVCAtLWFwaV90b2tlbiAkVEZfVE9LRU4gLS10ZXJyYWZvcm1fdmVyc2lvbiAkVEZfVkVSU0lPTiAtLWNvbmZpZ19maWxlICRURl9DT05GSUdfUEFUSAogICAgICAgIGZpCgogIGJ1aWxkOgogICAgY29tbWFuZHM6CiAgICAgIC0gfAogICAgICAgIGlmIFsgJFRGX0RJU1RSSUJVVElPTiA9ICJvc3MiIF07IHRoZW4KICAgICAgICAgIHRlcnJhZm9ybSBhcHBseSAtbm8tY29sb3IgLS1hdXRvLWFwcHJvdmUKICAgICAgICBmaQogIHBvc3RfYnVpbGQ6CiAgICBjb21tYW5kczoKICAgICAgLSBlY2hvICJQb3N0LUJ1aWxkIgo=",
            "filename": ".terraform/modules/aft/modules/aft-code-repositories/buildspecs/ct-aft-account-request.yml",
            "id": "8f74e0ea3ed2be05cfa0d20d230dead874fa34c5"
          },
          "sensitive_attributes": []
        }
      ]
    },
    {
      "module": "module.aft.module.aft_code_repositories",
      "mode": "managed",
      "type": "aws_cloudwatch_event_rule",
      "name": "account_provisioning_customizations",
      "provider": "module.aft.provider[\"registry.terraform.io/hashicorp/aws\"].aft_management",
      "instances": [
        {
          "index_key": 0,
          "schema_version": 0,
          "attributes": {
            "arn": "arn:aws:events:eu-west-1:804448413129:rule/aft-account-provisioning-customizations-trigger",
            "description": "Trigger CodePipeline upon commit",
            "event_bus_name": "default",
            "event_pattern": "{\"detail\":{\"event\":[\"referenceCreated\",\"referenceUpdated\"],\"referenceName\":[\"main\"],\"referenceType\":[\"branch\"]},\"detail-type\":[\"CodeCommit Repository State Change\"],\"resources\":[\"arn:aws:codecommit:eu-west-1:804448413129:aft-account-provisioning-customizations\"],\"source\":[\"aws.codecommit\"]}",
            "id": "aft-account-provisioning-customizations-trigger",
            "is_enabled": true,
            "name": "aft-account-provisioning-customizations-trigger",
            "name_prefix": "",
            "role_arn": "",
            "schedule_expression": "",
            "tags": null,
            "tags_all": {
              "managed_by": "AFT"
            }
          },
          "sensitive_attributes": [],
          "private": "bnVsbA==",
          "dependencies": [
            "module.aft.data.aws_partition.current",
            "module.aft.module.aft_code_repositories.aws_codecommit_repository.account_provisioning_customizations"
          ]
        }
      ]
    },
    {
      "module": "module.aft.module.aft_code_repositories",
      "mode": "managed",
      "type": "aws_cloudwatch_event_rule",
      "name": "account_request",
      "provider": "module.aft.provider[\"registry.terraform.io/hashicorp/aws\"].aft_management",
      "instances": [
        {
          "index_key": 0,
          "schema_version": 0,
          "attributes": {
            "arn": "arn:aws:events:eu-west-1:804448413129:rule/aft-account-request-codepipeline-trigger",
            "description": "Trigger CodePipeline upon commit",
            "event_bus_name": "default",
            "event_pattern": "{\"detail\":{\"event\":[\"referenceCreated\",\"referenceUpdated\"],\"referenceName\":[\"main\"],\"referenceType\":[\"branch\"]},\"detail-type\":[\"CodeCommit Repository State Change\"],\"resources\":[\"arn:aws:codecommit:eu-west-1:804448413129:aft-account-request\"],\"source\":[\"aws.codecommit\"]}",
            "id": "aft-account-request-codepipeline-trigger",
            "is_enabled": true,
            "name": "aft-account-request-codepipeline-trigger",
            "name_prefix": "",
            "role_arn": "",
            "schedule_expression": "",
            "tags": null,
            "tags_all": {
              "managed_by": "AFT"
            }
          },
          "sensitive_attributes": [],
          "private": "bnVsbA==",
          "dependencies": [
            "module.aft.data.aws_partition.current",
            "module.aft.module.aft_code_repositories.aws_codecommit_repository.account_request"
          ]
        }
      ]
    },
    {
      "module": "module.aft.module.aft_code_repositories",
      "mode": "managed",
      "type": "aws_cloudwatch_event_target",
      "name": "account_provisioning_customizations",
      "provider": "module.aft.provider[\"registry.terraform.io/hashicorp/aws\"].aft_management",
      "instances": [
        {
          "index_key": 0,
          "schema_version": 1,
          "attributes": {
            "arn": "arn:aws:codepipeline:eu-west-1:804448413129:ct-aft-account-provisioning-customizations",
            "batch_target": [],
            "dead_letter_config": [],
            "ecs_target": [],
            "event_bus_name": "default",
            "http_target": [],
            "id": "aft-account-provisioning-customizations-trigger-codepipeline",
            "input": "",
            "input_path": "",
            "input_transformer": [],
            "kinesis_target": [],
            "redshift_target": [],
            "retry_policy": [],
            "role_arn": "arn:aws:iam::804448413129:role/ct-aft-cwe-codepipeline-role",
            "rule": "aft-account-provisioning-customizations-trigger",
            "run_command_targets": [],
            "sqs_target": [],
            "target_id": "codepipeline"
          },
          "sensitive_attributes": [],
          "private": "eyJzY2hlbWFfdmVyc2lvbiI6IjEifQ==",
          "dependencies": [
            "module.aft.data.aws_partition.current",
            "module.aft.module.aft_account_request_framework.aws_kms_key.aft",
            "module.aft.module.aft_account_request_framework.aws_security_group.aft_vpc_default_sg",
            "module.aft.module.aft_account_request_framework.aws_subnet.aft_vpc_private_subnet_01",
            "module.aft.module.aft_account_request_framework.aws_subnet.aft_vpc_private_subnet_02",
            "module.aft.module.aft_account_request_framework.aws_vpc.aft_vpc",
            "module.aft.module.aft_account_request_framework.data.aws_availability_zones.available",
            "module.aft.module.aft_code_repositories.aws_cloudwatch_event_rule.account_provisioning_customizations",
            "module.aft.module.aft_code_repositories.aws_cloudwatch_log_group.account_provisioning_customizations",
            "module.aft.module.aft_code_repositories.aws_cloudwatch_log_group.account_request",
            "module.aft.module.aft_code_repositories.aws_codebuild_project.account_provisioning_customizations_pipeline",
            "module.aft.module.aft_code_repositories.aws_codecommit_repository.account_provisioning_customizations",
            "module.aft.module.aft_code_repositories.aws_codepipeline.codecommit_account_provisioning_customizations",
            "module.aft.module.aft_code_repositories.aws_iam_role.account_provisioning_customizations_codebuild_role",
            "module.aft.module.aft_code_repositories.aws_iam_role.account_provisioning_customizations_codepipeline_role",
            "module.aft.module.aft_code_repositories.aws_iam_role.cloudwatch_events_codepipeline_role",
            "module.aft.module.aft_code_repositories.data.aws_partition.current",
            "module.aft.module.aft_code_repositories.data.local_file.account_provisioning_customizations_buildspec",
            "module.aft.module.aft_customizations.aws_s3_bucket.aft_codepipeline_customizations_bucket",
            "module.aft.module.aft_customizations.data.aws_caller_identity.current"
          ]
        }
      ]
    },
    {
      "module": "module.aft.module.aft_code_repositories",
      "mode": "managed",
      "type": "aws_cloudwatch_event_target",
      "name": "account_request",
      "provider": "module.aft.provider[\"registry.terraform.io/hashicorp/aws\"].aft_management",
      "instances": [
        {
          "index_key": 0,
          "schema_version": 1,
          "attributes": {
            "arn": "arn:aws:codepipeline:eu-west-1:804448413129:ct-aft-account-request",
            "batch_target": [],
            "dead_letter_config": [],
            "ecs_target": [],
            "event_bus_name": "default",
            "http_target": [],
            "id": "aft-account-request-codepipeline-trigger-codepipeline",
            "input": "",
            "input_path": "",
            "input_transformer": [],
            "kinesis_target": [],
            "redshift_target": [],
            "retry_policy": [],
            "role_arn": "arn:aws:iam::804448413129:role/ct-aft-cwe-codepipeline-role",
            "rule": "aft-account-request-codepipeline-trigger",
            "run_command_targets": [],
            "sqs_target": [],
            "target_id": "codepipeline"
          },
          "sensitive_attributes": [],
          "private": "eyJzY2hlbWFfdmVyc2lvbiI6IjEifQ==",
          "dependencies": [
            "module.aft.data.aws_partition.current",
            "module.aft.module.aft_account_request_framework.aws_kms_key.aft",
            "module.aft.module.aft_account_request_framework.aws_security_group.aft_vpc_default_sg",
            "module.aft.module.aft_account_request_framework.aws_subnet.aft_vpc_private_subnet_01",
            "module.aft.module.aft_account_request_framework.aws_subnet.aft_vpc_private_subnet_02",
            "module.aft.module.aft_account_request_framework.aws_vpc.aft_vpc",
            "module.aft.module.aft_account_request_framework.data.aws_availability_zones.available",
            "module.aft.module.aft_code_repositories.aws_cloudwatch_event_rule.account_request",
            "module.aft.module.aft_code_repositories.aws_cloudwatch_log_group.account_request",
            "module.aft.module.aft_code_repositories.aws_codebuild_project.account_request",
            "module.aft.module.aft_code_repositories.aws_codecommit_repository.account_request",
            "module.aft.module.aft_code_repositories.aws_codepipeline.codecommit_account_request",
            "module.aft.module.aft_code_repositories.aws_iam_role.account_request_codebuild_role",
            "module.aft.module.aft_code_repositories.aws_iam_role.account_request_codepipeline_role",
            "module.aft.module.aft_code_repositories.aws_iam_role.cloudwatch_events_codepipeline_role",
            "module.aft.module.aft_code_repositories.data.aws_partition.current",
            "module.aft.module.aft_code_repositories.data.local_file.account_request_buildspec",
            "module.aft.module.aft_customizations.aws_s3_bucket.aft_codepipeline_customizations_bucket",
            "module.aft.module.aft_customizations.data.aws_caller_identity.current"
          ]
        }
      ]
    },
    {
      "module": "module.aft.module.aft_code_repositories",
      "mode": "managed",
      "type": "aws_cloudwatch_log_group",
      "name": "account_provisioning_customizations",
      "provider": "module.aft.provider[\"registry.terraform.io/hashicorp/aws\"].aft_management",
      "instances": [
        {
          "schema_version": 0,
          "attributes": {
            "arn": "arn:aws:logs:eu-west-1:804448413129:log-group:/aws/codebuild/ct-aft-account-provisioning-customizations",
            "id": "/aws/codebuild/ct-aft-account-provisioning-customizations",
            "kms_key_id": "",
            "name": "/aws/codebuild/ct-aft-account-provisioning-customizations",
            "name_prefix": "",
            "retention_in_days": 0,
            "skip_destroy": false,
            "tags": null,
            "tags_all": {
              "managed_by": "AFT"
            }
          },
          "sensitive_attributes": [],
          "private": "bnVsbA==",
          "dependencies": [
            "module.aft.data.aws_partition.current"
          ]
        }
      ]
    },
    {
      "module": "module.aft.module.aft_code_repositories",
      "mode": "managed",
      "type": "aws_cloudwatch_log_group",
      "name": "account_request",
      "provider": "module.aft.provider[\"registry.terraform.io/hashicorp/aws\"].aft_management",
      "instances": [
        {
          "schema_version": 0,
          "attributes": {
            "arn": "arn:aws:logs:eu-west-1:804448413129:log-group:/aws/codebuild/ct-aft-account-request",
            "id": "/aws/codebuild/ct-aft-account-request",
            "kms_key_id": "",
            "name": "/aws/codebuild/ct-aft-account-request",
            "name_prefix": "",
            "retention_in_days": 0,
            "skip_destroy": false,
            "tags": null,
            "tags_all": {
              "managed_by": "AFT"
            }
          },
          "sensitive_attributes": [],
          "private": "bnVsbA==",
          "dependencies": [
            "module.aft.data.aws_partition.current"
          ]
        }
      ]
    },
    {
      "module": "module.aft.module.aft_code_repositories",
      "mode": "managed",
      "type": "aws_codebuild_project",
      "name": "account_provisioning_customizations_pipeline",
      "provider": "module.aft.provider[\"registry.terraform.io/hashicorp/aws\"].aft_management",
      "instances": [
        {
          "schema_version": 0,
          "attributes": {
            "arn": "arn:aws:codebuild:eu-west-1:804448413129:project/ct-aft-account-provisioning-customizations",
            "artifacts": [
              {
                "artifact_identifier": "",
                "bucket_owner_access": "",
                "encryption_disabled": false,
                "location": "",
                "name": "ct-aft-account-provisioning-customizations",
                "namespace_type": "",
                "override_artifact_name": false,
                "packaging": "NONE",
                "path": "",
                "type": "CODEPIPELINE"
              }
            ],
            "badge_enabled": false,
            "badge_url": "",
            "build_batch_config": [],
            "build_timeout": 60,
            "cache": [
              {
                "location": "",
                "modes": [],
                "type": "NO_CACHE"
              }
            ],
            "concurrent_build_limit": 0,
            "description": "Deploys the Account Provisioning Customizations terraform project",
            "encryption_key": "arn:aws:kms:eu-west-1:804448413129:key/207fe238-7aba-4608-9ba2-1da2f28b1578",
            "environment": [
              {
                "certificate": "",
                "compute_type": "BUILD_GENERAL1_MEDIUM",
                "environment_variable": [
                  {
                    "name": "AWS_PARTITION",
                    "type": "PLAINTEXT",
                    "value": "aws"
                  }
                ],
                "image": "aws/codebuild/amazonlinux2-x86_64-standard:3.0",
                "image_pull_credentials_type": "CODEBUILD",
                "privileged_mode": false,
                "registry_credential": [],
                "type": "LINUX_CONTAINER"
              }
            ],
            "file_system_locations": [],
            "id": "arn:aws:codebuild:eu-west-1:804448413129:project/ct-aft-account-provisioning-customizations",
            "logs_config": [
              {
                "cloudwatch_logs": [
                  {
                    "group_name": "/aws/codebuild/ct-aft-account-provisioning-customizations",
                    "status": "ENABLED",
                    "stream_name": ""
                  }
                ],
                "s3_logs": [
                  {
                    "bucket_owner_access": "",
                    "encryption_disabled": false,
                    "location": "aft-customizations-pipeline-804448413129/ct-aft-account-provisioning-customization-logs",
                    "status": "ENABLED"
                  }
                ]
              }
            ],
            "name": "ct-aft-account-provisioning-customizations",
            "project_visibility": "PRIVATE",
            "public_project_alias": "",
            "queued_timeout": 480,
            "resource_access_role": "",
            "secondary_artifacts": [],
            "secondary_source_version": [],
            "secondary_sources": [],
            "service_role": "arn:aws:iam::804448413129:role/ct-aft-codebuild-account-provisioning-customizations-role",
            "source": [
              {
                "auth": [],
                "build_status_config": [],
                "buildspec": "# Copyright Amazon.com, Inc. or its affiliates. All rights reserved.\n# SPDX-License-Identifier: Apache-2.0\n#\nversion: 0.2\n\nphases:\n  pre_build:\n    commands:\n      - DEFAULT_PATH=$(pwd)\n      - TIMESTAMP=$(date '+%Y-%m-%d %H:%M:%S')\n      - AWS_MODULE_SOURCE=$(aws ssm get-parameter --name \"/aft/config/aft-pipeline-code-source/repo-url\" --query \"Parameter.Value\" --output text)\n      - AWS_MODULE_GIT_REF=$(aws ssm get-parameter --name \"/aft/config/aft-pipeline-code-source/repo-git-ref\" --query \"Parameter.Value\" --output text)\n      - TF_VERSION=$(aws ssm get-parameter --name \"/aft/config/terraform/version\" --query \"Parameter.Value\" --output text)\n      - TF_DISTRIBUTION=$(aws ssm get-parameter --name \"/aft/config/terraform/distribution\" --query \"Parameter.Value\" --output text)\n      - CT_MGMT_REGION=$(aws ssm get-parameter --name \"/aft/config/ct-management-region\" --query \"Parameter.Value\" --output text)\n      - AFT_MGMT_ACCOUNT=$(aws sts get-caller-identity --query Account --output text)\n      - AFT_EXEC_ROLE_ARN=arn:$AWS_PARTITION:iam::$AFT_MGMT_ACCOUNT:role/AWSAFTExecution\n      - AFT_ADMIN_ROLE_NAME=$(aws ssm get-parameter --name /aft/resources/iam/aft-administrator-role-name | jq --raw-output \".Parameter.Value\")\n      - AFT_ADMIN_ROLE_ARN=arn:$AWS_PARTITION:iam::$AFT_MGMT_ACCOUNT:role/$AFT_ADMIN_ROLE_NAME\n      - ROLE_SESSION_NAME=$(aws ssm get-parameter --name /aft/resources/iam/aft-session-name | jq --raw-output \".Parameter.Value\")\n      - |\n        ssh_key_parameter=$(aws ssm get-parameter --name /aft/config/aft-ssh-key --with-decryption 2\u003e /dev/null || echo \"None\")\n        if [[ $ssh_key_parameter != \"None\" ]]; then\n          ssh_key=$(jq --raw-output \".Parameter.Value\" \u003c\u003c\u003c $ssh_key_parameter)\n          mkdir -p ~/.ssh\n          echo \"Host *\" \u003e\u003e ~/.ssh/config\n          echo \"StrictHostKeyChecking no\" \u003e\u003e ~/.ssh/config\n          echo \"UserKnownHostsFile=/dev/null\" \u003e\u003e ~/.ssh/config\n          echo \"$ssh_key\" \u003e ~/.ssh/ssh_key\n          echo -e \"\\n\\n\" \u003e\u003e  ~/.ssh/ssh_key\n          chmod 600 ~/.ssh/ssh_key\n          eval \"$(ssh-agent -s)\"\n          ssh-add ~/.ssh/ssh_key\n        fi\n      - git config --global credential.helper '!aws codecommit credential-helper $@'\n      - git config --global credential.UseHttpPath true\n      - git clone -b $AWS_MODULE_GIT_REF $AWS_MODULE_SOURCE aws-aft-core-framework\n      - python3 -m venv ./venv\n      - source ./venv/bin/activate\n      - pip install jinja2-cli==0.7.0 Jinja2==3.0.1 MarkupSafe==2.0.1 boto3==1.18.56 requests==2.26.0\n      - |\n        if [ $TF_DISTRIBUTION = \"oss\" ]; then\n          TF_BACKEND_REGION=$(aws ssm get-parameter --name \"/aft/config/oss-backend/primary-region\" --query \"Parameter.Value\" --output text)\n          TF_KMS_KEY_ID=$(aws ssm get-parameter --name \"/aft/config/oss-backend/kms-key-id\" --query \"Parameter.Value\" --output text)\n          TF_DDB_TABLE=$(aws ssm get-parameter --name \"/aft/config/oss-backend/table-id\" --query \"Parameter.Value\" --output text)\n          TF_S3_BUCKET=$(aws ssm get-parameter --name \"/aft/config/oss-backend/bucket-id\" --query \"Parameter.Value\" --output text)\n          TF_S3_KEY=account-provisioning-customizations/terraform.tfstate\n          cd /tmp\n          echo \"Installing Terraform\"\n          curl -o terraform_${TF_VERSION}_linux_amd64.zip https://releases.hashicorp.com/terraform/${TF_VERSION}/terraform_${TF_VERSION}_linux_amd64.zip\n          unzip -o terraform_${TF_VERSION}_linux_amd64.zip \u0026\u0026 mv terraform /usr/bin\n          terraform -no-color --version\n          cd $DEFAULT_PATH/terraform\n          for f in *.jinja; do jinja2 $f -D timestamp=\"$TIMESTAMP\" -D tf_distribution_type=$TF_DISTRIBUTION -D region=$TF_BACKEND_REGION -D provider_region=$CT_MGMT_REGION -D bucket=$TF_S3_BUCKET -D key=$TF_S3_KEY -D dynamodb_table=$TF_DDB_TABLE -D kms_key_id=$TF_KMS_KEY_ID -D aft_admin_role_arn=$AFT_EXEC_ROLE_ARN \u003e\u003e ./$(basename $f .jinja).tf; done\n          for f in *.tf; do echo \"\\n \\n\"; echo $f; cat $f; done\n          JSON=$(aws sts assume-role --role-arn ${AFT_ADMIN_ROLE_ARN} --role-session-name ${ROLE_SESSION_NAME})\n          #Make newly assumed role default session\n          export AWS_ACCESS_KEY_ID=$(echo ${JSON} | jq --raw-output \".Credentials[\\\"AccessKeyId\\\"]\")\n          export AWS_SECRET_ACCESS_KEY=$(echo ${JSON} | jq --raw-output \".Credentials[\\\"SecretAccessKey\\\"]\")\n          export AWS_SESSION_TOKEN=$(echo ${JSON} | jq --raw-output \".Credentials[\\\"SessionToken\\\"]\")\n          terraform init -no-color\n        else\n          TF_BACKEND_REGION=$(aws ssm get-parameter --name \"/aft/config/oss-backend/primary-region\" --query \"Parameter.Value\" --output text)\n          TF_ORG_NAME=$(aws ssm get-parameter --name \"/aft/config/terraform/org-name\" --query \"Parameter.Value\" --output text)\n          TF_TOKEN=$(aws ssm get-parameter --name \"/aft/config/terraform/token\" --with-decryption --query \"Parameter.Value\" --output text)\n          TF_ENDPOINT=$(aws ssm get-parameter --name \"/aft/config/terraform/api-endpoint\" --query \"Parameter.Value\" --output text)\n          TF_WORKSPACE_NAME=\"ct-aft-account-provisioning-customizations\"\n          TF_CONFIG_PATH=\"./temp_configuration_file.tar.gz\"\n          cd $DEFAULT_PATH/terraform\n          for f in *.jinja; do jinja2 $f -D timestamp=\"$TIMESTAMP\" -D provider_region=$CT_MGMT_REGION -D tf_distribution_type=$TF_DISTRIBUTION -D terraform_org_name=$TF_ORG_NAME -D terraform_workspace_name=$TF_WORKSPACE_NAME -D aft_admin_role_arn=$AFT_EXEC_ROLE_ARN \u003e\u003e ./$(basename $f .jinja).tf; done\n          for f in *.tf; do echo \"\\n \\n\"; echo $f; cat $f; done\n          cd $DEFAULT_PATH\n          tar -czf temp_configuration_file.tar.gz -C terraform --exclude .git --exclude venv .\n          python3 $DEFAULT_PATH/aws-aft-core-framework/sources/scripts/workspace_manager.py --operation \"deploy\" --organization_name $TF_ORG_NAME --workspace_name $TF_WORKSPACE_NAME --assume_role_arn $AFT_ADMIN_ROLE_ARN --assume_role_session_name $ROLE_SESSION_NAME --api_endpoint $TF_ENDPOINT --api_token $TF_TOKEN --terraform_version $TF_VERSION --config_file $TF_CONFIG_PATH\n        fi\n\n  build:\n    commands:\n      - |\n        if [ $TF_DISTRIBUTION = \"oss\" ]; then\n          terraform apply -no-color --auto-approve\n        fi\n  post_build:\n    commands:\n      - echo \"Post-Build\"\n",
                "git_clone_depth": 0,
                "git_submodules_config": [],
                "insecure_ssl": false,
                "location": "",
                "report_build_status": false,
                "type": "CODEPIPELINE"
              }
            ],
            "source_version": "",
            "tags": null,
            "tags_all": {
              "managed_by": "AFT"
            },
            "vpc_config": [
              {
                "security_group_ids": [
                  "sg-0d5a3a51c1cf3042b"
                ],
                "subnets": [
                  "subnet-090ee28a6b2779f35",
                  "subnet-0fbf0295c6df87487"
                ],
                "vpc_id": "vpc-0738a48762cabc9e5"
              }
            ]
          },
          "sensitive_attributes": [],
          "private": "bnVsbA==",
          "dependencies": [
            "module.aft.data.aws_partition.current",
            "module.aft.module.aft_account_request_framework.aws_kms_key.aft",
            "module.aft.module.aft_account_request_framework.aws_security_group.aft_vpc_default_sg",
            "module.aft.module.aft_account_request_framework.aws_subnet.aft_vpc_private_subnet_01",
            "module.aft.module.aft_account_request_framework.aws_subnet.aft_vpc_private_subnet_02",
            "module.aft.module.aft_account_request_framework.aws_vpc.aft_vpc",
            "module.aft.module.aft_account_request_framework.data.aws_availability_zones.available",
            "module.aft.module.aft_code_repositories.aws_cloudwatch_log_group.account_provisioning_customizations",
            "module.aft.module.aft_code_repositories.aws_cloudwatch_log_group.account_request",
            "module.aft.module.aft_code_repositories.aws_iam_role.account_provisioning_customizations_codebuild_role",
            "module.aft.module.aft_code_repositories.data.aws_partition.current",
            "module.aft.module.aft_code_repositories.data.local_file.account_provisioning_customizations_buildspec",
            "module.aft.module.aft_customizations.aws_s3_bucket.aft_codepipeline_customizations_bucket",
            "module.aft.module.aft_customizations.data.aws_caller_identity.current"
          ]
        }
      ]
    },
    {
      "module": "module.aft.module.aft_code_repositories",
      "mode": "managed",
      "type": "aws_codebuild_project",
      "name": "account_request",
      "provider": "module.aft.provider[\"registry.terraform.io/hashicorp/aws\"].aft_management",
      "instances": [
        {
          "schema_version": 0,
          "attributes": {
            "arn": "arn:aws:codebuild:eu-west-1:804448413129:project/ct-aft-account-request",
            "artifacts": [
              {
                "artifact_identifier": "",
                "bucket_owner_access": "",
                "encryption_disabled": false,
                "location": "",
                "name": "ct-aft-account-request",
                "namespace_type": "",
                "override_artifact_name": false,
                "packaging": "NONE",
                "path": "",
                "type": "CODEPIPELINE"
              }
            ],
            "badge_enabled": false,
            "badge_url": "",
            "build_batch_config": [],
            "build_timeout": 60,
            "cache": [
              {
                "location": "",
                "modes": [],
                "type": "NO_CACHE"
              }
            ],
            "concurrent_build_limit": 0,
            "description": "Job to apply Terraform for Account Requests",
            "encryption_key": "arn:aws:kms:eu-west-1:804448413129:key/207fe238-7aba-4608-9ba2-1da2f28b1578",
            "environment": [
              {
                "certificate": "",
                "compute_type": "BUILD_GENERAL1_MEDIUM",
                "environment_variable": [
                  {
                    "name": "AWS_PARTITION",
                    "type": "PLAINTEXT",
                    "value": "aws"
                  }
                ],
                "image": "aws/codebuild/amazonlinux2-x86_64-standard:3.0",
                "image_pull_credentials_type": "CODEBUILD",
                "privileged_mode": false,
                "registry_credential": [],
                "type": "LINUX_CONTAINER"
              }
            ],
            "file_system_locations": [],
            "id": "arn:aws:codebuild:eu-west-1:804448413129:project/ct-aft-account-request",
            "logs_config": [
              {
                "cloudwatch_logs": [
                  {
                    "group_name": "/aws/codebuild/ct-aft-account-request",
                    "status": "ENABLED",
                    "stream_name": ""
                  }
                ],
                "s3_logs": [
                  {
                    "bucket_owner_access": "",
                    "encryption_disabled": false,
                    "location": "aft-customizations-pipeline-804448413129/ct-aft-account-request-logs",
                    "status": "ENABLED"
                  }
                ]
              }
            ],
            "name": "ct-aft-account-request",
            "project_visibility": "PRIVATE",
            "public_project_alias": "",
            "queued_timeout": 480,
            "resource_access_role": "",
            "secondary_artifacts": [],
            "secondary_source_version": [],
            "secondary_sources": [],
            "service_role": "arn:aws:iam::804448413129:role/ct-aft-codebuild-account-request-role",
            "source": [
              {
                "auth": [],
                "build_status_config": [],
                "buildspec": "# Copyright Amazon.com, Inc. or its affiliates. All rights reserved.\n# SPDX-License-Identifier: Apache-2.0\n#\nversion: 0.2\n\nphases:\n  pre_build:\n    commands:\n      - DEFAULT_PATH=$(pwd)\n      - TIMESTAMP=$(date '+%Y-%m-%d %H:%M:%S')\n      - AWS_MODULE_SOURCE=$(aws ssm get-parameter --name \"/aft/config/aft-pipeline-code-source/repo-url\" --query \"Parameter.Value\" --output text)\n      - AWS_MODULE_GIT_REF=$(aws ssm get-parameter --name \"/aft/config/aft-pipeline-code-source/repo-git-ref\" --query \"Parameter.Value\" --output text)\n      - TF_VERSION=$(aws ssm get-parameter --name \"/aft/config/terraform/version\" --query \"Parameter.Value\" --output text)\n      - TF_DISTRIBUTION=$(aws ssm get-parameter --name \"/aft/config/terraform/distribution\" --query \"Parameter.Value\" --output text)\n      - CT_MGMT_REGION=$(aws ssm get-parameter --name \"/aft/config/ct-management-region\" --query \"Parameter.Value\" --output text)\n      - AFT_MGMT_ACCOUNT=$(aws sts get-caller-identity --query Account --output text)\n      - AFT_EXEC_ROLE_ARN=arn:$AWS_PARTITION:iam::$AFT_MGMT_ACCOUNT:role/AWSAFTExecution\n      - AFT_ADMIN_ROLE_NAME=$(aws ssm get-parameter --name /aft/resources/iam/aft-administrator-role-name | jq --raw-output \".Parameter.Value\")\n      - AFT_ADMIN_ROLE_ARN=arn:$AWS_PARTITION:iam::$AFT_MGMT_ACCOUNT:role/$AFT_ADMIN_ROLE_NAME\n      - ROLE_SESSION_NAME=$(aws ssm get-parameter --name /aft/resources/iam/aft-session-name | jq --raw-output \".Parameter.Value\")\n      - |\n        ssh_key_parameter=$(aws ssm get-parameter --name /aft/config/aft-ssh-key --with-decryption 2\u003e /dev/null || echo \"None\")\n        if [[ $ssh_key_parameter != \"None\" ]]; then\n          ssh_key=$(jq --raw-output \".Parameter.Value\" \u003c\u003c\u003c $ssh_key_parameter)\n          mkdir -p ~/.ssh\n          echo \"Host *\" \u003e\u003e ~/.ssh/config\n          echo \"StrictHostKeyChecking no\" \u003e\u003e ~/.ssh/config\n          echo \"UserKnownHostsFile=/dev/null\" \u003e\u003e ~/.ssh/config\n          echo \"$ssh_key\" \u003e ~/.ssh/ssh_key\n          echo -e \"\\n\\n\" \u003e\u003e  ~/.ssh/ssh_key\n          chmod 600 ~/.ssh/ssh_key\n          eval \"$(ssh-agent -s)\"\n          ssh-add ~/.ssh/ssh_key\n        fi\n      - git config --global credential.helper '!aws codecommit credential-helper $@'\n      - git config --global credential.UseHttpPath true\n      - git clone -b $AWS_MODULE_GIT_REF $AWS_MODULE_SOURCE aws-aft-core-framework\n      - python3 -m venv ./venv\n      - source ./venv/bin/activate\n      - pip install jinja2-cli==0.7.0 Jinja2==3.0.1 MarkupSafe==2.0.1 boto3==1.18.56 requests==2.26.0\n      - |\n        if [ $TF_DISTRIBUTION = \"oss\" ]; then\n          TF_BACKEND_REGION=$(aws ssm get-parameter --name \"/aft/config/oss-backend/primary-region\" --query \"Parameter.Value\" --output text)\n          TF_KMS_KEY_ID=$(aws ssm get-parameter --name \"/aft/config/oss-backend/kms-key-id\" --query \"Parameter.Value\" --output text)\n          TF_DDB_TABLE=$(aws ssm get-parameter --name \"/aft/config/oss-backend/table-id\" --query \"Parameter.Value\" --output text)\n          TF_S3_BUCKET=$(aws ssm get-parameter --name \"/aft/config/oss-backend/bucket-id\" --query \"Parameter.Value\" --output text)\n          TF_S3_KEY=account-request/terraform.tfstate\n          cd /tmp\n          echo \"Installing Terraform\"\n          curl -o terraform_${TF_VERSION}_linux_amd64.zip https://releases.hashicorp.com/terraform/${TF_VERSION}/terraform_${TF_VERSION}_linux_amd64.zip\n          unzip -o terraform_${TF_VERSION}_linux_amd64.zip \u0026\u0026 mv terraform /usr/bin\n          terraform --version\n          cd $DEFAULT_PATH/terraform\n          for f in *.jinja; do jinja2 $f -D timestamp=\"$TIMESTAMP\" -D tf_distribution_type=$TF_DISTRIBUTION -D provider_region=$CT_MGMT_REGION -D region=$TF_BACKEND_REGION -D bucket=$TF_S3_BUCKET -D key=$TF_S3_KEY -D dynamodb_table=$TF_DDB_TABLE -D kms_key_id=$TF_KMS_KEY_ID -D aft_admin_role_arn=$AFT_EXEC_ROLE_ARN \u003e\u003e ./$(basename $f .jinja).tf; done\n          for f in *.tf; do echo \"\\n \\n\"; echo $f; cat $f; done\n          JSON=$(aws sts assume-role --role-arn ${AFT_ADMIN_ROLE_ARN} --role-session-name ${ROLE_SESSION_NAME})\n          #Make newly assumed role default session\n          export AWS_ACCESS_KEY_ID=$(echo ${JSON} | jq --raw-output \".Credentials[\\\"AccessKeyId\\\"]\")\n          export AWS_SECRET_ACCESS_KEY=$(echo ${JSON} | jq --raw-output \".Credentials[\\\"SecretAccessKey\\\"]\")\n          export AWS_SESSION_TOKEN=$(echo ${JSON} | jq --raw-output \".Credentials[\\\"SessionToken\\\"]\")\n          terraform init -no-color\n        else\n          TF_ORG_NAME=$(aws ssm get-parameter --name \"/aft/config/terraform/org-name\" --query \"Parameter.Value\" --output text)\n          TF_TOKEN=$(aws ssm get-parameter --name \"/aft/config/terraform/token\" --with-decryption --query \"Parameter.Value\" --output text)\n          TF_ENDPOINT=$(aws ssm get-parameter --name \"/aft/config/terraform/api-endpoint\" --query \"Parameter.Value\" --output text)\n          TF_WORKSPACE_NAME=\"ct-aft-account-request\"\n          TF_CONFIG_PATH=\"./temp_configuration_file.tar.gz\"\n          cd $DEFAULT_PATH/terraform\n          for f in *.jinja; do jinja2 $f -D timestamp=\"$TIMESTAMP\" -D provider_region=$CT_MGMT_REGION -D tf_distribution_type=$TF_DISTRIBUTION -D terraform_org_name=$TF_ORG_NAME -D terraform_workspace_name=$TF_WORKSPACE_NAME -D aft_admin_role_arn=$AFT_EXEC_ROLE_ARN \u003e\u003e ./$(basename $f .jinja).tf; done\n          for f in *.tf; do echo \"\\n \\n\"; echo $f; cat $f; done\n          cd $DEFAULT_PATH\n          tar -czf temp_configuration_file.tar.gz -C terraform --exclude .git --exclude venv .\n          python3 $DEFAULT_PATH/aws-aft-core-framework/sources/scripts/workspace_manager.py --operation \"deploy\" --organization_name $TF_ORG_NAME --workspace_name $TF_WORKSPACE_NAME --assume_role_arn $AFT_ADMIN_ROLE_ARN --assume_role_session_name $ROLE_SESSION_NAME --api_endpoint $TF_ENDPOINT --api_token $TF_TOKEN --terraform_version $TF_VERSION --config_file $TF_CONFIG_PATH\n        fi\n\n  build:\n    commands:\n      - |\n        if [ $TF_DISTRIBUTION = \"oss\" ]; then\n          terraform apply -no-color --auto-approve\n        fi\n  post_build:\n    commands:\n      - echo \"Post-Build\"\n",
                "git_clone_depth": 0,
                "git_submodules_config": [],
                "insecure_ssl": false,
                "location": "",
                "report_build_status": false,
                "type": "CODEPIPELINE"
              }
            ],
            "source_version": "",
            "tags": null,
            "tags_all": {
              "managed_by": "AFT"
            },
            "vpc_config": [
              {
                "security_group_ids": [
                  "sg-0d5a3a51c1cf3042b"
                ],
                "subnets": [
                  "subnet-090ee28a6b2779f35",
                  "subnet-0fbf0295c6df87487"
                ],
                "vpc_id": "vpc-0738a48762cabc9e5"
              }
            ]
          },
          "sensitive_attributes": [],
          "private": "bnVsbA==",
          "dependencies": [
            "module.aft.data.aws_partition.current",
            "module.aft.module.aft_account_request_framework.aws_kms_key.aft",
            "module.aft.module.aft_account_request_framework.aws_security_group.aft_vpc_default_sg",
            "module.aft.module.aft_account_request_framework.aws_subnet.aft_vpc_private_subnet_01",
            "module.aft.module.aft_account_request_framework.aws_subnet.aft_vpc_private_subnet_02",
            "module.aft.module.aft_account_request_framework.aws_vpc.aft_vpc",
            "module.aft.module.aft_account_request_framework.data.aws_availability_zones.available",
            "module.aft.module.aft_code_repositories.aws_cloudwatch_log_group.account_request",
            "module.aft.module.aft_code_repositories.aws_iam_role.account_request_codebuild_role",
            "module.aft.module.aft_code_repositories.data.aws_partition.current",
            "module.aft.module.aft_code_repositories.data.local_file.account_request_buildspec",
            "module.aft.module.aft_customizations.aws_s3_bucket.aft_codepipeline_customizations_bucket",
            "module.aft.module.aft_customizations.data.aws_caller_identity.current"
          ]
        }
      ]
    },
    {
      "module": "module.aft.module.aft_code_repositories",
      "mode": "managed",
      "type": "aws_codecommit_repository",
      "name": "account_customizations",
      "provider": "module.aft.provider[\"registry.terraform.io/hashicorp/aws\"].aft_management",
      "instances": [
        {
          "index_key": 0,
          "schema_version": 0,
          "attributes": {
            "arn": "arn:aws:codecommit:eu-west-1:804448413129:aft-account-customizations",
            "clone_url_http": "https://git-codecommit.eu-west-1.amazonaws.com/v1/repos/aft-account-customizations",
            "clone_url_ssh": "ssh://git-codecommit.eu-west-1.amazonaws.com/v1/repos/aft-account-customizations",
            "default_branch": "",
            "description": "This repo holds the Account Customizations for the CT-AFT solution",
            "id": "aft-account-customizations",
            "repository_id": "e2ced6c4-94f6-46c7-b2e4-2734c7bf187b",
            "repository_name": "aft-account-customizations",
            "tags": null,
            "tags_all": {
              "managed_by": "AFT"
            }
          },
          "sensitive_attributes": [],
          "private": "bnVsbA==",
          "dependencies": [
            "module.aft.data.aws_partition.current"
          ]
        }
      ]
    },
    {
      "module": "module.aft.module.aft_code_repositories",
      "mode": "managed",
      "type": "aws_codecommit_repository",
      "name": "account_provisioning_customizations",
      "provider": "module.aft.provider[\"registry.terraform.io/hashicorp/aws\"].aft_management",
      "instances": [
        {
          "index_key": 0,
          "schema_version": 0,
          "attributes": {
            "arn": "arn:aws:codecommit:eu-west-1:804448413129:aft-account-provisioning-customizations",
            "clone_url_http": "https://git-codecommit.eu-west-1.amazonaws.com/v1/repos/aft-account-provisioning-customizations",
            "clone_url_ssh": "ssh://git-codecommit.eu-west-1.amazonaws.com/v1/repos/aft-account-provisioning-customizations",
            "default_branch": "",
            "description": "This repo holds the Account Provisioning Customizations Step Function Terraform Project",
            "id": "aft-account-provisioning-customizations",
            "repository_id": "b91cab99-76f3-4189-9e9a-18cdad31ace7",
            "repository_name": "aft-account-provisioning-customizations",
            "tags": null,
            "tags_all": {
              "managed_by": "AFT"
            }
          },
          "sensitive_attributes": [],
          "private": "bnVsbA==",
          "dependencies": [
            "module.aft.data.aws_partition.current"
          ]
        }
      ]
    },
    {
      "module": "module.aft.module.aft_code_repositories",
      "mode": "managed",
      "type": "aws_codecommit_repository",
      "name": "account_request",
      "provider": "module.aft.provider[\"registry.terraform.io/hashicorp/aws\"].aft_management",
      "instances": [
        {
          "index_key": 0,
          "schema_version": 0,
          "attributes": {
            "arn": "arn:aws:codecommit:eu-west-1:804448413129:aft-account-request",
            "clone_url_http": "https://git-codecommit.eu-west-1.amazonaws.com/v1/repos/aft-account-request",
            "clone_url_ssh": "ssh://git-codecommit.eu-west-1.amazonaws.com/v1/repos/aft-account-request",
            "default_branch": "",
            "description": "This repo holds the Account Request Terraform for the CT-AFT solution",
            "id": "aft-account-request",
            "repository_id": "9c2dc97a-bd29-46fb-819e-a5118f4624d3",
            "repository_name": "aft-account-request",
            "tags": null,
            "tags_all": {
              "managed_by": "AFT"
            }
          },
          "sensitive_attributes": [],
          "private": "bnVsbA==",
          "dependencies": [
            "module.aft.data.aws_partition.current"
          ]
        }
      ]
    },
    {
      "module": "module.aft.module.aft_code_repositories",
      "mode": "managed",
      "type": "aws_codecommit_repository",
      "name": "global_customizations",
      "provider": "module.aft.provider[\"registry.terraform.io/hashicorp/aws\"].aft_management",
      "instances": [
        {
          "index_key": 0,
          "schema_version": 0,
          "attributes": {
            "arn": "arn:aws:codecommit:eu-west-1:804448413129:aft-global-customizations",
            "clone_url_http": "https://git-codecommit.eu-west-1.amazonaws.com/v1/repos/aft-global-customizations",
            "clone_url_ssh": "ssh://git-codecommit.eu-west-1.amazonaws.com/v1/repos/aft-global-customizations",
            "default_branch": "",
            "description": "This repo holds the Global Customizations for the CT-AFT solution",
            "id": "aft-global-customizations",
            "repository_id": "ef5aba16-f459-4f80-a694-fa3d8f6559d8",
            "repository_name": "aft-global-customizations",
            "tags": null,
            "tags_all": {
              "managed_by": "AFT"
            }
          },
          "sensitive_attributes": [],
          "private": "bnVsbA==",
          "dependencies": [
            "module.aft.data.aws_partition.current"
          ]
        }
      ]
    },
    {
      "module": "module.aft.module.aft_code_repositories",
      "mode": "managed",
      "type": "aws_codepipeline",
      "name": "codecommit_account_provisioning_customizations",
      "provider": "module.aft.provider[\"registry.terraform.io/hashicorp/aws\"].aft_management",
      "instances": [
        {
          "index_key": 0,
          "schema_version": 0,
          "attributes": {
            "arn": "arn:aws:codepipeline:eu-west-1:804448413129:ct-aft-account-provisioning-customizations",
            "artifact_store": [
              {
                "encryption_key": [
                  {
                    "id": "arn:aws:kms:eu-west-1:804448413129:key/207fe238-7aba-4608-9ba2-1da2f28b1578",
                    "type": "KMS"
                  }
                ],
                "location": "aft-customizations-pipeline-804448413129",
                "region": "",
                "type": "S3"
              }
            ],
            "id": "ct-aft-account-provisioning-customizations",
            "name": "ct-aft-account-provisioning-customizations",
            "role_arn": "arn:aws:iam::804448413129:role/ct-aft-codepipeline-account-provisioning-customizations-role",
            "stage": [
              {
                "action": [
                  {
                    "category": "Source",
                    "configuration": {
                      "BranchName": "main",
                      "OutputArtifactFormat": "CODE_ZIP",
                      "PollForSourceChanges": "false",
                      "RepositoryName": "aft-account-provisioning-customizations"
                    },
                    "input_artifacts": null,
                    "name": "account-provisioning-customizations",
                    "namespace": "",
                    "output_artifacts": [
                      "account-provisioning-customizations"
                    ],
                    "owner": "AWS",
                    "provider": "CodeCommit",
                    "region": "",
                    "role_arn": "",
                    "run_order": 1,
                    "version": "1"
                  }
                ],
                "name": "Source"
              },
              {
                "action": [
                  {
                    "category": "Build",
                    "configuration": {
                      "ProjectName": "ct-aft-account-provisioning-customizations"
                    },
                    "input_artifacts": [
                      "account-provisioning-customizations"
                    ],
                    "name": "Apply-Terraform",
                    "namespace": "",
                    "output_artifacts": [
                      "account-provisioning-customizations-output"
                    ],
                    "owner": "AWS",
                    "provider": "CodeBuild",
                    "region": "",
                    "role_arn": "",
                    "run_order": 2,
                    "version": "1"
                  }
                ],
                "name": "terraform-apply"
              }
            ],
            "tags": null,
            "tags_all": {
              "managed_by": "AFT"
            }
          },
          "sensitive_attributes": [],
          "private": "bnVsbA==",
          "dependencies": [
            "module.aft.data.aws_partition.current",
            "module.aft.module.aft_account_request_framework.aws_kms_key.aft",
            "module.aft.module.aft_account_request_framework.aws_security_group.aft_vpc_default_sg",
            "module.aft.module.aft_account_request_framework.aws_subnet.aft_vpc_private_subnet_01",
            "module.aft.module.aft_account_request_framework.aws_subnet.aft_vpc_private_subnet_02",
            "module.aft.module.aft_account_request_framework.aws_vpc.aft_vpc",
            "module.aft.module.aft_account_request_framework.data.aws_availability_zones.available",
            "module.aft.module.aft_code_repositories.aws_cloudwatch_log_group.account_provisioning_customizations",
            "module.aft.module.aft_code_repositories.aws_cloudwatch_log_group.account_request",
            "module.aft.module.aft_code_repositories.aws_codebuild_project.account_provisioning_customizations_pipeline",
            "module.aft.module.aft_code_repositories.aws_iam_role.account_provisioning_customizations_codebuild_role",
            "module.aft.module.aft_code_repositories.aws_iam_role.account_provisioning_customizations_codepipeline_role",
            "module.aft.module.aft_code_repositories.data.aws_partition.current",
            "module.aft.module.aft_code_repositories.data.local_file.account_provisioning_customizations_buildspec",
            "module.aft.module.aft_customizations.aws_s3_bucket.aft_codepipeline_customizations_bucket",
            "module.aft.module.aft_customizations.data.aws_caller_identity.current"
          ]
        }
      ]
    },
    {
      "module": "module.aft.module.aft_code_repositories",
      "mode": "managed",
      "type": "aws_codepipeline",
      "name": "codecommit_account_request",
      "provider": "module.aft.provider[\"registry.terraform.io/hashicorp/aws\"].aft_management",
      "instances": [
        {
          "index_key": 0,
          "schema_version": 0,
          "attributes": {
            "arn": "arn:aws:codepipeline:eu-west-1:804448413129:ct-aft-account-request",
            "artifact_store": [
              {
                "encryption_key": [
                  {
                    "id": "arn:aws:kms:eu-west-1:804448413129:key/207fe238-7aba-4608-9ba2-1da2f28b1578",
                    "type": "KMS"
                  }
                ],
                "location": "aft-customizations-pipeline-804448413129",
                "region": "",
                "type": "S3"
              }
            ],
            "id": "ct-aft-account-request",
            "name": "ct-aft-account-request",
            "role_arn": "arn:aws:iam::804448413129:role/ct-aft-codepipeline-account-request-role",
            "stage": [
              {
                "action": [
                  {
                    "category": "Source",
                    "configuration": {
                      "BranchName": "main",
                      "OutputArtifactFormat": "CODE_ZIP",
                      "PollForSourceChanges": "false",
                      "RepositoryName": "aft-account-request"
                    },
                    "input_artifacts": null,
                    "name": "account-request",
                    "namespace": "",
                    "output_artifacts": [
                      "account-request"
                    ],
                    "owner": "AWS",
                    "provider": "CodeCommit",
                    "region": "",
                    "role_arn": "",
                    "run_order": 1,
                    "version": "1"
                  }
                ],
                "name": "Source"
              },
              {
                "action": [
                  {
                    "category": "Build",
                    "configuration": {
                      "ProjectName": "ct-aft-account-request"
                    },
                    "input_artifacts": [
                      "account-request"
                    ],
                    "name": "Apply-Terraform",
                    "namespace": "",
                    "output_artifacts": [
                      "account-request-terraform"
                    ],
                    "owner": "AWS",
                    "provider": "CodeBuild",
                    "region": "",
                    "role_arn": "",
                    "run_order": 2,
                    "version": "1"
                  }
                ],
                "name": "terraform-apply"
              }
            ],
            "tags": null,
            "tags_all": {
              "managed_by": "AFT"
            }
          },
          "sensitive_attributes": [],
          "private": "bnVsbA==",
          "dependencies": [
            "module.aft.data.aws_partition.current",
            "module.aft.module.aft_account_request_framework.aws_kms_key.aft",
            "module.aft.module.aft_account_request_framework.aws_security_group.aft_vpc_default_sg",
            "module.aft.module.aft_account_request_framework.aws_subnet.aft_vpc_private_subnet_01",
            "module.aft.module.aft_account_request_framework.aws_subnet.aft_vpc_private_subnet_02",
            "module.aft.module.aft_account_request_framework.aws_vpc.aft_vpc",
            "module.aft.module.aft_account_request_framework.data.aws_availability_zones.available",
            "module.aft.module.aft_code_repositories.aws_cloudwatch_log_group.account_request",
            "module.aft.module.aft_code_repositories.aws_codebuild_project.account_request",
            "module.aft.module.aft_code_repositories.aws_iam_role.account_request_codebuild_role",
            "module.aft.module.aft_code_repositories.aws_iam_role.account_request_codepipeline_role",
            "module.aft.module.aft_code_repositories.data.aws_partition.current",
            "module.aft.module.aft_code_repositories.data.local_file.account_request_buildspec",
            "module.aft.module.aft_customizations.aws_s3_bucket.aft_codepipeline_customizations_bucket",
            "module.aft.module.aft_customizations.data.aws_caller_identity.current"
          ]
        }
      ]
    },
    {
      "module": "module.aft.module.aft_code_repositories",
      "mode": "managed",
      "type": "aws_iam_role",
      "name": "account_provisioning_customizations_codebuild_role",
      "provider": "module.aft.provider[\"registry.terraform.io/hashicorp/aws\"].aft_management",
      "instances": [
        {
          "schema_version": 0,
          "attributes": {
            "arn": "arn:aws:iam::804448413129:role/ct-aft-codebuild-account-provisioning-customizations-role",
            "assume_role_policy": "{\"Statement\":[{\"Action\":\"sts:AssumeRole\",\"Effect\":\"Allow\",\"Principal\":{\"Service\":\"codebuild.amazonaws.com\"}}],\"Version\":\"2012-10-17\"}",
            "create_date": "2023-02-27T18:47:30Z",
            "description": "",
            "force_detach_policies": false,
            "id": "ct-aft-codebuild-account-provisioning-customizations-role",
            "inline_policy": [],
            "managed_policy_arns": [],
            "max_session_duration": 3600,
            "name": "ct-aft-codebuild-account-provisioning-customizations-role",
            "name_prefix": "",
            "path": "/",
            "permissions_boundary": null,
            "tags": null,
            "tags_all": {
              "managed_by": "AFT"
            },
            "unique_id": "AROA3WTG4UXE4QK64MTBG"
          },
          "sensitive_attributes": [],
          "private": "bnVsbA==",
          "dependencies": [
            "module.aft.data.aws_partition.current"
          ]
        }
      ]
    },
    {
      "module": "module.aft.module.aft_code_repositories",
      "mode": "managed",
      "type": "aws_iam_role",
      "name": "account_provisioning_customizations_codepipeline_role",
      "provider": "module.aft.provider[\"registry.terraform.io/hashicorp/aws\"].aft_management",
      "instances": [
        {
          "schema_version": 0,
          "attributes": {
            "arn": "arn:aws:iam::804448413129:role/ct-aft-codepipeline-account-provisioning-customizations-role",
            "assume_role_policy": "{\"Statement\":[{\"Action\":\"sts:AssumeRole\",\"Effect\":\"Allow\",\"Principal\":{\"Service\":\"codepipeline.amazonaws.com\"}}],\"Version\":\"2012-10-17\"}",
            "create_date": "2023-02-27T18:47:22Z",
            "description": "",
            "force_detach_policies": false,
            "id": "ct-aft-codepipeline-account-provisioning-customizations-role",
            "inline_policy": [],
            "managed_policy_arns": [],
            "max_session_duration": 3600,
            "name": "ct-aft-codepipeline-account-provisioning-customizations-role",
            "name_prefix": "",
            "path": "/",
            "permissions_boundary": null,
            "tags": null,
            "tags_all": {
              "managed_by": "AFT"
            },
            "unique_id": "AROA3WTG4UXEUSPFVMNJC"
          },
          "sensitive_attributes": [],
          "private": "bnVsbA==",
          "dependencies": [
            "module.aft.data.aws_partition.current"
          ]
        }
      ]
    },
    {
      "module": "module.aft.module.aft_code_repositories",
      "mode": "managed",
      "type": "aws_iam_role",
      "name": "account_request_codebuild_role",
      "provider": "module.aft.provider[\"registry.terraform.io/hashicorp/aws\"].aft_management",
      "instances": [
        {
          "schema_version": 0,
          "attributes": {
            "arn": "arn:aws:iam::804448413129:role/ct-aft-codebuild-account-request-role",
            "assume_role_policy": "{\"Statement\":[{\"Action\":\"sts:AssumeRole\",\"Effect\":\"Allow\",\"Principal\":{\"Service\":\"codebuild.amazonaws.com\"}}],\"Version\":\"2012-10-17\"}",
            "create_date": "2023-02-27T18:47:31Z",
            "description": "",
            "force_detach_policies": false,
            "id": "ct-aft-codebuild-account-request-role",
            "inline_policy": [],
            "managed_policy_arns": [],
            "max_session_duration": 3600,
            "name": "ct-aft-codebuild-account-request-role",
            "name_prefix": "",
            "path": "/",
            "permissions_boundary": null,
            "tags": null,
            "tags_all": {
              "managed_by": "AFT"
            },
            "unique_id": "AROA3WTG4UXEVW6O4QAOM"
          },
          "sensitive_attributes": [],
          "private": "bnVsbA==",
          "dependencies": [
            "module.aft.data.aws_partition.current"
          ]
        }
      ]
    },
    {
      "module": "module.aft.module.aft_code_repositories",
      "mode": "managed",
      "type": "aws_iam_role",
      "name": "account_request_codepipeline_role",
      "provider": "module.aft.provider[\"registry.terraform.io/hashicorp/aws\"].aft_management",
      "instances": [
        {
          "schema_version": 0,
          "attributes": {
            "arn": "arn:aws:iam::804448413129:role/ct-aft-codepipeline-account-request-role",
            "assume_role_policy": "{\"Statement\":[{\"Action\":\"sts:AssumeRole\",\"Effect\":\"Allow\",\"Principal\":{\"Service\":\"codepipeline.amazonaws.com\"}}],\"Version\":\"2012-10-17\"}",
            "create_date": "2023-02-27T18:47:34Z",
            "description": "",
            "force_detach_policies": false,
            "id": "ct-aft-codepipeline-account-request-role",
            "inline_policy": [],
            "managed_policy_arns": [],
            "max_session_duration": 3600,
            "name": "ct-aft-codepipeline-account-request-role",
            "name_prefix": "",
            "path": "/",
            "permissions_boundary": null,
            "tags": null,
            "tags_all": {
              "managed_by": "AFT"
            },
            "unique_id": "AROA3WTG4UXETMQP7VPNR"
          },
          "sensitive_attributes": [],
          "private": "bnVsbA==",
          "dependencies": [
            "module.aft.data.aws_partition.current"
          ]
        }
      ]
    },
    {
      "module": "module.aft.module.aft_code_repositories",
      "mode": "managed",
      "type": "aws_iam_role",
      "name": "cloudwatch_events_codepipeline_role",
      "provider": "module.aft.provider[\"registry.terraform.io/hashicorp/aws\"].aft_management",
      "instances": [
        {
          "index_key": 0,
          "schema_version": 0,
          "attributes": {
            "arn": "arn:aws:iam::804448413129:role/ct-aft-cwe-codepipeline-role",
            "assume_role_policy": "{\"Statement\":[{\"Action\":\"sts:AssumeRole\",\"Effect\":\"Allow\",\"Principal\":{\"Service\":\"events.amazonaws.com\"}}],\"Version\":\"2012-10-17\"}",
            "create_date": "2023-02-27T18:47:34Z",
            "description": "",
            "force_detach_policies": false,
            "id": "ct-aft-cwe-codepipeline-role",
            "inline_policy": [],
            "managed_policy_arns": [],
            "max_session_duration": 3600,
            "name": "ct-aft-cwe-codepipeline-role",
            "name_prefix": "",
            "path": "/",
            "permissions_boundary": null,
            "tags": null,
            "tags_all": {
              "managed_by": "AFT"
            },
            "unique_id": "AROA3WTG4UXE6PWMUPJK7"
          },
          "sensitive_attributes": [],
          "private": "bnVsbA==",
          "dependencies": [
            "module.aft.data.aws_partition.current"
          ]
        }
      ]
    },
    {
      "module": "module.aft.module.aft_code_repositories",
      "mode": "managed",
      "type": "aws_iam_role_policy",
      "name": "account_provisioning_customizations_codebuild_policy",
      "provider": "module.aft.provider[\"registry.terraform.io/hashicorp/aws\"].aft_management",
      "instances": [
        {
          "schema_version": 0,
          "attributes": {
            "id": "ct-aft-codebuild-account-provisioning-customizations-role:ct-aft-codebuild-account-provisioning-customizations-policy",
            "name": "ct-aft-codebuild-account-provisioning-customizations-policy",
            "name_prefix": null,
            "policy": "{\"Version\":\"2012-10-17\",\"Statement\":[{\"Action\":[\"logs:CreateLogStream\",\"logs:PutLogEvents\"],\"Effect\":\"Allow\",\"Resource\":\"arn:aws:logs:eu-west-1:804448413129:log-group:/aws/codebuild/ct-aft*\"},{\"Action\":[\"ec2:CreateNetworkInterface\",\"ec2:DescribeDhcpOptions\",\"ec2:DescribeNetworkInterfaces\",\"ec2:DeleteNetworkInterface\",\"ec2:DescribeSubnets\",\"ec2:DescribeSecurityGroups\",\"ec2:DescribeVpcs\"],\"Effect\":\"Allow\",\"Resource\":\"*\"},{\"Action\":[\"ec2:CreateNetworkInterfacePermission\"],\"Effect\":\"Allow\",\"Resource\":[\"arn:aws:ec2:eu-west-1:804448413129:network-interface/*\"]},{\"Action\":[\"dynamodb:*Item\"],\"Effect\":\"Allow\",\"Resource\":[\"arn:aws:dynamodb:eu-west-1:804448413129:table/aft-request\"]},{\"Action\":[\"s3:GetObject\",\"s3:GetObjectVersion\",\"s3:GetBucketVersioning\",\"s3:List*\",\"s3:PutObjectAcl\",\"s3:PutObject\"],\"Effect\":\"Allow\",\"Resource\":[\"arn:aws:s3:::aft-customizations-pipeline-804448413129\",\"arn:aws:s3:::aft-customizations-pipeline-804448413129/*\"]},{\"Action\":[\"kms:Decrypt\",\"kms:Encrypt\",\"kms:GenerateDataKey\"],\"Effect\":\"Allow\",\"Resource\":\"arn:aws:kms:eu-west-1:804448413129:key/207fe238-7aba-4608-9ba2-1da2f28b1578\"},{\"Action\":[\"ssm:GetParameters\",\"ssm:GetParameter\"],\"Effect\":\"Allow\",\"Resource\":[\"arn:aws:ssm:eu-west-1:804448413129:parameter/aft/*\"]},{\"Action\":[\"codecommit:GetBranch\",\"codecommit:GetRepository\",\"codecommit:GetCommit\",\"codecommit:GitPull\",\"codecommit:UploadArchive\",\"codecommit:GetUploadArchiveStatus\",\"codecommit:CancelUploadArchive\"],\"Effect\":\"Allow\",\"Resource\":\"arn:aws:codecommit:eu-west-1:804448413129:*account-request*\"},{\"Action\":[\"sts:AssumeRole\"],\"Effect\":\"Allow\",\"Resource\":[\"arn:aws:iam::804448413129:role/AWSAFTAdmin\"]}]}",
            "role": "ct-aft-codebuild-account-provisioning-customizations-role"
          },
          "sensitive_attributes": [],
          "private": "bnVsbA==",
          "dependencies": [
            "module.aft.data.aws_partition.current",
            "module.aft.module.aft_account_request_framework.aws_dynamodb_table.aft_request",
            "module.aft.module.aft_account_request_framework.aws_kms_key.aft",
            "module.aft.module.aft_code_repositories.aws_iam_role.account_provisioning_customizations_codebuild_role",
            "module.aft.module.aft_code_repositories.data.aws_caller_identity.current",
            "module.aft.module.aft_code_repositories.data.aws_partition.current",
            "module.aft.module.aft_code_repositories.data.aws_region.current",
            "module.aft.module.aft_customizations.aws_s3_bucket.aft_codepipeline_customizations_bucket",
            "module.aft.module.aft_customizations.data.aws_caller_identity.current"
          ]
        }
      ]
    },
    {
      "module": "module.aft.module.aft_code_repositories",
      "mode": "managed",
      "type": "aws_iam_role_policy",
      "name": "account_provisioning_customizations_codepipeline_policy",
      "provider": "module.aft.provider[\"registry.terraform.io/hashicorp/aws\"].aft_management",
      "instances": [
        {
          "schema_version": 0,
          "attributes": {
            "id": "ct-aft-codepipeline-account-provisioning-customizations-role:ct-aft-codepipeline-account-provisioning-customizations-policy",
            "name": "ct-aft-codepipeline-account-provisioning-customizations-policy",
            "name_prefix": null,
            "policy": "{\"Version\":\"2012-10-17\",\"Statement\":[{\"Action\":[\"s3:GetObject\",\"s3:GetObjectVersion\",\"s3:GetBucketVersioning\",\"s3:List*\",\"s3:PutObjectAcl\",\"s3:PutObject\"],\"Effect\":\"Allow\",\"Resource\":[\"arn:aws:s3:::aft-customizations-pipeline-804448413129\",\"arn:aws:s3:::aft-customizations-pipeline-804448413129/*\"]},{\"Action\":[\"codebuild:BatchGetBuilds\",\"codebuild:StartBuild\"],\"Effect\":\"Allow\",\"Resource\":\"arn:aws:codebuild:eu-west-1:804448413129:*account-provisioning*\"},{\"Action\":[\"codecommit:GetBranch\",\"codecommit:GetRepository\",\"codecommit:GetCommit\",\"codecommit:GitPull\",\"codecommit:UploadArchive\",\"codecommit:GetUploadArchiveStatus\",\"codecommit:CancelUploadArchive\"],\"Effect\":\"Allow\",\"Resource\":\"arn:aws:codecommit:eu-west-1:804448413129:*account-provisioning*\"},{\"Action\":[\"kms:Decrypt\",\"kms:Encrypt\",\"kms:GenerateDataKey\"],\"Effect\":\"Allow\",\"Resource\":\"arn:aws:kms:eu-west-1:804448413129:key/207fe238-7aba-4608-9ba2-1da2f28b1578\"},{\"Action\":\"codestar-connections:UseConnection\",\"Effect\":\"Allow\",\"Resource\":\"*\"}]}",
            "role": "ct-aft-codepipeline-account-provisioning-customizations-role"
          },
          "sensitive_attributes": [],
          "private": "bnVsbA==",
          "dependencies": [
            "module.aft.data.aws_partition.current",
            "module.aft.module.aft_account_request_framework.aws_kms_key.aft",
            "module.aft.module.aft_code_repositories.aws_iam_role.account_provisioning_customizations_codepipeline_role",
            "module.aft.module.aft_code_repositories.data.aws_caller_identity.current",
            "module.aft.module.aft_code_repositories.data.aws_partition.current",
            "module.aft.module.aft_code_repositories.data.aws_region.current",
            "module.aft.module.aft_customizations.aws_s3_bucket.aft_codepipeline_customizations_bucket",
            "module.aft.module.aft_customizations.data.aws_caller_identity.current"
          ]
        }
      ]
    },
    {
      "module": "module.aft.module.aft_code_repositories",
      "mode": "managed",
      "type": "aws_iam_role_policy",
      "name": "account_request_codebuild_policy",
      "provider": "module.aft.provider[\"registry.terraform.io/hashicorp/aws\"].aft_management",
      "instances": [
        {
          "schema_version": 0,
          "attributes": {
            "id": "ct-aft-codebuild-account-request-role:ct-aft-codebuild-account-request-policy",
            "name": "ct-aft-codebuild-account-request-policy",
            "name_prefix": null,
            "policy": "{\"Version\":\"2012-10-17\",\"Statement\":[{\"Action\":[\"logs:CreateLogStream\",\"logs:PutLogEvents\"],\"Effect\":\"Allow\",\"Resource\":\"arn:aws:logs:eu-west-1:804448413129:log-group:/aws/codebuild/ct-aft*\"},{\"Action\":[\"ec2:CreateNetworkInterface\",\"ec2:DescribeDhcpOptions\",\"ec2:DescribeNetworkInterfaces\",\"ec2:DeleteNetworkInterface\",\"ec2:DescribeSubnets\",\"ec2:DescribeSecurityGroups\",\"ec2:DescribeVpcs\"],\"Effect\":\"Allow\",\"Resource\":\"*\"},{\"Action\":[\"ec2:CreateNetworkInterfacePermission\"],\"Effect\":\"Allow\",\"Resource\":[\"arn:aws:ec2:eu-west-1:804448413129:network-interface/*\"]},{\"Action\":[\"dynamodb:*Item\"],\"Effect\":\"Allow\",\"Resource\":[\"arn:aws:dynamodb:eu-west-1:804448413129:table/aft-request\"]},{\"Action\":[\"s3:GetObject\",\"s3:GetObjectVersion\",\"s3:GetBucketVersioning\",\"s3:List*\",\"s3:PutObjectAcl\",\"s3:PutObject\"],\"Effect\":\"Allow\",\"Resource\":[\"arn:aws:s3:::aft-customizations-pipeline-804448413129\",\"arn:aws:s3:::aft-customizations-pipeline-804448413129/*\"]},{\"Action\":[\"kms:Decrypt\",\"kms:Encrypt\",\"kms:GenerateDataKey\"],\"Effect\":\"Allow\",\"Resource\":\"arn:aws:kms:eu-west-1:804448413129:key/207fe238-7aba-4608-9ba2-1da2f28b1578\"},{\"Action\":[\"ssm:GetParameters\",\"ssm:GetParameter\"],\"Effect\":\"Allow\",\"Resource\":[\"arn:aws:ssm:eu-west-1:804448413129:parameter/aft/*\"]},{\"Action\":[\"codecommit:GetBranch\",\"codecommit:GetRepository\",\"codecommit:GetCommit\",\"codecommit:GitPull\",\"codecommit:UploadArchive\",\"codecommit:GetUploadArchiveStatus\",\"codecommit:CancelUploadArchive\"],\"Effect\":\"Allow\",\"Resource\":\"arn:aws:codecommit:eu-west-1:804448413129:*account-request*\"},{\"Action\":[\"sts:AssumeRole\"],\"Effect\":\"Allow\",\"Resource\":[\"arn:aws:iam::804448413129:role/AWSAFTAdmin\"]}]}",
            "role": "ct-aft-codebuild-account-request-role"
          },
          "sensitive_attributes": [],
          "private": "bnVsbA==",
          "dependencies": [
            "module.aft.data.aws_partition.current",
            "module.aft.module.aft_account_request_framework.aws_dynamodb_table.aft_request",
            "module.aft.module.aft_account_request_framework.aws_kms_key.aft",
            "module.aft.module.aft_code_repositories.aws_iam_role.account_request_codebuild_role",
            "module.aft.module.aft_code_repositories.data.aws_caller_identity.current",
            "module.aft.module.aft_code_repositories.data.aws_partition.current",
            "module.aft.module.aft_code_repositories.data.aws_region.current",
            "module.aft.module.aft_customizations.aws_s3_bucket.aft_codepipeline_customizations_bucket",
            "module.aft.module.aft_customizations.data.aws_caller_identity.current"
          ]
        }
      ]
    },
    {
      "module": "module.aft.module.aft_code_repositories",
      "mode": "managed",
      "type": "aws_iam_role_policy",
      "name": "account_request_codepipeline_policy",
      "provider": "module.aft.provider[\"registry.terraform.io/hashicorp/aws\"].aft_management",
      "instances": [
        {
          "schema_version": 0,
          "attributes": {
            "id": "ct-aft-codepipeline-account-request-role:ct-aft-codepipeline-account-request-policy",
            "name": "ct-aft-codepipeline-account-request-policy",
            "name_prefix": null,
            "policy": "{\"Version\":\"2012-10-17\",\"Statement\":[{\"Action\":[\"s3:GetObject\",\"s3:GetObjectVersion\",\"s3:GetBucketVersioning\",\"s3:List*\",\"s3:PutObjectAcl\",\"s3:PutObject\"],\"Effect\":\"Allow\",\"Resource\":[\"arn:aws:s3:::aft-customizations-pipeline-804448413129\",\"arn:aws:s3:::aft-customizations-pipeline-804448413129/*\"]},{\"Action\":[\"codebuild:BatchGetBuilds\",\"codebuild:StartBuild\"],\"Effect\":\"Allow\",\"Resource\":\"arn:aws:codebuild:eu-west-1:804448413129:*account-request*\"},{\"Action\":[\"codecommit:GetBranch\",\"codecommit:GetRepository\",\"codecommit:GetCommit\",\"codecommit:GitPull\",\"codecommit:UploadArchive\",\"codecommit:GetUploadArchiveStatus\",\"codecommit:CancelUploadArchive\"],\"Effect\":\"Allow\",\"Resource\":\"arn:aws:codecommit:eu-west-1:804448413129:*account-request*\"},{\"Action\":[\"kms:Decrypt\",\"kms:Encrypt\",\"kms:GenerateDataKey\"],\"Effect\":\"Allow\",\"Resource\":\"arn:aws:kms:eu-west-1:804448413129:key/207fe238-7aba-4608-9ba2-1da2f28b1578\"},{\"Action\":\"codestar-connections:UseConnection\",\"Effect\":\"Allow\",\"Resource\":\"*\"}]}",
            "role": "ct-aft-codepipeline-account-request-role"
          },
          "sensitive_attributes": [],
          "private": "bnVsbA==",
          "dependencies": [
            "module.aft.data.aws_partition.current",
            "module.aft.module.aft_account_request_framework.aws_kms_key.aft",
            "module.aft.module.aft_code_repositories.aws_iam_role.account_request_codepipeline_role",
            "module.aft.module.aft_code_repositories.data.aws_caller_identity.current",
            "module.aft.module.aft_code_repositories.data.aws_partition.current",
            "module.aft.module.aft_code_repositories.data.aws_region.current",
            "module.aft.module.aft_customizations.aws_s3_bucket.aft_codepipeline_customizations_bucket",
            "module.aft.module.aft_customizations.data.aws_caller_identity.current"
          ]
        }
      ]
    },
    {
      "module": "module.aft.module.aft_code_repositories",
      "mode": "managed",
      "type": "aws_iam_role_policy",
      "name": "cloudwatch_events_codepipeline_role",
      "provider": "module.aft.provider[\"registry.terraform.io/hashicorp/aws\"].aft_management",
      "instances": [
        {
          "index_key": 0,
          "schema_version": 0,
          "attributes": {
            "id": "ct-aft-cwe-codepipeline-role:ct-aft-cwe-codepipeline-role-policy",
            "name": "ct-aft-cwe-codepipeline-role-policy",
            "name_prefix": null,
            "policy": "{\"Version\":\"2012-10-17\",\"Statement\":[{\"Action\":[\"codepipeline:StartPipelineExecution\"],\"Effect\":\"Allow\",\"Resource\":[\"arn:aws:codepipeline:eu-west-1:804448413129:ct-aft-account-request\",\"arn:aws:codepipeline:eu-west-1:804448413129:ct-aft-account-provisioning-customizations\"]}]}",
            "role": "ct-aft-cwe-codepipeline-role"
          },
          "sensitive_attributes": [],
          "private": "bnVsbA==",
          "dependencies": [
            "module.aft.data.aws_partition.current",
            "module.aft.module.aft_account_request_framework.aws_kms_key.aft",
            "module.aft.module.aft_account_request_framework.aws_security_group.aft_vpc_default_sg",
            "module.aft.module.aft_account_request_framework.aws_subnet.aft_vpc_private_subnet_01",
            "module.aft.module.aft_account_request_framework.aws_subnet.aft_vpc_private_subnet_02",
            "module.aft.module.aft_account_request_framework.aws_vpc.aft_vpc",
            "module.aft.module.aft_account_request_framework.data.aws_availability_zones.available",
            "module.aft.module.aft_code_repositories.aws_cloudwatch_log_group.account_provisioning_customizations",
            "module.aft.module.aft_code_repositories.aws_cloudwatch_log_group.account_request",
            "module.aft.module.aft_code_repositories.aws_codebuild_project.account_provisioning_customizations_pipeline",
            "module.aft.module.aft_code_repositories.aws_codebuild_project.account_request",
            "module.aft.module.aft_code_repositories.aws_codepipeline.codecommit_account_provisioning_customizations",
            "module.aft.module.aft_code_repositories.aws_codepipeline.codecommit_account_request",
            "module.aft.module.aft_code_repositories.aws_iam_role.account_provisioning_customizations_codebuild_role",
            "module.aft.module.aft_code_repositories.aws_iam_role.account_provisioning_customizations_codepipeline_role",
            "module.aft.module.aft_code_repositories.aws_iam_role.account_request_codebuild_role",
            "module.aft.module.aft_code_repositories.aws_iam_role.account_request_codepipeline_role",
            "module.aft.module.aft_code_repositories.aws_iam_role.cloudwatch_events_codepipeline_role",
            "module.aft.module.aft_code_repositories.data.aws_caller_identity.current",
            "module.aft.module.aft_code_repositories.data.aws_partition.current",
            "module.aft.module.aft_code_repositories.data.aws_region.current",
            "module.aft.module.aft_code_repositories.data.local_file.account_provisioning_customizations_buildspec",
            "module.aft.module.aft_code_repositories.data.local_file.account_request_buildspec",
            "module.aft.module.aft_customizations.aws_s3_bucket.aft_codepipeline_customizations_bucket",
            "module.aft.module.aft_customizations.data.aws_caller_identity.current"
          ]
        }
      ]
    },
    {
      "module": "module.aft.module.aft_code_repositories",
      "mode": "managed",
      "type": "aws_iam_role_policy",
      "name": "terraform_oss_backend_account_provisioning_customizations_codebuild_policy",
      "provider": "module.aft.provider[\"registry.terraform.io/hashicorp/aws\"].aft_management",
      "instances": [
        {
          "index_key": 0,
          "schema_version": 0,
          "attributes": {
            "id": "ct-aft-codebuild-account-provisioning-customizations-role:ct-aft-codebuild-terraform-oss-backend-policy",
            "name": "ct-aft-codebuild-terraform-oss-backend-policy",
            "name_prefix": null,
            "policy": "{\"Version\":\"2012-10-17\",\"Statement\":[{\"Action\":[\"dynamodb:*Item\"],\"Effect\":\"Allow\",\"Resource\":[\"arn:aws:dynamodb:eu-west-1:804448413129:table/aft-backend-804448413129\"]},{\"Action\":[\"s3:GetObject\",\"s3:GetObjectVersion\",\"s3:GetBucketVersioning\",\"s3:List*\",\"s3:PutObjectAcl\",\"s3:PutObject\"],\"Effect\":\"Allow\",\"Resource\":[\"arn:aws:s3:::aft-backend-804448413129-primary-region\",\"arn:aws:s3:::aft-backend-804448413129-primary-region/*\"]},{\"Action\":[\"kms:Decrypt\",\"kms:Encrypt\",\"kms:GenerateDataKey\"],\"Effect\":\"Allow\",\"Resource\":\"arn:aws:kms:eu-west-1:804448413129:key/5d837a97-4785-48fd-b112-c8f70b9e9ec8\"}]}",
            "role": "ct-aft-codebuild-account-provisioning-customizations-role"
          },
          "sensitive_attributes": [],
          "private": "bnVsbA==",
          "dependencies": [
            "module.aft.data.aws_partition.current",
            "module.aft.module.aft_backend.aws_dynamodb_table.lock-table",
            "module.aft.module.aft_backend.aws_kms_key.encrypt-primary-region",
            "module.aft.module.aft_backend.aws_s3_bucket.primary-backend-bucket",
            "module.aft.module.aft_backend.data.aws_caller_identity.current",
            "module.aft.module.aft_code_repositories.aws_iam_role.account_provisioning_customizations_codebuild_role",
            "module.aft.module.aft_code_repositories.data.aws_caller_identity.current",
            "module.aft.module.aft_code_repositories.data.aws_partition.current",
            "module.aft.module.aft_code_repositories.data.aws_region.current"
          ]
        }
      ]
    },
    {
      "module": "module.aft.module.aft_code_repositories",
      "mode": "managed",
      "type": "aws_iam_role_policy",
      "name": "terraform_oss_backend_account_request_codebuild_policy",
      "provider": "module.aft.provider[\"registry.terraform.io/hashicorp/aws\"].aft_management",
      "instances": [
        {
          "index_key": 0,
          "schema_version": 0,
          "attributes": {
            "id": "ct-aft-codebuild-account-request-role:ct-aft-codebuild-terraform-oss-backend-policy",
            "name": "ct-aft-codebuild-terraform-oss-backend-policy",
            "name_prefix": null,
            "policy": "{\"Version\":\"2012-10-17\",\"Statement\":[{\"Action\":[\"dynamodb:*Item\"],\"Effect\":\"Allow\",\"Resource\":[\"arn:aws:dynamodb:eu-west-1:804448413129:table/aft-backend-804448413129\"]},{\"Action\":[\"s3:GetObject\",\"s3:GetObjectVersion\",\"s3:GetBucketVersioning\",\"s3:List*\",\"s3:PutObjectAcl\",\"s3:PutObject\"],\"Effect\":\"Allow\",\"Resource\":[\"arn:aws:s3:::aft-backend-804448413129-primary-region\",\"arn:aws:s3:::aft-backend-804448413129-primary-region/*\"]},{\"Action\":[\"kms:Decrypt\",\"kms:Encrypt\",\"kms:GenerateDataKey\"],\"Effect\":\"Allow\",\"Resource\":\"arn:aws:kms:eu-west-1:804448413129:key/5d837a97-4785-48fd-b112-c8f70b9e9ec8\"}]}",
            "role": "ct-aft-codebuild-account-request-role"
          },
          "sensitive_attributes": [],
          "private": "bnVsbA==",
          "dependencies": [
            "module.aft.data.aws_partition.current",
            "module.aft.module.aft_backend.aws_dynamodb_table.lock-table",
            "module.aft.module.aft_backend.aws_kms_key.encrypt-primary-region",
            "module.aft.module.aft_backend.aws_s3_bucket.primary-backend-bucket",
            "module.aft.module.aft_backend.data.aws_caller_identity.current",
            "module.aft.module.aft_code_repositories.aws_iam_role.account_request_codebuild_role",
            "module.aft.module.aft_code_repositories.data.aws_caller_identity.current",
            "module.aft.module.aft_code_repositories.data.aws_partition.current",
            "module.aft.module.aft_code_repositories.data.aws_region.current"
          ]
        }
      ]
    },
    {
      "module": "module.aft.module.aft_customizations",
      "mode": "data",
      "type": "aws_caller_identity",
      "name": "aft_management",
      "provider": "module.aft.provider[\"registry.terraform.io/hashicorp/aws\"].aft_management",
      "instances": [
        {
          "schema_version": 0,
          "attributes": {
            "account_id": "804448413129",
            "arn": "arn:aws:sts::804448413129:assumed-role/AWSControlTowerExecution/AWSAFT-Session",
            "id": "804448413129",
            "user_id": "AROA3WTG4UXEQNNSDGUZT:AWSAFT-Session"
          },
          "sensitive_attributes": []
        }
      ]
    },
    {
      "module": "module.aft.module.aft_customizations",
      "mode": "data",
      "type": "aws_caller_identity",
      "name": "current",
      "provider": "module.aft.provider[\"registry.terraform.io/hashicorp/aws\"].aft_management",
      "instances": [
        {
          "schema_version": 0,
          "attributes": {
            "account_id": "804448413129",
            "arn": "arn:aws:sts::804448413129:assumed-role/AWSControlTowerExecution/AWSAFT-Session",
            "id": "804448413129",
            "user_id": "AROA3WTG4UXEQNNSDGUZT:AWSAFT-Session"
          },
          "sensitive_attributes": []
        }
      ]
    },
    {
      "module": "module.aft.module.aft_customizations",
      "mode": "data",
      "type": "aws_iam_policy",
      "name": "AWSLambdaBasicExecutionRole",
      "provider": "module.aft.provider[\"registry.terraform.io/hashicorp/aws\"].aft_management",
      "instances": [
        {
          "schema_version": 0,
          "attributes": {
            "arn": "arn:aws:iam::aws:policy/service-role/AWSLambdaBasicExecutionRole",
            "description": "Provides write permissions to CloudWatch Logs.",
            "id": "arn:aws:iam::aws:policy/service-role/AWSLambdaBasicExecutionRole",
            "name": "AWSLambdaBasicExecutionRole",
            "path": "/service-role/",
            "path_prefix": null,
            "policy": "{\n  \"Version\": \"2012-10-17\",\n  \"Statement\": [\n    {\n      \"Effect\": \"Allow\",\n      \"Action\": [\n        \"logs:CreateLogGroup\",\n        \"logs:CreateLogStream\",\n        \"logs:PutLogEvents\"\n      ],\n      \"Resource\": \"*\"\n    }\n  ]\n}",
            "policy_id": "ANPAJNCQGXC42545SKXIK",
            "tags": {}
          },
          "sensitive_attributes": []
        }
      ]
    },
    {
      "module": "module.aft.module.aft_customizations",
      "mode": "data",
      "type": "aws_iam_policy",
      "name": "AWSLambdaVPCAccessExecutionRole",
      "provider": "module.aft.provider[\"registry.terraform.io/hashicorp/aws\"].aft_management",
      "instances": [
        {
          "schema_version": 0,
          "attributes": {
            "arn": "arn:aws:iam::aws:policy/service-role/AWSLambdaVPCAccessExecutionRole",
            "description": "Provides minimum permissions for a Lambda function to execute while accessing a resource within a VPC - create, describe, delete network interfaces and write permissions to CloudWatch Logs. ",
            "id": "arn:aws:iam::aws:policy/service-role/AWSLambdaVPCAccessExecutionRole",
            "name": "AWSLambdaVPCAccessExecutionRole",
            "path": "/service-role/",
            "path_prefix": null,
            "policy": "{\n  \"Version\": \"2012-10-17\",\n  \"Statement\": [\n    {\n      \"Effect\": \"Allow\",\n      \"Action\": [\n        \"logs:CreateLogGroup\",\n        \"logs:CreateLogStream\",\n        \"logs:PutLogEvents\",\n        \"ec2:CreateNetworkInterface\",\n        \"ec2:DescribeNetworkInterfaces\",\n        \"ec2:DeleteNetworkInterface\",\n        \"ec2:AssignPrivateIpAddresses\",\n        \"ec2:UnassignPrivateIpAddresses\"\n      ],\n      \"Resource\": \"*\"\n    }\n  ]\n}",
            "policy_id": "ANPAJVTME3YLVNL72YR2K",
            "tags": {}
          },
          "sensitive_attributes": []
        }
      ]
    },
    {
      "module": "module.aft.module.aft_customizations",
      "mode": "data",
      "type": "aws_partition",
      "name": "current",
      "provider": "module.aft.provider[\"registry.terraform.io/hashicorp/aws\"].aft_management",
      "instances": [
        {
          "schema_version": 0,
          "attributes": {
            "dns_suffix": "amazonaws.com",
            "id": "aws",
            "partition": "aws",
            "reverse_dns_prefix": "com.amazonaws"
          },
          "sensitive_attributes": []
        }
      ]
    },
    {
      "module": "module.aft.module.aft_customizations",
      "mode": "data",
      "type": "aws_region",
      "name": "aft_management",
      "provider": "module.aft.provider[\"registry.terraform.io/hashicorp/aws\"].aft_management",
      "instances": [
        {
          "schema_version": 0,
          "attributes": {
            "description": "Europe (Ireland)",
            "endpoint": "ec2.eu-west-1.amazonaws.com",
            "id": "eu-west-1",
            "name": "eu-west-1"
          },
          "sensitive_attributes": []
        }
      ]
    },
    {
      "module": "module.aft.module.aft_customizations",
      "mode": "data",
      "type": "aws_region",
      "name": "current",
      "provider": "module.aft.provider[\"registry.terraform.io/hashicorp/aws\"].aft_management",
      "instances": [
        {
          "schema_version": 0,
          "attributes": {
            "description": "Europe (Ireland)",
            "endpoint": "ec2.eu-west-1.amazonaws.com",
            "id": "eu-west-1",
            "name": "eu-west-1"
          },
          "sensitive_attributes": []
        }
      ]
    },
    {
      "module": "module.aft.module.aft_customizations",
      "mode": "data",
      "type": "local_file",
      "name": "aft_account_customizations_terraform",
      "provider": "provider[\"registry.terraform.io/hashicorp/local\"]",
      "instances": [
        {
          "schema_version": 0,
          "attributes": {
            "content": "# Copyright Amazon.com, Inc. or its affiliates. All rights reserved.\n# SPDX-License-Identifier: Apache-2.0\n#\nversion: 0.2\n\nphases:\n  install:\n    on-failure: ABORT\n    commands:\n      - set -e\n      # Populate Required Variables\n      - DEFAULT_PATH=$(pwd)\n      - TIMESTAMP=$(date '+%Y-%m-%d %H:%M:%S')\n      - TF_VERSION=$(aws ssm get-parameter --name \"/aft/config/terraform/version\" --query \"Parameter.Value\" --output text)\n      - TF_DISTRIBUTION=$(aws ssm get-parameter --name \"/aft/config/terraform/distribution\" --query \"Parameter.Value\" --output text)\n      - CT_MGMT_REGION=$(aws ssm get-parameter --name \"/aft/config/ct-management-region\" --query \"Parameter.Value\" --output text)\n      - AFT_MGMT_ACCOUNT=$(aws ssm get-parameter --name \"/aft/account/aft-management/account-id\" --query \"Parameter.Value\" --output text)\n      - AFT_EXEC_ROLE_ARN=arn:$AWS_PARTITION:iam::$AFT_MGMT_ACCOUNT:role/AWSAFTExecution\n      - VENDED_EXEC_ROLE_ARN=arn:$AWS_PARTITION:iam::$VENDED_ACCOUNT_ID:role/AWSAFTExecution\n      - AFT_ADMIN_ROLE_NAME=$(aws ssm get-parameter --name /aft/resources/iam/aft-administrator-role-name | jq --raw-output \".Parameter.Value\")\n      - AFT_ADMIN_ROLE_ARN=arn:$AWS_PARTITION:iam::$AFT_MGMT_ACCOUNT:role/$AFT_ADMIN_ROLE_NAME\n      - ROLE_SESSION_NAME=$(aws ssm get-parameter --name /aft/resources/iam/aft-session-name | jq --raw-output \".Parameter.Value\")\n      - |\n        CUSTOMIZATION=$(aws dynamodb get-item --table-name aft-request-metadata --key \"{\\\"id\\\": {\\\"S\\\": \\\"$VENDED_ACCOUNT_ID\\\"}}\" --attributes-to-get \"account_customizations_name\" | jq --raw-output \".Item.account_customizations_name.S\")\n\n      # Check if customization directory exists       \n      - |\n        if [[ ! -z \"$CUSTOMIZATION\" ]]; then  \n          if [[ ! -d \"$DEFAULT_PATH/$CUSTOMIZATION\" ]]; then\n            echo \"Error: ${CUSTOMIZATION} directory does not exist\"\n            exit 1\n          fi\n          \n          echo \"Found customization\" $CUSTOMIZATION\n\n          # Configure Development SSH Key\n          ssh_key_parameter=$(aws ssm get-parameter --name /aft/config/aft-ssh-key --with-decryption 2\u003e /dev/null || echo \"None\")\n\n          if [[ $ssh_key_parameter != \"None\" ]]; then\n            ssh_key=$(jq --raw-output \".Parameter.Value\" \u003c\u003c\u003c $ssh_key_parameter)\n            mkdir -p ~/.ssh\n            echo \"Host *\" \u003e\u003e ~/.ssh/config\n            echo \"StrictHostKeyChecking no\" \u003e\u003e ~/.ssh/config\n            echo \"UserKnownHostsFile=/dev/null\" \u003e\u003e ~/.ssh/config\n            echo \"$ssh_key\" \u003e ~/.ssh/ssh_key\n            echo -e \"\\n\\n\" \u003e\u003e  ~/.ssh/ssh_key\n            chmod 600 ~/.ssh/ssh_key\n            eval \"$(ssh-agent -s)\"\n            ssh-add ~/.ssh/ssh_key\n          fi   \n\n          # Clone AFT\n          AWS_MODULE_SOURCE=$(aws ssm get-parameter --name \"/aft/config/aft-pipeline-code-source/repo-url\" --query \"Parameter.Value\" --output text)\n          AWS_MODULE_GIT_REF=$(aws ssm get-parameter --name \"/aft/config/aft-pipeline-code-source/repo-git-ref\" --query \"Parameter.Value\" --output text)\n          git config --global credential.helper '!aws codecommit credential-helper $@'\n          git config --global credential.UseHttpPath true\n          git clone --quiet -b $AWS_MODULE_GIT_REF $AWS_MODULE_SOURCE aws-aft-core-framework\n\n          # Install AFT Python Dependencies\n          python3 -m venv $DEFAULT_PATH/aft-venv\n          $DEFAULT_PATH/aft-venv/bin/pip install pip==22.1.2\n          $DEFAULT_PATH/aft-venv/bin/pip install jinja2-cli==0.7.0 Jinja2==3.0.1 MarkupSafe==2.0.1 boto3==1.18.56 requests==2.26.0\n\n          # Install API Helper Python Dependencies\n          python3 -m venv $DEFAULT_PATH/api-helpers-venv\n          $DEFAULT_PATH/api-helpers-venv/bin/pip install -r $DEFAULT_PATH/$CUSTOMIZATION/api_helpers/python/requirements.txt\n\n          # Mark helper scripts as executable\n          chmod +x $DEFAULT_PATH/$CUSTOMIZATION/api_helpers/pre-api-helpers.sh\n          chmod +x $DEFAULT_PATH/$CUSTOMIZATION/api_helpers/post-api-helpers.sh\n\n          # Generate session profiles\n          chmod +x $DEFAULT_PATH/aws-aft-core-framework/sources/scripts/creds.sh\n          $DEFAULT_PATH/aws-aft-core-framework/sources/scripts/creds.sh\n        fi\n\n\n  pre_build:\n    on-failure: ABORT\n    commands:\n      - |\n        if [[ ! -z \"$CUSTOMIZATION\" ]]; then \n          source $DEFAULT_PATH/api-helpers-venv/bin/activate\n          export AWS_PROFILE=aft-target\n          $DEFAULT_PATH/$CUSTOMIZATION/api_helpers/pre-api-helpers.sh\n          unset AWS_PROFILE\n        fi\n\n  build:\n    on-failure: CONTINUE\n    commands:\n      # Apply Customizations\n      - |\n        if [[ ! -z \"$CUSTOMIZATION\" ]]; then \n          source $DEFAULT_PATH/aft-venv/bin/activate\n          if [ $TF_DISTRIBUTION = \"oss\" ]; then\n            TF_BACKEND_REGION=$(aws ssm get-parameter --name \"/aft/config/oss-backend/primary-region\" --query \"Parameter.Value\" --output text)\n            TF_KMS_KEY_ID=$(aws ssm get-parameter --name \"/aft/config/oss-backend/kms-key-id\" --query \"Parameter.Value\" --output text)\n            TF_DDB_TABLE=$(aws ssm get-parameter --name \"/aft/config/oss-backend/table-id\" --query \"Parameter.Value\" --output text)\n            TF_S3_BUCKET=$(aws ssm get-parameter --name \"/aft/config/oss-backend/bucket-id\" --query \"Parameter.Value\" --output text)\n            TF_S3_KEY=$VENDED_ACCOUNT_ID-aft-account-customizations/terraform.tfstate\n\n            cd /tmp\n            echo \"Installing Terraform\"\n            curl -q -o terraform_${TF_VERSION}_linux_amd64.zip https://releases.hashicorp.com/terraform/${TF_VERSION}/terraform_${TF_VERSION}_linux_amd64.zip\n            mkdir -p /opt/aft/bin\n            unzip -q -o terraform_${TF_VERSION}_linux_amd64.zip \n            mv terraform /opt/aft/bin\n            /opt/aft/bin/terraform -no-color --version\n\n            cd $DEFAULT_PATH/$CUSTOMIZATION/terraform\n            for f in *.jinja; do jinja2 $f -D timestamp=\"$TIMESTAMP\" -D tf_distribution_type=$TF_DISTRIBUTION -D provider_region=$CT_MGMT_REGION -D region=$TF_BACKEND_REGION -D aft_admin_role_arn=$AFT_EXEC_ROLE_ARN -D target_admin_role_arn=$VENDED_EXEC_ROLE_ARN -D bucket=$TF_S3_BUCKET -D key=$TF_S3_KEY -D dynamodb_table=$TF_DDB_TABLE -D kms_key_id=$TF_KMS_KEY_ID \u003e\u003e ./$(basename $f .jinja).tf; done\n            for f in *.tf; do echo \"\\n \\n\"; echo $f; cat $f; done\n            \n            cd $DEFAULT_PATH/$CUSTOMIZATION/terraform\n            export AWS_PROFILE=aft-management-admin\n            /opt/aft/bin/terraform init -no-color\n            /opt/aft/bin/terraform apply -no-color --auto-approve\n          else\n            TF_BACKEND_REGION=$(aws ssm get-parameter --name \"/aft/config/oss-backend/primary-region\" --query \"Parameter.Value\" --output text)\n            TF_ORG_NAME=$(aws ssm get-parameter --name \"/aft/config/terraform/org-name\" --query \"Parameter.Value\" --output text)\n            TF_TOKEN=$(aws ssm get-parameter --name \"/aft/config/terraform/token\" --with-decryption --query \"Parameter.Value\" --output text)\n            TF_ENDPOINT=$(aws ssm get-parameter --name \"/aft/config/terraform/api-endpoint\" --query \"Parameter.Value\" --output text)\n            TF_WORKSPACE_NAME=$VENDED_ACCOUNT_ID-aft-account-customizations\n            TF_CONFIG_PATH=\"./temp_configuration_file.tar.gz\"\n\n            cd $DEFAULT_PATH/$CUSTOMIZATION/terraform\n            for f in *.jinja; do jinja2 $f -D timestamp=\"$TIMESTAMP\" -D provider_region=$CT_MGMT_REGION -D tf_distribution_type=$TF_DISTRIBUTION -D aft_admin_role_arn=$AFT_EXEC_ROLE_ARN -D target_admin_role_arn=$VENDED_EXEC_ROLE_ARN -D terraform_org_name=$TF_ORG_NAME -D terraform_workspace_name=$TF_WORKSPACE_NAME  \u003e\u003e ./$(basename $f .jinja).tf; done\n            for f in *.tf; do echo \"\\n \\n\"; echo $f; cat $f; done\n            \n            cd $DEFAULT_PATH/$CUSTOMIZATION\n            tar -czf temp_configuration_file.tar.gz -C terraform --exclude .git --exclude venv .\n            python3 $DEFAULT_PATH/aws-aft-core-framework/sources/scripts/workspace_manager.py --operation \"deploy\" --organization_name $TF_ORG_NAME --workspace_name $TF_WORKSPACE_NAME --assume_role_arn $AFT_ADMIN_ROLE_ARN --assume_role_session_name $ROLE_SESSION_NAME --api_endpoint $TF_ENDPOINT --api_token $TF_TOKEN --terraform_version $TF_VERSION --config_file $TF_CONFIG_PATH\n          fi\n        fi\n  post_build:\n    on-failure: ABORT\n    commands:\n      - |\n        if [[ ! -z \"$CUSTOMIZATION\" ]]; then\n          export PYTHONPATH=\"$DEFAULT_PATH/aws-aft-core-framework/sources/aft-lambda-layer:$PYTHONPATH\"\n          export AWS_PROFILE=aft-management\n          python3 $DEFAULT_PATH/aws-aft-core-framework/sources/aft-lambda-layer/aft_common/metrics.py --codebuild-name \"aft-account-customizations\" --codebuild-status $CODEBUILD_BUILD_SUCCEEDING\n          unset AWS_PROFILE\n        fi\n      - |\n        if [[ $CODEBUILD_BUILD_SUCCEEDING == 0 ]]; then\n          exit 1\n        fi\n      - |\n        if [[ ! -z \"$CUSTOMIZATION\" ]]; then \n          source $DEFAULT_PATH/api-helpers-venv/bin/activate\n          export AWS_PROFILE=aft-target\n          $DEFAULT_PATH/$CUSTOMIZATION/api_helpers/post-api-helpers.sh\n        fi\n",
            "content_base64": "IyBDb3B5cmlnaHQgQW1hem9uLmNvbSwgSW5jLiBvciBpdHMgYWZmaWxpYXRlcy4gQWxsIHJpZ2h0cyByZXNlcnZlZC4KIyBTUERYLUxpY2Vuc2UtSWRlbnRpZmllcjogQXBhY2hlLTIuMAojCnZlcnNpb246IDAuMgoKcGhhc2VzOgogIGluc3RhbGw6CiAgICBvbi1mYWlsdXJlOiBBQk9SVAogICAgY29tbWFuZHM6CiAgICAgIC0gc2V0IC1lCiAgICAgICMgUG9wdWxhdGUgUmVxdWlyZWQgVmFyaWFibGVzCiAgICAgIC0gREVGQVVMVF9QQVRIPSQocHdkKQogICAgICAtIFRJTUVTVEFNUD0kKGRhdGUgJyslWS0lbS0lZCAlSDolTTolUycpCiAgICAgIC0gVEZfVkVSU0lPTj0kKGF3cyBzc20gZ2V0LXBhcmFtZXRlciAtLW5hbWUgIi9hZnQvY29uZmlnL3RlcnJhZm9ybS92ZXJzaW9uIiAtLXF1ZXJ5ICJQYXJhbWV0ZXIuVmFsdWUiIC0tb3V0cHV0IHRleHQpCiAgICAgIC0gVEZfRElTVFJJQlVUSU9OPSQoYXdzIHNzbSBnZXQtcGFyYW1ldGVyIC0tbmFtZSAiL2FmdC9jb25maWcvdGVycmFmb3JtL2Rpc3RyaWJ1dGlvbiIgLS1xdWVyeSAiUGFyYW1ldGVyLlZhbHVlIiAtLW91dHB1dCB0ZXh0KQogICAgICAtIENUX01HTVRfUkVHSU9OPSQoYXdzIHNzbSBnZXQtcGFyYW1ldGVyIC0tbmFtZSAiL2FmdC9jb25maWcvY3QtbWFuYWdlbWVudC1yZWdpb24iIC0tcXVlcnkgIlBhcmFtZXRlci5WYWx1ZSIgLS1vdXRwdXQgdGV4dCkKICAgICAgLSBBRlRfTUdNVF9BQ0NPVU5UPSQoYXdzIHNzbSBnZXQtcGFyYW1ldGVyIC0tbmFtZSAiL2FmdC9hY2NvdW50L2FmdC1tYW5hZ2VtZW50L2FjY291bnQtaWQiIC0tcXVlcnkgIlBhcmFtZXRlci5WYWx1ZSIgLS1vdXRwdXQgdGV4dCkKICAgICAgLSBBRlRfRVhFQ19ST0xFX0FSTj1hcm46JEFXU19QQVJUSVRJT046aWFtOjokQUZUX01HTVRfQUNDT1VOVDpyb2xlL0FXU0FGVEV4ZWN1dGlvbgogICAgICAtIFZFTkRFRF9FWEVDX1JPTEVfQVJOPWFybjokQVdTX1BBUlRJVElPTjppYW06OiRWRU5ERURfQUNDT1VOVF9JRDpyb2xlL0FXU0FGVEV4ZWN1dGlvbgogICAgICAtIEFGVF9BRE1JTl9ST0xFX05BTUU9JChhd3Mgc3NtIGdldC1wYXJhbWV0ZXIgLS1uYW1lIC9hZnQvcmVzb3VyY2VzL2lhbS9hZnQtYWRtaW5pc3RyYXRvci1yb2xlLW5hbWUgfCBqcSAtLXJhdy1vdXRwdXQgIi5QYXJhbWV0ZXIuVmFsdWUiKQogICAgICAtIEFGVF9BRE1JTl9ST0xFX0FSTj1hcm46JEFXU19QQVJUSVRJT046aWFtOjokQUZUX01HTVRfQUNDT1VOVDpyb2xlLyRBRlRfQURNSU5fUk9MRV9OQU1FCiAgICAgIC0gUk9MRV9TRVNTSU9OX05BTUU9JChhd3Mgc3NtIGdldC1wYXJhbWV0ZXIgLS1uYW1lIC9hZnQvcmVzb3VyY2VzL2lhbS9hZnQtc2Vzc2lvbi1uYW1lIHwganEgLS1yYXctb3V0cHV0ICIuUGFyYW1ldGVyLlZhbHVlIikKICAgICAgLSB8CiAgICAgICAgQ1VTVE9NSVpBVElPTj0kKGF3cyBkeW5hbW9kYiBnZXQtaXRlbSAtLXRhYmxlLW5hbWUgYWZ0LXJlcXVlc3QtbWV0YWRhdGEgLS1rZXkgIntcImlkXCI6IHtcIlNcIjogXCIkVkVOREVEX0FDQ09VTlRfSURcIn19IiAtLWF0dHJpYnV0ZXMtdG8tZ2V0ICJhY2NvdW50X2N1c3RvbWl6YXRpb25zX25hbWUiIHwganEgLS1yYXctb3V0cHV0ICIuSXRlbS5hY2NvdW50X2N1c3RvbWl6YXRpb25zX25hbWUuUyIpCgogICAgICAjIENoZWNrIGlmIGN1c3RvbWl6YXRpb24gZGlyZWN0b3J5IGV4aXN0cyAgICAgICAKICAgICAgLSB8CiAgICAgICAgaWYgW1sgISAteiAiJENVU1RPTUlaQVRJT04iIF1dOyB0aGVuICAKICAgICAgICAgIGlmIFtbICEgLWQgIiRERUZBVUxUX1BBVEgvJENVU1RPTUlaQVRJT04iIF1dOyB0aGVuCiAgICAgICAgICAgIGVjaG8gIkVycm9yOiAke0NVU1RPTUlaQVRJT059IGRpcmVjdG9yeSBkb2VzIG5vdCBleGlzdCIKICAgICAgICAgICAgZXhpdCAxCiAgICAgICAgICBmaQogICAgICAgICAgCiAgICAgICAgICBlY2hvICJGb3VuZCBjdXN0b21pemF0aW9uIiAkQ1VTVE9NSVpBVElPTgoKICAgICAgICAgICMgQ29uZmlndXJlIERldmVsb3BtZW50IFNTSCBLZXkKICAgICAgICAgIHNzaF9rZXlfcGFyYW1ldGVyPSQoYXdzIHNzbSBnZXQtcGFyYW1ldGVyIC0tbmFtZSAvYWZ0L2NvbmZpZy9hZnQtc3NoLWtleSAtLXdpdGgtZGVjcnlwdGlvbiAyPiAvZGV2L251bGwgfHwgZWNobyAiTm9uZSIpCgogICAgICAgICAgaWYgW1sgJHNzaF9rZXlfcGFyYW1ldGVyICE9ICJOb25lIiBdXTsgdGhlbgogICAgICAgICAgICBzc2hfa2V5PSQoanEgLS1yYXctb3V0cHV0ICIuUGFyYW1ldGVyLlZhbHVlIiA8PDwgJHNzaF9rZXlfcGFyYW1ldGVyKQogICAgICAgICAgICBta2RpciAtcCB+Ly5zc2gKICAgICAgICAgICAgZWNobyAiSG9zdCAqIiA+PiB+Ly5zc2gvY29uZmlnCiAgICAgICAgICAgIGVjaG8gIlN0cmljdEhvc3RLZXlDaGVja2luZyBubyIgPj4gfi8uc3NoL2NvbmZpZwogICAgICAgICAgICBlY2hvICJVc2VyS25vd25Ib3N0c0ZpbGU9L2Rldi9udWxsIiA+PiB+Ly5zc2gvY29uZmlnCiAgICAgICAgICAgIGVjaG8gIiRzc2hfa2V5IiA+IH4vLnNzaC9zc2hfa2V5CiAgICAgICAgICAgIGVjaG8gLWUgIlxuXG4iID4+ICB+Ly5zc2gvc3NoX2tleQogICAgICAgICAgICBjaG1vZCA2MDAgfi8uc3NoL3NzaF9rZXkKICAgICAgICAgICAgZXZhbCAiJChzc2gtYWdlbnQgLXMpIgogICAgICAgICAgICBzc2gtYWRkIH4vLnNzaC9zc2hfa2V5CiAgICAgICAgICBmaSAgIAoKICAgICAgICAgICMgQ2xvbmUgQUZUCiAgICAgICAgICBBV1NfTU9EVUxFX1NPVVJDRT0kKGF3cyBzc20gZ2V0LXBhcmFtZXRlciAtLW5hbWUgIi9hZnQvY29uZmlnL2FmdC1waXBlbGluZS1jb2RlLXNvdXJjZS9yZXBvLXVybCIgLS1xdWVyeSAiUGFyYW1ldGVyLlZhbHVlIiAtLW91dHB1dCB0ZXh0KQogICAgICAgICAgQVdTX01PRFVMRV9HSVRfUkVGPSQoYXdzIHNzbSBnZXQtcGFyYW1ldGVyIC0tbmFtZSAiL2FmdC9jb25maWcvYWZ0LXBpcGVsaW5lLWNvZGUtc291cmNlL3JlcG8tZ2l0LXJlZiIgLS1xdWVyeSAiUGFyYW1ldGVyLlZhbHVlIiAtLW91dHB1dCB0ZXh0KQogICAgICAgICAgZ2l0IGNvbmZpZyAtLWdsb2JhbCBjcmVkZW50aWFsLmhlbHBlciAnIWF3cyBjb2RlY29tbWl0IGNyZWRlbnRpYWwtaGVscGVyICRAJwogICAgICAgICAgZ2l0IGNvbmZpZyAtLWdsb2JhbCBjcmVkZW50aWFsLlVzZUh0dHBQYXRoIHRydWUKICAgICAgICAgIGdpdCBjbG9uZSAtLXF1aWV0IC1iICRBV1NfTU9EVUxFX0dJVF9SRUYgJEFXU19NT0RVTEVfU09VUkNFIGF3cy1hZnQtY29yZS1mcmFtZXdvcmsKCiAgICAgICAgICAjIEluc3RhbGwgQUZUIFB5dGhvbiBEZXBlbmRlbmNpZXMKICAgICAgICAgIHB5dGhvbjMgLW0gdmVudiAkREVGQVVMVF9QQVRIL2FmdC12ZW52CiAgICAgICAgICAkREVGQVVMVF9QQVRIL2FmdC12ZW52L2Jpbi9waXAgaW5zdGFsbCBwaXA9PTIyLjEuMgogICAgICAgICAgJERFRkFVTFRfUEFUSC9hZnQtdmVudi9iaW4vcGlwIGluc3RhbGwgamluamEyLWNsaT09MC43LjAgSmluamEyPT0zLjAuMSBNYXJrdXBTYWZlPT0yLjAuMSBib3RvMz09MS4xOC41NiByZXF1ZXN0cz09Mi4yNi4wCgogICAgICAgICAgIyBJbnN0YWxsIEFQSSBIZWxwZXIgUHl0aG9uIERlcGVuZGVuY2llcwogICAgICAgICAgcHl0aG9uMyAtbSB2ZW52ICRERUZBVUxUX1BBVEgvYXBpLWhlbHBlcnMtdmVudgogICAgICAgICAgJERFRkFVTFRfUEFUSC9hcGktaGVscGVycy12ZW52L2Jpbi9waXAgaW5zdGFsbCAtciAkREVGQVVMVF9QQVRILyRDVVNUT01JWkFUSU9OL2FwaV9oZWxwZXJzL3B5dGhvbi9yZXF1aXJlbWVudHMudHh0CgogICAgICAgICAgIyBNYXJrIGhlbHBlciBzY3JpcHRzIGFzIGV4ZWN1dGFibGUKICAgICAgICAgIGNobW9kICt4ICRERUZBVUxUX1BBVEgvJENVU1RPTUlaQVRJT04vYXBpX2hlbHBlcnMvcHJlLWFwaS1oZWxwZXJzLnNoCiAgICAgICAgICBjaG1vZCAreCAkREVGQVVMVF9QQVRILyRDVVNUT01JWkFUSU9OL2FwaV9oZWxwZXJzL3Bvc3QtYXBpLWhlbHBlcnMuc2gKCiAgICAgICAgICAjIEdlbmVyYXRlIHNlc3Npb24gcHJvZmlsZXMKICAgICAgICAgIGNobW9kICt4ICRERUZBVUxUX1BBVEgvYXdzLWFmdC1jb3JlLWZyYW1ld29yay9zb3VyY2VzL3NjcmlwdHMvY3JlZHMuc2gKICAgICAgICAgICRERUZBVUxUX1BBVEgvYXdzLWFmdC1jb3JlLWZyYW1ld29yay9zb3VyY2VzL3NjcmlwdHMvY3JlZHMuc2gKICAgICAgICBmaQoKCiAgcHJlX2J1aWxkOgogICAgb24tZmFpbHVyZTogQUJPUlQKICAgIGNvbW1hbmRzOgogICAgICAtIHwKICAgICAgICBpZiBbWyAhIC16ICIkQ1VTVE9NSVpBVElPTiIgXV07IHRoZW4gCiAgICAgICAgICBzb3VyY2UgJERFRkFVTFRfUEFUSC9hcGktaGVscGVycy12ZW52L2Jpbi9hY3RpdmF0ZQogICAgICAgICAgZXhwb3J0IEFXU19QUk9GSUxFPWFmdC10YXJnZXQKICAgICAgICAgICRERUZBVUxUX1BBVEgvJENVU1RPTUlaQVRJT04vYXBpX2hlbHBlcnMvcHJlLWFwaS1oZWxwZXJzLnNoCiAgICAgICAgICB1bnNldCBBV1NfUFJPRklMRQogICAgICAgIGZpCgogIGJ1aWxkOgogICAgb24tZmFpbHVyZTogQ09OVElOVUUKICAgIGNvbW1hbmRzOgogICAgICAjIEFwcGx5IEN1c3RvbWl6YXRpb25zCiAgICAgIC0gfAogICAgICAgIGlmIFtbICEgLXogIiRDVVNUT01JWkFUSU9OIiBdXTsgdGhlbiAKICAgICAgICAgIHNvdXJjZSAkREVGQVVMVF9QQVRIL2FmdC12ZW52L2Jpbi9hY3RpdmF0ZQogICAgICAgICAgaWYgWyAkVEZfRElTVFJJQlVUSU9OID0gIm9zcyIgXTsgdGhlbgogICAgICAgICAgICBURl9CQUNLRU5EX1JFR0lPTj0kKGF3cyBzc20gZ2V0LXBhcmFtZXRlciAtLW5hbWUgIi9hZnQvY29uZmlnL29zcy1iYWNrZW5kL3ByaW1hcnktcmVnaW9uIiAtLXF1ZXJ5ICJQYXJhbWV0ZXIuVmFsdWUiIC0tb3V0cHV0IHRleHQpCiAgICAgICAgICAgIFRGX0tNU19LRVlfSUQ9JChhd3Mgc3NtIGdldC1wYXJhbWV0ZXIgLS1uYW1lICIvYWZ0L2NvbmZpZy9vc3MtYmFja2VuZC9rbXMta2V5LWlkIiAtLXF1ZXJ5ICJQYXJhbWV0ZXIuVmFsdWUiIC0tb3V0cHV0IHRleHQpCiAgICAgICAgICAgIFRGX0REQl9UQUJMRT0kKGF3cyBzc20gZ2V0LXBhcmFtZXRlciAtLW5hbWUgIi9hZnQvY29uZmlnL29zcy1iYWNrZW5kL3RhYmxlLWlkIiAtLXF1ZXJ5ICJQYXJhbWV0ZXIuVmFsdWUiIC0tb3V0cHV0IHRleHQpCiAgICAgICAgICAgIFRGX1MzX0JVQ0tFVD0kKGF3cyBzc20gZ2V0LXBhcmFtZXRlciAtLW5hbWUgIi9hZnQvY29uZmlnL29zcy1iYWNrZW5kL2J1Y2tldC1pZCIgLS1xdWVyeSAiUGFyYW1ldGVyLlZhbHVlIiAtLW91dHB1dCB0ZXh0KQogICAgICAgICAgICBURl9TM19LRVk9JFZFTkRFRF9BQ0NPVU5UX0lELWFmdC1hY2NvdW50LWN1c3RvbWl6YXRpb25zL3RlcnJhZm9ybS50ZnN0YXRlCgogICAgICAgICAgICBjZCAvdG1wCiAgICAgICAgICAgIGVjaG8gIkluc3RhbGxpbmcgVGVycmFmb3JtIgogICAgICAgICAgICBjdXJsIC1xIC1vIHRlcnJhZm9ybV8ke1RGX1ZFUlNJT059X2xpbnV4X2FtZDY0LnppcCBodHRwczovL3JlbGVhc2VzLmhhc2hpY29ycC5jb20vdGVycmFmb3JtLyR7VEZfVkVSU0lPTn0vdGVycmFmb3JtXyR7VEZfVkVSU0lPTn1fbGludXhfYW1kNjQuemlwCiAgICAgICAgICAgIG1rZGlyIC1wIC9vcHQvYWZ0L2JpbgogICAgICAgICAgICB1bnppcCAtcSAtbyB0ZXJyYWZvcm1fJHtURl9WRVJTSU9OfV9saW51eF9hbWQ2NC56aXAgCiAgICAgICAgICAgIG12IHRlcnJhZm9ybSAvb3B0L2FmdC9iaW4KICAgICAgICAgICAgL29wdC9hZnQvYmluL3RlcnJhZm9ybSAtbm8tY29sb3IgLS12ZXJzaW9uCgogICAgICAgICAgICBjZCAkREVGQVVMVF9QQVRILyRDVVNUT01JWkFUSU9OL3RlcnJhZm9ybQogICAgICAgICAgICBmb3IgZiBpbiAqLmppbmphOyBkbyBqaW5qYTIgJGYgLUQgdGltZXN0YW1wPSIkVElNRVNUQU1QIiAtRCB0Zl9kaXN0cmlidXRpb25fdHlwZT0kVEZfRElTVFJJQlVUSU9OIC1EIHByb3ZpZGVyX3JlZ2lvbj0kQ1RfTUdNVF9SRUdJT04gLUQgcmVnaW9uPSRURl9CQUNLRU5EX1JFR0lPTiAtRCBhZnRfYWRtaW5fcm9sZV9hcm49JEFGVF9FWEVDX1JPTEVfQVJOIC1EIHRhcmdldF9hZG1pbl9yb2xlX2Fybj0kVkVOREVEX0VYRUNfUk9MRV9BUk4gLUQgYnVja2V0PSRURl9TM19CVUNLRVQgLUQga2V5PSRURl9TM19LRVkgLUQgZHluYW1vZGJfdGFibGU9JFRGX0REQl9UQUJMRSAtRCBrbXNfa2V5X2lkPSRURl9LTVNfS0VZX0lEID4+IC4vJChiYXNlbmFtZSAkZiAuamluamEpLnRmOyBkb25lCiAgICAgICAgICAgIGZvciBmIGluICoudGY7IGRvIGVjaG8gIlxuIFxuIjsgZWNobyAkZjsgY2F0ICRmOyBkb25lCiAgICAgICAgICAgIAogICAgICAgICAgICBjZCAkREVGQVVMVF9QQVRILyRDVVNUT01JWkFUSU9OL3RlcnJhZm9ybQogICAgICAgICAgICBleHBvcnQgQVdTX1BST0ZJTEU9YWZ0LW1hbmFnZW1lbnQtYWRtaW4KICAgICAgICAgICAgL29wdC9hZnQvYmluL3RlcnJhZm9ybSBpbml0IC1uby1jb2xvcgogICAgICAgICAgICAvb3B0L2FmdC9iaW4vdGVycmFmb3JtIGFwcGx5IC1uby1jb2xvciAtLWF1dG8tYXBwcm92ZQogICAgICAgICAgZWxzZQogICAgICAgICAgICBURl9CQUNLRU5EX1JFR0lPTj0kKGF3cyBzc20gZ2V0LXBhcmFtZXRlciAtLW5hbWUgIi9hZnQvY29uZmlnL29zcy1iYWNrZW5kL3ByaW1hcnktcmVnaW9uIiAtLXF1ZXJ5ICJQYXJhbWV0ZXIuVmFsdWUiIC0tb3V0cHV0IHRleHQpCiAgICAgICAgICAgIFRGX09SR19OQU1FPSQoYXdzIHNzbSBnZXQtcGFyYW1ldGVyIC0tbmFtZSAiL2FmdC9jb25maWcvdGVycmFmb3JtL29yZy1uYW1lIiAtLXF1ZXJ5ICJQYXJhbWV0ZXIuVmFsdWUiIC0tb3V0cHV0IHRleHQpCiAgICAgICAgICAgIFRGX1RPS0VOPSQoYXdzIHNzbSBnZXQtcGFyYW1ldGVyIC0tbmFtZSAiL2FmdC9jb25maWcvdGVycmFmb3JtL3Rva2VuIiAtLXdpdGgtZGVjcnlwdGlvbiAtLXF1ZXJ5ICJQYXJhbWV0ZXIuVmFsdWUiIC0tb3V0cHV0IHRleHQpCiAgICAgICAgICAgIFRGX0VORFBPSU5UPSQoYXdzIHNzbSBnZXQtcGFyYW1ldGVyIC0tbmFtZSAiL2FmdC9jb25maWcvdGVycmFmb3JtL2FwaS1lbmRwb2ludCIgLS1xdWVyeSAiUGFyYW1ldGVyLlZhbHVlIiAtLW91dHB1dCB0ZXh0KQogICAgICAgICAgICBURl9XT1JLU1BBQ0VfTkFNRT0kVkVOREVEX0FDQ09VTlRfSUQtYWZ0LWFjY291bnQtY3VzdG9taXphdGlvbnMKICAgICAgICAgICAgVEZfQ09ORklHX1BBVEg9Ii4vdGVtcF9jb25maWd1cmF0aW9uX2ZpbGUudGFyLmd6IgoKICAgICAgICAgICAgY2QgJERFRkFVTFRfUEFUSC8kQ1VTVE9NSVpBVElPTi90ZXJyYWZvcm0KICAgICAgICAgICAgZm9yIGYgaW4gKi5qaW5qYTsgZG8gamluamEyICRmIC1EIHRpbWVzdGFtcD0iJFRJTUVTVEFNUCIgLUQgcHJvdmlkZXJfcmVnaW9uPSRDVF9NR01UX1JFR0lPTiAtRCB0Zl9kaXN0cmlidXRpb25fdHlwZT0kVEZfRElTVFJJQlVUSU9OIC1EIGFmdF9hZG1pbl9yb2xlX2Fybj0kQUZUX0VYRUNfUk9MRV9BUk4gLUQgdGFyZ2V0X2FkbWluX3JvbGVfYXJuPSRWRU5ERURfRVhFQ19ST0xFX0FSTiAtRCB0ZXJyYWZvcm1fb3JnX25hbWU9JFRGX09SR19OQU1FIC1EIHRlcnJhZm9ybV93b3Jrc3BhY2VfbmFtZT0kVEZfV09SS1NQQUNFX05BTUUgID4+IC4vJChiYXNlbmFtZSAkZiAuamluamEpLnRmOyBkb25lCiAgICAgICAgICAgIGZvciBmIGluICoudGY7IGRvIGVjaG8gIlxuIFxuIjsgZWNobyAkZjsgY2F0ICRmOyBkb25lCiAgICAgICAgICAgIAogICAgICAgICAgICBjZCAkREVGQVVMVF9QQVRILyRDVVNUT01JWkFUSU9OCiAgICAgICAgICAgIHRhciAtY3pmIHRlbXBfY29uZmlndXJhdGlvbl9maWxlLnRhci5neiAtQyB0ZXJyYWZvcm0gLS1leGNsdWRlIC5naXQgLS1leGNsdWRlIHZlbnYgLgogICAgICAgICAgICBweXRob24zICRERUZBVUxUX1BBVEgvYXdzLWFmdC1jb3JlLWZyYW1ld29yay9zb3VyY2VzL3NjcmlwdHMvd29ya3NwYWNlX21hbmFnZXIucHkgLS1vcGVyYXRpb24gImRlcGxveSIgLS1vcmdhbml6YXRpb25fbmFtZSAkVEZfT1JHX05BTUUgLS13b3Jrc3BhY2VfbmFtZSAkVEZfV09SS1NQQUNFX05BTUUgLS1hc3N1bWVfcm9sZV9hcm4gJEFGVF9BRE1JTl9ST0xFX0FSTiAtLWFzc3VtZV9yb2xlX3Nlc3Npb25fbmFtZSAkUk9MRV9TRVNTSU9OX05BTUUgLS1hcGlfZW5kcG9pbnQgJFRGX0VORFBPSU5UIC0tYXBpX3Rva2VuICRURl9UT0tFTiAtLXRlcnJhZm9ybV92ZXJzaW9uICRURl9WRVJTSU9OIC0tY29uZmlnX2ZpbGUgJFRGX0NPTkZJR19QQVRICiAgICAgICAgICBmaQogICAgICAgIGZpCiAgcG9zdF9idWlsZDoKICAgIG9uLWZhaWx1cmU6IEFCT1JUCiAgICBjb21tYW5kczoKICAgICAgLSB8CiAgICAgICAgaWYgW1sgISAteiAiJENVU1RPTUlaQVRJT04iIF1dOyB0aGVuCiAgICAgICAgICBleHBvcnQgUFlUSE9OUEFUSD0iJERFRkFVTFRfUEFUSC9hd3MtYWZ0LWNvcmUtZnJhbWV3b3JrL3NvdXJjZXMvYWZ0LWxhbWJkYS1sYXllcjokUFlUSE9OUEFUSCIKICAgICAgICAgIGV4cG9ydCBBV1NfUFJPRklMRT1hZnQtbWFuYWdlbWVudAogICAgICAgICAgcHl0aG9uMyAkREVGQVVMVF9QQVRIL2F3cy1hZnQtY29yZS1mcmFtZXdvcmsvc291cmNlcy9hZnQtbGFtYmRhLWxheWVyL2FmdF9jb21tb24vbWV0cmljcy5weSAtLWNvZGVidWlsZC1uYW1lICJhZnQtYWNjb3VudC1jdXN0b21pemF0aW9ucyIgLS1jb2RlYnVpbGQtc3RhdHVzICRDT0RFQlVJTERfQlVJTERfU1VDQ0VFRElORwogICAgICAgICAgdW5zZXQgQVdTX1BST0ZJTEUKICAgICAgICBmaQogICAgICAtIHwKICAgICAgICBpZiBbWyAkQ09ERUJVSUxEX0JVSUxEX1NVQ0NFRURJTkcgPT0gMCBdXTsgdGhlbgogICAgICAgICAgZXhpdCAxCiAgICAgICAgZmkKICAgICAgLSB8CiAgICAgICAgaWYgW1sgISAteiAiJENVU1RPTUlaQVRJT04iIF1dOyB0aGVuIAogICAgICAgICAgc291cmNlICRERUZBVUxUX1BBVEgvYXBpLWhlbHBlcnMtdmVudi9iaW4vYWN0aXZhdGUKICAgICAgICAgIGV4cG9ydCBBV1NfUFJPRklMRT1hZnQtdGFyZ2V0CiAgICAgICAgICAkREVGQVVMVF9QQVRILyRDVVNUT01JWkFUSU9OL2FwaV9oZWxwZXJzL3Bvc3QtYXBpLWhlbHBlcnMuc2gKICAgICAgICBmaQo=",
            "filename": ".terraform/modules/aft/modules/aft-customizations/buildspecs/aft-account-customizations-terraform.yml",
            "id": "0c9481639271c84dd59e9e6c286081029425fc26"
          },
          "sensitive_attributes": []
        }
      ]
    },
    {
      "module": "module.aft.module.aft_customizations",
      "mode": "data",
      "type": "local_file",
      "name": "aft_create_pipeline",
      "provider": "provider[\"registry.terraform.io/hashicorp/local\"]",
      "instances": [
        {
          "schema_version": 0,
          "attributes": {
            "content": "# Copyright Amazon.com, Inc. or its affiliates. All rights reserved.\n# SPDX-License-Identifier: Apache-2.0\n#\nversion: 0.2\n\nphases:\n  install:\n    commands:\n      - set -e\n      # Populate Required Variables\n      - DEFAULT_PATH=$(pwd)\n      - TIMESTAMP=$(date '+%Y-%m-%d %H:%M:%S')\n      - TF_S3_BUCKET=$(aws ssm get-parameter --name $SSM_TF_S3_BUCKET --query \"Parameter.Value\" --output text)\n      - TF_S3_KEY=$VENDED_ACCOUNT_ID-customizations-pipeline/terraform.tfstate\n      - TF_BACKEND_REGION=$(aws ssm get-parameter --name $SSM_TF_BACKEND_REGION --query \"Parameter.Value\" --output text)\n      - TF_KMS_KEY_ID=$(aws ssm get-parameter --name $SSM_TF_KMS_KEY_ID --query \"Parameter.Value\" --output text)\n      - TF_DDB_TABLE=$(aws ssm get-parameter --name $SSM_TF_DDB_TABLE --query \"Parameter.Value\" --output text)\n      - TF_VERSION=$(aws ssm get-parameter --name $SSM_TF_VERSION --query \"Parameter.Value\" --output text)\n\n\n      # Configure Development SSH Key\n      - |\n        ssh_key_parameter=$(aws ssm get-parameter --name /aft/config/aft-ssh-key --with-decryption 2\u003e /dev/null || echo \"None\")\n        if [[ $ssh_key_parameter != \"None\" ]]; then\n          ssh_key=$(jq --raw-output \".Parameter.Value\" \u003c\u003c\u003c $ssh_key_parameter)\n          mkdir -p ~/.ssh\n          echo \"Host *\" \u003e\u003e ~/.ssh/config\n          echo \"StrictHostKeyChecking no\" \u003e\u003e ~/.ssh/config\n          echo \"UserKnownHostsFile=/dev/null\" \u003e\u003e ~/.ssh/config\n          echo \"$ssh_key\" \u003e ~/.ssh/ssh_key\n          echo -e \"\\n\\n\" \u003e\u003e  ~/.ssh/ssh_key\n          chmod 600 ~/.ssh/ssh_key\n          eval \"$(ssh-agent -s)\"\n          ssh-add ~/.ssh/ssh_key\n        fi\n\n      # Clone AFT\n      - AWS_MODULE_SOURCE=$(aws ssm get-parameter --name $SSM_AWS_MODULE_SOURCE --query \"Parameter.Value\" --output text)\n      - AWS_MODULE_GIT_REF=$(aws ssm get-parameter --name $SSM_AWS_MODULE_GIT_REF --query \"Parameter.Value\" --output text)\n      - git config --global credential.helper '!aws codecommit credential-helper $@'\n      - git config --global credential.UseHttpPath true\n      - git clone --quiet -b $AWS_MODULE_GIT_REF $AWS_MODULE_SOURCE aws-aft-core-framework\n\n      # Generate session profiles\n      - chmod +x $DEFAULT_PATH/aws-aft-core-framework/sources/scripts/creds.sh\n      - $DEFAULT_PATH/aws-aft-core-framework/sources/scripts/creds.sh\n\n      # Install Terraform\n      - cd /tmp\n      - echo \"Installing Terraform\"\n      - curl -q -o terraform_${TF_VERSION}_linux_amd64.zip https://releases.hashicorp.com/terraform/${TF_VERSION}/terraform_${TF_VERSION}_linux_amd64.zip\n      - unzip -q -o terraform_${TF_VERSION}_linux_amd64.zip \u0026\u0026 mv terraform /usr/bin\n      - terraform --version\n\n      # Install Python Dependencies\n      - python3 -m venv ./venv\n      - source ./venv/bin/activate\n      - pip install pip==22.1.2\n      - pip install jinja2-cli==0.7.0 Jinja2==3.0.1\n\n  pre_build:\n    on-failure: ABORT\n    commands:\n      - cd $DEFAULT_PATH/aws-aft-core-framework/sources/aft-customizations-common/templates/customizations_pipeline\n      - for f in *.jinja; do jinja2 $f -D timestamp=\"$TIMESTAMP\" -D region=$TF_BACKEND_REGION -D bucket=$TF_S3_BUCKET -D key=$TF_S3_KEY -D dynamodb_table=$TF_DDB_TABLE -D kms_key_id=$TF_KMS_KEY_ID \u003e\u003e $(basename $f .jinja).tf; done\n      - for f in *.tf; do echo \"\\n \\n\"; echo $f; cat $f; done\n  build:\n    on-failure: ABORT\n    commands:\n      - export AWS_PROFILE=aft-management-admin\n      - terraform init -no-color\n      - terraform apply -var=\"account_id=$VENDED_ACCOUNT_ID\" -no-color --auto-approve\n",
            "content_base64": "IyBDb3B5cmlnaHQgQW1hem9uLmNvbSwgSW5jLiBvciBpdHMgYWZmaWxpYXRlcy4gQWxsIHJpZ2h0cyByZXNlcnZlZC4KIyBTUERYLUxpY2Vuc2UtSWRlbnRpZmllcjogQXBhY2hlLTIuMAojCnZlcnNpb246IDAuMgoKcGhhc2VzOgogIGluc3RhbGw6CiAgICBjb21tYW5kczoKICAgICAgLSBzZXQgLWUKICAgICAgIyBQb3B1bGF0ZSBSZXF1aXJlZCBWYXJpYWJsZXMKICAgICAgLSBERUZBVUxUX1BBVEg9JChwd2QpCiAgICAgIC0gVElNRVNUQU1QPSQoZGF0ZSAnKyVZLSVtLSVkICVIOiVNOiVTJykKICAgICAgLSBURl9TM19CVUNLRVQ9JChhd3Mgc3NtIGdldC1wYXJhbWV0ZXIgLS1uYW1lICRTU01fVEZfUzNfQlVDS0VUIC0tcXVlcnkgIlBhcmFtZXRlci5WYWx1ZSIgLS1vdXRwdXQgdGV4dCkKICAgICAgLSBURl9TM19LRVk9JFZFTkRFRF9BQ0NPVU5UX0lELWN1c3RvbWl6YXRpb25zLXBpcGVsaW5lL3RlcnJhZm9ybS50ZnN0YXRlCiAgICAgIC0gVEZfQkFDS0VORF9SRUdJT049JChhd3Mgc3NtIGdldC1wYXJhbWV0ZXIgLS1uYW1lICRTU01fVEZfQkFDS0VORF9SRUdJT04gLS1xdWVyeSAiUGFyYW1ldGVyLlZhbHVlIiAtLW91dHB1dCB0ZXh0KQogICAgICAtIFRGX0tNU19LRVlfSUQ9JChhd3Mgc3NtIGdldC1wYXJhbWV0ZXIgLS1uYW1lICRTU01fVEZfS01TX0tFWV9JRCAtLXF1ZXJ5ICJQYXJhbWV0ZXIuVmFsdWUiIC0tb3V0cHV0IHRleHQpCiAgICAgIC0gVEZfRERCX1RBQkxFPSQoYXdzIHNzbSBnZXQtcGFyYW1ldGVyIC0tbmFtZSAkU1NNX1RGX0REQl9UQUJMRSAtLXF1ZXJ5ICJQYXJhbWV0ZXIuVmFsdWUiIC0tb3V0cHV0IHRleHQpCiAgICAgIC0gVEZfVkVSU0lPTj0kKGF3cyBzc20gZ2V0LXBhcmFtZXRlciAtLW5hbWUgJFNTTV9URl9WRVJTSU9OIC0tcXVlcnkgIlBhcmFtZXRlci5WYWx1ZSIgLS1vdXRwdXQgdGV4dCkKCgogICAgICAjIENvbmZpZ3VyZSBEZXZlbG9wbWVudCBTU0ggS2V5CiAgICAgIC0gfAogICAgICAgIHNzaF9rZXlfcGFyYW1ldGVyPSQoYXdzIHNzbSBnZXQtcGFyYW1ldGVyIC0tbmFtZSAvYWZ0L2NvbmZpZy9hZnQtc3NoLWtleSAtLXdpdGgtZGVjcnlwdGlvbiAyPiAvZGV2L251bGwgfHwgZWNobyAiTm9uZSIpCiAgICAgICAgaWYgW1sgJHNzaF9rZXlfcGFyYW1ldGVyICE9ICJOb25lIiBdXTsgdGhlbgogICAgICAgICAgc3NoX2tleT0kKGpxIC0tcmF3LW91dHB1dCAiLlBhcmFtZXRlci5WYWx1ZSIgPDw8ICRzc2hfa2V5X3BhcmFtZXRlcikKICAgICAgICAgIG1rZGlyIC1wIH4vLnNzaAogICAgICAgICAgZWNobyAiSG9zdCAqIiA+PiB+Ly5zc2gvY29uZmlnCiAgICAgICAgICBlY2hvICJTdHJpY3RIb3N0S2V5Q2hlY2tpbmcgbm8iID4+IH4vLnNzaC9jb25maWcKICAgICAgICAgIGVjaG8gIlVzZXJLbm93bkhvc3RzRmlsZT0vZGV2L251bGwiID4+IH4vLnNzaC9jb25maWcKICAgICAgICAgIGVjaG8gIiRzc2hfa2V5IiA+IH4vLnNzaC9zc2hfa2V5CiAgICAgICAgICBlY2hvIC1lICJcblxuIiA+PiAgfi8uc3NoL3NzaF9rZXkKICAgICAgICAgIGNobW9kIDYwMCB+Ly5zc2gvc3NoX2tleQogICAgICAgICAgZXZhbCAiJChzc2gtYWdlbnQgLXMpIgogICAgICAgICAgc3NoLWFkZCB+Ly5zc2gvc3NoX2tleQogICAgICAgIGZpCgogICAgICAjIENsb25lIEFGVAogICAgICAtIEFXU19NT0RVTEVfU09VUkNFPSQoYXdzIHNzbSBnZXQtcGFyYW1ldGVyIC0tbmFtZSAkU1NNX0FXU19NT0RVTEVfU09VUkNFIC0tcXVlcnkgIlBhcmFtZXRlci5WYWx1ZSIgLS1vdXRwdXQgdGV4dCkKICAgICAgLSBBV1NfTU9EVUxFX0dJVF9SRUY9JChhd3Mgc3NtIGdldC1wYXJhbWV0ZXIgLS1uYW1lICRTU01fQVdTX01PRFVMRV9HSVRfUkVGIC0tcXVlcnkgIlBhcmFtZXRlci5WYWx1ZSIgLS1vdXRwdXQgdGV4dCkKICAgICAgLSBnaXQgY29uZmlnIC0tZ2xvYmFsIGNyZWRlbnRpYWwuaGVscGVyICchYXdzIGNvZGVjb21taXQgY3JlZGVudGlhbC1oZWxwZXIgJEAnCiAgICAgIC0gZ2l0IGNvbmZpZyAtLWdsb2JhbCBjcmVkZW50aWFsLlVzZUh0dHBQYXRoIHRydWUKICAgICAgLSBnaXQgY2xvbmUgLS1xdWlldCAtYiAkQVdTX01PRFVMRV9HSVRfUkVGICRBV1NfTU9EVUxFX1NPVVJDRSBhd3MtYWZ0LWNvcmUtZnJhbWV3b3JrCgogICAgICAjIEdlbmVyYXRlIHNlc3Npb24gcHJvZmlsZXMKICAgICAgLSBjaG1vZCAreCAkREVGQVVMVF9QQVRIL2F3cy1hZnQtY29yZS1mcmFtZXdvcmsvc291cmNlcy9zY3JpcHRzL2NyZWRzLnNoCiAgICAgIC0gJERFRkFVTFRfUEFUSC9hd3MtYWZ0LWNvcmUtZnJhbWV3b3JrL3NvdXJjZXMvc2NyaXB0cy9jcmVkcy5zaAoKICAgICAgIyBJbnN0YWxsIFRlcnJhZm9ybQogICAgICAtIGNkIC90bXAKICAgICAgLSBlY2hvICJJbnN0YWxsaW5nIFRlcnJhZm9ybSIKICAgICAgLSBjdXJsIC1xIC1vIHRlcnJhZm9ybV8ke1RGX1ZFUlNJT059X2xpbnV4X2FtZDY0LnppcCBodHRwczovL3JlbGVhc2VzLmhhc2hpY29ycC5jb20vdGVycmFmb3JtLyR7VEZfVkVSU0lPTn0vdGVycmFmb3JtXyR7VEZfVkVSU0lPTn1fbGludXhfYW1kNjQuemlwCiAgICAgIC0gdW56aXAgLXEgLW8gdGVycmFmb3JtXyR7VEZfVkVSU0lPTn1fbGludXhfYW1kNjQuemlwICYmIG12IHRlcnJhZm9ybSAvdXNyL2JpbgogICAgICAtIHRlcnJhZm9ybSAtLXZlcnNpb24KCiAgICAgICMgSW5zdGFsbCBQeXRob24gRGVwZW5kZW5jaWVzCiAgICAgIC0gcHl0aG9uMyAtbSB2ZW52IC4vdmVudgogICAgICAtIHNvdXJjZSAuL3ZlbnYvYmluL2FjdGl2YXRlCiAgICAgIC0gcGlwIGluc3RhbGwgcGlwPT0yMi4xLjIKICAgICAgLSBwaXAgaW5zdGFsbCBqaW5qYTItY2xpPT0wLjcuMCBKaW5qYTI9PTMuMC4xCgogIHByZV9idWlsZDoKICAgIG9uLWZhaWx1cmU6IEFCT1JUCiAgICBjb21tYW5kczoKICAgICAgLSBjZCAkREVGQVVMVF9QQVRIL2F3cy1hZnQtY29yZS1mcmFtZXdvcmsvc291cmNlcy9hZnQtY3VzdG9taXphdGlvbnMtY29tbW9uL3RlbXBsYXRlcy9jdXN0b21pemF0aW9uc19waXBlbGluZQogICAgICAtIGZvciBmIGluICouamluamE7IGRvIGppbmphMiAkZiAtRCB0aW1lc3RhbXA9IiRUSU1FU1RBTVAiIC1EIHJlZ2lvbj0kVEZfQkFDS0VORF9SRUdJT04gLUQgYnVja2V0PSRURl9TM19CVUNLRVQgLUQga2V5PSRURl9TM19LRVkgLUQgZHluYW1vZGJfdGFibGU9JFRGX0REQl9UQUJMRSAtRCBrbXNfa2V5X2lkPSRURl9LTVNfS0VZX0lEID4+ICQoYmFzZW5hbWUgJGYgLmppbmphKS50ZjsgZG9uZQogICAgICAtIGZvciBmIGluICoudGY7IGRvIGVjaG8gIlxuIFxuIjsgZWNobyAkZjsgY2F0ICRmOyBkb25lCiAgYnVpbGQ6CiAgICBvbi1mYWlsdXJlOiBBQk9SVAogICAgY29tbWFuZHM6CiAgICAgIC0gZXhwb3J0IEFXU19QUk9GSUxFPWFmdC1tYW5hZ2VtZW50LWFkbWluCiAgICAgIC0gdGVycmFmb3JtIGluaXQgLW5vLWNvbG9yCiAgICAgIC0gdGVycmFmb3JtIGFwcGx5IC12YXI9ImFjY291bnRfaWQ9JFZFTkRFRF9BQ0NPVU5UX0lEIiAtbm8tY29sb3IgLS1hdXRvLWFwcHJvdmUK",
            "filename": ".terraform/modules/aft/modules/aft-customizations/buildspecs/aft-create-pipeline.yml",
            "id": "fb253e19f18418f01ac015e7ea0cca40061b06fa"
          },
          "sensitive_attributes": []
        }
      ]
    },
    {
      "module": "module.aft.module.aft_customizations",
      "mode": "data",
      "type": "local_file",
      "name": "aft_global_customizations_terraform",
      "provider": "provider[\"registry.terraform.io/hashicorp/local\"]",
      "instances": [
        {
          "schema_version": 0,
          "attributes": {
            "content": "# Copyright Amazon.com, Inc. or its affiliates. All rights reserved.\n# SPDX-License-Identifier: Apache-2.0\n#\nversion: 0.2\n\nphases:\n  install:\n    commands:\n      - set -e\n      # Populate Required Variables\n      - DEFAULT_PATH=$(pwd)\n      - TIMESTAMP=$(date '+%Y-%m-%d %H:%M:%S')\n      - TF_VERSION=$(aws ssm get-parameter --name \"/aft/config/terraform/version\" --query \"Parameter.Value\" --output text)\n      - TF_DISTRIBUTION=$(aws ssm get-parameter --name \"/aft/config/terraform/distribution\" --query \"Parameter.Value\" --output text)\n      - CT_MGMT_REGION=$(aws ssm get-parameter --name \"/aft/config/ct-management-region\" --query \"Parameter.Value\" --output text)\n      - AFT_MGMT_ACCOUNT=$(aws ssm get-parameter --name \"/aft/account/aft-management/account-id\" --query \"Parameter.Value\" --output text)\n      - AFT_EXEC_ROLE_ARN=arn:$AWS_PARTITION:iam::$AFT_MGMT_ACCOUNT:role/AWSAFTExecution\n      - VENDED_EXEC_ROLE_ARN=arn:$AWS_PARTITION:iam::$VENDED_ACCOUNT_ID:role/AWSAFTExecution\n      - AFT_ADMIN_ROLE_NAME=$(aws ssm get-parameter --name /aft/resources/iam/aft-administrator-role-name | jq --raw-output \".Parameter.Value\")\n      - AFT_ADMIN_ROLE_ARN=arn:$AWS_PARTITION:iam::$AFT_MGMT_ACCOUNT:role/$AFT_ADMIN_ROLE_NAME\n      - ROLE_SESSION_NAME=$(aws ssm get-parameter --name /aft/resources/iam/aft-session-name | jq --raw-output \".Parameter.Value\")\n\n      # Configure Development SSH Key\n      - |\n        ssh_key_parameter=$(aws ssm get-parameter --name /aft/config/aft-ssh-key --with-decryption 2\u003e /dev/null || echo \"None\")\n        if [[ $ssh_key_parameter != \"None\" ]]; then\n          ssh_key=$(jq --raw-output \".Parameter.Value\" \u003c\u003c\u003c $ssh_key_parameter)\n          mkdir -p ~/.ssh\n          echo \"Host *\" \u003e\u003e ~/.ssh/config\n          echo \"StrictHostKeyChecking no\" \u003e\u003e ~/.ssh/config\n          echo \"UserKnownHostsFile=/dev/null\" \u003e\u003e ~/.ssh/config\n          echo \"$ssh_key\" \u003e ~/.ssh/ssh_key\n          echo -e \"\\n\\n\" \u003e\u003e  ~/.ssh/ssh_key\n          chmod 600 ~/.ssh/ssh_key\n          eval \"$(ssh-agent -s)\"\n          ssh-add ~/.ssh/ssh_key\n        fi\n\n      # Clone AFT\n      - AWS_MODULE_SOURCE=$(aws ssm get-parameter --name \"/aft/config/aft-pipeline-code-source/repo-url\" --query \"Parameter.Value\" --output text)\n      - AWS_MODULE_GIT_REF=$(aws ssm get-parameter --name \"/aft/config/aft-pipeline-code-source/repo-git-ref\" --query \"Parameter.Value\" --output text)\n      - git config --global credential.helper '!aws codecommit credential-helper $@'\n      - git config --global credential.UseHttpPath true\n      - git clone --quiet -b $AWS_MODULE_GIT_REF $AWS_MODULE_SOURCE aws-aft-core-framework\n\n      # Generate session profiles\n      - chmod +x $DEFAULT_PATH/aws-aft-core-framework/sources/scripts/creds.sh\n      - $DEFAULT_PATH/aws-aft-core-framework/sources/scripts/creds.sh\n\n      # Install AFT Python Dependencies\n      - python3 -m venv $DEFAULT_PATH/aft-venv\n      - $DEFAULT_PATH/aft-venv/bin/pip install pip==22.1.2\n      - $DEFAULT_PATH/aft-venv/bin/pip install jinja2-cli==0.7.0 Jinja2==3.0.1 MarkupSafe==2.0.1 boto3==1.18.56 requests==2.26.0\n\n      # Install API Helper Python Dependencies\n      - python3 -m venv $DEFAULT_PATH/api-helpers-venv\n      - $DEFAULT_PATH/api-helpers-venv/bin/pip install -r $DEFAULT_PATH/api_helpers/python/requirements.txt\n\n      # Mark helper scripts as executable\n      - chmod +x $DEFAULT_PATH/api_helpers/pre-api-helpers.sh\n      - chmod +x $DEFAULT_PATH/api_helpers/post-api-helpers.sh\n      \n  pre_build:\n    on-failure: ABORT\n    commands:\n      - source $DEFAULT_PATH/api-helpers-venv/bin/activate\n      - export AWS_PROFILE=aft-target\n      - $DEFAULT_PATH/api_helpers/pre-api-helpers.sh\n      - unset AWS_PROFILE\n\n  build:\n    on-failure: CONTINUE\n    commands:\n      # Apply customizations\n      - source $DEFAULT_PATH/aft-venv/bin/activate\n      - |\n        if [ $TF_DISTRIBUTION = \"oss\" ]; then\n          TF_BACKEND_REGION=$(aws ssm get-parameter --name \"/aft/config/oss-backend/primary-region\" --query \"Parameter.Value\" --output text)\n          TF_KMS_KEY_ID=$(aws ssm get-parameter --name \"/aft/config/oss-backend/kms-key-id\" --query \"Parameter.Value\" --output text)\n          TF_DDB_TABLE=$(aws ssm get-parameter --name \"/aft/config/oss-backend/table-id\" --query \"Parameter.Value\" --output text)\n          TF_S3_BUCKET=$(aws ssm get-parameter --name \"/aft/config/oss-backend/bucket-id\" --query \"Parameter.Value\" --output text)\n          TF_S3_KEY=$VENDED_ACCOUNT_ID-aft-global-customizations/terraform.tfstate\n\n          cd /tmp\n          echo \"Installing Terraform\"\n          curl -q -o terraform_${TF_VERSION}_linux_amd64.zip https://releases.hashicorp.com/terraform/${TF_VERSION}/terraform_${TF_VERSION}_linux_amd64.zip\n          mkdir -p /opt/aft/bin\n          unzip -q -o terraform_${TF_VERSION}_linux_amd64.zip\n          mv terraform /opt/aft/bin\n          /opt/aft/bin/terraform -no-color --version\n\n          # Move back to customization module\n          cd $DEFAULT_PATH/terraform\n          for f in *.jinja; do jinja2 $f -D timestamp=\"$TIMESTAMP\" -D tf_distribution_type=$TF_DISTRIBUTION -D provider_region=$CT_MGMT_REGION -D region=$TF_BACKEND_REGION -D aft_admin_role_arn=$AFT_EXEC_ROLE_ARN -D target_admin_role_arn=$VENDED_EXEC_ROLE_ARN -D bucket=$TF_S3_BUCKET -D key=$TF_S3_KEY -D dynamodb_table=$TF_DDB_TABLE -D kms_key_id=$TF_KMS_KEY_ID \u003e\u003e ./$(basename $f .jinja).tf; done\n          for f in *.tf; do echo \"\\n \\n\"; echo $f; cat $f; done\n\n          cd $DEFAULT_PATH/terraform\n          export AWS_PROFILE=aft-management-admin\n          /opt/aft/bin/terraform init -no-color\n          /opt/aft/bin/terraform apply -no-color --auto-approve\n        else\n          TF_ORG_NAME=$(aws ssm get-parameter --name \"/aft/config/terraform/org-name\" --query \"Parameter.Value\" --output text)\n          TF_TOKEN=$(aws ssm get-parameter --name \"/aft/config/terraform/token\" --with-decryption --query \"Parameter.Value\" --output text)\n          TF_ENDPOINT=$(aws ssm get-parameter --name \"/aft/config/terraform/api-endpoint\" --query \"Parameter.Value\" --output text)\n          TF_WORKSPACE_NAME=$VENDED_ACCOUNT_ID-aft-global-customizations\n          TF_CONFIG_PATH=\"./temp_configuration_file.tar.gz\"\n          cd $DEFAULT_PATH/terraform\n          for f in *.jinja; do jinja2 $f -D timestamp=\"$TIMESTAMP\" -D provider_region=$CT_MGMT_REGION -D tf_distribution_type=$TF_DISTRIBUTION -D aft_admin_role_arn=$AFT_EXEC_ROLE_ARN -D target_admin_role_arn=$VENDED_EXEC_ROLE_ARN -D terraform_org_name=$TF_ORG_NAME -D terraform_workspace_name=$TF_WORKSPACE_NAME  \u003e\u003e ./$(basename $f .jinja).tf; done\n          for f in *.tf; do echo \"\\n \\n\"; echo $f; cat $f; done\n          cd $DEFAULT_PATH\n          tar -czf temp_configuration_file.tar.gz -C terraform --exclude .git --exclude venv .\n          python3 $DEFAULT_PATH/aws-aft-core-framework/sources/scripts/workspace_manager.py --operation \"deploy\" --organization_name $TF_ORG_NAME --workspace_name $TF_WORKSPACE_NAME --assume_role_arn $AFT_ADMIN_ROLE_ARN --assume_role_session_name $ROLE_SESSION_NAME --api_endpoint $TF_ENDPOINT --api_token $TF_TOKEN --terraform_version $TF_VERSION --config_file $TF_CONFIG_PATH\n        fi\n\n  post_build:\n    on-failure: ABORT\n    commands:\n      - export PYTHONPATH=\"$DEFAULT_PATH/aws-aft-core-framework/sources/aft-lambda-layer:$PYTHONPATH\"\n      - export AWS_PROFILE=aft-management\n      - python3 $DEFAULT_PATH/aws-aft-core-framework/sources/aft-lambda-layer/aft_common/metrics.py --codebuild-name \"aft-global-customizations\" --codebuild-status $CODEBUILD_BUILD_SUCCEEDING\n      - unset AWS_PROFILE\n      - |\n        if [[ $CODEBUILD_BUILD_SUCCEEDING == 0 ]]; then\n          exit 1\n        fi\n      - source $DEFAULT_PATH/api-helpers-venv/bin/activate\n      - export AWS_PROFILE=aft-target\n      - $DEFAULT_PATH/api_helpers/post-api-helpers.sh\n",
            "content_base64": "IyBDb3B5cmlnaHQgQW1hem9uLmNvbSwgSW5jLiBvciBpdHMgYWZmaWxpYXRlcy4gQWxsIHJpZ2h0cyByZXNlcnZlZC4KIyBTUERYLUxpY2Vuc2UtSWRlbnRpZmllcjogQXBhY2hlLTIuMAojCnZlcnNpb246IDAuMgoKcGhhc2VzOgogIGluc3RhbGw6CiAgICBjb21tYW5kczoKICAgICAgLSBzZXQgLWUKICAgICAgIyBQb3B1bGF0ZSBSZXF1aXJlZCBWYXJpYWJsZXMKICAgICAgLSBERUZBVUxUX1BBVEg9JChwd2QpCiAgICAgIC0gVElNRVNUQU1QPSQoZGF0ZSAnKyVZLSVtLSVkICVIOiVNOiVTJykKICAgICAgLSBURl9WRVJTSU9OPSQoYXdzIHNzbSBnZXQtcGFyYW1ldGVyIC0tbmFtZSAiL2FmdC9jb25maWcvdGVycmFmb3JtL3ZlcnNpb24iIC0tcXVlcnkgIlBhcmFtZXRlci5WYWx1ZSIgLS1vdXRwdXQgdGV4dCkKICAgICAgLSBURl9ESVNUUklCVVRJT049JChhd3Mgc3NtIGdldC1wYXJhbWV0ZXIgLS1uYW1lICIvYWZ0L2NvbmZpZy90ZXJyYWZvcm0vZGlzdHJpYnV0aW9uIiAtLXF1ZXJ5ICJQYXJhbWV0ZXIuVmFsdWUiIC0tb3V0cHV0IHRleHQpCiAgICAgIC0gQ1RfTUdNVF9SRUdJT049JChhd3Mgc3NtIGdldC1wYXJhbWV0ZXIgLS1uYW1lICIvYWZ0L2NvbmZpZy9jdC1tYW5hZ2VtZW50LXJlZ2lvbiIgLS1xdWVyeSAiUGFyYW1ldGVyLlZhbHVlIiAtLW91dHB1dCB0ZXh0KQogICAgICAtIEFGVF9NR01UX0FDQ09VTlQ9JChhd3Mgc3NtIGdldC1wYXJhbWV0ZXIgLS1uYW1lICIvYWZ0L2FjY291bnQvYWZ0LW1hbmFnZW1lbnQvYWNjb3VudC1pZCIgLS1xdWVyeSAiUGFyYW1ldGVyLlZhbHVlIiAtLW91dHB1dCB0ZXh0KQogICAgICAtIEFGVF9FWEVDX1JPTEVfQVJOPWFybjokQVdTX1BBUlRJVElPTjppYW06OiRBRlRfTUdNVF9BQ0NPVU5UOnJvbGUvQVdTQUZURXhlY3V0aW9uCiAgICAgIC0gVkVOREVEX0VYRUNfUk9MRV9BUk49YXJuOiRBV1NfUEFSVElUSU9OOmlhbTo6JFZFTkRFRF9BQ0NPVU5UX0lEOnJvbGUvQVdTQUZURXhlY3V0aW9uCiAgICAgIC0gQUZUX0FETUlOX1JPTEVfTkFNRT0kKGF3cyBzc20gZ2V0LXBhcmFtZXRlciAtLW5hbWUgL2FmdC9yZXNvdXJjZXMvaWFtL2FmdC1hZG1pbmlzdHJhdG9yLXJvbGUtbmFtZSB8IGpxIC0tcmF3LW91dHB1dCAiLlBhcmFtZXRlci5WYWx1ZSIpCiAgICAgIC0gQUZUX0FETUlOX1JPTEVfQVJOPWFybjokQVdTX1BBUlRJVElPTjppYW06OiRBRlRfTUdNVF9BQ0NPVU5UOnJvbGUvJEFGVF9BRE1JTl9ST0xFX05BTUUKICAgICAgLSBST0xFX1NFU1NJT05fTkFNRT0kKGF3cyBzc20gZ2V0LXBhcmFtZXRlciAtLW5hbWUgL2FmdC9yZXNvdXJjZXMvaWFtL2FmdC1zZXNzaW9uLW5hbWUgfCBqcSAtLXJhdy1vdXRwdXQgIi5QYXJhbWV0ZXIuVmFsdWUiKQoKICAgICAgIyBDb25maWd1cmUgRGV2ZWxvcG1lbnQgU1NIIEtleQogICAgICAtIHwKICAgICAgICBzc2hfa2V5X3BhcmFtZXRlcj0kKGF3cyBzc20gZ2V0LXBhcmFtZXRlciAtLW5hbWUgL2FmdC9jb25maWcvYWZ0LXNzaC1rZXkgLS13aXRoLWRlY3J5cHRpb24gMj4gL2Rldi9udWxsIHx8IGVjaG8gIk5vbmUiKQogICAgICAgIGlmIFtbICRzc2hfa2V5X3BhcmFtZXRlciAhPSAiTm9uZSIgXV07IHRoZW4KICAgICAgICAgIHNzaF9rZXk9JChqcSAtLXJhdy1vdXRwdXQgIi5QYXJhbWV0ZXIuVmFsdWUiIDw8PCAkc3NoX2tleV9wYXJhbWV0ZXIpCiAgICAgICAgICBta2RpciAtcCB+Ly5zc2gKICAgICAgICAgIGVjaG8gIkhvc3QgKiIgPj4gfi8uc3NoL2NvbmZpZwogICAgICAgICAgZWNobyAiU3RyaWN0SG9zdEtleUNoZWNraW5nIG5vIiA+PiB+Ly5zc2gvY29uZmlnCiAgICAgICAgICBlY2hvICJVc2VyS25vd25Ib3N0c0ZpbGU9L2Rldi9udWxsIiA+PiB+Ly5zc2gvY29uZmlnCiAgICAgICAgICBlY2hvICIkc3NoX2tleSIgPiB+Ly5zc2gvc3NoX2tleQogICAgICAgICAgZWNobyAtZSAiXG5cbiIgPj4gIH4vLnNzaC9zc2hfa2V5CiAgICAgICAgICBjaG1vZCA2MDAgfi8uc3NoL3NzaF9rZXkKICAgICAgICAgIGV2YWwgIiQoc3NoLWFnZW50IC1zKSIKICAgICAgICAgIHNzaC1hZGQgfi8uc3NoL3NzaF9rZXkKICAgICAgICBmaQoKICAgICAgIyBDbG9uZSBBRlQKICAgICAgLSBBV1NfTU9EVUxFX1NPVVJDRT0kKGF3cyBzc20gZ2V0LXBhcmFtZXRlciAtLW5hbWUgIi9hZnQvY29uZmlnL2FmdC1waXBlbGluZS1jb2RlLXNvdXJjZS9yZXBvLXVybCIgLS1xdWVyeSAiUGFyYW1ldGVyLlZhbHVlIiAtLW91dHB1dCB0ZXh0KQogICAgICAtIEFXU19NT0RVTEVfR0lUX1JFRj0kKGF3cyBzc20gZ2V0LXBhcmFtZXRlciAtLW5hbWUgIi9hZnQvY29uZmlnL2FmdC1waXBlbGluZS1jb2RlLXNvdXJjZS9yZXBvLWdpdC1yZWYiIC0tcXVlcnkgIlBhcmFtZXRlci5WYWx1ZSIgLS1vdXRwdXQgdGV4dCkKICAgICAgLSBnaXQgY29uZmlnIC0tZ2xvYmFsIGNyZWRlbnRpYWwuaGVscGVyICchYXdzIGNvZGVjb21taXQgY3JlZGVudGlhbC1oZWxwZXIgJEAnCiAgICAgIC0gZ2l0IGNvbmZpZyAtLWdsb2JhbCBjcmVkZW50aWFsLlVzZUh0dHBQYXRoIHRydWUKICAgICAgLSBnaXQgY2xvbmUgLS1xdWlldCAtYiAkQVdTX01PRFVMRV9HSVRfUkVGICRBV1NfTU9EVUxFX1NPVVJDRSBhd3MtYWZ0LWNvcmUtZnJhbWV3b3JrCgogICAgICAjIEdlbmVyYXRlIHNlc3Npb24gcHJvZmlsZXMKICAgICAgLSBjaG1vZCAreCAkREVGQVVMVF9QQVRIL2F3cy1hZnQtY29yZS1mcmFtZXdvcmsvc291cmNlcy9zY3JpcHRzL2NyZWRzLnNoCiAgICAgIC0gJERFRkFVTFRfUEFUSC9hd3MtYWZ0LWNvcmUtZnJhbWV3b3JrL3NvdXJjZXMvc2NyaXB0cy9jcmVkcy5zaAoKICAgICAgIyBJbnN0YWxsIEFGVCBQeXRob24gRGVwZW5kZW5jaWVzCiAgICAgIC0gcHl0aG9uMyAtbSB2ZW52ICRERUZBVUxUX1BBVEgvYWZ0LXZlbnYKICAgICAgLSAkREVGQVVMVF9QQVRIL2FmdC12ZW52L2Jpbi9waXAgaW5zdGFsbCBwaXA9PTIyLjEuMgogICAgICAtICRERUZBVUxUX1BBVEgvYWZ0LXZlbnYvYmluL3BpcCBpbnN0YWxsIGppbmphMi1jbGk9PTAuNy4wIEppbmphMj09My4wLjEgTWFya3VwU2FmZT09Mi4wLjEgYm90bzM9PTEuMTguNTYgcmVxdWVzdHM9PTIuMjYuMAoKICAgICAgIyBJbnN0YWxsIEFQSSBIZWxwZXIgUHl0aG9uIERlcGVuZGVuY2llcwogICAgICAtIHB5dGhvbjMgLW0gdmVudiAkREVGQVVMVF9QQVRIL2FwaS1oZWxwZXJzLXZlbnYKICAgICAgLSAkREVGQVVMVF9QQVRIL2FwaS1oZWxwZXJzLXZlbnYvYmluL3BpcCBpbnN0YWxsIC1yICRERUZBVUxUX1BBVEgvYXBpX2hlbHBlcnMvcHl0aG9uL3JlcXVpcmVtZW50cy50eHQKCiAgICAgICMgTWFyayBoZWxwZXIgc2NyaXB0cyBhcyBleGVjdXRhYmxlCiAgICAgIC0gY2htb2QgK3ggJERFRkFVTFRfUEFUSC9hcGlfaGVscGVycy9wcmUtYXBpLWhlbHBlcnMuc2gKICAgICAgLSBjaG1vZCAreCAkREVGQVVMVF9QQVRIL2FwaV9oZWxwZXJzL3Bvc3QtYXBpLWhlbHBlcnMuc2gKICAgICAgCiAgcHJlX2J1aWxkOgogICAgb24tZmFpbHVyZTogQUJPUlQKICAgIGNvbW1hbmRzOgogICAgICAtIHNvdXJjZSAkREVGQVVMVF9QQVRIL2FwaS1oZWxwZXJzLXZlbnYvYmluL2FjdGl2YXRlCiAgICAgIC0gZXhwb3J0IEFXU19QUk9GSUxFPWFmdC10YXJnZXQKICAgICAgLSAkREVGQVVMVF9QQVRIL2FwaV9oZWxwZXJzL3ByZS1hcGktaGVscGVycy5zaAogICAgICAtIHVuc2V0IEFXU19QUk9GSUxFCgogIGJ1aWxkOgogICAgb24tZmFpbHVyZTogQ09OVElOVUUKICAgIGNvbW1hbmRzOgogICAgICAjIEFwcGx5IGN1c3RvbWl6YXRpb25zCiAgICAgIC0gc291cmNlICRERUZBVUxUX1BBVEgvYWZ0LXZlbnYvYmluL2FjdGl2YXRlCiAgICAgIC0gfAogICAgICAgIGlmIFsgJFRGX0RJU1RSSUJVVElPTiA9ICJvc3MiIF07IHRoZW4KICAgICAgICAgIFRGX0JBQ0tFTkRfUkVHSU9OPSQoYXdzIHNzbSBnZXQtcGFyYW1ldGVyIC0tbmFtZSAiL2FmdC9jb25maWcvb3NzLWJhY2tlbmQvcHJpbWFyeS1yZWdpb24iIC0tcXVlcnkgIlBhcmFtZXRlci5WYWx1ZSIgLS1vdXRwdXQgdGV4dCkKICAgICAgICAgIFRGX0tNU19LRVlfSUQ9JChhd3Mgc3NtIGdldC1wYXJhbWV0ZXIgLS1uYW1lICIvYWZ0L2NvbmZpZy9vc3MtYmFja2VuZC9rbXMta2V5LWlkIiAtLXF1ZXJ5ICJQYXJhbWV0ZXIuVmFsdWUiIC0tb3V0cHV0IHRleHQpCiAgICAgICAgICBURl9EREJfVEFCTEU9JChhd3Mgc3NtIGdldC1wYXJhbWV0ZXIgLS1uYW1lICIvYWZ0L2NvbmZpZy9vc3MtYmFja2VuZC90YWJsZS1pZCIgLS1xdWVyeSAiUGFyYW1ldGVyLlZhbHVlIiAtLW91dHB1dCB0ZXh0KQogICAgICAgICAgVEZfUzNfQlVDS0VUPSQoYXdzIHNzbSBnZXQtcGFyYW1ldGVyIC0tbmFtZSAiL2FmdC9jb25maWcvb3NzLWJhY2tlbmQvYnVja2V0LWlkIiAtLXF1ZXJ5ICJQYXJhbWV0ZXIuVmFsdWUiIC0tb3V0cHV0IHRleHQpCiAgICAgICAgICBURl9TM19LRVk9JFZFTkRFRF9BQ0NPVU5UX0lELWFmdC1nbG9iYWwtY3VzdG9taXphdGlvbnMvdGVycmFmb3JtLnRmc3RhdGUKCiAgICAgICAgICBjZCAvdG1wCiAgICAgICAgICBlY2hvICJJbnN0YWxsaW5nIFRlcnJhZm9ybSIKICAgICAgICAgIGN1cmwgLXEgLW8gdGVycmFmb3JtXyR7VEZfVkVSU0lPTn1fbGludXhfYW1kNjQuemlwIGh0dHBzOi8vcmVsZWFzZXMuaGFzaGljb3JwLmNvbS90ZXJyYWZvcm0vJHtURl9WRVJTSU9OfS90ZXJyYWZvcm1fJHtURl9WRVJTSU9OfV9saW51eF9hbWQ2NC56aXAKICAgICAgICAgIG1rZGlyIC1wIC9vcHQvYWZ0L2JpbgogICAgICAgICAgdW56aXAgLXEgLW8gdGVycmFmb3JtXyR7VEZfVkVSU0lPTn1fbGludXhfYW1kNjQuemlwCiAgICAgICAgICBtdiB0ZXJyYWZvcm0gL29wdC9hZnQvYmluCiAgICAgICAgICAvb3B0L2FmdC9iaW4vdGVycmFmb3JtIC1uby1jb2xvciAtLXZlcnNpb24KCiAgICAgICAgICAjIE1vdmUgYmFjayB0byBjdXN0b21pemF0aW9uIG1vZHVsZQogICAgICAgICAgY2QgJERFRkFVTFRfUEFUSC90ZXJyYWZvcm0KICAgICAgICAgIGZvciBmIGluICouamluamE7IGRvIGppbmphMiAkZiAtRCB0aW1lc3RhbXA9IiRUSU1FU1RBTVAiIC1EIHRmX2Rpc3RyaWJ1dGlvbl90eXBlPSRURl9ESVNUUklCVVRJT04gLUQgcHJvdmlkZXJfcmVnaW9uPSRDVF9NR01UX1JFR0lPTiAtRCByZWdpb249JFRGX0JBQ0tFTkRfUkVHSU9OIC1EIGFmdF9hZG1pbl9yb2xlX2Fybj0kQUZUX0VYRUNfUk9MRV9BUk4gLUQgdGFyZ2V0X2FkbWluX3JvbGVfYXJuPSRWRU5ERURfRVhFQ19ST0xFX0FSTiAtRCBidWNrZXQ9JFRGX1MzX0JVQ0tFVCAtRCBrZXk9JFRGX1MzX0tFWSAtRCBkeW5hbW9kYl90YWJsZT0kVEZfRERCX1RBQkxFIC1EIGttc19rZXlfaWQ9JFRGX0tNU19LRVlfSUQgPj4gLi8kKGJhc2VuYW1lICRmIC5qaW5qYSkudGY7IGRvbmUKICAgICAgICAgIGZvciBmIGluICoudGY7IGRvIGVjaG8gIlxuIFxuIjsgZWNobyAkZjsgY2F0ICRmOyBkb25lCgogICAgICAgICAgY2QgJERFRkFVTFRfUEFUSC90ZXJyYWZvcm0KICAgICAgICAgIGV4cG9ydCBBV1NfUFJPRklMRT1hZnQtbWFuYWdlbWVudC1hZG1pbgogICAgICAgICAgL29wdC9hZnQvYmluL3RlcnJhZm9ybSBpbml0IC1uby1jb2xvcgogICAgICAgICAgL29wdC9hZnQvYmluL3RlcnJhZm9ybSBhcHBseSAtbm8tY29sb3IgLS1hdXRvLWFwcHJvdmUKICAgICAgICBlbHNlCiAgICAgICAgICBURl9PUkdfTkFNRT0kKGF3cyBzc20gZ2V0LXBhcmFtZXRlciAtLW5hbWUgIi9hZnQvY29uZmlnL3RlcnJhZm9ybS9vcmctbmFtZSIgLS1xdWVyeSAiUGFyYW1ldGVyLlZhbHVlIiAtLW91dHB1dCB0ZXh0KQogICAgICAgICAgVEZfVE9LRU49JChhd3Mgc3NtIGdldC1wYXJhbWV0ZXIgLS1uYW1lICIvYWZ0L2NvbmZpZy90ZXJyYWZvcm0vdG9rZW4iIC0td2l0aC1kZWNyeXB0aW9uIC0tcXVlcnkgIlBhcmFtZXRlci5WYWx1ZSIgLS1vdXRwdXQgdGV4dCkKICAgICAgICAgIFRGX0VORFBPSU5UPSQoYXdzIHNzbSBnZXQtcGFyYW1ldGVyIC0tbmFtZSAiL2FmdC9jb25maWcvdGVycmFmb3JtL2FwaS1lbmRwb2ludCIgLS1xdWVyeSAiUGFyYW1ldGVyLlZhbHVlIiAtLW91dHB1dCB0ZXh0KQogICAgICAgICAgVEZfV09SS1NQQUNFX05BTUU9JFZFTkRFRF9BQ0NPVU5UX0lELWFmdC1nbG9iYWwtY3VzdG9taXphdGlvbnMKICAgICAgICAgIFRGX0NPTkZJR19QQVRIPSIuL3RlbXBfY29uZmlndXJhdGlvbl9maWxlLnRhci5neiIKICAgICAgICAgIGNkICRERUZBVUxUX1BBVEgvdGVycmFmb3JtCiAgICAgICAgICBmb3IgZiBpbiAqLmppbmphOyBkbyBqaW5qYTIgJGYgLUQgdGltZXN0YW1wPSIkVElNRVNUQU1QIiAtRCBwcm92aWRlcl9yZWdpb249JENUX01HTVRfUkVHSU9OIC1EIHRmX2Rpc3RyaWJ1dGlvbl90eXBlPSRURl9ESVNUUklCVVRJT04gLUQgYWZ0X2FkbWluX3JvbGVfYXJuPSRBRlRfRVhFQ19ST0xFX0FSTiAtRCB0YXJnZXRfYWRtaW5fcm9sZV9hcm49JFZFTkRFRF9FWEVDX1JPTEVfQVJOIC1EIHRlcnJhZm9ybV9vcmdfbmFtZT0kVEZfT1JHX05BTUUgLUQgdGVycmFmb3JtX3dvcmtzcGFjZV9uYW1lPSRURl9XT1JLU1BBQ0VfTkFNRSAgPj4gLi8kKGJhc2VuYW1lICRmIC5qaW5qYSkudGY7IGRvbmUKICAgICAgICAgIGZvciBmIGluICoudGY7IGRvIGVjaG8gIlxuIFxuIjsgZWNobyAkZjsgY2F0ICRmOyBkb25lCiAgICAgICAgICBjZCAkREVGQVVMVF9QQVRICiAgICAgICAgICB0YXIgLWN6ZiB0ZW1wX2NvbmZpZ3VyYXRpb25fZmlsZS50YXIuZ3ogLUMgdGVycmFmb3JtIC0tZXhjbHVkZSAuZ2l0IC0tZXhjbHVkZSB2ZW52IC4KICAgICAgICAgIHB5dGhvbjMgJERFRkFVTFRfUEFUSC9hd3MtYWZ0LWNvcmUtZnJhbWV3b3JrL3NvdXJjZXMvc2NyaXB0cy93b3Jrc3BhY2VfbWFuYWdlci5weSAtLW9wZXJhdGlvbiAiZGVwbG95IiAtLW9yZ2FuaXphdGlvbl9uYW1lICRURl9PUkdfTkFNRSAtLXdvcmtzcGFjZV9uYW1lICRURl9XT1JLU1BBQ0VfTkFNRSAtLWFzc3VtZV9yb2xlX2FybiAkQUZUX0FETUlOX1JPTEVfQVJOIC0tYXNzdW1lX3JvbGVfc2Vzc2lvbl9uYW1lICRST0xFX1NFU1NJT05fTkFNRSAtLWFwaV9lbmRwb2ludCAkVEZfRU5EUE9JTlQgLS1hcGlfdG9rZW4gJFRGX1RPS0VOIC0tdGVycmFmb3JtX3ZlcnNpb24gJFRGX1ZFUlNJT04gLS1jb25maWdfZmlsZSAkVEZfQ09ORklHX1BBVEgKICAgICAgICBmaQoKICBwb3N0X2J1aWxkOgogICAgb24tZmFpbHVyZTogQUJPUlQKICAgIGNvbW1hbmRzOgogICAgICAtIGV4cG9ydCBQWVRIT05QQVRIPSIkREVGQVVMVF9QQVRIL2F3cy1hZnQtY29yZS1mcmFtZXdvcmsvc291cmNlcy9hZnQtbGFtYmRhLWxheWVyOiRQWVRIT05QQVRIIgogICAgICAtIGV4cG9ydCBBV1NfUFJPRklMRT1hZnQtbWFuYWdlbWVudAogICAgICAtIHB5dGhvbjMgJERFRkFVTFRfUEFUSC9hd3MtYWZ0LWNvcmUtZnJhbWV3b3JrL3NvdXJjZXMvYWZ0LWxhbWJkYS1sYXllci9hZnRfY29tbW9uL21ldHJpY3MucHkgLS1jb2RlYnVpbGQtbmFtZSAiYWZ0LWdsb2JhbC1jdXN0b21pemF0aW9ucyIgLS1jb2RlYnVpbGQtc3RhdHVzICRDT0RFQlVJTERfQlVJTERfU1VDQ0VFRElORwogICAgICAtIHVuc2V0IEFXU19QUk9GSUxFCiAgICAgIC0gfAogICAgICAgIGlmIFtbICRDT0RFQlVJTERfQlVJTERfU1VDQ0VFRElORyA9PSAwIF1dOyB0aGVuCiAgICAgICAgICBleGl0IDEKICAgICAgICBmaQogICAgICAtIHNvdXJjZSAkREVGQVVMVF9QQVRIL2FwaS1oZWxwZXJzLXZlbnYvYmluL2FjdGl2YXRlCiAgICAgIC0gZXhwb3J0IEFXU19QUk9GSUxFPWFmdC10YXJnZXQKICAgICAgLSAkREVGQVVMVF9QQVRIL2FwaV9oZWxwZXJzL3Bvc3QtYXBpLWhlbHBlcnMuc2gK",
            "filename": ".terraform/modules/aft/modules/aft-customizations/buildspecs/aft-global-customizations-terraform.yml",
            "id": "81cf67e51f47555db52bd111dfbe9e110dd98b1b"
          },
          "sensitive_attributes": []
        }
      ]
    },
    {
      "module": "module.aft.module.aft_customizations",
      "mode": "managed",
      "type": "aws_cloudwatch_log_group",
      "name": "aft_account_customizations_api_helpers",
      "provider": "module.aft.provider[\"registry.terraform.io/hashicorp/aws\"].aft_management",
      "instances": [
        {
          "schema_version": 0,
          "attributes": {
            "arn": "arn:aws:logs:eu-west-1:804448413129:log-group:/aws/codebuild/aft-account-customizations-api-helpers",
            "id": "/aws/codebuild/aft-account-customizations-api-helpers",
            "kms_key_id": "",
            "name": "/aws/codebuild/aft-account-customizations-api-helpers",
            "name_prefix": "",
            "retention_in_days": 0,
            "skip_destroy": false,
            "tags": null,
            "tags_all": {
              "managed_by": "AFT"
            }
          },
          "sensitive_attributes": [],
          "private": "bnVsbA==",
          "dependencies": [
            "module.aft.data.aws_partition.current"
          ]
        }
      ]
    },
    {
      "module": "module.aft.module.aft_customizations",
      "mode": "managed",
      "type": "aws_cloudwatch_log_group",
      "name": "aft_account_customizations_terraform",
      "provider": "module.aft.provider[\"registry.terraform.io/hashicorp/aws\"].aft_management",
      "instances": [
        {
          "schema_version": 0,
          "attributes": {
            "arn": "arn:aws:logs:eu-west-1:804448413129:log-group:/aws/codebuild/aft-account-customizations-terraform",
            "id": "/aws/codebuild/aft-account-customizations-terraform",
            "kms_key_id": "",
            "name": "/aws/codebuild/aft-account-customizations-terraform",
            "name_prefix": "",
            "retention_in_days": 0,
            "skip_destroy": false,
            "tags": null,
            "tags_all": {
              "managed_by": "AFT"
            }
          },
          "sensitive_attributes": [],
          "private": "bnVsbA==",
          "dependencies": [
            "module.aft.data.aws_partition.current"
          ]
        }
      ]
    },
    {
      "module": "module.aft.module.aft_customizations",
      "mode": "managed",
      "type": "aws_cloudwatch_log_group",
      "name": "aft_create_pipeline",
      "provider": "module.aft.provider[\"registry.terraform.io/hashicorp/aws\"].aft_management",
      "instances": [
        {
          "schema_version": 0,
          "attributes": {
            "arn": "arn:aws:logs:eu-west-1:804448413129:log-group:/aws/codebuild/aft-create-pipeline",
            "id": "/aws/codebuild/aft-create-pipeline",
            "kms_key_id": "",
            "name": "/aws/codebuild/aft-create-pipeline",
            "name_prefix": "",
            "retention_in_days": 0,
            "skip_destroy": false,
            "tags": null,
            "tags_all": {
              "managed_by": "AFT"
            }
          },
          "sensitive_attributes": [],
          "private": "bnVsbA==",
          "dependencies": [
            "module.aft.data.aws_partition.current"
          ]
        }
      ]
    },
    {
      "module": "module.aft.module.aft_customizations",
      "mode": "managed",
      "type": "aws_cloudwatch_log_group",
      "name": "aft_customizations_identify_targets",
      "provider": "module.aft.provider[\"registry.terraform.io/hashicorp/aws\"].aft_management",
      "instances": [
        {
          "schema_version": 0,
          "attributes": {
            "arn": "arn:aws:logs:eu-west-1:804448413129:log-group:/aws/lambda/aft-customizations-identify-targets",
            "id": "/aws/lambda/aft-customizations-identify-targets",
            "kms_key_id": "",
            "name": "/aws/lambda/aft-customizations-identify-targets",
            "name_prefix": "",
            "retention_in_days": 0,
            "skip_destroy": false,
            "tags": null,
            "tags_all": {
              "managed_by": "AFT"
            }
          },
          "sensitive_attributes": [],
          "private": "bnVsbA==",
          "dependencies": [
            "module.aft.data.aws_partition.current",
            "module.aft.data.local_file.version",
            "module.aft.module.aft_account_request_framework.aws_kms_key.aft",
            "module.aft.module.aft_account_request_framework.aws_security_group.aft_vpc_default_sg",
            "module.aft.module.aft_account_request_framework.aws_subnet.aft_vpc_private_subnet_01",
            "module.aft.module.aft_account_request_framework.aws_subnet.aft_vpc_private_subnet_02",
            "module.aft.module.aft_account_request_framework.aws_vpc.aft_vpc",
            "module.aft.module.aft_account_request_framework.data.aws_availability_zones.available",
            "module.aft.module.aft_customizations.aws_iam_role.aft_customizations_identify_targets_lambda",
            "module.aft.module.aft_customizations.aws_lambda_function.aft_customizations_identify_targets",
            "module.aft.module.aft_customizations.aws_s3_bucket.aft_codepipeline_customizations_bucket",
            "module.aft.module.aft_customizations.data.aws_caller_identity.current",
            "module.aft.module.aft_lambda_layer.aws_codebuild_project.codebuild",
            "module.aft.module.aft_lambda_layer.aws_iam_role.codebuild",
            "module.aft.module.aft_lambda_layer.aws_iam_role.codebuild_invoker_lambda_role",
            "module.aft.module.aft_lambda_layer.aws_lambda_function.codebuild_invoker",
            "module.aft.module.aft_lambda_layer.aws_lambda_layer_version.layer_version",
            "module.aft.module.aft_lambda_layer.data.aws_lambda_invocation.invoke_codebuild_job",
            "module.aft.module.aft_lambda_layer.data.aws_partition.current",
            "module.aft.module.aft_lambda_layer.data.local_file.aft_lambda_layer",
            "module.aft.module.aft_lambda_layer.random_string.resource_suffix",
            "module.aft.module.packaging.data.archive_file.builder",
            "module.aft.module.packaging.data.archive_file.customizations"
          ]
        }
      ]
    },
    {
      "module": "module.aft.module.aft_customizations",
      "mode": "managed",
      "type": "aws_cloudwatch_log_group",
      "name": "aft_customizations_invoke_account_provisioning",
      "provider": "module.aft.provider[\"registry.terraform.io/hashicorp/aws\"].aft_management",
      "instances": [
        {
          "schema_version": 0,
          "attributes": {
            "arn": "arn:aws:logs:eu-west-1:804448413129:log-group:/aws/lambda/aft-customizations-invoke-account-provisioning",
            "id": "/aws/lambda/aft-customizations-invoke-account-provisioning",
            "kms_key_id": "",
            "name": "/aws/lambda/aft-customizations-invoke-account-provisioning",
            "name_prefix": "",
            "retention_in_days": 0,
            "skip_destroy": false,
            "tags": null,
            "tags_all": {
              "managed_by": "AFT"
            }
          },
          "sensitive_attributes": [],
          "private": "bnVsbA==",
          "dependencies": [
            "module.aft.data.aws_partition.current"
          ]
        }
      ]
    },
    {
      "module": "module.aft.module.aft_customizations",
      "mode": "managed",
      "type": "aws_cloudwatch_log_group",
      "name": "aft_execute_pipeline",
      "provider": "module.aft.provider[\"registry.terraform.io/hashicorp/aws\"].aft_management",
      "instances": [
        {
          "schema_version": 0,
          "attributes": {
            "arn": "arn:aws:logs:eu-west-1:804448413129:log-group:/aws/lambda/aft-customizations-execute-pipeline",
            "id": "/aws/lambda/aft-customizations-execute-pipeline",
            "kms_key_id": "",
            "name": "/aws/lambda/aft-customizations-execute-pipeline",
            "name_prefix": "",
            "retention_in_days": 0,
            "skip_destroy": false,
            "tags": null,
            "tags_all": {
              "managed_by": "AFT"
            }
          },
          "sensitive_attributes": [],
          "private": "bnVsbA==",
          "dependencies": [
            "module.aft.data.aws_partition.current",
            "module.aft.data.local_file.version",
            "module.aft.module.aft_account_request_framework.aws_kms_key.aft",
            "module.aft.module.aft_account_request_framework.aws_security_group.aft_vpc_default_sg",
            "module.aft.module.aft_account_request_framework.aws_subnet.aft_vpc_private_subnet_01",
            "module.aft.module.aft_account_request_framework.aws_subnet.aft_vpc_private_subnet_02",
            "module.aft.module.aft_account_request_framework.aws_vpc.aft_vpc",
            "module.aft.module.aft_account_request_framework.data.aws_availability_zones.available",
            "module.aft.module.aft_customizations.aws_iam_role.aft_customizations_execute_pipeline_lambda",
            "module.aft.module.aft_customizations.aws_lambda_function.aft_customizations_execute_pipeline",
            "module.aft.module.aft_customizations.aws_s3_bucket.aft_codepipeline_customizations_bucket",
            "module.aft.module.aft_customizations.data.aws_caller_identity.current",
            "module.aft.module.aft_lambda_layer.aws_codebuild_project.codebuild",
            "module.aft.module.aft_lambda_layer.aws_iam_role.codebuild",
            "module.aft.module.aft_lambda_layer.aws_iam_role.codebuild_invoker_lambda_role",
            "module.aft.module.aft_lambda_layer.aws_lambda_function.codebuild_invoker",
            "module.aft.module.aft_lambda_layer.aws_lambda_layer_version.layer_version",
            "module.aft.module.aft_lambda_layer.data.aws_lambda_invocation.invoke_codebuild_job",
            "module.aft.module.aft_lambda_layer.data.aws_partition.current",
            "module.aft.module.aft_lambda_layer.data.local_file.aft_lambda_layer",
            "module.aft.module.aft_lambda_layer.random_string.resource_suffix",
            "module.aft.module.packaging.data.archive_file.builder",
            "module.aft.module.packaging.data.archive_file.customizations"
          ]
        }
      ]
    },
    {
      "module": "module.aft.module.aft_customizations",
      "mode": "managed",
      "type": "aws_cloudwatch_log_group",
      "name": "aft_get_pipeline_executions",
      "provider": "module.aft.provider[\"registry.terraform.io/hashicorp/aws\"].aft_management",
      "instances": [
        {
          "schema_version": 0,
          "attributes": {
            "arn": "arn:aws:logs:eu-west-1:804448413129:log-group:/aws/lambda/aft-customizations-get-pipeline-executions",
            "id": "/aws/lambda/aft-customizations-get-pipeline-executions",
            "kms_key_id": "",
            "name": "/aws/lambda/aft-customizations-get-pipeline-executions",
            "name_prefix": "",
            "retention_in_days": 0,
            "skip_destroy": false,
            "tags": null,
            "tags_all": {
              "managed_by": "AFT"
            }
          },
          "sensitive_attributes": [],
          "private": "bnVsbA==",
          "dependencies": [
            "module.aft.data.aws_partition.current",
            "module.aft.data.local_file.version",
            "module.aft.module.aft_account_request_framework.aws_kms_key.aft",
            "module.aft.module.aft_account_request_framework.aws_security_group.aft_vpc_default_sg",
            "module.aft.module.aft_account_request_framework.aws_subnet.aft_vpc_private_subnet_01",
            "module.aft.module.aft_account_request_framework.aws_subnet.aft_vpc_private_subnet_02",
            "module.aft.module.aft_account_request_framework.aws_vpc.aft_vpc",
            "module.aft.module.aft_account_request_framework.data.aws_availability_zones.available",
            "module.aft.module.aft_customizations.aws_iam_role.aft_customizations_get_pipeline_executions_lambda",
            "module.aft.module.aft_customizations.aws_lambda_function.aft_customizations_get_pipeline_executions",
            "module.aft.module.aft_customizations.aws_s3_bucket.aft_codepipeline_customizations_bucket",
            "module.aft.module.aft_customizations.data.aws_caller_identity.current",
            "module.aft.module.aft_lambda_layer.aws_codebuild_project.codebuild",
            "module.aft.module.aft_lambda_layer.aws_iam_role.codebuild",
            "module.aft.module.aft_lambda_layer.aws_iam_role.codebuild_invoker_lambda_role",
            "module.aft.module.aft_lambda_layer.aws_lambda_function.codebuild_invoker",
            "module.aft.module.aft_lambda_layer.aws_lambda_layer_version.layer_version",
            "module.aft.module.aft_lambda_layer.data.aws_lambda_invocation.invoke_codebuild_job",
            "module.aft.module.aft_lambda_layer.data.aws_partition.current",
            "module.aft.module.aft_lambda_layer.data.local_file.aft_lambda_layer",
            "module.aft.module.aft_lambda_layer.random_string.resource_suffix",
            "module.aft.module.packaging.data.archive_file.builder",
            "module.aft.module.packaging.data.archive_file.customizations"
          ]
        }
      ]
    },
    {
      "module": "module.aft.module.aft_customizations",
      "mode": "managed",
      "type": "aws_cloudwatch_log_group",
      "name": "aft_global_customizations_api_helpers",
      "provider": "module.aft.provider[\"registry.terraform.io/hashicorp/aws\"].aft_management",
      "instances": [
        {
          "schema_version": 0,
          "attributes": {
            "arn": "arn:aws:logs:eu-west-1:804448413129:log-group:/aws/codebuild/aft-global-customizations-api-helpers",
            "id": "/aws/codebuild/aft-global-customizations-api-helpers",
            "kms_key_id": "",
            "name": "/aws/codebuild/aft-global-customizations-api-helpers",
            "name_prefix": "",
            "retention_in_days": 0,
            "skip_destroy": false,
            "tags": null,
            "tags_all": {
              "managed_by": "AFT"
            }
          },
          "sensitive_attributes": [],
          "private": "bnVsbA==",
          "dependencies": [
            "module.aft.data.aws_partition.current"
          ]
        }
      ]
    },
    {
      "module": "module.aft.module.aft_customizations",
      "mode": "managed",
      "type": "aws_cloudwatch_log_group",
      "name": "aft_global_customizations_terraform",
      "provider": "module.aft.provider[\"registry.terraform.io/hashicorp/aws\"].aft_management",
      "instances": [
        {
          "schema_version": 0,
          "attributes": {
            "arn": "arn:aws:logs:eu-west-1:804448413129:log-group:/aws/codebuild/aft-global-customizations-terraform",
            "id": "/aws/codebuild/aft-global-customizations-terraform",
            "kms_key_id": "",
            "name": "/aws/codebuild/aft-global-customizations-terraform",
            "name_prefix": "",
            "retention_in_days": 0,
            "skip_destroy": false,
            "tags": null,
            "tags_all": {
              "managed_by": "AFT"
            }
          },
          "sensitive_attributes": [],
          "private": "bnVsbA==",
          "dependencies": [
            "module.aft.data.aws_partition.current"
          ]
        }
      ]
    },
    {
      "module": "module.aft.module.aft_customizations",
      "mode": "managed",
      "type": "aws_codebuild_project",
      "name": "aft_account_customizations_terraform",
      "provider": "module.aft.provider[\"registry.terraform.io/hashicorp/aws\"].aft_management",
      "instances": [
        {
          "schema_version": 0,
          "attributes": {
            "arn": "arn:aws:codebuild:eu-west-1:804448413129:project/aft-account-customizations-terraform",
            "artifacts": [
              {
                "artifact_identifier": "",
                "bucket_owner_access": "",
                "encryption_disabled": false,
                "location": "",
                "name": "aft-account-customizations-terraform",
                "namespace_type": "",
                "override_artifact_name": false,
                "packaging": "NONE",
                "path": "",
                "type": "CODEPIPELINE"
              }
            ],
            "badge_enabled": false,
            "badge_url": "",
            "build_batch_config": [],
            "build_timeout": 60,
            "cache": [
              {
                "location": "",
                "modes": [],
                "type": "NO_CACHE"
              }
            ],
            "concurrent_build_limit": 0,
            "description": "Job to apply Terraform provided by the customer account customizations repo",
            "encryption_key": "arn:aws:kms:eu-west-1:804448413129:key/207fe238-7aba-4608-9ba2-1da2f28b1578",
            "environment": [
              {
                "certificate": "",
                "compute_type": "BUILD_GENERAL1_MEDIUM",
                "environment_variable": [
                  {
                    "name": "AWS_PARTITION",
                    "type": "PLAINTEXT",
                    "value": "aws"
                  }
                ],
                "image": "aws/codebuild/amazonlinux2-x86_64-standard:3.0",
                "image_pull_credentials_type": "CODEBUILD",
                "privileged_mode": false,
                "registry_credential": [],
                "type": "LINUX_CONTAINER"
              }
            ],
            "file_system_locations": [],
            "id": "arn:aws:codebuild:eu-west-1:804448413129:project/aft-account-customizations-terraform",
            "logs_config": [
              {
                "cloudwatch_logs": [
                  {
                    "group_name": "/aws/codebuild/aft-account-customizations-terraform",
                    "status": "ENABLED",
                    "stream_name": ""
                  }
                ],
                "s3_logs": [
                  {
                    "bucket_owner_access": "",
                    "encryption_disabled": false,
                    "location": "aft-customizations-pipeline-804448413129/aft-account-customizations-terraform-logs",
                    "status": "ENABLED"
                  }
                ]
              }
            ],
            "name": "aft-account-customizations-terraform",
            "project_visibility": "PRIVATE",
            "public_project_alias": "",
            "queued_timeout": 480,
            "resource_access_role": "",
            "secondary_artifacts": [],
            "secondary_source_version": [],
            "secondary_sources": [],
            "service_role": "arn:aws:iam::804448413129:role/aft-codebuild-customizations-role",
            "source": [
              {
                "auth": [],
                "build_status_config": [],
                "buildspec": "# Copyright Amazon.com, Inc. or its affiliates. All rights reserved.\n# SPDX-License-Identifier: Apache-2.0\n#\nversion: 0.2\n\nphases:\n  install:\n    on-failure: ABORT\n    commands:\n      - set -e\n      # Populate Required Variables\n      - DEFAULT_PATH=$(pwd)\n      - TIMESTAMP=$(date '+%Y-%m-%d %H:%M:%S')\n      - TF_VERSION=$(aws ssm get-parameter --name \"/aft/config/terraform/version\" --query \"Parameter.Value\" --output text)\n      - TF_DISTRIBUTION=$(aws ssm get-parameter --name \"/aft/config/terraform/distribution\" --query \"Parameter.Value\" --output text)\n      - CT_MGMT_REGION=$(aws ssm get-parameter --name \"/aft/config/ct-management-region\" --query \"Parameter.Value\" --output text)\n      - AFT_MGMT_ACCOUNT=$(aws ssm get-parameter --name \"/aft/account/aft-management/account-id\" --query \"Parameter.Value\" --output text)\n      - AFT_EXEC_ROLE_ARN=arn:$AWS_PARTITION:iam::$AFT_MGMT_ACCOUNT:role/AWSAFTExecution\n      - VENDED_EXEC_ROLE_ARN=arn:$AWS_PARTITION:iam::$VENDED_ACCOUNT_ID:role/AWSAFTExecution\n      - AFT_ADMIN_ROLE_NAME=$(aws ssm get-parameter --name /aft/resources/iam/aft-administrator-role-name | jq --raw-output \".Parameter.Value\")\n      - AFT_ADMIN_ROLE_ARN=arn:$AWS_PARTITION:iam::$AFT_MGMT_ACCOUNT:role/$AFT_ADMIN_ROLE_NAME\n      - ROLE_SESSION_NAME=$(aws ssm get-parameter --name /aft/resources/iam/aft-session-name | jq --raw-output \".Parameter.Value\")\n      - |\n        CUSTOMIZATION=$(aws dynamodb get-item --table-name aft-request-metadata --key \"{\\\"id\\\": {\\\"S\\\": \\\"$VENDED_ACCOUNT_ID\\\"}}\" --attributes-to-get \"account_customizations_name\" | jq --raw-output \".Item.account_customizations_name.S\")\n\n      # Check if customization directory exists       \n      - |\n        if [[ ! -z \"$CUSTOMIZATION\" ]]; then  \n          if [[ ! -d \"$DEFAULT_PATH/$CUSTOMIZATION\" ]]; then\n            echo \"Error: ${CUSTOMIZATION} directory does not exist\"\n            exit 1\n          fi\n          \n          echo \"Found customization\" $CUSTOMIZATION\n\n          # Configure Development SSH Key\n          ssh_key_parameter=$(aws ssm get-parameter --name /aft/config/aft-ssh-key --with-decryption 2\u003e /dev/null || echo \"None\")\n\n          if [[ $ssh_key_parameter != \"None\" ]]; then\n            ssh_key=$(jq --raw-output \".Parameter.Value\" \u003c\u003c\u003c $ssh_key_parameter)\n            mkdir -p ~/.ssh\n            echo \"Host *\" \u003e\u003e ~/.ssh/config\n            echo \"StrictHostKeyChecking no\" \u003e\u003e ~/.ssh/config\n            echo \"UserKnownHostsFile=/dev/null\" \u003e\u003e ~/.ssh/config\n            echo \"$ssh_key\" \u003e ~/.ssh/ssh_key\n            echo -e \"\\n\\n\" \u003e\u003e  ~/.ssh/ssh_key\n            chmod 600 ~/.ssh/ssh_key\n            eval \"$(ssh-agent -s)\"\n            ssh-add ~/.ssh/ssh_key\n          fi   \n\n          # Clone AFT\n          AWS_MODULE_SOURCE=$(aws ssm get-parameter --name \"/aft/config/aft-pipeline-code-source/repo-url\" --query \"Parameter.Value\" --output text)\n          AWS_MODULE_GIT_REF=$(aws ssm get-parameter --name \"/aft/config/aft-pipeline-code-source/repo-git-ref\" --query \"Parameter.Value\" --output text)\n          git config --global credential.helper '!aws codecommit credential-helper $@'\n          git config --global credential.UseHttpPath true\n          git clone --quiet -b $AWS_MODULE_GIT_REF $AWS_MODULE_SOURCE aws-aft-core-framework\n\n          # Install AFT Python Dependencies\n          python3 -m venv $DEFAULT_PATH/aft-venv\n          $DEFAULT_PATH/aft-venv/bin/pip install pip==22.1.2\n          $DEFAULT_PATH/aft-venv/bin/pip install jinja2-cli==0.7.0 Jinja2==3.0.1 MarkupSafe==2.0.1 boto3==1.18.56 requests==2.26.0\n\n          # Install API Helper Python Dependencies\n          python3 -m venv $DEFAULT_PATH/api-helpers-venv\n          $DEFAULT_PATH/api-helpers-venv/bin/pip install -r $DEFAULT_PATH/$CUSTOMIZATION/api_helpers/python/requirements.txt\n\n          # Mark helper scripts as executable\n          chmod +x $DEFAULT_PATH/$CUSTOMIZATION/api_helpers/pre-api-helpers.sh\n          chmod +x $DEFAULT_PATH/$CUSTOMIZATION/api_helpers/post-api-helpers.sh\n\n          # Generate session profiles\n          chmod +x $DEFAULT_PATH/aws-aft-core-framework/sources/scripts/creds.sh\n          $DEFAULT_PATH/aws-aft-core-framework/sources/scripts/creds.sh\n        fi\n\n\n  pre_build:\n    on-failure: ABORT\n    commands:\n      - |\n        if [[ ! -z \"$CUSTOMIZATION\" ]]; then \n          source $DEFAULT_PATH/api-helpers-venv/bin/activate\n          export AWS_PROFILE=aft-target\n          $DEFAULT_PATH/$CUSTOMIZATION/api_helpers/pre-api-helpers.sh\n          unset AWS_PROFILE\n        fi\n\n  build:\n    on-failure: CONTINUE\n    commands:\n      # Apply Customizations\n      - |\n        if [[ ! -z \"$CUSTOMIZATION\" ]]; then \n          source $DEFAULT_PATH/aft-venv/bin/activate\n          if [ $TF_DISTRIBUTION = \"oss\" ]; then\n            TF_BACKEND_REGION=$(aws ssm get-parameter --name \"/aft/config/oss-backend/primary-region\" --query \"Parameter.Value\" --output text)\n            TF_KMS_KEY_ID=$(aws ssm get-parameter --name \"/aft/config/oss-backend/kms-key-id\" --query \"Parameter.Value\" --output text)\n            TF_DDB_TABLE=$(aws ssm get-parameter --name \"/aft/config/oss-backend/table-id\" --query \"Parameter.Value\" --output text)\n            TF_S3_BUCKET=$(aws ssm get-parameter --name \"/aft/config/oss-backend/bucket-id\" --query \"Parameter.Value\" --output text)\n            TF_S3_KEY=$VENDED_ACCOUNT_ID-aft-account-customizations/terraform.tfstate\n\n            cd /tmp\n            echo \"Installing Terraform\"\n            curl -q -o terraform_${TF_VERSION}_linux_amd64.zip https://releases.hashicorp.com/terraform/${TF_VERSION}/terraform_${TF_VERSION}_linux_amd64.zip\n            mkdir -p /opt/aft/bin\n            unzip -q -o terraform_${TF_VERSION}_linux_amd64.zip \n            mv terraform /opt/aft/bin\n            /opt/aft/bin/terraform -no-color --version\n\n            cd $DEFAULT_PATH/$CUSTOMIZATION/terraform\n            for f in *.jinja; do jinja2 $f -D timestamp=\"$TIMESTAMP\" -D tf_distribution_type=$TF_DISTRIBUTION -D provider_region=$CT_MGMT_REGION -D region=$TF_BACKEND_REGION -D aft_admin_role_arn=$AFT_EXEC_ROLE_ARN -D target_admin_role_arn=$VENDED_EXEC_ROLE_ARN -D bucket=$TF_S3_BUCKET -D key=$TF_S3_KEY -D dynamodb_table=$TF_DDB_TABLE -D kms_key_id=$TF_KMS_KEY_ID \u003e\u003e ./$(basename $f .jinja).tf; done\n            for f in *.tf; do echo \"\\n \\n\"; echo $f; cat $f; done\n            \n            cd $DEFAULT_PATH/$CUSTOMIZATION/terraform\n            export AWS_PROFILE=aft-management-admin\n            /opt/aft/bin/terraform init -no-color\n            /opt/aft/bin/terraform apply -no-color --auto-approve\n          else\n            TF_BACKEND_REGION=$(aws ssm get-parameter --name \"/aft/config/oss-backend/primary-region\" --query \"Parameter.Value\" --output text)\n            TF_ORG_NAME=$(aws ssm get-parameter --name \"/aft/config/terraform/org-name\" --query \"Parameter.Value\" --output text)\n            TF_TOKEN=$(aws ssm get-parameter --name \"/aft/config/terraform/token\" --with-decryption --query \"Parameter.Value\" --output text)\n            TF_ENDPOINT=$(aws ssm get-parameter --name \"/aft/config/terraform/api-endpoint\" --query \"Parameter.Value\" --output text)\n            TF_WORKSPACE_NAME=$VENDED_ACCOUNT_ID-aft-account-customizations\n            TF_CONFIG_PATH=\"./temp_configuration_file.tar.gz\"\n\n            cd $DEFAULT_PATH/$CUSTOMIZATION/terraform\n            for f in *.jinja; do jinja2 $f -D timestamp=\"$TIMESTAMP\" -D provider_region=$CT_MGMT_REGION -D tf_distribution_type=$TF_DISTRIBUTION -D aft_admin_role_arn=$AFT_EXEC_ROLE_ARN -D target_admin_role_arn=$VENDED_EXEC_ROLE_ARN -D terraform_org_name=$TF_ORG_NAME -D terraform_workspace_name=$TF_WORKSPACE_NAME  \u003e\u003e ./$(basename $f .jinja).tf; done\n            for f in *.tf; do echo \"\\n \\n\"; echo $f; cat $f; done\n            \n            cd $DEFAULT_PATH/$CUSTOMIZATION\n            tar -czf temp_configuration_file.tar.gz -C terraform --exclude .git --exclude venv .\n            python3 $DEFAULT_PATH/aws-aft-core-framework/sources/scripts/workspace_manager.py --operation \"deploy\" --organization_name $TF_ORG_NAME --workspace_name $TF_WORKSPACE_NAME --assume_role_arn $AFT_ADMIN_ROLE_ARN --assume_role_session_name $ROLE_SESSION_NAME --api_endpoint $TF_ENDPOINT --api_token $TF_TOKEN --terraform_version $TF_VERSION --config_file $TF_CONFIG_PATH\n          fi\n        fi\n  post_build:\n    on-failure: ABORT\n    commands:\n      - |\n        if [[ ! -z \"$CUSTOMIZATION\" ]]; then\n          export PYTHONPATH=\"$DEFAULT_PATH/aws-aft-core-framework/sources/aft-lambda-layer:$PYTHONPATH\"\n          export AWS_PROFILE=aft-management\n          python3 $DEFAULT_PATH/aws-aft-core-framework/sources/aft-lambda-layer/aft_common/metrics.py --codebuild-name \"aft-account-customizations\" --codebuild-status $CODEBUILD_BUILD_SUCCEEDING\n          unset AWS_PROFILE\n        fi\n      - |\n        if [[ $CODEBUILD_BUILD_SUCCEEDING == 0 ]]; then\n          exit 1\n        fi\n      - |\n        if [[ ! -z \"$CUSTOMIZATION\" ]]; then \n          source $DEFAULT_PATH/api-helpers-venv/bin/activate\n          export AWS_PROFILE=aft-target\n          $DEFAULT_PATH/$CUSTOMIZATION/api_helpers/post-api-helpers.sh\n        fi\n",
                "git_clone_depth": 0,
                "git_submodules_config": [],
                "insecure_ssl": false,
                "location": "",
                "report_build_status": false,
                "type": "CODEPIPELINE"
              }
            ],
            "source_version": "",
            "tags": null,
            "tags_all": {
              "managed_by": "AFT"
            },
            "vpc_config": [
              {
                "security_group_ids": [
                  "sg-0d5a3a51c1cf3042b"
                ],
                "subnets": [
                  "subnet-090ee28a6b2779f35",
                  "subnet-0fbf0295c6df87487"
                ],
                "vpc_id": "vpc-0738a48762cabc9e5"
              }
            ]
          },
          "sensitive_attributes": [],
          "private": "bnVsbA==",
          "dependencies": [
            "module.aft.data.aws_partition.current",
            "module.aft.module.aft_account_request_framework.aws_kms_key.aft",
            "module.aft.module.aft_account_request_framework.aws_security_group.aft_vpc_default_sg",
            "module.aft.module.aft_account_request_framework.aws_subnet.aft_vpc_private_subnet_01",
            "module.aft.module.aft_account_request_framework.aws_subnet.aft_vpc_private_subnet_02",
            "module.aft.module.aft_account_request_framework.aws_vpc.aft_vpc",
            "module.aft.module.aft_account_request_framework.data.aws_availability_zones.available",
            "module.aft.module.aft_customizations.aws_cloudwatch_log_group.aft_account_customizations_terraform",
            "module.aft.module.aft_customizations.aws_iam_role.aft_codebuild_customizations_role",
            "module.aft.module.aft_customizations.aws_s3_bucket.aft_codepipeline_customizations_bucket",
            "module.aft.module.aft_customizations.data.aws_caller_identity.current",
            "module.aft.module.aft_customizations.data.aws_partition.current",
            "module.aft.module.aft_customizations.data.local_file.aft_account_customizations_terraform"
          ]
        }
      ]
    },
    {
      "module": "module.aft.module.aft_customizations",
      "mode": "managed",
      "type": "aws_codebuild_project",
      "name": "aft_create_pipeline",
      "provider": "module.aft.provider[\"registry.terraform.io/hashicorp/aws\"].aft_management",
      "instances": [
        {
          "schema_version": 0,
          "attributes": {
            "arn": "arn:aws:codebuild:eu-west-1:804448413129:project/aft-create-pipeline",
            "artifacts": [
              {
                "artifact_identifier": "",
                "bucket_owner_access": "",
                "encryption_disabled": false,
                "location": "",
                "name": "",
                "namespace_type": "",
                "override_artifact_name": false,
                "packaging": "",
                "path": "",
                "type": "NO_ARTIFACTS"
              }
            ],
            "badge_enabled": false,
            "badge_url": "",
            "build_batch_config": [],
            "build_timeout": 60,
            "cache": [
              {
                "location": "",
                "modes": [],
                "type": "NO_CACHE"
              }
            ],
            "concurrent_build_limit": 0,
            "description": "Job to run Terraform required to create account specific customizations pipeline",
            "encryption_key": "arn:aws:kms:eu-west-1:804448413129:key/207fe238-7aba-4608-9ba2-1da2f28b1578",
            "environment": [
              {
                "certificate": "",
                "compute_type": "BUILD_GENERAL1_MEDIUM",
                "environment_variable": [
                  {
                    "name": "ACCOUNT_ID",
                    "type": "PLAINTEXT",
                    "value": "TBD"
                  },
                  {
                    "name": "SSM_TF_S3_BUCKET",
                    "type": "PLAINTEXT",
                    "value": "/aft/config/oss-backend/bucket-id"
                  },
                  {
                    "name": "SSM_TF_BACKEND_REGION",
                    "type": "PLAINTEXT",
                    "value": "/aft/config/oss-backend/primary-region"
                  },
                  {
                    "name": "SSM_TF_KMS_KEY_ID",
                    "type": "PLAINTEXT",
                    "value": "/aft/config/oss-backend/kms-key-id"
                  },
                  {
                    "name": "SSM_TF_DDB_TABLE",
                    "type": "PLAINTEXT",
                    "value": "/aft/config/oss-backend/table-id"
                  },
                  {
                    "name": "SSM_AWS_MODULE_SOURCE",
                    "type": "PLAINTEXT",
                    "value": "/aft/config/aft-pipeline-code-source/repo-url"
                  },
                  {
                    "name": "SSM_AWS_MODULE_GIT_REF",
                    "type": "PLAINTEXT",
                    "value": "/aft/config/aft-pipeline-code-source/repo-git-ref"
                  },
                  {
                    "name": "SSM_TF_VERSION",
                    "type": "PLAINTEXT",
                    "value": "/aft/config/terraform/version"
                  },
                  {
                    "name": "AWS_PARTITION",
                    "type": "PLAINTEXT",
                    "value": "aws"
                  }
                ],
                "image": "aws/codebuild/amazonlinux2-x86_64-standard:3.0",
                "image_pull_credentials_type": "CODEBUILD",
                "privileged_mode": false,
                "registry_credential": [],
                "type": "LINUX_CONTAINER"
              }
            ],
            "file_system_locations": [],
            "id": "arn:aws:codebuild:eu-west-1:804448413129:project/aft-create-pipeline",
            "logs_config": [
              {
                "cloudwatch_logs": [
                  {
                    "group_name": "/aws/codebuild/aft-create-pipeline",
                    "status": "ENABLED",
                    "stream_name": ""
                  }
                ],
                "s3_logs": [
                  {
                    "bucket_owner_access": "",
                    "encryption_disabled": false,
                    "location": "aft-customizations-pipeline-804448413129/aft-create-pipeline-logs",
                    "status": "ENABLED"
                  }
                ]
              }
            ],
            "name": "aft-create-pipeline",
            "project_visibility": "PRIVATE",
            "public_project_alias": "",
            "queued_timeout": 480,
            "resource_access_role": "",
            "secondary_artifacts": [],
            "secondary_source_version": [],
            "secondary_sources": [],
            "service_role": "arn:aws:iam::804448413129:role/aft-codebuild-customizations-role",
            "source": [
              {
                "auth": [],
                "build_status_config": [],
                "buildspec": "# Copyright Amazon.com, Inc. or its affiliates. All rights reserved.\n# SPDX-License-Identifier: Apache-2.0\n#\nversion: 0.2\n\nphases:\n  install:\n    commands:\n      - set -e\n      # Populate Required Variables\n      - DEFAULT_PATH=$(pwd)\n      - TIMESTAMP=$(date '+%Y-%m-%d %H:%M:%S')\n      - TF_S3_BUCKET=$(aws ssm get-parameter --name $SSM_TF_S3_BUCKET --query \"Parameter.Value\" --output text)\n      - TF_S3_KEY=$VENDED_ACCOUNT_ID-customizations-pipeline/terraform.tfstate\n      - TF_BACKEND_REGION=$(aws ssm get-parameter --name $SSM_TF_BACKEND_REGION --query \"Parameter.Value\" --output text)\n      - TF_KMS_KEY_ID=$(aws ssm get-parameter --name $SSM_TF_KMS_KEY_ID --query \"Parameter.Value\" --output text)\n      - TF_DDB_TABLE=$(aws ssm get-parameter --name $SSM_TF_DDB_TABLE --query \"Parameter.Value\" --output text)\n      - TF_VERSION=$(aws ssm get-parameter --name $SSM_TF_VERSION --query \"Parameter.Value\" --output text)\n\n\n      # Configure Development SSH Key\n      - |\n        ssh_key_parameter=$(aws ssm get-parameter --name /aft/config/aft-ssh-key --with-decryption 2\u003e /dev/null || echo \"None\")\n        if [[ $ssh_key_parameter != \"None\" ]]; then\n          ssh_key=$(jq --raw-output \".Parameter.Value\" \u003c\u003c\u003c $ssh_key_parameter)\n          mkdir -p ~/.ssh\n          echo \"Host *\" \u003e\u003e ~/.ssh/config\n          echo \"StrictHostKeyChecking no\" \u003e\u003e ~/.ssh/config\n          echo \"UserKnownHostsFile=/dev/null\" \u003e\u003e ~/.ssh/config\n          echo \"$ssh_key\" \u003e ~/.ssh/ssh_key\n          echo -e \"\\n\\n\" \u003e\u003e  ~/.ssh/ssh_key\n          chmod 600 ~/.ssh/ssh_key\n          eval \"$(ssh-agent -s)\"\n          ssh-add ~/.ssh/ssh_key\n        fi\n\n      # Clone AFT\n      - AWS_MODULE_SOURCE=$(aws ssm get-parameter --name $SSM_AWS_MODULE_SOURCE --query \"Parameter.Value\" --output text)\n      - AWS_MODULE_GIT_REF=$(aws ssm get-parameter --name $SSM_AWS_MODULE_GIT_REF --query \"Parameter.Value\" --output text)\n      - git config --global credential.helper '!aws codecommit credential-helper $@'\n      - git config --global credential.UseHttpPath true\n      - git clone --quiet -b $AWS_MODULE_GIT_REF $AWS_MODULE_SOURCE aws-aft-core-framework\n\n      # Generate session profiles\n      - chmod +x $DEFAULT_PATH/aws-aft-core-framework/sources/scripts/creds.sh\n      - $DEFAULT_PATH/aws-aft-core-framework/sources/scripts/creds.sh\n\n      # Install Terraform\n      - cd /tmp\n      - echo \"Installing Terraform\"\n      - curl -q -o terraform_${TF_VERSION}_linux_amd64.zip https://releases.hashicorp.com/terraform/${TF_VERSION}/terraform_${TF_VERSION}_linux_amd64.zip\n      - unzip -q -o terraform_${TF_VERSION}_linux_amd64.zip \u0026\u0026 mv terraform /usr/bin\n      - terraform --version\n\n      # Install Python Dependencies\n      - python3 -m venv ./venv\n      - source ./venv/bin/activate\n      - pip install pip==22.1.2\n      - pip install jinja2-cli==0.7.0 Jinja2==3.0.1\n\n  pre_build:\n    on-failure: ABORT\n    commands:\n      - cd $DEFAULT_PATH/aws-aft-core-framework/sources/aft-customizations-common/templates/customizations_pipeline\n      - for f in *.jinja; do jinja2 $f -D timestamp=\"$TIMESTAMP\" -D region=$TF_BACKEND_REGION -D bucket=$TF_S3_BUCKET -D key=$TF_S3_KEY -D dynamodb_table=$TF_DDB_TABLE -D kms_key_id=$TF_KMS_KEY_ID \u003e\u003e $(basename $f .jinja).tf; done\n      - for f in *.tf; do echo \"\\n \\n\"; echo $f; cat $f; done\n  build:\n    on-failure: ABORT\n    commands:\n      - export AWS_PROFILE=aft-management-admin\n      - terraform init -no-color\n      - terraform apply -var=\"account_id=$VENDED_ACCOUNT_ID\" -no-color --auto-approve\n",
                "git_clone_depth": 0,
                "git_submodules_config": [],
                "insecure_ssl": false,
                "location": "",
                "report_build_status": false,
                "type": "NO_SOURCE"
              }
            ],
            "source_version": "",
            "tags": null,
            "tags_all": {
              "managed_by": "AFT"
            },
            "vpc_config": [
              {
                "security_group_ids": [
                  "sg-0d5a3a51c1cf3042b"
                ],
                "subnets": [
                  "subnet-090ee28a6b2779f35",
                  "subnet-0fbf0295c6df87487"
                ],
                "vpc_id": "vpc-0738a48762cabc9e5"
              }
            ]
          },
          "sensitive_attributes": [],
          "private": "bnVsbA==",
          "dependencies": [
            "module.aft.data.aws_partition.current",
            "module.aft.module.aft_account_request_framework.aws_kms_key.aft",
            "module.aft.module.aft_account_request_framework.aws_security_group.aft_vpc_default_sg",
            "module.aft.module.aft_account_request_framework.aws_subnet.aft_vpc_private_subnet_01",
            "module.aft.module.aft_account_request_framework.aws_subnet.aft_vpc_private_subnet_02",
            "module.aft.module.aft_account_request_framework.aws_vpc.aft_vpc",
            "module.aft.module.aft_account_request_framework.data.aws_availability_zones.available",
            "module.aft.module.aft_customizations.aws_cloudwatch_log_group.aft_create_pipeline",
            "module.aft.module.aft_customizations.aws_iam_role.aft_codebuild_customizations_role",
            "module.aft.module.aft_customizations.aws_s3_bucket.aft_codepipeline_customizations_bucket",
            "module.aft.module.aft_customizations.data.aws_caller_identity.current",
            "module.aft.module.aft_customizations.data.aws_partition.current",
            "module.aft.module.aft_customizations.data.local_file.aft_create_pipeline"
          ]
        }
      ]
    },
    {
      "module": "module.aft.module.aft_customizations",
      "mode": "managed",
      "type": "aws_codebuild_project",
      "name": "aft_global_customizations_terraform",
      "provider": "module.aft.provider[\"registry.terraform.io/hashicorp/aws\"].aft_management",
      "instances": [
        {
          "schema_version": 0,
          "attributes": {
            "arn": "arn:aws:codebuild:eu-west-1:804448413129:project/aft-global-customizations-terraform",
            "artifacts": [
              {
                "artifact_identifier": "",
                "bucket_owner_access": "",
                "encryption_disabled": false,
                "location": "",
                "name": "aft-global-customizations-terraform",
                "namespace_type": "",
                "override_artifact_name": false,
                "packaging": "NONE",
                "path": "",
                "type": "CODEPIPELINE"
              }
            ],
            "badge_enabled": false,
            "badge_url": "",
            "build_batch_config": [],
            "build_timeout": 60,
            "cache": [
              {
                "location": "",
                "modes": [],
                "type": "NO_CACHE"
              }
            ],
            "concurrent_build_limit": 0,
            "description": "Job to apply Terraform provided by the customer global customizations repo",
            "encryption_key": "arn:aws:kms:eu-west-1:804448413129:key/207fe238-7aba-4608-9ba2-1da2f28b1578",
            "environment": [
              {
                "certificate": "",
                "compute_type": "BUILD_GENERAL1_MEDIUM",
                "environment_variable": [
                  {
                    "name": "AWS_PARTITION",
                    "type": "PLAINTEXT",
                    "value": "aws"
                  }
                ],
                "image": "aws/codebuild/amazonlinux2-x86_64-standard:3.0",
                "image_pull_credentials_type": "CODEBUILD",
                "privileged_mode": false,
                "registry_credential": [],
                "type": "LINUX_CONTAINER"
              }
            ],
            "file_system_locations": [],
            "id": "arn:aws:codebuild:eu-west-1:804448413129:project/aft-global-customizations-terraform",
            "logs_config": [
              {
                "cloudwatch_logs": [
                  {
                    "group_name": "/aws/codebuild/aft-global-customizations-terraform",
                    "status": "ENABLED",
                    "stream_name": ""
                  }
                ],
                "s3_logs": [
                  {
                    "bucket_owner_access": "",
                    "encryption_disabled": false,
                    "location": "aft-customizations-pipeline-804448413129/aft-global-customizations-terraform-logs",
                    "status": "ENABLED"
                  }
                ]
              }
            ],
            "name": "aft-global-customizations-terraform",
            "project_visibility": "PRIVATE",
            "public_project_alias": "",
            "queued_timeout": 480,
            "resource_access_role": "",
            "secondary_artifacts": [],
            "secondary_source_version": [],
            "secondary_sources": [],
            "service_role": "arn:aws:iam::804448413129:role/aft-codebuild-customizations-role",
            "source": [
              {
                "auth": [],
                "build_status_config": [],
                "buildspec": "# Copyright Amazon.com, Inc. or its affiliates. All rights reserved.\n# SPDX-License-Identifier: Apache-2.0\n#\nversion: 0.2\n\nphases:\n  install:\n    commands:\n      - set -e\n      # Populate Required Variables\n      - DEFAULT_PATH=$(pwd)\n      - TIMESTAMP=$(date '+%Y-%m-%d %H:%M:%S')\n      - TF_VERSION=$(aws ssm get-parameter --name \"/aft/config/terraform/version\" --query \"Parameter.Value\" --output text)\n      - TF_DISTRIBUTION=$(aws ssm get-parameter --name \"/aft/config/terraform/distribution\" --query \"Parameter.Value\" --output text)\n      - CT_MGMT_REGION=$(aws ssm get-parameter --name \"/aft/config/ct-management-region\" --query \"Parameter.Value\" --output text)\n      - AFT_MGMT_ACCOUNT=$(aws ssm get-parameter --name \"/aft/account/aft-management/account-id\" --query \"Parameter.Value\" --output text)\n      - AFT_EXEC_ROLE_ARN=arn:$AWS_PARTITION:iam::$AFT_MGMT_ACCOUNT:role/AWSAFTExecution\n      - VENDED_EXEC_ROLE_ARN=arn:$AWS_PARTITION:iam::$VENDED_ACCOUNT_ID:role/AWSAFTExecution\n      - AFT_ADMIN_ROLE_NAME=$(aws ssm get-parameter --name /aft/resources/iam/aft-administrator-role-name | jq --raw-output \".Parameter.Value\")\n      - AFT_ADMIN_ROLE_ARN=arn:$AWS_PARTITION:iam::$AFT_MGMT_ACCOUNT:role/$AFT_ADMIN_ROLE_NAME\n      - ROLE_SESSION_NAME=$(aws ssm get-parameter --name /aft/resources/iam/aft-session-name | jq --raw-output \".Parameter.Value\")\n\n      # Configure Development SSH Key\n      - |\n        ssh_key_parameter=$(aws ssm get-parameter --name /aft/config/aft-ssh-key --with-decryption 2\u003e /dev/null || echo \"None\")\n        if [[ $ssh_key_parameter != \"None\" ]]; then\n          ssh_key=$(jq --raw-output \".Parameter.Value\" \u003c\u003c\u003c $ssh_key_parameter)\n          mkdir -p ~/.ssh\n          echo \"Host *\" \u003e\u003e ~/.ssh/config\n          echo \"StrictHostKeyChecking no\" \u003e\u003e ~/.ssh/config\n          echo \"UserKnownHostsFile=/dev/null\" \u003e\u003e ~/.ssh/config\n          echo \"$ssh_key\" \u003e ~/.ssh/ssh_key\n          echo -e \"\\n\\n\" \u003e\u003e  ~/.ssh/ssh_key\n          chmod 600 ~/.ssh/ssh_key\n          eval \"$(ssh-agent -s)\"\n          ssh-add ~/.ssh/ssh_key\n        fi\n\n      # Clone AFT\n      - AWS_MODULE_SOURCE=$(aws ssm get-parameter --name \"/aft/config/aft-pipeline-code-source/repo-url\" --query \"Parameter.Value\" --output text)\n      - AWS_MODULE_GIT_REF=$(aws ssm get-parameter --name \"/aft/config/aft-pipeline-code-source/repo-git-ref\" --query \"Parameter.Value\" --output text)\n      - git config --global credential.helper '!aws codecommit credential-helper $@'\n      - git config --global credential.UseHttpPath true\n      - git clone --quiet -b $AWS_MODULE_GIT_REF $AWS_MODULE_SOURCE aws-aft-core-framework\n\n      # Generate session profiles\n      - chmod +x $DEFAULT_PATH/aws-aft-core-framework/sources/scripts/creds.sh\n      - $DEFAULT_PATH/aws-aft-core-framework/sources/scripts/creds.sh\n\n      # Install AFT Python Dependencies\n      - python3 -m venv $DEFAULT_PATH/aft-venv\n      - $DEFAULT_PATH/aft-venv/bin/pip install pip==22.1.2\n      - $DEFAULT_PATH/aft-venv/bin/pip install jinja2-cli==0.7.0 Jinja2==3.0.1 MarkupSafe==2.0.1 boto3==1.18.56 requests==2.26.0\n\n      # Install API Helper Python Dependencies\n      - python3 -m venv $DEFAULT_PATH/api-helpers-venv\n      - $DEFAULT_PATH/api-helpers-venv/bin/pip install -r $DEFAULT_PATH/api_helpers/python/requirements.txt\n\n      # Mark helper scripts as executable\n      - chmod +x $DEFAULT_PATH/api_helpers/pre-api-helpers.sh\n      - chmod +x $DEFAULT_PATH/api_helpers/post-api-helpers.sh\n      \n  pre_build:\n    on-failure: ABORT\n    commands:\n      - source $DEFAULT_PATH/api-helpers-venv/bin/activate\n      - export AWS_PROFILE=aft-target\n      - $DEFAULT_PATH/api_helpers/pre-api-helpers.sh\n      - unset AWS_PROFILE\n\n  build:\n    on-failure: CONTINUE\n    commands:\n      # Apply customizations\n      - source $DEFAULT_PATH/aft-venv/bin/activate\n      - |\n        if [ $TF_DISTRIBUTION = \"oss\" ]; then\n          TF_BACKEND_REGION=$(aws ssm get-parameter --name \"/aft/config/oss-backend/primary-region\" --query \"Parameter.Value\" --output text)\n          TF_KMS_KEY_ID=$(aws ssm get-parameter --name \"/aft/config/oss-backend/kms-key-id\" --query \"Parameter.Value\" --output text)\n          TF_DDB_TABLE=$(aws ssm get-parameter --name \"/aft/config/oss-backend/table-id\" --query \"Parameter.Value\" --output text)\n          TF_S3_BUCKET=$(aws ssm get-parameter --name \"/aft/config/oss-backend/bucket-id\" --query \"Parameter.Value\" --output text)\n          TF_S3_KEY=$VENDED_ACCOUNT_ID-aft-global-customizations/terraform.tfstate\n\n          cd /tmp\n          echo \"Installing Terraform\"\n          curl -q -o terraform_${TF_VERSION}_linux_amd64.zip https://releases.hashicorp.com/terraform/${TF_VERSION}/terraform_${TF_VERSION}_linux_amd64.zip\n          mkdir -p /opt/aft/bin\n          unzip -q -o terraform_${TF_VERSION}_linux_amd64.zip\n          mv terraform /opt/aft/bin\n          /opt/aft/bin/terraform -no-color --version\n\n          # Move back to customization module\n          cd $DEFAULT_PATH/terraform\n          for f in *.jinja; do jinja2 $f -D timestamp=\"$TIMESTAMP\" -D tf_distribution_type=$TF_DISTRIBUTION -D provider_region=$CT_MGMT_REGION -D region=$TF_BACKEND_REGION -D aft_admin_role_arn=$AFT_EXEC_ROLE_ARN -D target_admin_role_arn=$VENDED_EXEC_ROLE_ARN -D bucket=$TF_S3_BUCKET -D key=$TF_S3_KEY -D dynamodb_table=$TF_DDB_TABLE -D kms_key_id=$TF_KMS_KEY_ID \u003e\u003e ./$(basename $f .jinja).tf; done\n          for f in *.tf; do echo \"\\n \\n\"; echo $f; cat $f; done\n\n          cd $DEFAULT_PATH/terraform\n          export AWS_PROFILE=aft-management-admin\n          /opt/aft/bin/terraform init -no-color\n          /opt/aft/bin/terraform apply -no-color --auto-approve\n        else\n          TF_ORG_NAME=$(aws ssm get-parameter --name \"/aft/config/terraform/org-name\" --query \"Parameter.Value\" --output text)\n          TF_TOKEN=$(aws ssm get-parameter --name \"/aft/config/terraform/token\" --with-decryption --query \"Parameter.Value\" --output text)\n          TF_ENDPOINT=$(aws ssm get-parameter --name \"/aft/config/terraform/api-endpoint\" --query \"Parameter.Value\" --output text)\n          TF_WORKSPACE_NAME=$VENDED_ACCOUNT_ID-aft-global-customizations\n          TF_CONFIG_PATH=\"./temp_configuration_file.tar.gz\"\n          cd $DEFAULT_PATH/terraform\n          for f in *.jinja; do jinja2 $f -D timestamp=\"$TIMESTAMP\" -D provider_region=$CT_MGMT_REGION -D tf_distribution_type=$TF_DISTRIBUTION -D aft_admin_role_arn=$AFT_EXEC_ROLE_ARN -D target_admin_role_arn=$VENDED_EXEC_ROLE_ARN -D terraform_org_name=$TF_ORG_NAME -D terraform_workspace_name=$TF_WORKSPACE_NAME  \u003e\u003e ./$(basename $f .jinja).tf; done\n          for f in *.tf; do echo \"\\n \\n\"; echo $f; cat $f; done\n          cd $DEFAULT_PATH\n          tar -czf temp_configuration_file.tar.gz -C terraform --exclude .git --exclude venv .\n          python3 $DEFAULT_PATH/aws-aft-core-framework/sources/scripts/workspace_manager.py --operation \"deploy\" --organization_name $TF_ORG_NAME --workspace_name $TF_WORKSPACE_NAME --assume_role_arn $AFT_ADMIN_ROLE_ARN --assume_role_session_name $ROLE_SESSION_NAME --api_endpoint $TF_ENDPOINT --api_token $TF_TOKEN --terraform_version $TF_VERSION --config_file $TF_CONFIG_PATH\n        fi\n\n  post_build:\n    on-failure: ABORT\n    commands:\n      - export PYTHONPATH=\"$DEFAULT_PATH/aws-aft-core-framework/sources/aft-lambda-layer:$PYTHONPATH\"\n      - export AWS_PROFILE=aft-management\n      - python3 $DEFAULT_PATH/aws-aft-core-framework/sources/aft-lambda-layer/aft_common/metrics.py --codebuild-name \"aft-global-customizations\" --codebuild-status $CODEBUILD_BUILD_SUCCEEDING\n      - unset AWS_PROFILE\n      - |\n        if [[ $CODEBUILD_BUILD_SUCCEEDING == 0 ]]; then\n          exit 1\n        fi\n      - source $DEFAULT_PATH/api-helpers-venv/bin/activate\n      - export AWS_PROFILE=aft-target\n      - $DEFAULT_PATH/api_helpers/post-api-helpers.sh\n",
                "git_clone_depth": 0,
                "git_submodules_config": [],
                "insecure_ssl": false,
                "location": "",
                "report_build_status": false,
                "type": "CODEPIPELINE"
              }
            ],
            "source_version": "",
            "tags": null,
            "tags_all": {
              "managed_by": "AFT"
            },
            "vpc_config": [
              {
                "security_group_ids": [
                  "sg-0d5a3a51c1cf3042b"
                ],
                "subnets": [
                  "subnet-090ee28a6b2779f35",
                  "subnet-0fbf0295c6df87487"
                ],
                "vpc_id": "vpc-0738a48762cabc9e5"
              }
            ]
          },
          "sensitive_attributes": [],
          "private": "bnVsbA==",
          "dependencies": [
            "module.aft.data.aws_partition.current",
            "module.aft.module.aft_account_request_framework.aws_kms_key.aft",
            "module.aft.module.aft_account_request_framework.aws_security_group.aft_vpc_default_sg",
            "module.aft.module.aft_account_request_framework.aws_subnet.aft_vpc_private_subnet_01",
            "module.aft.module.aft_account_request_framework.aws_subnet.aft_vpc_private_subnet_02",
            "module.aft.module.aft_account_request_framework.aws_vpc.aft_vpc",
            "module.aft.module.aft_account_request_framework.data.aws_availability_zones.available",
            "module.aft.module.aft_customizations.aws_cloudwatch_log_group.aft_global_customizations_terraform",
            "module.aft.module.aft_customizations.aws_iam_role.aft_codebuild_customizations_role",
            "module.aft.module.aft_customizations.aws_s3_bucket.aft_codepipeline_customizations_bucket",
            "module.aft.module.aft_customizations.data.aws_caller_identity.current",
            "module.aft.module.aft_customizations.data.aws_partition.current",
            "module.aft.module.aft_customizations.data.local_file.aft_global_customizations_terraform"
          ]
        }
      ]
    },
    {
      "module": "module.aft.module.aft_customizations",
      "mode": "managed",
      "type": "aws_iam_role",
      "name": "aft_codebuild_customizations_role",
      "provider": "module.aft.provider[\"registry.terraform.io/hashicorp/aws\"].aft_management",
      "instances": [
        {
          "schema_version": 0,
          "attributes": {
            "arn": "arn:aws:iam::804448413129:role/aft-codebuild-customizations-role",
            "assume_role_policy": "{\"Statement\":[{\"Action\":\"sts:AssumeRole\",\"Effect\":\"Allow\",\"Principal\":{\"Service\":\"codebuild.amazonaws.com\"}}],\"Version\":\"2012-10-17\"}",
            "create_date": "2023-02-27T18:47:32Z",
            "description": "",
            "force_detach_policies": false,
            "id": "aft-codebuild-customizations-role",
            "inline_policy": [],
            "managed_policy_arns": [],
            "max_session_duration": 3600,
            "name": "aft-codebuild-customizations-role",
            "name_prefix": "",
            "path": "/",
            "permissions_boundary": null,
            "tags": null,
            "tags_all": {
              "managed_by": "AFT"
            },
            "unique_id": "AROA3WTG4UXE7HQS5R5QG"
          },
          "sensitive_attributes": [],
          "private": "bnVsbA==",
          "dependencies": [
            "module.aft.data.aws_partition.current"
          ]
        }
      ]
    },
    {
      "module": "module.aft.module.aft_customizations",
      "mode": "managed",
      "type": "aws_iam_role",
      "name": "aft_codepipeline_customizations_role",
      "provider": "module.aft.provider[\"registry.terraform.io/hashicorp/aws\"].aft_management",
      "instances": [
        {
          "schema_version": 0,
          "attributes": {
            "arn": "arn:aws:iam::804448413129:role/aft-codepipeline-customizations-role",
            "assume_role_policy": "{\"Statement\":[{\"Action\":\"sts:AssumeRole\",\"Effect\":\"Allow\",\"Principal\":{\"Service\":\"codepipeline.amazonaws.com\"}}],\"Version\":\"2012-10-17\"}",
            "create_date": "2023-02-27T18:47:26Z",
            "description": "",
            "force_detach_policies": false,
            "id": "aft-codepipeline-customizations-role",
            "inline_policy": [],
            "managed_policy_arns": [],
            "max_session_duration": 3600,
            "name": "aft-codepipeline-customizations-role",
            "name_prefix": "",
            "path": "/",
            "permissions_boundary": null,
            "tags": null,
            "tags_all": {
              "managed_by": "AFT"
            },
            "unique_id": "AROA3WTG4UXEY27QEQWNG"
          },
          "sensitive_attributes": [],
          "private": "bnVsbA==",
          "dependencies": [
            "module.aft.data.aws_partition.current"
          ]
        }
      ]
    },
    {
      "module": "module.aft.module.aft_customizations",
      "mode": "managed",
      "type": "aws_iam_role",
      "name": "aft_customizations_execute_pipeline_lambda",
      "provider": "module.aft.provider[\"registry.terraform.io/hashicorp/aws\"].aft_management",
      "instances": [
        {
          "schema_version": 0,
          "attributes": {
            "arn": "arn:aws:iam::804448413129:role/aft-execute-pipeline-execution-role",
            "assume_role_policy": "{\"Statement\":[{\"Action\":\"sts:AssumeRole\",\"Effect\":\"Allow\",\"Principal\":{\"Service\":\"lambda.amazonaws.com\"}}],\"Version\":\"2012-10-17\"}",
            "create_date": "2023-02-27T18:47:26Z",
            "description": "",
            "force_detach_policies": false,
            "id": "aft-execute-pipeline-execution-role",
            "inline_policy": [],
            "managed_policy_arns": [],
            "max_session_duration": 3600,
            "name": "aft-execute-pipeline-execution-role",
            "name_prefix": "",
            "path": "/",
            "permissions_boundary": null,
            "tags": null,
            "tags_all": {
              "managed_by": "AFT"
            },
            "unique_id": "AROA3WTG4UXEZLC5HX3FW"
          },
          "sensitive_attributes": [],
          "private": "bnVsbA==",
          "dependencies": [
            "module.aft.data.aws_partition.current"
          ]
        }
      ]
    },
    {
      "module": "module.aft.module.aft_customizations",
      "mode": "managed",
      "type": "aws_iam_role",
      "name": "aft_customizations_get_pipeline_executions_lambda",
      "provider": "module.aft.provider[\"registry.terraform.io/hashicorp/aws\"].aft_management",
      "instances": [
        {
          "schema_version": 0,
          "attributes": {
            "arn": "arn:aws:iam::804448413129:role/aft-get-pipeline-status-execution-role",
            "assume_role_policy": "{\"Statement\":[{\"Action\":\"sts:AssumeRole\",\"Effect\":\"Allow\",\"Principal\":{\"Service\":\"lambda.amazonaws.com\"}}],\"Version\":\"2012-10-17\"}",
            "create_date": "2023-02-27T18:47:26Z",
            "description": "",
            "force_detach_policies": false,
            "id": "aft-get-pipeline-status-execution-role",
            "inline_policy": [],
            "managed_policy_arns": [],
            "max_session_duration": 3600,
            "name": "aft-get-pipeline-status-execution-role",
            "name_prefix": "",
            "path": "/",
            "permissions_boundary": null,
            "tags": null,
            "tags_all": {
              "managed_by": "AFT"
            },
            "unique_id": "AROA3WTG4UXE52Y2PATNI"
          },
          "sensitive_attributes": [],
          "private": "bnVsbA==",
          "dependencies": [
            "module.aft.data.aws_partition.current"
          ]
        }
      ]
    },
    {
      "module": "module.aft.module.aft_customizations",
      "mode": "managed",
      "type": "aws_iam_role",
      "name": "aft_customizations_identify_targets_lambda",
      "provider": "module.aft.provider[\"registry.terraform.io/hashicorp/aws\"].aft_management",
      "instances": [
        {
          "schema_version": 0,
          "attributes": {
            "arn": "arn:aws:iam::804448413129:role/aft-identify-targets-execution-role",
            "assume_role_policy": "{\"Statement\":[{\"Action\":\"sts:AssumeRole\",\"Effect\":\"Allow\",\"Principal\":{\"Service\":\"lambda.amazonaws.com\"}}],\"Version\":\"2012-10-17\"}",
            "create_date": "2023-02-27T18:47:27Z",
            "description": "",
            "force_detach_policies": false,
            "id": "aft-identify-targets-execution-role",
            "inline_policy": [],
            "managed_policy_arns": [],
            "max_session_duration": 3600,
            "name": "aft-identify-targets-execution-role",
            "name_prefix": "",
            "path": "/",
            "permissions_boundary": null,
            "tags": null,
            "tags_all": {
              "managed_by": "AFT"
            },
            "unique_id": "AROA3WTG4UXEWJCD5KLVH"
          },
          "sensitive_attributes": [],
          "private": "bnVsbA==",
          "dependencies": [
            "module.aft.data.aws_partition.current"
          ]
        }
      ]
    },
    {
      "module": "module.aft.module.aft_customizations",
      "mode": "managed",
      "type": "aws_iam_role",
      "name": "aft_invoke_customizations_sfn",
      "provider": "module.aft.provider[\"registry.terraform.io/hashicorp/aws\"].aft_management",
      "instances": [
        {
          "schema_version": 0,
          "attributes": {
            "arn": "arn:aws:iam::804448413129:role/aft-invoke-customizations-execution-role",
            "assume_role_policy": "{\"Statement\":[{\"Action\":\"sts:AssumeRole\",\"Effect\":\"Allow\",\"Principal\":{\"Service\":\"states.amazonaws.com\"}}],\"Version\":\"2012-10-17\"}",
            "create_date": "2023-02-27T18:47:30Z",
            "description": "",
            "force_detach_policies": false,
            "id": "aft-invoke-customizations-execution-role",
            "inline_policy": [],
            "managed_policy_arns": [],
            "max_session_duration": 3600,
            "name": "aft-invoke-customizations-execution-role",
            "name_prefix": "",
            "path": "/",
            "permissions_boundary": null,
            "tags": null,
            "tags_all": {
              "managed_by": "AFT"
            },
            "unique_id": "AROA3WTG4UXEZCAYG3VBT"
          },
          "sensitive_attributes": [],
          "private": "bnVsbA==",
          "dependencies": [
            "module.aft.data.aws_partition.current"
          ]
        }
      ]
    },
    {
      "module": "module.aft.module.aft_customizations",
      "mode": "managed",
      "type": "aws_iam_role_policy",
      "name": "aft_codebuild_customizations_policy",
      "provider": "module.aft.provider[\"registry.terraform.io/hashicorp/aws\"].aft_management",
      "instances": [
        {
          "schema_version": 0,
          "attributes": {
            "id": "aft-codebuild-customizations-role:terraform-20230227185013523000000036",
            "name": "terraform-20230227185013523000000036",
            "name_prefix": null,
            "policy": "{\"Version\":\"2012-10-17\",\"Statement\":[{\"Action\":[\"logs:CreateLogStream\",\"logs:PutLogEvents\"],\"Effect\":\"Allow\",\"Resource\":\"arn:aws:logs:eu-west-1:804448413129:log-group:/aws/codebuild/aft*\"},{\"Action\":[\"ec2:CreateNetworkInterface\",\"ec2:DescribeDhcpOptions\",\"ec2:DescribeNetworkInterfaces\",\"ec2:DeleteNetworkInterface\",\"ec2:DescribeSubnets\",\"ec2:DescribeSecurityGroups\",\"ec2:DescribeVpcs\"],\"Effect\":\"Allow\",\"Resource\":\"*\"},{\"Action\":[\"ec2:CreateNetworkInterfacePermission\"],\"Effect\":\"Allow\",\"Resource\":[\"arn:aws:ec2:eu-west-1:804448413129:network-interface/*\"]},{\"Action\":[\"s3:GetObject\",\"s3:GetObjectVersion\",\"s3:GetBucketVersioning\",\"s3:List*\",\"s3:PutObjectAcl\",\"s3:PutObject\"],\"Effect\":\"Allow\",\"Resource\":[\"arn:aws:s3:::aft-customizations-pipeline-804448413129\",\"arn:aws:s3:::aft-customizations-pipeline-804448413129/*\"]},{\"Action\":[\"kms:Decrypt\",\"kms:Encrypt\",\"kms:GenerateDataKey\"],\"Effect\":\"Allow\",\"Resource\":\"arn:aws:kms:eu-west-1:804448413129:key/207fe238-7aba-4608-9ba2-1da2f28b1578\"},{\"Action\":[\"ssm:GetParameters\",\"ssm:GetParameter\"],\"Effect\":\"Allow\",\"Resource\":[\"arn:aws:ssm:eu-west-1:804448413129:parameter/aft/*\"]},{\"Action\":[\"codecommit:GetBranch\",\"codecommit:GetRepository\",\"codecommit:GetCommit\",\"codecommit:GitPull\",\"codecommit:UploadArchive\",\"codecommit:GetUploadArchiveStatus\",\"codecommit:CancelUploadArchive\"],\"Effect\":\"Allow\",\"Resource\":\"arn:aws:codecommit:eu-west-1:804448413129:*customizations*\"},{\"Action\":[\"dynamodb:*Item\"],\"Effect\":\"Allow\",\"Resource\":[\"arn:aws:dynamodb:eu-west-1:804448413129:table/aft-request-metadata\"]},{\"Action\":[\"sts:AssumeRole\"],\"Effect\":\"Allow\",\"Resource\":[\"arn:aws:iam::804448413129:role/AWSAFTAdmin\"]},{\"Action\":[\"dynamodb:GetItem\"],\"Effect\":\"Allow\",\"Resource\":[\"arn:aws:dynamodb:eu-west-1:804448413129:table/aft*\"]}]}",
            "role": "aft-codebuild-customizations-role"
          },
          "sensitive_attributes": [],
          "private": "bnVsbA==",
          "dependencies": [
            "module.aft.data.aws_partition.current",
            "module.aft.module.aft_account_request_framework.aws_dynamodb_table.aft_request_metadata",
            "module.aft.module.aft_account_request_framework.aws_kms_key.aft",
            "module.aft.module.aft_customizations.aws_iam_role.aft_codebuild_customizations_role",
            "module.aft.module.aft_customizations.aws_s3_bucket.aft_codepipeline_customizations_bucket",
            "module.aft.module.aft_customizations.data.aws_caller_identity.current",
            "module.aft.module.aft_customizations.data.aws_partition.current",
            "module.aft.module.aft_customizations.data.aws_region.current"
          ]
        }
      ]
    },
    {
      "module": "module.aft.module.aft_customizations",
      "mode": "managed",
      "type": "aws_iam_role_policy",
      "name": "aft_codepipeline_customizations_policy",
      "provider": "module.aft.provider[\"registry.terraform.io/hashicorp/aws\"].aft_management",
      "instances": [
        {
          "schema_version": 0,
          "attributes": {
            "id": "aft-codepipeline-customizations-role:aft-codepipeline-customizations-policy",
            "name": "aft-codepipeline-customizations-policy",
            "name_prefix": null,
            "policy": "{\"Version\":\"2012-10-17\",\"Statement\":[{\"Action\":[\"s3:Get*\",\"s3:List*\",\"s3:Put*\"],\"Effect\":\"Allow\",\"Resource\":[\"arn:aws:s3:::aft-customizations-pipeline-804448413129\",\"arn:aws:s3:::aft-customizations-pipeline-804448413129/*\"]},{\"Action\":[\"codebuild:BatchGetBuilds\",\"codebuild:StartBuild\"],\"Effect\":\"Allow\",\"Resource\":\"arn:aws:codebuild:eu-west-1:804448413129:*customizations*\"},{\"Action\":[\"codecommit:GetBranch\",\"codecommit:GetRepository\",\"codecommit:GetCommit\",\"codecommit:GitPull\",\"codecommit:UploadArchive\",\"codecommit:GetUploadArchiveStatus\",\"codecommit:CancelUploadArchive\"],\"Effect\":\"Allow\",\"Resource\":\"arn:aws:codecommit:eu-west-1:804448413129:*\"},{\"Action\":[\"kms:Decrypt\",\"kms:Encrypt\",\"kms:GenerateDataKey\"],\"Effect\":\"Allow\",\"Resource\":\"arn:aws:kms:eu-west-1:804448413129:key/207fe238-7aba-4608-9ba2-1da2f28b1578\"},{\"Action\":\"codestar-connections:UseConnection\",\"Effect\":\"Allow\",\"Resource\":\"*\"}]}",
            "role": "aft-codepipeline-customizations-role"
          },
          "sensitive_attributes": [],
          "private": "bnVsbA==",
          "dependencies": [
            "module.aft.data.aws_partition.current",
            "module.aft.module.aft_account_request_framework.aws_kms_key.aft",
            "module.aft.module.aft_customizations.aws_iam_role.aft_codepipeline_customizations_role",
            "module.aft.module.aft_customizations.aws_s3_bucket.aft_codepipeline_customizations_bucket",
            "module.aft.module.aft_customizations.data.aws_caller_identity.current",
            "module.aft.module.aft_customizations.data.aws_partition.current",
            "module.aft.module.aft_customizations.data.aws_region.current"
          ]
        }
      ]
    },
    {
      "module": "module.aft.module.aft_customizations",
      "mode": "managed",
      "type": "aws_iam_role_policy",
      "name": "aft_execute_pipeline_lambda",
      "provider": "module.aft.provider[\"registry.terraform.io/hashicorp/aws\"].aft_management",
      "instances": [
        {
          "schema_version": 0,
          "attributes": {
            "id": "aft-execute-pipeline-execution-role:aft-execute-pipeline-policy",
            "name": "aft-execute-pipeline-policy",
            "name_prefix": null,
            "policy": "{\"Version\":\"2012-10-17\",\"Statement\":[{\"Action\":[\"codepipeline:StartPipelineExecution\",\"codepipeline:ListPipelineExecutions\",\"codepipeline:ListPipelines\",\"ssm:GetParameter\",\"codepipeline:ListTagsForResource\"],\"Effect\":\"Allow\",\"Resource\":[\"arn:aws:codepipeline:eu-west-1:804448413129:*\",\"arn:aws:ssm:eu-west-1:804448413129:parameter/aft/*\"]},{\"Action\":[\"kms:GenerateDataKey\",\"kms:Encrypt\",\"kms:Decrypt\"],\"Effect\":\"Allow\",\"Resource\":[\"arn:aws:kms:eu-west-1:804448413129:key/207fe238-7aba-4608-9ba2-1da2f28b1578\"]},{\"Action\":\"sts:GetCallerIdentity\",\"Effect\":\"Allow\",\"Resource\":\"*\"},{\"Action\":[\"sns:Publish\"],\"Effect\":\"Allow\",\"Resource\":[\"arn:aws:sns:eu-west-1:804448413129:aft-notifications\",\"arn:aws:sns:eu-west-1:804448413129:aft-failure-notifications\"]}]}",
            "role": "aft-execute-pipeline-execution-role"
          },
          "sensitive_attributes": [],
          "private": "bnVsbA==",
          "dependencies": [
            "module.aft.data.aws_partition.current",
            "module.aft.module.aft_account_request_framework.aws_kms_key.aft",
            "module.aft.module.aft_account_request_framework.aws_sns_topic.aft_failure_notifications",
            "module.aft.module.aft_account_request_framework.aws_sns_topic.aft_notifications",
            "module.aft.module.aft_customizations.aws_iam_role.aft_customizations_execute_pipeline_lambda",
            "module.aft.module.aft_customizations.data.aws_caller_identity.current",
            "module.aft.module.aft_customizations.data.aws_partition.current",
            "module.aft.module.aft_customizations.data.aws_region.current"
          ]
        }
      ]
    },
    {
      "module": "module.aft.module.aft_customizations",
      "mode": "managed",
      "type": "aws_iam_role_policy",
      "name": "aft_get_pipeline_executions_lambda",
      "provider": "module.aft.provider[\"registry.terraform.io/hashicorp/aws\"].aft_management",
      "instances": [
        {
          "schema_version": 0,
          "attributes": {
            "id": "aft-get-pipeline-status-execution-role:aft-get-pipeline-status-policy",
            "name": "aft-get-pipeline-status-policy",
            "name_prefix": null,
            "policy": "{\"Version\":\"2012-10-17\",\"Statement\":[{\"Action\":\"codepipeline:ListPipelineExecutions\",\"Effect\":\"Allow\",\"Resource\":\"arn:aws:codepipeline:eu-west-1:804448413129:*\"},{\"Action\":\"codepipeline:ListPipelines\",\"Effect\":\"Allow\",\"Resource\":\"*\"},{\"Action\":[\"kms:GenerateDataKey\",\"kms:Encrypt\",\"kms:Decrypt\"],\"Effect\":\"Allow\",\"Resource\":[\"arn:aws:kms:eu-west-1:804448413129:key/207fe238-7aba-4608-9ba2-1da2f28b1578\"]},{\"Action\":[\"sns:Publish\"],\"Effect\":\"Allow\",\"Resource\":[\"arn:aws:sns:eu-west-1:804448413129:aft-notifications\",\"arn:aws:sns:eu-west-1:804448413129:aft-failure-notifications\"]}]}",
            "role": "aft-get-pipeline-status-execution-role"
          },
          "sensitive_attributes": [],
          "private": "bnVsbA==",
          "dependencies": [
            "module.aft.data.aws_partition.current",
            "module.aft.module.aft_account_request_framework.aws_kms_key.aft",
            "module.aft.module.aft_account_request_framework.aws_sns_topic.aft_failure_notifications",
            "module.aft.module.aft_account_request_framework.aws_sns_topic.aft_notifications",
            "module.aft.module.aft_customizations.aws_iam_role.aft_customizations_get_pipeline_executions_lambda",
            "module.aft.module.aft_customizations.data.aws_caller_identity.current",
            "module.aft.module.aft_customizations.data.aws_partition.current",
            "module.aft.module.aft_customizations.data.aws_region.current"
          ]
        }
      ]
    },
    {
      "module": "module.aft.module.aft_customizations",
      "mode": "managed",
      "type": "aws_iam_role_policy",
      "name": "aft_identify_targets_lambda",
      "provider": "module.aft.provider[\"registry.terraform.io/hashicorp/aws\"].aft_management",
      "instances": [
        {
          "schema_version": 0,
          "attributes": {
            "id": "aft-identify-targets-execution-role:aft-identify-targets-policy",
            "name": "aft-identify-targets-policy",
            "name_prefix": null,
            "policy": "{\"Version\":\"2012-10-17\",\"Statement\":[{\"Action\":[\"sts:AssumeRole\"],\"Effect\":\"Allow\",\"Resource\":[\"arn:aws:iam::804448413129:role/AWSAFTAdmin\"]},{\"Action\":\"sts:GetCallerIdentity\",\"Effect\":\"Allow\",\"Resource\":\"*\"},{\"Action\":\"ssm:GetParameter\",\"Effect\":\"Allow\",\"Resource\":[\"arn:aws:ssm:eu-west-1:804448413129:parameter/aft/*\"]},{\"Action\":[\"kms:GenerateDataKey\",\"kms:Encrypt\",\"kms:Decrypt\"],\"Effect\":\"Allow\",\"Resource\":[\"arn:aws:kms:eu-west-1:804448413129:key/207fe238-7aba-4608-9ba2-1da2f28b1578\"]},{\"Action\":[\"dynamodb:GetItem\",\"dynamodb:Scan\"],\"Effect\":\"Allow\",\"Resource\":[\"arn:aws:dynamodb:eu-west-1:804448413129:table/aft-request-metadata\",\"arn:aws:dynamodb:eu-west-1:804448413129:table/aft-request\"]},{\"Action\":[\"sns:Publish\"],\"Effect\":\"Allow\",\"Resource\":[\"arn:aws:sns:eu-west-1:804448413129:aft-notifications\",\"arn:aws:sns:eu-west-1:804448413129:aft-failure-notifications\"]}]}",
            "role": "aft-identify-targets-execution-role"
          },
          "sensitive_attributes": [],
          "private": "bnVsbA==",
          "dependencies": [
            "module.aft.data.aws_partition.current",
            "module.aft.data.local_file.version",
            "module.aft.module.aft_account_provisioning_framework.aws_iam_role.aft_lambda_aft_account_provisioning_framework_create_role",
            "module.aft.module.aft_account_provisioning_framework.aws_iam_role.aft_lambda_aft_account_provisioning_framework_persist_metadata",
            "module.aft.module.aft_account_provisioning_framework.aws_iam_role.aft_lambda_aft_account_provisioning_framework_tag_account",
            "module.aft.module.aft_account_provisioning_framework.aws_iam_role.aft_states",
            "module.aft.module.aft_account_provisioning_framework.aws_lambda_function.account_metadata_ssm",
            "module.aft.module.aft_account_provisioning_framework.aws_lambda_function.create_role",
            "module.aft.module.aft_account_provisioning_framework.aws_lambda_function.persist_metadata",
            "module.aft.module.aft_account_provisioning_framework.aws_lambda_function.tag_account",
            "module.aft.module.aft_account_provisioning_framework.aws_sfn_state_machine.aft_account_provisioning_framework_sfn",
            "module.aft.module.aft_account_provisioning_framework.data.aws_caller_identity.aft_management",
            "module.aft.module.aft_account_provisioning_framework.data.aws_partition.current",
            "module.aft.module.aft_account_provisioning_framework.data.aws_region.aft_management",
            "module.aft.module.aft_account_request_framework.aws_dynamodb_table.aft_request",
            "module.aft.module.aft_account_request_framework.aws_dynamodb_table.aft_request_metadata",
            "module.aft.module.aft_account_request_framework.aws_kms_key.aft",
            "module.aft.module.aft_account_request_framework.aws_security_group.aft_vpc_default_sg",
            "module.aft.module.aft_account_request_framework.aws_sns_topic.aft_failure_notifications",
            "module.aft.module.aft_account_request_framework.aws_sns_topic.aft_notifications",
            "module.aft.module.aft_account_request_framework.aws_subnet.aft_vpc_private_subnet_01",
            "module.aft.module.aft_account_request_framework.aws_subnet.aft_vpc_private_subnet_02",
            "module.aft.module.aft_account_request_framework.aws_vpc.aft_vpc",
            "module.aft.module.aft_account_request_framework.data.aws_availability_zones.available",
            "module.aft.module.aft_customizations.aws_iam_role.aft_customizations_identify_targets_lambda",
            "module.aft.module.aft_customizations.aws_s3_bucket.aft_codepipeline_customizations_bucket",
            "module.aft.module.aft_customizations.data.aws_caller_identity.current",
            "module.aft.module.aft_customizations.data.aws_partition.current",
            "module.aft.module.aft_customizations.data.aws_region.current",
            "module.aft.module.aft_lambda_layer.aws_codebuild_project.codebuild",
            "module.aft.module.aft_lambda_layer.aws_iam_role.codebuild",
            "module.aft.module.aft_lambda_layer.aws_iam_role.codebuild_invoker_lambda_role",
            "module.aft.module.aft_lambda_layer.aws_lambda_function.codebuild_invoker",
            "module.aft.module.aft_lambda_layer.aws_lambda_layer_version.layer_version",
            "module.aft.module.aft_lambda_layer.data.aws_lambda_invocation.invoke_codebuild_job",
            "module.aft.module.aft_lambda_layer.data.aws_partition.current",
            "module.aft.module.aft_lambda_layer.data.local_file.aft_lambda_layer",
            "module.aft.module.aft_lambda_layer.random_string.resource_suffix",
            "module.aft.module.packaging.data.archive_file.builder",
            "module.aft.module.packaging.data.archive_file.provisioning_framework"
          ]
        }
      ]
    },
    {
      "module": "module.aft.module.aft_customizations",
      "mode": "managed",
      "type": "aws_iam_role_policy",
      "name": "aft_invoke_customizations_sfn",
      "provider": "module.aft.provider[\"registry.terraform.io/hashicorp/aws\"].aft_management",
      "instances": [
        {
          "schema_version": 0,
          "attributes": {
            "id": "aft-invoke-customizations-execution-role:aft-invoke-customizations-policy",
            "name": "aft-invoke-customizations-policy",
            "name_prefix": null,
            "policy": "{\"Version\":\"2012-10-17\",\"Statement\":[{\"Action\":[\"lambda:InvokeFunction\"],\"Effect\":\"Allow\",\"Resource\":[\"arn:aws:lambda:eu-west-1:804448413129:function:aft-*\"]},{\"Action\":[\"sns:Publish\"],\"Effect\":\"Allow\",\"Resource\":[\"arn:aws:sns:eu-west-1:804448413129:aft-*\"]},{\"Action\":[\"states:StartExecution\",\"states:StopExecution\"],\"Effect\":\"Allow\",\"Resource\":[\"arn:aws:states:eu-west-1:804448413129:stateMachine:aft-*\"]},{\"Action\":[\"events:PutTargets\",\"events:PutRule\",\"events:DescribeRule\"],\"Effect\":\"Allow\",\"Resource\":[\"arn:aws:events:eu-west-1:804448413129:*\"]},{\"Action\":[\"states:DescribeExecution\"],\"Effect\":\"Allow\",\"Resource\":[\"arn:aws:states:eu-west-1:804448413129:execution:aft-*\"]}]}",
            "role": "aft-invoke-customizations-execution-role"
          },
          "sensitive_attributes": [],
          "private": "bnVsbA==",
          "dependencies": [
            "module.aft.data.aws_partition.current",
            "module.aft.data.local_file.version",
            "module.aft.module.aft_account_provisioning_framework.aws_iam_role.aft_lambda_aft_account_provisioning_framework_create_role",
            "module.aft.module.aft_account_provisioning_framework.aws_iam_role.aft_lambda_aft_account_provisioning_framework_persist_metadata",
            "module.aft.module.aft_account_provisioning_framework.aws_iam_role.aft_lambda_aft_account_provisioning_framework_tag_account",
            "module.aft.module.aft_account_provisioning_framework.aws_iam_role.aft_states",
            "module.aft.module.aft_account_provisioning_framework.aws_lambda_function.account_metadata_ssm",
            "module.aft.module.aft_account_provisioning_framework.aws_lambda_function.create_role",
            "module.aft.module.aft_account_provisioning_framework.aws_lambda_function.persist_metadata",
            "module.aft.module.aft_account_provisioning_framework.aws_lambda_function.tag_account",
            "module.aft.module.aft_account_provisioning_framework.aws_sfn_state_machine.aft_account_provisioning_framework_sfn",
            "module.aft.module.aft_account_provisioning_framework.data.aws_caller_identity.aft_management",
            "module.aft.module.aft_account_provisioning_framework.data.aws_partition.current",
            "module.aft.module.aft_account_provisioning_framework.data.aws_region.aft_management",
            "module.aft.module.aft_account_request_framework.aws_kms_key.aft",
            "module.aft.module.aft_account_request_framework.aws_security_group.aft_vpc_default_sg",
            "module.aft.module.aft_account_request_framework.aws_sns_topic.aft_failure_notifications",
            "module.aft.module.aft_account_request_framework.aws_sns_topic.aft_notifications",
            "module.aft.module.aft_account_request_framework.aws_subnet.aft_vpc_private_subnet_01",
            "module.aft.module.aft_account_request_framework.aws_subnet.aft_vpc_private_subnet_02",
            "module.aft.module.aft_account_request_framework.aws_vpc.aft_vpc",
            "module.aft.module.aft_account_request_framework.data.aws_availability_zones.available",
            "module.aft.module.aft_customizations.aws_iam_role.aft_invoke_customizations_sfn",
            "module.aft.module.aft_customizations.aws_s3_bucket.aft_codepipeline_customizations_bucket",
            "module.aft.module.aft_customizations.data.aws_caller_identity.aft_management",
            "module.aft.module.aft_customizations.data.aws_caller_identity.current",
            "module.aft.module.aft_customizations.data.aws_partition.current",
            "module.aft.module.aft_customizations.data.aws_region.aft_management",
            "module.aft.module.aft_lambda_layer.aws_codebuild_project.codebuild",
            "module.aft.module.aft_lambda_layer.aws_iam_role.codebuild",
            "module.aft.module.aft_lambda_layer.aws_iam_role.codebuild_invoker_lambda_role",
            "module.aft.module.aft_lambda_layer.aws_lambda_function.codebuild_invoker",
            "module.aft.module.aft_lambda_layer.aws_lambda_layer_version.layer_version",
            "module.aft.module.aft_lambda_layer.data.aws_lambda_invocation.invoke_codebuild_job",
            "module.aft.module.aft_lambda_layer.data.aws_partition.current",
            "module.aft.module.aft_lambda_layer.data.local_file.aft_lambda_layer",
            "module.aft.module.aft_lambda_layer.random_string.resource_suffix",
            "module.aft.module.packaging.data.archive_file.builder",
            "module.aft.module.packaging.data.archive_file.provisioning_framework"
          ]
        }
      ]
    },
    {
      "module": "module.aft.module.aft_customizations",
      "mode": "managed",
      "type": "aws_iam_role_policy",
      "name": "terraform_oss_backend_codebuild_customizations_policy",
      "provider": "module.aft.provider[\"registry.terraform.io/hashicorp/aws\"].aft_management",
      "instances": [
        {
          "index_key": 0,
          "schema_version": 0,
          "attributes": {
            "id": "aft-codebuild-customizations-role:ct-aft-codebuild-customizations-terraform-oss-backend-policy",
            "name": "ct-aft-codebuild-customizations-terraform-oss-backend-policy",
            "name_prefix": null,
            "policy": "{\"Version\":\"2012-10-17\",\"Statement\":[{\"Action\":[\"dynamodb:*Item\"],\"Effect\":\"Allow\",\"Resource\":[\"arn:aws:dynamodb:eu-west-1:804448413129:table/aft-backend-804448413129\"]},{\"Action\":[\"s3:GetObject\",\"s3:GetObjectVersion\",\"s3:GetBucketVersioning\",\"s3:List*\",\"s3:PutObjectAcl\",\"s3:PutObject\"],\"Effect\":\"Allow\",\"Resource\":[\"arn:aws:s3:::aft-backend-804448413129-primary-region\",\"arn:aws:s3:::aft-backend-804448413129-primary-region/*\"]},{\"Action\":[\"kms:Decrypt\",\"kms:Encrypt\",\"kms:GenerateDataKey\"],\"Effect\":\"Allow\",\"Resource\":\"arn:aws:kms:eu-west-1:804448413129:key/5d837a97-4785-48fd-b112-c8f70b9e9ec8\"}]}",
            "role": "aft-codebuild-customizations-role"
          },
          "sensitive_attributes": [],
          "private": "bnVsbA==",
          "dependencies": [
            "module.aft.data.aws_partition.current",
            "module.aft.module.aft_backend.aws_dynamodb_table.lock-table",
            "module.aft.module.aft_backend.aws_kms_key.encrypt-primary-region",
            "module.aft.module.aft_backend.aws_s3_bucket.primary-backend-bucket",
            "module.aft.module.aft_backend.data.aws_caller_identity.current",
            "module.aft.module.aft_customizations.aws_iam_role.aft_codebuild_customizations_role",
            "module.aft.module.aft_customizations.data.aws_caller_identity.current",
            "module.aft.module.aft_customizations.data.aws_partition.current",
            "module.aft.module.aft_customizations.data.aws_region.current"
          ]
        }
      ]
    },
    {
      "module": "module.aft.module.aft_customizations",
      "mode": "managed",
      "type": "aws_iam_role_policy_attachment",
      "name": "aft_execute_pipeline_lambda",
      "provider": "module.aft.provider[\"registry.terraform.io/hashicorp/aws\"].aft_management",
      "instances": [
        {
          "index_key": 0,
          "schema_version": 0,
          "attributes": {
            "id": "aft-execute-pipeline-execution-role-2023022718475293920000000f",
            "policy_arn": "arn:aws:iam::aws:policy/service-role/AWSLambdaBasicExecutionRole",
            "role": "aft-execute-pipeline-execution-role"
          },
          "sensitive_attributes": [],
          "private": "bnVsbA==",
          "dependencies": [
            "module.aft.data.aws_partition.current",
            "module.aft.module.aft_customizations.aws_iam_role.aft_customizations_execute_pipeline_lambda",
            "module.aft.module.aft_customizations.data.aws_iam_policy.AWSLambdaBasicExecutionRole",
            "module.aft.module.aft_customizations.data.aws_iam_policy.AWSLambdaVPCAccessExecutionRole"
          ]
        },
        {
          "index_key": 1,
          "schema_version": 0,
          "attributes": {
            "id": "aft-execute-pipeline-execution-role-20230227184753092100000010",
            "policy_arn": "arn:aws:iam::aws:policy/service-role/AWSLambdaVPCAccessExecutionRole",
            "role": "aft-execute-pipeline-execution-role"
          },
          "sensitive_attributes": [],
          "private": "bnVsbA==",
          "dependencies": [
            "module.aft.data.aws_partition.current",
            "module.aft.module.aft_customizations.aws_iam_role.aft_customizations_execute_pipeline_lambda",
            "module.aft.module.aft_customizations.data.aws_iam_policy.AWSLambdaBasicExecutionRole",
            "module.aft.module.aft_customizations.data.aws_iam_policy.AWSLambdaVPCAccessExecutionRole"
          ]
        }
      ]
    },
    {
      "module": "module.aft.module.aft_customizations",
      "mode": "managed",
      "type": "aws_iam_role_policy_attachment",
      "name": "aft_get_pipeline_executions_lambda",
      "provider": "module.aft.provider[\"registry.terraform.io/hashicorp/aws\"].aft_management",
      "instances": [
        {
          "index_key": 0,
          "schema_version": 0,
          "attributes": {
            "id": "aft-get-pipeline-status-execution-role-20230227184753853200000012",
            "policy_arn": "arn:aws:iam::aws:policy/service-role/AWSLambdaBasicExecutionRole",
            "role": "aft-get-pipeline-status-execution-role"
          },
          "sensitive_attributes": [],
          "private": "bnVsbA==",
          "dependencies": [
            "module.aft.data.aws_partition.current",
            "module.aft.module.aft_customizations.aws_iam_role.aft_customizations_get_pipeline_executions_lambda",
            "module.aft.module.aft_customizations.data.aws_iam_policy.AWSLambdaBasicExecutionRole",
            "module.aft.module.aft_customizations.data.aws_iam_policy.AWSLambdaVPCAccessExecutionRole"
          ]
        },
        {
          "index_key": 1,
          "schema_version": 0,
          "attributes": {
            "id": "aft-get-pipeline-status-execution-role-20230227184753492700000011",
            "policy_arn": "arn:aws:iam::aws:policy/service-role/AWSLambdaVPCAccessExecutionRole",
            "role": "aft-get-pipeline-status-execution-role"
          },
          "sensitive_attributes": [],
          "private": "bnVsbA==",
          "dependencies": [
            "module.aft.data.aws_partition.current",
            "module.aft.module.aft_customizations.aws_iam_role.aft_customizations_get_pipeline_executions_lambda",
            "module.aft.module.aft_customizations.data.aws_iam_policy.AWSLambdaBasicExecutionRole",
            "module.aft.module.aft_customizations.data.aws_iam_policy.AWSLambdaVPCAccessExecutionRole"
          ]
        }
      ]
    },
    {
      "module": "module.aft.module.aft_customizations",
      "mode": "managed",
      "type": "aws_iam_role_policy_attachment",
      "name": "aft_identify_targets_lambda",
      "provider": "module.aft.provider[\"registry.terraform.io/hashicorp/aws\"].aft_management",
      "instances": [
        {
          "index_key": 0,
          "schema_version": 0,
          "attributes": {
            "id": "aft-identify-targets-execution-role-20230227184753863500000013",
            "policy_arn": "arn:aws:iam::aws:policy/service-role/AWSLambdaBasicExecutionRole",
            "role": "aft-identify-targets-execution-role"
          },
          "sensitive_attributes": [],
          "private": "bnVsbA==",
          "dependencies": [
            "module.aft.data.aws_partition.current",
            "module.aft.module.aft_customizations.aws_iam_role.aft_customizations_identify_targets_lambda",
            "module.aft.module.aft_customizations.data.aws_iam_policy.AWSLambdaBasicExecutionRole",
            "module.aft.module.aft_customizations.data.aws_iam_policy.AWSLambdaVPCAccessExecutionRole"
          ]
        },
        {
          "index_key": 1,
          "schema_version": 0,
          "attributes": {
            "id": "aft-identify-targets-execution-role-20230227184753865000000014",
            "policy_arn": "arn:aws:iam::aws:policy/service-role/AWSLambdaVPCAccessExecutionRole",
            "role": "aft-identify-targets-execution-role"
          },
          "sensitive_attributes": [],
          "private": "bnVsbA==",
          "dependencies": [
            "module.aft.data.aws_partition.current",
            "module.aft.module.aft_customizations.aws_iam_role.aft_customizations_identify_targets_lambda",
            "module.aft.module.aft_customizations.data.aws_iam_policy.AWSLambdaBasicExecutionRole",
            "module.aft.module.aft_customizations.data.aws_iam_policy.AWSLambdaVPCAccessExecutionRole"
          ]
        }
      ]
    },
    {
      "module": "module.aft.module.aft_customizations",
      "mode": "managed",
      "type": "aws_lambda_function",
      "name": "aft_customizations_execute_pipeline",
      "provider": "module.aft.provider[\"registry.terraform.io/hashicorp/aws\"].aft_management",
      "instances": [
        {
          "schema_version": 0,
          "attributes": {
            "architectures": [
              "x86_64"
            ],
            "arn": "arn:aws:lambda:eu-west-1:804448413129:function:aft-customizations-execute-pipeline",
            "code_signing_config_arn": "",
            "dead_letter_config": [],
            "description": "Executes the CodePipeline for account baselining. Called from aft-trigger-customizations SFN",
            "environment": [],
            "ephemeral_storage": [
              {
                "size": 512
              }
            ],
            "file_system_config": [],
            "filename": ".terraform/modules/aft/modules/aft-archives/../../src/aft_lambda/aft_customizations.zip",
            "function_name": "aft-customizations-execute-pipeline",
            "handler": "aft_customizations_execute_pipeline.lambda_handler",
            "id": "aft-customizations-execute-pipeline",
            "image_config": [],
            "image_uri": "",
            "invoke_arn": "arn:aws:apigateway:eu-west-1:lambda:path/2015-03-31/functions/arn:aws:lambda:eu-west-1:804448413129:function:aft-customizations-execute-pipeline/invocations",
            "kms_key_arn": "",
            "last_modified": "2023-02-27T18:55:17.740+0000",
            "layers": [
              "arn:aws:lambda:eu-west-1:804448413129:layer:aft-common-1-8-0:1"
            ],
            "memory_size": 1024,
            "package_type": "Zip",
            "publish": false,
            "qualified_arn": "arn:aws:lambda:eu-west-1:804448413129:function:aft-customizations-execute-pipeline:$LATEST",
            "qualified_invoke_arn": "arn:aws:apigateway:eu-west-1:lambda:path/2015-03-31/functions/arn:aws:lambda:eu-west-1:804448413129:function:aft-customizations-execute-pipeline:$LATEST/invocations",
            "reserved_concurrent_executions": -1,
            "role": "arn:aws:iam::804448413129:role/aft-execute-pipeline-execution-role",
            "runtime": "python3.8",
            "s3_bucket": null,
            "s3_key": null,
            "s3_object_version": null,
            "signing_job_arn": "",
            "signing_profile_version_arn": "",
            "snap_start": [],
            "source_code_hash": "v/lFbe8VsZMzTZAfVMBi8kh04zE3YYU1nsGslmQxUMg=",
            "source_code_size": 3405,
            "tags": null,
            "tags_all": {
              "managed_by": "AFT"
            },
            "timeout": 300,
            "timeouts": null,
            "tracing_config": [
              {
                "mode": "PassThrough"
              }
            ],
            "version": "$LATEST",
            "vpc_config": [
              {
                "security_group_ids": [
                  "sg-0d5a3a51c1cf3042b"
                ],
                "subnet_ids": [
                  "subnet-090ee28a6b2779f35",
                  "subnet-0fbf0295c6df87487"
                ],
                "vpc_id": "vpc-0738a48762cabc9e5"
              }
            ]
          },
          "sensitive_attributes": [],
          "private": "eyJlMmJmYjczMC1lY2FhLTExZTYtOGY4OC0zNDM2M2JjN2M0YzAiOnsiY3JlYXRlIjo2MDAwMDAwMDAwMDAsInVwZGF0ZSI6NjAwMDAwMDAwMDAwfX0=",
          "dependencies": [
            "module.aft.data.aws_partition.current",
            "module.aft.data.local_file.version",
            "module.aft.module.aft_account_request_framework.aws_kms_key.aft",
            "module.aft.module.aft_account_request_framework.aws_security_group.aft_vpc_default_sg",
            "module.aft.module.aft_account_request_framework.aws_subnet.aft_vpc_private_subnet_01",
            "module.aft.module.aft_account_request_framework.aws_subnet.aft_vpc_private_subnet_02",
            "module.aft.module.aft_account_request_framework.aws_vpc.aft_vpc",
            "module.aft.module.aft_account_request_framework.data.aws_availability_zones.available",
            "module.aft.module.aft_customizations.aws_iam_role.aft_customizations_execute_pipeline_lambda",
            "module.aft.module.aft_customizations.aws_s3_bucket.aft_codepipeline_customizations_bucket",
            "module.aft.module.aft_customizations.data.aws_caller_identity.current",
            "module.aft.module.aft_lambda_layer.aws_codebuild_project.codebuild",
            "module.aft.module.aft_lambda_layer.aws_iam_role.codebuild",
            "module.aft.module.aft_lambda_layer.aws_iam_role.codebuild_invoker_lambda_role",
            "module.aft.module.aft_lambda_layer.aws_lambda_function.codebuild_invoker",
            "module.aft.module.aft_lambda_layer.aws_lambda_layer_version.layer_version",
            "module.aft.module.aft_lambda_layer.data.aws_lambda_invocation.invoke_codebuild_job",
            "module.aft.module.aft_lambda_layer.data.aws_partition.current",
            "module.aft.module.aft_lambda_layer.data.local_file.aft_lambda_layer",
            "module.aft.module.aft_lambda_layer.random_string.resource_suffix",
            "module.aft.module.packaging.data.archive_file.builder",
            "module.aft.module.packaging.data.archive_file.customizations"
          ]
        }
      ]
    },
    {
      "module": "module.aft.module.aft_customizations",
      "mode": "managed",
      "type": "aws_lambda_function",
      "name": "aft_customizations_get_pipeline_executions",
      "provider": "module.aft.provider[\"registry.terraform.io/hashicorp/aws\"].aft_management",
      "instances": [
        {
          "schema_version": 0,
          "attributes": {
            "architectures": [
              "x86_64"
            ],
            "arn": "arn:aws:lambda:eu-west-1:804448413129:function:aft-customizations-get-pipeline-executions",
            "code_signing_config_arn": "",
            "dead_letter_config": [],
            "description": "Gets status of executing pipelines for baselining. Called from aft-trigger-customizations SFN",
            "environment": [],
            "ephemeral_storage": [
              {
                "size": 512
              }
            ],
            "file_system_config": [],
            "filename": ".terraform/modules/aft/modules/aft-archives/../../src/aft_lambda/aft_customizations.zip",
            "function_name": "aft-customizations-get-pipeline-executions",
            "handler": "aft_customizations_get_pipeline_executions.lambda_handler",
            "id": "aft-customizations-get-pipeline-executions",
            "image_config": [],
            "image_uri": "",
            "invoke_arn": "arn:aws:apigateway:eu-west-1:lambda:path/2015-03-31/functions/arn:aws:lambda:eu-west-1:804448413129:function:aft-customizations-get-pipeline-executions/invocations",
            "kms_key_arn": "",
            "last_modified": "2023-02-27T18:57:22.175+0000",
            "layers": [
              "arn:aws:lambda:eu-west-1:804448413129:layer:aft-common-1-8-0:1"
            ],
            "memory_size": 1024,
            "package_type": "Zip",
            "publish": false,
            "qualified_arn": "arn:aws:lambda:eu-west-1:804448413129:function:aft-customizations-get-pipeline-executions:$LATEST",
            "qualified_invoke_arn": "arn:aws:apigateway:eu-west-1:lambda:path/2015-03-31/functions/arn:aws:lambda:eu-west-1:804448413129:function:aft-customizations-get-pipeline-executions:$LATEST/invocations",
            "reserved_concurrent_executions": -1,
            "role": "arn:aws:iam::804448413129:role/aft-get-pipeline-status-execution-role",
            "runtime": "python3.8",
            "s3_bucket": null,
            "s3_key": null,
            "s3_object_version": null,
            "signing_job_arn": "",
            "signing_profile_version_arn": "",
            "snap_start": [],
            "source_code_hash": "v/lFbe8VsZMzTZAfVMBi8kh04zE3YYU1nsGslmQxUMg=",
            "source_code_size": 3405,
            "tags": null,
            "tags_all": {
              "managed_by": "AFT"
            },
            "timeout": 300,
            "timeouts": null,
            "tracing_config": [
              {
                "mode": "PassThrough"
              }
            ],
            "version": "$LATEST",
            "vpc_config": [
              {
                "security_group_ids": [
                  "sg-0d5a3a51c1cf3042b"
                ],
                "subnet_ids": [
                  "subnet-090ee28a6b2779f35",
                  "subnet-0fbf0295c6df87487"
                ],
                "vpc_id": "vpc-0738a48762cabc9e5"
              }
            ]
          },
          "sensitive_attributes": [],
          "private": "eyJlMmJmYjczMC1lY2FhLTExZTYtOGY4OC0zNDM2M2JjN2M0YzAiOnsiY3JlYXRlIjo2MDAwMDAwMDAwMDAsInVwZGF0ZSI6NjAwMDAwMDAwMDAwfX0=",
          "dependencies": [
            "module.aft.data.aws_partition.current",
            "module.aft.data.local_file.version",
            "module.aft.module.aft_account_request_framework.aws_kms_key.aft",
            "module.aft.module.aft_account_request_framework.aws_security_group.aft_vpc_default_sg",
            "module.aft.module.aft_account_request_framework.aws_subnet.aft_vpc_private_subnet_01",
            "module.aft.module.aft_account_request_framework.aws_subnet.aft_vpc_private_subnet_02",
            "module.aft.module.aft_account_request_framework.aws_vpc.aft_vpc",
            "module.aft.module.aft_account_request_framework.data.aws_availability_zones.available",
            "module.aft.module.aft_customizations.aws_iam_role.aft_customizations_get_pipeline_executions_lambda",
            "module.aft.module.aft_customizations.aws_s3_bucket.aft_codepipeline_customizations_bucket",
            "module.aft.module.aft_customizations.data.aws_caller_identity.current",
            "module.aft.module.aft_lambda_layer.aws_codebuild_project.codebuild",
            "module.aft.module.aft_lambda_layer.aws_iam_role.codebuild",
            "module.aft.module.aft_lambda_layer.aws_iam_role.codebuild_invoker_lambda_role",
            "module.aft.module.aft_lambda_layer.aws_lambda_function.codebuild_invoker",
            "module.aft.module.aft_lambda_layer.aws_lambda_layer_version.layer_version",
            "module.aft.module.aft_lambda_layer.data.aws_lambda_invocation.invoke_codebuild_job",
            "module.aft.module.aft_lambda_layer.data.aws_partition.current",
            "module.aft.module.aft_lambda_layer.data.local_file.aft_lambda_layer",
            "module.aft.module.aft_lambda_layer.random_string.resource_suffix",
            "module.aft.module.packaging.data.archive_file.builder",
            "module.aft.module.packaging.data.archive_file.customizations"
          ]
        }
      ]
    },
    {
      "module": "module.aft.module.aft_customizations",
      "mode": "managed",
      "type": "aws_lambda_function",
      "name": "aft_customizations_identify_targets",
      "provider": "module.aft.provider[\"registry.terraform.io/hashicorp/aws\"].aft_management",
      "instances": [
        {
          "schema_version": 0,
          "attributes": {
            "architectures": [
              "x86_64"
            ],
            "arn": "arn:aws:lambda:eu-west-1:804448413129:function:aft-customizations-identify-targets",
            "code_signing_config_arn": "",
            "dead_letter_config": [],
            "description": "Identifies targets to be customized. Called from aft-trigger-customizations SFN.",
            "environment": [],
            "ephemeral_storage": [
              {
                "size": 512
              }
            ],
            "file_system_config": [],
            "filename": ".terraform/modules/aft/modules/aft-archives/../../src/aft_lambda/aft_customizations.zip",
            "function_name": "aft-customizations-identify-targets",
            "handler": "aft_customizations_identify_targets.lambda_handler",
            "id": "aft-customizations-identify-targets",
            "image_config": [],
            "image_uri": "",
            "invoke_arn": "arn:aws:apigateway:eu-west-1:lambda:path/2015-03-31/functions/arn:aws:lambda:eu-west-1:804448413129:function:aft-customizations-identify-targets/invocations",
            "kms_key_arn": "",
            "last_modified": "2023-02-27T18:57:34.575+0000",
            "layers": [
              "arn:aws:lambda:eu-west-1:804448413129:layer:aft-common-1-8-0:1"
            ],
            "memory_size": 1024,
            "package_type": "Zip",
            "publish": false,
            "qualified_arn": "arn:aws:lambda:eu-west-1:804448413129:function:aft-customizations-identify-targets:$LATEST",
            "qualified_invoke_arn": "arn:aws:apigateway:eu-west-1:lambda:path/2015-03-31/functions/arn:aws:lambda:eu-west-1:804448413129:function:aft-customizations-identify-targets:$LATEST/invocations",
            "reserved_concurrent_executions": -1,
            "role": "arn:aws:iam::804448413129:role/aft-identify-targets-execution-role",
            "runtime": "python3.8",
            "s3_bucket": null,
            "s3_key": null,
            "s3_object_version": null,
            "signing_job_arn": "",
            "signing_profile_version_arn": "",
            "snap_start": [],
            "source_code_hash": "v/lFbe8VsZMzTZAfVMBi8kh04zE3YYU1nsGslmQxUMg=",
            "source_code_size": 3405,
            "tags": null,
            "tags_all": {
              "managed_by": "AFT"
            },
            "timeout": 300,
            "timeouts": null,
            "tracing_config": [
              {
                "mode": "PassThrough"
              }
            ],
            "version": "$LATEST",
            "vpc_config": [
              {
                "security_group_ids": [
                  "sg-0d5a3a51c1cf3042b"
                ],
                "subnet_ids": [
                  "subnet-090ee28a6b2779f35",
                  "subnet-0fbf0295c6df87487"
                ],
                "vpc_id": "vpc-0738a48762cabc9e5"
              }
            ]
          },
          "sensitive_attributes": [],
          "private": "eyJlMmJmYjczMC1lY2FhLTExZTYtOGY4OC0zNDM2M2JjN2M0YzAiOnsiY3JlYXRlIjo2MDAwMDAwMDAwMDAsInVwZGF0ZSI6NjAwMDAwMDAwMDAwfX0=",
          "dependencies": [
            "module.aft.data.aws_partition.current",
            "module.aft.data.local_file.version",
            "module.aft.module.aft_account_request_framework.aws_kms_key.aft",
            "module.aft.module.aft_account_request_framework.aws_security_group.aft_vpc_default_sg",
            "module.aft.module.aft_account_request_framework.aws_subnet.aft_vpc_private_subnet_01",
            "module.aft.module.aft_account_request_framework.aws_subnet.aft_vpc_private_subnet_02",
            "module.aft.module.aft_account_request_framework.aws_vpc.aft_vpc",
            "module.aft.module.aft_account_request_framework.data.aws_availability_zones.available",
            "module.aft.module.aft_customizations.aws_iam_role.aft_customizations_identify_targets_lambda",
            "module.aft.module.aft_customizations.aws_s3_bucket.aft_codepipeline_customizations_bucket",
            "module.aft.module.aft_customizations.data.aws_caller_identity.current",
            "module.aft.module.aft_lambda_layer.aws_codebuild_project.codebuild",
            "module.aft.module.aft_lambda_layer.aws_iam_role.codebuild",
            "module.aft.module.aft_lambda_layer.aws_iam_role.codebuild_invoker_lambda_role",
            "module.aft.module.aft_lambda_layer.aws_lambda_function.codebuild_invoker",
            "module.aft.module.aft_lambda_layer.aws_lambda_layer_version.layer_version",
            "module.aft.module.aft_lambda_layer.data.aws_lambda_invocation.invoke_codebuild_job",
            "module.aft.module.aft_lambda_layer.data.aws_partition.current",
            "module.aft.module.aft_lambda_layer.data.local_file.aft_lambda_layer",
            "module.aft.module.aft_lambda_layer.random_string.resource_suffix",
            "module.aft.module.packaging.data.archive_file.builder",
            "module.aft.module.packaging.data.archive_file.customizations"
          ]
        }
      ]
    },
    {
      "module": "module.aft.module.aft_customizations",
      "mode": "managed",
      "type": "aws_s3_bucket",
      "name": "aft_codepipeline_customizations_bucket",
      "provider": "module.aft.provider[\"registry.terraform.io/hashicorp/aws\"].aft_management",
      "instances": [
        {
          "schema_version": 0,
          "attributes": {
            "acceleration_status": "",
            "acl": null,
            "arn": "arn:aws:s3:::aft-customizations-pipeline-804448413129",
            "bucket": "aft-customizations-pipeline-804448413129",
            "bucket_domain_name": "aft-customizations-pipeline-804448413129.s3.amazonaws.com",
            "bucket_prefix": null,
            "bucket_regional_domain_name": "aft-customizations-pipeline-804448413129.s3.eu-west-1.amazonaws.com",
            "cors_rule": [],
            "force_destroy": false,
            "grant": [
              {
                "id": "dce515e21e81c31973dc953f336957b69778bc91e0e800c029dae6fe63c063fa",
                "permissions": [
                  "FULL_CONTROL"
                ],
                "type": "CanonicalUser",
                "uri": ""
              }
            ],
            "hosted_zone_id": "Z1BKCTXD74EZPE",
            "id": "aft-customizations-pipeline-804448413129",
            "lifecycle_rule": [],
            "logging": [],
            "object_lock_configuration": [],
            "object_lock_enabled": false,
            "policy": "",
            "region": "eu-west-1",
            "replication_configuration": [],
            "request_payer": "BucketOwner",
            "server_side_encryption_configuration": [
              {
                "rule": [
                  {
                    "apply_server_side_encryption_by_default": [
                      {
                        "kms_master_key_id": "",
                        "sse_algorithm": "AES256"
                      }
                    ],
                    "bucket_key_enabled": false
                  }
                ]
              }
            ],
            "tags": null,
            "tags_all": {
              "managed_by": "AFT"
            },
            "timeouts": null,
            "versioning": [
              {
                "enabled": false,
                "mfa_delete": false
              }
            ],
            "website": [],
            "website_domain": null,
            "website_endpoint": null
          },
          "sensitive_attributes": [],
          "private": "eyJlMmJmYjczMC1lY2FhLTExZTYtOGY4OC0zNDM2M2JjN2M0YzAiOnsiY3JlYXRlIjoxMjAwMDAwMDAwMDAwLCJkZWxldGUiOjM2MDAwMDAwMDAwMDAsInJlYWQiOjEyMDAwMDAwMDAwMDAsInVwZGF0ZSI6MTIwMDAwMDAwMDAwMH19",
          "dependencies": [
            "module.aft.data.aws_partition.current",
            "module.aft.module.aft_customizations.data.aws_caller_identity.current"
          ],
          "create_before_destroy": true
        }
      ]
    },
    {
      "module": "module.aft.module.aft_customizations",
      "mode": "managed",
      "type": "aws_s3_bucket_acl",
      "name": "aft-codepipeline-customizations-bucket-acl",
      "provider": "module.aft.provider[\"registry.terraform.io/hashicorp/aws\"].aft_management",
      "instances": [
        {
          "schema_version": 0,
          "attributes": {
            "access_control_policy": [
              {
                "grant": [
                  {
                    "grantee": [
                      {
                        "display_name": "rsa.sanbox.controltower",
                        "email_address": "",
                        "id": "dce515e21e81c31973dc953f336957b69778bc91e0e800c029dae6fe63c063fa",
                        "type": "CanonicalUser",
                        "uri": ""
                      }
                    ],
                    "permission": "FULL_CONTROL"
                  }
                ],
                "owner": [
                  {
                    "display_name": "rsa.sanbox.controltower",
                    "id": "dce515e21e81c31973dc953f336957b69778bc91e0e800c029dae6fe63c063fa"
                  }
                ]
              }
            ],
            "acl": "private",
            "bucket": "aft-customizations-pipeline-804448413129",
            "expected_bucket_owner": "",
            "id": "aft-customizations-pipeline-804448413129,private"
          },
          "sensitive_attributes": [],
          "private": "bnVsbA==",
          "dependencies": [
            "module.aft.data.aws_partition.current",
            "module.aft.module.aft_customizations.aws_s3_bucket.aft_codepipeline_customizations_bucket",
            "module.aft.module.aft_customizations.data.aws_caller_identity.current"
          ]
        }
      ]
    },
    {
      "module": "module.aft.module.aft_customizations",
      "mode": "managed",
      "type": "aws_s3_bucket_public_access_block",
      "name": "aft-codepipeline-customizations-block-public-access",
      "provider": "module.aft.provider[\"registry.terraform.io/hashicorp/aws\"].aft_management",
      "instances": [
        {
          "schema_version": 0,
          "attributes": {
            "block_public_acls": true,
            "block_public_policy": true,
            "bucket": "aft-customizations-pipeline-804448413129",
            "id": "aft-customizations-pipeline-804448413129",
            "ignore_public_acls": true,
            "restrict_public_buckets": true
          },
          "sensitive_attributes": [],
          "private": "bnVsbA==",
          "dependencies": [
            "module.aft.data.aws_partition.current",
            "module.aft.module.aft_customizations.aws_s3_bucket.aft_codepipeline_customizations_bucket",
            "module.aft.module.aft_customizations.data.aws_caller_identity.current"
          ]
        }
      ]
    },
    {
      "module": "module.aft.module.aft_customizations",
      "mode": "managed",
      "type": "aws_s3_bucket_server_side_encryption_configuration",
      "name": "aft-codepipeline-customizations-bucket-encryption",
      "provider": "module.aft.provider[\"registry.terraform.io/hashicorp/aws\"].aft_management",
      "instances": [
        {
          "schema_version": 0,
          "attributes": {
            "bucket": "aft-customizations-pipeline-804448413129",
            "expected_bucket_owner": "",
            "id": "aft-customizations-pipeline-804448413129",
            "rule": [
              {
                "apply_server_side_encryption_by_default": [
                  {
                    "kms_master_key_id": "207fe238-7aba-4608-9ba2-1da2f28b1578",
                    "sse_algorithm": "aws:kms"
                  }
                ],
                "bucket_key_enabled": null
              }
            ]
          },
          "sensitive_attributes": [],
          "private": "bnVsbA==",
          "dependencies": [
            "module.aft.data.aws_partition.current",
            "module.aft.module.aft_account_request_framework.aws_kms_key.aft",
            "module.aft.module.aft_customizations.aws_s3_bucket.aft_codepipeline_customizations_bucket",
            "module.aft.module.aft_customizations.data.aws_caller_identity.current"
          ]
        }
      ]
    },
    {
      "module": "module.aft.module.aft_customizations",
      "mode": "managed",
      "type": "aws_s3_bucket_versioning",
      "name": "aft-codepipeline-customizations-bucket-versioning",
      "provider": "module.aft.provider[\"registry.terraform.io/hashicorp/aws\"].aft_management",
      "instances": [
        {
          "schema_version": 0,
          "attributes": {
            "bucket": "aft-customizations-pipeline-804448413129",
            "expected_bucket_owner": "",
            "id": "aft-customizations-pipeline-804448413129",
            "mfa": null,
            "versioning_configuration": [
              {
                "mfa_delete": "",
                "status": "Enabled"
              }
            ]
          },
          "sensitive_attributes": [],
          "private": "bnVsbA==",
          "dependencies": [
            "module.aft.data.aws_partition.current",
            "module.aft.module.aft_customizations.aws_s3_bucket.aft_codepipeline_customizations_bucket",
            "module.aft.module.aft_customizations.data.aws_caller_identity.current"
          ]
        }
      ]
    },
    {
      "module": "module.aft.module.aft_customizations",
      "mode": "managed",
      "type": "aws_sfn_state_machine",
      "name": "aft_invoke_customizations_sfn",
      "provider": "module.aft.provider[\"registry.terraform.io/hashicorp/aws\"].aft_management",
      "instances": [
        {
          "schema_version": 0,
          "attributes": {
            "arn": "arn:aws:states:eu-west-1:804448413129:stateMachine:aft-invoke-customizations",
            "creation_date": "2023-02-27T18:58:30Z",
            "definition": "{\n  \"StartAt\": \"Identify Targets\",\n  \"States\": {\n    \"Identify Targets\": {\n      \"Next\": \"Invoke Provisioning Framework\",\n      \"Type\": \"Task\",\n      \"Resource\": \"arn:aws:lambda:eu-west-1:804448413129:function:aft-customizations-identify-targets\",\n      \"ResultPath\": \"$.targets\",\n      \"Catch\": [\n        {\n          \"ErrorEquals\": [\"States.ALL\"],\n          \"Next\": \"Notify Failure\"\n        }\n      ]\n    },\n    \"Invoke Provisioning Framework\": {\n      \"Type\": \"Map\",\n      \"Next\": \"Get Pipeline Executions\",\n      \"MaxConcurrency\": 25,\n      \"InputPath\": \"$.targets\",\n      \"ItemsPath\": \"$.target_accounts_info\",\n      \"Parameters\": {\n        \"info.$\": \"$$.Map.Item.Value\"\n      },\n      \"Iterator\": {\n        \"StartAt\": \"Invoke Account provisioning Step Function\",\n        \"States\": {\n          \"Invoke Account provisioning Step Function\": {\n            \"Type\": \"Task\",\n            \"Resource\": \"arn:aws:states:::states:startExecution.sync:2\",\n            \"Parameters\": {\n              \"StateMachineArn\": \"arn:aws:states:eu-west-1:804448413129:stateMachine:aft-account-provisioning-framework\",\n              \"Input.$\": \"$.info\" \n            },\n            \"End\": true\n          }\n        }\n      },\n      \"ResultPath\": null\n    },\n    \"Get Pipeline Executions\": {\n      \"Next\": \"Pending Pipeline Executions?\",\n      \"Type\": \"Task\",\n      \"Resource\": \"arn:aws:lambda:eu-west-1:804448413129:function:aft-customizations-get-pipeline-executions\",\n      \"ResultPath\": \"$.running_executions\",\n      \"Catch\": [\n        {\n          \"ErrorEquals\": [\"States.ALL\"],\n          \"Next\": \"Notify Failure\"\n        }\n      ]\n    },\n    \"Pending Pipeline Executions?\": {\n      \"Type\": \"Choice\",\n      \"Choices\": [\n        {\n          \"Variable\": \"$.targets.number_pending_accounts\",\n          \"NumericEquals\": 0,\n          \"Next\": \"Notify Success\"\n        }\n      ],\n      \"Default\": \"Below Maximum Execution Threshold?\"\n    },\n    \"Below Maximum Execution Threshold?\": {\n      \"Type\": \"Choice\",\n      \"Choices\": [\n        {\n          \"Variable\": \"$.running_executions.running_pipelines\",\n          \"NumericLessThan\": 5,\n          \"Next\": \"Execute Pipelines\"\n        }\n      ],\n      \"Default\": \"Wait on Pipeline Executions\"\n    },\n    \"Execute Pipelines\": {\n      \"Next\": \"Wait on Pipeline Executions\",\n      \"Type\": \"Task\",\n      \"Resource\": \"arn:aws:lambda:eu-west-1:804448413129:function:aft-customizations-execute-pipeline\",\n      \"ResultPath\": \"$.targets\",\n      \"Catch\": [\n        {\n          \"ErrorEquals\": [\"States.ALL\"],\n          \"Next\": \"Notify Failure\"\n        }\n      ]\n    },\n    \"Wait on Pipeline Executions\": {\n      \"Type\": \"Wait\",\n      \"Seconds\": 30,\n      \"Next\": \"Get Pipeline Executions\"\n    },\n    \"Notify Success\": {\n      \"Type\": \"Task\",\n      \"Resource\": \"arn:aws:states:::sns:publish\",\n      \"Parameters\": {\n        \"TopicArn\": \"arn:aws:sns:eu-west-1:804448413129:aft-notifications\",\n        \"Message.$\": \"$\"\n      },\n      \"End\": true\n    },\n    \"Notify Failure\": {\n      \"Type\": \"Task\",\n      \"Resource\": \"arn:aws:states:::sns:publish\",\n      \"Parameters\": {\n        \"TopicArn\": \"arn:aws:sns:eu-west-1:804448413129:aft-failure-notifications\",\n        \"Message.$\": \"$.Cause\"\n      },\n      \"Next\": \"Failed\"\n    },\n    \"Failed\": {\n      \"Type\": \"Fail\"\n    }\n  }\n}\n",
            "id": "arn:aws:states:eu-west-1:804448413129:stateMachine:aft-invoke-customizations",
            "logging_configuration": [
              {
                "include_execution_data": false,
                "level": "OFF",
                "log_destination": ""
              }
            ],
            "name": "aft-invoke-customizations",
            "name_prefix": "",
            "role_arn": "arn:aws:iam::804448413129:role/aft-invoke-customizations-execution-role",
            "status": "ACTIVE",
            "tags": null,
            "tags_all": {
              "managed_by": "AFT"
            },
            "tracing_configuration": [
              {
                "enabled": false
              }
            ],
            "type": "STANDARD"
          },
          "sensitive_attributes": [],
          "private": "bnVsbA==",
          "dependencies": [
            "module.aft.data.aws_partition.current",
            "module.aft.data.local_file.version",
            "module.aft.module.aft_account_provisioning_framework.aws_iam_role.aft_lambda_aft_account_provisioning_framework_create_role",
            "module.aft.module.aft_account_provisioning_framework.aws_iam_role.aft_lambda_aft_account_provisioning_framework_persist_metadata",
            "module.aft.module.aft_account_provisioning_framework.aws_iam_role.aft_lambda_aft_account_provisioning_framework_tag_account",
            "module.aft.module.aft_account_provisioning_framework.aws_iam_role.aft_states",
            "module.aft.module.aft_account_provisioning_framework.aws_lambda_function.account_metadata_ssm",
            "module.aft.module.aft_account_provisioning_framework.aws_lambda_function.create_role",
            "module.aft.module.aft_account_provisioning_framework.aws_lambda_function.persist_metadata",
            "module.aft.module.aft_account_provisioning_framework.aws_lambda_function.tag_account",
            "module.aft.module.aft_account_provisioning_framework.aws_sfn_state_machine.aft_account_provisioning_framework_sfn",
            "module.aft.module.aft_account_provisioning_framework.data.aws_caller_identity.aft_management",
            "module.aft.module.aft_account_provisioning_framework.data.aws_partition.current",
            "module.aft.module.aft_account_provisioning_framework.data.aws_region.aft_management",
            "module.aft.module.aft_account_request_framework.aws_kms_key.aft",
            "module.aft.module.aft_account_request_framework.aws_security_group.aft_vpc_default_sg",
            "module.aft.module.aft_account_request_framework.aws_sns_topic.aft_failure_notifications",
            "module.aft.module.aft_account_request_framework.aws_sns_topic.aft_notifications",
            "module.aft.module.aft_account_request_framework.aws_subnet.aft_vpc_private_subnet_01",
            "module.aft.module.aft_account_request_framework.aws_subnet.aft_vpc_private_subnet_02",
            "module.aft.module.aft_account_request_framework.aws_vpc.aft_vpc",
            "module.aft.module.aft_account_request_framework.data.aws_availability_zones.available",
            "module.aft.module.aft_customizations.aws_iam_role.aft_customizations_execute_pipeline_lambda",
            "module.aft.module.aft_customizations.aws_iam_role.aft_customizations_get_pipeline_executions_lambda",
            "module.aft.module.aft_customizations.aws_iam_role.aft_customizations_identify_targets_lambda",
            "module.aft.module.aft_customizations.aws_iam_role.aft_invoke_customizations_sfn",
            "module.aft.module.aft_customizations.aws_lambda_function.aft_customizations_execute_pipeline",
            "module.aft.module.aft_customizations.aws_lambda_function.aft_customizations_get_pipeline_executions",
            "module.aft.module.aft_customizations.aws_lambda_function.aft_customizations_identify_targets",
            "module.aft.module.aft_customizations.aws_s3_bucket.aft_codepipeline_customizations_bucket",
            "module.aft.module.aft_customizations.data.aws_caller_identity.current",
            "module.aft.module.aft_customizations.data.aws_partition.current",
            "module.aft.module.aft_lambda_layer.aws_codebuild_project.codebuild",
            "module.aft.module.aft_lambda_layer.aws_iam_role.codebuild",
            "module.aft.module.aft_lambda_layer.aws_iam_role.codebuild_invoker_lambda_role",
            "module.aft.module.aft_lambda_layer.aws_lambda_function.codebuild_invoker",
            "module.aft.module.aft_lambda_layer.aws_lambda_layer_version.layer_version",
            "module.aft.module.aft_lambda_layer.data.aws_lambda_invocation.invoke_codebuild_job",
            "module.aft.module.aft_lambda_layer.data.aws_partition.current",
            "module.aft.module.aft_lambda_layer.data.local_file.aft_lambda_layer",
            "module.aft.module.aft_lambda_layer.random_string.resource_suffix",
            "module.aft.module.packaging.data.archive_file.builder",
            "module.aft.module.packaging.data.archive_file.customizations",
            "module.aft.module.packaging.data.archive_file.provisioning_framework"
          ]
        }
      ]
    },
    {
      "module": "module.aft.module.aft_feature_options",
      "mode": "data",
      "type": "aws_caller_identity",
      "name": "ct_audit",
      "provider": "module.aft.provider[\"registry.terraform.io/hashicorp/aws\"].audit",
      "instances": [
        {
          "schema_version": 0,
          "attributes": {
            "account_id": "069001099679",
            "arn": "arn:aws:sts::069001099679:assumed-role/AWSControlTowerExecution/AWSAFT-Session",
            "id": "069001099679",
            "user_id": "AROARAEGJHGP3DROAE6XW:AWSAFT-Session"
          },
          "sensitive_attributes": []
        }
      ]
    },
    {
      "module": "module.aft.module.aft_feature_options",
      "mode": "data",
      "type": "aws_caller_identity",
      "name": "ct_log",
      "provider": "module.aft.provider[\"registry.terraform.io/hashicorp/aws\"].log_archive",
      "instances": [
        {
          "schema_version": 0,
          "attributes": {
            "account_id": "449948395722",
            "arn": "arn:aws:sts::449948395722:assumed-role/AWSControlTowerExecution/AWSAFT-Session",
            "id": "449948395722",
            "user_id": "AROAWRQYDVDFKTKRCLIR5:AWSAFT-Session"
          },
          "sensitive_attributes": []
        }
      ]
    },
    {
      "module": "module.aft.module.aft_feature_options",
      "mode": "data",
      "type": "aws_caller_identity",
      "name": "ct_management",
      "provider": "module.aft.provider[\"registry.terraform.io/hashicorp/aws\"].ct_management",
      "instances": [
        {
          "schema_version": 0,
          "attributes": {
            "account_id": "850516820997",
            "arn": "arn:aws:sts::850516820997:assumed-role/AWSReservedSSO_AWSAdministratorAccess_b7fe253e7538d325/rsa.mgt.controltower@gmail.com",
            "id": "850516820997",
            "user_id": "AROA4MBWAYQCYPGPKZNUM:rsa.mgt.controltower@gmail.com"
          },
          "sensitive_attributes": []
        }
      ]
    },
    {
      "module": "module.aft.module.aft_feature_options",
      "mode": "data",
      "type": "aws_caller_identity",
      "name": "current",
      "provider": "module.aft.provider[\"registry.terraform.io/hashicorp/aws\"].aft_management",
      "instances": [
        {
          "schema_version": 0,
          "attributes": {
            "account_id": "804448413129",
            "arn": "arn:aws:sts::804448413129:assumed-role/AWSControlTowerExecution/AWSAFT-Session",
            "id": "804448413129",
            "user_id": "AROA3WTG4UXEQNNSDGUZT:AWSAFT-Session"
          },
          "sensitive_attributes": []
        }
      ]
    },
    {
      "module": "module.aft.module.aft_feature_options",
      "mode": "data",
      "type": "aws_iam_policy",
      "name": "AWSLambdaBasicExecutionRole",
      "provider": "module.aft.provider[\"registry.terraform.io/hashicorp/aws\"].aft_management",
      "instances": [
        {
          "schema_version": 0,
          "attributes": {
            "arn": "arn:aws:iam::aws:policy/service-role/AWSLambdaBasicExecutionRole",
            "description": "Provides write permissions to CloudWatch Logs.",
            "id": "arn:aws:iam::aws:policy/service-role/AWSLambdaBasicExecutionRole",
            "name": "AWSLambdaBasicExecutionRole",
            "path": "/service-role/",
            "path_prefix": null,
            "policy": "{\n  \"Version\": \"2012-10-17\",\n  \"Statement\": [\n    {\n      \"Effect\": \"Allow\",\n      \"Action\": [\n        \"logs:CreateLogGroup\",\n        \"logs:CreateLogStream\",\n        \"logs:PutLogEvents\"\n      ],\n      \"Resource\": \"*\"\n    }\n  ]\n}",
            "policy_id": "ANPAJNCQGXC42545SKXIK",
            "tags": {}
          },
          "sensitive_attributes": []
        }
      ]
    },
    {
      "module": "module.aft.module.aft_feature_options",
      "mode": "data",
      "type": "aws_iam_policy",
      "name": "AWSLambdaVPCAccessExecutionRole",
      "provider": "module.aft.provider[\"registry.terraform.io/hashicorp/aws\"].aft_management",
      "instances": [
        {
          "schema_version": 0,
          "attributes": {
            "arn": "arn:aws:iam::aws:policy/service-role/AWSLambdaVPCAccessExecutionRole",
            "description": "Provides minimum permissions for a Lambda function to execute while accessing a resource within a VPC - create, describe, delete network interfaces and write permissions to CloudWatch Logs. ",
            "id": "arn:aws:iam::aws:policy/service-role/AWSLambdaVPCAccessExecutionRole",
            "name": "AWSLambdaVPCAccessExecutionRole",
            "path": "/service-role/",
            "path_prefix": null,
            "policy": "{\n  \"Version\": \"2012-10-17\",\n  \"Statement\": [\n    {\n      \"Effect\": \"Allow\",\n      \"Action\": [\n        \"logs:CreateLogGroup\",\n        \"logs:CreateLogStream\",\n        \"logs:PutLogEvents\",\n        \"ec2:CreateNetworkInterface\",\n        \"ec2:DescribeNetworkInterfaces\",\n        \"ec2:DeleteNetworkInterface\",\n        \"ec2:AssignPrivateIpAddresses\",\n        \"ec2:UnassignPrivateIpAddresses\"\n      ],\n      \"Resource\": \"*\"\n    }\n  ]\n}",
            "policy_id": "ANPAJVTME3YLVNL72YR2K",
            "tags": {}
          },
          "sensitive_attributes": []
        }
      ]
    },
    {
      "module": "module.aft.module.aft_feature_options",
      "mode": "data",
      "type": "aws_organizations_organization",
      "name": "aft_organization",
      "provider": "module.aft.provider[\"registry.terraform.io/hashicorp/aws\"].ct_management",
      "instances": [
        {
          "schema_version": 0,
          "attributes": {
            "accounts": [
              {
                "arn": "arn:aws:organizations::850516820997:account/o-x85hwhb84x/850516820997",
                "email": "rsa.mgt.controltower@gmail.com",
                "id": "850516820997",
                "name": "rsa-mgt",
                "status": "ACTIVE"
              },
              {
                "arn": "arn:aws:organizations::850516820997:account/o-x85hwhb84x/069001099679",
                "email": "rsa.audit.controltower@gmail.com",
                "id": "069001099679",
                "name": "Audit",
                "status": "ACTIVE"
              },
              {
                "arn": "arn:aws:organizations::850516820997:account/o-x85hwhb84x/413271214339",
                "email": "rsa.aft.controltower@gmail.com",
                "id": "413271214339",
                "name": "AFT-Management",
                "status": "ACTIVE"
              },
              {
                "arn": "arn:aws:organizations::850516820997:account/o-x85hwhb84x/449948395722",
                "email": "rsa.log.controltower@gmail.com",
                "id": "449948395722",
                "name": "Log Archive",
                "status": "ACTIVE"
              },
              {
                "arn": "arn:aws:organizations::850516820997:account/o-x85hwhb84x/804448413129",
                "email": "rsa.sanbox.controltower@gmail.com",
                "id": "804448413129",
                "name": "AFT-Management",
                "status": "ACTIVE"
              }
            ],
            "arn": "arn:aws:organizations::850516820997:organization/o-x85hwhb84x",
            "aws_service_access_principals": [
              "cloudtrail.amazonaws.com",
              "config.amazonaws.com",
              "controltower.amazonaws.com",
              "member.org.stacksets.cloudformation.amazonaws.com",
              "sso.amazonaws.com"
            ],
            "enabled_policy_types": [
              "SERVICE_CONTROL_POLICY"
            ],
            "feature_set": "ALL",
            "id": "o-x85hwhb84x",
            "master_account_arn": "arn:aws:organizations::850516820997:account/o-x85hwhb84x/850516820997",
            "master_account_email": "rsa.mgt.controltower@gmail.com",
            "master_account_id": "850516820997",
            "non_master_accounts": [
              {
                "arn": "arn:aws:organizations::850516820997:account/o-x85hwhb84x/069001099679",
                "email": "rsa.audit.controltower@gmail.com",
                "id": "069001099679",
                "name": "Audit",
                "status": "ACTIVE"
              },
              {
                "arn": "arn:aws:organizations::850516820997:account/o-x85hwhb84x/413271214339",
                "email": "rsa.aft.controltower@gmail.com",
                "id": "413271214339",
                "name": "AFT-Management",
                "status": "ACTIVE"
              },
              {
                "arn": "arn:aws:organizations::850516820997:account/o-x85hwhb84x/449948395722",
                "email": "rsa.log.controltower@gmail.com",
                "id": "449948395722",
                "name": "Log Archive",
                "status": "ACTIVE"
              },
              {
                "arn": "arn:aws:organizations::850516820997:account/o-x85hwhb84x/804448413129",
                "email": "rsa.sanbox.controltower@gmail.com",
                "id": "804448413129",
                "name": "AFT-Management",
                "status": "ACTIVE"
              }
            ],
            "roots": [
              {
                "arn": "arn:aws:organizations::850516820997:root/o-x85hwhb84x/r-id9s",
                "id": "r-id9s",
                "name": "Root",
                "policy_types": [
                  {
                    "status": "ENABLED",
                    "type": "SERVICE_CONTROL_POLICY"
                  }
                ]
              }
            ]
          },
          "sensitive_attributes": []
        }
      ]
    },
    {
      "module": "module.aft.module.aft_feature_options",
      "mode": "data",
      "type": "aws_partition",
      "name": "current",
      "provider": "provider[\"registry.terraform.io/hashicorp/aws\"]",
      "instances": [
        {
          "schema_version": 0,
          "attributes": {
            "dns_suffix": "amazonaws.com",
            "id": "aws",
            "partition": "aws",
            "reverse_dns_prefix": "com.amazonaws"
          },
          "sensitive_attributes": []
        }
      ]
    },
    {
      "module": "module.aft.module.aft_feature_options",
      "mode": "data",
      "type": "aws_region",
      "name": "current",
      "provider": "module.aft.provider[\"registry.terraform.io/hashicorp/aws\"].aft_management",
      "instances": [
        {
          "schema_version": 0,
          "attributes": {
            "description": "Europe (Ireland)",
            "endpoint": "ec2.eu-west-1.amazonaws.com",
            "id": "eu-west-1",
            "name": "eu-west-1"
          },
          "sensitive_attributes": []
        }
      ]
    },
    {
      "module": "module.aft.module.aft_feature_options",
      "mode": "managed",
      "type": "aws_cloudwatch_log_group",
      "name": "aft_delete_default_vpc",
      "provider": "module.aft.provider[\"registry.terraform.io/hashicorp/aws\"].aft_management",
      "instances": [
        {
          "schema_version": 0,
          "attributes": {
            "arn": "arn:aws:logs:eu-west-1:804448413129:log-group:/aws/lambda/aft-delete-default-vpc",
            "id": "/aws/lambda/aft-delete-default-vpc",
            "kms_key_id": "",
            "name": "/aws/lambda/aft-delete-default-vpc",
            "name_prefix": "",
            "retention_in_days": 0,
            "skip_destroy": false,
            "tags": null,
            "tags_all": {
              "managed_by": "AFT"
            }
          },
          "sensitive_attributes": [],
          "private": "bnVsbA==",
          "dependencies": [
            "module.aft.data.aws_partition.current",
            "module.aft.data.local_file.version",
            "module.aft.module.aft_account_request_framework.aws_kms_key.aft",
            "module.aft.module.aft_account_request_framework.aws_security_group.aft_vpc_default_sg",
            "module.aft.module.aft_account_request_framework.aws_subnet.aft_vpc_private_subnet_01",
            "module.aft.module.aft_account_request_framework.aws_subnet.aft_vpc_private_subnet_02",
            "module.aft.module.aft_account_request_framework.aws_vpc.aft_vpc",
            "module.aft.module.aft_account_request_framework.data.aws_availability_zones.available",
            "module.aft.module.aft_customizations.aws_s3_bucket.aft_codepipeline_customizations_bucket",
            "module.aft.module.aft_customizations.data.aws_caller_identity.current",
            "module.aft.module.aft_feature_options.aws_iam_role.aft_delete_default_vpc_lambda",
            "module.aft.module.aft_feature_options.aws_lambda_function.aft_delete_default_vpc",
            "module.aft.module.aft_lambda_layer.aws_codebuild_project.codebuild",
            "module.aft.module.aft_lambda_layer.aws_iam_role.codebuild",
            "module.aft.module.aft_lambda_layer.aws_iam_role.codebuild_invoker_lambda_role",
            "module.aft.module.aft_lambda_layer.aws_lambda_function.codebuild_invoker",
            "module.aft.module.aft_lambda_layer.aws_lambda_layer_version.layer_version",
            "module.aft.module.aft_lambda_layer.data.aws_lambda_invocation.invoke_codebuild_job",
            "module.aft.module.aft_lambda_layer.data.aws_partition.current",
            "module.aft.module.aft_lambda_layer.data.local_file.aft_lambda_layer",
            "module.aft.module.aft_lambda_layer.random_string.resource_suffix",
            "module.aft.module.packaging.data.archive_file.builder",
            "module.aft.module.packaging.data.archive_file.feature_options"
          ]
        }
      ]
    },
    {
      "module": "module.aft.module.aft_feature_options",
      "mode": "managed",
      "type": "aws_cloudwatch_log_group",
      "name": "aft_enable_cloudtrail",
      "provider": "module.aft.provider[\"registry.terraform.io/hashicorp/aws\"].aft_management",
      "instances": [
        {
          "schema_version": 0,
          "attributes": {
            "arn": "arn:aws:logs:eu-west-1:804448413129:log-group:/aws/lambda/aft-enable-cloudtrail",
            "id": "/aws/lambda/aft-enable-cloudtrail",
            "kms_key_id": "",
            "name": "/aws/lambda/aft-enable-cloudtrail",
            "name_prefix": "",
            "retention_in_days": 0,
            "skip_destroy": false,
            "tags": null,
            "tags_all": {
              "managed_by": "AFT"
            }
          },
          "sensitive_attributes": [],
          "private": "bnVsbA==",
          "dependencies": [
            "module.aft.data.aws_partition.current",
            "module.aft.data.local_file.version",
            "module.aft.module.aft_account_request_framework.aws_kms_key.aft",
            "module.aft.module.aft_account_request_framework.aws_security_group.aft_vpc_default_sg",
            "module.aft.module.aft_account_request_framework.aws_subnet.aft_vpc_private_subnet_01",
            "module.aft.module.aft_account_request_framework.aws_subnet.aft_vpc_private_subnet_02",
            "module.aft.module.aft_account_request_framework.aws_vpc.aft_vpc",
            "module.aft.module.aft_account_request_framework.data.aws_availability_zones.available",
            "module.aft.module.aft_customizations.aws_s3_bucket.aft_codepipeline_customizations_bucket",
            "module.aft.module.aft_customizations.data.aws_caller_identity.current",
            "module.aft.module.aft_feature_options.aws_iam_role.aft_enable_cloudtrail",
            "module.aft.module.aft_feature_options.aws_lambda_function.aft_enable_cloudtrail",
            "module.aft.module.aft_lambda_layer.aws_codebuild_project.codebuild",
            "module.aft.module.aft_lambda_layer.aws_iam_role.codebuild",
            "module.aft.module.aft_lambda_layer.aws_iam_role.codebuild_invoker_lambda_role",
            "module.aft.module.aft_lambda_layer.aws_lambda_function.codebuild_invoker",
            "module.aft.module.aft_lambda_layer.aws_lambda_layer_version.layer_version",
            "module.aft.module.aft_lambda_layer.data.aws_lambda_invocation.invoke_codebuild_job",
            "module.aft.module.aft_lambda_layer.data.aws_partition.current",
            "module.aft.module.aft_lambda_layer.data.local_file.aft_lambda_layer",
            "module.aft.module.aft_lambda_layer.random_string.resource_suffix",
            "module.aft.module.packaging.data.archive_file.builder",
            "module.aft.module.packaging.data.archive_file.feature_options"
          ]
        }
      ]
    },
    {
      "module": "module.aft.module.aft_feature_options",
      "mode": "managed",
      "type": "aws_cloudwatch_log_group",
      "name": "aft_enroll_support",
      "provider": "module.aft.provider[\"registry.terraform.io/hashicorp/aws\"].aft_management",
      "instances": [
        {
          "schema_version": 0,
          "attributes": {
            "arn": "arn:aws:logs:eu-west-1:804448413129:log-group:/aws/lambda/aft-enroll-support",
            "id": "/aws/lambda/aft-enroll-support",
            "kms_key_id": "",
            "name": "/aws/lambda/aft-enroll-support",
            "name_prefix": "",
            "retention_in_days": 0,
            "skip_destroy": false,
            "tags": null,
            "tags_all": {
              "managed_by": "AFT"
            }
          },
          "sensitive_attributes": [],
          "private": "bnVsbA==",
          "dependencies": [
            "module.aft.data.aws_partition.current",
            "module.aft.data.local_file.version",
            "module.aft.module.aft_account_request_framework.aws_kms_key.aft",
            "module.aft.module.aft_account_request_framework.aws_security_group.aft_vpc_default_sg",
            "module.aft.module.aft_account_request_framework.aws_subnet.aft_vpc_private_subnet_01",
            "module.aft.module.aft_account_request_framework.aws_subnet.aft_vpc_private_subnet_02",
            "module.aft.module.aft_account_request_framework.aws_vpc.aft_vpc",
            "module.aft.module.aft_account_request_framework.data.aws_availability_zones.available",
            "module.aft.module.aft_customizations.aws_s3_bucket.aft_codepipeline_customizations_bucket",
            "module.aft.module.aft_customizations.data.aws_caller_identity.current",
            "module.aft.module.aft_feature_options.aws_iam_role.aft_enroll_support",
            "module.aft.module.aft_feature_options.aws_lambda_function.aft_enroll_support",
            "module.aft.module.aft_lambda_layer.aws_codebuild_project.codebuild",
            "module.aft.module.aft_lambda_layer.aws_iam_role.codebuild",
            "module.aft.module.aft_lambda_layer.aws_iam_role.codebuild_invoker_lambda_role",
            "module.aft.module.aft_lambda_layer.aws_lambda_function.codebuild_invoker",
            "module.aft.module.aft_lambda_layer.aws_lambda_layer_version.layer_version",
            "module.aft.module.aft_lambda_layer.data.aws_lambda_invocation.invoke_codebuild_job",
            "module.aft.module.aft_lambda_layer.data.aws_partition.current",
            "module.aft.module.aft_lambda_layer.data.local_file.aft_lambda_layer",
            "module.aft.module.aft_lambda_layer.random_string.resource_suffix",
            "module.aft.module.packaging.data.archive_file.builder",
            "module.aft.module.packaging.data.archive_file.feature_options"
          ]
        }
      ]
    },
    {
      "module": "module.aft.module.aft_feature_options",
      "mode": "managed",
      "type": "aws_iam_role",
      "name": "aft_delete_default_vpc_lambda",
      "provider": "module.aft.provider[\"registry.terraform.io/hashicorp/aws\"].aft_management",
      "instances": [
        {
          "schema_version": 0,
          "attributes": {
            "arn": "arn:aws:iam::804448413129:role/aft-delete-default-vpc-execution-role",
            "assume_role_policy": "{\"Statement\":[{\"Action\":\"sts:AssumeRole\",\"Effect\":\"Allow\",\"Principal\":{\"Service\":\"lambda.amazonaws.com\"}}],\"Version\":\"2012-10-17\"}",
            "create_date": "2023-02-27T18:47:30Z",
            "description": "",
            "force_detach_policies": false,
            "id": "aft-delete-default-vpc-execution-role",
            "inline_policy": [],
            "managed_policy_arns": [],
            "max_session_duration": 3600,
            "name": "aft-delete-default-vpc-execution-role",
            "name_prefix": "",
            "path": "/",
            "permissions_boundary": null,
            "tags": null,
            "tags_all": {
              "managed_by": "AFT"
            },
            "unique_id": "AROA3WTG4UXEZ5GQ7RPCJ"
          },
          "sensitive_attributes": [],
          "private": "bnVsbA==",
          "dependencies": [
            "module.aft.data.aws_partition.current"
          ]
        }
      ]
    },
    {
      "module": "module.aft.module.aft_feature_options",
      "mode": "managed",
      "type": "aws_iam_role",
      "name": "aft_enable_cloudtrail",
      "provider": "module.aft.provider[\"registry.terraform.io/hashicorp/aws\"].aft_management",
      "instances": [
        {
          "schema_version": 0,
          "attributes": {
            "arn": "arn:aws:iam::804448413129:role/aft-enable-cloudtrail-execution-role",
            "assume_role_policy": "{\"Statement\":[{\"Action\":\"sts:AssumeRole\",\"Effect\":\"Allow\",\"Principal\":{\"Service\":\"lambda.amazonaws.com\"}}],\"Version\":\"2012-10-17\"}",
            "create_date": "2023-02-27T18:47:28Z",
            "description": "",
            "force_detach_policies": false,
            "id": "aft-enable-cloudtrail-execution-role",
            "inline_policy": [],
            "managed_policy_arns": [],
            "max_session_duration": 3600,
            "name": "aft-enable-cloudtrail-execution-role",
            "name_prefix": "",
            "path": "/",
            "permissions_boundary": null,
            "tags": null,
            "tags_all": {
              "managed_by": "AFT"
            },
            "unique_id": "AROA3WTG4UXEV4S26O3RP"
          },
          "sensitive_attributes": [],
          "private": "bnVsbA==",
          "dependencies": [
            "module.aft.data.aws_partition.current"
          ]
        }
      ]
    },
    {
      "module": "module.aft.module.aft_feature_options",
      "mode": "managed",
      "type": "aws_iam_role",
      "name": "aft_enroll_support",
      "provider": "module.aft.provider[\"registry.terraform.io/hashicorp/aws\"].aft_management",
      "instances": [
        {
          "schema_version": 0,
          "attributes": {
            "arn": "arn:aws:iam::804448413129:role/aft-enroll-support-execution-role",
            "assume_role_policy": "{\"Statement\":[{\"Action\":\"sts:AssumeRole\",\"Effect\":\"Allow\",\"Principal\":{\"Service\":\"lambda.amazonaws.com\"}}],\"Version\":\"2012-10-17\"}",
            "create_date": "2023-02-27T18:47:28Z",
            "description": "",
            "force_detach_policies": false,
            "id": "aft-enroll-support-execution-role",
            "inline_policy": [],
            "managed_policy_arns": [],
            "max_session_duration": 3600,
            "name": "aft-enroll-support-execution-role",
            "name_prefix": "",
            "path": "/",
            "permissions_boundary": null,
            "tags": null,
            "tags_all": {
              "managed_by": "AFT"
            },
            "unique_id": "AROA3WTG4UXEYCXS7JRWK"
          },
          "sensitive_attributes": [],
          "private": "bnVsbA==",
          "dependencies": [
            "module.aft.data.aws_partition.current"
          ]
        }
      ]
    },
    {
      "module": "module.aft.module.aft_feature_options",
      "mode": "managed",
      "type": "aws_iam_role",
      "name": "aft_features_sfn",
      "provider": "module.aft.provider[\"registry.terraform.io/hashicorp/aws\"].aft_management",
      "instances": [
        {
          "schema_version": 0,
          "attributes": {
            "arn": "arn:aws:iam::804448413129:role/aft-features-execution-role",
            "assume_role_policy": "{\"Statement\":[{\"Action\":\"sts:AssumeRole\",\"Effect\":\"Allow\",\"Principal\":{\"Service\":\"states.amazonaws.com\"}}],\"Version\":\"2012-10-17\"}",
            "create_date": "2023-02-27T18:47:26Z",
            "description": "",
            "force_detach_policies": false,
            "id": "aft-features-execution-role",
            "inline_policy": [],
            "managed_policy_arns": [],
            "max_session_duration": 3600,
            "name": "aft-features-execution-role",
            "name_prefix": "",
            "path": "/",
            "permissions_boundary": null,
            "tags": null,
            "tags_all": {
              "managed_by": "AFT"
            },
            "unique_id": "AROA3WTG4UXERLUS6SFKJ"
          },
          "sensitive_attributes": [],
          "private": "bnVsbA==",
          "dependencies": [
            "module.aft.data.aws_partition.current"
          ]
        }
      ]
    },
    {
      "module": "module.aft.module.aft_feature_options",
      "mode": "managed",
      "type": "aws_iam_role_policy",
      "name": "aft_delete_default_vpc_lambda",
      "provider": "module.aft.provider[\"registry.terraform.io/hashicorp/aws\"].aft_management",
      "instances": [
        {
          "schema_version": 0,
          "attributes": {
            "id": "aft-delete-default-vpc-execution-role:aft-delete-default-vpc-policy",
            "name": "aft-delete-default-vpc-policy",
            "name_prefix": null,
            "policy": "{\"Version\":\"2012-10-17\",\"Statement\":[{\"Action\":[\"ec2:DeleteSubnet\",\"ec2:DescribeRegions\",\"ec2:DetachInternetGateway\",\"ec2:DescribeSecurityGroups\",\"ec2:DeleteRouteTable\",\"ec2:DescribeInternetGateways\",\"ec2:DescribeVpcs\",\"ec2:DeleteSecurityGroup\",\"ec2:DeleteInternetGateway\",\"ec2:DeleteVpc\",\"ec2:DescribeSubnets\",\"ec2:DescribeNetworkAcls\",\"ec2:DescribeRouteTables\",\"ec2:DeleteNetworkAcl\"],\"Effect\":\"Allow\",\"Resource\":\"*\"},{\"Action\":\"ssm:GetParameter\",\"Effect\":\"Allow\",\"Resource\":[\"arn:aws:ssm:eu-west-1:804448413129:parameter/aft/*\"]},{\"Action\":[\"kms:GenerateDataKey\",\"kms:Encrypt\",\"kms:Decrypt\"],\"Effect\":\"Allow\",\"Resource\":[\"arn:aws:kms:eu-west-1:804448413129:key/207fe238-7aba-4608-9ba2-1da2f28b1578\"]},{\"Action\":[\"sts:AssumeRole\"],\"Effect\":\"Allow\",\"Resource\":[\"arn:aws:iam::804448413129:role/AWSAFTAdmin\"]},{\"Action\":\"sts:GetCallerIdentity\",\"Effect\":\"Allow\",\"Resource\":\"*\"},{\"Action\":[\"sns:Publish\"],\"Effect\":\"Allow\",\"Resource\":[\"arn:aws:sns:eu-west-1:804448413129:aft-notifications\",\"arn:aws:sns:eu-west-1:804448413129:aft-failure-notifications\"]}]}",
            "role": "aft-delete-default-vpc-execution-role"
          },
          "sensitive_attributes": [],
          "private": "bnVsbA==",
          "dependencies": [
            "module.aft.data.aws_partition.current",
            "module.aft.module.aft_account_request_framework.aws_kms_key.aft",
            "module.aft.module.aft_account_request_framework.aws_sns_topic.aft_failure_notifications",
            "module.aft.module.aft_account_request_framework.aws_sns_topic.aft_notifications",
            "module.aft.module.aft_feature_options.aws_iam_role.aft_delete_default_vpc_lambda",
            "module.aft.module.aft_feature_options.data.aws_caller_identity.current",
            "module.aft.module.aft_feature_options.data.aws_partition.current",
            "module.aft.module.aft_feature_options.data.aws_region.current"
          ]
        }
      ]
    },
    {
      "module": "module.aft.module.aft_feature_options",
      "mode": "managed",
      "type": "aws_iam_role_policy",
      "name": "aft_enable_cloudtrail",
      "provider": "module.aft.provider[\"registry.terraform.io/hashicorp/aws\"].aft_management",
      "instances": [
        {
          "schema_version": 0,
          "attributes": {
            "id": "aft-enable-cloudtrail-execution-role:aft-enable-cloudtrail-policy",
            "name": "aft-enable-cloudtrail-policy",
            "name_prefix": null,
            "policy": "{\"Version\":\"2012-10-17\",\"Statement\":[{\"Action\":\"ssm:GetParameter\",\"Effect\":\"Allow\",\"Resource\":[\"arn:aws:ssm:eu-west-1:804448413129:parameter/aft/*\"]},{\"Action\":[\"kms:GenerateDataKey\",\"kms:Encrypt\",\"kms:Decrypt\"],\"Effect\":\"Allow\",\"Resource\":[\"arn:aws:kms:eu-west-1:804448413129:key/207fe238-7aba-4608-9ba2-1da2f28b1578\"]},{\"Action\":[\"sts:AssumeRole\"],\"Effect\":\"Allow\",\"Resource\":[\"arn:aws:iam::804448413129:role/AWSAFTAdmin\"]},{\"Action\":\"sts:GetCallerIdentity\",\"Effect\":\"Allow\",\"Resource\":\"*\"},{\"Action\":[\"sns:Publish\"],\"Effect\":\"Allow\",\"Resource\":[\"arn:aws:sns:eu-west-1:804448413129:aft-notifications\",\"arn:aws:sns:eu-west-1:804448413129:aft-failure-notifications\"]}]}",
            "role": "aft-enable-cloudtrail-execution-role"
          },
          "sensitive_attributes": [],
          "private": "bnVsbA==",
          "dependencies": [
            "module.aft.data.aws_partition.current",
            "module.aft.module.aft_account_request_framework.aws_kms_key.aft",
            "module.aft.module.aft_account_request_framework.aws_sns_topic.aft_failure_notifications",
            "module.aft.module.aft_account_request_framework.aws_sns_topic.aft_notifications",
            "module.aft.module.aft_feature_options.aws_iam_role.aft_enable_cloudtrail",
            "module.aft.module.aft_feature_options.data.aws_caller_identity.current",
            "module.aft.module.aft_feature_options.data.aws_partition.current",
            "module.aft.module.aft_feature_options.data.aws_region.current"
          ]
        }
      ]
    },
    {
      "module": "module.aft.module.aft_feature_options",
      "mode": "managed",
      "type": "aws_iam_role_policy",
      "name": "aft_enroll_support",
      "provider": "module.aft.provider[\"registry.terraform.io/hashicorp/aws\"].aft_management",
      "instances": [
        {
          "schema_version": 0,
          "attributes": {
            "id": "aft-enroll-support-execution-role:aft-enroll-support-policy",
            "name": "aft-enroll-support-policy",
            "name_prefix": null,
            "policy": "{\"Version\":\"2012-10-17\",\"Statement\":[{\"Action\":\"ssm:GetParameter\",\"Effect\":\"Allow\",\"Resource\":[\"arn:aws:ssm:eu-west-1:804448413129:parameter/aft/*\"]},{\"Action\":[\"kms:GenerateDataKey\",\"kms:Encrypt\",\"kms:Decrypt\"],\"Effect\":\"Allow\",\"Resource\":[\"arn:aws:kms:eu-west-1:804448413129:key/207fe238-7aba-4608-9ba2-1da2f28b1578\"]},{\"Action\":[\"sts:AssumeRole\"],\"Effect\":\"Allow\",\"Resource\":[\"arn:aws:iam::804448413129:role/AWSAFTAdmin\"]},{\"Action\":\"sts:GetCallerIdentity\",\"Effect\":\"Allow\",\"Resource\":\"*\"},{\"Action\":[\"sns:Publish\"],\"Effect\":\"Allow\",\"Resource\":[\"arn:aws:sns:eu-west-1:804448413129:aft-notifications\",\"arn:aws:sns:eu-west-1:804448413129:aft-failure-notifications\"]}]}",
            "role": "aft-enroll-support-execution-role"
          },
          "sensitive_attributes": [],
          "private": "bnVsbA==",
          "dependencies": [
            "module.aft.data.aws_partition.current",
            "module.aft.module.aft_account_request_framework.aws_kms_key.aft",
            "module.aft.module.aft_account_request_framework.aws_sns_topic.aft_failure_notifications",
            "module.aft.module.aft_account_request_framework.aws_sns_topic.aft_notifications",
            "module.aft.module.aft_feature_options.aws_iam_role.aft_enroll_support",
            "module.aft.module.aft_feature_options.data.aws_caller_identity.current",
            "module.aft.module.aft_feature_options.data.aws_partition.current",
            "module.aft.module.aft_feature_options.data.aws_region.current"
          ]
        }
      ]
    },
    {
      "module": "module.aft.module.aft_feature_options",
      "mode": "managed",
      "type": "aws_iam_role_policy",
      "name": "aft_features_sfn",
      "provider": "module.aft.provider[\"registry.terraform.io/hashicorp/aws\"].aft_management",
      "instances": [
        {
          "schema_version": 0,
          "attributes": {
            "id": "aft-features-execution-role:aft-features-policy",
            "name": "aft-features-policy",
            "name_prefix": null,
            "policy": "{\"Version\":\"2012-10-17\",\"Statement\":[{\"Action\":\"sns:Publish*\",\"Effect\":\"Allow\",\"Resource\":\"arn:aws:sns:eu-west-1:804448413129:aft-*\"},{\"Action\":[\"lambda:InvokeFunction\"],\"Effect\":\"Allow\",\"Resource\":[\"arn:aws:lambda:eu-west-1:804448413129:function:aft-*\"]}]}",
            "role": "aft-features-execution-role"
          },
          "sensitive_attributes": [],
          "private": "bnVsbA==",
          "dependencies": [
            "module.aft.data.aws_partition.current",
            "module.aft.module.aft_feature_options.aws_iam_role.aft_features_sfn",
            "module.aft.module.aft_feature_options.data.aws_caller_identity.current",
            "module.aft.module.aft_feature_options.data.aws_partition.current",
            "module.aft.module.aft_feature_options.data.aws_region.current"
          ]
        }
      ]
    },
    {
      "module": "module.aft.module.aft_feature_options",
      "mode": "managed",
      "type": "aws_iam_role_policy_attachment",
      "name": "aft_delete_default_vpc_lambda",
      "provider": "module.aft.provider[\"registry.terraform.io/hashicorp/aws\"].aft_management",
      "instances": [
        {
          "index_key": 0,
          "schema_version": 0,
          "attributes": {
            "id": "aft-delete-default-vpc-execution-role-20230227184748001100000006",
            "policy_arn": "arn:aws:iam::aws:policy/service-role/AWSLambdaBasicExecutionRole",
            "role": "aft-delete-default-vpc-execution-role"
          },
          "sensitive_attributes": [],
          "private": "bnVsbA==",
          "dependencies": [
            "module.aft.data.aws_partition.current",
            "module.aft.module.aft_feature_options.aws_iam_role.aft_delete_default_vpc_lambda",
            "module.aft.module.aft_feature_options.data.aws_iam_policy.AWSLambdaBasicExecutionRole",
            "module.aft.module.aft_feature_options.data.aws_iam_policy.AWSLambdaVPCAccessExecutionRole"
          ]
        },
        {
          "index_key": 1,
          "schema_version": 0,
          "attributes": {
            "id": "aft-delete-default-vpc-execution-role-20230227184747836900000005",
            "policy_arn": "arn:aws:iam::aws:policy/service-role/AWSLambdaVPCAccessExecutionRole",
            "role": "aft-delete-default-vpc-execution-role"
          },
          "sensitive_attributes": [],
          "private": "bnVsbA==",
          "dependencies": [
            "module.aft.data.aws_partition.current",
            "module.aft.module.aft_feature_options.aws_iam_role.aft_delete_default_vpc_lambda",
            "module.aft.module.aft_feature_options.data.aws_iam_policy.AWSLambdaBasicExecutionRole",
            "module.aft.module.aft_feature_options.data.aws_iam_policy.AWSLambdaVPCAccessExecutionRole"
          ]
        }
      ]
    },
    {
      "module": "module.aft.module.aft_feature_options",
      "mode": "managed",
      "type": "aws_iam_role_policy_attachment",
      "name": "aft_enable_cloudtrail",
      "provider": "module.aft.provider[\"registry.terraform.io/hashicorp/aws\"].aft_management",
      "instances": [
        {
          "index_key": 0,
          "schema_version": 0,
          "attributes": {
            "id": "aft-enable-cloudtrail-execution-role-20230227184746996500000003",
            "policy_arn": "arn:aws:iam::aws:policy/service-role/AWSLambdaBasicExecutionRole",
            "role": "aft-enable-cloudtrail-execution-role"
          },
          "sensitive_attributes": [],
          "private": "bnVsbA==",
          "dependencies": [
            "module.aft.data.aws_partition.current",
            "module.aft.module.aft_feature_options.aws_iam_role.aft_enable_cloudtrail",
            "module.aft.module.aft_feature_options.data.aws_iam_policy.AWSLambdaBasicExecutionRole",
            "module.aft.module.aft_feature_options.data.aws_iam_policy.AWSLambdaVPCAccessExecutionRole"
          ]
        },
        {
          "index_key": 1,
          "schema_version": 0,
          "attributes": {
            "id": "aft-enable-cloudtrail-execution-role-20230227184747228900000004",
            "policy_arn": "arn:aws:iam::aws:policy/service-role/AWSLambdaVPCAccessExecutionRole",
            "role": "aft-enable-cloudtrail-execution-role"
          },
          "sensitive_attributes": [],
          "private": "bnVsbA==",
          "dependencies": [
            "module.aft.data.aws_partition.current",
            "module.aft.module.aft_feature_options.aws_iam_role.aft_enable_cloudtrail",
            "module.aft.module.aft_feature_options.data.aws_iam_policy.AWSLambdaBasicExecutionRole",
            "module.aft.module.aft_feature_options.data.aws_iam_policy.AWSLambdaVPCAccessExecutionRole"
          ]
        }
      ]
    },
    {
      "module": "module.aft.module.aft_feature_options",
      "mode": "managed",
      "type": "aws_iam_role_policy_attachment",
      "name": "aft_enroll_support",
      "provider": "module.aft.provider[\"registry.terraform.io/hashicorp/aws\"].aft_management",
      "instances": [
        {
          "index_key": 0,
          "schema_version": 0,
          "attributes": {
            "id": "aft-enroll-support-execution-role-20230227184748779300000008",
            "policy_arn": "arn:aws:iam::aws:policy/service-role/AWSLambdaBasicExecutionRole",
            "role": "aft-enroll-support-execution-role"
          },
          "sensitive_attributes": [],
          "private": "bnVsbA==",
          "dependencies": [
            "module.aft.data.aws_partition.current",
            "module.aft.module.aft_feature_options.aws_iam_role.aft_enroll_support",
            "module.aft.module.aft_feature_options.data.aws_iam_policy.AWSLambdaBasicExecutionRole",
            "module.aft.module.aft_feature_options.data.aws_iam_policy.AWSLambdaVPCAccessExecutionRole"
          ]
        },
        {
          "index_key": 1,
          "schema_version": 0,
          "attributes": {
            "id": "aft-enroll-support-execution-role-20230227184748645200000007",
            "policy_arn": "arn:aws:iam::aws:policy/service-role/AWSLambdaVPCAccessExecutionRole",
            "role": "aft-enroll-support-execution-role"
          },
          "sensitive_attributes": [],
          "private": "bnVsbA==",
          "dependencies": [
            "module.aft.data.aws_partition.current",
            "module.aft.module.aft_feature_options.aws_iam_role.aft_enroll_support",
            "module.aft.module.aft_feature_options.data.aws_iam_policy.AWSLambdaBasicExecutionRole",
            "module.aft.module.aft_feature_options.data.aws_iam_policy.AWSLambdaVPCAccessExecutionRole"
          ]
        }
      ]
    },
    {
      "module": "module.aft.module.aft_feature_options",
      "mode": "managed",
      "type": "aws_kms_alias",
      "name": "aft_log_key_alias",
      "provider": "module.aft.provider[\"registry.terraform.io/hashicorp/aws\"].log_archive",
      "instances": [
        {
          "schema_version": 0,
          "attributes": {
            "arn": "arn:aws:kms:eu-west-1:449948395722:alias/aft",
            "id": "alias/aft",
            "name": "alias/aft",
            "name_prefix": "",
            "target_key_arn": "arn:aws:kms:eu-west-1:449948395722:key/663a876e-3a60-4422-bd81-bccd7df54ce1",
            "target_key_id": "663a876e-3a60-4422-bd81-bccd7df54ce1"
          },
          "sensitive_attributes": [],
          "private": "bnVsbA==",
          "dependencies": [
            "module.aft.data.aws_partition.current",
            "module.aft.module.aft_feature_options.aws_kms_key.aft_log_key",
            "module.aft.module.aft_feature_options.data.aws_partition.current"
          ]
        }
      ]
    },
    {
      "module": "module.aft.module.aft_feature_options",
      "mode": "managed",
      "type": "aws_kms_key",
      "name": "aft_log_key",
      "provider": "module.aft.provider[\"registry.terraform.io/hashicorp/aws\"].log_archive",
      "instances": [
        {
          "schema_version": 0,
          "attributes": {
            "arn": "arn:aws:kms:eu-west-1:449948395722:key/663a876e-3a60-4422-bd81-bccd7df54ce1",
            "bypass_policy_lockout_safety_check": false,
            "custom_key_store_id": "",
            "customer_master_key_spec": "SYMMETRIC_DEFAULT",
            "deletion_window_in_days": null,
            "description": "KMS key for encrypt/decrypt log files",
            "enable_key_rotation": true,
            "id": "663a876e-3a60-4422-bd81-bccd7df54ce1",
            "is_enabled": true,
            "key_id": "663a876e-3a60-4422-bd81-bccd7df54ce1",
            "key_usage": "ENCRYPT_DECRYPT",
            "multi_region": false,
            "policy": "{\"Statement\":[{\"Action\":[\"kms:ReEncrypt*\",\"kms:GenerateDataKey*\",\"kms:Encrypt\",\"kms:DescribeKey\",\"kms:Decrypt\"],\"Effect\":\"Allow\",\"Principal\":{\"Service\":[\"vpc-flow-logs.amazonaws.com\",\"delivery.logs.amazonaws.com\",\"cloudtrail.amazonaws.com\"]},\"Resource\":\"*\",\"Sid\":\"Allow AWS Services to Encrypt data\"},{\"Action\":\"kms:*\",\"Effect\":\"Allow\",\"Principal\":{\"AWS\":\"arn:aws:iam::449948395722:root\"},\"Resource\":\"*\",\"Sid\":\"Enable IAM User Permissions\"}],\"Version\":\"2012-10-17\"}",
            "tags": null,
            "tags_all": {
              "managed_by": "AFT"
            }
          },
          "sensitive_attributes": [],
          "private": "bnVsbA==",
          "dependencies": [
            "module.aft.data.aws_partition.current",
            "module.aft.module.aft_feature_options.data.aws_partition.current"
          ]
        }
      ]
    },
    {
      "module": "module.aft.module.aft_feature_options",
      "mode": "managed",
      "type": "aws_lambda_function",
      "name": "aft_delete_default_vpc",
      "provider": "module.aft.provider[\"registry.terraform.io/hashicorp/aws\"].aft_management",
      "instances": [
        {
          "schema_version": 0,
          "attributes": {
            "architectures": [
              "x86_64"
            ],
            "arn": "arn:aws:lambda:eu-west-1:804448413129:function:aft-delete-default-vpc",
            "code_signing_config_arn": "",
            "dead_letter_config": [],
            "description": "Deletes default VPCs in all regions. Called from aft-features SFN.",
            "environment": [],
            "ephemeral_storage": [
              {
                "size": 512
              }
            ],
            "file_system_config": [],
            "filename": ".terraform/modules/aft/modules/aft-archives/../../src/aft_lambda/aft_feature_options.zip",
            "function_name": "aft-delete-default-vpc",
            "handler": "aft_delete_default_vpc.lambda_handler",
            "id": "aft-delete-default-vpc",
            "image_config": [],
            "image_uri": "",
            "invoke_arn": "arn:aws:apigateway:eu-west-1:lambda:path/2015-03-31/functions/arn:aws:lambda:eu-west-1:804448413129:function:aft-delete-default-vpc/invocations",
            "kms_key_arn": "",
            "last_modified": "2023-02-27T18:55:27.705+0000",
            "layers": [
              "arn:aws:lambda:eu-west-1:804448413129:layer:aft-common-1-8-0:1"
            ],
            "memory_size": 1024,
            "package_type": "Zip",
            "publish": false,
            "qualified_arn": "arn:aws:lambda:eu-west-1:804448413129:function:aft-delete-default-vpc:$LATEST",
            "qualified_invoke_arn": "arn:aws:apigateway:eu-west-1:lambda:path/2015-03-31/functions/arn:aws:lambda:eu-west-1:804448413129:function:aft-delete-default-vpc:$LATEST/invocations",
            "reserved_concurrent_executions": -1,
            "role": "arn:aws:iam::804448413129:role/aft-delete-default-vpc-execution-role",
            "runtime": "python3.8",
            "s3_bucket": null,
            "s3_key": null,
            "s3_object_version": null,
            "signing_job_arn": "",
            "signing_profile_version_arn": "",
            "snap_start": [],
            "source_code_hash": "ux8D+DgtVj/oPnpTXElpMMgsxSnaOruKmkvTmKJpBZg=",
            "source_code_size": 3533,
            "tags": null,
            "tags_all": {
              "managed_by": "AFT"
            },
            "timeout": 300,
            "timeouts": null,
            "tracing_config": [
              {
                "mode": "PassThrough"
              }
            ],
            "version": "$LATEST",
            "vpc_config": [
              {
                "security_group_ids": [
                  "sg-0d5a3a51c1cf3042b"
                ],
                "subnet_ids": [
                  "subnet-090ee28a6b2779f35",
                  "subnet-0fbf0295c6df87487"
                ],
                "vpc_id": "vpc-0738a48762cabc9e5"
              }
            ]
          },
          "sensitive_attributes": [],
          "private": "eyJlMmJmYjczMC1lY2FhLTExZTYtOGY4OC0zNDM2M2JjN2M0YzAiOnsiY3JlYXRlIjo2MDAwMDAwMDAwMDAsInVwZGF0ZSI6NjAwMDAwMDAwMDAwfX0=",
          "dependencies": [
            "module.aft.data.aws_partition.current",
            "module.aft.data.local_file.version",
            "module.aft.module.aft_account_request_framework.aws_kms_key.aft",
            "module.aft.module.aft_account_request_framework.aws_security_group.aft_vpc_default_sg",
            "module.aft.module.aft_account_request_framework.aws_subnet.aft_vpc_private_subnet_01",
            "module.aft.module.aft_account_request_framework.aws_subnet.aft_vpc_private_subnet_02",
            "module.aft.module.aft_account_request_framework.aws_vpc.aft_vpc",
            "module.aft.module.aft_account_request_framework.data.aws_availability_zones.available",
            "module.aft.module.aft_customizations.aws_s3_bucket.aft_codepipeline_customizations_bucket",
            "module.aft.module.aft_customizations.data.aws_caller_identity.current",
            "module.aft.module.aft_feature_options.aws_iam_role.aft_delete_default_vpc_lambda",
            "module.aft.module.aft_lambda_layer.aws_codebuild_project.codebuild",
            "module.aft.module.aft_lambda_layer.aws_iam_role.codebuild",
            "module.aft.module.aft_lambda_layer.aws_iam_role.codebuild_invoker_lambda_role",
            "module.aft.module.aft_lambda_layer.aws_lambda_function.codebuild_invoker",
            "module.aft.module.aft_lambda_layer.aws_lambda_layer_version.layer_version",
            "module.aft.module.aft_lambda_layer.data.aws_lambda_invocation.invoke_codebuild_job",
            "module.aft.module.aft_lambda_layer.data.aws_partition.current",
            "module.aft.module.aft_lambda_layer.data.local_file.aft_lambda_layer",
            "module.aft.module.aft_lambda_layer.random_string.resource_suffix",
            "module.aft.module.packaging.data.archive_file.builder",
            "module.aft.module.packaging.data.archive_file.feature_options"
          ]
        }
      ]
    },
    {
      "module": "module.aft.module.aft_feature_options",
      "mode": "managed",
      "type": "aws_lambda_function",
      "name": "aft_enable_cloudtrail",
      "provider": "module.aft.provider[\"registry.terraform.io/hashicorp/aws\"].aft_management",
      "instances": [
        {
          "schema_version": 0,
          "attributes": {
            "architectures": [
              "x86_64"
            ],
            "arn": "arn:aws:lambda:eu-west-1:804448413129:function:aft-enable-cloudtrail",
            "code_signing_config_arn": "",
            "dead_letter_config": [],
            "description": "Creates an Org Trail to capture data events. Called from aft-features SFN.",
            "environment": [],
            "ephemeral_storage": [
              {
                "size": 512
              }
            ],
            "file_system_config": [],
            "filename": ".terraform/modules/aft/modules/aft-archives/../../src/aft_lambda/aft_feature_options.zip",
            "function_name": "aft-enable-cloudtrail",
            "handler": "aft_enable_cloudtrail.lambda_handler",
            "id": "aft-enable-cloudtrail",
            "image_config": [],
            "image_uri": "",
            "invoke_arn": "arn:aws:apigateway:eu-west-1:lambda:path/2015-03-31/functions/arn:aws:lambda:eu-west-1:804448413129:function:aft-enable-cloudtrail/invocations",
            "kms_key_arn": "",
            "last_modified": "2023-02-27T18:55:07.596+0000",
            "layers": [
              "arn:aws:lambda:eu-west-1:804448413129:layer:aft-common-1-8-0:1"
            ],
            "memory_size": 1024,
            "package_type": "Zip",
            "publish": false,
            "qualified_arn": "arn:aws:lambda:eu-west-1:804448413129:function:aft-enable-cloudtrail:$LATEST",
            "qualified_invoke_arn": "arn:aws:apigateway:eu-west-1:lambda:path/2015-03-31/functions/arn:aws:lambda:eu-west-1:804448413129:function:aft-enable-cloudtrail:$LATEST/invocations",
            "reserved_concurrent_executions": -1,
            "role": "arn:aws:iam::804448413129:role/aft-enable-cloudtrail-execution-role",
            "runtime": "python3.8",
            "s3_bucket": null,
            "s3_key": null,
            "s3_object_version": null,
            "signing_job_arn": "",
            "signing_profile_version_arn": "",
            "snap_start": [],
            "source_code_hash": "ux8D+DgtVj/oPnpTXElpMMgsxSnaOruKmkvTmKJpBZg=",
            "source_code_size": 3533,
            "tags": null,
            "tags_all": {
              "managed_by": "AFT"
            },
            "timeout": 300,
            "timeouts": null,
            "tracing_config": [
              {
                "mode": "PassThrough"
              }
            ],
            "version": "$LATEST",
            "vpc_config": [
              {
                "security_group_ids": [
                  "sg-0d5a3a51c1cf3042b"
                ],
                "subnet_ids": [
                  "subnet-090ee28a6b2779f35",
                  "subnet-0fbf0295c6df87487"
                ],
                "vpc_id": "vpc-0738a48762cabc9e5"
              }
            ]
          },
          "sensitive_attributes": [],
          "private": "eyJlMmJmYjczMC1lY2FhLTExZTYtOGY4OC0zNDM2M2JjN2M0YzAiOnsiY3JlYXRlIjo2MDAwMDAwMDAwMDAsInVwZGF0ZSI6NjAwMDAwMDAwMDAwfX0=",
          "dependencies": [
            "module.aft.data.aws_partition.current",
            "module.aft.data.local_file.version",
            "module.aft.module.aft_account_request_framework.aws_kms_key.aft",
            "module.aft.module.aft_account_request_framework.aws_security_group.aft_vpc_default_sg",
            "module.aft.module.aft_account_request_framework.aws_subnet.aft_vpc_private_subnet_01",
            "module.aft.module.aft_account_request_framework.aws_subnet.aft_vpc_private_subnet_02",
            "module.aft.module.aft_account_request_framework.aws_vpc.aft_vpc",
            "module.aft.module.aft_account_request_framework.data.aws_availability_zones.available",
            "module.aft.module.aft_customizations.aws_s3_bucket.aft_codepipeline_customizations_bucket",
            "module.aft.module.aft_customizations.data.aws_caller_identity.current",
            "module.aft.module.aft_feature_options.aws_iam_role.aft_enable_cloudtrail",
            "module.aft.module.aft_lambda_layer.aws_codebuild_project.codebuild",
            "module.aft.module.aft_lambda_layer.aws_iam_role.codebuild",
            "module.aft.module.aft_lambda_layer.aws_iam_role.codebuild_invoker_lambda_role",
            "module.aft.module.aft_lambda_layer.aws_lambda_function.codebuild_invoker",
            "module.aft.module.aft_lambda_layer.aws_lambda_layer_version.layer_version",
            "module.aft.module.aft_lambda_layer.data.aws_lambda_invocation.invoke_codebuild_job",
            "module.aft.module.aft_lambda_layer.data.aws_partition.current",
            "module.aft.module.aft_lambda_layer.data.local_file.aft_lambda_layer",
            "module.aft.module.aft_lambda_layer.random_string.resource_suffix",
            "module.aft.module.packaging.data.archive_file.builder",
            "module.aft.module.packaging.data.archive_file.feature_options"
          ]
        }
      ]
    },
    {
      "module": "module.aft.module.aft_feature_options",
      "mode": "managed",
      "type": "aws_lambda_function",
      "name": "aft_enroll_support",
      "provider": "module.aft.provider[\"registry.terraform.io/hashicorp/aws\"].aft_management",
      "instances": [
        {
          "schema_version": 0,
          "attributes": {
            "architectures": [
              "x86_64"
            ],
            "arn": "arn:aws:lambda:eu-west-1:804448413129:function:aft-enroll-support",
            "code_signing_config_arn": "",
            "dead_letter_config": [],
            "description": "Creates request to enroll an account in Enterprise support. Called from aft-features SFN.",
            "environment": [],
            "ephemeral_storage": [
              {
                "size": 512
              }
            ],
            "file_system_config": [],
            "filename": ".terraform/modules/aft/modules/aft-archives/../../src/aft_lambda/aft_feature_options.zip",
            "function_name": "aft-enroll-support",
            "handler": "aft_enroll_support.lambda_handler",
            "id": "aft-enroll-support",
            "image_config": [],
            "image_uri": "",
            "invoke_arn": "arn:aws:apigateway:eu-west-1:lambda:path/2015-03-31/functions/arn:aws:lambda:eu-west-1:804448413129:function:aft-enroll-support/invocations",
            "kms_key_arn": "",
            "last_modified": "2023-02-27T18:56:15.217+0000",
            "layers": [
              "arn:aws:lambda:eu-west-1:804448413129:layer:aft-common-1-8-0:1"
            ],
            "memory_size": 1024,
            "package_type": "Zip",
            "publish": false,
            "qualified_arn": "arn:aws:lambda:eu-west-1:804448413129:function:aft-enroll-support:$LATEST",
            "qualified_invoke_arn": "arn:aws:apigateway:eu-west-1:lambda:path/2015-03-31/functions/arn:aws:lambda:eu-west-1:804448413129:function:aft-enroll-support:$LATEST/invocations",
            "reserved_concurrent_executions": -1,
            "role": "arn:aws:iam::804448413129:role/aft-enroll-support-execution-role",
            "runtime": "python3.8",
            "s3_bucket": null,
            "s3_key": null,
            "s3_object_version": null,
            "signing_job_arn": "",
            "signing_profile_version_arn": "",
            "snap_start": [],
            "source_code_hash": "ux8D+DgtVj/oPnpTXElpMMgsxSnaOruKmkvTmKJpBZg=",
            "source_code_size": 3533,
            "tags": null,
            "tags_all": {
              "managed_by": "AFT"
            },
            "timeout": 300,
            "timeouts": null,
            "tracing_config": [
              {
                "mode": "PassThrough"
              }
            ],
            "version": "$LATEST",
            "vpc_config": [
              {
                "security_group_ids": [
                  "sg-0d5a3a51c1cf3042b"
                ],
                "subnet_ids": [
                  "subnet-090ee28a6b2779f35",
                  "subnet-0fbf0295c6df87487"
                ],
                "vpc_id": "vpc-0738a48762cabc9e5"
              }
            ]
          },
          "sensitive_attributes": [],
          "private": "eyJlMmJmYjczMC1lY2FhLTExZTYtOGY4OC0zNDM2M2JjN2M0YzAiOnsiY3JlYXRlIjo2MDAwMDAwMDAwMDAsInVwZGF0ZSI6NjAwMDAwMDAwMDAwfX0=",
          "dependencies": [
            "module.aft.data.aws_partition.current",
            "module.aft.data.local_file.version",
            "module.aft.module.aft_account_request_framework.aws_kms_key.aft",
            "module.aft.module.aft_account_request_framework.aws_security_group.aft_vpc_default_sg",
            "module.aft.module.aft_account_request_framework.aws_subnet.aft_vpc_private_subnet_01",
            "module.aft.module.aft_account_request_framework.aws_subnet.aft_vpc_private_subnet_02",
            "module.aft.module.aft_account_request_framework.aws_vpc.aft_vpc",
            "module.aft.module.aft_account_request_framework.data.aws_availability_zones.available",
            "module.aft.module.aft_customizations.aws_s3_bucket.aft_codepipeline_customizations_bucket",
            "module.aft.module.aft_customizations.data.aws_caller_identity.current",
            "module.aft.module.aft_feature_options.aws_iam_role.aft_enroll_support",
            "module.aft.module.aft_lambda_layer.aws_codebuild_project.codebuild",
            "module.aft.module.aft_lambda_layer.aws_iam_role.codebuild",
            "module.aft.module.aft_lambda_layer.aws_iam_role.codebuild_invoker_lambda_role",
            "module.aft.module.aft_lambda_layer.aws_lambda_function.codebuild_invoker",
            "module.aft.module.aft_lambda_layer.aws_lambda_layer_version.layer_version",
            "module.aft.module.aft_lambda_layer.data.aws_lambda_invocation.invoke_codebuild_job",
            "module.aft.module.aft_lambda_layer.data.aws_partition.current",
            "module.aft.module.aft_lambda_layer.data.local_file.aft_lambda_layer",
            "module.aft.module.aft_lambda_layer.random_string.resource_suffix",
            "module.aft.module.packaging.data.archive_file.builder",
            "module.aft.module.packaging.data.archive_file.feature_options"
          ]
        }
      ]
    },
    {
      "module": "module.aft.module.aft_feature_options",
      "mode": "managed",
      "type": "aws_s3_bucket",
      "name": "aft_access_logs",
      "provider": "module.aft.provider[\"registry.terraform.io/hashicorp/aws\"].log_archive",
      "instances": [
        {
          "schema_version": 0,
          "attributes": {
            "acceleration_status": "",
            "acl": null,
            "arn": "arn:aws:s3:::aws-aft-s3-access-logs-449948395722-eu-west-1",
            "bucket": "aws-aft-s3-access-logs-449948395722-eu-west-1",
            "bucket_domain_name": "aws-aft-s3-access-logs-449948395722-eu-west-1.s3.amazonaws.com",
            "bucket_prefix": null,
            "bucket_regional_domain_name": "aws-aft-s3-access-logs-449948395722-eu-west-1.s3.eu-west-1.amazonaws.com",
            "cors_rule": [],
            "force_destroy": false,
            "grant": [
              {
                "id": "1da99e8064de88e286d7a3944db7e219412a7200d08c43f85a513e27affe0dbd",
                "permissions": [
                  "FULL_CONTROL"
                ],
                "type": "CanonicalUser",
                "uri": ""
              }
            ],
            "hosted_zone_id": "Z1BKCTXD74EZPE",
            "id": "aws-aft-s3-access-logs-449948395722-eu-west-1",
            "lifecycle_rule": [],
            "logging": [],
            "object_lock_configuration": [],
            "object_lock_enabled": false,
            "policy": "",
            "region": "eu-west-1",
            "replication_configuration": [],
            "request_payer": "BucketOwner",
            "server_side_encryption_configuration": [
              {
                "rule": [
                  {
                    "apply_server_side_encryption_by_default": [
                      {
                        "kms_master_key_id": "",
                        "sse_algorithm": "AES256"
                      }
                    ],
                    "bucket_key_enabled": false
                  }
                ]
              }
            ],
            "tags": null,
            "tags_all": {
              "managed_by": "AFT"
            },
            "timeouts": null,
            "versioning": [
              {
                "enabled": false,
                "mfa_delete": false
              }
            ],
            "website": [],
            "website_domain": null,
            "website_endpoint": null
          },
          "sensitive_attributes": [],
          "private": "eyJlMmJmYjczMC1lY2FhLTExZTYtOGY4OC0zNDM2M2JjN2M0YzAiOnsiY3JlYXRlIjoxMjAwMDAwMDAwMDAwLCJkZWxldGUiOjM2MDAwMDAwMDAwMDAsInJlYWQiOjEyMDAwMDAwMDAwMDAsInVwZGF0ZSI6MTIwMDAwMDAwMDAwMH19",
          "dependencies": [
            "module.aft.data.aws_partition.current",
            "module.aft.module.aft_feature_options.data.aws_region.current"
          ]
        }
      ]
    },
    {
      "module": "module.aft.module.aft_feature_options",
      "mode": "managed",
      "type": "aws_s3_bucket",
      "name": "aft_logging_bucket",
      "provider": "module.aft.provider[\"registry.terraform.io/hashicorp/aws\"].log_archive",
      "instances": [
        {
          "schema_version": 0,
          "attributes": {
            "acceleration_status": "",
            "acl": null,
            "arn": "arn:aws:s3:::aws-aft-logs-449948395722-eu-west-1",
            "bucket": "aws-aft-logs-449948395722-eu-west-1",
            "bucket_domain_name": "aws-aft-logs-449948395722-eu-west-1.s3.amazonaws.com",
            "bucket_prefix": null,
            "bucket_regional_domain_name": "aws-aft-logs-449948395722-eu-west-1.s3.eu-west-1.amazonaws.com",
            "cors_rule": [],
            "force_destroy": false,
            "grant": [
              {
                "id": "1da99e8064de88e286d7a3944db7e219412a7200d08c43f85a513e27affe0dbd",
                "permissions": [
                  "FULL_CONTROL"
                ],
                "type": "CanonicalUser",
                "uri": ""
              }
            ],
            "hosted_zone_id": "Z1BKCTXD74EZPE",
            "id": "aws-aft-logs-449948395722-eu-west-1",
            "lifecycle_rule": [],
            "logging": [],
            "object_lock_configuration": [],
            "object_lock_enabled": false,
            "policy": "",
            "region": "eu-west-1",
            "replication_configuration": [],
            "request_payer": "BucketOwner",
            "server_side_encryption_configuration": [
              {
                "rule": [
                  {
                    "apply_server_side_encryption_by_default": [
                      {
                        "kms_master_key_id": "",
                        "sse_algorithm": "AES256"
                      }
                    ],
                    "bucket_key_enabled": false
                  }
                ]
              }
            ],
            "tags": null,
            "tags_all": {
              "managed_by": "AFT"
            },
            "timeouts": null,
            "versioning": [
              {
                "enabled": false,
                "mfa_delete": false
              }
            ],
            "website": [],
            "website_domain": null,
            "website_endpoint": null
          },
          "sensitive_attributes": [],
          "private": "eyJlMmJmYjczMC1lY2FhLTExZTYtOGY4OC0zNDM2M2JjN2M0YzAiOnsiY3JlYXRlIjoxMjAwMDAwMDAwMDAwLCJkZWxldGUiOjM2MDAwMDAwMDAwMDAsInJlYWQiOjEyMDAwMDAwMDAwMDAsInVwZGF0ZSI6MTIwMDAwMDAwMDAwMH19",
          "dependencies": [
            "module.aft.data.aws_partition.current",
            "module.aft.module.aft_feature_options.data.aws_region.current"
          ]
        }
      ]
    },
    {
      "module": "module.aft.module.aft_feature_options",
      "mode": "managed",
      "type": "aws_s3_bucket_acl",
      "name": "aft_access_logs_acl",
      "provider": "module.aft.provider[\"registry.terraform.io/hashicorp/aws\"].log_archive",
      "instances": [
        {
          "schema_version": 0,
          "attributes": {
            "access_control_policy": [
              {
                "grant": [
                  {
                    "grantee": [
                      {
                        "display_name": "",
                        "email_address": "",
                        "id": "",
                        "type": "Group",
                        "uri": "http://acs.amazonaws.com/groups/s3/LogDelivery"
                      }
                    ],
                    "permission": "READ_ACP"
                  },
                  {
                    "grantee": [
                      {
                        "display_name": "",
                        "email_address": "",
                        "id": "",
                        "type": "Group",
                        "uri": "http://acs.amazonaws.com/groups/s3/LogDelivery"
                      }
                    ],
                    "permission": "WRITE"
                  },
                  {
                    "grantee": [
                      {
                        "display_name": "rsa.log.controltower",
                        "email_address": "",
                        "id": "1da99e8064de88e286d7a3944db7e219412a7200d08c43f85a513e27affe0dbd",
                        "type": "CanonicalUser",
                        "uri": ""
                      }
                    ],
                    "permission": "FULL_CONTROL"
                  }
                ],
                "owner": [
                  {
                    "display_name": "rsa.log.controltower",
                    "id": "1da99e8064de88e286d7a3944db7e219412a7200d08c43f85a513e27affe0dbd"
                  }
                ]
              }
            ],
            "acl": "log-delivery-write",
            "bucket": "aws-aft-s3-access-logs-449948395722-eu-west-1",
            "expected_bucket_owner": "",
            "id": "aws-aft-s3-access-logs-449948395722-eu-west-1,log-delivery-write"
          },
          "sensitive_attributes": [],
          "private": "bnVsbA==",
          "dependencies": [
            "module.aft.data.aws_partition.current",
            "module.aft.module.aft_feature_options.aws_s3_bucket.aft_access_logs",
            "module.aft.module.aft_feature_options.data.aws_region.current"
          ]
        }
      ]
    },
    {
      "module": "module.aft.module.aft_feature_options",
      "mode": "managed",
      "type": "aws_s3_bucket_lifecycle_configuration",
      "name": "aft_access_logs_lifecycle_configuration",
      "provider": "module.aft.provider[\"registry.terraform.io/hashicorp/aws\"].log_archive",
      "instances": [
        {
          "schema_version": 0,
          "attributes": {
            "bucket": "aws-aft-s3-access-logs-449948395722-eu-west-1",
            "expected_bucket_owner": "",
            "id": "aws-aft-s3-access-logs-449948395722-eu-west-1",
            "rule": [
              {
                "abort_incomplete_multipart_upload": [],
                "expiration": [],
                "filter": [
                  {
                    "and": [],
                    "object_size_greater_than": "",
                    "object_size_less_than": "",
                    "prefix": "log/",
                    "tag": []
                  }
                ],
                "id": "aft_access_logs_lifecycle_configuration_rule",
                "noncurrent_version_expiration": [
                  {
                    "newer_noncurrent_versions": "",
                    "noncurrent_days": 365
                  }
                ],
                "noncurrent_version_transition": [],
                "prefix": "",
                "status": "Enabled",
                "transition": []
              }
            ]
          },
          "sensitive_attributes": [],
          "private": "bnVsbA==",
          "dependencies": [
            "module.aft.data.aws_partition.current",
            "module.aft.module.aft_feature_options.aws_s3_bucket.aft_access_logs",
            "module.aft.module.aft_feature_options.data.aws_region.current"
          ]
        }
      ]
    },
    {
      "module": "module.aft.module.aft_feature_options",
      "mode": "managed",
      "type": "aws_s3_bucket_lifecycle_configuration",
      "name": "aft_logging_bucket_lifecycle_configuration",
      "provider": "module.aft.provider[\"registry.terraform.io/hashicorp/aws\"].log_archive",
      "instances": [
        {
          "schema_version": 0,
          "attributes": {
            "bucket": "aws-aft-logs-449948395722-eu-west-1",
            "expected_bucket_owner": "",
            "id": "aws-aft-logs-449948395722-eu-west-1",
            "rule": [
              {
                "abort_incomplete_multipart_upload": [],
                "expiration": [],
                "filter": [
                  {
                    "and": [],
                    "object_size_greater_than": "",
                    "object_size_less_than": "",
                    "prefix": "",
                    "tag": []
                  }
                ],
                "id": "aft_logging_bucket_lifecycle_configuration_rule",
                "noncurrent_version_expiration": [
                  {
                    "newer_noncurrent_versions": "",
                    "noncurrent_days": 365
                  }
                ],
                "noncurrent_version_transition": [],
                "prefix": "",
                "status": "Enabled",
                "transition": []
              }
            ]
          },
          "sensitive_attributes": [],
          "private": "bnVsbA==",
          "dependencies": [
            "module.aft.data.aws_partition.current",
            "module.aft.module.aft_feature_options.aws_s3_bucket.aft_logging_bucket",
            "module.aft.module.aft_feature_options.data.aws_region.current"
          ]
        }
      ]
    },
    {
      "module": "module.aft.module.aft_feature_options",
      "mode": "managed",
      "type": "aws_s3_bucket_logging",
      "name": "aft_logging_bucket_logging",
      "provider": "module.aft.provider[\"registry.terraform.io/hashicorp/aws\"].log_archive",
      "instances": [
        {
          "schema_version": 0,
          "attributes": {
            "bucket": "aws-aft-logs-449948395722-eu-west-1",
            "expected_bucket_owner": "",
            "id": "aws-aft-logs-449948395722-eu-west-1",
            "target_bucket": "aws-aft-s3-access-logs-449948395722-eu-west-1",
            "target_grant": [],
            "target_prefix": "log/"
          },
          "sensitive_attributes": [],
          "private": "bnVsbA==",
          "dependencies": [
            "module.aft.data.aws_partition.current",
            "module.aft.module.aft_feature_options.aws_s3_bucket.aft_access_logs",
            "module.aft.module.aft_feature_options.aws_s3_bucket.aft_logging_bucket",
            "module.aft.module.aft_feature_options.data.aws_region.current"
          ]
        }
      ]
    },
    {
      "module": "module.aft.module.aft_feature_options",
      "mode": "managed",
      "type": "aws_s3_bucket_policy",
      "name": "aft_logging_bucket",
      "provider": "module.aft.provider[\"registry.terraform.io/hashicorp/aws\"].log_archive",
      "instances": [
        {
          "schema_version": 0,
          "attributes": {
            "bucket": "aws-aft-logs-449948395722-eu-west-1",
            "id": "aws-aft-logs-449948395722-eu-west-1",
            "policy": "{\"Statement\":[{\"Action\":[\"s3:ListBucket\",\"s3:GetBucketLocation\",\"s3:GetBucketAcl\"],\"Effect\":\"Allow\",\"Principal\":{\"Service\":[\"cloudtrail.amazonaws.com\",\"vpc-flow-logs.amazonaws.com\",\"delivery.logs.amazonaws.com\"]},\"Resource\":\"arn:aws:s3:::aws-aft-logs-449948395722-eu-west-1\",\"Sid\":\"AWSBucketPermissionsCheck\"},{\"Action\":[\"s3:ListBucket\",\"s3:GetBucketLocation\",\"s3:GetBucketAcl\"],\"Condition\":{\"StringEquals\":{\"aws:PrincipalOrgID\":\"o-x85hwhb84x\"}},\"Effect\":\"Allow\",\"Principal\":\"*\",\"Resource\":\"arn:aws:s3:::aws-aft-logs-449948395722-eu-west-1\",\"Sid\":\"AWSBucketPermissionsCheck-AuditAcct\"},{\"Action\":\"s3:PutObject\",\"Effect\":\"Allow\",\"Principal\":{\"Service\":[\"cloudtrail.amazonaws.com\",\"delivery.logs.amazonaws.com\",\"vpc-flow-logs.amazonaws.com\"]},\"Resource\":[\"arn:aws:s3:::aws-aft-logs-449948395722-eu-west-1/AWSLogs*\",\"arn:aws:s3:::aws-aft-logs-449948395722-eu-west-1/*\",\"arn:aws:s3:::aws-aft-logs-449948395722-eu-west-1\"],\"Sid\":\"Allow PutObject\"},{\"Action\":\"s3:*\",\"Condition\":{\"Bool\":{\"aws:SecureTransport\":\"false\"}},\"Effect\":\"Deny\",\"Principal\":\"*\",\"Resource\":\"arn:aws:s3:::aws-aft-logs-449948395722-eu-west-1/*\",\"Sid\":\"Deny non-HTTPS access\"}],\"Version\":\"2012-10-17\"}"
          },
          "sensitive_attributes": [],
          "private": "bnVsbA==",
          "dependencies": [
            "module.aft.data.aws_partition.current",
            "module.aft.module.aft_feature_options.aws_s3_bucket.aft_logging_bucket",
            "module.aft.module.aft_feature_options.data.aws_organizations_organization.aft_organization",
            "module.aft.module.aft_feature_options.data.aws_region.current"
          ]
        }
      ]
    },
    {
      "module": "module.aft.module.aft_feature_options",
      "mode": "managed",
      "type": "aws_s3_bucket_public_access_block",
      "name": "aft_access_logs",
      "provider": "module.aft.provider[\"registry.terraform.io/hashicorp/aws\"].log_archive",
      "instances": [
        {
          "schema_version": 0,
          "attributes": {
            "block_public_acls": true,
            "block_public_policy": true,
            "bucket": "aws-aft-s3-access-logs-449948395722-eu-west-1",
            "id": "aws-aft-s3-access-logs-449948395722-eu-west-1",
            "ignore_public_acls": true,
            "restrict_public_buckets": true
          },
          "sensitive_attributes": [],
          "private": "bnVsbA==",
          "dependencies": [
            "module.aft.data.aws_partition.current",
            "module.aft.module.aft_feature_options.aws_s3_bucket.aft_access_logs",
            "module.aft.module.aft_feature_options.data.aws_region.current"
          ]
        }
      ]
    },
    {
      "module": "module.aft.module.aft_feature_options",
      "mode": "managed",
      "type": "aws_s3_bucket_public_access_block",
      "name": "aft_logging_bucket",
      "provider": "module.aft.provider[\"registry.terraform.io/hashicorp/aws\"].log_archive",
      "instances": [
        {
          "schema_version": 0,
          "attributes": {
            "block_public_acls": true,
            "block_public_policy": true,
            "bucket": "aws-aft-logs-449948395722-eu-west-1",
            "id": "aws-aft-logs-449948395722-eu-west-1",
            "ignore_public_acls": true,
            "restrict_public_buckets": true
          },
          "sensitive_attributes": [],
          "private": "bnVsbA==",
          "dependencies": [
            "module.aft.data.aws_partition.current",
            "module.aft.module.aft_feature_options.aws_s3_bucket.aft_logging_bucket",
            "module.aft.module.aft_feature_options.data.aws_region.current"
          ]
        }
      ]
    },
    {
      "module": "module.aft.module.aft_feature_options",
      "mode": "managed",
      "type": "aws_s3_bucket_server_side_encryption_configuration",
      "name": "aft_access_logs_encryption",
      "provider": "module.aft.provider[\"registry.terraform.io/hashicorp/aws\"].log_archive",
      "instances": [
        {
          "schema_version": 0,
          "attributes": {
            "bucket": "aws-aft-s3-access-logs-449948395722-eu-west-1",
            "expected_bucket_owner": "",
            "id": "aws-aft-s3-access-logs-449948395722-eu-west-1",
            "rule": [
              {
                "apply_server_side_encryption_by_default": [
                  {
                    "kms_master_key_id": "",
                    "sse_algorithm": "AES256"
                  }
                ],
                "bucket_key_enabled": null
              }
            ]
          },
          "sensitive_attributes": [],
          "private": "bnVsbA==",
          "dependencies": [
            "module.aft.data.aws_partition.current",
            "module.aft.module.aft_feature_options.aws_s3_bucket.aft_access_logs",
            "module.aft.module.aft_feature_options.data.aws_region.current"
          ]
        }
      ]
    },
    {
      "module": "module.aft.module.aft_feature_options",
      "mode": "managed",
      "type": "aws_s3_bucket_server_side_encryption_configuration",
      "name": "aft_logging_bucket_encryption",
      "provider": "module.aft.provider[\"registry.terraform.io/hashicorp/aws\"].log_archive",
      "instances": [
        {
          "schema_version": 0,
          "attributes": {
            "bucket": "aws-aft-logs-449948395722-eu-west-1",
            "expected_bucket_owner": "",
            "id": "aws-aft-logs-449948395722-eu-west-1",
            "rule": [
              {
                "apply_server_side_encryption_by_default": [
                  {
                    "kms_master_key_id": "arn:aws:kms:eu-west-1:449948395722:key/663a876e-3a60-4422-bd81-bccd7df54ce1",
                    "sse_algorithm": "aws:kms"
                  }
                ],
                "bucket_key_enabled": null
              }
            ]
          },
          "sensitive_attributes": [],
          "private": "bnVsbA==",
          "dependencies": [
            "module.aft.data.aws_partition.current",
            "module.aft.module.aft_feature_options.aws_kms_key.aft_log_key",
            "module.aft.module.aft_feature_options.aws_s3_bucket.aft_logging_bucket",
            "module.aft.module.aft_feature_options.data.aws_partition.current",
            "module.aft.module.aft_feature_options.data.aws_region.current"
          ]
        }
      ]
    },
    {
      "module": "module.aft.module.aft_feature_options",
      "mode": "managed",
      "type": "aws_s3_bucket_versioning",
      "name": "aft_access_logs_versioning",
      "provider": "module.aft.provider[\"registry.terraform.io/hashicorp/aws\"].log_archive",
      "instances": [
        {
          "schema_version": 0,
          "attributes": {
            "bucket": "aws-aft-s3-access-logs-449948395722-eu-west-1",
            "expected_bucket_owner": "",
            "id": "aws-aft-s3-access-logs-449948395722-eu-west-1",
            "mfa": null,
            "versioning_configuration": [
              {
                "mfa_delete": "",
                "status": "Enabled"
              }
            ]
          },
          "sensitive_attributes": [],
          "private": "bnVsbA==",
          "dependencies": [
            "module.aft.data.aws_partition.current",
            "module.aft.module.aft_feature_options.aws_s3_bucket.aft_access_logs",
            "module.aft.module.aft_feature_options.data.aws_region.current"
          ]
        }
      ]
    },
    {
      "module": "module.aft.module.aft_feature_options",
      "mode": "managed",
      "type": "aws_s3_bucket_versioning",
      "name": "aft_logging_bucket_versioning",
      "provider": "module.aft.provider[\"registry.terraform.io/hashicorp/aws\"].log_archive",
      "instances": [
        {
          "schema_version": 0,
          "attributes": {
            "bucket": "aws-aft-logs-449948395722-eu-west-1",
            "expected_bucket_owner": "",
            "id": "aws-aft-logs-449948395722-eu-west-1",
            "mfa": null,
            "versioning_configuration": [
              {
                "mfa_delete": "",
                "status": "Enabled"
              }
            ]
          },
          "sensitive_attributes": [],
          "private": "bnVsbA==",
          "dependencies": [
            "module.aft.data.aws_partition.current",
            "module.aft.module.aft_feature_options.aws_s3_bucket.aft_logging_bucket",
            "module.aft.module.aft_feature_options.data.aws_region.current"
          ]
        }
      ]
    },
    {
      "module": "module.aft.module.aft_feature_options",
      "mode": "managed",
      "type": "aws_sfn_state_machine",
      "name": "aft_features",
      "provider": "module.aft.provider[\"registry.terraform.io/hashicorp/aws\"].aft_management",
      "instances": [
        {
          "schema_version": 0,
          "attributes": {
            "arn": "arn:aws:states:eu-west-1:804448413129:stateMachine:aft-feature-options",
            "creation_date": "2023-02-27T18:56:35Z",
            "definition": "{\n    \"StartAt\": \"Delete Default VPCs\",\n    \"States\": {\n      \"Delete Default VPCs\": {\n        \"Next\": \"Enroll Enterprise Support\",\n        \"Type\": \"Task\",\n        \"Resource\": \"arn:aws:lambda:eu-west-1:804448413129:function:aft-delete-default-vpc\",\n        \"ResultPath\": \"$.targets\",\n        \"Catch\": [\n          {\n            \"ErrorEquals\": [\"States.ALL\"],\n            \"Next\": \"Notify Failure\"\n          }\n        ]\n      },\n      \"Enroll Enterprise Support\": {\n        \"Next\": \"Enable CloudTrail\",\n        \"Type\": \"Task\",\n        \"Resource\": \"arn:aws:lambda:eu-west-1:804448413129:function:aft-enroll-support\",\n        \"ResultPath\": \"$.targets\",\n        \"Catch\": [\n          {\n            \"ErrorEquals\": [\"States.ALL\"],\n            \"Next\": \"Notify Failure\"\n          }\n        ]\n      },\n      \"Enable CloudTrail\": {\n        \"Next\": \"Notify Success\",\n        \"Type\": \"Task\",\n        \"Resource\": \"arn:aws:lambda:eu-west-1:804448413129:function:aft-enable-cloudtrail\",\n        \"ResultPath\": \"$.targets\",\n        \"Catch\": [\n          {\n            \"ErrorEquals\": [\"States.ALL\"],\n            \"Next\": \"Notify Failure\"\n          }\n        ]\n      },\n        \"Notify Success\": {\n            \"Type\": \"Task\",\n            \"Resource\": \"arn:aws:states:::sns:publish\",\n            \"Parameters\": {\n              \"TopicArn\": \"arn:aws:sns:eu-west-1:804448413129:aft-notifications\",\n              \"Message.$\": \"$\"\n            },\n            \"End\": true\n          },\n          \"Notify Failure\": {\n            \"Type\": \"Task\",\n            \"Resource\": \"arn:aws:states:::sns:publish\",\n            \"Parameters\": {\n              \"TopicArn\": \"arn:aws:sns:eu-west-1:804448413129:aft-failure-notifications\",\n              \"Message.$\": \"$.Cause\"\n            },\n            \"Next\": \"Failed\"\n          },\n          \"Failed\": {\n            \"Type\": \"Fail\"\n          }\n    }\n}\n",
            "id": "arn:aws:states:eu-west-1:804448413129:stateMachine:aft-feature-options",
            "logging_configuration": [
              {
                "include_execution_data": false,
                "level": "OFF",
                "log_destination": ""
              }
            ],
            "name": "aft-feature-options",
            "name_prefix": "",
            "role_arn": "arn:aws:iam::804448413129:role/aft-features-execution-role",
            "status": "ACTIVE",
            "tags": null,
            "tags_all": {
              "managed_by": "AFT"
            },
            "tracing_configuration": [
              {
                "enabled": false
              }
            ],
            "type": "STANDARD"
          },
          "sensitive_attributes": [],
          "private": "bnVsbA==",
          "dependencies": [
            "module.aft.data.aws_partition.current",
            "module.aft.data.local_file.version",
            "module.aft.module.aft_account_request_framework.aws_kms_key.aft",
            "module.aft.module.aft_account_request_framework.aws_security_group.aft_vpc_default_sg",
            "module.aft.module.aft_account_request_framework.aws_sns_topic.aft_failure_notifications",
            "module.aft.module.aft_account_request_framework.aws_sns_topic.aft_notifications",
            "module.aft.module.aft_account_request_framework.aws_subnet.aft_vpc_private_subnet_01",
            "module.aft.module.aft_account_request_framework.aws_subnet.aft_vpc_private_subnet_02",
            "module.aft.module.aft_account_request_framework.aws_vpc.aft_vpc",
            "module.aft.module.aft_account_request_framework.data.aws_availability_zones.available",
            "module.aft.module.aft_customizations.aws_s3_bucket.aft_codepipeline_customizations_bucket",
            "module.aft.module.aft_customizations.data.aws_caller_identity.current",
            "module.aft.module.aft_feature_options.aws_iam_role.aft_delete_default_vpc_lambda",
            "module.aft.module.aft_feature_options.aws_iam_role.aft_enable_cloudtrail",
            "module.aft.module.aft_feature_options.aws_iam_role.aft_enroll_support",
            "module.aft.module.aft_feature_options.aws_iam_role.aft_features_sfn",
            "module.aft.module.aft_feature_options.aws_lambda_function.aft_delete_default_vpc",
            "module.aft.module.aft_feature_options.aws_lambda_function.aft_enable_cloudtrail",
            "module.aft.module.aft_feature_options.aws_lambda_function.aft_enroll_support",
            "module.aft.module.aft_feature_options.data.aws_partition.current",
            "module.aft.module.aft_lambda_layer.aws_codebuild_project.codebuild",
            "module.aft.module.aft_lambda_layer.aws_iam_role.codebuild",
            "module.aft.module.aft_lambda_layer.aws_iam_role.codebuild_invoker_lambda_role",
            "module.aft.module.aft_lambda_layer.aws_lambda_function.codebuild_invoker",
            "module.aft.module.aft_lambda_layer.aws_lambda_layer_version.layer_version",
            "module.aft.module.aft_lambda_layer.data.aws_lambda_invocation.invoke_codebuild_job",
            "module.aft.module.aft_lambda_layer.data.aws_partition.current",
            "module.aft.module.aft_lambda_layer.data.local_file.aft_lambda_layer",
            "module.aft.module.aft_lambda_layer.random_string.resource_suffix",
            "module.aft.module.packaging.data.archive_file.builder",
            "module.aft.module.packaging.data.archive_file.feature_options"
          ]
        }
      ]
    },
    {
      "module": "module.aft.module.aft_iam_roles",
      "mode": "data",
      "type": "aws_caller_identity",
      "name": "aft_management",
      "provider": "module.aft.provider[\"registry.terraform.io/hashicorp/aws\"].aft_management",
      "instances": [
        {
          "schema_version": 0,
          "attributes": {
            "account_id": "804448413129",
            "arn": "arn:aws:sts::804448413129:assumed-role/AWSControlTowerExecution/AWSAFT-Session",
            "id": "804448413129",
            "user_id": "AROA3WTG4UXEQNNSDGUZT:AWSAFT-Session"
          },
          "sensitive_attributes": []
        }
      ]
    },
    {
      "module": "module.aft.module.aft_iam_roles",
      "mode": "data",
      "type": "aws_partition",
      "name": "current",
      "provider": "provider[\"registry.terraform.io/hashicorp/aws\"]",
      "instances": [
        {
          "schema_version": 0,
          "attributes": {
            "dns_suffix": "amazonaws.com",
            "id": "aws",
            "partition": "aws",
            "reverse_dns_prefix": "com.amazonaws"
          },
          "sensitive_attributes": []
        }
      ]
    },
    {
      "module": "module.aft.module.aft_iam_roles",
      "mode": "managed",
      "type": "aws_iam_role",
      "name": "aft_admin_role",
      "provider": "module.aft.provider[\"registry.terraform.io/hashicorp/aws\"].aft_management",
      "instances": [
        {
          "schema_version": 0,
          "attributes": {
            "arn": "arn:aws:iam::804448413129:role/AWSAFTAdmin",
            "assume_role_policy": "{\"Statement\":[{\"Action\":\"sts:AssumeRole\",\"Effect\":\"Allow\",\"Principal\":{\"AWS\":\"arn:aws:iam::804448413129:root\"}}],\"Version\":\"2012-10-17\"}",
            "create_date": "2023-02-27T18:47:34Z",
            "description": "",
            "force_detach_policies": false,
            "id": "AWSAFTAdmin",
            "inline_policy": [],
            "managed_policy_arns": [],
            "max_session_duration": 3600,
            "name": "AWSAFTAdmin",
            "name_prefix": "",
            "path": "/",
            "permissions_boundary": null,
            "tags": null,
            "tags_all": {
              "managed_by": "AFT"
            },
            "unique_id": "AROA3WTG4UXEWL2IBPXXH"
          },
          "sensitive_attributes": [],
          "private": "bnVsbA==",
          "dependencies": [
            "module.aft.data.aws_partition.current",
            "module.aft.module.aft_iam_roles.data.aws_caller_identity.aft_management",
            "module.aft.module.aft_iam_roles.data.aws_partition.current"
          ]
        }
      ]
    },
    {
      "module": "module.aft.module.aft_iam_roles",
      "mode": "managed",
      "type": "aws_iam_role_policy",
      "name": "aft_admin_role",
      "provider": "module.aft.provider[\"registry.terraform.io/hashicorp/aws\"].aft_management",
      "instances": [
        {
          "schema_version": 0,
          "attributes": {
            "id": "AWSAFTAdmin:aft_admin_role_policy",
            "name": "aft_admin_role_policy",
            "name_prefix": null,
            "policy": "{\"Version\":\"2012-10-17\",\"Statement\":[{\"Action\":\"sts:AssumeRole\",\"Effect\":\"Allow\",\"Resource\":[\"arn:aws:iam::*:role/AWSAFTExecution\",\"arn:aws:iam::*:role/AWSAFTService\"]}]}",
            "role": "AWSAFTAdmin"
          },
          "sensitive_attributes": [],
          "private": "bnVsbA==",
          "dependencies": [
            "module.aft.data.aws_partition.current",
            "module.aft.module.aft_iam_roles.aws_iam_role.aft_admin_role",
            "module.aft.module.aft_iam_roles.data.aws_caller_identity.aft_management",
            "module.aft.module.aft_iam_roles.data.aws_partition.current"
          ]
        }
      ]
    },
    {
      "module": "module.aft.module.aft_iam_roles.module.aft_exec_role",
      "mode": "data",
      "type": "aws_partition",
      "name": "current",
      "provider": "module.aft.provider[\"registry.terraform.io/hashicorp/aws\"].aft_management",
      "instances": [
        {
          "schema_version": 0,
          "attributes": {
            "dns_suffix": "amazonaws.com",
            "id": "aws",
            "partition": "aws",
            "reverse_dns_prefix": "com.amazonaws"
          },
          "sensitive_attributes": []
        }
      ]
    },
    {
      "module": "module.aft.module.aft_iam_roles.module.aft_exec_role",
      "mode": "managed",
      "type": "aws_iam_role",
      "name": "role",
      "provider": "module.aft.provider[\"registry.terraform.io/hashicorp/aws\"].aft_management",
      "instances": [
        {
          "schema_version": 0,
          "attributes": {
            "arn": "arn:aws:iam::804448413129:role/AWSAFTExecution",
            "assume_role_policy": "{\"Statement\":[{\"Action\":\"sts:AssumeRole\",\"Effect\":\"Allow\",\"Principal\":{\"AWS\":[\"arn:aws:iam::804448413129:role/AWSAFTAdmin\",\"arn:aws:sts::804448413129:assumed-role/AWSAFTAdmin/AWSAFT-Session\"]}}],\"Version\":\"2012-10-17\"}",
            "create_date": "2023-02-27T18:47:58Z",
            "description": "",
            "force_detach_policies": false,
            "id": "AWSAFTExecution",
            "inline_policy": [],
            "managed_policy_arns": [],
            "max_session_duration": 3600,
            "name": "AWSAFTExecution",
            "name_prefix": "",
            "path": "/",
            "permissions_boundary": null,
            "tags": null,
            "tags_all": {
              "managed_by": "AFT"
            },
            "unique_id": "AROA3WTG4UXE7S7NW244W"
          },
          "sensitive_attributes": [],
          "private": "bnVsbA==",
          "dependencies": [
            "module.aft.data.aws_partition.current",
            "module.aft.module.aft_iam_roles.aws_iam_role.aft_admin_role",
            "module.aft.module.aft_iam_roles.data.aws_caller_identity.aft_management",
            "module.aft.module.aft_iam_roles.data.aws_partition.current"
          ]
        }
      ]
    },
    {
      "module": "module.aft.module.aft_iam_roles.module.aft_exec_role",
      "mode": "managed",
      "type": "aws_iam_role_policy_attachment",
      "name": "administrator-access-attachment",
      "provider": "module.aft.provider[\"registry.terraform.io/hashicorp/aws\"].aft_management",
      "instances": [
        {
          "schema_version": 0,
          "attributes": {
            "id": "AWSAFTExecution-20230227184904765900000032",
            "policy_arn": "arn:aws:iam::aws:policy/AdministratorAccess",
            "role": "AWSAFTExecution"
          },
          "sensitive_attributes": [],
          "private": "bnVsbA==",
          "dependencies": [
            "module.aft.data.aws_partition.current",
            "module.aft.module.aft_iam_roles.aws_iam_role.aft_admin_role",
            "module.aft.module.aft_iam_roles.data.aws_caller_identity.aft_management",
            "module.aft.module.aft_iam_roles.data.aws_partition.current",
            "module.aft.module.aft_iam_roles.module.aft_exec_role.aws_iam_role.role",
            "module.aft.module.aft_iam_roles.module.aft_exec_role.data.aws_partition.current"
          ]
        }
      ]
    },
    {
      "module": "module.aft.module.aft_iam_roles.module.aft_service_role",
      "mode": "data",
      "type": "aws_partition",
      "name": "current",
      "provider": "module.aft.provider[\"registry.terraform.io/hashicorp/aws\"].aft_management",
      "instances": [
        {
          "schema_version": 0,
          "attributes": {
            "dns_suffix": "amazonaws.com",
            "id": "aws",
            "partition": "aws",
            "reverse_dns_prefix": "com.amazonaws"
          },
          "sensitive_attributes": []
        }
      ]
    },
    {
      "module": "module.aft.module.aft_iam_roles.module.aft_service_role",
      "mode": "managed",
      "type": "aws_iam_role",
      "name": "role",
      "provider": "module.aft.provider[\"registry.terraform.io/hashicorp/aws\"].aft_management",
      "instances": [
        {
          "schema_version": 0,
          "attributes": {
            "arn": "arn:aws:iam::804448413129:role/AWSAFTService",
            "assume_role_policy": "{\"Statement\":[{\"Action\":\"sts:AssumeRole\",\"Effect\":\"Allow\",\"Principal\":{\"AWS\":[\"arn:aws:iam::804448413129:role/AWSAFTAdmin\",\"arn:aws:sts::804448413129:assumed-role/AWSAFTAdmin/AWSAFT-Session\"]}}],\"Version\":\"2012-10-17\"}",
            "create_date": "2023-02-27T18:48:00Z",
            "description": "",
            "force_detach_policies": false,
            "id": "AWSAFTService",
            "inline_policy": [],
            "managed_policy_arns": [],
            "max_session_duration": 3600,
            "name": "AWSAFTService",
            "name_prefix": "",
            "path": "/",
            "permissions_boundary": null,
            "tags": null,
            "tags_all": {
              "managed_by": "AFT"
            },
            "unique_id": "AROA3WTG4UXEYPDHAGUPJ"
          },
          "sensitive_attributes": [],
          "private": "bnVsbA==",
          "dependencies": [
            "module.aft.data.aws_partition.current",
            "module.aft.module.aft_iam_roles.aws_iam_role.aft_admin_role",
            "module.aft.module.aft_iam_roles.data.aws_caller_identity.aft_management",
            "module.aft.module.aft_iam_roles.data.aws_partition.current"
          ]
        }
      ]
    },
    {
      "module": "module.aft.module.aft_iam_roles.module.aft_service_role",
      "mode": "managed",
      "type": "aws_iam_role_policy_attachment",
      "name": "administrator-access-attachment",
      "provider": "module.aft.provider[\"registry.terraform.io/hashicorp/aws\"].aft_management",
      "instances": [
        {
          "schema_version": 0,
          "attributes": {
            "id": "AWSAFTService-20230227184907490400000033",
            "policy_arn": "arn:aws:iam::aws:policy/AdministratorAccess",
            "role": "AWSAFTService"
          },
          "sensitive_attributes": [],
          "private": "bnVsbA==",
          "dependencies": [
            "module.aft.data.aws_partition.current",
            "module.aft.module.aft_iam_roles.aws_iam_role.aft_admin_role",
            "module.aft.module.aft_iam_roles.data.aws_caller_identity.aft_management",
            "module.aft.module.aft_iam_roles.data.aws_partition.current",
            "module.aft.module.aft_iam_roles.module.aft_service_role.aws_iam_role.role",
            "module.aft.module.aft_iam_roles.module.aft_service_role.data.aws_partition.current"
          ]
        }
      ]
    },
    {
      "module": "module.aft.module.aft_iam_roles.module.audit_exec_role",
      "mode": "data",
      "type": "aws_partition",
      "name": "current",
      "provider": "module.aft.provider[\"registry.terraform.io/hashicorp/aws\"].audit",
      "instances": [
        {
          "schema_version": 0,
          "attributes": {
            "dns_suffix": "amazonaws.com",
            "id": "aws",
            "partition": "aws",
            "reverse_dns_prefix": "com.amazonaws"
          },
          "sensitive_attributes": []
        }
      ]
    },
    {
      "module": "module.aft.module.aft_iam_roles.module.audit_exec_role",
      "mode": "managed",
      "type": "aws_iam_role",
      "name": "role",
      "provider": "module.aft.provider[\"registry.terraform.io/hashicorp/aws\"].audit",
      "instances": [
        {
          "schema_version": 0,
          "attributes": {
            "arn": "arn:aws:iam::069001099679:role/AWSAFTExecution",
            "assume_role_policy": "{\"Statement\":[{\"Action\":\"sts:AssumeRole\",\"Effect\":\"Allow\",\"Principal\":{\"AWS\":[\"arn:aws:iam::804448413129:role/AWSAFTAdmin\",\"arn:aws:sts::804448413129:assumed-role/AWSAFTAdmin/AWSAFT-Session\"]}}],\"Version\":\"2012-10-17\"}",
            "create_date": "2023-02-27T18:48:01Z",
            "description": "",
            "force_detach_policies": false,
            "id": "AWSAFTExecution",
            "inline_policy": [],
            "managed_policy_arns": [],
            "max_session_duration": 3600,
            "name": "AWSAFTExecution",
            "name_prefix": "",
            "path": "/",
            "permissions_boundary": null,
            "tags": null,
            "tags_all": {
              "managed_by": "AFT"
            },
            "unique_id": "AROARAEGJHGP6HPE7TPML"
          },
          "sensitive_attributes": [],
          "private": "bnVsbA==",
          "dependencies": [
            "module.aft.data.aws_partition.current",
            "module.aft.module.aft_iam_roles.aws_iam_role.aft_admin_role",
            "module.aft.module.aft_iam_roles.data.aws_caller_identity.aft_management",
            "module.aft.module.aft_iam_roles.data.aws_partition.current"
          ]
        }
      ]
    },
    {
      "module": "module.aft.module.aft_iam_roles.module.audit_exec_role",
      "mode": "managed",
      "type": "aws_iam_role_policy_attachment",
      "name": "administrator-access-attachment",
      "provider": "module.aft.provider[\"registry.terraform.io/hashicorp/aws\"].audit",
      "instances": [
        {
          "schema_version": 0,
          "attributes": {
            "id": "AWSAFTExecution-20230227184910148500000001",
            "policy_arn": "arn:aws:iam::aws:policy/AdministratorAccess",
            "role": "AWSAFTExecution"
          },
          "sensitive_attributes": [],
          "private": "bnVsbA==",
          "dependencies": [
            "module.aft.data.aws_partition.current",
            "module.aft.module.aft_iam_roles.aws_iam_role.aft_admin_role",
            "module.aft.module.aft_iam_roles.data.aws_caller_identity.aft_management",
            "module.aft.module.aft_iam_roles.data.aws_partition.current",
            "module.aft.module.aft_iam_roles.module.audit_exec_role.aws_iam_role.role",
            "module.aft.module.aft_iam_roles.module.audit_exec_role.data.aws_partition.current"
          ]
        }
      ]
    },
    {
      "module": "module.aft.module.aft_iam_roles.module.audit_service_role",
      "mode": "data",
      "type": "aws_partition",
      "name": "current",
      "provider": "module.aft.provider[\"registry.terraform.io/hashicorp/aws\"].audit",
      "instances": [
        {
          "schema_version": 0,
          "attributes": {
            "dns_suffix": "amazonaws.com",
            "id": "aws",
            "partition": "aws",
            "reverse_dns_prefix": "com.amazonaws"
          },
          "sensitive_attributes": []
        }
      ]
    },
    {
      "module": "module.aft.module.aft_iam_roles.module.audit_service_role",
      "mode": "managed",
      "type": "aws_iam_role",
      "name": "role",
      "provider": "module.aft.provider[\"registry.terraform.io/hashicorp/aws\"].audit",
      "instances": [
        {
          "schema_version": 0,
          "attributes": {
            "arn": "arn:aws:iam::069001099679:role/AWSAFTService",
            "assume_role_policy": "{\"Statement\":[{\"Action\":\"sts:AssumeRole\",\"Effect\":\"Allow\",\"Principal\":{\"AWS\":[\"arn:aws:iam::804448413129:role/AWSAFTAdmin\",\"arn:aws:sts::804448413129:assumed-role/AWSAFTAdmin/AWSAFT-Session\"]}}],\"Version\":\"2012-10-17\"}",
            "create_date": "2023-02-27T18:48:02Z",
            "description": "",
            "force_detach_policies": false,
            "id": "AWSAFTService",
            "inline_policy": [],
            "managed_policy_arns": [],
            "max_session_duration": 3600,
            "name": "AWSAFTService",
            "name_prefix": "",
            "path": "/",
            "permissions_boundary": null,
            "tags": null,
            "tags_all": {
              "managed_by": "AFT"
            },
            "unique_id": "AROARAEGJHGPYIFA42OR5"
          },
          "sensitive_attributes": [],
          "private": "bnVsbA==",
          "dependencies": [
            "module.aft.data.aws_partition.current",
            "module.aft.module.aft_iam_roles.aws_iam_role.aft_admin_role",
            "module.aft.module.aft_iam_roles.data.aws_caller_identity.aft_management",
            "module.aft.module.aft_iam_roles.data.aws_partition.current"
          ]
        }
      ]
    },
    {
      "module": "module.aft.module.aft_iam_roles.module.audit_service_role",
      "mode": "managed",
      "type": "aws_iam_role_policy_attachment",
      "name": "administrator-access-attachment",
      "provider": "module.aft.provider[\"registry.terraform.io/hashicorp/aws\"].audit",
      "instances": [
        {
          "schema_version": 0,
          "attributes": {
            "id": "AWSAFTService-20230227184910971100000002",
            "policy_arn": "arn:aws:iam::aws:policy/AdministratorAccess",
            "role": "AWSAFTService"
          },
          "sensitive_attributes": [],
          "private": "bnVsbA==",
          "dependencies": [
            "module.aft.data.aws_partition.current",
            "module.aft.module.aft_iam_roles.aws_iam_role.aft_admin_role",
            "module.aft.module.aft_iam_roles.data.aws_caller_identity.aft_management",
            "module.aft.module.aft_iam_roles.data.aws_partition.current",
            "module.aft.module.aft_iam_roles.module.audit_service_role.aws_iam_role.role",
            "module.aft.module.aft_iam_roles.module.audit_service_role.data.aws_partition.current"
          ]
        }
      ]
    },
    {
      "module": "module.aft.module.aft_iam_roles.module.ct_management_exec_role",
      "mode": "data",
      "type": "aws_partition",
      "name": "current",
      "provider": "module.aft.provider[\"registry.terraform.io/hashicorp/aws\"].ct_management",
      "instances": [
        {
          "schema_version": 0,
          "attributes": {
            "dns_suffix": "amazonaws.com",
            "id": "aws",
            "partition": "aws",
            "reverse_dns_prefix": "com.amazonaws"
          },
          "sensitive_attributes": []
        }
      ]
    },
    {
      "module": "module.aft.module.aft_iam_roles.module.ct_management_exec_role",
      "mode": "managed",
      "type": "aws_iam_role",
      "name": "role",
      "provider": "module.aft.provider[\"registry.terraform.io/hashicorp/aws\"].ct_management",
      "instances": [
        {
          "schema_version": 0,
          "attributes": {
            "arn": "arn:aws:iam::850516820997:role/AWSAFTExecution",
            "assume_role_policy": "{\"Statement\":[{\"Action\":\"sts:AssumeRole\",\"Effect\":\"Allow\",\"Principal\":{\"AWS\":[\"arn:aws:iam::804448413129:role/AWSAFTAdmin\",\"arn:aws:sts::804448413129:assumed-role/AWSAFTAdmin/AWSAFT-Session\"]}}],\"Version\":\"2012-10-17\"}",
            "create_date": "2023-02-27T18:47:59Z",
            "description": "",
            "force_detach_policies": false,
            "id": "AWSAFTExecution",
            "inline_policy": [],
            "managed_policy_arns": [],
            "max_session_duration": 3600,
            "name": "AWSAFTExecution",
            "name_prefix": "",
            "path": "/",
            "permissions_boundary": null,
            "tags": null,
            "tags_all": {
              "managed_by": "AFT"
            },
            "unique_id": "AROA4MBWAYQC4OWDPICCJ"
          },
          "sensitive_attributes": [],
          "private": "bnVsbA==",
          "dependencies": [
            "module.aft.data.aws_partition.current",
            "module.aft.module.aft_iam_roles.aws_iam_role.aft_admin_role",
            "module.aft.module.aft_iam_roles.data.aws_caller_identity.aft_management",
            "module.aft.module.aft_iam_roles.data.aws_partition.current"
          ]
        }
      ]
    },
    {
      "module": "module.aft.module.aft_iam_roles.module.ct_management_exec_role",
      "mode": "managed",
      "type": "aws_iam_role_policy_attachment",
      "name": "administrator-access-attachment",
      "provider": "module.aft.provider[\"registry.terraform.io/hashicorp/aws\"].ct_management",
      "instances": [
        {
          "schema_version": 0,
          "attributes": {
            "id": "AWSAFTExecution-20230227184906730300000002",
            "policy_arn": "arn:aws:iam::aws:policy/AdministratorAccess",
            "role": "AWSAFTExecution"
          },
          "sensitive_attributes": [],
          "private": "bnVsbA==",
          "dependencies": [
            "module.aft.data.aws_partition.current",
            "module.aft.module.aft_iam_roles.aws_iam_role.aft_admin_role",
            "module.aft.module.aft_iam_roles.data.aws_caller_identity.aft_management",
            "module.aft.module.aft_iam_roles.data.aws_partition.current",
            "module.aft.module.aft_iam_roles.module.ct_management_exec_role.aws_iam_role.role",
            "module.aft.module.aft_iam_roles.module.ct_management_exec_role.data.aws_partition.current"
          ]
        }
      ]
    },
    {
      "module": "module.aft.module.aft_iam_roles.module.ct_management_service_role",
      "mode": "data",
      "type": "aws_partition",
      "name": "current",
      "provider": "module.aft.provider[\"registry.terraform.io/hashicorp/aws\"].ct_management",
      "instances": [
        {
          "schema_version": 0,
          "attributes": {
            "dns_suffix": "amazonaws.com",
            "id": "aws",
            "partition": "aws",
            "reverse_dns_prefix": "com.amazonaws"
          },
          "sensitive_attributes": []
        }
      ]
    },
    {
      "module": "module.aft.module.aft_iam_roles.module.ct_management_service_role",
      "mode": "managed",
      "type": "aws_iam_role",
      "name": "role",
      "provider": "module.aft.provider[\"registry.terraform.io/hashicorp/aws\"].ct_management",
      "instances": [
        {
          "schema_version": 0,
          "attributes": {
            "arn": "arn:aws:iam::850516820997:role/AWSAFTService",
            "assume_role_policy": "{\"Statement\":[{\"Action\":\"sts:AssumeRole\",\"Effect\":\"Allow\",\"Principal\":{\"AWS\":[\"arn:aws:iam::804448413129:role/AWSAFTAdmin\",\"arn:aws:sts::804448413129:assumed-role/AWSAFTAdmin/AWSAFT-Session\"]}}],\"Version\":\"2012-10-17\"}",
            "create_date": "2023-02-27T18:48:01Z",
            "description": "",
            "force_detach_policies": false,
            "id": "AWSAFTService",
            "inline_policy": [],
            "managed_policy_arns": [],
            "max_session_duration": 3600,
            "name": "AWSAFTService",
            "name_prefix": "",
            "path": "/",
            "permissions_boundary": null,
            "tags": null,
            "tags_all": {
              "managed_by": "AFT"
            },
            "unique_id": "AROA4MBWAYQCW3X7GRMXD"
          },
          "sensitive_attributes": [],
          "private": "bnVsbA==",
          "dependencies": [
            "module.aft.data.aws_partition.current",
            "module.aft.module.aft_iam_roles.aws_iam_role.aft_admin_role",
            "module.aft.module.aft_iam_roles.data.aws_caller_identity.aft_management",
            "module.aft.module.aft_iam_roles.data.aws_partition.current"
          ]
        }
      ]
    },
    {
      "module": "module.aft.module.aft_iam_roles.module.ct_management_service_role",
      "mode": "managed",
      "type": "aws_iam_role_policy_attachment",
      "name": "administrator-access-attachment",
      "provider": "module.aft.provider[\"registry.terraform.io/hashicorp/aws\"].ct_management",
      "instances": [
        {
          "schema_version": 0,
          "attributes": {
            "id": "AWSAFTService-20230227184908337800000003",
            "policy_arn": "arn:aws:iam::aws:policy/AdministratorAccess",
            "role": "AWSAFTService"
          },
          "sensitive_attributes": [],
          "private": "bnVsbA==",
          "dependencies": [
            "module.aft.data.aws_partition.current",
            "module.aft.module.aft_iam_roles.aws_iam_role.aft_admin_role",
            "module.aft.module.aft_iam_roles.data.aws_caller_identity.aft_management",
            "module.aft.module.aft_iam_roles.data.aws_partition.current",
            "module.aft.module.aft_iam_roles.module.ct_management_service_role.aws_iam_role.role",
            "module.aft.module.aft_iam_roles.module.ct_management_service_role.data.aws_partition.current"
          ]
        }
      ]
    },
    {
      "module": "module.aft.module.aft_iam_roles.module.log_archive_exec_role",
      "mode": "data",
      "type": "aws_partition",
      "name": "current",
      "provider": "module.aft.provider[\"registry.terraform.io/hashicorp/aws\"].log_archive",
      "instances": [
        {
          "schema_version": 0,
          "attributes": {
            "dns_suffix": "amazonaws.com",
            "id": "aws",
            "partition": "aws",
            "reverse_dns_prefix": "com.amazonaws"
          },
          "sensitive_attributes": []
        }
      ]
    },
    {
      "module": "module.aft.module.aft_iam_roles.module.log_archive_exec_role",
      "mode": "managed",
      "type": "aws_iam_role",
      "name": "role",
      "provider": "module.aft.provider[\"registry.terraform.io/hashicorp/aws\"].log_archive",
      "instances": [
        {
          "schema_version": 0,
          "attributes": {
            "arn": "arn:aws:iam::449948395722:role/AWSAFTExecution",
            "assume_role_policy": "{\"Statement\":[{\"Action\":\"sts:AssumeRole\",\"Effect\":\"Allow\",\"Principal\":{\"AWS\":[\"arn:aws:iam::804448413129:role/AWSAFTAdmin\",\"arn:aws:sts::804448413129:assumed-role/AWSAFTAdmin/AWSAFT-Session\"]}}],\"Version\":\"2012-10-17\"}",
            "create_date": "2023-02-27T18:48:04Z",
            "description": "",
            "force_detach_policies": false,
            "id": "AWSAFTExecution",
            "inline_policy": [],
            "managed_policy_arns": [],
            "max_session_duration": 3600,
            "name": "AWSAFTExecution",
            "name_prefix": "",
            "path": "/",
            "permissions_boundary": null,
            "tags": null,
            "tags_all": {
              "managed_by": "AFT"
            },
            "unique_id": "AROAWRQYDVDFE5W352S7C"
          },
          "sensitive_attributes": [],
          "private": "bnVsbA==",
          "dependencies": [
            "module.aft.data.aws_partition.current",
            "module.aft.module.aft_iam_roles.aws_iam_role.aft_admin_role",
            "module.aft.module.aft_iam_roles.data.aws_caller_identity.aft_management",
            "module.aft.module.aft_iam_roles.data.aws_partition.current"
          ]
        }
      ]
    },
    {
      "module": "module.aft.module.aft_iam_roles.module.log_archive_exec_role",
      "mode": "managed",
      "type": "aws_iam_role_policy_attachment",
      "name": "administrator-access-attachment",
      "provider": "module.aft.provider[\"registry.terraform.io/hashicorp/aws\"].log_archive",
      "instances": [
        {
          "schema_version": 0,
          "attributes": {
            "id": "AWSAFTExecution-20230227184914669500000001",
            "policy_arn": "arn:aws:iam::aws:policy/AdministratorAccess",
            "role": "AWSAFTExecution"
          },
          "sensitive_attributes": [],
          "private": "bnVsbA==",
          "dependencies": [
            "module.aft.data.aws_partition.current",
            "module.aft.module.aft_iam_roles.aws_iam_role.aft_admin_role",
            "module.aft.module.aft_iam_roles.data.aws_caller_identity.aft_management",
            "module.aft.module.aft_iam_roles.data.aws_partition.current",
            "module.aft.module.aft_iam_roles.module.log_archive_exec_role.aws_iam_role.role",
            "module.aft.module.aft_iam_roles.module.log_archive_exec_role.data.aws_partition.current"
          ]
        }
      ]
    },
    {
      "module": "module.aft.module.aft_iam_roles.module.log_archive_service_role",
      "mode": "data",
      "type": "aws_partition",
      "name": "current",
      "provider": "module.aft.provider[\"registry.terraform.io/hashicorp/aws\"].log_archive",
      "instances": [
        {
          "schema_version": 0,
          "attributes": {
            "dns_suffix": "amazonaws.com",
            "id": "aws",
            "partition": "aws",
            "reverse_dns_prefix": "com.amazonaws"
          },
          "sensitive_attributes": []
        }
      ]
    },
    {
      "module": "module.aft.module.aft_iam_roles.module.log_archive_service_role",
      "mode": "managed",
      "type": "aws_iam_role",
      "name": "role",
      "provider": "module.aft.provider[\"registry.terraform.io/hashicorp/aws\"].log_archive",
      "instances": [
        {
          "schema_version": 0,
          "attributes": {
            "arn": "arn:aws:iam::449948395722:role/AWSAFTService",
            "assume_role_policy": "{\"Statement\":[{\"Action\":\"sts:AssumeRole\",\"Effect\":\"Allow\",\"Principal\":{\"AWS\":[\"arn:aws:iam::804448413129:role/AWSAFTAdmin\",\"arn:aws:sts::804448413129:assumed-role/AWSAFTAdmin/AWSAFT-Session\"]}}],\"Version\":\"2012-10-17\"}",
            "create_date": "2023-02-27T18:48:04Z",
            "description": "",
            "force_detach_policies": false,
            "id": "AWSAFTService",
            "inline_policy": [],
            "managed_policy_arns": [],
            "max_session_duration": 3600,
            "name": "AWSAFTService",
            "name_prefix": "",
            "path": "/",
            "permissions_boundary": null,
            "tags": null,
            "tags_all": {
              "managed_by": "AFT"
            },
            "unique_id": "AROAWRQYDVDFGVMBOEHKV"
          },
          "sensitive_attributes": [],
          "private": "bnVsbA==",
          "dependencies": [
            "module.aft.data.aws_partition.current",
            "module.aft.module.aft_iam_roles.aws_iam_role.aft_admin_role",
            "module.aft.module.aft_iam_roles.data.aws_caller_identity.aft_management",
            "module.aft.module.aft_iam_roles.data.aws_partition.current"
          ]
        }
      ]
    },
    {
      "module": "module.aft.module.aft_iam_roles.module.log_archive_service_role",
      "mode": "managed",
      "type": "aws_iam_role_policy_attachment",
      "name": "administrator-access-attachment",
      "provider": "module.aft.provider[\"registry.terraform.io/hashicorp/aws\"].log_archive",
      "instances": [
        {
          "schema_version": 0,
          "attributes": {
            "id": "AWSAFTService-20230227184915436700000002",
            "policy_arn": "arn:aws:iam::aws:policy/AdministratorAccess",
            "role": "AWSAFTService"
          },
          "sensitive_attributes": [],
          "private": "bnVsbA==",
          "dependencies": [
            "module.aft.data.aws_partition.current",
            "module.aft.module.aft_iam_roles.aws_iam_role.aft_admin_role",
            "module.aft.module.aft_iam_roles.data.aws_caller_identity.aft_management",
            "module.aft.module.aft_iam_roles.data.aws_partition.current",
            "module.aft.module.aft_iam_roles.module.log_archive_service_role.aws_iam_role.role",
            "module.aft.module.aft_iam_roles.module.log_archive_service_role.data.aws_partition.current"
          ]
        }
      ]
    },
    {
      "module": "module.aft.module.aft_lambda_layer",
      "mode": "data",
      "type": "aws_caller_identity",
      "name": "session",
      "provider": "module.aft.provider[\"registry.terraform.io/hashicorp/aws\"].aft_management",
      "instances": [
        {
          "schema_version": 0,
          "attributes": {
            "account_id": "804448413129",
            "arn": "arn:aws:sts::804448413129:assumed-role/AWSControlTowerExecution/AWSAFT-Session",
            "id": "804448413129",
            "user_id": "AROA3WTG4UXEQNNSDGUZT:AWSAFT-Session"
          },
          "sensitive_attributes": []
        }
      ]
    },
    {
      "module": "module.aft.module.aft_lambda_layer",
      "mode": "data",
      "type": "aws_lambda_invocation",
      "name": "invoke_codebuild_job",
      "provider": "module.aft.provider[\"registry.terraform.io/hashicorp/aws\"].aft_management",
      "instances": [
        {
          "schema_version": 0,
          "attributes": {
            "function_name": "aft-lambda-layer-codebuild-invoker",
            "id": "aft-lambda-layer-codebuild-invoker_$LATEST_ec0205c7aeee6e4427ca66c27a0de3a4",
            "input": "{\n  \"codebuild_project_name\": \"python-layer-builder-aft-common-qtz52mo4\"\n}\n",
            "qualifier": "$LATEST",
            "result": "{\"Status\": 200}"
          },
          "sensitive_attributes": []
        }
      ]
    },
    {
      "module": "module.aft.module.aft_lambda_layer",
      "mode": "data",
      "type": "aws_partition",
      "name": "current",
      "provider": "module.aft.provider[\"registry.terraform.io/hashicorp/aws\"].aft_management",
      "instances": [
        {
          "schema_version": 0,
          "attributes": {
            "dns_suffix": "amazonaws.com",
            "id": "aws",
            "partition": "aws",
            "reverse_dns_prefix": "com.amazonaws"
          },
          "sensitive_attributes": []
        }
      ]
    },
    {
      "module": "module.aft.module.aft_lambda_layer",
      "mode": "data",
      "type": "local_file",
      "name": "aft_lambda_layer",
      "provider": "provider[\"registry.terraform.io/hashicorp/local\"]",
      "instances": [
        {
          "schema_version": 0,
          "attributes": {
            "content": "# Copyright Amazon.com, Inc. or its affiliates. All rights reserved.\n# SPDX-License-Identifier: Apache-2.0\n#\nversion: 0.2\n\nphases:\n  install:\n    runtime-versions:\n      python: $PYTHON_VERSION\n    commands:\n      - DEFAULT_PATH=$(pwd)\n      - AWS_MODULE_SOURCE=$(aws ssm get-parameter --name $SSM_AWS_MODULE_SOURCE --query \"Parameter.Value\" --output text)\n      - AWS_MODULE_GIT_REF=$(aws ssm get-parameter --name $SSM_AWS_MODULE_GIT_REF --query \"Parameter.Value\" --output text)\n      # URL Without Access ID\n      - URL=$(echo \"$AWS_MODULE_SOURCE\" | awk '{split($0,a,\"@\"); print a[2]}')\n      - |\n        ssh_key_parameter=$(aws ssm get-parameter --name /aft/config/aft-ssh-key --with-decryption 2\u003e /dev/null || echo \"None\")\n        if [[ $ssh_key_parameter != \"None\" ]]; then\n          ssh_key=$(jq --raw-output \".Parameter.Value\" \u003c\u003c\u003c $ssh_key_parameter)\n          mkdir -p ~/.ssh\n          echo \"Host *\" \u003e\u003e ~/.ssh/config\n          echo \"StrictHostKeyChecking no\" \u003e\u003e ~/.ssh/config\n          echo \"UserKnownHostsFile=/dev/null\" \u003e\u003e ~/.ssh/config\n          echo \"$ssh_key\" \u003e ~/.ssh/ssh_key\n          echo -e \"\\n\\n\" \u003e\u003e  ~/.ssh/ssh_key\n          chmod 600 ~/.ssh/ssh_key\n          eval \"$(ssh-agent -s)\"\n          ssh-add ~/.ssh/ssh_key\n        fi\n      - git config --global credential.helper '!aws codecommit credential-helper $@'\n      - git config --global credential.UseHttpPath true\n      - echo \"Building aft_common from ${URL}:${AWS_MODULE_GIT_REF}\"\n      - git clone -b $AWS_MODULE_GIT_REF $AWS_MODULE_SOURCE aws-aft-core-framework\n      - python3 -m pip install virtualenv\n      - python3 -m venv .venv\n      - . .venv/bin/activate\n      - python3 -m pip install ./aws-aft-core-framework/sources/aft-lambda-layer\n  build:\n    commands:\n      - mkdir -p python\n      - ls\n      - mv -v ./.venv/lib/ ./python/\n      - zip -r layer.zip python\n      - aws s3 cp layer.zip s3://${BUCKET_NAME}/layer.zip\n",
            "content_base64": "IyBDb3B5cmlnaHQgQW1hem9uLmNvbSwgSW5jLiBvciBpdHMgYWZmaWxpYXRlcy4gQWxsIHJpZ2h0cyByZXNlcnZlZC4KIyBTUERYLUxpY2Vuc2UtSWRlbnRpZmllcjogQXBhY2hlLTIuMAojCnZlcnNpb246IDAuMgoKcGhhc2VzOgogIGluc3RhbGw6CiAgICBydW50aW1lLXZlcnNpb25zOgogICAgICBweXRob246ICRQWVRIT05fVkVSU0lPTgogICAgY29tbWFuZHM6CiAgICAgIC0gREVGQVVMVF9QQVRIPSQocHdkKQogICAgICAtIEFXU19NT0RVTEVfU09VUkNFPSQoYXdzIHNzbSBnZXQtcGFyYW1ldGVyIC0tbmFtZSAkU1NNX0FXU19NT0RVTEVfU09VUkNFIC0tcXVlcnkgIlBhcmFtZXRlci5WYWx1ZSIgLS1vdXRwdXQgdGV4dCkKICAgICAgLSBBV1NfTU9EVUxFX0dJVF9SRUY9JChhd3Mgc3NtIGdldC1wYXJhbWV0ZXIgLS1uYW1lICRTU01fQVdTX01PRFVMRV9HSVRfUkVGIC0tcXVlcnkgIlBhcmFtZXRlci5WYWx1ZSIgLS1vdXRwdXQgdGV4dCkKICAgICAgIyBVUkwgV2l0aG91dCBBY2Nlc3MgSUQKICAgICAgLSBVUkw9JChlY2hvICIkQVdTX01PRFVMRV9TT1VSQ0UiIHwgYXdrICd7c3BsaXQoJDAsYSwiQCIpOyBwcmludCBhWzJdfScpCiAgICAgIC0gfAogICAgICAgIHNzaF9rZXlfcGFyYW1ldGVyPSQoYXdzIHNzbSBnZXQtcGFyYW1ldGVyIC0tbmFtZSAvYWZ0L2NvbmZpZy9hZnQtc3NoLWtleSAtLXdpdGgtZGVjcnlwdGlvbiAyPiAvZGV2L251bGwgfHwgZWNobyAiTm9uZSIpCiAgICAgICAgaWYgW1sgJHNzaF9rZXlfcGFyYW1ldGVyICE9ICJOb25lIiBdXTsgdGhlbgogICAgICAgICAgc3NoX2tleT0kKGpxIC0tcmF3LW91dHB1dCAiLlBhcmFtZXRlci5WYWx1ZSIgPDw8ICRzc2hfa2V5X3BhcmFtZXRlcikKICAgICAgICAgIG1rZGlyIC1wIH4vLnNzaAogICAgICAgICAgZWNobyAiSG9zdCAqIiA+PiB+Ly5zc2gvY29uZmlnCiAgICAgICAgICBlY2hvICJTdHJpY3RIb3N0S2V5Q2hlY2tpbmcgbm8iID4+IH4vLnNzaC9jb25maWcKICAgICAgICAgIGVjaG8gIlVzZXJLbm93bkhvc3RzRmlsZT0vZGV2L251bGwiID4+IH4vLnNzaC9jb25maWcKICAgICAgICAgIGVjaG8gIiRzc2hfa2V5IiA+IH4vLnNzaC9zc2hfa2V5CiAgICAgICAgICBlY2hvIC1lICJcblxuIiA+PiAgfi8uc3NoL3NzaF9rZXkKICAgICAgICAgIGNobW9kIDYwMCB+Ly5zc2gvc3NoX2tleQogICAgICAgICAgZXZhbCAiJChzc2gtYWdlbnQgLXMpIgogICAgICAgICAgc3NoLWFkZCB+Ly5zc2gvc3NoX2tleQogICAgICAgIGZpCiAgICAgIC0gZ2l0IGNvbmZpZyAtLWdsb2JhbCBjcmVkZW50aWFsLmhlbHBlciAnIWF3cyBjb2RlY29tbWl0IGNyZWRlbnRpYWwtaGVscGVyICRAJwogICAgICAtIGdpdCBjb25maWcgLS1nbG9iYWwgY3JlZGVudGlhbC5Vc2VIdHRwUGF0aCB0cnVlCiAgICAgIC0gZWNobyAiQnVpbGRpbmcgYWZ0X2NvbW1vbiBmcm9tICR7VVJMfToke0FXU19NT0RVTEVfR0lUX1JFRn0iCiAgICAgIC0gZ2l0IGNsb25lIC1iICRBV1NfTU9EVUxFX0dJVF9SRUYgJEFXU19NT0RVTEVfU09VUkNFIGF3cy1hZnQtY29yZS1mcmFtZXdvcmsKICAgICAgLSBweXRob24zIC1tIHBpcCBpbnN0YWxsIHZpcnR1YWxlbnYKICAgICAgLSBweXRob24zIC1tIHZlbnYgLnZlbnYKICAgICAgLSAuIC52ZW52L2Jpbi9hY3RpdmF0ZQogICAgICAtIHB5dGhvbjMgLW0gcGlwIGluc3RhbGwgLi9hd3MtYWZ0LWNvcmUtZnJhbWV3b3JrL3NvdXJjZXMvYWZ0LWxhbWJkYS1sYXllcgogIGJ1aWxkOgogICAgY29tbWFuZHM6CiAgICAgIC0gbWtkaXIgLXAgcHl0aG9uCiAgICAgIC0gbHMKICAgICAgLSBtdiAtdiAuLy52ZW52L2xpYi8gLi9weXRob24vCiAgICAgIC0gemlwIC1yIGxheWVyLnppcCBweXRob24KICAgICAgLSBhd3MgczMgY3AgbGF5ZXIuemlwIHMzOi8vJHtCVUNLRVRfTkFNRX0vbGF5ZXIuemlwCg==",
            "filename": ".terraform/modules/aft/modules/aft-lambda-layer/buildspecs/aft-lambda-layer.yml",
            "id": "e7cbe092e97f9311cd3330a8c7e2dbe5dbb13ea9"
          },
          "sensitive_attributes": []
        }
      ]
    },
    {
      "module": "module.aft.module.aft_lambda_layer",
      "mode": "managed",
      "type": "aws_codebuild_project",
      "name": "codebuild",
      "provider": "module.aft.provider[\"registry.terraform.io/hashicorp/aws\"].aft_management",
      "instances": [
        {
          "schema_version": 0,
          "attributes": {
            "arn": "arn:aws:codebuild:eu-west-1:804448413129:project/python-layer-builder-aft-common-qtz52mo4",
            "artifacts": [
              {
                "artifact_identifier": "",
                "bucket_owner_access": "",
                "encryption_disabled": false,
                "location": "",
                "name": "",
                "namespace_type": "",
                "override_artifact_name": false,
                "packaging": "",
                "path": "",
                "type": "NO_ARTIFACTS"
              }
            ],
            "badge_enabled": false,
            "badge_url": "",
            "build_batch_config": [],
            "build_timeout": 10,
            "cache": [
              {
                "location": "",
                "modes": [],
                "type": "NO_CACHE"
              }
            ],
            "concurrent_build_limit": 0,
            "description": "Codebuild project to create lambda layer aft-common",
            "encryption_key": "arn:aws:kms:eu-west-1:804448413129:key/207fe238-7aba-4608-9ba2-1da2f28b1578",
            "environment": [
              {
                "certificate": "",
                "compute_type": "BUILD_GENERAL1_MEDIUM",
                "environment_variable": [
                  {
                    "name": "PYTHON_VERSION",
                    "type": "PLAINTEXT",
                    "value": "3.8"
                  },
                  {
                    "name": "LAYER_NAME",
                    "type": "PLAINTEXT",
                    "value": "aft-common"
                  },
                  {
                    "name": "BUCKET_NAME",
                    "type": "PLAINTEXT",
                    "value": "aft-customizations-pipeline-804448413129"
                  },
                  {
                    "name": "EVENT_RULE_NAME",
                    "type": "PLAINTEXT",
                    "value": "python-layer-builder-aft-common-qtz52mo4-1-8-0"
                  },
                  {
                    "name": "EVENT_TARGET_ID",
                    "type": "PLAINTEXT",
                    "value": "trigger_build"
                  },
                  {
                    "name": "SSM_AWS_MODULE_SOURCE",
                    "type": "PLAINTEXT",
                    "value": "/aft/config/aft-pipeline-code-source/repo-url"
                  },
                  {
                    "name": "SSM_AWS_MODULE_GIT_REF",
                    "type": "PLAINTEXT",
                    "value": "/aft/config/aft-pipeline-code-source/repo-git-ref"
                  },
                  {
                    "name": "AWS_PARTITION",
                    "type": "PLAINTEXT",
                    "value": "aws"
                  }
                ],
                "image": "aws/codebuild/amazonlinux2-x86_64-standard:3.0",
                "image_pull_credentials_type": "CODEBUILD",
                "privileged_mode": false,
                "registry_credential": [],
                "type": "LINUX_CONTAINER"
              }
            ],
            "file_system_locations": [],
            "id": "arn:aws:codebuild:eu-west-1:804448413129:project/python-layer-builder-aft-common-qtz52mo4",
            "logs_config": [
              {
                "cloudwatch_logs": [
                  {
                    "group_name": "python-layer-builder-aft-common-qtz52mo4",
                    "status": "ENABLED",
                    "stream_name": "build-logs"
                  }
                ],
                "s3_logs": [
                  {
                    "bucket_owner_access": "",
                    "encryption_disabled": false,
                    "location": "aft-customizations-pipeline-804448413129/aft-lambda-layer-builder-logs",
                    "status": "ENABLED"
                  }
                ]
              }
            ],
            "name": "python-layer-builder-aft-common-qtz52mo4",
            "project_visibility": "PRIVATE",
            "public_project_alias": "",
            "queued_timeout": 480,
            "resource_access_role": "",
            "secondary_artifacts": [],
            "secondary_source_version": [],
            "secondary_sources": [],
            "service_role": "arn:aws:iam::804448413129:role/python-layer-builder-aft-common-qtz52mo4",
            "source": [
              {
                "auth": [],
                "build_status_config": [],
                "buildspec": "# Copyright Amazon.com, Inc. or its affiliates. All rights reserved.\n# SPDX-License-Identifier: Apache-2.0\n#\nversion: 0.2\n\nphases:\n  install:\n    runtime-versions:\n      python: $PYTHON_VERSION\n    commands:\n      - DEFAULT_PATH=$(pwd)\n      - AWS_MODULE_SOURCE=$(aws ssm get-parameter --name $SSM_AWS_MODULE_SOURCE --query \"Parameter.Value\" --output text)\n      - AWS_MODULE_GIT_REF=$(aws ssm get-parameter --name $SSM_AWS_MODULE_GIT_REF --query \"Parameter.Value\" --output text)\n      # URL Without Access ID\n      - URL=$(echo \"$AWS_MODULE_SOURCE\" | awk '{split($0,a,\"@\"); print a[2]}')\n      - |\n        ssh_key_parameter=$(aws ssm get-parameter --name /aft/config/aft-ssh-key --with-decryption 2\u003e /dev/null || echo \"None\")\n        if [[ $ssh_key_parameter != \"None\" ]]; then\n          ssh_key=$(jq --raw-output \".Parameter.Value\" \u003c\u003c\u003c $ssh_key_parameter)\n          mkdir -p ~/.ssh\n          echo \"Host *\" \u003e\u003e ~/.ssh/config\n          echo \"StrictHostKeyChecking no\" \u003e\u003e ~/.ssh/config\n          echo \"UserKnownHostsFile=/dev/null\" \u003e\u003e ~/.ssh/config\n          echo \"$ssh_key\" \u003e ~/.ssh/ssh_key\n          echo -e \"\\n\\n\" \u003e\u003e  ~/.ssh/ssh_key\n          chmod 600 ~/.ssh/ssh_key\n          eval \"$(ssh-agent -s)\"\n          ssh-add ~/.ssh/ssh_key\n        fi\n      - git config --global credential.helper '!aws codecommit credential-helper $@'\n      - git config --global credential.UseHttpPath true\n      - echo \"Building aft_common from ${URL}:${AWS_MODULE_GIT_REF}\"\n      - git clone -b $AWS_MODULE_GIT_REF $AWS_MODULE_SOURCE aws-aft-core-framework\n      - python3 -m pip install virtualenv\n      - python3 -m venv .venv\n      - . .venv/bin/activate\n      - python3 -m pip install ./aws-aft-core-framework/sources/aft-lambda-layer\n  build:\n    commands:\n      - mkdir -p python\n      - ls\n      - mv -v ./.venv/lib/ ./python/\n      - zip -r layer.zip python\n      - aws s3 cp layer.zip s3://${BUCKET_NAME}/layer.zip\n",
                "git_clone_depth": 0,
                "git_submodules_config": [],
                "insecure_ssl": false,
                "location": "",
                "report_build_status": false,
                "type": "NO_SOURCE"
              }
            ],
            "source_version": "",
            "tags": null,
            "tags_all": {
              "managed_by": "AFT"
            },
            "vpc_config": [
              {
                "security_group_ids": [
                  "sg-0d5a3a51c1cf3042b"
                ],
                "subnets": [
                  "subnet-090ee28a6b2779f35",
                  "subnet-0fbf0295c6df87487"
                ],
                "vpc_id": "vpc-0738a48762cabc9e5"
              }
            ]
          },
          "sensitive_attributes": [],
          "private": "bnVsbA==",
          "dependencies": [
            "module.aft.data.aws_partition.current",
            "module.aft.data.local_file.version",
            "module.aft.module.aft_account_request_framework.aws_kms_key.aft",
            "module.aft.module.aft_account_request_framework.aws_security_group.aft_vpc_default_sg",
            "module.aft.module.aft_account_request_framework.aws_subnet.aft_vpc_private_subnet_01",
            "module.aft.module.aft_account_request_framework.aws_subnet.aft_vpc_private_subnet_02",
            "module.aft.module.aft_account_request_framework.aws_vpc.aft_vpc",
            "module.aft.module.aft_account_request_framework.data.aws_availability_zones.available",
            "module.aft.module.aft_customizations.aws_s3_bucket.aft_codepipeline_customizations_bucket",
            "module.aft.module.aft_customizations.data.aws_caller_identity.current",
            "module.aft.module.aft_lambda_layer.aws_iam_role.codebuild",
            "module.aft.module.aft_lambda_layer.data.aws_partition.current",
            "module.aft.module.aft_lambda_layer.data.local_file.aft_lambda_layer",
            "module.aft.module.aft_lambda_layer.random_string.resource_suffix"
          ],
          "create_before_destroy": true
        }
      ]
    },
    {
      "module": "module.aft.module.aft_lambda_layer",
      "mode": "managed",
      "type": "aws_iam_role",
      "name": "codebuild",
      "provider": "module.aft.provider[\"registry.terraform.io/hashicorp/aws\"].aft_management",
      "instances": [
        {
          "schema_version": 0,
          "attributes": {
            "arn": "arn:aws:iam::804448413129:role/python-layer-builder-aft-common-qtz52mo4",
            "assume_role_policy": "{\"Statement\":[{\"Action\":\"sts:AssumeRole\",\"Effect\":\"Allow\",\"Principal\":{\"Service\":[\"codebuild.amazonaws.com\",\"events.amazonaws.com\"]}}],\"Version\":\"2012-10-17\"}",
            "create_date": "2023-02-27T18:47:18Z",
            "description": "",
            "force_detach_policies": false,
            "id": "python-layer-builder-aft-common-qtz52mo4",
            "inline_policy": [],
            "managed_policy_arns": [],
            "max_session_duration": 3600,
            "name": "python-layer-builder-aft-common-qtz52mo4",
            "name_prefix": "",
            "path": "/",
            "permissions_boundary": null,
            "tags": null,
            "tags_all": {
              "managed_by": "AFT"
            },
            "unique_id": "AROA3WTG4UXE57RUIFAZX"
          },
          "sensitive_attributes": [],
          "private": "bnVsbA==",
          "dependencies": [
            "module.aft.data.aws_partition.current",
            "module.aft.module.aft_lambda_layer.random_string.resource_suffix"
          ],
          "create_before_destroy": true
        }
      ]
    },
    {
      "module": "module.aft.module.aft_lambda_layer",
      "mode": "managed",
      "type": "aws_iam_role",
      "name": "codebuild_invoker_lambda_role",
      "provider": "module.aft.provider[\"registry.terraform.io/hashicorp/aws\"].aft_management",
      "instances": [
        {
          "schema_version": 0,
          "attributes": {
            "arn": "arn:aws:iam::804448413129:role/codebuild_invoker_role",
            "assume_role_policy": "{\"Statement\":[{\"Action\":\"sts:AssumeRole\",\"Effect\":\"Allow\",\"Principal\":{\"Service\":[\"lambda.amazonaws.com\"]}}],\"Version\":\"2012-10-17\"}",
            "create_date": "2023-02-27T18:47:22Z",
            "description": "",
            "force_detach_policies": false,
            "id": "codebuild_invoker_role",
            "inline_policy": [],
            "managed_policy_arns": [],
            "max_session_duration": 3600,
            "name": "codebuild_invoker_role",
            "name_prefix": "",
            "path": "/",
            "permissions_boundary": null,
            "tags": null,
            "tags_all": {
              "managed_by": "AFT"
            },
            "unique_id": "AROA3WTG4UXEVHY4AFFKE"
          },
          "sensitive_attributes": [],
          "private": "bnVsbA==",
          "dependencies": [
            "module.aft.data.aws_partition.current"
          ],
          "create_before_destroy": true
        }
      ]
    },
    {
      "module": "module.aft.module.aft_lambda_layer",
      "mode": "managed",
      "type": "aws_iam_role_policy",
      "name": "codebuild",
      "provider": "module.aft.provider[\"registry.terraform.io/hashicorp/aws\"].aft_management",
      "instances": [
        {
          "schema_version": 0,
          "attributes": {
            "id": "python-layer-builder-aft-common-qtz52mo4:terraform-20230227184808971200000023",
            "name": "terraform-20230227184808971200000023",
            "name_prefix": null,
            "policy": "{\"Version\":\"2012-10-17\",\"Statement\":[{\"Action\":[\"lambda:ListLayerVersions\",\"lambda:GetLayerVersion\",\"lambda:PublishLayerVersion\"],\"Effect\":\"Allow\",\"Resource\":\"arn:aws:lambda:eu-west-1:804448413129:layer:aft-common:*\"},{\"Action\":[\"logs:CreateLogGroup\",\"logs:CreateLogStream\",\"logs:PutLogEvents\",\"events:DisableRule\"],\"Effect\":\"Allow\",\"Resource\":[\"*\"]},{\"Action\":[\"codebuild:StartBuild\",\"codebuild:StopBuild\",\"codebuild:BatchGet*\",\"codebuild:Get*\",\"codebuild:List*\",\"codecommit:GetBranch\",\"codecommit:GetCommit\",\"codecommit:GetRepository\",\"codecommit:ListBranches\"],\"Effect\":\"Allow\",\"Resource\":\"*\"},{\"Action\":[\"s3:*\"],\"Effect\":\"Allow\",\"Resource\":[\"arn:aws:s3:::aft-customizations-pipeline-804448413129\",\"arn:aws:s3:::aft-customizations-pipeline-804448413129/*\"]},{\"Action\":[\"ec2:CreateNetworkInterface\",\"ec2:DescribeDhcpOptions\",\"ec2:DescribeNetworkInterfaces\",\"ec2:DeleteNetworkInterface\",\"ec2:DescribeSubnets\",\"ec2:DescribeSecurityGroups\",\"ec2:DescribeVpcs\"],\"Effect\":\"Allow\",\"Resource\":\"*\"},{\"Action\":[\"ec2:CreateNetworkInterfacePermission\"],\"Effect\":\"Allow\",\"Resource\":[\"arn:aws:ec2:eu-west-1:804448413129:network-interface/*\"]},{\"Action\":[\"ssm:GetParameters\",\"ssm:GetParameter\"],\"Effect\":\"Allow\",\"Resource\":[\"arn:aws:ssm:eu-west-1:804448413129:parameter/aft/*\"]},{\"Action\":[\"kms:Decrypt\",\"kms:GenerateDataKey\"],\"Effect\":\"Allow\",\"Resource\":\"arn:aws:kms:eu-west-1:804448413129:key/207fe238-7aba-4608-9ba2-1da2f28b1578\"}]}",
            "role": "python-layer-builder-aft-common-qtz52mo4"
          },
          "sensitive_attributes": [],
          "private": "bnVsbA==",
          "dependencies": [
            "module.aft.data.aws_partition.current",
            "module.aft.module.aft_account_request_framework.aws_kms_key.aft",
            "module.aft.module.aft_customizations.aws_s3_bucket.aft_codepipeline_customizations_bucket",
            "module.aft.module.aft_customizations.data.aws_caller_identity.current",
            "module.aft.module.aft_lambda_layer.aws_iam_role.codebuild",
            "module.aft.module.aft_lambda_layer.data.aws_caller_identity.session",
            "module.aft.module.aft_lambda_layer.data.aws_partition.current",
            "module.aft.module.aft_lambda_layer.random_string.resource_suffix"
          ]
        }
      ]
    },
    {
      "module": "module.aft.module.aft_lambda_layer",
      "mode": "managed",
      "type": "aws_iam_role_policy",
      "name": "codebuild_invoker_policy",
      "provider": "module.aft.provider[\"registry.terraform.io/hashicorp/aws\"].aft_management",
      "instances": [
        {
          "schema_version": 0,
          "attributes": {
            "id": "codebuild_invoker_role:terraform-20230227185012711000000035",
            "name": "terraform-20230227185012711000000035",
            "name_prefix": null,
            "policy": "{\"Version\":\"2012-10-17\",\"Statement\":[{\"Action\":[\"codebuild:BatchGetBuilds\",\"codebuild:StartBuild\"],\"Effect\":\"Allow\",\"Resource\":\"arn:aws:codebuild:eu-west-1:804448413129:project/python-layer-builder-aft-common-qtz52mo4\"},{\"Action\":[\"logs:CreateLogGroup\"],\"Effect\":\"Allow\",\"Resource\":\"arn:aws:logs:eu-west-1:804448413129:*\"},{\"Action\":[\"logs:CreateLogGroup\",\"logs:PutLogEvents\"],\"Effect\":\"Allow\",\"Resource\":\"arn:aws:logs:eu-west-1:804448413129:log-group:/aws/lambda/aft-lambda-layer-codebuild-invoker:*\"}]}",
            "role": "codebuild_invoker_role"
          },
          "sensitive_attributes": [],
          "private": "bnVsbA==",
          "dependencies": [
            "module.aft.data.aws_partition.current",
            "module.aft.data.local_file.version",
            "module.aft.module.aft_account_request_framework.aws_kms_key.aft",
            "module.aft.module.aft_account_request_framework.aws_security_group.aft_vpc_default_sg",
            "module.aft.module.aft_account_request_framework.aws_subnet.aft_vpc_private_subnet_01",
            "module.aft.module.aft_account_request_framework.aws_subnet.aft_vpc_private_subnet_02",
            "module.aft.module.aft_account_request_framework.aws_vpc.aft_vpc",
            "module.aft.module.aft_account_request_framework.data.aws_availability_zones.available",
            "module.aft.module.aft_customizations.aws_s3_bucket.aft_codepipeline_customizations_bucket",
            "module.aft.module.aft_customizations.data.aws_caller_identity.current",
            "module.aft.module.aft_lambda_layer.aws_codebuild_project.codebuild",
            "module.aft.module.aft_lambda_layer.aws_iam_role.codebuild",
            "module.aft.module.aft_lambda_layer.aws_iam_role.codebuild_invoker_lambda_role",
            "module.aft.module.aft_lambda_layer.data.aws_caller_identity.session",
            "module.aft.module.aft_lambda_layer.data.aws_partition.current",
            "module.aft.module.aft_lambda_layer.data.local_file.aft_lambda_layer",
            "module.aft.module.aft_lambda_layer.random_string.resource_suffix"
          ]
        }
      ]
    },
    {
      "module": "module.aft.module.aft_lambda_layer",
      "mode": "managed",
      "type": "aws_iam_role_policy_attachment",
      "name": "codebuild_invoker_VPC_access",
      "provider": "module.aft.provider[\"registry.terraform.io/hashicorp/aws\"].aft_management",
      "instances": [
        {
          "schema_version": 0,
          "attributes": {
            "id": "codebuild_invoker_role-20230227184738904200000002",
            "policy_arn": "arn:aws:iam::aws:policy/service-role/AWSLambdaVPCAccessExecutionRole",
            "role": "codebuild_invoker_role"
          },
          "sensitive_attributes": [],
          "private": "bnVsbA==",
          "dependencies": [
            "module.aft.data.aws_partition.current",
            "module.aft.module.aft_lambda_layer.aws_iam_role.codebuild_invoker_lambda_role",
            "module.aft.module.aft_lambda_layer.data.aws_partition.current"
          ]
        }
      ]
    },
    {
      "module": "module.aft.module.aft_lambda_layer",
      "mode": "managed",
      "type": "aws_lambda_function",
      "name": "codebuild_invoker",
      "provider": "module.aft.provider[\"registry.terraform.io/hashicorp/aws\"].aft_management",
      "instances": [
        {
          "schema_version": 0,
          "attributes": {
            "architectures": [
              "x86_64"
            ],
            "arn": "arn:aws:lambda:eu-west-1:804448413129:function:aft-lambda-layer-codebuild-invoker",
            "code_signing_config_arn": "",
            "dead_letter_config": [],
            "description": "AFT Lambda Layer - CodeBuild Invoker",
            "environment": [],
            "ephemeral_storage": [
              {
                "size": 512
              }
            ],
            "file_system_config": [],
            "filename": ".terraform/modules/aft/modules/aft-archives/../../src/aft_lambda/aft_builder.zip",
            "function_name": "aft-lambda-layer-codebuild-invoker",
            "handler": "codebuild_invoker.lambda_handler",
            "id": "aft-lambda-layer-codebuild-invoker",
            "image_config": [],
            "image_uri": "",
            "invoke_arn": "arn:aws:apigateway:eu-west-1:lambda:path/2015-03-31/functions/arn:aws:lambda:eu-west-1:804448413129:function:aft-lambda-layer-codebuild-invoker/invocations",
            "kms_key_arn": "",
            "last_modified": "2023-02-27T18:49:58.647+0000",
            "layers": null,
            "memory_size": 1024,
            "package_type": "Zip",
            "publish": false,
            "qualified_arn": "arn:aws:lambda:eu-west-1:804448413129:function:aft-lambda-layer-codebuild-invoker:$LATEST",
            "qualified_invoke_arn": "arn:aws:apigateway:eu-west-1:lambda:path/2015-03-31/functions/arn:aws:lambda:eu-west-1:804448413129:function:aft-lambda-layer-codebuild-invoker:$LATEST/invocations",
            "reserved_concurrent_executions": -1,
            "role": "arn:aws:iam::804448413129:role/codebuild_invoker_role",
            "runtime": "python3.8",
            "s3_bucket": null,
            "s3_key": null,
            "s3_object_version": null,
            "signing_job_arn": "",
            "signing_profile_version_arn": "",
            "snap_start": [],
            "source_code_hash": "+tHwtIwfOn+sg1olp+OVSdAl/KIDtR4qQdZCZdRnBW8=",
            "source_code_size": 1083,
            "tags": null,
            "tags_all": {
              "managed_by": "AFT"
            },
            "timeout": 900,
            "timeouts": null,
            "tracing_config": [
              {
                "mode": "PassThrough"
              }
            ],
            "version": "$LATEST",
            "vpc_config": [
              {
                "security_group_ids": [
                  "sg-0d5a3a51c1cf3042b"
                ],
                "subnet_ids": [
                  "subnet-090ee28a6b2779f35",
                  "subnet-0fbf0295c6df87487"
                ],
                "vpc_id": "vpc-0738a48762cabc9e5"
              }
            ]
          },
          "sensitive_attributes": [],
          "private": "eyJlMmJmYjczMC1lY2FhLTExZTYtOGY4OC0zNDM2M2JjN2M0YzAiOnsiY3JlYXRlIjo2MDAwMDAwMDAwMDAsInVwZGF0ZSI6NjAwMDAwMDAwMDAwfX0=",
          "dependencies": [
            "module.aft.data.aws_partition.current",
            "module.aft.module.aft_account_request_framework.aws_security_group.aft_vpc_default_sg",
            "module.aft.module.aft_account_request_framework.aws_subnet.aft_vpc_private_subnet_01",
            "module.aft.module.aft_account_request_framework.aws_subnet.aft_vpc_private_subnet_02",
            "module.aft.module.aft_account_request_framework.aws_vpc.aft_vpc",
            "module.aft.module.aft_account_request_framework.data.aws_availability_zones.available",
            "module.aft.module.aft_lambda_layer.aws_iam_role.codebuild_invoker_lambda_role",
            "module.aft.module.packaging.data.archive_file.builder"
          ],
          "create_before_destroy": true
        }
      ]
    },
    {
      "module": "module.aft.module.aft_lambda_layer",
      "mode": "managed",
      "type": "aws_lambda_layer_version",
      "name": "layer_version",
      "provider": "module.aft.provider[\"registry.terraform.io/hashicorp/aws\"].aft_management",
      "instances": [
        {
          "schema_version": 0,
          "attributes": {
            "arn": "arn:aws:lambda:eu-west-1:804448413129:layer:aft-common-1-8-0:1",
            "compatible_architectures": null,
            "compatible_runtimes": [
              "python3.8"
            ],
            "created_date": "2023-02-27T18:55:06.698+0000",
            "description": "",
            "filename": null,
            "id": "arn:aws:lambda:eu-west-1:804448413129:layer:aft-common-1-8-0:1",
            "layer_arn": "arn:aws:lambda:eu-west-1:804448413129:layer:aft-common-1-8-0",
            "layer_name": "aft-common-1-8-0",
            "license_info": "",
            "s3_bucket": "aft-customizations-pipeline-804448413129",
            "s3_key": "layer.zip",
            "s3_object_version": null,
            "signing_job_arn": "",
            "signing_profile_version_arn": "",
            "skip_destroy": false,
            "source_code_hash": "kx29ch3EkuQVHkeLXnmx24S10fK6lE+VeIzdt4YzSK4=",
            "source_code_size": 38766049,
            "version": "1"
          },
          "sensitive_attributes": [],
          "private": "bnVsbA==",
          "dependencies": [
            "module.aft.data.aws_partition.current",
            "module.aft.data.local_file.version",
            "module.aft.module.aft_account_request_framework.aws_kms_key.aft",
            "module.aft.module.aft_account_request_framework.aws_security_group.aft_vpc_default_sg",
            "module.aft.module.aft_account_request_framework.aws_subnet.aft_vpc_private_subnet_01",
            "module.aft.module.aft_account_request_framework.aws_subnet.aft_vpc_private_subnet_02",
            "module.aft.module.aft_account_request_framework.aws_vpc.aft_vpc",
            "module.aft.module.aft_account_request_framework.data.aws_availability_zones.available",
            "module.aft.module.aft_customizations.aws_s3_bucket.aft_codepipeline_customizations_bucket",
            "module.aft.module.aft_customizations.data.aws_caller_identity.current",
            "module.aft.module.aft_lambda_layer.aws_codebuild_project.codebuild",
            "module.aft.module.aft_lambda_layer.aws_iam_role.codebuild",
            "module.aft.module.aft_lambda_layer.aws_iam_role.codebuild_invoker_lambda_role",
            "module.aft.module.aft_lambda_layer.aws_lambda_function.codebuild_invoker",
            "module.aft.module.aft_lambda_layer.data.aws_lambda_invocation.invoke_codebuild_job",
            "module.aft.module.aft_lambda_layer.data.aws_partition.current",
            "module.aft.module.aft_lambda_layer.data.local_file.aft_lambda_layer",
            "module.aft.module.aft_lambda_layer.random_string.resource_suffix",
            "module.aft.module.packaging.data.archive_file.builder"
          ],
          "create_before_destroy": true
        }
      ]
    },
    {
      "module": "module.aft.module.aft_lambda_layer",
      "mode": "managed",
      "type": "random_string",
      "name": "resource_suffix",
      "provider": "provider[\"registry.terraform.io/hashicorp/random\"]",
      "instances": [
        {
          "schema_version": 2,
          "attributes": {
            "id": "qtz52mo4",
            "keepers": null,
            "length": 8,
            "lower": true,
            "min_lower": 0,
            "min_numeric": 0,
            "min_special": 0,
            "min_upper": 0,
            "number": true,
            "numeric": true,
            "override_special": null,
            "result": "qtz52mo4",
            "special": false,
            "upper": false
          },
          "sensitive_attributes": [],
          "create_before_destroy": true
        }
      ]
    },
    {
      "module": "module.aft.module.aft_ssm_parameters",
      "mode": "managed",
      "type": "aws_ssm_parameter",
      "name": "account_customizations_repo_branch",
      "provider": "module.aft.provider[\"registry.terraform.io/hashicorp/aws\"].aft_management",
      "instances": [
        {
          "schema_version": 0,
          "attributes": {
            "allowed_pattern": "",
            "arn": "arn:aws:ssm:eu-west-1:804448413129:parameter/aft/config/account-customizations/repo-branch",
            "data_type": "text",
            "description": "",
            "id": "/aft/config/account-customizations/repo-branch",
            "insecure_value": null,
            "key_id": "",
            "name": "/aft/config/account-customizations/repo-branch",
            "overwrite": null,
            "tags": null,
            "tags_all": {
              "managed_by": "AFT"
            },
            "tier": "Standard",
            "type": "String",
            "value": "main",
            "version": 1
          },
          "sensitive_attributes": [],
          "private": "bnVsbA==",
          "dependencies": [
            "module.aft.data.aws_partition.current"
          ]
        }
      ]
    },
    {
      "module": "module.aft.module.aft_ssm_parameters",
      "mode": "managed",
      "type": "aws_ssm_parameter",
      "name": "account_customizations_repo_name",
      "provider": "module.aft.provider[\"registry.terraform.io/hashicorp/aws\"].aft_management",
      "instances": [
        {
          "schema_version": 0,
          "attributes": {
            "allowed_pattern": "",
            "arn": "arn:aws:ssm:eu-west-1:804448413129:parameter/aft/config/account-customizations/repo-name",
            "data_type": "text",
            "description": "",
            "id": "/aft/config/account-customizations/repo-name",
            "insecure_value": null,
            "key_id": "",
            "name": "/aft/config/account-customizations/repo-name",
            "overwrite": null,
            "tags": null,
            "tags_all": {
              "managed_by": "AFT"
            },
            "tier": "Standard",
            "type": "String",
            "value": "aft-account-customizations",
            "version": 1
          },
          "sensitive_attributes": [],
          "private": "bnVsbA==",
          "dependencies": [
            "module.aft.data.aws_partition.current"
          ]
        }
      ]
    },
    {
      "module": "module.aft.module.aft_ssm_parameters",
      "mode": "managed",
      "type": "aws_ssm_parameter",
      "name": "account_provisioning_customizations_repo_branch",
      "provider": "module.aft.provider[\"registry.terraform.io/hashicorp/aws\"].aft_management",
      "instances": [
        {
          "schema_version": 0,
          "attributes": {
            "allowed_pattern": "",
            "arn": "arn:aws:ssm:eu-west-1:804448413129:parameter/aft/config/account-provisioning-customizations/repo-branch",
            "data_type": "text",
            "description": "",
            "id": "/aft/config/account-provisioning-customizations/repo-branch",
            "insecure_value": null,
            "key_id": "",
            "name": "/aft/config/account-provisioning-customizations/repo-branch",
            "overwrite": null,
            "tags": null,
            "tags_all": {
              "managed_by": "AFT"
            },
            "tier": "Standard",
            "type": "String",
            "value": "main",
            "version": 1
          },
          "sensitive_attributes": [],
          "private": "bnVsbA==",
          "dependencies": [
            "module.aft.data.aws_partition.current"
          ]
        }
      ]
    },
    {
      "module": "module.aft.module.aft_ssm_parameters",
      "mode": "managed",
      "type": "aws_ssm_parameter",
      "name": "account_provisioning_customizations_repo_name",
      "provider": "module.aft.provider[\"registry.terraform.io/hashicorp/aws\"].aft_management",
      "instances": [
        {
          "schema_version": 0,
          "attributes": {
            "allowed_pattern": "",
            "arn": "arn:aws:ssm:eu-west-1:804448413129:parameter/aft/config/account-provisioning-customizations/repo-name",
            "data_type": "text",
            "description": "",
            "id": "/aft/config/account-provisioning-customizations/repo-name",
            "insecure_value": null,
            "key_id": "",
            "name": "/aft/config/account-provisioning-customizations/repo-name",
            "overwrite": null,
            "tags": null,
            "tags_all": {
              "managed_by": "AFT"
            },
            "tier": "Standard",
            "type": "String",
            "value": "aft-account-provisioning-customizations",
            "version": 1
          },
          "sensitive_attributes": [],
          "private": "bnVsbA==",
          "dependencies": [
            "module.aft.data.aws_partition.current"
          ]
        }
      ]
    },
    {
      "module": "module.aft.module.aft_ssm_parameters",
      "mode": "managed",
      "type": "aws_ssm_parameter",
      "name": "account_request_repo_branch",
      "provider": "module.aft.provider[\"registry.terraform.io/hashicorp/aws\"].aft_management",
      "instances": [
        {
          "schema_version": 0,
          "attributes": {
            "allowed_pattern": "",
            "arn": "arn:aws:ssm:eu-west-1:804448413129:parameter/aft/config/account-request/repo-branch",
            "data_type": "text",
            "description": "",
            "id": "/aft/config/account-request/repo-branch",
            "insecure_value": null,
            "key_id": "",
            "name": "/aft/config/account-request/repo-branch",
            "overwrite": null,
            "tags": null,
            "tags_all": {
              "managed_by": "AFT"
            },
            "tier": "Standard",
            "type": "String",
            "value": "main",
            "version": 1
          },
          "sensitive_attributes": [],
          "private": "bnVsbA==",
          "dependencies": [
            "module.aft.data.aws_partition.current"
          ]
        }
      ]
    },
    {
      "module": "module.aft.module.aft_ssm_parameters",
      "mode": "managed",
      "type": "aws_ssm_parameter",
      "name": "account_request_repo_name",
      "provider": "module.aft.provider[\"registry.terraform.io/hashicorp/aws\"].aft_management",
      "instances": [
        {
          "schema_version": 0,
          "attributes": {
            "allowed_pattern": "",
            "arn": "arn:aws:ssm:eu-west-1:804448413129:parameter/aft/config/account-request/repo-name",
            "data_type": "text",
            "description": "",
            "id": "/aft/config/account-request/repo-name",
            "insecure_value": null,
            "key_id": "",
            "name": "/aft/config/account-request/repo-name",
            "overwrite": null,
            "tags": null,
            "tags_all": {
              "managed_by": "AFT"
            },
            "tier": "Standard",
            "type": "String",
            "value": "aft-account-request",
            "version": 1
          },
          "sensitive_attributes": [],
          "private": "bnVsbA==",
          "dependencies": [
            "module.aft.data.aws_partition.current"
          ]
        }
      ]
    },
    {
      "module": "module.aft.module.aft_ssm_parameters",
      "mode": "managed",
      "type": "aws_ssm_parameter",
      "name": "aft_account_factory_product_name",
      "provider": "module.aft.provider[\"registry.terraform.io/hashicorp/aws\"].aft_management",
      "instances": [
        {
          "schema_version": 0,
          "attributes": {
            "allowed_pattern": "",
            "arn": "arn:aws:ssm:eu-west-1:804448413129:parameter/aft/resources/sc/account-factory-product-name",
            "data_type": "text",
            "description": "",
            "id": "/aft/resources/sc/account-factory-product-name",
            "insecure_value": null,
            "key_id": "",
            "name": "/aft/resources/sc/account-factory-product-name",
            "overwrite": null,
            "tags": null,
            "tags_all": {
              "managed_by": "AFT"
            },
            "tier": "Standard",
            "type": "String",
            "value": "AWS Control Tower Account Factory",
            "version": 1
          },
          "sensitive_attributes": [],
          "private": "bnVsbA==",
          "dependencies": [
            "module.aft.data.aws_partition.current"
          ]
        }
      ]
    },
    {
      "module": "module.aft.module.aft_ssm_parameters",
      "mode": "managed",
      "type": "aws_ssm_parameter",
      "name": "aft_account_provisioning_framework_sfn_name",
      "provider": "module.aft.provider[\"registry.terraform.io/hashicorp/aws\"].aft_management",
      "instances": [
        {
          "schema_version": 0,
          "attributes": {
            "allowed_pattern": "",
            "arn": "arn:aws:ssm:eu-west-1:804448413129:parameter/aft/account/aft-management/sfn/aft-account-provisioning-framework-sfn-name",
            "data_type": "text",
            "description": "",
            "id": "/aft/account/aft-management/sfn/aft-account-provisioning-framework-sfn-name",
            "insecure_value": null,
            "key_id": "",
            "name": "/aft/account/aft-management/sfn/aft-account-provisioning-framework-sfn-name",
            "overwrite": null,
            "tags": null,
            "tags_all": {
              "managed_by": "AFT"
            },
            "tier": "Standard",
            "type": "String",
            "value": "aft-account-provisioning-framework",
            "version": 1
          },
          "sensitive_attributes": [],
          "private": "bnVsbA==",
          "dependencies": [
            "module.aft.data.aws_partition.current"
          ]
        }
      ]
    },
    {
      "module": "module.aft.module.aft_ssm_parameters",
      "mode": "managed",
      "type": "aws_ssm_parameter",
      "name": "aft_administrator_role_name",
      "provider": "module.aft.provider[\"registry.terraform.io/hashicorp/aws\"].aft_management",
      "instances": [
        {
          "schema_version": 0,
          "attributes": {
            "allowed_pattern": "",
            "arn": "arn:aws:ssm:eu-west-1:804448413129:parameter/aft/resources/iam/aft-administrator-role-name",
            "data_type": "text",
            "description": "",
            "id": "/aft/resources/iam/aft-administrator-role-name",
            "insecure_value": null,
            "key_id": "",
            "name": "/aft/resources/iam/aft-administrator-role-name",
            "overwrite": null,
            "tags": null,
            "tags_all": {
              "managed_by": "AFT"
            },
            "tier": "Standard",
            "type": "String",
            "value": "AWSAFTAdmin",
            "version": 1
          },
          "sensitive_attributes": [],
          "private": "bnVsbA==",
          "dependencies": [
            "module.aft.data.aws_partition.current"
          ]
        }
      ]
    },
    {
      "module": "module.aft.module.aft_ssm_parameters",
      "mode": "managed",
      "type": "aws_ssm_parameter",
      "name": "aft_config_backend_bucket_id",
      "provider": "module.aft.provider[\"registry.terraform.io/hashicorp/aws\"].aft_management",
      "instances": [
        {
          "schema_version": 0,
          "attributes": {
            "allowed_pattern": "",
            "arn": "arn:aws:ssm:eu-west-1:804448413129:parameter/aft/config/oss-backend/bucket-id",
            "data_type": "text",
            "description": "",
            "id": "/aft/config/oss-backend/bucket-id",
            "insecure_value": null,
            "key_id": "",
            "name": "/aft/config/oss-backend/bucket-id",
            "overwrite": null,
            "tags": null,
            "tags_all": {
              "managed_by": "AFT"
            },
            "tier": "Standard",
            "type": "String",
            "value": "aft-backend-804448413129-primary-region",
            "version": 1
          },
          "sensitive_attributes": [],
          "private": "bnVsbA==",
          "dependencies": [
            "module.aft.data.aws_partition.current",
            "module.aft.module.aft_backend.aws_s3_bucket.primary-backend-bucket",
            "module.aft.module.aft_backend.data.aws_caller_identity.current"
          ]
        }
      ]
    },
    {
      "module": "module.aft.module.aft_ssm_parameters",
      "mode": "managed",
      "type": "aws_ssm_parameter",
      "name": "aft_config_backend_kms_key_id",
      "provider": "module.aft.provider[\"registry.terraform.io/hashicorp/aws\"].aft_management",
      "instances": [
        {
          "schema_version": 0,
          "attributes": {
            "allowed_pattern": "",
            "arn": "arn:aws:ssm:eu-west-1:804448413129:parameter/aft/config/oss-backend/kms-key-id",
            "data_type": "text",
            "description": "",
            "id": "/aft/config/oss-backend/kms-key-id",
            "insecure_value": null,
            "key_id": "",
            "name": "/aft/config/oss-backend/kms-key-id",
            "overwrite": null,
            "tags": null,
            "tags_all": {
              "managed_by": "AFT"
            },
            "tier": "Standard",
            "type": "String",
            "value": "5d837a97-4785-48fd-b112-c8f70b9e9ec8",
            "version": 1
          },
          "sensitive_attributes": [],
          "private": "bnVsbA==",
          "dependencies": [
            "module.aft.data.aws_partition.current",
            "module.aft.module.aft_backend.aws_kms_key.encrypt-primary-region",
            "module.aft.module.aft_backend.data.aws_caller_identity.current"
          ]
        }
      ]
    },
    {
      "module": "module.aft.module.aft_ssm_parameters",
      "mode": "managed",
      "type": "aws_ssm_parameter",
      "name": "aft_config_backend_primary_region",
      "provider": "module.aft.provider[\"registry.terraform.io/hashicorp/aws\"].aft_management",
      "instances": [
        {
          "schema_version": 0,
          "attributes": {
            "allowed_pattern": "",
            "arn": "arn:aws:ssm:eu-west-1:804448413129:parameter/aft/config/oss-backend/primary-region",
            "data_type": "text",
            "description": "",
            "id": "/aft/config/oss-backend/primary-region",
            "insecure_value": null,
            "key_id": "",
            "name": "/aft/config/oss-backend/primary-region",
            "overwrite": null,
            "tags": null,
            "tags_all": {
              "managed_by": "AFT"
            },
            "tier": "Standard",
            "type": "String",
            "value": "eu-west-1",
            "version": 1
          },
          "sensitive_attributes": [],
          "private": "bnVsbA==",
          "dependencies": [
            "module.aft.data.aws_partition.current"
          ]
        }
      ]
    },
    {
      "module": "module.aft.module.aft_ssm_parameters",
      "mode": "managed",
      "type": "aws_ssm_parameter",
      "name": "aft_config_backend_secondary_region",
      "provider": "module.aft.provider[\"registry.terraform.io/hashicorp/aws\"].aft_management",
      "instances": [
        {
          "schema_version": 0,
          "attributes": {
            "allowed_pattern": "",
            "arn": "arn:aws:ssm:eu-west-1:804448413129:parameter/aft/config/oss-backend/secondary-region",
            "data_type": "text",
            "description": "",
            "id": "/aft/config/oss-backend/secondary-region",
            "insecure_value": null,
            "key_id": "",
            "name": "/aft/config/oss-backend/secondary-region",
            "overwrite": null,
            "tags": null,
            "tags_all": {
              "managed_by": "AFT"
            },
            "tier": "Standard",
            "type": "String",
            "value": "eu-west-2",
            "version": 1
          },
          "sensitive_attributes": [],
          "private": "bnVsbA==",
          "dependencies": [
            "module.aft.data.aws_partition.current"
          ]
        }
      ]
    },
    {
      "module": "module.aft.module.aft_ssm_parameters",
      "mode": "managed",
      "type": "aws_ssm_parameter",
      "name": "aft_config_backend_table_id",
      "provider": "module.aft.provider[\"registry.terraform.io/hashicorp/aws\"].aft_management",
      "instances": [
        {
          "schema_version": 0,
          "attributes": {
            "allowed_pattern": "",
            "arn": "arn:aws:ssm:eu-west-1:804448413129:parameter/aft/config/oss-backend/table-id",
            "data_type": "text",
            "description": "",
            "id": "/aft/config/oss-backend/table-id",
            "insecure_value": null,
            "key_id": "",
            "name": "/aft/config/oss-backend/table-id",
            "overwrite": null,
            "tags": null,
            "tags_all": {
              "managed_by": "AFT"
            },
            "tier": "Standard",
            "type": "String",
            "value": "aft-backend-804448413129",
            "version": 1
          },
          "sensitive_attributes": [],
          "private": "bnVsbA==",
          "dependencies": [
            "module.aft.data.aws_partition.current",
            "module.aft.module.aft_backend.aws_dynamodb_table.lock-table",
            "module.aft.module.aft_backend.data.aws_caller_identity.current"
          ]
        }
      ]
    },
    {
      "module": "module.aft.module.aft_ssm_parameters",
      "mode": "managed",
      "type": "aws_ssm_parameter",
      "name": "aft_controltower_events_table_name",
      "provider": "module.aft.provider[\"registry.terraform.io/hashicorp/aws\"].aft_management",
      "instances": [
        {
          "schema_version": 0,
          "attributes": {
            "allowed_pattern": "",
            "arn": "arn:aws:ssm:eu-west-1:804448413129:parameter/aft/resources/ddb/aft-controltower-events-table-name",
            "data_type": "text",
            "description": "",
            "id": "/aft/resources/ddb/aft-controltower-events-table-name",
            "insecure_value": null,
            "key_id": "",
            "name": "/aft/resources/ddb/aft-controltower-events-table-name",
            "overwrite": null,
            "tags": null,
            "tags_all": {
              "managed_by": "AFT"
            },
            "tier": "Standard",
            "type": "String",
            "value": "aft-controltower-events",
            "version": 1
          },
          "sensitive_attributes": [],
          "private": "bnVsbA==",
          "dependencies": [
            "module.aft.data.aws_partition.current",
            "module.aft.module.aft_account_request_framework.aws_dynamodb_table.aft_controltower_events",
            "module.aft.module.aft_account_request_framework.aws_kms_key.aft"
          ]
        }
      ]
    },
    {
      "module": "module.aft.module.aft_ssm_parameters",
      "mode": "managed",
      "type": "aws_ssm_parameter",
      "name": "aft_customizations_execute_pipeline_function_arn",
      "provider": "module.aft.provider[\"registry.terraform.io/hashicorp/aws\"].aft_management",
      "instances": [
        {
          "schema_version": 0,
          "attributes": {
            "allowed_pattern": "",
            "arn": "arn:aws:ssm:eu-west-1:804448413129:parameter/aft/resources/lambda/aft-customizations-execute-pipeline-function-arn",
            "data_type": "text",
            "description": "",
            "id": "/aft/resources/lambda/aft-customizations-execute-pipeline-function-arn",
            "insecure_value": null,
            "key_id": "",
            "name": "/aft/resources/lambda/aft-customizations-execute-pipeline-function-arn",
            "overwrite": null,
            "tags": null,
            "tags_all": {
              "managed_by": "AFT"
            },
            "tier": "Standard",
            "type": "String",
            "value": "arn:aws:lambda:eu-west-1:804448413129:function:aft-customizations-execute-pipeline",
            "version": 1
          },
          "sensitive_attributes": [],
          "private": "bnVsbA==",
          "dependencies": [
            "module.aft.data.aws_partition.current",
            "module.aft.data.local_file.version",
            "module.aft.module.aft_account_request_framework.aws_kms_key.aft",
            "module.aft.module.aft_account_request_framework.aws_security_group.aft_vpc_default_sg",
            "module.aft.module.aft_account_request_framework.aws_subnet.aft_vpc_private_subnet_01",
            "module.aft.module.aft_account_request_framework.aws_subnet.aft_vpc_private_subnet_02",
            "module.aft.module.aft_account_request_framework.aws_vpc.aft_vpc",
            "module.aft.module.aft_account_request_framework.data.aws_availability_zones.available",
            "module.aft.module.aft_customizations.aws_iam_role.aft_customizations_execute_pipeline_lambda",
            "module.aft.module.aft_customizations.aws_lambda_function.aft_customizations_execute_pipeline",
            "module.aft.module.aft_customizations.aws_s3_bucket.aft_codepipeline_customizations_bucket",
            "module.aft.module.aft_customizations.data.aws_caller_identity.current",
            "module.aft.module.aft_lambda_layer.aws_codebuild_project.codebuild",
            "module.aft.module.aft_lambda_layer.aws_iam_role.codebuild",
            "module.aft.module.aft_lambda_layer.aws_iam_role.codebuild_invoker_lambda_role",
            "module.aft.module.aft_lambda_layer.aws_lambda_function.codebuild_invoker",
            "module.aft.module.aft_lambda_layer.aws_lambda_layer_version.layer_version",
            "module.aft.module.aft_lambda_layer.data.aws_lambda_invocation.invoke_codebuild_job",
            "module.aft.module.aft_lambda_layer.data.aws_partition.current",
            "module.aft.module.aft_lambda_layer.data.local_file.aft_lambda_layer",
            "module.aft.module.aft_lambda_layer.random_string.resource_suffix",
            "module.aft.module.packaging.data.archive_file.builder",
            "module.aft.module.packaging.data.archive_file.customizations"
          ]
        }
      ]
    },
    {
      "module": "module.aft.module.aft_ssm_parameters",
      "mode": "managed",
      "type": "aws_ssm_parameter",
      "name": "aft_customizations_get_pipeline_executions_function_arn",
      "provider": "module.aft.provider[\"registry.terraform.io/hashicorp/aws\"].aft_management",
      "instances": [
        {
          "schema_version": 0,
          "attributes": {
            "allowed_pattern": "",
            "arn": "arn:aws:ssm:eu-west-1:804448413129:parameter/aft/resources/lambda/aft-customizations-get-pipeline-executions-function-arn",
            "data_type": "text",
            "description": "",
            "id": "/aft/resources/lambda/aft-customizations-get-pipeline-executions-function-arn",
            "insecure_value": null,
            "key_id": "",
            "name": "/aft/resources/lambda/aft-customizations-get-pipeline-executions-function-arn",
            "overwrite": null,
            "tags": null,
            "tags_all": {
              "managed_by": "AFT"
            },
            "tier": "Standard",
            "type": "String",
            "value": "arn:aws:lambda:eu-west-1:804448413129:function:aft-customizations-get-pipeline-executions",
            "version": 1
          },
          "sensitive_attributes": [],
          "private": "bnVsbA==",
          "dependencies": [
            "module.aft.data.aws_partition.current",
            "module.aft.data.local_file.version",
            "module.aft.module.aft_account_request_framework.aws_kms_key.aft",
            "module.aft.module.aft_account_request_framework.aws_security_group.aft_vpc_default_sg",
            "module.aft.module.aft_account_request_framework.aws_subnet.aft_vpc_private_subnet_01",
            "module.aft.module.aft_account_request_framework.aws_subnet.aft_vpc_private_subnet_02",
            "module.aft.module.aft_account_request_framework.aws_vpc.aft_vpc",
            "module.aft.module.aft_account_request_framework.data.aws_availability_zones.available",
            "module.aft.module.aft_customizations.aws_iam_role.aft_customizations_get_pipeline_executions_lambda",
            "module.aft.module.aft_customizations.aws_lambda_function.aft_customizations_get_pipeline_executions",
            "module.aft.module.aft_customizations.aws_s3_bucket.aft_codepipeline_customizations_bucket",
            "module.aft.module.aft_customizations.data.aws_caller_identity.current",
            "module.aft.module.aft_lambda_layer.aws_codebuild_project.codebuild",
            "module.aft.module.aft_lambda_layer.aws_iam_role.codebuild",
            "module.aft.module.aft_lambda_layer.aws_iam_role.codebuild_invoker_lambda_role",
            "module.aft.module.aft_lambda_layer.aws_lambda_function.codebuild_invoker",
            "module.aft.module.aft_lambda_layer.aws_lambda_layer_version.layer_version",
            "module.aft.module.aft_lambda_layer.data.aws_lambda_invocation.invoke_codebuild_job",
            "module.aft.module.aft_lambda_layer.data.aws_partition.current",
            "module.aft.module.aft_lambda_layer.data.local_file.aft_lambda_layer",
            "module.aft.module.aft_lambda_layer.random_string.resource_suffix",
            "module.aft.module.packaging.data.archive_file.builder",
            "module.aft.module.packaging.data.archive_file.customizations"
          ]
        }
      ]
    },
    {
      "module": "module.aft.module.aft_ssm_parameters",
      "mode": "managed",
      "type": "aws_ssm_parameter",
      "name": "aft_customizations_identify_targets_function_arn",
      "provider": "module.aft.provider[\"registry.terraform.io/hashicorp/aws\"].aft_management",
      "instances": [
        {
          "schema_version": 0,
          "attributes": {
            "allowed_pattern": "",
            "arn": "arn:aws:ssm:eu-west-1:804448413129:parameter/aft/resources/lambda/aft-customizations-identify-targets-function-arn",
            "data_type": "text",
            "description": "",
            "id": "/aft/resources/lambda/aft-customizations-identify-targets-function-arn",
            "insecure_value": null,
            "key_id": "",
            "name": "/aft/resources/lambda/aft-customizations-identify-targets-function-arn",
            "overwrite": null,
            "tags": null,
            "tags_all": {
              "managed_by": "AFT"
            },
            "tier": "Standard",
            "type": "String",
            "value": "arn:aws:lambda:eu-west-1:804448413129:function:aft-customizations-identify-targets",
            "version": 1
          },
          "sensitive_attributes": [],
          "private": "bnVsbA==",
          "dependencies": [
            "module.aft.data.aws_partition.current",
            "module.aft.data.local_file.version",
            "module.aft.module.aft_account_request_framework.aws_kms_key.aft",
            "module.aft.module.aft_account_request_framework.aws_security_group.aft_vpc_default_sg",
            "module.aft.module.aft_account_request_framework.aws_subnet.aft_vpc_private_subnet_01",
            "module.aft.module.aft_account_request_framework.aws_subnet.aft_vpc_private_subnet_02",
            "module.aft.module.aft_account_request_framework.aws_vpc.aft_vpc",
            "module.aft.module.aft_account_request_framework.data.aws_availability_zones.available",
            "module.aft.module.aft_customizations.aws_iam_role.aft_customizations_identify_targets_lambda",
            "module.aft.module.aft_customizations.aws_lambda_function.aft_customizations_identify_targets",
            "module.aft.module.aft_customizations.aws_s3_bucket.aft_codepipeline_customizations_bucket",
            "module.aft.module.aft_customizations.data.aws_caller_identity.current",
            "module.aft.module.aft_lambda_layer.aws_codebuild_project.codebuild",
            "module.aft.module.aft_lambda_layer.aws_iam_role.codebuild",
            "module.aft.module.aft_lambda_layer.aws_iam_role.codebuild_invoker_lambda_role",
            "module.aft.module.aft_lambda_layer.aws_lambda_function.codebuild_invoker",
            "module.aft.module.aft_lambda_layer.aws_lambda_layer_version.layer_version",
            "module.aft.module.aft_lambda_layer.data.aws_lambda_invocation.invoke_codebuild_job",
            "module.aft.module.aft_lambda_layer.data.aws_partition.current",
            "module.aft.module.aft_lambda_layer.data.local_file.aft_lambda_layer",
            "module.aft.module.aft_lambda_layer.random_string.resource_suffix",
            "module.aft.module.packaging.data.archive_file.builder",
            "module.aft.module.packaging.data.archive_file.customizations"
          ]
        }
      ]
    },
    {
      "module": "module.aft.module.aft_ssm_parameters",
      "mode": "managed",
      "type": "aws_ssm_parameter",
      "name": "aft_execution_role_name",
      "provider": "module.aft.provider[\"registry.terraform.io/hashicorp/aws\"].aft_management",
      "instances": [
        {
          "schema_version": 0,
          "attributes": {
            "allowed_pattern": "",
            "arn": "arn:aws:ssm:eu-west-1:804448413129:parameter/aft/resources/iam/aft-execution-role-name",
            "data_type": "text",
            "description": "",
            "id": "/aft/resources/iam/aft-execution-role-name",
            "insecure_value": null,
            "key_id": "",
            "name": "/aft/resources/iam/aft-execution-role-name",
            "overwrite": null,
            "tags": null,
            "tags_all": {
              "managed_by": "AFT"
            },
            "tier": "Standard",
            "type": "String",
            "value": "AWSAFTExecution",
            "version": 1
          },
          "sensitive_attributes": [],
          "private": "bnVsbA==",
          "dependencies": [
            "module.aft.data.aws_partition.current"
          ]
        }
      ]
    },
    {
      "module": "module.aft.module.aft_ssm_parameters",
      "mode": "managed",
      "type": "aws_ssm_parameter",
      "name": "aft_failure_sns_topic_arn",
      "provider": "module.aft.provider[\"registry.terraform.io/hashicorp/aws\"].aft_management",
      "instances": [
        {
          "schema_version": 0,
          "attributes": {
            "allowed_pattern": "",
            "arn": "arn:aws:ssm:eu-west-1:804448413129:parameter/aft/account/aft-management/sns/failure-topic-arn",
            "data_type": "text",
            "description": "",
            "id": "/aft/account/aft-management/sns/failure-topic-arn",
            "insecure_value": null,
            "key_id": "",
            "name": "/aft/account/aft-management/sns/failure-topic-arn",
            "overwrite": null,
            "tags": null,
            "tags_all": {
              "managed_by": "AFT"
            },
            "tier": "Standard",
            "type": "String",
            "value": "arn:aws:sns:eu-west-1:804448413129:aft-failure-notifications",
            "version": 1
          },
          "sensitive_attributes": [],
          "private": "bnVsbA==",
          "dependencies": [
            "module.aft.data.aws_partition.current",
            "module.aft.module.aft_account_request_framework.aws_sns_topic.aft_failure_notifications"
          ]
        }
      ]
    },
    {
      "module": "module.aft.module.aft_ssm_parameters",
      "mode": "managed",
      "type": "aws_ssm_parameter",
      "name": "aft_feature_cloudtrail_data_events",
      "provider": "module.aft.provider[\"registry.terraform.io/hashicorp/aws\"].aft_management",
      "instances": [
        {
          "schema_version": 0,
          "attributes": {
            "allowed_pattern": "",
            "arn": "arn:aws:ssm:eu-west-1:804448413129:parameter/aft/config/feature/cloudtrail-data-events-enabled",
            "data_type": "text",
            "description": "",
            "id": "/aft/config/feature/cloudtrail-data-events-enabled",
            "insecure_value": null,
            "key_id": "",
            "name": "/aft/config/feature/cloudtrail-data-events-enabled",
            "overwrite": null,
            "tags": null,
            "tags_all": {
              "managed_by": "AFT"
            },
            "tier": "Standard",
            "type": "String",
            "value": "false",
            "version": 1
          },
          "sensitive_attributes": [],
          "private": "bnVsbA==",
          "dependencies": [
            "module.aft.data.aws_partition.current"
          ]
        }
      ]
    },
    {
      "module": "module.aft.module.aft_ssm_parameters",
      "mode": "managed",
      "type": "aws_ssm_parameter",
      "name": "aft_feature_delete_default_vpcs_enabled",
      "provider": "module.aft.provider[\"registry.terraform.io/hashicorp/aws\"].aft_management",
      "instances": [
        {
          "schema_version": 0,
          "attributes": {
            "allowed_pattern": "",
            "arn": "arn:aws:ssm:eu-west-1:804448413129:parameter/aft/config/feature/delete-default-vpcs-enabled",
            "data_type": "text",
            "description": "",
            "id": "/aft/config/feature/delete-default-vpcs-enabled",
            "insecure_value": null,
            "key_id": "",
            "name": "/aft/config/feature/delete-default-vpcs-enabled",
            "overwrite": null,
            "tags": null,
            "tags_all": {
              "managed_by": "AFT"
            },
            "tier": "Standard",
            "type": "String",
            "value": "false",
            "version": 1
          },
          "sensitive_attributes": [],
          "private": "bnVsbA==",
          "dependencies": [
            "module.aft.data.aws_partition.current"
          ]
        }
      ]
    },
    {
      "module": "module.aft.module.aft_ssm_parameters",
      "mode": "managed",
      "type": "aws_ssm_parameter",
      "name": "aft_feature_enterprise_support",
      "provider": "module.aft.provider[\"registry.terraform.io/hashicorp/aws\"].aft_management",
      "instances": [
        {
          "schema_version": 0,
          "attributes": {
            "allowed_pattern": "",
            "arn": "arn:aws:ssm:eu-west-1:804448413129:parameter/aft/config/feature/enterprise-support-enabled",
            "data_type": "text",
            "description": "",
            "id": "/aft/config/feature/enterprise-support-enabled",
            "insecure_value": null,
            "key_id": "",
            "name": "/aft/config/feature/enterprise-support-enabled",
            "overwrite": null,
            "tags": null,
            "tags_all": {
              "managed_by": "AFT"
            },
            "tier": "Standard",
            "type": "String",
            "value": "false",
            "version": 1
          },
          "sensitive_attributes": [],
          "private": "bnVsbA==",
          "dependencies": [
            "module.aft.data.aws_partition.current"
          ]
        }
      ]
    },
    {
      "module": "module.aft.module.aft_ssm_parameters",
      "mode": "managed",
      "type": "aws_ssm_parameter",
      "name": "aft_framework_repo_git_ref",
      "provider": "module.aft.provider[\"registry.terraform.io/hashicorp/aws\"].aft_management",
      "instances": [
        {
          "schema_version": 0,
          "attributes": {
            "allowed_pattern": "",
            "arn": "arn:aws:ssm:eu-west-1:804448413129:parameter/aft/config/aft-pipeline-code-source/repo-git-ref",
            "data_type": "text",
            "description": "",
            "id": "/aft/config/aft-pipeline-code-source/repo-git-ref",
            "insecure_value": null,
            "key_id": "",
            "name": "/aft/config/aft-pipeline-code-source/repo-git-ref",
            "overwrite": null,
            "tags": null,
            "tags_all": {
              "managed_by": "AFT"
            },
            "tier": "Standard",
            "type": "String",
            "value": "1.8.0",
            "version": 1
          },
          "sensitive_attributes": [],
          "private": "bnVsbA==",
          "dependencies": [
            "module.aft.data.aws_partition.current",
            "module.aft.data.local_file.version"
          ]
        }
      ]
    },
    {
      "module": "module.aft.module.aft_ssm_parameters",
      "mode": "managed",
      "type": "aws_ssm_parameter",
      "name": "aft_framework_repo_url",
      "provider": "module.aft.provider[\"registry.terraform.io/hashicorp/aws\"].aft_management",
      "instances": [
        {
          "schema_version": 0,
          "attributes": {
            "allowed_pattern": "",
            "arn": "arn:aws:ssm:eu-west-1:804448413129:parameter/aft/config/aft-pipeline-code-source/repo-url",
            "data_type": "text",
            "description": "",
            "id": "/aft/config/aft-pipeline-code-source/repo-url",
            "insecure_value": null,
            "key_id": "",
            "name": "/aft/config/aft-pipeline-code-source/repo-url",
            "overwrite": null,
            "tags": null,
            "tags_all": {
              "managed_by": "AFT"
            },
            "tier": "Standard",
            "type": "String",
            "value": "https://github.com/aws-ia/terraform-aws-control_tower_account_factory.git",
            "version": 1
          },
          "sensitive_attributes": [],
          "private": "bnVsbA==",
          "dependencies": [
            "module.aft.data.aws_partition.current"
          ]
        }
      ]
    },
    {
      "module": "module.aft.module.aft_ssm_parameters",
      "mode": "managed",
      "type": "aws_ssm_parameter",
      "name": "aft_invoke_aft_account_provisioning_framework_lambda_function_name",
      "provider": "module.aft.provider[\"registry.terraform.io/hashicorp/aws\"].aft_management",
      "instances": [
        {
          "schema_version": 0,
          "attributes": {
            "allowed_pattern": "",
            "arn": "arn:aws:ssm:eu-west-1:804448413129:parameter/aft/resources/lambda/aft-invoke-aft-account-provisioning-framework",
            "data_type": "text",
            "description": "",
            "id": "/aft/resources/lambda/aft-invoke-aft-account-provisioning-framework",
            "insecure_value": null,
            "key_id": "",
            "name": "/aft/resources/lambda/aft-invoke-aft-account-provisioning-framework",
            "overwrite": null,
            "tags": null,
            "tags_all": {
              "managed_by": "AFT"
            },
            "tier": "Standard",
            "type": "String",
            "value": "aft-invoke-aft-account-provisioning-framework",
            "version": 1
          },
          "sensitive_attributes": [],
          "private": "bnVsbA==",
          "dependencies": [
            "module.aft.data.aws_partition.current",
            "module.aft.data.local_file.version",
            "module.aft.module.aft_account_request_framework.aws_iam_role.aft_invoke_aft_account_provisioning_framework",
            "module.aft.module.aft_account_request_framework.aws_kms_key.aft",
            "module.aft.module.aft_account_request_framework.aws_lambda_function.aft_invoke_aft_account_provisioning_framework",
            "module.aft.module.aft_account_request_framework.aws_security_group.aft_vpc_default_sg",
            "module.aft.module.aft_account_request_framework.aws_subnet.aft_vpc_private_subnet_01",
            "module.aft.module.aft_account_request_framework.aws_subnet.aft_vpc_private_subnet_02",
            "module.aft.module.aft_account_request_framework.aws_vpc.aft_vpc",
            "module.aft.module.aft_account_request_framework.data.aws_availability_zones.available",
            "module.aft.module.aft_customizations.aws_s3_bucket.aft_codepipeline_customizations_bucket",
            "module.aft.module.aft_customizations.data.aws_caller_identity.current",
            "module.aft.module.aft_lambda_layer.aws_codebuild_project.codebuild",
            "module.aft.module.aft_lambda_layer.aws_iam_role.codebuild",
            "module.aft.module.aft_lambda_layer.aws_iam_role.codebuild_invoker_lambda_role",
            "module.aft.module.aft_lambda_layer.aws_lambda_function.codebuild_invoker",
            "module.aft.module.aft_lambda_layer.aws_lambda_layer_version.layer_version",
            "module.aft.module.aft_lambda_layer.data.aws_lambda_invocation.invoke_codebuild_job",
            "module.aft.module.aft_lambda_layer.data.aws_partition.current",
            "module.aft.module.aft_lambda_layer.data.local_file.aft_lambda_layer",
            "module.aft.module.aft_lambda_layer.random_string.resource_suffix",
            "module.aft.module.packaging.data.archive_file.builder",
            "module.aft.module.packaging.data.archive_file.request_framework"
          ]
        }
      ]
    },
    {
      "module": "module.aft.module.aft_ssm_parameters",
      "mode": "managed",
      "type": "aws_ssm_parameter",
      "name": "aft_invoke_aft_cleanup_resources_lambda_function_name",
      "provider": "module.aft.provider[\"registry.terraform.io/hashicorp/aws\"].aft_management",
      "instances": [
        {
          "schema_version": 0,
          "attributes": {
            "allowed_pattern": "",
            "arn": "arn:aws:ssm:eu-west-1:804448413129:parameter/aft/resources/lambda/aft-cleanup-resources",
            "data_type": "text",
            "description": "",
            "id": "/aft/resources/lambda/aft-cleanup-resources",
            "insecure_value": null,
            "key_id": "",
            "name": "/aft/resources/lambda/aft-cleanup-resources",
            "overwrite": null,
            "tags": null,
            "tags_all": {
              "managed_by": "AFT"
            },
            "tier": "Standard",
            "type": "String",
            "value": "aft-cleanup-resources",
            "version": 1
          },
          "sensitive_attributes": [],
          "private": "bnVsbA==",
          "dependencies": [
            "module.aft.data.aws_partition.current",
            "module.aft.data.local_file.version",
            "module.aft.module.aft_account_request_framework.aws_iam_role.aft_cleanup_resources",
            "module.aft.module.aft_account_request_framework.aws_kms_key.aft",
            "module.aft.module.aft_account_request_framework.aws_lambda_function.aft_cleanup_resources",
            "module.aft.module.aft_account_request_framework.aws_security_group.aft_vpc_default_sg",
            "module.aft.module.aft_account_request_framework.aws_subnet.aft_vpc_private_subnet_01",
            "module.aft.module.aft_account_request_framework.aws_subnet.aft_vpc_private_subnet_02",
            "module.aft.module.aft_account_request_framework.aws_vpc.aft_vpc",
            "module.aft.module.aft_account_request_framework.data.aws_availability_zones.available",
            "module.aft.module.aft_customizations.aws_s3_bucket.aft_codepipeline_customizations_bucket",
            "module.aft.module.aft_customizations.data.aws_caller_identity.current",
            "module.aft.module.aft_lambda_layer.aws_codebuild_project.codebuild",
            "module.aft.module.aft_lambda_layer.aws_iam_role.codebuild",
            "module.aft.module.aft_lambda_layer.aws_iam_role.codebuild_invoker_lambda_role",
            "module.aft.module.aft_lambda_layer.aws_lambda_function.codebuild_invoker",
            "module.aft.module.aft_lambda_layer.aws_lambda_layer_version.layer_version",
            "module.aft.module.aft_lambda_layer.data.aws_lambda_invocation.invoke_codebuild_job",
            "module.aft.module.aft_lambda_layer.data.aws_partition.current",
            "module.aft.module.aft_lambda_layer.data.local_file.aft_lambda_layer",
            "module.aft.module.aft_lambda_layer.random_string.resource_suffix",
            "module.aft.module.packaging.data.archive_file.builder",
            "module.aft.module.packaging.data.archive_file.request_framework"
          ]
        }
      ]
    },
    {
      "module": "module.aft.module.aft_ssm_parameters",
      "mode": "managed",
      "type": "aws_ssm_parameter",
      "name": "aft_log_key_arn",
      "provider": "module.aft.provider[\"registry.terraform.io/hashicorp/aws\"].aft_management",
      "instances": [
        {
          "schema_version": 0,
          "attributes": {
            "allowed_pattern": "",
            "arn": "arn:aws:ssm:eu-west-1:804448413129:parameter/aft/account/log-archive/kms_key_arn",
            "data_type": "text",
            "description": "",
            "id": "/aft/account/log-archive/kms_key_arn",
            "insecure_value": null,
            "key_id": "",
            "name": "/aft/account/log-archive/kms_key_arn",
            "overwrite": null,
            "tags": null,
            "tags_all": {
              "managed_by": "AFT"
            },
            "tier": "Standard",
            "type": "String",
            "value": "arn:aws:kms:eu-west-1:449948395722:key/663a876e-3a60-4422-bd81-bccd7df54ce1",
            "version": 1
          },
          "sensitive_attributes": [],
          "private": "bnVsbA==",
          "dependencies": [
            "module.aft.data.aws_partition.current",
            "module.aft.module.aft_feature_options.aws_kms_key.aft_log_key",
            "module.aft.module.aft_feature_options.data.aws_partition.current"
          ]
        }
      ]
    },
    {
      "module": "module.aft.module.aft_ssm_parameters",
      "mode": "managed",
      "type": "aws_ssm_parameter",
      "name": "aft_logging_bucket_arn",
      "provider": "module.aft.provider[\"registry.terraform.io/hashicorp/aws\"].aft_management",
      "instances": [
        {
          "schema_version": 0,
          "attributes": {
            "allowed_pattern": "",
            "arn": "arn:aws:ssm:eu-west-1:804448413129:parameter/aft/account/log-archive/log_bucket_arn",
            "data_type": "text",
            "description": "",
            "id": "/aft/account/log-archive/log_bucket_arn",
            "insecure_value": null,
            "key_id": "",
            "name": "/aft/account/log-archive/log_bucket_arn",
            "overwrite": null,
            "tags": null,
            "tags_all": {
              "managed_by": "AFT"
            },
            "tier": "Standard",
            "type": "String",
            "value": "arn:aws:s3:::aws-aft-logs-449948395722-eu-west-1",
            "version": 1
          },
          "sensitive_attributes": [],
          "private": "bnVsbA==",
          "dependencies": [
            "module.aft.data.aws_partition.current",
            "module.aft.module.aft_feature_options.aws_s3_bucket.aft_logging_bucket",
            "module.aft.module.aft_feature_options.data.aws_region.current"
          ]
        }
      ]
    },
    {
      "module": "module.aft.module.aft_ssm_parameters",
      "mode": "managed",
      "type": "aws_ssm_parameter",
      "name": "aft_management_account_id",
      "provider": "module.aft.provider[\"registry.terraform.io/hashicorp/aws\"].aft_management",
      "instances": [
        {
          "schema_version": 0,
          "attributes": {
            "allowed_pattern": "",
            "arn": "arn:aws:ssm:eu-west-1:804448413129:parameter/aft/account/aft-management/account-id",
            "data_type": "text",
            "description": "",
            "id": "/aft/account/aft-management/account-id",
            "insecure_value": null,
            "key_id": "",
            "name": "/aft/account/aft-management/account-id",
            "overwrite": null,
            "tags": null,
            "tags_all": {
              "managed_by": "AFT"
            },
            "tier": "Standard",
            "type": "String",
            "value": "804448413129",
            "version": 1
          },
          "sensitive_attributes": [],
          "private": "bnVsbA==",
          "dependencies": [
            "module.aft.data.aws_partition.current"
          ]
        }
      ]
    },
    {
      "module": "module.aft.module.aft_ssm_parameters",
      "mode": "managed",
      "type": "aws_ssm_parameter",
      "name": "aft_maximum_concurrent_customizations",
      "provider": "module.aft.provider[\"registry.terraform.io/hashicorp/aws\"].aft_management",
      "instances": [
        {
          "schema_version": 0,
          "attributes": {
            "allowed_pattern": "",
            "arn": "arn:aws:ssm:eu-west-1:804448413129:parameter/aft/config/customizations/maximum_concurrent_customizations",
            "data_type": "text",
            "description": "",
            "id": "/aft/config/customizations/maximum_concurrent_customizations",
            "insecure_value": null,
            "key_id": "",
            "name": "/aft/config/customizations/maximum_concurrent_customizations",
            "overwrite": null,
            "tags": null,
            "tags_all": {
              "managed_by": "AFT"
            },
            "tier": "Standard",
            "type": "String",
            "value": "5",
            "version": 1
          },
          "sensitive_attributes": [],
          "private": "bnVsbA==",
          "dependencies": [
            "module.aft.data.aws_partition.current"
          ]
        }
      ]
    },
    {
      "module": "module.aft.module.aft_ssm_parameters",
      "mode": "managed",
      "type": "aws_ssm_parameter",
      "name": "aft_metrics_reporting",
      "provider": "module.aft.provider[\"registry.terraform.io/hashicorp/aws\"].aft_management",
      "instances": [
        {
          "schema_version": 0,
          "attributes": {
            "allowed_pattern": "",
            "arn": "arn:aws:ssm:eu-west-1:804448413129:parameter/aft/config/metrics-reporting",
            "data_type": "text",
            "description": "",
            "id": "/aft/config/metrics-reporting",
            "insecure_value": null,
            "key_id": "",
            "name": "/aft/config/metrics-reporting",
            "overwrite": null,
            "tags": null,
            "tags_all": {
              "managed_by": "AFT"
            },
            "tier": "Standard",
            "type": "String",
            "value": "true",
            "version": 1
          },
          "sensitive_attributes": [],
          "private": "bnVsbA==",
          "dependencies": [
            "module.aft.data.aws_partition.current"
          ]
        }
      ]
    },
    {
      "module": "module.aft.module.aft_ssm_parameters",
      "mode": "managed",
      "type": "aws_ssm_parameter",
      "name": "aft_metrics_reporting_uuid",
      "provider": "module.aft.provider[\"registry.terraform.io/hashicorp/aws\"].aft_management",
      "instances": [
        {
          "schema_version": 0,
          "attributes": {
            "allowed_pattern": "",
            "arn": "arn:aws:ssm:eu-west-1:804448413129:parameter/aft/config/metrics-reporting-uuid",
            "data_type": "text",
            "description": "",
            "id": "/aft/config/metrics-reporting-uuid",
            "insecure_value": null,
            "key_id": "",
            "name": "/aft/config/metrics-reporting-uuid",
            "overwrite": null,
            "tags": null,
            "tags_all": {
              "managed_by": "AFT"
            },
            "tier": "Standard",
            "type": "String",
            "value": "1e633ba3-8df9-d71a-fa07-51120f881251",
            "version": 1
          },
          "sensitive_attributes": [],
          "private": "bnVsbA==",
          "dependencies": [
            "module.aft.data.aws_partition.current",
            "module.aft.module.aft_ssm_parameters.random_uuid.metrics_reporting_uuid"
          ]
        }
      ]
    },
    {
      "module": "module.aft.module.aft_ssm_parameters",
      "mode": "managed",
      "type": "aws_ssm_parameter",
      "name": "aft_request_action_trigger_function_arn",
      "provider": "module.aft.provider[\"registry.terraform.io/hashicorp/aws\"].aft_management",
      "instances": [
        {
          "schema_version": 0,
          "attributes": {
            "allowed_pattern": "",
            "arn": "arn:aws:ssm:eu-west-1:804448413129:parameter/aft/resources/lambda/aft-account-request-action-trigger-function-arn",
            "data_type": "text",
            "description": "",
            "id": "/aft/resources/lambda/aft-account-request-action-trigger-function-arn",
            "insecure_value": null,
            "key_id": "",
            "name": "/aft/resources/lambda/aft-account-request-action-trigger-function-arn",
            "overwrite": null,
            "tags": null,
            "tags_all": {
              "managed_by": "AFT"
            },
            "tier": "Standard",
            "type": "String",
            "value": "arn:aws:lambda:eu-west-1:804448413129:function:aft-account-request-action-trigger",
            "version": 1
          },
          "sensitive_attributes": [],
          "private": "bnVsbA==",
          "dependencies": [
            "module.aft.data.aws_partition.current",
            "module.aft.data.local_file.version",
            "module.aft.module.aft_account_request_framework.aws_iam_role.aft_account_request_action_trigger",
            "module.aft.module.aft_account_request_framework.aws_kms_key.aft",
            "module.aft.module.aft_account_request_framework.aws_lambda_function.aft_account_request_action_trigger",
            "module.aft.module.aft_account_request_framework.aws_security_group.aft_vpc_default_sg",
            "module.aft.module.aft_account_request_framework.aws_subnet.aft_vpc_private_subnet_01",
            "module.aft.module.aft_account_request_framework.aws_subnet.aft_vpc_private_subnet_02",
            "module.aft.module.aft_account_request_framework.aws_vpc.aft_vpc",
            "module.aft.module.aft_account_request_framework.data.aws_availability_zones.available",
            "module.aft.module.aft_customizations.aws_s3_bucket.aft_codepipeline_customizations_bucket",
            "module.aft.module.aft_customizations.data.aws_caller_identity.current",
            "module.aft.module.aft_lambda_layer.aws_codebuild_project.codebuild",
            "module.aft.module.aft_lambda_layer.aws_iam_role.codebuild",
            "module.aft.module.aft_lambda_layer.aws_iam_role.codebuild_invoker_lambda_role",
            "module.aft.module.aft_lambda_layer.aws_lambda_function.codebuild_invoker",
            "module.aft.module.aft_lambda_layer.aws_lambda_layer_version.layer_version",
            "module.aft.module.aft_lambda_layer.data.aws_lambda_invocation.invoke_codebuild_job",
            "module.aft.module.aft_lambda_layer.data.aws_partition.current",
            "module.aft.module.aft_lambda_layer.data.local_file.aft_lambda_layer",
            "module.aft.module.aft_lambda_layer.random_string.resource_suffix",
            "module.aft.module.packaging.data.archive_file.builder",
            "module.aft.module.packaging.data.archive_file.request_framework"
          ]
        }
      ]
    },
    {
      "module": "module.aft.module.aft_ssm_parameters",
      "mode": "managed",
      "type": "aws_ssm_parameter",
      "name": "aft_request_audit_table_name",
      "provider": "module.aft.provider[\"registry.terraform.io/hashicorp/aws\"].aft_management",
      "instances": [
        {
          "schema_version": 0,
          "attributes": {
            "allowed_pattern": "",
            "arn": "arn:aws:ssm:eu-west-1:804448413129:parameter/aft/resources/ddb/aft-request-audit-table-name",
            "data_type": "text",
            "description": "",
            "id": "/aft/resources/ddb/aft-request-audit-table-name",
            "insecure_value": null,
            "key_id": "",
            "name": "/aft/resources/ddb/aft-request-audit-table-name",
            "overwrite": null,
            "tags": null,
            "tags_all": {
              "managed_by": "AFT"
            },
            "tier": "Standard",
            "type": "String",
            "value": "aft-request-audit",
            "version": 1
          },
          "sensitive_attributes": [],
          "private": "bnVsbA==",
          "dependencies": [
            "module.aft.data.aws_partition.current",
            "module.aft.module.aft_account_request_framework.aws_dynamodb_table.aft_request_audit",
            "module.aft.module.aft_account_request_framework.aws_kms_key.aft"
          ]
        }
      ]
    },
    {
      "module": "module.aft.module.aft_ssm_parameters",
      "mode": "managed",
      "type": "aws_ssm_parameter",
      "name": "aft_request_metadata_table_name",
      "provider": "module.aft.provider[\"registry.terraform.io/hashicorp/aws\"].aft_management",
      "instances": [
        {
          "schema_version": 0,
          "attributes": {
            "allowed_pattern": "",
            "arn": "arn:aws:ssm:eu-west-1:804448413129:parameter/aft/resources/ddb/aft-request-metadata-table-name",
            "data_type": "text",
            "description": "",
            "id": "/aft/resources/ddb/aft-request-metadata-table-name",
            "insecure_value": null,
            "key_id": "",
            "name": "/aft/resources/ddb/aft-request-metadata-table-name",
            "overwrite": null,
            "tags": null,
            "tags_all": {
              "managed_by": "AFT"
            },
            "tier": "Standard",
            "type": "String",
            "value": "aft-request-metadata",
            "version": 1
          },
          "sensitive_attributes": [],
          "private": "bnVsbA==",
          "dependencies": [
            "module.aft.data.aws_partition.current",
            "module.aft.module.aft_account_request_framework.aws_dynamodb_table.aft_request_metadata",
            "module.aft.module.aft_account_request_framework.aws_kms_key.aft"
          ]
        }
      ]
    },
    {
      "module": "module.aft.module.aft_ssm_parameters",
      "mode": "managed",
      "type": "aws_ssm_parameter",
      "name": "aft_request_queue_name",
      "provider": "module.aft.provider[\"registry.terraform.io/hashicorp/aws\"].aft_management",
      "instances": [
        {
          "schema_version": 0,
          "attributes": {
            "allowed_pattern": "",
            "arn": "arn:aws:ssm:eu-west-1:804448413129:parameter/aft/resources/sqs/aft-request-queue-name",
            "data_type": "text",
            "description": "",
            "id": "/aft/resources/sqs/aft-request-queue-name",
            "insecure_value": null,
            "key_id": "",
            "name": "/aft/resources/sqs/aft-request-queue-name",
            "overwrite": null,
            "tags": null,
            "tags_all": {
              "managed_by": "AFT"
            },
            "tier": "Standard",
            "type": "String",
            "value": "aft-account-request.fifo",
            "version": 1
          },
          "sensitive_attributes": [],
          "private": "bnVsbA==",
          "dependencies": [
            "module.aft.data.aws_partition.current",
            "module.aft.module.aft_account_request_framework.aws_kms_alias.aft",
            "module.aft.module.aft_account_request_framework.aws_kms_key.aft",
            "module.aft.module.aft_account_request_framework.aws_sqs_queue.aft_account_request",
            "module.aft.module.aft_account_request_framework.aws_sqs_queue.aft_account_request_dlq"
          ]
        }
      ]
    },
    {
      "module": "module.aft.module.aft_ssm_parameters",
      "mode": "managed",
      "type": "aws_ssm_parameter",
      "name": "aft_request_table_name",
      "provider": "module.aft.provider[\"registry.terraform.io/hashicorp/aws\"].aft_management",
      "instances": [
        {
          "schema_version": 0,
          "attributes": {
            "allowed_pattern": "",
            "arn": "arn:aws:ssm:eu-west-1:804448413129:parameter/aft/resources/ddb/aft-request-table-name",
            "data_type": "text",
            "description": "",
            "id": "/aft/resources/ddb/aft-request-table-name",
            "insecure_value": null,
            "key_id": "",
            "name": "/aft/resources/ddb/aft-request-table-name",
            "overwrite": null,
            "tags": null,
            "tags_all": {
              "managed_by": "AFT"
            },
            "tier": "Standard",
            "type": "String",
            "value": "aft-request",
            "version": 1
          },
          "sensitive_attributes": [],
          "private": "bnVsbA==",
          "dependencies": [
            "module.aft.data.aws_partition.current",
            "module.aft.module.aft_account_request_framework.aws_dynamodb_table.aft_request",
            "module.aft.module.aft_account_request_framework.aws_kms_key.aft"
          ]
        }
      ]
    },
    {
      "module": "module.aft.module.aft_ssm_parameters",
      "mode": "managed",
      "type": "aws_ssm_parameter",
      "name": "aft_session_name",
      "provider": "module.aft.provider[\"registry.terraform.io/hashicorp/aws\"].aft_management",
      "instances": [
        {
          "schema_version": 0,
          "attributes": {
            "allowed_pattern": "",
            "arn": "arn:aws:ssm:eu-west-1:804448413129:parameter/aft/resources/iam/aft-session-name",
            "data_type": "text",
            "description": "",
            "id": "/aft/resources/iam/aft-session-name",
            "insecure_value": null,
            "key_id": "",
            "name": "/aft/resources/iam/aft-session-name",
            "overwrite": null,
            "tags": null,
            "tags_all": {
              "managed_by": "AFT"
            },
            "tier": "Standard",
            "type": "String",
            "value": "AWSAFT-Session",
            "version": 1
          },
          "sensitive_attributes": [],
          "private": "bnVsbA==",
          "dependencies": [
            "module.aft.data.aws_partition.current"
          ]
        }
      ]
    },
    {
      "module": "module.aft.module.aft_ssm_parameters",
      "mode": "managed",
      "type": "aws_ssm_parameter",
      "name": "aft_sns_topic_arn",
      "provider": "module.aft.provider[\"registry.terraform.io/hashicorp/aws\"].aft_management",
      "instances": [
        {
          "schema_version": 0,
          "attributes": {
            "allowed_pattern": "",
            "arn": "arn:aws:ssm:eu-west-1:804448413129:parameter/aft/account/aft-management/sns/topic-arn",
            "data_type": "text",
            "description": "",
            "id": "/aft/account/aft-management/sns/topic-arn",
            "insecure_value": null,
            "key_id": "",
            "name": "/aft/account/aft-management/sns/topic-arn",
            "overwrite": null,
            "tags": null,
            "tags_all": {
              "managed_by": "AFT"
            },
            "tier": "Standard",
            "type": "String",
            "value": "arn:aws:sns:eu-west-1:804448413129:aft-notifications",
            "version": 1
          },
          "sensitive_attributes": [],
          "private": "bnVsbA==",
          "dependencies": [
            "module.aft.data.aws_partition.current",
            "module.aft.module.aft_account_request_framework.aws_sns_topic.aft_notifications"
          ]
        }
      ]
    },
    {
      "module": "module.aft.module.aft_ssm_parameters",
      "mode": "managed",
      "type": "aws_ssm_parameter",
      "name": "aft_version",
      "provider": "module.aft.provider[\"registry.terraform.io/hashicorp/aws\"].aft_management",
      "instances": [
        {
          "schema_version": 0,
          "attributes": {
            "allowed_pattern": "",
            "arn": "arn:aws:ssm:eu-west-1:804448413129:parameter/aft/config/aft/version",
            "data_type": "text",
            "description": "",
            "id": "/aft/config/aft/version",
            "insecure_value": null,
            "key_id": "",
            "name": "/aft/config/aft/version",
            "overwrite": null,
            "tags": null,
            "tags_all": {
              "managed_by": "AFT"
            },
            "tier": "Standard",
            "type": "String",
            "value": "1.8.0",
            "version": 1
          },
          "sensitive_attributes": [],
          "private": "bnVsbA==",
          "dependencies": [
            "module.aft.data.aws_partition.current",
            "module.aft.data.local_file.version"
          ]
        }
      ]
    },
    {
      "module": "module.aft.module.aft_ssm_parameters",
      "mode": "managed",
      "type": "aws_ssm_parameter",
      "name": "codestar_connection_arn",
      "provider": "module.aft.provider[\"registry.terraform.io/hashicorp/aws\"].aft_management",
      "instances": [
        {
          "schema_version": 0,
          "attributes": {
            "allowed_pattern": "",
            "arn": "arn:aws:ssm:eu-west-1:804448413129:parameter/aft/config/vcs/codestar-connection-arn",
            "data_type": "text",
            "description": "",
            "id": "/aft/config/vcs/codestar-connection-arn",
            "insecure_value": null,
            "key_id": "",
            "name": "/aft/config/vcs/codestar-connection-arn",
            "overwrite": null,
            "tags": null,
            "tags_all": {
              "managed_by": "AFT"
            },
            "tier": "Standard",
            "type": "String",
            "value": "null",
            "version": 1
          },
          "sensitive_attributes": [],
          "private": "bnVsbA==",
          "dependencies": [
            "module.aft.data.aws_partition.current",
            "module.aft.module.aft_code_repositories.aws_codestarconnections_connection.bitbucket",
            "module.aft.module.aft_code_repositories.aws_codestarconnections_connection.github",
            "module.aft.module.aft_code_repositories.aws_codestarconnections_connection.githubenterprise"
          ]
        }
      ]
    },
    {
      "module": "module.aft.module.aft_ssm_parameters",
      "mode": "managed",
      "type": "aws_ssm_parameter",
      "name": "control_tower_event_logger_function_arn",
      "provider": "module.aft.provider[\"registry.terraform.io/hashicorp/aws\"].aft_management",
      "instances": [
        {
          "schema_version": 0,
          "attributes": {
            "allowed_pattern": "",
            "arn": "arn:aws:ssm:eu-west-1:804448413129:parameter/aft/resources/lambda/aft-controltower-event-logger-function-arn",
            "data_type": "text",
            "description": "",
            "id": "/aft/resources/lambda/aft-controltower-event-logger-function-arn",
            "insecure_value": null,
            "key_id": "",
            "name": "/aft/resources/lambda/aft-controltower-event-logger-function-arn",
            "overwrite": null,
            "tags": null,
            "tags_all": {
              "managed_by": "AFT"
            },
            "tier": "Standard",
            "type": "String",
            "value": "arn:aws:lambda:eu-west-1:804448413129:function:aft-controltower-event-logger",
            "version": 1
          },
          "sensitive_attributes": [],
          "private": "bnVsbA==",
          "dependencies": [
            "module.aft.data.aws_partition.current",
            "module.aft.data.local_file.version",
            "module.aft.module.aft_account_request_framework.aws_iam_role.aft_controltower_event_logger",
            "module.aft.module.aft_account_request_framework.aws_kms_key.aft",
            "module.aft.module.aft_account_request_framework.aws_lambda_function.aft_controltower_event_logger",
            "module.aft.module.aft_account_request_framework.aws_security_group.aft_vpc_default_sg",
            "module.aft.module.aft_account_request_framework.aws_subnet.aft_vpc_private_subnet_01",
            "module.aft.module.aft_account_request_framework.aws_subnet.aft_vpc_private_subnet_02",
            "module.aft.module.aft_account_request_framework.aws_vpc.aft_vpc",
            "module.aft.module.aft_account_request_framework.data.aws_availability_zones.available",
            "module.aft.module.aft_customizations.aws_s3_bucket.aft_codepipeline_customizations_bucket",
            "module.aft.module.aft_customizations.data.aws_caller_identity.current",
            "module.aft.module.aft_lambda_layer.aws_codebuild_project.codebuild",
            "module.aft.module.aft_lambda_layer.aws_iam_role.codebuild",
            "module.aft.module.aft_lambda_layer.aws_iam_role.codebuild_invoker_lambda_role",
            "module.aft.module.aft_lambda_layer.aws_lambda_function.codebuild_invoker",
            "module.aft.module.aft_lambda_layer.aws_lambda_layer_version.layer_version",
            "module.aft.module.aft_lambda_layer.data.aws_lambda_invocation.invoke_codebuild_job",
            "module.aft.module.aft_lambda_layer.data.aws_partition.current",
            "module.aft.module.aft_lambda_layer.data.local_file.aft_lambda_layer",
            "module.aft.module.aft_lambda_layer.random_string.resource_suffix",
            "module.aft.module.packaging.data.archive_file.builder",
            "module.aft.module.packaging.data.archive_file.request_framework"
          ]
        }
      ]
    },
    {
      "module": "module.aft.module.aft_ssm_parameters",
      "mode": "managed",
      "type": "aws_ssm_parameter",
      "name": "create_role_function_arn",
      "provider": "module.aft.provider[\"registry.terraform.io/hashicorp/aws\"].aft_management",
      "instances": [
        {
          "schema_version": 0,
          "attributes": {
            "allowed_pattern": "",
            "arn": "arn:aws:ssm:eu-west-1:804448413129:parameter/aft/resources/lambda/aft-account-provisioning-framework-create-role-function-arn",
            "data_type": "text",
            "description": "",
            "id": "/aft/resources/lambda/aft-account-provisioning-framework-create-role-function-arn",
            "insecure_value": null,
            "key_id": "",
            "name": "/aft/resources/lambda/aft-account-provisioning-framework-create-role-function-arn",
            "overwrite": null,
            "tags": null,
            "tags_all": {
              "managed_by": "AFT"
            },
            "tier": "Standard",
            "type": "String",
            "value": "arn:aws:lambda:eu-west-1:804448413129:function:aft-account-provisioning-framework-create-aft-execution-role",
            "version": 1
          },
          "sensitive_attributes": [],
          "private": "bnVsbA==",
          "dependencies": [
            "module.aft.data.aws_partition.current",
            "module.aft.data.local_file.version",
            "module.aft.module.aft_account_provisioning_framework.aws_iam_role.aft_lambda_aft_account_provisioning_framework_create_role",
            "module.aft.module.aft_account_provisioning_framework.aws_lambda_function.create_role",
            "module.aft.module.aft_account_request_framework.aws_kms_key.aft",
            "module.aft.module.aft_account_request_framework.aws_security_group.aft_vpc_default_sg",
            "module.aft.module.aft_account_request_framework.aws_subnet.aft_vpc_private_subnet_01",
            "module.aft.module.aft_account_request_framework.aws_subnet.aft_vpc_private_subnet_02",
            "module.aft.module.aft_account_request_framework.aws_vpc.aft_vpc",
            "module.aft.module.aft_account_request_framework.data.aws_availability_zones.available",
            "module.aft.module.aft_customizations.aws_s3_bucket.aft_codepipeline_customizations_bucket",
            "module.aft.module.aft_customizations.data.aws_caller_identity.current",
            "module.aft.module.aft_lambda_layer.aws_codebuild_project.codebuild",
            "module.aft.module.aft_lambda_layer.aws_iam_role.codebuild",
            "module.aft.module.aft_lambda_layer.aws_iam_role.codebuild_invoker_lambda_role",
            "module.aft.module.aft_lambda_layer.aws_lambda_function.codebuild_invoker",
            "module.aft.module.aft_lambda_layer.aws_lambda_layer_version.layer_version",
            "module.aft.module.aft_lambda_layer.data.aws_lambda_invocation.invoke_codebuild_job",
            "module.aft.module.aft_lambda_layer.data.aws_partition.current",
            "module.aft.module.aft_lambda_layer.data.local_file.aft_lambda_layer",
            "module.aft.module.aft_lambda_layer.random_string.resource_suffix",
            "module.aft.module.packaging.data.archive_file.builder",
            "module.aft.module.packaging.data.archive_file.provisioning_framework"
          ]
        }
      ]
    },
    {
      "module": "module.aft.module.aft_ssm_parameters",
      "mode": "managed",
      "type": "aws_ssm_parameter",
      "name": "ct_audit_account_id",
      "provider": "module.aft.provider[\"registry.terraform.io/hashicorp/aws\"].aft_management",
      "instances": [
        {
          "schema_version": 0,
          "attributes": {
            "allowed_pattern": "",
            "arn": "arn:aws:ssm:eu-west-1:804448413129:parameter/aft/account/audit/account-id",
            "data_type": "text",
            "description": "",
            "id": "/aft/account/audit/account-id",
            "insecure_value": null,
            "key_id": "",
            "name": "/aft/account/audit/account-id",
            "overwrite": null,
            "tags": null,
            "tags_all": {
              "managed_by": "AFT"
            },
            "tier": "Standard",
            "type": "String",
            "value": "069001099679",
            "version": 1
          },
          "sensitive_attributes": [],
          "private": "bnVsbA==",
          "dependencies": [
            "module.aft.data.aws_partition.current"
          ]
        }
      ]
    },
    {
      "module": "module.aft.module.aft_ssm_parameters",
      "mode": "managed",
      "type": "aws_ssm_parameter",
      "name": "ct_log_archive_account_id",
      "provider": "module.aft.provider[\"registry.terraform.io/hashicorp/aws\"].aft_management",
      "instances": [
        {
          "schema_version": 0,
          "attributes": {
            "allowed_pattern": "",
            "arn": "arn:aws:ssm:eu-west-1:804448413129:parameter/aft/account/log-archive/account-id",
            "data_type": "text",
            "description": "",
            "id": "/aft/account/log-archive/account-id",
            "insecure_value": null,
            "key_id": "",
            "name": "/aft/account/log-archive/account-id",
            "overwrite": null,
            "tags": null,
            "tags_all": {
              "managed_by": "AFT"
            },
            "tier": "Standard",
            "type": "String",
            "value": "449948395722",
            "version": 1
          },
          "sensitive_attributes": [],
          "private": "bnVsbA==",
          "dependencies": [
            "module.aft.data.aws_partition.current"
          ]
        }
      ]
    },
    {
      "module": "module.aft.module.aft_ssm_parameters",
      "mode": "managed",
      "type": "aws_ssm_parameter",
      "name": "ct_management_account_id",
      "provider": "module.aft.provider[\"registry.terraform.io/hashicorp/aws\"].aft_management",
      "instances": [
        {
          "schema_version": 0,
          "attributes": {
            "allowed_pattern": "",
            "arn": "arn:aws:ssm:eu-west-1:804448413129:parameter/aft/account/ct-management/account-id",
            "data_type": "text",
            "description": "",
            "id": "/aft/account/ct-management/account-id",
            "insecure_value": null,
            "key_id": "",
            "name": "/aft/account/ct-management/account-id",
            "overwrite": null,
            "tags": null,
            "tags_all": {
              "managed_by": "AFT"
            },
            "tier": "Standard",
            "type": "String",
            "value": "850516820997",
            "version": 1
          },
          "sensitive_attributes": [],
          "private": "bnVsbA==",
          "dependencies": [
            "module.aft.data.aws_partition.current"
          ]
        }
      ]
    },
    {
      "module": "module.aft.module.aft_ssm_parameters",
      "mode": "managed",
      "type": "aws_ssm_parameter",
      "name": "ct_primary_region",
      "provider": "module.aft.provider[\"registry.terraform.io/hashicorp/aws\"].aft_management",
      "instances": [
        {
          "schema_version": 0,
          "attributes": {
            "allowed_pattern": "",
            "arn": "arn:aws:ssm:eu-west-1:804448413129:parameter/aft/config/ct-management-region",
            "data_type": "text",
            "description": "",
            "id": "/aft/config/ct-management-region",
            "insecure_value": null,
            "key_id": "",
            "name": "/aft/config/ct-management-region",
            "overwrite": null,
            "tags": null,
            "tags_all": {
              "managed_by": "AFT"
            },
            "tier": "Standard",
            "type": "String",
            "value": "eu-west-1",
            "version": 1
          },
          "sensitive_attributes": [],
          "private": "bnVsbA==",
          "dependencies": [
            "module.aft.data.aws_partition.current"
          ]
        }
      ]
    },
    {
      "module": "module.aft.module.aft_ssm_parameters",
      "mode": "managed",
      "type": "aws_ssm_parameter",
      "name": "github_enterprise_url",
      "provider": "module.aft.provider[\"registry.terraform.io/hashicorp/aws\"].aft_management",
      "instances": [
        {
          "schema_version": 0,
          "attributes": {
            "allowed_pattern": "",
            "arn": "arn:aws:ssm:eu-west-1:804448413129:parameter/aft/config/vcs/github-enterprise-url",
            "data_type": "text",
            "description": "",
            "id": "/aft/config/vcs/github-enterprise-url",
            "insecure_value": null,
            "key_id": "",
            "name": "/aft/config/vcs/github-enterprise-url",
            "overwrite": null,
            "tags": null,
            "tags_all": {
              "managed_by": "AFT"
            },
            "tier": "Standard",
            "type": "String",
            "value": "null",
            "version": 1
          },
          "sensitive_attributes": [],
          "private": "bnVsbA==",
          "dependencies": [
            "module.aft.data.aws_partition.current"
          ]
        }
      ]
    },
    {
      "module": "module.aft.module.aft_ssm_parameters",
      "mode": "managed",
      "type": "aws_ssm_parameter",
      "name": "global_customizations_repo_branch",
      "provider": "module.aft.provider[\"registry.terraform.io/hashicorp/aws\"].aft_management",
      "instances": [
        {
          "schema_version": 0,
          "attributes": {
            "allowed_pattern": "",
            "arn": "arn:aws:ssm:eu-west-1:804448413129:parameter/aft/config/global-customizations/repo-branch",
            "data_type": "text",
            "description": "",
            "id": "/aft/config/global-customizations/repo-branch",
            "insecure_value": null,
            "key_id": "",
            "name": "/aft/config/global-customizations/repo-branch",
            "overwrite": null,
            "tags": null,
            "tags_all": {
              "managed_by": "AFT"
            },
            "tier": "Standard",
            "type": "String",
            "value": "main",
            "version": 1
          },
          "sensitive_attributes": [],
          "private": "bnVsbA==",
          "dependencies": [
            "module.aft.data.aws_partition.current"
          ]
        }
      ]
    },
    {
      "module": "module.aft.module.aft_ssm_parameters",
      "mode": "managed",
      "type": "aws_ssm_parameter",
      "name": "global_customizations_repo_name",
      "provider": "module.aft.provider[\"registry.terraform.io/hashicorp/aws\"].aft_management",
      "instances": [
        {
          "schema_version": 0,
          "attributes": {
            "allowed_pattern": "",
            "arn": "arn:aws:ssm:eu-west-1:804448413129:parameter/aft/config/global-customizations/repo-name",
            "data_type": "text",
            "description": "",
            "id": "/aft/config/global-customizations/repo-name",
            "insecure_value": null,
            "key_id": "",
            "name": "/aft/config/global-customizations/repo-name",
            "overwrite": null,
            "tags": null,
            "tags_all": {
              "managed_by": "AFT"
            },
            "tier": "Standard",
            "type": "String",
            "value": "aft-global-customizations",
            "version": 1
          },
          "sensitive_attributes": [],
          "private": "bnVsbA==",
          "dependencies": [
            "module.aft.data.aws_partition.current"
          ]
        }
      ]
    },
    {
      "module": "module.aft.module.aft_ssm_parameters",
      "mode": "managed",
      "type": "aws_ssm_parameter",
      "name": "invoke_aft_account_provisioning_framework_function_arn",
      "provider": "module.aft.provider[\"registry.terraform.io/hashicorp/aws\"].aft_management",
      "instances": [
        {
          "schema_version": 0,
          "attributes": {
            "allowed_pattern": "",
            "arn": "arn:aws:ssm:eu-west-1:804448413129:parameter/aft/resources/lambda/aft-invoke-aft-account-provisioning-framework-function-arn",
            "data_type": "text",
            "description": "",
            "id": "/aft/resources/lambda/aft-invoke-aft-account-provisioning-framework-function-arn",
            "insecure_value": null,
            "key_id": "",
            "name": "/aft/resources/lambda/aft-invoke-aft-account-provisioning-framework-function-arn",
            "overwrite": null,
            "tags": null,
            "tags_all": {
              "managed_by": "AFT"
            },
            "tier": "Standard",
            "type": "String",
            "value": "arn:aws:lambda:eu-west-1:804448413129:function:aft-invoke-aft-account-provisioning-framework",
            "version": 1
          },
          "sensitive_attributes": [],
          "private": "bnVsbA==",
          "dependencies": [
            "module.aft.data.aws_partition.current",
            "module.aft.data.local_file.version",
            "module.aft.module.aft_account_request_framework.aws_iam_role.aft_invoke_aft_account_provisioning_framework",
            "module.aft.module.aft_account_request_framework.aws_kms_key.aft",
            "module.aft.module.aft_account_request_framework.aws_lambda_function.aft_invoke_aft_account_provisioning_framework",
            "module.aft.module.aft_account_request_framework.aws_security_group.aft_vpc_default_sg",
            "module.aft.module.aft_account_request_framework.aws_subnet.aft_vpc_private_subnet_01",
            "module.aft.module.aft_account_request_framework.aws_subnet.aft_vpc_private_subnet_02",
            "module.aft.module.aft_account_request_framework.aws_vpc.aft_vpc",
            "module.aft.module.aft_account_request_framework.data.aws_availability_zones.available",
            "module.aft.module.aft_customizations.aws_s3_bucket.aft_codepipeline_customizations_bucket",
            "module.aft.module.aft_customizations.data.aws_caller_identity.current",
            "module.aft.module.aft_lambda_layer.aws_codebuild_project.codebuild",
            "module.aft.module.aft_lambda_layer.aws_iam_role.codebuild",
            "module.aft.module.aft_lambda_layer.aws_iam_role.codebuild_invoker_lambda_role",
            "module.aft.module.aft_lambda_layer.aws_lambda_function.codebuild_invoker",
            "module.aft.module.aft_lambda_layer.aws_lambda_layer_version.layer_version",
            "module.aft.module.aft_lambda_layer.data.aws_lambda_invocation.invoke_codebuild_job",
            "module.aft.module.aft_lambda_layer.data.aws_partition.current",
            "module.aft.module.aft_lambda_layer.data.local_file.aft_lambda_layer",
            "module.aft.module.aft_lambda_layer.random_string.resource_suffix",
            "module.aft.module.packaging.data.archive_file.builder",
            "module.aft.module.packaging.data.archive_file.request_framework"
          ]
        }
      ]
    },
    {
      "module": "module.aft.module.aft_ssm_parameters",
      "mode": "managed",
      "type": "aws_ssm_parameter",
      "name": "persist_metadata_function_arn",
      "provider": "module.aft.provider[\"registry.terraform.io/hashicorp/aws\"].aft_management",
      "instances": [
        {
          "schema_version": 0,
          "attributes": {
            "allowed_pattern": "",
            "arn": "arn:aws:ssm:eu-west-1:804448413129:parameter/aft/resources/lambda/aft-account-provisioning-framework-persist-metadata-function-arn",
            "data_type": "text",
            "description": "",
            "id": "/aft/resources/lambda/aft-account-provisioning-framework-persist-metadata-function-arn",
            "insecure_value": null,
            "key_id": "",
            "name": "/aft/resources/lambda/aft-account-provisioning-framework-persist-metadata-function-arn",
            "overwrite": null,
            "tags": null,
            "tags_all": {
              "managed_by": "AFT"
            },
            "tier": "Standard",
            "type": "String",
            "value": "arn:aws:lambda:eu-west-1:804448413129:function:aft-account-provisioning-framework-persist-metadata",
            "version": 1
          },
          "sensitive_attributes": [],
          "private": "bnVsbA==",
          "dependencies": [
            "module.aft.data.aws_partition.current",
            "module.aft.data.local_file.version",
            "module.aft.module.aft_account_provisioning_framework.aws_iam_role.aft_lambda_aft_account_provisioning_framework_persist_metadata",
            "module.aft.module.aft_account_provisioning_framework.aws_lambda_function.persist_metadata",
            "module.aft.module.aft_account_request_framework.aws_kms_key.aft",
            "module.aft.module.aft_account_request_framework.aws_security_group.aft_vpc_default_sg",
            "module.aft.module.aft_account_request_framework.aws_subnet.aft_vpc_private_subnet_01",
            "module.aft.module.aft_account_request_framework.aws_subnet.aft_vpc_private_subnet_02",
            "module.aft.module.aft_account_request_framework.aws_vpc.aft_vpc",
            "module.aft.module.aft_account_request_framework.data.aws_availability_zones.available",
            "module.aft.module.aft_customizations.aws_s3_bucket.aft_codepipeline_customizations_bucket",
            "module.aft.module.aft_customizations.data.aws_caller_identity.current",
            "module.aft.module.aft_lambda_layer.aws_codebuild_project.codebuild",
            "module.aft.module.aft_lambda_layer.aws_iam_role.codebuild",
            "module.aft.module.aft_lambda_layer.aws_iam_role.codebuild_invoker_lambda_role",
            "module.aft.module.aft_lambda_layer.aws_lambda_function.codebuild_invoker",
            "module.aft.module.aft_lambda_layer.aws_lambda_layer_version.layer_version",
            "module.aft.module.aft_lambda_layer.data.aws_lambda_invocation.invoke_codebuild_job",
            "module.aft.module.aft_lambda_layer.data.aws_partition.current",
            "module.aft.module.aft_lambda_layer.data.local_file.aft_lambda_layer",
            "module.aft.module.aft_lambda_layer.random_string.resource_suffix",
            "module.aft.module.packaging.data.archive_file.builder",
            "module.aft.module.packaging.data.archive_file.provisioning_framework"
          ]
        }
      ]
    },
    {
      "module": "module.aft.module.aft_ssm_parameters",
      "mode": "managed",
      "type": "aws_ssm_parameter",
      "name": "request_audit_trigger_function_arn",
      "provider": "module.aft.provider[\"registry.terraform.io/hashicorp/aws\"].aft_management",
      "instances": [
        {
          "schema_version": 0,
          "attributes": {
            "allowed_pattern": "",
            "arn": "arn:aws:ssm:eu-west-1:804448413129:parameter/aft/resources/lambda/aft-account-request-audit-trigger-function-arn",
            "data_type": "text",
            "description": "",
            "id": "/aft/resources/lambda/aft-account-request-audit-trigger-function-arn",
            "insecure_value": null,
            "key_id": "",
            "name": "/aft/resources/lambda/aft-account-request-audit-trigger-function-arn",
            "overwrite": null,
            "tags": null,
            "tags_all": {
              "managed_by": "AFT"
            },
            "tier": "Standard",
            "type": "String",
            "value": "arn:aws:lambda:eu-west-1:804448413129:function:aft-account-request-audit-trigger",
            "version": 1
          },
          "sensitive_attributes": [],
          "private": "bnVsbA==",
          "dependencies": [
            "module.aft.data.aws_partition.current",
            "module.aft.data.local_file.version",
            "module.aft.module.aft_account_request_framework.aws_iam_role.aft_account_request_audit_trigger",
            "module.aft.module.aft_account_request_framework.aws_kms_key.aft",
            "module.aft.module.aft_account_request_framework.aws_lambda_function.aft_account_request_audit_trigger",
            "module.aft.module.aft_account_request_framework.aws_security_group.aft_vpc_default_sg",
            "module.aft.module.aft_account_request_framework.aws_subnet.aft_vpc_private_subnet_01",
            "module.aft.module.aft_account_request_framework.aws_subnet.aft_vpc_private_subnet_02",
            "module.aft.module.aft_account_request_framework.aws_vpc.aft_vpc",
            "module.aft.module.aft_account_request_framework.data.aws_availability_zones.available",
            "module.aft.module.aft_customizations.aws_s3_bucket.aft_codepipeline_customizations_bucket",
            "module.aft.module.aft_customizations.data.aws_caller_identity.current",
            "module.aft.module.aft_lambda_layer.aws_codebuild_project.codebuild",
            "module.aft.module.aft_lambda_layer.aws_iam_role.codebuild",
            "module.aft.module.aft_lambda_layer.aws_iam_role.codebuild_invoker_lambda_role",
            "module.aft.module.aft_lambda_layer.aws_lambda_function.codebuild_invoker",
            "module.aft.module.aft_lambda_layer.aws_lambda_layer_version.layer_version",
            "module.aft.module.aft_lambda_layer.data.aws_lambda_invocation.invoke_codebuild_job",
            "module.aft.module.aft_lambda_layer.data.aws_partition.current",
            "module.aft.module.aft_lambda_layer.data.local_file.aft_lambda_layer",
            "module.aft.module.aft_lambda_layer.random_string.resource_suffix",
            "module.aft.module.packaging.data.archive_file.builder",
            "module.aft.module.packaging.data.archive_file.request_framework"
          ]
        }
      ]
    },
    {
      "module": "module.aft.module.aft_ssm_parameters",
      "mode": "managed",
      "type": "aws_ssm_parameter",
      "name": "request_processor_function_arn",
      "provider": "module.aft.provider[\"registry.terraform.io/hashicorp/aws\"].aft_management",
      "instances": [
        {
          "schema_version": 0,
          "attributes": {
            "allowed_pattern": "",
            "arn": "arn:aws:ssm:eu-west-1:804448413129:parameter/aft/resources/lambda/aft-account-request-processor-function-arn",
            "data_type": "text",
            "description": "",
            "id": "/aft/resources/lambda/aft-account-request-processor-function-arn",
            "insecure_value": null,
            "key_id": "",
            "name": "/aft/resources/lambda/aft-account-request-processor-function-arn",
            "overwrite": null,
            "tags": null,
            "tags_all": {
              "managed_by": "AFT"
            },
            "tier": "Standard",
            "type": "String",
            "value": "arn:aws:lambda:eu-west-1:804448413129:function:aft-account-request-processor",
            "version": 1
          },
          "sensitive_attributes": [],
          "private": "bnVsbA==",
          "dependencies": [
            "module.aft.data.aws_partition.current",
            "module.aft.data.local_file.version",
            "module.aft.module.aft_account_request_framework.aws_iam_role.aft_account_request_processor",
            "module.aft.module.aft_account_request_framework.aws_kms_key.aft",
            "module.aft.module.aft_account_request_framework.aws_lambda_function.aft_account_request_processor",
            "module.aft.module.aft_account_request_framework.aws_security_group.aft_vpc_default_sg",
            "module.aft.module.aft_account_request_framework.aws_subnet.aft_vpc_private_subnet_01",
            "module.aft.module.aft_account_request_framework.aws_subnet.aft_vpc_private_subnet_02",
            "module.aft.module.aft_account_request_framework.aws_vpc.aft_vpc",
            "module.aft.module.aft_account_request_framework.data.aws_availability_zones.available",
            "module.aft.module.aft_customizations.aws_s3_bucket.aft_codepipeline_customizations_bucket",
            "module.aft.module.aft_customizations.data.aws_caller_identity.current",
            "module.aft.module.aft_lambda_layer.aws_codebuild_project.codebuild",
            "module.aft.module.aft_lambda_layer.aws_iam_role.codebuild",
            "module.aft.module.aft_lambda_layer.aws_iam_role.codebuild_invoker_lambda_role",
            "module.aft.module.aft_lambda_layer.aws_lambda_function.codebuild_invoker",
            "module.aft.module.aft_lambda_layer.aws_lambda_layer_version.layer_version",
            "module.aft.module.aft_lambda_layer.data.aws_lambda_invocation.invoke_codebuild_job",
            "module.aft.module.aft_lambda_layer.data.aws_partition.current",
            "module.aft.module.aft_lambda_layer.data.local_file.aft_lambda_layer",
            "module.aft.module.aft_lambda_layer.random_string.resource_suffix",
            "module.aft.module.packaging.data.archive_file.builder",
            "module.aft.module.packaging.data.archive_file.request_framework"
          ]
        }
      ]
    },
    {
      "module": "module.aft.module.aft_ssm_parameters",
      "mode": "managed",
      "type": "aws_ssm_parameter",
      "name": "tag_account_function_arn",
      "provider": "module.aft.provider[\"registry.terraform.io/hashicorp/aws\"].aft_management",
      "instances": [
        {
          "schema_version": 0,
          "attributes": {
            "allowed_pattern": "",
            "arn": "arn:aws:ssm:eu-west-1:804448413129:parameter/aft/resources/lambda/aft-account-provisioning-framework-tag-account-function-arn",
            "data_type": "text",
            "description": "",
            "id": "/aft/resources/lambda/aft-account-provisioning-framework-tag-account-function-arn",
            "insecure_value": null,
            "key_id": "",
            "name": "/aft/resources/lambda/aft-account-provisioning-framework-tag-account-function-arn",
            "overwrite": null,
            "tags": null,
            "tags_all": {
              "managed_by": "AFT"
            },
            "tier": "Standard",
            "type": "String",
            "value": "arn:aws:lambda:eu-west-1:804448413129:function:aft-account-provisioning-framework-tag-account",
            "version": 1
          },
          "sensitive_attributes": [],
          "private": "bnVsbA==",
          "dependencies": [
            "module.aft.data.aws_partition.current",
            "module.aft.data.local_file.version",
            "module.aft.module.aft_account_provisioning_framework.aws_iam_role.aft_lambda_aft_account_provisioning_framework_tag_account",
            "module.aft.module.aft_account_provisioning_framework.aws_lambda_function.tag_account",
            "module.aft.module.aft_account_request_framework.aws_kms_key.aft",
            "module.aft.module.aft_account_request_framework.aws_security_group.aft_vpc_default_sg",
            "module.aft.module.aft_account_request_framework.aws_subnet.aft_vpc_private_subnet_01",
            "module.aft.module.aft_account_request_framework.aws_subnet.aft_vpc_private_subnet_02",
            "module.aft.module.aft_account_request_framework.aws_vpc.aft_vpc",
            "module.aft.module.aft_account_request_framework.data.aws_availability_zones.available",
            "module.aft.module.aft_customizations.aws_s3_bucket.aft_codepipeline_customizations_bucket",
            "module.aft.module.aft_customizations.data.aws_caller_identity.current",
            "module.aft.module.aft_lambda_layer.aws_codebuild_project.codebuild",
            "module.aft.module.aft_lambda_layer.aws_iam_role.codebuild",
            "module.aft.module.aft_lambda_layer.aws_iam_role.codebuild_invoker_lambda_role",
            "module.aft.module.aft_lambda_layer.aws_lambda_function.codebuild_invoker",
            "module.aft.module.aft_lambda_layer.aws_lambda_layer_version.layer_version",
            "module.aft.module.aft_lambda_layer.data.aws_lambda_invocation.invoke_codebuild_job",
            "module.aft.module.aft_lambda_layer.data.aws_partition.current",
            "module.aft.module.aft_lambda_layer.data.local_file.aft_lambda_layer",
            "module.aft.module.aft_lambda_layer.random_string.resource_suffix",
            "module.aft.module.packaging.data.archive_file.builder",
            "module.aft.module.packaging.data.archive_file.provisioning_framework"
          ]
        }
      ]
    },
    {
      "module": "module.aft.module.aft_ssm_parameters",
      "mode": "managed",
      "type": "aws_ssm_parameter",
      "name": "terraform_api_endpoint",
      "provider": "module.aft.provider[\"registry.terraform.io/hashicorp/aws\"].aft_management",
      "instances": [
        {
          "schema_version": 0,
          "attributes": {
            "allowed_pattern": "",
            "arn": "arn:aws:ssm:eu-west-1:804448413129:parameter/aft/config/terraform/api-endpoint",
            "data_type": "text",
            "description": "",
            "id": "/aft/config/terraform/api-endpoint",
            "insecure_value": null,
            "key_id": "",
            "name": "/aft/config/terraform/api-endpoint",
            "overwrite": null,
            "tags": null,
            "tags_all": {
              "managed_by": "AFT"
            },
            "tier": "Standard",
            "type": "String",
            "value": "https://app.terraform.io/api/v2/",
            "version": 1
          },
          "sensitive_attributes": [],
          "private": "bnVsbA==",
          "dependencies": [
            "module.aft.data.aws_partition.current"
          ]
        }
      ]
    },
    {
      "module": "module.aft.module.aft_ssm_parameters",
      "mode": "managed",
      "type": "aws_ssm_parameter",
      "name": "terraform_org_name",
      "provider": "module.aft.provider[\"registry.terraform.io/hashicorp/aws\"].aft_management",
      "instances": [
        {
          "schema_version": 0,
          "attributes": {
            "allowed_pattern": "",
            "arn": "arn:aws:ssm:eu-west-1:804448413129:parameter/aft/config/terraform/org-name",
            "data_type": "text",
            "description": "",
            "id": "/aft/config/terraform/org-name",
            "insecure_value": null,
            "key_id": "",
            "name": "/aft/config/terraform/org-name",
            "overwrite": null,
            "tags": null,
            "tags_all": {
              "managed_by": "AFT"
            },
            "tier": "Standard",
            "type": "String",
            "value": "null",
            "version": 1
          },
          "sensitive_attributes": [],
          "private": "bnVsbA==",
          "dependencies": [
            "module.aft.data.aws_partition.current"
          ]
        }
      ]
    },
    {
      "module": "module.aft.module.aft_ssm_parameters",
      "mode": "managed",
      "type": "aws_ssm_parameter",
      "name": "terraform_token",
      "provider": "module.aft.provider[\"registry.terraform.io/hashicorp/aws\"].aft_management",
      "instances": [
        {
          "schema_version": 0,
          "attributes": {
            "allowed_pattern": "",
            "arn": "arn:aws:ssm:eu-west-1:804448413129:parameter/aft/config/terraform/token",
            "data_type": "text",
            "description": "",
            "id": "/aft/config/terraform/token",
            "insecure_value": null,
            "key_id": "alias/aws/ssm",
            "name": "/aft/config/terraform/token",
            "overwrite": null,
            "tags": null,
            "tags_all": {
              "managed_by": "AFT"
            },
            "tier": "Standard",
            "type": "SecureString",
            "value": "null",
            "version": 1
          },
          "sensitive_attributes": [
            [
              {
                "type": "get_attr",
                "value": "value"
              }
            ]
          ],
          "private": "bnVsbA==",
          "dependencies": [
            "module.aft.data.aws_partition.current"
          ]
        }
      ]
    },
    {
      "module": "module.aft.module.aft_ssm_parameters",
      "mode": "managed",
      "type": "aws_ssm_parameter",
      "name": "tf_distribution",
      "provider": "module.aft.provider[\"registry.terraform.io/hashicorp/aws\"].aft_management",
      "instances": [
        {
          "schema_version": 0,
          "attributes": {
            "allowed_pattern": "",
            "arn": "arn:aws:ssm:eu-west-1:804448413129:parameter/aft/config/terraform/distribution",
            "data_type": "text",
            "description": "",
            "id": "/aft/config/terraform/distribution",
            "insecure_value": null,
            "key_id": "",
            "name": "/aft/config/terraform/distribution",
            "overwrite": null,
            "tags": null,
            "tags_all": {
              "managed_by": "AFT"
            },
            "tier": "Standard",
            "type": "String",
            "value": "oss",
            "version": 1
          },
          "sensitive_attributes": [],
          "private": "bnVsbA==",
          "dependencies": [
            "module.aft.data.aws_partition.current"
          ]
        }
      ]
    },
    {
      "module": "module.aft.module.aft_ssm_parameters",
      "mode": "managed",
      "type": "aws_ssm_parameter",
      "name": "tf_version",
      "provider": "module.aft.provider[\"registry.terraform.io/hashicorp/aws\"].aft_management",
      "instances": [
        {
          "schema_version": 0,
          "attributes": {
            "allowed_pattern": "",
            "arn": "arn:aws:ssm:eu-west-1:804448413129:parameter/aft/config/terraform/version",
            "data_type": "text",
            "description": "",
            "id": "/aft/config/terraform/version",
            "insecure_value": null,
            "key_id": "",
            "name": "/aft/config/terraform/version",
            "overwrite": null,
            "tags": null,
            "tags_all": {
              "managed_by": "AFT"
            },
            "tier": "Standard",
            "type": "String",
            "value": "0.15.5",
            "version": 1
          },
          "sensitive_attributes": [],
          "private": "bnVsbA==",
          "dependencies": [
            "module.aft.data.aws_partition.current"
          ]
        }
      ]
    },
    {
      "module": "module.aft.module.aft_ssm_parameters",
      "mode": "managed",
      "type": "aws_ssm_parameter",
      "name": "vcs_provider",
      "provider": "module.aft.provider[\"registry.terraform.io/hashicorp/aws\"].aft_management",
      "instances": [
        {
          "schema_version": 0,
          "attributes": {
            "allowed_pattern": "",
            "arn": "arn:aws:ssm:eu-west-1:804448413129:parameter/aft/config/vcs/provider",
            "data_type": "text",
            "description": "",
            "id": "/aft/config/vcs/provider",
            "insecure_value": null,
            "key_id": "",
            "name": "/aft/config/vcs/provider",
            "overwrite": null,
            "tags": null,
            "tags_all": {
              "managed_by": "AFT"
            },
            "tier": "Standard",
            "type": "String",
            "value": "codecommit",
            "version": 1
          },
          "sensitive_attributes": [],
          "private": "bnVsbA==",
          "dependencies": [
            "module.aft.data.aws_partition.current"
          ]
        }
      ]
    },
    {
      "module": "module.aft.module.aft_ssm_parameters",
      "mode": "managed",
      "type": "random_uuid",
      "name": "metrics_reporting_uuid",
      "provider": "provider[\"registry.terraform.io/hashicorp/random\"]",
      "instances": [
        {
          "schema_version": 0,
          "attributes": {
            "id": "1e633ba3-8df9-d71a-fa07-51120f881251",
            "keepers": null,
            "result": "1e633ba3-8df9-d71a-fa07-51120f881251"
          },
          "sensitive_attributes": []
        }
      ]
    },
    {
      "module": "module.aft.module.packaging",
      "mode": "data",
      "type": "archive_file",
      "name": "builder",
      "provider": "provider[\"registry.terraform.io/hashicorp/archive\"]",
      "instances": [
        {
          "schema_version": 0,
          "attributes": {
            "excludes": null,
            "id": "15fffa86e6fef797eafa7e5822a9297901a15dc7",
            "output_base64sha256": "+tHwtIwfOn+sg1olp+OVSdAl/KIDtR4qQdZCZdRnBW8=",
            "output_file_mode": null,
            "output_md5": "6d1f7839b7066ffa6eed48125104813b",
            "output_path": ".terraform/modules/aft/modules/aft-archives/../../src/aft_lambda/aft_builder.zip",
            "output_sha": "15fffa86e6fef797eafa7e5822a9297901a15dc7",
            "output_size": 1083,
            "source": [],
            "source_content": null,
            "source_content_filename": null,
            "source_dir": ".terraform/modules/aft/modules/aft-archives/../../src/aft_lambda/aft_builder",
            "source_file": null,
            "type": "zip"
          },
          "sensitive_attributes": []
        }
      ]
    },
    {
      "module": "module.aft.module.packaging",
      "mode": "data",
      "type": "archive_file",
      "name": "customizations",
      "provider": "provider[\"registry.terraform.io/hashicorp/archive\"]",
      "instances": [
        {
          "schema_version": 0,
          "attributes": {
            "excludes": null,
            "id": "61785d0abd9007fdf0363839936d098afccd3544",
            "output_base64sha256": "v/lFbe8VsZMzTZAfVMBi8kh04zE3YYU1nsGslmQxUMg=",
            "output_file_mode": null,
            "output_md5": "db006b3ca7994b6b6333992132d7cab2",
            "output_path": ".terraform/modules/aft/modules/aft-archives/../../src/aft_lambda/aft_customizations.zip",
            "output_sha": "61785d0abd9007fdf0363839936d098afccd3544",
            "output_size": 3405,
            "source": [],
            "source_content": null,
            "source_content_filename": null,
            "source_dir": ".terraform/modules/aft/modules/aft-archives/../../src/aft_lambda/aft_customizations",
            "source_file": null,
            "type": "zip"
          },
          "sensitive_attributes": []
        }
      ]
    },
    {
      "module": "module.aft.module.packaging",
      "mode": "data",
      "type": "archive_file",
      "name": "feature_options",
      "provider": "provider[\"registry.terraform.io/hashicorp/archive\"]",
      "instances": [
        {
          "schema_version": 0,
          "attributes": {
            "excludes": null,
            "id": "d89d7319b85661832daa89ea36d6184a085e5caf",
            "output_base64sha256": "ux8D+DgtVj/oPnpTXElpMMgsxSnaOruKmkvTmKJpBZg=",
            "output_file_mode": null,
            "output_md5": "300d41c01fe3e17d52b0d886f3dfbfd4",
            "output_path": ".terraform/modules/aft/modules/aft-archives/../../src/aft_lambda/aft_feature_options.zip",
            "output_sha": "d89d7319b85661832daa89ea36d6184a085e5caf",
            "output_size": 3533,
            "source": [],
            "source_content": null,
            "source_content_filename": null,
            "source_dir": ".terraform/modules/aft/modules/aft-archives/../../src/aft_lambda/aft_feature_options",
            "source_file": null,
            "type": "zip"
          },
          "sensitive_attributes": []
        }
      ]
    },
    {
      "module": "module.aft.module.packaging",
      "mode": "data",
      "type": "archive_file",
      "name": "provisioning_framework",
      "provider": "provider[\"registry.terraform.io/hashicorp/archive\"]",
      "instances": [
        {
          "schema_version": 0,
          "attributes": {
            "excludes": null,
            "id": "877f86f1e0e12dd0fd7619fac181cf43c770e50a",
            "output_base64sha256": "Sow22hpLA7Dy1YVnJcEz+h0pOAPKdNm5gm/T8MUaytY=",
            "output_file_mode": null,
            "output_md5": "967113166ef8cd953c6cb394ca3a0cb9",
            "output_path": ".terraform/modules/aft/modules/aft-archives/../../src/aft_lambda/aft_account_provisioning_framework.zip",
            "output_sha": "877f86f1e0e12dd0fd7619fac181cf43c770e50a",
            "output_size": 4616,
            "source": [],
            "source_content": null,
            "source_content_filename": null,
            "source_dir": ".terraform/modules/aft/modules/aft-archives/../../src/aft_lambda/aft_account_provisioning_framework",
            "source_file": null,
            "type": "zip"
          },
          "sensitive_attributes": []
        }
      ]
    },
    {
      "module": "module.aft.module.packaging",
      "mode": "data",
      "type": "archive_file",
      "name": "request_framework",
      "provider": "provider[\"registry.terraform.io/hashicorp/archive\"]",
      "instances": [
        {
          "schema_version": 0,
          "attributes": {
            "excludes": null,
            "id": "f431011f958ab256b5aca951a532bd94f3d9501a",
            "output_base64sha256": "5Juy6hxoa9EuiENKMjPIfYXLFnY+f54565hxQ2uUd3o=",
            "output_file_mode": null,
            "output_md5": "9f81d6ac30ee93327fbededba968b8f7",
            "output_path": ".terraform/modules/aft/modules/aft-archives/../../src/aft_lambda/aft_account_request_framework.zip",
            "output_sha": "f431011f958ab256b5aca951a532bd94f3d9501a",
            "output_size": 7886,
            "source": [],
            "source_content": null,
            "source_content_filename": null,
            "source_dir": ".terraform/modules/aft/modules/aft-archives/../../src/aft_lambda/aft_account_request_framework",
            "source_file": null,
            "type": "zip"
          },
          "sensitive_attributes": []
        }
      ]
    }
  ],
  "check_results": null
}
